{
    "version": 3,
    "terraform_version": "0.11.10",
    "serial": 2,
    "lineage": "53474862-46bc-c2e2-5c9d-c15ab20de7c9",
    "modules": [
        {
            "path": [
                "root"
            ],
            "outputs": {},
            "resources": {
                "data.vsphere_compute_cluster.cluster1": {
                    "type": "vsphere_compute_cluster",
                    "depends_on": [
                        "data.vsphere_datacenter.dc"
                    ],
                    "primary": {
                        "id": "domain-c9",
                        "attributes": {
                            "datacenter_id": "datacenter-2",
                            "id": "domain-c9",
                            "name": "flash_compute",
                            "resource_pool_id": "resgroup-10"
                        },
                        "meta": {},
                        "tainted": false
                    },
                    "deposed": [],
                    "provider": "provider.vsphere"
                },
                "data.vsphere_datacenter.dc": {
                    "type": "vsphere_datacenter",
                    "depends_on": [],
                    "primary": {
                        "id": "datacenter-2",
                        "attributes": {
                            "id": "datacenter-2",
                            "name": "flash_dc"
                        },
                        "meta": {},
                        "tainted": false
                    },
                    "deposed": [],
                    "provider": "provider.vsphere"
                },
                "data.vsphere_datastore.datastore": {
                    "type": "vsphere_datastore",
                    "depends_on": [
                        "data.vsphere_datacenter.dc"
                    ],
                    "primary": {
                        "id": "datastore-23",
                        "attributes": {
                            "datacenter_id": "datacenter-2",
                            "id": "datastore-23",
                            "name": "ssd_lab"
                        },
                        "meta": {},
                        "tainted": false
                    },
                    "deposed": [],
                    "provider": "provider.vsphere"
                },
                "data.vsphere_network.network": {
                    "type": "vsphere_network",
                    "depends_on": [
                        "data.vsphere_datacenter.dc"
                    ],
                    "primary": {
                        "id": "network-o109",
                        "attributes": {
                            "datacenter_id": "datacenter-2",
                            "id": "network-o109",
                            "name": "k8s-mgmt",
                            "type": "OpaqueNetwork"
                        },
                        "meta": {},
                        "tainted": false
                    },
                    "deposed": [],
                    "provider": "provider.vsphere"
                },
                "data.vsphere_virtual_machine.template": {
                    "type": "vsphere_virtual_machine",
                    "depends_on": [
                        "data.vsphere_datacenter.dc"
                    ],
                    "primary": {
                        "id": "421831ba-89d3-93af-3f14-82114f31fed5",
                        "attributes": {
                            "alternate_guest_name": "",
                            "datacenter_id": "datacenter-2",
                            "disks.#": "1",
                            "disks.0.eagerly_scrub": "false",
                            "disks.0.size": "120",
                            "disks.0.thin_provisioned": "true",
                            "firmware": "bios",
                            "guest_id": "ubuntu64Guest",
                            "id": "421831ba-89d3-93af-3f14-82114f31fed5",
                            "name": "vm_temp",
                            "network_interface_types.#": "1",
                            "network_interface_types.0": "vmxnet3",
                            "scsi_bus_sharing": "noSharing",
                            "scsi_controller_scan_count": "1",
                            "scsi_type": "lsilogic"
                        },
                        "meta": {},
                        "tainted": false
                    },
                    "deposed": [],
                    "provider": "provider.vsphere"
                },
                "vsphere_virtual_machine.vm1.0": {
                    "type": "vsphere_virtual_machine",
                    "depends_on": [
                        "data.vsphere_compute_cluster.cluster1",
                        "data.vsphere_datastore.datastore",
                        "data.vsphere_network.network",
                        "data.vsphere_virtual_machine.template"
                    ],
                    "primary": {
                        "id": "4218108b-76fd-4d06-af08-323233ac8f76",
                        "attributes": {
                            "alternate_guest_name": "",
                            "annotation": "",
                            "boot_delay": "0",
                            "boot_retry_delay": "10000",
                            "boot_retry_enabled": "false",
                            "cdrom.#": "0",
                            "change_version": "2019-07-04T05:00:05.680497Z",
                            "clone.#": "1",
                            "clone.0.customize.#": "0",
                            "clone.0.linked_clone": "true",
                            "clone.0.template_uuid": "421831ba-89d3-93af-3f14-82114f31fed5",
                            "clone.0.timeout": "30",
                            "cpu_hot_add_enabled": "false",
                            "cpu_hot_remove_enabled": "false",
                            "cpu_limit": "-1",
                            "cpu_performance_counters_enabled": "false",
                            "cpu_reservation": "0",
                            "cpu_share_count": "4000",
                            "cpu_share_level": "normal",
                            "custom_attributes.%": "0",
                            "datastore_id": "datastore-23",
                            "disk.#": "1",
                            "disk.0.attach": "false",
                            "disk.0.datastore_id": "datastore-23",
                            "disk.0.device_address": "scsi:0:0",
                            "disk.0.disk_mode": "persistent",
                            "disk.0.disk_sharing": "sharingNone",
                            "disk.0.eagerly_scrub": "false",
                            "disk.0.io_limit": "-1",
                            "disk.0.io_reservation": "0",
                            "disk.0.io_share_count": "1000",
                            "disk.0.io_share_level": "normal",
                            "disk.0.keep_on_remove": "false",
                            "disk.0.key": "2000",
                            "disk.0.label": "disk0",
                            "disk.0.name": "",
                            "disk.0.path": "flash-vm10/flash-vm10.vmdk",
                            "disk.0.size": "120",
                            "disk.0.thin_provisioned": "true",
                            "disk.0.unit_number": "0",
                            "disk.0.uuid": "6000C298-9a96-b909-2267-3fb32cd5ad82",
                            "disk.0.write_through": "false",
                            "efi_secure_boot_enabled": "false",
                            "enable_disk_uuid": "false",
                            "enable_logging": "false",
                            "ept_rvi_mode": "automatic",
                            "extra_config.%": "0",
                            "firmware": "bios",
                            "folder": "",
                            "force_power_off": "true",
                            "guest_id": "ubuntu64Guest",
                            "guest_ip_addresses.#": "0",
                            "host_system_id": "host-21",
                            "hv_mode": "hvAuto",
                            "id": "4218108b-76fd-4d06-af08-323233ac8f76",
                            "latency_sensitivity": "normal",
                            "memory": "16384",
                            "memory_hot_add_enabled": "false",
                            "memory_limit": "-1",
                            "memory_reservation": "0",
                            "memory_share_count": "163840",
                            "memory_share_level": "normal",
                            "migrate_wait_timeout": "30",
                            "moid": "vm-129",
                            "name": "flash-vm10",
                            "nested_hv_enabled": "true",
                            "network_interface.#": "1",
                            "network_interface.0.adapter_type": "vmxnet3",
                            "network_interface.0.bandwidth_limit": "-1",
                            "network_interface.0.bandwidth_reservation": "0",
                            "network_interface.0.bandwidth_share_count": "50",
                            "network_interface.0.bandwidth_share_level": "normal",
                            "network_interface.0.device_address": "pci:0:7",
                            "network_interface.0.key": "4000",
                            "network_interface.0.mac_address": "00:50:56:98:45:76",
                            "network_interface.0.network_id": "network-o109",
                            "network_interface.0.use_static_mac": "false",
                            "num_cores_per_socket": "1",
                            "num_cpus": "4",
                            "reboot_required": "false",
                            "resource_pool_id": "resgroup-10",
                            "run_tools_scripts_after_power_on": "true",
                            "run_tools_scripts_after_resume": "true",
                            "run_tools_scripts_before_guest_reboot": "false",
                            "run_tools_scripts_before_guest_shutdown": "true",
                            "run_tools_scripts_before_guest_standby": "true",
                            "scsi_bus_sharing": "noSharing",
                            "scsi_controller_count": "1",
                            "scsi_type": "pvscsi",
                            "shutdown_wait_timeout": "3",
                            "swap_placement_policy": "inherit",
                            "sync_time_with_host": "false",
                            "tags.#": "0",
                            "uuid": "4218108b-76fd-4d06-af08-323233ac8f76",
                            "vapp_transport.#": "0",
                            "vmware_tools_status": "guestToolsNotRunning",
                            "vmx_path": "flash-vm10/flash-vm10.vmx",
                            "wait_for_guest_net_routable": "true",
                            "wait_for_guest_net_timeout": "0"
                        },
                        "meta": {
                            "schema_version": "3"
                        },
                        "tainted": false
                    },
                    "deposed": [],
                    "provider": "provider.vsphere"
                },
                "vsphere_virtual_machine.vm1.1": {
                    "type": "vsphere_virtual_machine",
                    "depends_on": [
                        "data.vsphere_compute_cluster.cluster1",
                        "data.vsphere_datastore.datastore",
                        "data.vsphere_network.network",
                        "data.vsphere_virtual_machine.template"
                    ],
                    "primary": {
                        "id": "42181074-8f41-1cb8-caf7-ebc593454fc6",
                        "attributes": {
                            "alternate_guest_name": "",
                            "annotation": "",
                            "boot_delay": "0",
                            "boot_retry_delay": "10000",
                            "boot_retry_enabled": "false",
                            "cdrom.#": "0",
                            "change_version": "2019-07-04T05:00:15.715263Z",
                            "clone.#": "1",
                            "clone.0.customize.#": "0",
                            "clone.0.linked_clone": "true",
                            "clone.0.template_uuid": "421831ba-89d3-93af-3f14-82114f31fed5",
                            "clone.0.timeout": "30",
                            "cpu_hot_add_enabled": "false",
                            "cpu_hot_remove_enabled": "false",
                            "cpu_limit": "-1",
                            "cpu_performance_counters_enabled": "false",
                            "cpu_reservation": "0",
                            "cpu_share_count": "4000",
                            "cpu_share_level": "normal",
                            "custom_attributes.%": "0",
                            "datastore_id": "datastore-23",
                            "disk.#": "1",
                            "disk.0.attach": "false",
                            "disk.0.datastore_id": "datastore-23",
                            "disk.0.device_address": "scsi:0:0",
                            "disk.0.disk_mode": "persistent",
                            "disk.0.disk_sharing": "sharingNone",
                            "disk.0.eagerly_scrub": "false",
                            "disk.0.io_limit": "-1",
                            "disk.0.io_reservation": "0",
                            "disk.0.io_share_count": "1000",
                            "disk.0.io_share_level": "normal",
                            "disk.0.keep_on_remove": "false",
                            "disk.0.key": "2000",
                            "disk.0.label": "disk0",
                            "disk.0.name": "",
                            "disk.0.path": "flash-vm11/flash-vm11.vmdk",
                            "disk.0.size": "120",
                            "disk.0.thin_provisioned": "true",
                            "disk.0.unit_number": "0",
                            "disk.0.uuid": "6000C298-9a96-b909-2267-3fb32cd5ad82",
                            "disk.0.write_through": "false",
                            "efi_secure_boot_enabled": "false",
                            "enable_disk_uuid": "false",
                            "enable_logging": "false",
                            "ept_rvi_mode": "automatic",
                            "extra_config.%": "0",
                            "firmware": "bios",
                            "folder": "",
                            "force_power_off": "true",
                            "guest_id": "ubuntu64Guest",
                            "guest_ip_addresses.#": "0",
                            "host_system_id": "host-19",
                            "hv_mode": "hvAuto",
                            "id": "42181074-8f41-1cb8-caf7-ebc593454fc6",
                            "latency_sensitivity": "normal",
                            "memory": "16384",
                            "memory_hot_add_enabled": "false",
                            "memory_limit": "-1",
                            "memory_reservation": "0",
                            "memory_share_count": "163840",
                            "memory_share_level": "normal",
                            "migrate_wait_timeout": "30",
                            "moid": "vm-131",
                            "name": "flash-vm11",
                            "nested_hv_enabled": "true",
                            "network_interface.#": "1",
                            "network_interface.0.adapter_type": "vmxnet3",
                            "network_interface.0.bandwidth_limit": "-1",
                            "network_interface.0.bandwidth_reservation": "0",
                            "network_interface.0.bandwidth_share_count": "50",
                            "network_interface.0.bandwidth_share_level": "normal",
                            "network_interface.0.device_address": "pci:0:7",
                            "network_interface.0.key": "4000",
                            "network_interface.0.mac_address": "00:50:56:98:8f:e6",
                            "network_interface.0.network_id": "network-o109",
                            "network_interface.0.use_static_mac": "false",
                            "num_cores_per_socket": "1",
                            "num_cpus": "4",
                            "reboot_required": "false",
                            "resource_pool_id": "resgroup-10",
                            "run_tools_scripts_after_power_on": "true",
                            "run_tools_scripts_after_resume": "true",
                            "run_tools_scripts_before_guest_reboot": "false",
                            "run_tools_scripts_before_guest_shutdown": "true",
                            "run_tools_scripts_before_guest_standby": "true",
                            "scsi_bus_sharing": "noSharing",
                            "scsi_controller_count": "1",
                            "scsi_type": "pvscsi",
                            "shutdown_wait_timeout": "3",
                            "swap_placement_policy": "inherit",
                            "sync_time_with_host": "false",
                            "tags.#": "0",
                            "uuid": "42181074-8f41-1cb8-caf7-ebc593454fc6",
                            "vapp_transport.#": "0",
                            "vmware_tools_status": "guestToolsNotRunning",
                            "vmx_path": "flash-vm11/flash-vm11.vmx",
                            "wait_for_guest_net_routable": "true",
                            "wait_for_guest_net_timeout": "0"
                        },
                        "meta": {
                            "schema_version": "3"
                        },
                        "tainted": false
                    },
                    "deposed": [],
                    "provider": "provider.vsphere"
                },
                "vsphere_virtual_machine.vm1.2": {
                    "type": "vsphere_virtual_machine",
                    "depends_on": [
                        "data.vsphere_compute_cluster.cluster1",
                        "data.vsphere_datastore.datastore",
                        "data.vsphere_network.network",
                        "data.vsphere_virtual_machine.template"
                    ],
                    "primary": {
                        "id": "4218344c-b579-ed00-ea95-6e892a7a401d",
                        "attributes": {
                            "alternate_guest_name": "",
                            "annotation": "",
                            "boot_delay": "0",
                            "boot_retry_delay": "10000",
                            "boot_retry_enabled": "false",
                            "cdrom.#": "0",
                            "change_version": "2019-07-04T05:00:15.807803Z",
                            "clone.#": "1",
                            "clone.0.customize.#": "0",
                            "clone.0.linked_clone": "true",
                            "clone.0.template_uuid": "421831ba-89d3-93af-3f14-82114f31fed5",
                            "clone.0.timeout": "30",
                            "cpu_hot_add_enabled": "false",
                            "cpu_hot_remove_enabled": "false",
                            "cpu_limit": "-1",
                            "cpu_performance_counters_enabled": "false",
                            "cpu_reservation": "0",
                            "cpu_share_count": "4000",
                            "cpu_share_level": "normal",
                            "custom_attributes.%": "0",
                            "datastore_id": "datastore-23",
                            "disk.#": "1",
                            "disk.0.attach": "false",
                            "disk.0.datastore_id": "datastore-23",
                            "disk.0.device_address": "scsi:0:0",
                            "disk.0.disk_mode": "persistent",
                            "disk.0.disk_sharing": "sharingNone",
                            "disk.0.eagerly_scrub": "false",
                            "disk.0.io_limit": "-1",
                            "disk.0.io_reservation": "0",
                            "disk.0.io_share_count": "1000",
                            "disk.0.io_share_level": "normal",
                            "disk.0.keep_on_remove": "false",
                            "disk.0.key": "2000",
                            "disk.0.label": "disk0",
                            "disk.0.name": "",
                            "disk.0.path": "flash-vm12/flash-vm12.vmdk",
                            "disk.0.size": "120",
                            "disk.0.thin_provisioned": "true",
                            "disk.0.unit_number": "0",
                            "disk.0.uuid": "6000C298-9a96-b909-2267-3fb32cd5ad82",
                            "disk.0.write_through": "false",
                            "efi_secure_boot_enabled": "false",
                            "enable_disk_uuid": "false",
                            "enable_logging": "false",
                            "ept_rvi_mode": "automatic",
                            "extra_config.%": "0",
                            "firmware": "bios",
                            "folder": "",
                            "force_power_off": "true",
                            "guest_id": "ubuntu64Guest",
                            "guest_ip_addresses.#": "0",
                            "host_system_id": "host-19",
                            "hv_mode": "hvAuto",
                            "id": "4218344c-b579-ed00-ea95-6e892a7a401d",
                            "latency_sensitivity": "normal",
                            "memory": "16384",
                            "memory_hot_add_enabled": "false",
                            "memory_limit": "-1",
                            "memory_reservation": "0",
                            "memory_share_count": "163840",
                            "memory_share_level": "normal",
                            "migrate_wait_timeout": "30",
                            "moid": "vm-128",
                            "name": "flash-vm12",
                            "nested_hv_enabled": "true",
                            "network_interface.#": "1",
                            "network_interface.0.adapter_type": "vmxnet3",
                            "network_interface.0.bandwidth_limit": "-1",
                            "network_interface.0.bandwidth_reservation": "0",
                            "network_interface.0.bandwidth_share_count": "50",
                            "network_interface.0.bandwidth_share_level": "normal",
                            "network_interface.0.device_address": "pci:0:7",
                            "network_interface.0.key": "4000",
                            "network_interface.0.mac_address": "00:50:56:98:cb:16",
                            "network_interface.0.network_id": "network-o109",
                            "network_interface.0.use_static_mac": "false",
                            "num_cores_per_socket": "1",
                            "num_cpus": "4",
                            "reboot_required": "false",
                            "resource_pool_id": "resgroup-10",
                            "run_tools_scripts_after_power_on": "true",
                            "run_tools_scripts_after_resume": "true",
                            "run_tools_scripts_before_guest_reboot": "false",
                            "run_tools_scripts_before_guest_shutdown": "true",
                            "run_tools_scripts_before_guest_standby": "true",
                            "scsi_bus_sharing": "noSharing",
                            "scsi_controller_count": "1",
                            "scsi_type": "pvscsi",
                            "shutdown_wait_timeout": "3",
                            "swap_placement_policy": "inherit",
                            "sync_time_with_host": "false",
                            "tags.#": "0",
                            "uuid": "4218344c-b579-ed00-ea95-6e892a7a401d",
                            "vapp_transport.#": "0",
                            "vmware_tools_status": "guestToolsNotRunning",
                            "vmx_path": "flash-vm12/flash-vm12.vmx",
                            "wait_for_guest_net_routable": "true",
                            "wait_for_guest_net_timeout": "0"
                        },
                        "meta": {
                            "schema_version": "3"
                        },
                        "tainted": false
                    },
                    "deposed": [],
                    "provider": "provider.vsphere"
                },
                "vsphere_virtual_machine.vm1.3": {
                    "type": "vsphere_virtual_machine",
                    "depends_on": [
                        "data.vsphere_compute_cluster.cluster1",
                        "data.vsphere_datastore.datastore",
                        "data.vsphere_network.network",
                        "data.vsphere_virtual_machine.template"
                    ],
                    "primary": {
                        "id": "42188cdc-d59f-46d8-ab40-3f5079207816",
                        "attributes": {
                            "alternate_guest_name": "",
                            "annotation": "",
                            "boot_delay": "0",
                            "boot_retry_delay": "10000",
                            "boot_retry_enabled": "false",
                            "cdrom.#": "0",
                            "change_version": "2019-07-04T05:00:05.98026Z",
                            "clone.#": "1",
                            "clone.0.customize.#": "0",
                            "clone.0.linked_clone": "true",
                            "clone.0.template_uuid": "421831ba-89d3-93af-3f14-82114f31fed5",
                            "clone.0.timeout": "30",
                            "cpu_hot_add_enabled": "false",
                            "cpu_hot_remove_enabled": "false",
                            "cpu_limit": "-1",
                            "cpu_performance_counters_enabled": "false",
                            "cpu_reservation": "0",
                            "cpu_share_count": "4000",
                            "cpu_share_level": "normal",
                            "custom_attributes.%": "0",
                            "datastore_id": "datastore-23",
                            "disk.#": "1",
                            "disk.0.attach": "false",
                            "disk.0.datastore_id": "datastore-23",
                            "disk.0.device_address": "scsi:0:0",
                            "disk.0.disk_mode": "persistent",
                            "disk.0.disk_sharing": "sharingNone",
                            "disk.0.eagerly_scrub": "false",
                            "disk.0.io_limit": "-1",
                            "disk.0.io_reservation": "0",
                            "disk.0.io_share_count": "1000",
                            "disk.0.io_share_level": "normal",
                            "disk.0.keep_on_remove": "false",
                            "disk.0.key": "2000",
                            "disk.0.label": "disk0",
                            "disk.0.name": "",
                            "disk.0.path": "flash-vm13/flash-vm13.vmdk",
                            "disk.0.size": "120",
                            "disk.0.thin_provisioned": "true",
                            "disk.0.unit_number": "0",
                            "disk.0.uuid": "6000C298-9a96-b909-2267-3fb32cd5ad82",
                            "disk.0.write_through": "false",
                            "efi_secure_boot_enabled": "false",
                            "enable_disk_uuid": "false",
                            "enable_logging": "false",
                            "ept_rvi_mode": "automatic",
                            "extra_config.%": "0",
                            "firmware": "bios",
                            "folder": "",
                            "force_power_off": "true",
                            "guest_id": "ubuntu64Guest",
                            "guest_ip_addresses.#": "0",
                            "host_system_id": "host-21",
                            "hv_mode": "hvAuto",
                            "id": "42188cdc-d59f-46d8-ab40-3f5079207816",
                            "latency_sensitivity": "normal",
                            "memory": "16384",
                            "memory_hot_add_enabled": "false",
                            "memory_limit": "-1",
                            "memory_reservation": "0",
                            "memory_share_count": "163840",
                            "memory_share_level": "normal",
                            "migrate_wait_timeout": "30",
                            "moid": "vm-130",
                            "name": "flash-vm13",
                            "nested_hv_enabled": "true",
                            "network_interface.#": "1",
                            "network_interface.0.adapter_type": "vmxnet3",
                            "network_interface.0.bandwidth_limit": "-1",
                            "network_interface.0.bandwidth_reservation": "0",
                            "network_interface.0.bandwidth_share_count": "50",
                            "network_interface.0.bandwidth_share_level": "normal",
                            "network_interface.0.device_address": "pci:0:7",
                            "network_interface.0.key": "4000",
                            "network_interface.0.mac_address": "00:50:56:98:12:30",
                            "network_interface.0.network_id": "network-o109",
                            "network_interface.0.use_static_mac": "false",
                            "num_cores_per_socket": "1",
                            "num_cpus": "4",
                            "reboot_required": "false",
                            "resource_pool_id": "resgroup-10",
                            "run_tools_scripts_after_power_on": "true",
                            "run_tools_scripts_after_resume": "true",
                            "run_tools_scripts_before_guest_reboot": "false",
                            "run_tools_scripts_before_guest_shutdown": "true",
                            "run_tools_scripts_before_guest_standby": "true",
                            "scsi_bus_sharing": "noSharing",
                            "scsi_controller_count": "1",
                            "scsi_type": "pvscsi",
                            "shutdown_wait_timeout": "3",
                            "swap_placement_policy": "inherit",
                            "sync_time_with_host": "false",
                            "tags.#": "0",
                            "uuid": "42188cdc-d59f-46d8-ab40-3f5079207816",
                            "vapp_transport.#": "0",
                            "vmware_tools_status": "guestToolsNotRunning",
                            "vmx_path": "flash-vm13/flash-vm13.vmx",
                            "wait_for_guest_net_routable": "true",
                            "wait_for_guest_net_timeout": "0"
                        },
                        "meta": {
                            "schema_version": "3"
                        },
                        "tainted": false
                    },
                    "deposed": [],
                    "provider": "provider.vsphere"
                }
            },
            "depends_on": []
        }
    ]
}
