{
    "version": 3,
    "terraform_version": "0.11.10",
    "serial": 26,
    "lineage": "271765c7-101e-a86a-9670-aece36d45de2",
    "modules": [
        {
            "path": [
                "root"
            ],
            "outputs": {},
            "resources": {
                "data.vsphere_compute_cluster.cluster1": {
                    "type": "vsphere_compute_cluster",
                    "depends_on": [
                        "data.vsphere_datacenter.dc"
                    ],
                    "primary": {
                        "id": "domain-c9",
                        "attributes": {
                            "datacenter_id": "datacenter-2",
                            "id": "domain-c9",
                            "name": "comp1",
                            "resource_pool_id": "resgroup-10"
                        },
                        "meta": {},
                        "tainted": false
                    },
                    "deposed": [],
                    "provider": "provider.vsphere"
                },
                "data.vsphere_compute_cluster.cluster2": {
                    "type": "vsphere_compute_cluster",
                    "depends_on": [
                        "data.vsphere_datacenter.dc"
                    ],
                    "primary": {
                        "id": "domain-c11",
                        "attributes": {
                            "datacenter_id": "datacenter-2",
                            "id": "domain-c11",
                            "name": "comp2",
                            "resource_pool_id": "resgroup-12"
                        },
                        "meta": {},
                        "tainted": false
                    },
                    "deposed": [],
                    "provider": "provider.vsphere"
                },
                "data.vsphere_compute_cluster.cluster3": {
                    "type": "vsphere_compute_cluster",
                    "depends_on": [
                        "data.vsphere_datacenter.dc"
                    ],
                    "primary": {
                        "id": "domain-c103",
                        "attributes": {
                            "datacenter_id": "datacenter-2",
                            "id": "domain-c103",
                            "name": "comp3",
                            "resource_pool_id": "resgroup-104"
                        },
                        "meta": {},
                        "tainted": false
                    },
                    "deposed": [],
                    "provider": "provider.vsphere"
                },
                "data.vsphere_datacenter.dc": {
                    "type": "vsphere_datacenter",
                    "depends_on": [],
                    "primary": {
                        "id": "datacenter-2",
                        "attributes": {
                            "id": "datacenter-2",
                            "name": "iot_dc"
                        },
                        "meta": {},
                        "tainted": false
                    },
                    "deposed": [],
                    "provider": "provider.vsphere"
                },
                "data.vsphere_datastore.datastore": {
                    "type": "vsphere_datastore",
                    "depends_on": [
                        "data.vsphere_datacenter.dc"
                    ],
                    "primary": {
                        "id": "datastore-143",
                        "attributes": {
                            "datacenter_id": "datacenter-2",
                            "id": "datastore-143",
                            "name": "nsx_lab"
                        },
                        "meta": {},
                        "tainted": false
                    },
                    "deposed": [],
                    "provider": "provider.vsphere"
                },
                "data.vsphere_network.network": {
                    "type": "vsphere_network",
                    "depends_on": [
                        "data.vsphere_datacenter.dc"
                    ],
                    "primary": {
                        "id": "network-o145",
                        "attributes": {
                            "datacenter_id": "datacenter-2",
                            "id": "network-o145",
                            "name": "ls-192.168.100.0",
                            "type": "OpaqueNetwork"
                        },
                        "meta": {},
                        "tainted": false
                    },
                    "deposed": [],
                    "provider": "provider.vsphere"
                },
                "data.vsphere_virtual_machine.template": {
                    "type": "vsphere_virtual_machine",
                    "depends_on": [
                        "data.vsphere_datacenter.dc"
                    ],
                    "primary": {
                        "id": "42317409-262f-86d2-34e6-40174c7571e9",
                        "attributes": {
                            "alternate_guest_name": "",
                            "datacenter_id": "datacenter-2",
                            "disks.#": "1",
                            "disks.0.eagerly_scrub": "false",
                            "disks.0.size": "128",
                            "disks.0.thin_provisioned": "true",
                            "firmware": "bios",
                            "guest_id": "ubuntu64Guest",
                            "id": "42317409-262f-86d2-34e6-40174c7571e9",
                            "name": "iot_vm_template",
                            "network_interface_types.#": "3",
                            "network_interface_types.0": "vmxnet3",
                            "network_interface_types.1": "vmxnet3",
                            "network_interface_types.2": "vmxnet3",
                            "scsi_bus_sharing": "noSharing",
                            "scsi_controller_scan_count": "1",
                            "scsi_type": "lsilogic"
                        },
                        "meta": {},
                        "tainted": false
                    },
                    "deposed": [],
                    "provider": "provider.vsphere"
                },
                "vsphere_virtual_machine.vm1.0": {
                    "type": "vsphere_virtual_machine",
                    "depends_on": [
                        "data.vsphere_compute_cluster.cluster1",
                        "data.vsphere_datastore.datastore",
                        "data.vsphere_network.network",
                        "data.vsphere_virtual_machine.template"
                    ],
                    "primary": {
                        "id": "4231863c-296a-98d9-8be6-3fdebaa6c4c3",
                        "attributes": {
                            "alternate_guest_name": "",
                            "annotation": "",
                            "boot_delay": "0",
                            "boot_retry_delay": "10000",
                            "boot_retry_enabled": "false",
                            "cdrom.#": "0",
                            "change_version": "2018-11-19T08:52:31.390871Z",
                            "clone.#": "1",
                            "clone.0.customize.#": "0",
                            "clone.0.linked_clone": "true",
                            "clone.0.template_uuid": "42317409-262f-86d2-34e6-40174c7571e9",
                            "clone.0.timeout": "30",
                            "cpu_hot_add_enabled": "false",
                            "cpu_hot_remove_enabled": "false",
                            "cpu_limit": "-1",
                            "cpu_performance_counters_enabled": "false",
                            "cpu_reservation": "0",
                            "cpu_share_count": "1000",
                            "cpu_share_level": "normal",
                            "custom_attributes.%": "0",
                            "datastore_id": "datastore-143",
                            "disk.#": "1",
                            "disk.0.attach": "false",
                            "disk.0.datastore_id": "datastore-143",
                            "disk.0.device_address": "scsi:0:0",
                            "disk.0.disk_mode": "persistent",
                            "disk.0.disk_sharing": "sharingNone",
                            "disk.0.eagerly_scrub": "false",
                            "disk.0.io_limit": "-1",
                            "disk.0.io_reservation": "0",
                            "disk.0.io_share_count": "1000",
                            "disk.0.io_share_level": "normal",
                            "disk.0.keep_on_remove": "false",
                            "disk.0.key": "2000",
                            "disk.0.label": "disk0",
                            "disk.0.name": "",
                            "disk.0.path": "iot-vm10_1/iot-vm10.vmdk",
                            "disk.0.size": "128",
                            "disk.0.thin_provisioned": "true",
                            "disk.0.unit_number": "0",
                            "disk.0.uuid": "6000C299-c300-d88d-2c54-bbeed8fa2924",
                            "disk.0.write_through": "false",
                            "efi_secure_boot_enabled": "false",
                            "enable_disk_uuid": "false",
                            "enable_logging": "false",
                            "ept_rvi_mode": "automatic",
                            "extra_config.%": "0",
                            "firmware": "bios",
                            "folder": "",
                            "force_power_off": "true",
                            "guest_id": "ubuntu64Guest",
                            "guest_ip_addresses.#": "0",
                            "host_system_id": "host-131",
                            "hv_mode": "hvAuto",
                            "id": "4231863c-296a-98d9-8be6-3fdebaa6c4c3",
                            "latency_sensitivity": "normal",
                            "memory": "512",
                            "memory_hot_add_enabled": "false",
                            "memory_limit": "-1",
                            "memory_reservation": "0",
                            "memory_share_count": "5120",
                            "memory_share_level": "normal",
                            "migrate_wait_timeout": "30",
                            "moid": "vm-168",
                            "name": "iot-vm10",
                            "nested_hv_enabled": "false",
                            "network_interface.#": "1",
                            "network_interface.0.adapter_type": "vmxnet3",
                            "network_interface.0.bandwidth_limit": "-1",
                            "network_interface.0.bandwidth_reservation": "0",
                            "network_interface.0.bandwidth_share_count": "50",
                            "network_interface.0.bandwidth_share_level": "normal",
                            "network_interface.0.device_address": "pci:0:7",
                            "network_interface.0.key": "4000",
                            "network_interface.0.mac_address": "00:50:56:b1:0d:8e",
                            "network_interface.0.network_id": "network-o145",
                            "network_interface.0.use_static_mac": "false",
                            "num_cores_per_socket": "1",
                            "num_cpus": "1",
                            "reboot_required": "false",
                            "resource_pool_id": "resgroup-10",
                            "run_tools_scripts_after_power_on": "true",
                            "run_tools_scripts_after_resume": "true",
                            "run_tools_scripts_before_guest_reboot": "false",
                            "run_tools_scripts_before_guest_shutdown": "true",
                            "run_tools_scripts_before_guest_standby": "true",
                            "scsi_bus_sharing": "noSharing",
                            "scsi_controller_count": "1",
                            "scsi_type": "pvscsi",
                            "shutdown_wait_timeout": "3",
                            "swap_placement_policy": "inherit",
                            "sync_time_with_host": "false",
                            "tags.#": "0",
                            "uuid": "4231863c-296a-98d9-8be6-3fdebaa6c4c3",
                            "vapp_transport.#": "0",
                            "vmware_tools_status": "guestToolsNotRunning",
                            "vmx_path": "iot-vm10_1/iot-vm10.vmx",
                            "wait_for_guest_net_routable": "true",
                            "wait_for_guest_net_timeout": "0"
                        },
                        "meta": {
                            "schema_version": "3"
                        },
                        "tainted": false
                    },
                    "deposed": [],
                    "provider": "provider.vsphere"
                },
                "vsphere_virtual_machine.vm1.1": {
                    "type": "vsphere_virtual_machine",
                    "depends_on": [
                        "data.vsphere_compute_cluster.cluster1",
                        "data.vsphere_datastore.datastore",
                        "data.vsphere_network.network",
                        "data.vsphere_virtual_machine.template"
                    ],
                    "primary": {
                        "id": "42313d1c-a951-5685-4f78-541031efef2e",
                        "attributes": {
                            "alternate_guest_name": "",
                            "annotation": "",
                            "boot_delay": "0",
                            "boot_retry_delay": "10000",
                            "boot_retry_enabled": "false",
                            "cdrom.#": "0",
                            "change_version": "2018-11-19T08:52:29.32225Z",
                            "clone.#": "1",
                            "clone.0.customize.#": "0",
                            "clone.0.linked_clone": "true",
                            "clone.0.template_uuid": "42317409-262f-86d2-34e6-40174c7571e9",
                            "clone.0.timeout": "30",
                            "cpu_hot_add_enabled": "false",
                            "cpu_hot_remove_enabled": "false",
                            "cpu_limit": "-1",
                            "cpu_performance_counters_enabled": "false",
                            "cpu_reservation": "0",
                            "cpu_share_count": "1000",
                            "cpu_share_level": "normal",
                            "custom_attributes.%": "0",
                            "datastore_id": "datastore-143",
                            "disk.#": "1",
                            "disk.0.attach": "false",
                            "disk.0.datastore_id": "datastore-143",
                            "disk.0.device_address": "scsi:0:0",
                            "disk.0.disk_mode": "persistent",
                            "disk.0.disk_sharing": "sharingNone",
                            "disk.0.eagerly_scrub": "false",
                            "disk.0.io_limit": "-1",
                            "disk.0.io_reservation": "0",
                            "disk.0.io_share_count": "1000",
                            "disk.0.io_share_level": "normal",
                            "disk.0.keep_on_remove": "false",
                            "disk.0.key": "2000",
                            "disk.0.label": "disk0",
                            "disk.0.name": "",
                            "disk.0.path": "iot-vm11_1/iot-vm11.vmdk",
                            "disk.0.size": "128",
                            "disk.0.thin_provisioned": "true",
                            "disk.0.unit_number": "0",
                            "disk.0.uuid": "6000C299-c300-d88d-2c54-bbeed8fa2924",
                            "disk.0.write_through": "false",
                            "efi_secure_boot_enabled": "false",
                            "enable_disk_uuid": "false",
                            "enable_logging": "false",
                            "ept_rvi_mode": "automatic",
                            "extra_config.%": "0",
                            "firmware": "bios",
                            "folder": "",
                            "force_power_off": "true",
                            "guest_id": "ubuntu64Guest",
                            "guest_ip_addresses.#": "0",
                            "host_system_id": "host-133",
                            "hv_mode": "hvAuto",
                            "id": "42313d1c-a951-5685-4f78-541031efef2e",
                            "latency_sensitivity": "normal",
                            "memory": "512",
                            "memory_hot_add_enabled": "false",
                            "memory_limit": "-1",
                            "memory_reservation": "0",
                            "memory_share_count": "5120",
                            "memory_share_level": "normal",
                            "migrate_wait_timeout": "30",
                            "moid": "vm-163",
                            "name": "iot-vm11",
                            "nested_hv_enabled": "false",
                            "network_interface.#": "1",
                            "network_interface.0.adapter_type": "vmxnet3",
                            "network_interface.0.bandwidth_limit": "-1",
                            "network_interface.0.bandwidth_reservation": "0",
                            "network_interface.0.bandwidth_share_count": "50",
                            "network_interface.0.bandwidth_share_level": "normal",
                            "network_interface.0.device_address": "pci:0:7",
                            "network_interface.0.key": "4000",
                            "network_interface.0.mac_address": "00:50:56:b1:51:4c",
                            "network_interface.0.network_id": "network-o145",
                            "network_interface.0.use_static_mac": "false",
                            "num_cores_per_socket": "1",
                            "num_cpus": "1",
                            "reboot_required": "false",
                            "resource_pool_id": "resgroup-10",
                            "run_tools_scripts_after_power_on": "true",
                            "run_tools_scripts_after_resume": "true",
                            "run_tools_scripts_before_guest_reboot": "false",
                            "run_tools_scripts_before_guest_shutdown": "true",
                            "run_tools_scripts_before_guest_standby": "true",
                            "scsi_bus_sharing": "noSharing",
                            "scsi_controller_count": "1",
                            "scsi_type": "pvscsi",
                            "shutdown_wait_timeout": "3",
                            "swap_placement_policy": "inherit",
                            "sync_time_with_host": "false",
                            "tags.#": "0",
                            "uuid": "42313d1c-a951-5685-4f78-541031efef2e",
                            "vapp_transport.#": "0",
                            "vmware_tools_status": "guestToolsNotRunning",
                            "vmx_path": "iot-vm11_1/iot-vm11.vmx",
                            "wait_for_guest_net_routable": "true",
                            "wait_for_guest_net_timeout": "0"
                        },
                        "meta": {
                            "schema_version": "3"
                        },
                        "tainted": false
                    },
                    "deposed": [],
                    "provider": "provider.vsphere"
                },
                "vsphere_virtual_machine.vm1.2": {
                    "type": "vsphere_virtual_machine",
                    "depends_on": [
                        "data.vsphere_compute_cluster.cluster1",
                        "data.vsphere_datastore.datastore",
                        "data.vsphere_network.network",
                        "data.vsphere_virtual_machine.template"
                    ],
                    "primary": {
                        "id": "4231a6ab-5b5b-5df9-f159-e528db549363",
                        "attributes": {
                            "alternate_guest_name": "",
                            "annotation": "",
                            "boot_delay": "0",
                            "boot_retry_delay": "10000",
                            "boot_retry_enabled": "false",
                            "cdrom.#": "0",
                            "change_version": "2018-11-19T08:52:40.938696Z",
                            "clone.#": "1",
                            "clone.0.customize.#": "0",
                            "clone.0.linked_clone": "true",
                            "clone.0.template_uuid": "42317409-262f-86d2-34e6-40174c7571e9",
                            "clone.0.timeout": "30",
                            "cpu_hot_add_enabled": "false",
                            "cpu_hot_remove_enabled": "false",
                            "cpu_limit": "-1",
                            "cpu_performance_counters_enabled": "false",
                            "cpu_reservation": "0",
                            "cpu_share_count": "1000",
                            "cpu_share_level": "normal",
                            "custom_attributes.%": "0",
                            "datastore_id": "datastore-143",
                            "disk.#": "1",
                            "disk.0.attach": "false",
                            "disk.0.datastore_id": "datastore-143",
                            "disk.0.device_address": "scsi:0:0",
                            "disk.0.disk_mode": "persistent",
                            "disk.0.disk_sharing": "sharingNone",
                            "disk.0.eagerly_scrub": "false",
                            "disk.0.io_limit": "-1",
                            "disk.0.io_reservation": "0",
                            "disk.0.io_share_count": "1000",
                            "disk.0.io_share_level": "normal",
                            "disk.0.keep_on_remove": "false",
                            "disk.0.key": "2000",
                            "disk.0.label": "disk0",
                            "disk.0.name": "",
                            "disk.0.path": "iot-vm12_1/iot-vm12.vmdk",
                            "disk.0.size": "128",
                            "disk.0.thin_provisioned": "true",
                            "disk.0.unit_number": "0",
                            "disk.0.uuid": "6000C299-c300-d88d-2c54-bbeed8fa2924",
                            "disk.0.write_through": "false",
                            "efi_secure_boot_enabled": "false",
                            "enable_disk_uuid": "false",
                            "enable_logging": "false",
                            "ept_rvi_mode": "automatic",
                            "extra_config.%": "0",
                            "firmware": "bios",
                            "folder": "",
                            "force_power_off": "true",
                            "guest_id": "ubuntu64Guest",
                            "guest_ip_addresses.#": "0",
                            "host_system_id": "host-131",
                            "hv_mode": "hvAuto",
                            "id": "4231a6ab-5b5b-5df9-f159-e528db549363",
                            "latency_sensitivity": "normal",
                            "memory": "512",
                            "memory_hot_add_enabled": "false",
                            "memory_limit": "-1",
                            "memory_reservation": "0",
                            "memory_share_count": "5120",
                            "memory_share_level": "normal",
                            "migrate_wait_timeout": "30",
                            "moid": "vm-172",
                            "name": "iot-vm12",
                            "nested_hv_enabled": "false",
                            "network_interface.#": "1",
                            "network_interface.0.adapter_type": "vmxnet3",
                            "network_interface.0.bandwidth_limit": "-1",
                            "network_interface.0.bandwidth_reservation": "0",
                            "network_interface.0.bandwidth_share_count": "50",
                            "network_interface.0.bandwidth_share_level": "normal",
                            "network_interface.0.device_address": "pci:0:7",
                            "network_interface.0.key": "4000",
                            "network_interface.0.mac_address": "00:50:56:b1:75:a8",
                            "network_interface.0.network_id": "network-o145",
                            "network_interface.0.use_static_mac": "false",
                            "num_cores_per_socket": "1",
                            "num_cpus": "1",
                            "reboot_required": "false",
                            "resource_pool_id": "resgroup-10",
                            "run_tools_scripts_after_power_on": "true",
                            "run_tools_scripts_after_resume": "true",
                            "run_tools_scripts_before_guest_reboot": "false",
                            "run_tools_scripts_before_guest_shutdown": "true",
                            "run_tools_scripts_before_guest_standby": "true",
                            "scsi_bus_sharing": "noSharing",
                            "scsi_controller_count": "1",
                            "scsi_type": "pvscsi",
                            "shutdown_wait_timeout": "3",
                            "swap_placement_policy": "inherit",
                            "sync_time_with_host": "false",
                            "tags.#": "0",
                            "uuid": "4231a6ab-5b5b-5df9-f159-e528db549363",
                            "vapp_transport.#": "0",
                            "vmware_tools_status": "guestToolsNotRunning",
                            "vmx_path": "iot-vm12_1/iot-vm12.vmx",
                            "wait_for_guest_net_routable": "true",
                            "wait_for_guest_net_timeout": "0"
                        },
                        "meta": {
                            "schema_version": "3"
                        },
                        "tainted": false
                    },
                    "deposed": [],
                    "provider": "provider.vsphere"
                },
                "vsphere_virtual_machine.vm1.3": {
                    "type": "vsphere_virtual_machine",
                    "depends_on": [
                        "data.vsphere_compute_cluster.cluster1",
                        "data.vsphere_datastore.datastore",
                        "data.vsphere_network.network",
                        "data.vsphere_virtual_machine.template"
                    ],
                    "primary": {
                        "id": "4231c11f-d6af-5a01-721c-63deafe400c3",
                        "attributes": {
                            "alternate_guest_name": "",
                            "annotation": "",
                            "boot_delay": "0",
                            "boot_retry_delay": "10000",
                            "boot_retry_enabled": "false",
                            "cdrom.#": "0",
                            "change_version": "2018-11-19T08:52:31.390535Z",
                            "clone.#": "1",
                            "clone.0.customize.#": "0",
                            "clone.0.linked_clone": "true",
                            "clone.0.template_uuid": "42317409-262f-86d2-34e6-40174c7571e9",
                            "clone.0.timeout": "30",
                            "cpu_hot_add_enabled": "false",
                            "cpu_hot_remove_enabled": "false",
                            "cpu_limit": "-1",
                            "cpu_performance_counters_enabled": "false",
                            "cpu_reservation": "0",
                            "cpu_share_count": "1000",
                            "cpu_share_level": "normal",
                            "custom_attributes.%": "0",
                            "datastore_id": "datastore-143",
                            "disk.#": "1",
                            "disk.0.attach": "false",
                            "disk.0.datastore_id": "datastore-143",
                            "disk.0.device_address": "scsi:0:0",
                            "disk.0.disk_mode": "persistent",
                            "disk.0.disk_sharing": "sharingNone",
                            "disk.0.eagerly_scrub": "false",
                            "disk.0.io_limit": "-1",
                            "disk.0.io_reservation": "0",
                            "disk.0.io_share_count": "1000",
                            "disk.0.io_share_level": "normal",
                            "disk.0.keep_on_remove": "false",
                            "disk.0.key": "2000",
                            "disk.0.label": "disk0",
                            "disk.0.name": "",
                            "disk.0.path": "iot-vm13_1/iot-vm13.vmdk",
                            "disk.0.size": "128",
                            "disk.0.thin_provisioned": "true",
                            "disk.0.unit_number": "0",
                            "disk.0.uuid": "6000C299-c300-d88d-2c54-bbeed8fa2924",
                            "disk.0.write_through": "false",
                            "efi_secure_boot_enabled": "false",
                            "enable_disk_uuid": "false",
                            "enable_logging": "false",
                            "ept_rvi_mode": "automatic",
                            "extra_config.%": "0",
                            "firmware": "bios",
                            "folder": "",
                            "force_power_off": "true",
                            "guest_id": "ubuntu64Guest",
                            "guest_ip_addresses.#": "0",
                            "host_system_id": "host-131",
                            "hv_mode": "hvAuto",
                            "id": "4231c11f-d6af-5a01-721c-63deafe400c3",
                            "latency_sensitivity": "normal",
                            "memory": "512",
                            "memory_hot_add_enabled": "false",
                            "memory_limit": "-1",
                            "memory_reservation": "0",
                            "memory_share_count": "5120",
                            "memory_share_level": "normal",
                            "migrate_wait_timeout": "30",
                            "moid": "vm-171",
                            "name": "iot-vm13",
                            "nested_hv_enabled": "false",
                            "network_interface.#": "1",
                            "network_interface.0.adapter_type": "vmxnet3",
                            "network_interface.0.bandwidth_limit": "-1",
                            "network_interface.0.bandwidth_reservation": "0",
                            "network_interface.0.bandwidth_share_count": "50",
                            "network_interface.0.bandwidth_share_level": "normal",
                            "network_interface.0.device_address": "pci:0:7",
                            "network_interface.0.key": "4000",
                            "network_interface.0.mac_address": "00:50:56:b1:e3:22",
                            "network_interface.0.network_id": "network-o145",
                            "network_interface.0.use_static_mac": "false",
                            "num_cores_per_socket": "1",
                            "num_cpus": "1",
                            "reboot_required": "false",
                            "resource_pool_id": "resgroup-10",
                            "run_tools_scripts_after_power_on": "true",
                            "run_tools_scripts_after_resume": "true",
                            "run_tools_scripts_before_guest_reboot": "false",
                            "run_tools_scripts_before_guest_shutdown": "true",
                            "run_tools_scripts_before_guest_standby": "true",
                            "scsi_bus_sharing": "noSharing",
                            "scsi_controller_count": "1",
                            "scsi_type": "pvscsi",
                            "shutdown_wait_timeout": "3",
                            "swap_placement_policy": "inherit",
                            "sync_time_with_host": "false",
                            "tags.#": "0",
                            "uuid": "4231c11f-d6af-5a01-721c-63deafe400c3",
                            "vapp_transport.#": "0",
                            "vmware_tools_status": "guestToolsNotRunning",
                            "vmx_path": "iot-vm13_1/iot-vm13.vmx",
                            "wait_for_guest_net_routable": "true",
                            "wait_for_guest_net_timeout": "0"
                        },
                        "meta": {
                            "schema_version": "3"
                        },
                        "tainted": false
                    },
                    "deposed": [],
                    "provider": "provider.vsphere"
                },
                "vsphere_virtual_machine.vm1.4": {
                    "type": "vsphere_virtual_machine",
                    "depends_on": [
                        "data.vsphere_compute_cluster.cluster1",
                        "data.vsphere_datastore.datastore",
                        "data.vsphere_network.network",
                        "data.vsphere_virtual_machine.template"
                    ],
                    "primary": {
                        "id": "4231a905-deb1-2673-273f-5d3667198951",
                        "attributes": {
                            "alternate_guest_name": "",
                            "annotation": "",
                            "boot_delay": "0",
                            "boot_retry_delay": "10000",
                            "boot_retry_enabled": "false",
                            "cdrom.#": "0",
                            "change_version": "2018-11-19T08:52:29.3626Z",
                            "clone.#": "1",
                            "clone.0.customize.#": "0",
                            "clone.0.linked_clone": "true",
                            "clone.0.template_uuid": "42317409-262f-86d2-34e6-40174c7571e9",
                            "clone.0.timeout": "30",
                            "cpu_hot_add_enabled": "false",
                            "cpu_hot_remove_enabled": "false",
                            "cpu_limit": "-1",
                            "cpu_performance_counters_enabled": "false",
                            "cpu_reservation": "0",
                            "cpu_share_count": "1000",
                            "cpu_share_level": "normal",
                            "custom_attributes.%": "0",
                            "datastore_id": "datastore-143",
                            "disk.#": "1",
                            "disk.0.attach": "false",
                            "disk.0.datastore_id": "datastore-143",
                            "disk.0.device_address": "scsi:0:0",
                            "disk.0.disk_mode": "persistent",
                            "disk.0.disk_sharing": "sharingNone",
                            "disk.0.eagerly_scrub": "false",
                            "disk.0.io_limit": "-1",
                            "disk.0.io_reservation": "0",
                            "disk.0.io_share_count": "1000",
                            "disk.0.io_share_level": "normal",
                            "disk.0.keep_on_remove": "false",
                            "disk.0.key": "2000",
                            "disk.0.label": "disk0",
                            "disk.0.name": "",
                            "disk.0.path": "iot-vm14_1/iot-vm14.vmdk",
                            "disk.0.size": "128",
                            "disk.0.thin_provisioned": "true",
                            "disk.0.unit_number": "0",
                            "disk.0.uuid": "6000C299-c300-d88d-2c54-bbeed8fa2924",
                            "disk.0.write_through": "false",
                            "efi_secure_boot_enabled": "false",
                            "enable_disk_uuid": "false",
                            "enable_logging": "false",
                            "ept_rvi_mode": "automatic",
                            "extra_config.%": "0",
                            "firmware": "bios",
                            "folder": "",
                            "force_power_off": "true",
                            "guest_id": "ubuntu64Guest",
                            "guest_ip_addresses.#": "0",
                            "host_system_id": "host-133",
                            "hv_mode": "hvAuto",
                            "id": "4231a905-deb1-2673-273f-5d3667198951",
                            "latency_sensitivity": "normal",
                            "memory": "512",
                            "memory_hot_add_enabled": "false",
                            "memory_limit": "-1",
                            "memory_reservation": "0",
                            "memory_share_count": "5120",
                            "memory_share_level": "normal",
                            "migrate_wait_timeout": "30",
                            "moid": "vm-169",
                            "name": "iot-vm14",
                            "nested_hv_enabled": "false",
                            "network_interface.#": "1",
                            "network_interface.0.adapter_type": "vmxnet3",
                            "network_interface.0.bandwidth_limit": "-1",
                            "network_interface.0.bandwidth_reservation": "0",
                            "network_interface.0.bandwidth_share_count": "50",
                            "network_interface.0.bandwidth_share_level": "normal",
                            "network_interface.0.device_address": "pci:0:7",
                            "network_interface.0.key": "4000",
                            "network_interface.0.mac_address": "00:50:56:b1:ad:fd",
                            "network_interface.0.network_id": "network-o145",
                            "network_interface.0.use_static_mac": "false",
                            "num_cores_per_socket": "1",
                            "num_cpus": "1",
                            "reboot_required": "false",
                            "resource_pool_id": "resgroup-10",
                            "run_tools_scripts_after_power_on": "true",
                            "run_tools_scripts_after_resume": "true",
                            "run_tools_scripts_before_guest_reboot": "false",
                            "run_tools_scripts_before_guest_shutdown": "true",
                            "run_tools_scripts_before_guest_standby": "true",
                            "scsi_bus_sharing": "noSharing",
                            "scsi_controller_count": "1",
                            "scsi_type": "pvscsi",
                            "shutdown_wait_timeout": "3",
                            "swap_placement_policy": "inherit",
                            "sync_time_with_host": "false",
                            "tags.#": "0",
                            "uuid": "4231a905-deb1-2673-273f-5d3667198951",
                            "vapp_transport.#": "0",
                            "vmware_tools_status": "guestToolsNotRunning",
                            "vmx_path": "iot-vm14_1/iot-vm14.vmx",
                            "wait_for_guest_net_routable": "true",
                            "wait_for_guest_net_timeout": "0"
                        },
                        "meta": {
                            "schema_version": "3"
                        },
                        "tainted": false
                    },
                    "deposed": [],
                    "provider": "provider.vsphere"
                },
                "vsphere_virtual_machine.vm1.5": {
                    "type": "vsphere_virtual_machine",
                    "depends_on": [
                        "data.vsphere_compute_cluster.cluster1",
                        "data.vsphere_datastore.datastore",
                        "data.vsphere_network.network",
                        "data.vsphere_virtual_machine.template"
                    ],
                    "primary": {
                        "id": "4231fadd-c375-2188-4d95-d9772715f408",
                        "attributes": {
                            "alternate_guest_name": "",
                            "annotation": "",
                            "boot_delay": "0",
                            "boot_retry_delay": "10000",
                            "boot_retry_enabled": "false",
                            "cdrom.#": "0",
                            "change_version": "2018-11-19T08:52:36.614418Z",
                            "clone.#": "1",
                            "clone.0.customize.#": "0",
                            "clone.0.linked_clone": "true",
                            "clone.0.template_uuid": "42317409-262f-86d2-34e6-40174c7571e9",
                            "clone.0.timeout": "30",
                            "cpu_hot_add_enabled": "false",
                            "cpu_hot_remove_enabled": "false",
                            "cpu_limit": "-1",
                            "cpu_performance_counters_enabled": "false",
                            "cpu_reservation": "0",
                            "cpu_share_count": "1000",
                            "cpu_share_level": "normal",
                            "custom_attributes.%": "0",
                            "datastore_id": "datastore-143",
                            "disk.#": "1",
                            "disk.0.attach": "false",
                            "disk.0.datastore_id": "datastore-143",
                            "disk.0.device_address": "scsi:0:0",
                            "disk.0.disk_mode": "persistent",
                            "disk.0.disk_sharing": "sharingNone",
                            "disk.0.eagerly_scrub": "false",
                            "disk.0.io_limit": "-1",
                            "disk.0.io_reservation": "0",
                            "disk.0.io_share_count": "1000",
                            "disk.0.io_share_level": "normal",
                            "disk.0.keep_on_remove": "false",
                            "disk.0.key": "2000",
                            "disk.0.label": "disk0",
                            "disk.0.name": "",
                            "disk.0.path": "iot-vm15_1/iot-vm15.vmdk",
                            "disk.0.size": "128",
                            "disk.0.thin_provisioned": "true",
                            "disk.0.unit_number": "0",
                            "disk.0.uuid": "6000C299-c300-d88d-2c54-bbeed8fa2924",
                            "disk.0.write_through": "false",
                            "efi_secure_boot_enabled": "false",
                            "enable_disk_uuid": "false",
                            "enable_logging": "false",
                            "ept_rvi_mode": "automatic",
                            "extra_config.%": "0",
                            "firmware": "bios",
                            "folder": "",
                            "force_power_off": "true",
                            "guest_id": "ubuntu64Guest",
                            "guest_ip_addresses.#": "0",
                            "host_system_id": "host-133",
                            "hv_mode": "hvAuto",
                            "id": "4231fadd-c375-2188-4d95-d9772715f408",
                            "latency_sensitivity": "normal",
                            "memory": "512",
                            "memory_hot_add_enabled": "false",
                            "memory_limit": "-1",
                            "memory_reservation": "0",
                            "memory_share_count": "5120",
                            "memory_share_level": "normal",
                            "migrate_wait_timeout": "30",
                            "moid": "vm-173",
                            "name": "iot-vm15",
                            "nested_hv_enabled": "false",
                            "network_interface.#": "1",
                            "network_interface.0.adapter_type": "vmxnet3",
                            "network_interface.0.bandwidth_limit": "-1",
                            "network_interface.0.bandwidth_reservation": "0",
                            "network_interface.0.bandwidth_share_count": "50",
                            "network_interface.0.bandwidth_share_level": "normal",
                            "network_interface.0.device_address": "pci:0:7",
                            "network_interface.0.key": "4000",
                            "network_interface.0.mac_address": "00:50:56:b1:0d:58",
                            "network_interface.0.network_id": "network-o145",
                            "network_interface.0.use_static_mac": "false",
                            "num_cores_per_socket": "1",
                            "num_cpus": "1",
                            "reboot_required": "false",
                            "resource_pool_id": "resgroup-10",
                            "run_tools_scripts_after_power_on": "true",
                            "run_tools_scripts_after_resume": "true",
                            "run_tools_scripts_before_guest_reboot": "false",
                            "run_tools_scripts_before_guest_shutdown": "true",
                            "run_tools_scripts_before_guest_standby": "true",
                            "scsi_bus_sharing": "noSharing",
                            "scsi_controller_count": "1",
                            "scsi_type": "pvscsi",
                            "shutdown_wait_timeout": "3",
                            "swap_placement_policy": "inherit",
                            "sync_time_with_host": "false",
                            "tags.#": "0",
                            "uuid": "4231fadd-c375-2188-4d95-d9772715f408",
                            "vapp_transport.#": "0",
                            "vmware_tools_status": "guestToolsNotRunning",
                            "vmx_path": "iot-vm15_1/iot-vm15.vmx",
                            "wait_for_guest_net_routable": "true",
                            "wait_for_guest_net_timeout": "0"
                        },
                        "meta": {
                            "schema_version": "3"
                        },
                        "tainted": false
                    },
                    "deposed": [],
                    "provider": "provider.vsphere"
                },
                "vsphere_virtual_machine.vmi2.0": {
                    "type": "vsphere_virtual_machine",
                    "depends_on": [
                        "data.vsphere_compute_cluster.cluster2",
                        "data.vsphere_datastore.datastore",
                        "data.vsphere_network.network",
                        "data.vsphere_virtual_machine.template"
                    ],
                    "primary": {
                        "id": "4231f143-ae29-622a-65ac-09e0bea501a0",
                        "attributes": {
                            "alternate_guest_name": "",
                            "annotation": "",
                            "boot_delay": "0",
                            "boot_retry_delay": "10000",
                            "boot_retry_enabled": "false",
                            "cdrom.#": "0",
                            "change_version": "2018-11-19T08:52:29.327599Z",
                            "clone.#": "1",
                            "clone.0.customize.#": "0",
                            "clone.0.linked_clone": "true",
                            "clone.0.template_uuid": "42317409-262f-86d2-34e6-40174c7571e9",
                            "clone.0.timeout": "30",
                            "cpu_hot_add_enabled": "false",
                            "cpu_hot_remove_enabled": "false",
                            "cpu_limit": "-1",
                            "cpu_performance_counters_enabled": "false",
                            "cpu_reservation": "0",
                            "cpu_share_count": "1000",
                            "cpu_share_level": "normal",
                            "custom_attributes.%": "0",
                            "datastore_id": "datastore-143",
                            "disk.#": "1",
                            "disk.0.attach": "false",
                            "disk.0.datastore_id": "datastore-143",
                            "disk.0.device_address": "scsi:0:0",
                            "disk.0.disk_mode": "persistent",
                            "disk.0.disk_sharing": "sharingNone",
                            "disk.0.eagerly_scrub": "false",
                            "disk.0.io_limit": "-1",
                            "disk.0.io_reservation": "0",
                            "disk.0.io_share_count": "1000",
                            "disk.0.io_share_level": "normal",
                            "disk.0.keep_on_remove": "false",
                            "disk.0.key": "2000",
                            "disk.0.label": "disk0",
                            "disk.0.name": "",
                            "disk.0.path": "iot-vm20_1/iot-vm20.vmdk",
                            "disk.0.size": "128",
                            "disk.0.thin_provisioned": "true",
                            "disk.0.unit_number": "0",
                            "disk.0.uuid": "6000C299-c300-d88d-2c54-bbeed8fa2924",
                            "disk.0.write_through": "false",
                            "efi_secure_boot_enabled": "false",
                            "enable_disk_uuid": "false",
                            "enable_logging": "false",
                            "ept_rvi_mode": "automatic",
                            "extra_config.%": "0",
                            "firmware": "bios",
                            "folder": "",
                            "force_power_off": "true",
                            "guest_id": "ubuntu64Guest",
                            "guest_ip_addresses.#": "0",
                            "host_system_id": "host-137",
                            "hv_mode": "hvAuto",
                            "id": "4231f143-ae29-622a-65ac-09e0bea501a0",
                            "latency_sensitivity": "normal",
                            "memory": "512",
                            "memory_hot_add_enabled": "false",
                            "memory_limit": "-1",
                            "memory_reservation": "0",
                            "memory_share_count": "5120",
                            "memory_share_level": "normal",
                            "migrate_wait_timeout": "30",
                            "moid": "vm-162",
                            "name": "iot-vm20",
                            "nested_hv_enabled": "false",
                            "network_interface.#": "1",
                            "network_interface.0.adapter_type": "vmxnet3",
                            "network_interface.0.bandwidth_limit": "-1",
                            "network_interface.0.bandwidth_reservation": "0",
                            "network_interface.0.bandwidth_share_count": "50",
                            "network_interface.0.bandwidth_share_level": "normal",
                            "network_interface.0.device_address": "pci:0:7",
                            "network_interface.0.key": "4000",
                            "network_interface.0.mac_address": "00:50:56:b1:47:d3",
                            "network_interface.0.network_id": "network-o145",
                            "network_interface.0.use_static_mac": "false",
                            "num_cores_per_socket": "1",
                            "num_cpus": "1",
                            "reboot_required": "false",
                            "resource_pool_id": "resgroup-12",
                            "run_tools_scripts_after_power_on": "true",
                            "run_tools_scripts_after_resume": "true",
                            "run_tools_scripts_before_guest_reboot": "false",
                            "run_tools_scripts_before_guest_shutdown": "true",
                            "run_tools_scripts_before_guest_standby": "true",
                            "scsi_bus_sharing": "noSharing",
                            "scsi_controller_count": "1",
                            "scsi_type": "pvscsi",
                            "shutdown_wait_timeout": "3",
                            "swap_placement_policy": "inherit",
                            "sync_time_with_host": "false",
                            "tags.#": "0",
                            "uuid": "4231f143-ae29-622a-65ac-09e0bea501a0",
                            "vapp_transport.#": "0",
                            "vmware_tools_status": "guestToolsNotRunning",
                            "vmx_path": "iot-vm20_1/iot-vm20.vmx",
                            "wait_for_guest_net_routable": "true",
                            "wait_for_guest_net_timeout": "0"
                        },
                        "meta": {
                            "schema_version": "3"
                        },
                        "tainted": false
                    },
                    "deposed": [],
                    "provider": "provider.vsphere"
                },
                "vsphere_virtual_machine.vmi2.1": {
                    "type": "vsphere_virtual_machine",
                    "depends_on": [
                        "data.vsphere_compute_cluster.cluster2",
                        "data.vsphere_datastore.datastore",
                        "data.vsphere_network.network",
                        "data.vsphere_virtual_machine.template"
                    ],
                    "primary": {
                        "id": "4231ef95-ccae-17f0-226a-3bb7ba497b07",
                        "attributes": {
                            "alternate_guest_name": "",
                            "annotation": "",
                            "boot_delay": "0",
                            "boot_retry_delay": "10000",
                            "boot_retry_enabled": "false",
                            "cdrom.#": "0",
                            "change_version": "2018-11-19T08:52:29.327896Z",
                            "clone.#": "1",
                            "clone.0.customize.#": "0",
                            "clone.0.linked_clone": "true",
                            "clone.0.template_uuid": "42317409-262f-86d2-34e6-40174c7571e9",
                            "clone.0.timeout": "30",
                            "cpu_hot_add_enabled": "false",
                            "cpu_hot_remove_enabled": "false",
                            "cpu_limit": "-1",
                            "cpu_performance_counters_enabled": "false",
                            "cpu_reservation": "0",
                            "cpu_share_count": "1000",
                            "cpu_share_level": "normal",
                            "custom_attributes.%": "0",
                            "datastore_id": "datastore-143",
                            "disk.#": "1",
                            "disk.0.attach": "false",
                            "disk.0.datastore_id": "datastore-143",
                            "disk.0.device_address": "scsi:0:0",
                            "disk.0.disk_mode": "persistent",
                            "disk.0.disk_sharing": "sharingNone",
                            "disk.0.eagerly_scrub": "false",
                            "disk.0.io_limit": "-1",
                            "disk.0.io_reservation": "0",
                            "disk.0.io_share_count": "1000",
                            "disk.0.io_share_level": "normal",
                            "disk.0.keep_on_remove": "false",
                            "disk.0.key": "2000",
                            "disk.0.label": "disk0",
                            "disk.0.name": "",
                            "disk.0.path": "iot-vm21_1/iot-vm21.vmdk",
                            "disk.0.size": "128",
                            "disk.0.thin_provisioned": "true",
                            "disk.0.unit_number": "0",
                            "disk.0.uuid": "6000C299-c300-d88d-2c54-bbeed8fa2924",
                            "disk.0.write_through": "false",
                            "efi_secure_boot_enabled": "false",
                            "enable_disk_uuid": "false",
                            "enable_logging": "false",
                            "ept_rvi_mode": "automatic",
                            "extra_config.%": "0",
                            "firmware": "bios",
                            "folder": "",
                            "force_power_off": "true",
                            "guest_id": "ubuntu64Guest",
                            "guest_ip_addresses.#": "0",
                            "host_system_id": "host-137",
                            "hv_mode": "hvAuto",
                            "id": "4231ef95-ccae-17f0-226a-3bb7ba497b07",
                            "latency_sensitivity": "normal",
                            "memory": "512",
                            "memory_hot_add_enabled": "false",
                            "memory_limit": "-1",
                            "memory_reservation": "0",
                            "memory_share_count": "5120",
                            "memory_share_level": "normal",
                            "migrate_wait_timeout": "30",
                            "moid": "vm-167",
                            "name": "iot-vm21",
                            "nested_hv_enabled": "false",
                            "network_interface.#": "1",
                            "network_interface.0.adapter_type": "vmxnet3",
                            "network_interface.0.bandwidth_limit": "-1",
                            "network_interface.0.bandwidth_reservation": "0",
                            "network_interface.0.bandwidth_share_count": "50",
                            "network_interface.0.bandwidth_share_level": "normal",
                            "network_interface.0.device_address": "pci:0:7",
                            "network_interface.0.key": "4000",
                            "network_interface.0.mac_address": "00:50:56:b1:86:e8",
                            "network_interface.0.network_id": "network-o145",
                            "network_interface.0.use_static_mac": "false",
                            "num_cores_per_socket": "1",
                            "num_cpus": "1",
                            "reboot_required": "false",
                            "resource_pool_id": "resgroup-12",
                            "run_tools_scripts_after_power_on": "true",
                            "run_tools_scripts_after_resume": "true",
                            "run_tools_scripts_before_guest_reboot": "false",
                            "run_tools_scripts_before_guest_shutdown": "true",
                            "run_tools_scripts_before_guest_standby": "true",
                            "scsi_bus_sharing": "noSharing",
                            "scsi_controller_count": "1",
                            "scsi_type": "pvscsi",
                            "shutdown_wait_timeout": "3",
                            "swap_placement_policy": "inherit",
                            "sync_time_with_host": "false",
                            "tags.#": "0",
                            "uuid": "4231ef95-ccae-17f0-226a-3bb7ba497b07",
                            "vapp_transport.#": "0",
                            "vmware_tools_status": "guestToolsNotRunning",
                            "vmx_path": "iot-vm21_1/iot-vm21.vmx",
                            "wait_for_guest_net_routable": "true",
                            "wait_for_guest_net_timeout": "0"
                        },
                        "meta": {
                            "schema_version": "3"
                        },
                        "tainted": false
                    },
                    "deposed": [],
                    "provider": "provider.vsphere"
                },
                "vsphere_virtual_machine.vmi2.2": {
                    "type": "vsphere_virtual_machine",
                    "depends_on": [
                        "data.vsphere_compute_cluster.cluster2",
                        "data.vsphere_datastore.datastore",
                        "data.vsphere_network.network",
                        "data.vsphere_virtual_machine.template"
                    ],
                    "primary": {
                        "id": "42317772-28b5-34c9-4099-a74219e972c0",
                        "attributes": {
                            "alternate_guest_name": "",
                            "annotation": "",
                            "boot_delay": "0",
                            "boot_retry_delay": "10000",
                            "boot_retry_enabled": "false",
                            "cdrom.#": "0",
                            "change_version": "2018-11-19T08:52:28.87272Z",
                            "clone.#": "1",
                            "clone.0.customize.#": "0",
                            "clone.0.linked_clone": "true",
                            "clone.0.template_uuid": "42317409-262f-86d2-34e6-40174c7571e9",
                            "clone.0.timeout": "30",
                            "cpu_hot_add_enabled": "false",
                            "cpu_hot_remove_enabled": "false",
                            "cpu_limit": "-1",
                            "cpu_performance_counters_enabled": "false",
                            "cpu_reservation": "0",
                            "cpu_share_count": "1000",
                            "cpu_share_level": "normal",
                            "custom_attributes.%": "0",
                            "datastore_id": "datastore-143",
                            "disk.#": "1",
                            "disk.0.attach": "false",
                            "disk.0.datastore_id": "datastore-143",
                            "disk.0.device_address": "scsi:0:0",
                            "disk.0.disk_mode": "persistent",
                            "disk.0.disk_sharing": "sharingNone",
                            "disk.0.eagerly_scrub": "false",
                            "disk.0.io_limit": "-1",
                            "disk.0.io_reservation": "0",
                            "disk.0.io_share_count": "1000",
                            "disk.0.io_share_level": "normal",
                            "disk.0.keep_on_remove": "false",
                            "disk.0.key": "2000",
                            "disk.0.label": "disk0",
                            "disk.0.name": "",
                            "disk.0.path": "iot-vm22_1/iot-vm22.vmdk",
                            "disk.0.size": "128",
                            "disk.0.thin_provisioned": "true",
                            "disk.0.unit_number": "0",
                            "disk.0.uuid": "6000C299-c300-d88d-2c54-bbeed8fa2924",
                            "disk.0.write_through": "false",
                            "efi_secure_boot_enabled": "false",
                            "enable_disk_uuid": "false",
                            "enable_logging": "false",
                            "ept_rvi_mode": "automatic",
                            "extra_config.%": "0",
                            "firmware": "bios",
                            "folder": "",
                            "force_power_off": "true",
                            "guest_id": "ubuntu64Guest",
                            "guest_ip_addresses.#": "0",
                            "host_system_id": "host-135",
                            "hv_mode": "hvAuto",
                            "id": "42317772-28b5-34c9-4099-a74219e972c0",
                            "latency_sensitivity": "normal",
                            "memory": "512",
                            "memory_hot_add_enabled": "false",
                            "memory_limit": "-1",
                            "memory_reservation": "0",
                            "memory_share_count": "5120",
                            "memory_share_level": "normal",
                            "migrate_wait_timeout": "30",
                            "moid": "vm-165",
                            "name": "iot-vm22",
                            "nested_hv_enabled": "false",
                            "network_interface.#": "1",
                            "network_interface.0.adapter_type": "vmxnet3",
                            "network_interface.0.bandwidth_limit": "-1",
                            "network_interface.0.bandwidth_reservation": "0",
                            "network_interface.0.bandwidth_share_count": "50",
                            "network_interface.0.bandwidth_share_level": "normal",
                            "network_interface.0.device_address": "pci:0:7",
                            "network_interface.0.key": "4000",
                            "network_interface.0.mac_address": "00:50:56:b1:e7:c8",
                            "network_interface.0.network_id": "network-o145",
                            "network_interface.0.use_static_mac": "false",
                            "num_cores_per_socket": "1",
                            "num_cpus": "1",
                            "reboot_required": "false",
                            "resource_pool_id": "resgroup-12",
                            "run_tools_scripts_after_power_on": "true",
                            "run_tools_scripts_after_resume": "true",
                            "run_tools_scripts_before_guest_reboot": "false",
                            "run_tools_scripts_before_guest_shutdown": "true",
                            "run_tools_scripts_before_guest_standby": "true",
                            "scsi_bus_sharing": "noSharing",
                            "scsi_controller_count": "1",
                            "scsi_type": "pvscsi",
                            "shutdown_wait_timeout": "3",
                            "swap_placement_policy": "inherit",
                            "sync_time_with_host": "false",
                            "tags.#": "0",
                            "uuid": "42317772-28b5-34c9-4099-a74219e972c0",
                            "vapp_transport.#": "0",
                            "vmware_tools_status": "guestToolsNotRunning",
                            "vmx_path": "iot-vm22_1/iot-vm22.vmx",
                            "wait_for_guest_net_routable": "true",
                            "wait_for_guest_net_timeout": "0"
                        },
                        "meta": {
                            "schema_version": "3"
                        },
                        "tainted": false
                    },
                    "deposed": [],
                    "provider": "provider.vsphere"
                },
                "vsphere_virtual_machine.vmi3.0": {
                    "type": "vsphere_virtual_machine",
                    "depends_on": [
                        "data.vsphere_compute_cluster.cluster3",
                        "data.vsphere_datastore.datastore",
                        "data.vsphere_network.network",
                        "data.vsphere_virtual_machine.template"
                    ],
                    "primary": {
                        "id": "4231b37a-a9d5-7bb5-234e-f4e733384874",
                        "attributes": {
                            "alternate_guest_name": "",
                            "annotation": "",
                            "boot_delay": "0",
                            "boot_retry_delay": "10000",
                            "boot_retry_enabled": "false",
                            "cdrom.#": "0",
                            "change_version": "2018-11-19T08:52:28.759622Z",
                            "clone.#": "1",
                            "clone.0.customize.#": "0",
                            "clone.0.linked_clone": "true",
                            "clone.0.template_uuid": "42317409-262f-86d2-34e6-40174c7571e9",
                            "clone.0.timeout": "30",
                            "cpu_hot_add_enabled": "false",
                            "cpu_hot_remove_enabled": "false",
                            "cpu_limit": "-1",
                            "cpu_performance_counters_enabled": "false",
                            "cpu_reservation": "0",
                            "cpu_share_count": "1000",
                            "cpu_share_level": "normal",
                            "custom_attributes.%": "0",
                            "datastore_id": "datastore-143",
                            "disk.#": "1",
                            "disk.0.attach": "false",
                            "disk.0.datastore_id": "datastore-143",
                            "disk.0.device_address": "scsi:0:0",
                            "disk.0.disk_mode": "persistent",
                            "disk.0.disk_sharing": "sharingNone",
                            "disk.0.eagerly_scrub": "false",
                            "disk.0.io_limit": "-1",
                            "disk.0.io_reservation": "0",
                            "disk.0.io_share_count": "1000",
                            "disk.0.io_share_level": "normal",
                            "disk.0.keep_on_remove": "false",
                            "disk.0.key": "2000",
                            "disk.0.label": "disk0",
                            "disk.0.name": "",
                            "disk.0.path": "iot-vm30_1/iot-vm30.vmdk",
                            "disk.0.size": "128",
                            "disk.0.thin_provisioned": "true",
                            "disk.0.unit_number": "0",
                            "disk.0.uuid": "6000C299-c300-d88d-2c54-bbeed8fa2924",
                            "disk.0.write_through": "false",
                            "efi_secure_boot_enabled": "false",
                            "enable_disk_uuid": "false",
                            "enable_logging": "false",
                            "ept_rvi_mode": "automatic",
                            "extra_config.%": "0",
                            "firmware": "bios",
                            "folder": "",
                            "force_power_off": "true",
                            "guest_id": "ubuntu64Guest",
                            "guest_ip_addresses.#": "0",
                            "host_system_id": "host-141",
                            "hv_mode": "hvAuto",
                            "id": "4231b37a-a9d5-7bb5-234e-f4e733384874",
                            "latency_sensitivity": "normal",
                            "memory": "512",
                            "memory_hot_add_enabled": "false",
                            "memory_limit": "-1",
                            "memory_reservation": "0",
                            "memory_share_count": "5120",
                            "memory_share_level": "normal",
                            "migrate_wait_timeout": "30",
                            "moid": "vm-164",
                            "name": "iot-vm30",
                            "nested_hv_enabled": "false",
                            "network_interface.#": "1",
                            "network_interface.0.adapter_type": "vmxnet3",
                            "network_interface.0.bandwidth_limit": "-1",
                            "network_interface.0.bandwidth_reservation": "0",
                            "network_interface.0.bandwidth_share_count": "50",
                            "network_interface.0.bandwidth_share_level": "normal",
                            "network_interface.0.device_address": "pci:0:7",
                            "network_interface.0.key": "4000",
                            "network_interface.0.mac_address": "00:50:56:b1:03:b5",
                            "network_interface.0.network_id": "network-o145",
                            "network_interface.0.use_static_mac": "false",
                            "num_cores_per_socket": "1",
                            "num_cpus": "1",
                            "reboot_required": "false",
                            "resource_pool_id": "resgroup-104",
                            "run_tools_scripts_after_power_on": "true",
                            "run_tools_scripts_after_resume": "true",
                            "run_tools_scripts_before_guest_reboot": "false",
                            "run_tools_scripts_before_guest_shutdown": "true",
                            "run_tools_scripts_before_guest_standby": "true",
                            "scsi_bus_sharing": "noSharing",
                            "scsi_controller_count": "1",
                            "scsi_type": "pvscsi",
                            "shutdown_wait_timeout": "3",
                            "swap_placement_policy": "inherit",
                            "sync_time_with_host": "false",
                            "tags.#": "0",
                            "uuid": "4231b37a-a9d5-7bb5-234e-f4e733384874",
                            "vapp_transport.#": "0",
                            "vmware_tools_status": "guestToolsNotRunning",
                            "vmx_path": "iot-vm30_1/iot-vm30.vmx",
                            "wait_for_guest_net_routable": "true",
                            "wait_for_guest_net_timeout": "0"
                        },
                        "meta": {
                            "schema_version": "3"
                        },
                        "tainted": false
                    },
                    "deposed": [],
                    "provider": "provider.vsphere"
                },
                "vsphere_virtual_machine.vmi3.1": {
                    "type": "vsphere_virtual_machine",
                    "depends_on": [
                        "data.vsphere_compute_cluster.cluster3",
                        "data.vsphere_datastore.datastore",
                        "data.vsphere_network.network",
                        "data.vsphere_virtual_machine.template"
                    ],
                    "primary": {
                        "id": "4231c4ec-0da8-4ad5-bf9a-4379e5478a1a",
                        "attributes": {
                            "alternate_guest_name": "",
                            "annotation": "",
                            "boot_delay": "0",
                            "boot_retry_delay": "10000",
                            "boot_retry_enabled": "false",
                            "cdrom.#": "0",
                            "change_version": "2018-11-19T08:52:28.590006Z",
                            "clone.#": "1",
                            "clone.0.customize.#": "0",
                            "clone.0.linked_clone": "true",
                            "clone.0.template_uuid": "42317409-262f-86d2-34e6-40174c7571e9",
                            "clone.0.timeout": "30",
                            "cpu_hot_add_enabled": "false",
                            "cpu_hot_remove_enabled": "false",
                            "cpu_limit": "-1",
                            "cpu_performance_counters_enabled": "false",
                            "cpu_reservation": "0",
                            "cpu_share_count": "1000",
                            "cpu_share_level": "normal",
                            "custom_attributes.%": "0",
                            "datastore_id": "datastore-143",
                            "disk.#": "1",
                            "disk.0.attach": "false",
                            "disk.0.datastore_id": "datastore-143",
                            "disk.0.device_address": "scsi:0:0",
                            "disk.0.disk_mode": "persistent",
                            "disk.0.disk_sharing": "sharingNone",
                            "disk.0.eagerly_scrub": "false",
                            "disk.0.io_limit": "-1",
                            "disk.0.io_reservation": "0",
                            "disk.0.io_share_count": "1000",
                            "disk.0.io_share_level": "normal",
                            "disk.0.keep_on_remove": "false",
                            "disk.0.key": "2000",
                            "disk.0.label": "disk0",
                            "disk.0.name": "",
                            "disk.0.path": "iot-vm31_1/iot-vm31.vmdk",
                            "disk.0.size": "128",
                            "disk.0.thin_provisioned": "true",
                            "disk.0.unit_number": "0",
                            "disk.0.uuid": "6000C299-c300-d88d-2c54-bbeed8fa2924",
                            "disk.0.write_through": "false",
                            "efi_secure_boot_enabled": "false",
                            "enable_disk_uuid": "false",
                            "enable_logging": "false",
                            "ept_rvi_mode": "automatic",
                            "extra_config.%": "0",
                            "firmware": "bios",
                            "folder": "",
                            "force_power_off": "true",
                            "guest_id": "ubuntu64Guest",
                            "guest_ip_addresses.#": "0",
                            "host_system_id": "host-141",
                            "hv_mode": "hvAuto",
                            "id": "4231c4ec-0da8-4ad5-bf9a-4379e5478a1a",
                            "latency_sensitivity": "normal",
                            "memory": "512",
                            "memory_hot_add_enabled": "false",
                            "memory_limit": "-1",
                            "memory_reservation": "0",
                            "memory_share_count": "5120",
                            "memory_share_level": "normal",
                            "migrate_wait_timeout": "30",
                            "moid": "vm-170",
                            "name": "iot-vm31",
                            "nested_hv_enabled": "false",
                            "network_interface.#": "1",
                            "network_interface.0.adapter_type": "vmxnet3",
                            "network_interface.0.bandwidth_limit": "-1",
                            "network_interface.0.bandwidth_reservation": "0",
                            "network_interface.0.bandwidth_share_count": "50",
                            "network_interface.0.bandwidth_share_level": "normal",
                            "network_interface.0.device_address": "pci:0:7",
                            "network_interface.0.key": "4000",
                            "network_interface.0.mac_address": "00:50:56:b1:8c:ab",
                            "network_interface.0.network_id": "network-o145",
                            "network_interface.0.use_static_mac": "false",
                            "num_cores_per_socket": "1",
                            "num_cpus": "1",
                            "reboot_required": "false",
                            "resource_pool_id": "resgroup-104",
                            "run_tools_scripts_after_power_on": "true",
                            "run_tools_scripts_after_resume": "true",
                            "run_tools_scripts_before_guest_reboot": "false",
                            "run_tools_scripts_before_guest_shutdown": "true",
                            "run_tools_scripts_before_guest_standby": "true",
                            "scsi_bus_sharing": "noSharing",
                            "scsi_controller_count": "1",
                            "scsi_type": "pvscsi",
                            "shutdown_wait_timeout": "3",
                            "swap_placement_policy": "inherit",
                            "sync_time_with_host": "false",
                            "tags.#": "0",
                            "uuid": "4231c4ec-0da8-4ad5-bf9a-4379e5478a1a",
                            "vapp_transport.#": "0",
                            "vmware_tools_status": "guestToolsNotRunning",
                            "vmx_path": "iot-vm31_1/iot-vm31.vmx",
                            "wait_for_guest_net_routable": "true",
                            "wait_for_guest_net_timeout": "0"
                        },
                        "meta": {
                            "schema_version": "3"
                        },
                        "tainted": false
                    },
                    "deposed": [],
                    "provider": "provider.vsphere"
                },
                "vsphere_virtual_machine.vmi3.2": {
                    "type": "vsphere_virtual_machine",
                    "depends_on": [
                        "data.vsphere_compute_cluster.cluster3",
                        "data.vsphere_datastore.datastore",
                        "data.vsphere_network.network",
                        "data.vsphere_virtual_machine.template"
                    ],
                    "primary": {
                        "id": "423181e7-5324-5e55-e28f-74e2b4ec27f9",
                        "attributes": {
                            "alternate_guest_name": "",
                            "annotation": "",
                            "boot_delay": "0",
                            "boot_retry_delay": "10000",
                            "boot_retry_enabled": "false",
                            "cdrom.#": "0",
                            "change_version": "2018-11-19T08:52:30.475208Z",
                            "clone.#": "1",
                            "clone.0.customize.#": "0",
                            "clone.0.linked_clone": "true",
                            "clone.0.template_uuid": "42317409-262f-86d2-34e6-40174c7571e9",
                            "clone.0.timeout": "30",
                            "cpu_hot_add_enabled": "false",
                            "cpu_hot_remove_enabled": "false",
                            "cpu_limit": "-1",
                            "cpu_performance_counters_enabled": "false",
                            "cpu_reservation": "0",
                            "cpu_share_count": "1000",
                            "cpu_share_level": "normal",
                            "custom_attributes.%": "0",
                            "datastore_id": "datastore-143",
                            "disk.#": "1",
                            "disk.0.attach": "false",
                            "disk.0.datastore_id": "datastore-143",
                            "disk.0.device_address": "scsi:0:0",
                            "disk.0.disk_mode": "persistent",
                            "disk.0.disk_sharing": "sharingNone",
                            "disk.0.eagerly_scrub": "false",
                            "disk.0.io_limit": "-1",
                            "disk.0.io_reservation": "0",
                            "disk.0.io_share_count": "1000",
                            "disk.0.io_share_level": "normal",
                            "disk.0.keep_on_remove": "false",
                            "disk.0.key": "2000",
                            "disk.0.label": "disk0",
                            "disk.0.name": "",
                            "disk.0.path": "iot-vm32_1/iot-vm32.vmdk",
                            "disk.0.size": "128",
                            "disk.0.thin_provisioned": "true",
                            "disk.0.unit_number": "0",
                            "disk.0.uuid": "6000C299-c300-d88d-2c54-bbeed8fa2924",
                            "disk.0.write_through": "false",
                            "efi_secure_boot_enabled": "false",
                            "enable_disk_uuid": "false",
                            "enable_logging": "false",
                            "ept_rvi_mode": "automatic",
                            "extra_config.%": "0",
                            "firmware": "bios",
                            "folder": "",
                            "force_power_off": "true",
                            "guest_id": "ubuntu64Guest",
                            "guest_ip_addresses.#": "0",
                            "host_system_id": "host-139",
                            "hv_mode": "hvAuto",
                            "id": "423181e7-5324-5e55-e28f-74e2b4ec27f9",
                            "latency_sensitivity": "normal",
                            "memory": "512",
                            "memory_hot_add_enabled": "false",
                            "memory_limit": "-1",
                            "memory_reservation": "0",
                            "memory_share_count": "5120",
                            "memory_share_level": "normal",
                            "migrate_wait_timeout": "30",
                            "moid": "vm-166",
                            "name": "iot-vm32",
                            "nested_hv_enabled": "false",
                            "network_interface.#": "1",
                            "network_interface.0.adapter_type": "vmxnet3",
                            "network_interface.0.bandwidth_limit": "-1",
                            "network_interface.0.bandwidth_reservation": "0",
                            "network_interface.0.bandwidth_share_count": "50",
                            "network_interface.0.bandwidth_share_level": "normal",
                            "network_interface.0.device_address": "pci:0:7",
                            "network_interface.0.key": "4000",
                            "network_interface.0.mac_address": "00:50:56:b1:66:4a",
                            "network_interface.0.network_id": "network-o145",
                            "network_interface.0.use_static_mac": "false",
                            "num_cores_per_socket": "1",
                            "num_cpus": "1",
                            "reboot_required": "false",
                            "resource_pool_id": "resgroup-104",
                            "run_tools_scripts_after_power_on": "true",
                            "run_tools_scripts_after_resume": "true",
                            "run_tools_scripts_before_guest_reboot": "false",
                            "run_tools_scripts_before_guest_shutdown": "true",
                            "run_tools_scripts_before_guest_standby": "true",
                            "scsi_bus_sharing": "noSharing",
                            "scsi_controller_count": "1",
                            "scsi_type": "pvscsi",
                            "shutdown_wait_timeout": "3",
                            "swap_placement_policy": "inherit",
                            "sync_time_with_host": "false",
                            "tags.#": "0",
                            "uuid": "423181e7-5324-5e55-e28f-74e2b4ec27f9",
                            "vapp_transport.#": "0",
                            "vmware_tools_status": "guestToolsNotRunning",
                            "vmx_path": "iot-vm32_1/iot-vm32.vmx",
                            "wait_for_guest_net_routable": "true",
                            "wait_for_guest_net_timeout": "0"
                        },
                        "meta": {
                            "schema_version": "3"
                        },
                        "tainted": false
                    },
                    "deposed": [],
                    "provider": "provider.vsphere"
                }
            },
            "depends_on": []
        }
    ]
}
