{
    "version": 3,
    "terraform_version": "0.11.10",
    "serial": 6,
    "lineage": "40937916-8bf8-09e1-ebff-a984d644a22b",
    "modules": [
        {
            "path": [
                "root"
            ],
            "outputs": {},
            "resources": {
                "data.vsphere_compute_cluster.cluster1": {
                    "type": "vsphere_compute_cluster",
                    "depends_on": [
                        "data.vsphere_datacenter.dc"
                    ],
                    "primary": {
                        "id": "domain-c9",
                        "attributes": {
                            "datacenter_id": "datacenter-2",
                            "id": "domain-c9",
                            "name": "comp1",
                            "resource_pool_id": "resgroup-10"
                        },
                        "meta": {},
                        "tainted": false
                    },
                    "deposed": [],
                    "provider": "provider.vsphere"
                },
                "data.vsphere_compute_cluster.cluster2": {
                    "type": "vsphere_compute_cluster",
                    "depends_on": [
                        "data.vsphere_datacenter.dc"
                    ],
                    "primary": {
                        "id": "domain-c11",
                        "attributes": {
                            "datacenter_id": "datacenter-2",
                            "id": "domain-c11",
                            "name": "comp2",
                            "resource_pool_id": "resgroup-12"
                        },
                        "meta": {},
                        "tainted": false
                    },
                    "deposed": [],
                    "provider": "provider.vsphere"
                },
                "data.vsphere_compute_cluster.cluster3": {
                    "type": "vsphere_compute_cluster",
                    "depends_on": [
                        "data.vsphere_datacenter.dc"
                    ],
                    "primary": {
                        "id": "domain-c103",
                        "attributes": {
                            "datacenter_id": "datacenter-2",
                            "id": "domain-c103",
                            "name": "comp3",
                            "resource_pool_id": "resgroup-104"
                        },
                        "meta": {},
                        "tainted": false
                    },
                    "deposed": [],
                    "provider": "provider.vsphere"
                },
                "data.vsphere_datacenter.dc": {
                    "type": "vsphere_datacenter",
                    "depends_on": [],
                    "primary": {
                        "id": "datacenter-2",
                        "attributes": {
                            "id": "datacenter-2",
                            "name": "iot_dc"
                        },
                        "meta": {},
                        "tainted": false
                    },
                    "deposed": [],
                    "provider": "provider.vsphere"
                },
                "data.vsphere_datastore.datastore": {
                    "type": "vsphere_datastore",
                    "depends_on": [
                        "data.vsphere_datacenter.dc"
                    ],
                    "primary": {
                        "id": "datastore-143",
                        "attributes": {
                            "datacenter_id": "datacenter-2",
                            "id": "datastore-143",
                            "name": "nsx_lab"
                        },
                        "meta": {},
                        "tainted": false
                    },
                    "deposed": [],
                    "provider": "provider.vsphere"
                },
                "data.vsphere_network.network": {
                    "type": "vsphere_network",
                    "depends_on": [
                        "data.vsphere_datacenter.dc"
                    ],
                    "primary": {
                        "id": "network-o145",
                        "attributes": {
                            "datacenter_id": "datacenter-2",
                            "id": "network-o145",
                            "name": "ls-192.168.100.0",
                            "type": "OpaqueNetwork"
                        },
                        "meta": {},
                        "tainted": false
                    },
                    "deposed": [],
                    "provider": "provider.vsphere"
                },
                "data.vsphere_virtual_machine.template": {
                    "type": "vsphere_virtual_machine",
                    "depends_on": [
                        "data.vsphere_datacenter.dc"
                    ],
                    "primary": {
                        "id": "42317409-262f-86d2-34e6-40174c7571e9",
                        "attributes": {
                            "alternate_guest_name": "",
                            "datacenter_id": "datacenter-2",
                            "disks.#": "1",
                            "disks.0.eagerly_scrub": "false",
                            "disks.0.size": "128",
                            "disks.0.thin_provisioned": "true",
                            "firmware": "bios",
                            "guest_id": "ubuntu64Guest",
                            "id": "42317409-262f-86d2-34e6-40174c7571e9",
                            "name": "vm_template",
                            "network_interface_types.#": "3",
                            "network_interface_types.0": "vmxnet3",
                            "network_interface_types.1": "vmxnet3",
                            "network_interface_types.2": "vmxnet3",
                            "scsi_bus_sharing": "noSharing",
                            "scsi_controller_scan_count": "1",
                            "scsi_type": "lsilogic"
                        },
                        "meta": {},
                        "tainted": false
                    },
                    "deposed": [],
                    "provider": "provider.vsphere"
                },
                "vsphere_virtual_machine.vm1.0": {
                    "type": "vsphere_virtual_machine",
                    "depends_on": [
                        "data.vsphere_compute_cluster.cluster1",
                        "data.vsphere_datastore.datastore",
                        "data.vsphere_network.network",
                        "data.vsphere_virtual_machine.template"
                    ],
                    "primary": {
                        "id": "4231aec1-e8dd-d76c-6ffb-68ae57c80986",
                        "attributes": {
                            "alternate_guest_name": "",
                            "annotation": "",
                            "boot_delay": "0",
                            "boot_retry_delay": "10000",
                            "boot_retry_enabled": "false",
                            "cdrom.#": "0",
                            "change_version": "2018-11-29T09:00:14.787872Z",
                            "clone.#": "1",
                            "clone.0.customize.#": "0",
                            "clone.0.linked_clone": "true",
                            "clone.0.template_uuid": "42317409-262f-86d2-34e6-40174c7571e9",
                            "clone.0.timeout": "30",
                            "cpu_hot_add_enabled": "false",
                            "cpu_hot_remove_enabled": "false",
                            "cpu_limit": "-1",
                            "cpu_performance_counters_enabled": "false",
                            "cpu_reservation": "0",
                            "cpu_share_count": "1000",
                            "cpu_share_level": "normal",
                            "custom_attributes.%": "0",
                            "datastore_id": "datastore-143",
                            "disk.#": "1",
                            "disk.0.attach": "false",
                            "disk.0.datastore_id": "datastore-143",
                            "disk.0.device_address": "scsi:0:0",
                            "disk.0.disk_mode": "persistent",
                            "disk.0.disk_sharing": "sharingNone",
                            "disk.0.eagerly_scrub": "false",
                            "disk.0.io_limit": "-1",
                            "disk.0.io_reservation": "0",
                            "disk.0.io_share_count": "1000",
                            "disk.0.io_share_level": "normal",
                            "disk.0.keep_on_remove": "false",
                            "disk.0.key": "2000",
                            "disk.0.label": "disk0",
                            "disk.0.name": "",
                            "disk.0.path": "iot-vm10_6/iot-vm10.vmdk",
                            "disk.0.size": "128",
                            "disk.0.thin_provisioned": "true",
                            "disk.0.unit_number": "0",
                            "disk.0.uuid": "6000C299-c300-d88d-2c54-bbeed8fa2924",
                            "disk.0.write_through": "false",
                            "efi_secure_boot_enabled": "false",
                            "enable_disk_uuid": "false",
                            "enable_logging": "false",
                            "ept_rvi_mode": "automatic",
                            "extra_config.%": "0",
                            "firmware": "bios",
                            "folder": "",
                            "force_power_off": "true",
                            "guest_id": "ubuntu64Guest",
                            "guest_ip_addresses.#": "0",
                            "host_system_id": "host-131",
                            "hv_mode": "hvAuto",
                            "id": "4231aec1-e8dd-d76c-6ffb-68ae57c80986",
                            "latency_sensitivity": "normal",
                            "memory": "512",
                            "memory_hot_add_enabled": "false",
                            "memory_limit": "-1",
                            "memory_reservation": "0",
                            "memory_share_count": "5120",
                            "memory_share_level": "normal",
                            "migrate_wait_timeout": "30",
                            "moid": "vm-496",
                            "name": "iot-vm10",
                            "nested_hv_enabled": "false",
                            "network_interface.#": "1",
                            "network_interface.0.adapter_type": "vmxnet3",
                            "network_interface.0.bandwidth_limit": "-1",
                            "network_interface.0.bandwidth_reservation": "0",
                            "network_interface.0.bandwidth_share_count": "50",
                            "network_interface.0.bandwidth_share_level": "normal",
                            "network_interface.0.device_address": "pci:0:7",
                            "network_interface.0.key": "4000",
                            "network_interface.0.mac_address": "00:50:56:b1:e6:10",
                            "network_interface.0.network_id": "network-o145",
                            "network_interface.0.use_static_mac": "false",
                            "num_cores_per_socket": "1",
                            "num_cpus": "1",
                            "reboot_required": "false",
                            "resource_pool_id": "resgroup-10",
                            "run_tools_scripts_after_power_on": "true",
                            "run_tools_scripts_after_resume": "true",
                            "run_tools_scripts_before_guest_reboot": "false",
                            "run_tools_scripts_before_guest_shutdown": "true",
                            "run_tools_scripts_before_guest_standby": "true",
                            "scsi_bus_sharing": "noSharing",
                            "scsi_controller_count": "1",
                            "scsi_type": "pvscsi",
                            "shutdown_wait_timeout": "3",
                            "swap_placement_policy": "inherit",
                            "sync_time_with_host": "false",
                            "tags.#": "0",
                            "uuid": "4231aec1-e8dd-d76c-6ffb-68ae57c80986",
                            "vapp_transport.#": "0",
                            "vmware_tools_status": "guestToolsNotRunning",
                            "vmx_path": "iot-vm10_6/iot-vm10.vmx",
                            "wait_for_guest_net_routable": "true",
                            "wait_for_guest_net_timeout": "0"
                        },
                        "meta": {
                            "schema_version": "3"
                        },
                        "tainted": false
                    },
                    "deposed": [],
                    "provider": "provider.vsphere"
                },
                "vsphere_virtual_machine.vm1.1": {
                    "type": "vsphere_virtual_machine",
                    "depends_on": [
                        "data.vsphere_compute_cluster.cluster1",
                        "data.vsphere_datastore.datastore",
                        "data.vsphere_network.network",
                        "data.vsphere_virtual_machine.template"
                    ],
                    "primary": {
                        "id": "4231b484-1405-6579-ac1f-3fc035fdfeb7",
                        "attributes": {
                            "alternate_guest_name": "",
                            "annotation": "",
                            "boot_delay": "0",
                            "boot_retry_delay": "10000",
                            "boot_retry_enabled": "false",
                            "cdrom.#": "0",
                            "change_version": "2018-11-29T09:00:14.788207Z",
                            "clone.#": "1",
                            "clone.0.customize.#": "0",
                            "clone.0.linked_clone": "true",
                            "clone.0.template_uuid": "42317409-262f-86d2-34e6-40174c7571e9",
                            "clone.0.timeout": "30",
                            "cpu_hot_add_enabled": "false",
                            "cpu_hot_remove_enabled": "false",
                            "cpu_limit": "-1",
                            "cpu_performance_counters_enabled": "false",
                            "cpu_reservation": "0",
                            "cpu_share_count": "1000",
                            "cpu_share_level": "normal",
                            "custom_attributes.%": "0",
                            "datastore_id": "datastore-143",
                            "disk.#": "1",
                            "disk.0.attach": "false",
                            "disk.0.datastore_id": "datastore-143",
                            "disk.0.device_address": "scsi:0:0",
                            "disk.0.disk_mode": "persistent",
                            "disk.0.disk_sharing": "sharingNone",
                            "disk.0.eagerly_scrub": "false",
                            "disk.0.io_limit": "-1",
                            "disk.0.io_reservation": "0",
                            "disk.0.io_share_count": "1000",
                            "disk.0.io_share_level": "normal",
                            "disk.0.keep_on_remove": "false",
                            "disk.0.key": "2000",
                            "disk.0.label": "disk0",
                            "disk.0.name": "",
                            "disk.0.path": "iot-vm11_6/iot-vm11.vmdk",
                            "disk.0.size": "128",
                            "disk.0.thin_provisioned": "true",
                            "disk.0.unit_number": "0",
                            "disk.0.uuid": "6000C299-c300-d88d-2c54-bbeed8fa2924",
                            "disk.0.write_through": "false",
                            "efi_secure_boot_enabled": "false",
                            "enable_disk_uuid": "false",
                            "enable_logging": "false",
                            "ept_rvi_mode": "automatic",
                            "extra_config.%": "0",
                            "firmware": "bios",
                            "folder": "",
                            "force_power_off": "true",
                            "guest_id": "ubuntu64Guest",
                            "guest_ip_addresses.#": "0",
                            "host_system_id": "host-131",
                            "hv_mode": "hvAuto",
                            "id": "4231b484-1405-6579-ac1f-3fc035fdfeb7",
                            "latency_sensitivity": "normal",
                            "memory": "512",
                            "memory_hot_add_enabled": "false",
                            "memory_limit": "-1",
                            "memory_reservation": "0",
                            "memory_share_count": "5120",
                            "memory_share_level": "normal",
                            "migrate_wait_timeout": "30",
                            "moid": "vm-495",
                            "name": "iot-vm11",
                            "nested_hv_enabled": "false",
                            "network_interface.#": "1",
                            "network_interface.0.adapter_type": "vmxnet3",
                            "network_interface.0.bandwidth_limit": "-1",
                            "network_interface.0.bandwidth_reservation": "0",
                            "network_interface.0.bandwidth_share_count": "50",
                            "network_interface.0.bandwidth_share_level": "normal",
                            "network_interface.0.device_address": "pci:0:7",
                            "network_interface.0.key": "4000",
                            "network_interface.0.mac_address": "00:50:56:b1:d7:e8",
                            "network_interface.0.network_id": "network-o145",
                            "network_interface.0.use_static_mac": "false",
                            "num_cores_per_socket": "1",
                            "num_cpus": "1",
                            "reboot_required": "false",
                            "resource_pool_id": "resgroup-10",
                            "run_tools_scripts_after_power_on": "true",
                            "run_tools_scripts_after_resume": "true",
                            "run_tools_scripts_before_guest_reboot": "false",
                            "run_tools_scripts_before_guest_shutdown": "true",
                            "run_tools_scripts_before_guest_standby": "true",
                            "scsi_bus_sharing": "noSharing",
                            "scsi_controller_count": "1",
                            "scsi_type": "pvscsi",
                            "shutdown_wait_timeout": "3",
                            "swap_placement_policy": "inherit",
                            "sync_time_with_host": "false",
                            "tags.#": "0",
                            "uuid": "4231b484-1405-6579-ac1f-3fc035fdfeb7",
                            "vapp_transport.#": "0",
                            "vmware_tools_status": "guestToolsNotRunning",
                            "vmx_path": "iot-vm11_6/iot-vm11.vmx",
                            "wait_for_guest_net_routable": "true",
                            "wait_for_guest_net_timeout": "0"
                        },
                        "meta": {
                            "schema_version": "3"
                        },
                        "tainted": false
                    },
                    "deposed": [],
                    "provider": "provider.vsphere"
                }
            },
            "depends_on": []
        }
    ]
}
