{
    "version": 3,
    "terraform_version": "0.11.10",
    "serial": 28,
    "lineage": "8ba40700-5fc4-3bc0-22ec-de00fdfbf1ae",
    "modules": [
        {
            "path": [
                "root"
            ],
            "outputs": {},
            "resources": {
                "data.nsxt_edge_cluster.edgecluster": {
                    "type": "nsxt_edge_cluster",
                    "depends_on": [],
                    "primary": {
                        "id": "7f6f9081-4a58-49f1-b2b1-e5ba7d30ae11",
                        "attributes": {
                            "deployment_type": "VIRTUAL_MACHINE",
                            "description": "",
                            "display_name": "edge_cluster",
                            "id": "7f6f9081-4a58-49f1-b2b1-e5ba7d30ae11",
                            "member_node_type": "EDGE_NODE"
                        },
                        "meta": {},
                        "tainted": false
                    },
                    "deposed": [],
                    "provider": "provider.nsxt"
                },
                "data.nsxt_logical_tier0_router.t0": {
                    "type": "nsxt_logical_tier0_router",
                    "depends_on": [],
                    "primary": {
                        "id": "e0b34792-c98e-4c75-83cd-2eb3ee16f8d7",
                        "attributes": {
                            "description": "",
                            "display_name": "t0",
                            "edge_cluster_id": "7f6f9081-4a58-49f1-b2b1-e5ba7d30ae11",
                            "high_availability_mode": "ACTIVE_ACTIVE",
                            "id": "e0b34792-c98e-4c75-83cd-2eb3ee16f8d7"
                        },
                        "meta": {},
                        "tainted": false
                    },
                    "deposed": [],
                    "provider": "provider.nsxt"
                },
                "data.nsxt_transport_zone.overlay_tz": {
                    "type": "nsxt_transport_zone",
                    "depends_on": [],
                    "primary": {
                        "id": "fbed1c13-1e0b-4c3f-bae0-594c14d7debc",
                        "attributes": {
                            "description": "",
                            "display_name": "overlay",
                            "host_switch_name": "overlay",
                            "id": "fbed1c13-1e0b-4c3f-bae0-594c14d7debc",
                            "transport_type": "OVERLAY"
                        },
                        "meta": {},
                        "tainted": false
                    },
                    "deposed": [],
                    "provider": "provider.nsxt"
                },
                "nsxt_logical_router_link_port_on_tier0.link_port_tier0": {
                    "type": "nsxt_logical_router_link_port_on_tier0",
                    "depends_on": [
                        "data.nsxt_logical_tier0_router.t0"
                    ],
                    "primary": {
                        "id": "6bc4c89f-ad39-48b6-b19a-715b9048b846",
                        "attributes": {
                            "description": "",
                            "display_name": "downlink_to_t1_0",
                            "id": "6bc4c89f-ad39-48b6-b19a-715b9048b846",
                            "linked_logical_router_port_id": "",
                            "logical_router_id": "e0b34792-c98e-4c75-83cd-2eb3ee16f8d7",
                            "revision": "0",
                            "service_binding.#": "0",
                            "tag.#": "0"
                        },
                        "meta": {},
                        "tainted": false
                    },
                    "deposed": [],
                    "provider": "provider.nsxt"
                },
                "nsxt_logical_router_link_port_on_tier1.link_port_tier1": {
                    "type": "nsxt_logical_router_link_port_on_tier1",
                    "depends_on": [
                        "nsxt_logical_router_link_port_on_tier0.link_port_tier0.*",
                        "nsxt_logical_tier1_router.t1.*"
                    ],
                    "primary": {
                        "id": "577a103f-38e3-4e61-9d20-604e925ef22e",
                        "attributes": {
                            "description": "",
                            "display_name": "downlink_to_t1_$(count.index)",
                            "id": "577a103f-38e3-4e61-9d20-604e925ef22e",
                            "linked_logical_router_port_id": "6bc4c89f-ad39-48b6-b19a-715b9048b846",
                            "logical_router_id": "5f88eaa2-fd6d-412c-a462-9eb48b134066",
                            "revision": "0",
                            "service_binding.#": "0",
                            "tag.#": "0"
                        },
                        "meta": {},
                        "tainted": false
                    },
                    "deposed": [],
                    "provider": "provider.nsxt"
                },
                "nsxt_logical_tier1_router.t1": {
                    "type": "nsxt_logical_tier1_router",
                    "depends_on": [
                        "data.nsxt_edge_cluster.edgecluster"
                    ],
                    "primary": {
                        "id": "5f88eaa2-fd6d-412c-a462-9eb48b134066",
                        "attributes": {
                            "advertise_config_revision": "1",
                            "advertise_connected_routes": "true",
                            "advertise_nat_routes": "false",
                            "advertise_static_routes": "false",
                            "description": "",
                            "display_name": "terraform_t1_0",
                            "edge_cluster_id": "7f6f9081-4a58-49f1-b2b1-e5ba7d30ae11",
                            "enable_router_advertisement": "true",
                            "failover_mode": "PREEMPTIVE",
                            "firewall_sections.#": "1",
                            "firewall_sections.0.is_valid": "true",
                            "firewall_sections.0.target_display_name": "",
                            "firewall_sections.0.target_id": "710a575c-e6b4-4057-943d-c9da01dae897",
                            "firewall_sections.0.target_type": "FirewallSection",
                            "id": "5f88eaa2-fd6d-412c-a462-9eb48b134066",
                            "revision": "0",
                            "tag.#": "0"
                        },
                        "meta": {},
                        "tainted": false
                    },
                    "deposed": [],
                    "provider": "provider.nsxt"
                }
            },
            "depends_on": []
        }
    ]
}
