{
    "version": 3,
    "terraform_version": "0.11.10",
    "serial": 39,
    "lineage": "3ffe07b0-7189-a204-e1b9-6c55e94324a1",
    "modules": [
        {
            "path": [
                "root"
            ],
            "outputs": {},
            "resources": {
                "data.vsphere_compute_cluster.cluster": {
                    "type": "vsphere_compute_cluster",
                    "depends_on": [
                        "data.vsphere_datacenter.dc"
                    ],
                    "primary": {
                        "id": "domain-c325",
                        "attributes": {
                            "datacenter_id": "datacenter-2",
                            "id": "domain-c325",
                            "name": "cluster67",
                            "resource_pool_id": "resgroup-326"
                        },
                        "meta": {},
                        "tainted": false
                    },
                    "deposed": [],
                    "provider": "provider.vsphere"
                },
                "data.vsphere_datacenter.dc": {
                    "type": "vsphere_datacenter",
                    "depends_on": [],
                    "primary": {
                        "id": "datacenter-2",
                        "attributes": {
                            "id": "datacenter-2",
                            "name": "Home"
                        },
                        "meta": {},
                        "tainted": false
                    },
                    "deposed": [],
                    "provider": "provider.vsphere"
                },
                "data.vsphere_datastore.datastore": {
                    "type": "vsphere_datastore",
                    "depends_on": [
                        "data.vsphere_datacenter.dc"
                    ],
                    "primary": {
                        "id": "datastore-13",
                        "attributes": {
                            "datacenter_id": "datacenter-2",
                            "id": "datastore-13",
                            "name": "nsx_lab"
                        },
                        "meta": {},
                        "tainted": false
                    },
                    "deposed": [],
                    "provider": "provider.vsphere"
                },
                "data.vsphere_network.network": {
                    "type": "vsphere_network",
                    "depends_on": [
                        "data.vsphere_datacenter.dc"
                    ],
                    "primary": {
                        "id": "network-20",
                        "attributes": {
                            "datacenter_id": "datacenter-2",
                            "id": "network-20",
                            "name": "VM Network",
                            "type": "Network"
                        },
                        "meta": {},
                        "tainted": false
                    },
                    "deposed": [],
                    "provider": "provider.vsphere"
                },
                "data.vsphere_network.network65": {
                    "type": "vsphere_network",
                    "depends_on": [
                        "data.vsphere_datacenter.dc"
                    ],
                    "primary": {
                        "id": "dvportgroup-94",
                        "attributes": {
                            "datacenter_id": "datacenter-2",
                            "id": "dvportgroup-94",
                            "name": "65-0",
                            "type": "DistributedVirtualPortgroup"
                        },
                        "meta": {},
                        "tainted": false
                    },
                    "deposed": [],
                    "provider": "provider.vsphere"
                },
                "data.vsphere_virtual_machine.template": {
                    "type": "vsphere_virtual_machine",
                    "depends_on": [
                        "data.vsphere_datacenter.dc"
                    ],
                    "primary": {
                        "id": "422f9e50-637e-89ef-1304-d243f8321357",
                        "attributes": {
                            "alternate_guest_name": "",
                            "datacenter_id": "datacenter-2",
                            "disks.#": "1",
                            "disks.0.eagerly_scrub": "false",
                            "disks.0.size": "40",
                            "disks.0.thin_provisioned": "true",
                            "firmware": "efi",
                            "guest_id": "vmkernel65Guest",
                            "id": "422f9e50-637e-89ef-1304-d243f8321357",
                            "name": "esx65_ready_template",
                            "network_interface_types.#": "4",
                            "network_interface_types.0": "vmxnet3",
                            "network_interface_types.1": "vmxnet3",
                            "network_interface_types.2": "vmxnet3",
                            "network_interface_types.3": "vmxnet3",
                            "scsi_bus_sharing": "noSharing",
                            "scsi_controller_scan_count": "1",
                            "scsi_type": "pvscsi"
                        },
                        "meta": {},
                        "tainted": false
                    },
                    "deposed": [],
                    "provider": "provider.vsphere"
                },
                "vsphere_virtual_machine.vm.0": {
                    "type": "vsphere_virtual_machine",
                    "depends_on": [
                        "data.vsphere_compute_cluster.cluster",
                        "data.vsphere_datastore.datastore",
                        "data.vsphere_network.network",
                        "data.vsphere_network.network65",
                        "data.vsphere_virtual_machine.template"
                    ],
                    "primary": {
                        "id": "422f790f-72d1-3a63-d1fd-f2a6b7ab711b",
                        "attributes": {
                            "alternate_guest_name": "",
                            "annotation": "",
                            "boot_delay": "0",
                            "boot_retry_delay": "10000",
                            "boot_retry_enabled": "false",
                            "cdrom.#": "0",
                            "change_version": "2018-11-14T02:38:21.584059Z",
                            "clone.#": "1",
                            "clone.0.customize.#": "0",
                            "clone.0.linked_clone": "true",
                            "clone.0.template_uuid": "422f9e50-637e-89ef-1304-d243f8321357",
                            "clone.0.timeout": "30",
                            "cpu_hot_add_enabled": "false",
                            "cpu_hot_remove_enabled": "false",
                            "cpu_limit": "-1",
                            "cpu_performance_counters_enabled": "false",
                            "cpu_reservation": "0",
                            "cpu_share_count": "8000",
                            "cpu_share_level": "normal",
                            "custom_attributes.%": "0",
                            "datastore_id": "datastore-13",
                            "disk.#": "1",
                            "disk.0.attach": "false",
                            "disk.0.datastore_id": "datastore-13",
                            "disk.0.device_address": "scsi:0:0",
                            "disk.0.disk_mode": "persistent",
                            "disk.0.disk_sharing": "sharingNone",
                            "disk.0.eagerly_scrub": "false",
                            "disk.0.io_limit": "-1",
                            "disk.0.io_reservation": "0",
                            "disk.0.io_share_count": "1000",
                            "disk.0.io_share_level": "normal",
                            "disk.0.keep_on_remove": "false",
                            "disk.0.key": "2000",
                            "disk.0.label": "disk0",
                            "disk.0.name": "",
                            "disk.0.path": "iot-ESX0/iot-ESX0.vmdk",
                            "disk.0.size": "40",
                            "disk.0.thin_provisioned": "true",
                            "disk.0.unit_number": "0",
                            "disk.0.uuid": "6000C291-8a43-3ac2-5c04-cf6fef057165",
                            "disk.0.write_through": "false",
                            "efi_secure_boot_enabled": "false",
                            "enable_disk_uuid": "false",
                            "enable_logging": "false",
                            "ept_rvi_mode": "automatic",
                            "extra_config.%": "0",
                            "firmware": "bios",
                            "folder": "",
                            "force_power_off": "true",
                            "guest_id": "vmkernel65Guest",
                            "guest_ip_addresses.#": "0",
                            "host_system_id": "host-323",
                            "hv_mode": "hvAuto",
                            "id": "422f790f-72d1-3a63-d1fd-f2a6b7ab711b",
                            "latency_sensitivity": "normal",
                            "memory": "16384",
                            "memory_hot_add_enabled": "false",
                            "memory_limit": "-1",
                            "memory_reservation": "0",
                            "memory_share_count": "163840",
                            "memory_share_level": "normal",
                            "migrate_wait_timeout": "30",
                            "moid": "vm-618",
                            "name": "iot-ESX0",
                            "nested_hv_enabled": "true",
                            "network_interface.#": "2",
                            "network_interface.0.adapter_type": "vmxnet3",
                            "network_interface.0.bandwidth_limit": "-1",
                            "network_interface.0.bandwidth_reservation": "0",
                            "network_interface.0.bandwidth_share_count": "50",
                            "network_interface.0.bandwidth_share_level": "normal",
                            "network_interface.0.device_address": "pci:0:7",
                            "network_interface.0.key": "4000",
                            "network_interface.0.mac_address": "00:50:56:af:93:66",
                            "network_interface.0.network_id": "network-20",
                            "network_interface.0.use_static_mac": "false",
                            "network_interface.1.adapter_type": "vmxnet3",
                            "network_interface.1.bandwidth_limit": "-1",
                            "network_interface.1.bandwidth_reservation": "0",
                            "network_interface.1.bandwidth_share_count": "50",
                            "network_interface.1.bandwidth_share_level": "normal",
                            "network_interface.1.device_address": "pci:0:8",
                            "network_interface.1.key": "4001",
                            "network_interface.1.mac_address": "00:50:56:af:b9:28",
                            "network_interface.1.network_id": "dvportgroup-94",
                            "network_interface.1.use_static_mac": "false",
                            "num_cores_per_socket": "1",
                            "num_cpus": "8",
                            "reboot_required": "false",
                            "resource_pool_id": "resgroup-326",
                            "run_tools_scripts_after_power_on": "true",
                            "run_tools_scripts_after_resume": "true",
                            "run_tools_scripts_before_guest_reboot": "false",
                            "run_tools_scripts_before_guest_shutdown": "true",
                            "run_tools_scripts_before_guest_standby": "true",
                            "scsi_bus_sharing": "noSharing",
                            "scsi_controller_count": "1",
                            "scsi_type": "pvscsi",
                            "shutdown_wait_timeout": "3",
                            "swap_placement_policy": "inherit",
                            "sync_time_with_host": "false",
                            "tags.#": "0",
                            "uuid": "422f790f-72d1-3a63-d1fd-f2a6b7ab711b",
                            "vapp_transport.#": "0",
                            "vmware_tools_status": "guestToolsNotRunning",
                            "vmx_path": "iot-ESX0/iot-ESX0.vmx",
                            "wait_for_guest_net_routable": "true",
                            "wait_for_guest_net_timeout": "0"
                        },
                        "meta": {
                            "schema_version": "3"
                        },
                        "tainted": false
                    },
                    "deposed": [],
                    "provider": "provider.vsphere"
                },
                "vsphere_virtual_machine.vm.1": {
                    "type": "vsphere_virtual_machine",
                    "depends_on": [
                        "data.vsphere_compute_cluster.cluster",
                        "data.vsphere_datastore.datastore",
                        "data.vsphere_network.network",
                        "data.vsphere_network.network65",
                        "data.vsphere_virtual_machine.template"
                    ],
                    "primary": {
                        "id": "422f02b4-5102-7f15-c335-c8feac929cc8",
                        "attributes": {
                            "alternate_guest_name": "",
                            "annotation": "",
                            "boot_delay": "0",
                            "boot_retry_delay": "10000",
                            "boot_retry_enabled": "false",
                            "cdrom.#": "0",
                            "change_version": "2018-11-14T02:38:21.703152Z",
                            "clone.#": "1",
                            "clone.0.customize.#": "0",
                            "clone.0.linked_clone": "true",
                            "clone.0.template_uuid": "422f9e50-637e-89ef-1304-d243f8321357",
                            "clone.0.timeout": "30",
                            "cpu_hot_add_enabled": "false",
                            "cpu_hot_remove_enabled": "false",
                            "cpu_limit": "-1",
                            "cpu_performance_counters_enabled": "false",
                            "cpu_reservation": "0",
                            "cpu_share_count": "8000",
                            "cpu_share_level": "normal",
                            "custom_attributes.%": "0",
                            "datastore_id": "datastore-13",
                            "disk.#": "1",
                            "disk.0.attach": "false",
                            "disk.0.datastore_id": "datastore-13",
                            "disk.0.device_address": "scsi:0:0",
                            "disk.0.disk_mode": "persistent",
                            "disk.0.disk_sharing": "sharingNone",
                            "disk.0.eagerly_scrub": "false",
                            "disk.0.io_limit": "-1",
                            "disk.0.io_reservation": "0",
                            "disk.0.io_share_count": "1000",
                            "disk.0.io_share_level": "normal",
                            "disk.0.keep_on_remove": "false",
                            "disk.0.key": "2000",
                            "disk.0.label": "disk0",
                            "disk.0.name": "",
                            "disk.0.path": "iot-ESX1/iot-ESX1.vmdk",
                            "disk.0.size": "40",
                            "disk.0.thin_provisioned": "true",
                            "disk.0.unit_number": "0",
                            "disk.0.uuid": "6000C291-8a43-3ac2-5c04-cf6fef057165",
                            "disk.0.write_through": "false",
                            "efi_secure_boot_enabled": "false",
                            "enable_disk_uuid": "false",
                            "enable_logging": "false",
                            "ept_rvi_mode": "automatic",
                            "extra_config.%": "0",
                            "firmware": "bios",
                            "folder": "",
                            "force_power_off": "true",
                            "guest_id": "vmkernel65Guest",
                            "guest_ip_addresses.#": "0",
                            "host_system_id": "host-323",
                            "hv_mode": "hvAuto",
                            "id": "422f02b4-5102-7f15-c335-c8feac929cc8",
                            "latency_sensitivity": "normal",
                            "memory": "16384",
                            "memory_hot_add_enabled": "false",
                            "memory_limit": "-1",
                            "memory_reservation": "0",
                            "memory_share_count": "163840",
                            "memory_share_level": "normal",
                            "migrate_wait_timeout": "30",
                            "moid": "vm-620",
                            "name": "iot-ESX1",
                            "nested_hv_enabled": "true",
                            "network_interface.#": "2",
                            "network_interface.0.adapter_type": "vmxnet3",
                            "network_interface.0.bandwidth_limit": "-1",
                            "network_interface.0.bandwidth_reservation": "0",
                            "network_interface.0.bandwidth_share_count": "50",
                            "network_interface.0.bandwidth_share_level": "normal",
                            "network_interface.0.device_address": "pci:0:7",
                            "network_interface.0.key": "4000",
                            "network_interface.0.mac_address": "00:50:56:af:60:ba",
                            "network_interface.0.network_id": "network-20",
                            "network_interface.0.use_static_mac": "false",
                            "network_interface.1.adapter_type": "vmxnet3",
                            "network_interface.1.bandwidth_limit": "-1",
                            "network_interface.1.bandwidth_reservation": "0",
                            "network_interface.1.bandwidth_share_count": "50",
                            "network_interface.1.bandwidth_share_level": "normal",
                            "network_interface.1.device_address": "pci:0:8",
                            "network_interface.1.key": "4001",
                            "network_interface.1.mac_address": "00:50:56:af:bb:54",
                            "network_interface.1.network_id": "dvportgroup-94",
                            "network_interface.1.use_static_mac": "false",
                            "num_cores_per_socket": "1",
                            "num_cpus": "8",
                            "reboot_required": "false",
                            "resource_pool_id": "resgroup-326",
                            "run_tools_scripts_after_power_on": "true",
                            "run_tools_scripts_after_resume": "true",
                            "run_tools_scripts_before_guest_reboot": "false",
                            "run_tools_scripts_before_guest_shutdown": "true",
                            "run_tools_scripts_before_guest_standby": "true",
                            "scsi_bus_sharing": "noSharing",
                            "scsi_controller_count": "1",
                            "scsi_type": "pvscsi",
                            "shutdown_wait_timeout": "3",
                            "swap_placement_policy": "inherit",
                            "sync_time_with_host": "false",
                            "tags.#": "0",
                            "uuid": "422f02b4-5102-7f15-c335-c8feac929cc8",
                            "vapp_transport.#": "0",
                            "vmware_tools_status": "guestToolsNotRunning",
                            "vmx_path": "iot-ESX1/iot-ESX1.vmx",
                            "wait_for_guest_net_routable": "true",
                            "wait_for_guest_net_timeout": "0"
                        },
                        "meta": {
                            "schema_version": "3"
                        },
                        "tainted": false
                    },
                    "deposed": [],
                    "provider": "provider.vsphere"
                },
                "vsphere_virtual_machine.vm.2": {
                    "type": "vsphere_virtual_machine",
                    "depends_on": [
                        "data.vsphere_compute_cluster.cluster",
                        "data.vsphere_datastore.datastore",
                        "data.vsphere_network.network",
                        "data.vsphere_network.network65",
                        "data.vsphere_virtual_machine.template"
                    ],
                    "primary": {
                        "id": "422f96f5-ca3b-e2e0-32da-0e90b7b356d6",
                        "attributes": {
                            "alternate_guest_name": "",
                            "annotation": "",
                            "boot_delay": "0",
                            "boot_retry_delay": "10000",
                            "boot_retry_enabled": "false",
                            "cdrom.#": "0",
                            "change_version": "2018-11-14T02:38:21.698024Z",
                            "clone.#": "1",
                            "clone.0.customize.#": "0",
                            "clone.0.linked_clone": "true",
                            "clone.0.template_uuid": "422f9e50-637e-89ef-1304-d243f8321357",
                            "clone.0.timeout": "30",
                            "cpu_hot_add_enabled": "false",
                            "cpu_hot_remove_enabled": "false",
                            "cpu_limit": "-1",
                            "cpu_performance_counters_enabled": "false",
                            "cpu_reservation": "0",
                            "cpu_share_count": "8000",
                            "cpu_share_level": "normal",
                            "custom_attributes.%": "0",
                            "datastore_id": "datastore-13",
                            "disk.#": "1",
                            "disk.0.attach": "false",
                            "disk.0.datastore_id": "datastore-13",
                            "disk.0.device_address": "scsi:0:0",
                            "disk.0.disk_mode": "persistent",
                            "disk.0.disk_sharing": "sharingNone",
                            "disk.0.eagerly_scrub": "false",
                            "disk.0.io_limit": "-1",
                            "disk.0.io_reservation": "0",
                            "disk.0.io_share_count": "1000",
                            "disk.0.io_share_level": "normal",
                            "disk.0.keep_on_remove": "false",
                            "disk.0.key": "2000",
                            "disk.0.label": "disk0",
                            "disk.0.name": "",
                            "disk.0.path": "iot-ESX2/iot-ESX2.vmdk",
                            "disk.0.size": "40",
                            "disk.0.thin_provisioned": "true",
                            "disk.0.unit_number": "0",
                            "disk.0.uuid": "6000C291-8a43-3ac2-5c04-cf6fef057165",
                            "disk.0.write_through": "false",
                            "efi_secure_boot_enabled": "false",
                            "enable_disk_uuid": "false",
                            "enable_logging": "false",
                            "ept_rvi_mode": "automatic",
                            "extra_config.%": "0",
                            "firmware": "bios",
                            "folder": "",
                            "force_power_off": "true",
                            "guest_id": "vmkernel65Guest",
                            "guest_ip_addresses.#": "0",
                            "host_system_id": "host-323",
                            "hv_mode": "hvAuto",
                            "id": "422f96f5-ca3b-e2e0-32da-0e90b7b356d6",
                            "latency_sensitivity": "normal",
                            "memory": "16384",
                            "memory_hot_add_enabled": "false",
                            "memory_limit": "-1",
                            "memory_reservation": "0",
                            "memory_share_count": "163840",
                            "memory_share_level": "normal",
                            "migrate_wait_timeout": "30",
                            "moid": "vm-619",
                            "name": "iot-ESX2",
                            "nested_hv_enabled": "true",
                            "network_interface.#": "2",
                            "network_interface.0.adapter_type": "vmxnet3",
                            "network_interface.0.bandwidth_limit": "-1",
                            "network_interface.0.bandwidth_reservation": "0",
                            "network_interface.0.bandwidth_share_count": "50",
                            "network_interface.0.bandwidth_share_level": "normal",
                            "network_interface.0.device_address": "pci:0:7",
                            "network_interface.0.key": "4000",
                            "network_interface.0.mac_address": "00:50:56:af:18:a1",
                            "network_interface.0.network_id": "network-20",
                            "network_interface.0.use_static_mac": "false",
                            "network_interface.1.adapter_type": "vmxnet3",
                            "network_interface.1.bandwidth_limit": "-1",
                            "network_interface.1.bandwidth_reservation": "0",
                            "network_interface.1.bandwidth_share_count": "50",
                            "network_interface.1.bandwidth_share_level": "normal",
                            "network_interface.1.device_address": "pci:0:8",
                            "network_interface.1.key": "4001",
                            "network_interface.1.mac_address": "00:50:56:af:11:66",
                            "network_interface.1.network_id": "dvportgroup-94",
                            "network_interface.1.use_static_mac": "false",
                            "num_cores_per_socket": "1",
                            "num_cpus": "8",
                            "reboot_required": "false",
                            "resource_pool_id": "resgroup-326",
                            "run_tools_scripts_after_power_on": "true",
                            "run_tools_scripts_after_resume": "true",
                            "run_tools_scripts_before_guest_reboot": "false",
                            "run_tools_scripts_before_guest_shutdown": "true",
                            "run_tools_scripts_before_guest_standby": "true",
                            "scsi_bus_sharing": "noSharing",
                            "scsi_controller_count": "1",
                            "scsi_type": "pvscsi",
                            "shutdown_wait_timeout": "3",
                            "swap_placement_policy": "inherit",
                            "sync_time_with_host": "false",
                            "tags.#": "0",
                            "uuid": "422f96f5-ca3b-e2e0-32da-0e90b7b356d6",
                            "vapp_transport.#": "0",
                            "vmware_tools_status": "guestToolsNotRunning",
                            "vmx_path": "iot-ESX2/iot-ESX2.vmx",
                            "wait_for_guest_net_routable": "true",
                            "wait_for_guest_net_timeout": "0"
                        },
                        "meta": {
                            "schema_version": "3"
                        },
                        "tainted": false
                    },
                    "deposed": [],
                    "provider": "provider.vsphere"
                },
                "vsphere_virtual_machine.vm.3": {
                    "type": "vsphere_virtual_machine",
                    "depends_on": [
                        "data.vsphere_compute_cluster.cluster",
                        "data.vsphere_datastore.datastore",
                        "data.vsphere_network.network",
                        "data.vsphere_network.network65",
                        "data.vsphere_virtual_machine.template"
                    ],
                    "primary": {
                        "id": "422f964b-feea-ae74-3976-b4d0045a4cd9",
                        "attributes": {
                            "alternate_guest_name": "",
                            "annotation": "",
                            "boot_delay": "0",
                            "boot_retry_delay": "10000",
                            "boot_retry_enabled": "false",
                            "cdrom.#": "0",
                            "change_version": "2018-11-14T02:38:21.689929Z",
                            "clone.#": "1",
                            "clone.0.customize.#": "0",
                            "clone.0.linked_clone": "true",
                            "clone.0.template_uuid": "422f9e50-637e-89ef-1304-d243f8321357",
                            "clone.0.timeout": "30",
                            "cpu_hot_add_enabled": "false",
                            "cpu_hot_remove_enabled": "false",
                            "cpu_limit": "-1",
                            "cpu_performance_counters_enabled": "false",
                            "cpu_reservation": "0",
                            "cpu_share_count": "8000",
                            "cpu_share_level": "normal",
                            "custom_attributes.%": "0",
                            "datastore_id": "datastore-13",
                            "disk.#": "1",
                            "disk.0.attach": "false",
                            "disk.0.datastore_id": "datastore-13",
                            "disk.0.device_address": "scsi:0:0",
                            "disk.0.disk_mode": "persistent",
                            "disk.0.disk_sharing": "sharingNone",
                            "disk.0.eagerly_scrub": "false",
                            "disk.0.io_limit": "-1",
                            "disk.0.io_reservation": "0",
                            "disk.0.io_share_count": "1000",
                            "disk.0.io_share_level": "normal",
                            "disk.0.keep_on_remove": "false",
                            "disk.0.key": "2000",
                            "disk.0.label": "disk0",
                            "disk.0.name": "",
                            "disk.0.path": "iot-ESX3/iot-ESX3.vmdk",
                            "disk.0.size": "40",
                            "disk.0.thin_provisioned": "true",
                            "disk.0.unit_number": "0",
                            "disk.0.uuid": "6000C291-8a43-3ac2-5c04-cf6fef057165",
                            "disk.0.write_through": "false",
                            "efi_secure_boot_enabled": "false",
                            "enable_disk_uuid": "false",
                            "enable_logging": "false",
                            "ept_rvi_mode": "automatic",
                            "extra_config.%": "0",
                            "firmware": "bios",
                            "folder": "",
                            "force_power_off": "true",
                            "guest_id": "vmkernel65Guest",
                            "guest_ip_addresses.#": "0",
                            "host_system_id": "host-323",
                            "hv_mode": "hvAuto",
                            "id": "422f964b-feea-ae74-3976-b4d0045a4cd9",
                            "latency_sensitivity": "normal",
                            "memory": "16384",
                            "memory_hot_add_enabled": "false",
                            "memory_limit": "-1",
                            "memory_reservation": "0",
                            "memory_share_count": "163840",
                            "memory_share_level": "normal",
                            "migrate_wait_timeout": "30",
                            "moid": "vm-622",
                            "name": "iot-ESX3",
                            "nested_hv_enabled": "true",
                            "network_interface.#": "2",
                            "network_interface.0.adapter_type": "vmxnet3",
                            "network_interface.0.bandwidth_limit": "-1",
                            "network_interface.0.bandwidth_reservation": "0",
                            "network_interface.0.bandwidth_share_count": "50",
                            "network_interface.0.bandwidth_share_level": "normal",
                            "network_interface.0.device_address": "pci:0:7",
                            "network_interface.0.key": "4000",
                            "network_interface.0.mac_address": "00:50:56:af:c5:82",
                            "network_interface.0.network_id": "network-20",
                            "network_interface.0.use_static_mac": "false",
                            "network_interface.1.adapter_type": "vmxnet3",
                            "network_interface.1.bandwidth_limit": "-1",
                            "network_interface.1.bandwidth_reservation": "0",
                            "network_interface.1.bandwidth_share_count": "50",
                            "network_interface.1.bandwidth_share_level": "normal",
                            "network_interface.1.device_address": "pci:0:8",
                            "network_interface.1.key": "4001",
                            "network_interface.1.mac_address": "00:50:56:af:0a:49",
                            "network_interface.1.network_id": "dvportgroup-94",
                            "network_interface.1.use_static_mac": "false",
                            "num_cores_per_socket": "1",
                            "num_cpus": "8",
                            "reboot_required": "false",
                            "resource_pool_id": "resgroup-326",
                            "run_tools_scripts_after_power_on": "true",
                            "run_tools_scripts_after_resume": "true",
                            "run_tools_scripts_before_guest_reboot": "false",
                            "run_tools_scripts_before_guest_shutdown": "true",
                            "run_tools_scripts_before_guest_standby": "true",
                            "scsi_bus_sharing": "noSharing",
                            "scsi_controller_count": "1",
                            "scsi_type": "pvscsi",
                            "shutdown_wait_timeout": "3",
                            "swap_placement_policy": "inherit",
                            "sync_time_with_host": "false",
                            "tags.#": "0",
                            "uuid": "422f964b-feea-ae74-3976-b4d0045a4cd9",
                            "vapp_transport.#": "0",
                            "vmware_tools_status": "guestToolsNotRunning",
                            "vmx_path": "iot-ESX3/iot-ESX3.vmx",
                            "wait_for_guest_net_routable": "true",
                            "wait_for_guest_net_timeout": "0"
                        },
                        "meta": {
                            "schema_version": "3"
                        },
                        "tainted": false
                    },
                    "deposed": [],
                    "provider": "provider.vsphere"
                },
                "vsphere_virtual_machine.vm.4": {
                    "type": "vsphere_virtual_machine",
                    "depends_on": [
                        "data.vsphere_compute_cluster.cluster",
                        "data.vsphere_datastore.datastore",
                        "data.vsphere_network.network",
                        "data.vsphere_network.network65",
                        "data.vsphere_virtual_machine.template"
                    ],
                    "primary": {
                        "id": "422febf6-f0b8-f2d9-fde4-060f99f30f7d",
                        "attributes": {
                            "alternate_guest_name": "",
                            "annotation": "",
                            "boot_delay": "0",
                            "boot_retry_delay": "10000",
                            "boot_retry_enabled": "false",
                            "cdrom.#": "0",
                            "change_version": "2018-11-14T02:38:21.690019Z",
                            "clone.#": "1",
                            "clone.0.customize.#": "0",
                            "clone.0.linked_clone": "true",
                            "clone.0.template_uuid": "422f9e50-637e-89ef-1304-d243f8321357",
                            "clone.0.timeout": "30",
                            "cpu_hot_add_enabled": "false",
                            "cpu_hot_remove_enabled": "false",
                            "cpu_limit": "-1",
                            "cpu_performance_counters_enabled": "false",
                            "cpu_reservation": "0",
                            "cpu_share_count": "8000",
                            "cpu_share_level": "normal",
                            "custom_attributes.%": "0",
                            "datastore_id": "datastore-13",
                            "disk.#": "1",
                            "disk.0.attach": "false",
                            "disk.0.datastore_id": "datastore-13",
                            "disk.0.device_address": "scsi:0:0",
                            "disk.0.disk_mode": "persistent",
                            "disk.0.disk_sharing": "sharingNone",
                            "disk.0.eagerly_scrub": "false",
                            "disk.0.io_limit": "-1",
                            "disk.0.io_reservation": "0",
                            "disk.0.io_share_count": "1000",
                            "disk.0.io_share_level": "normal",
                            "disk.0.keep_on_remove": "false",
                            "disk.0.key": "2000",
                            "disk.0.label": "disk0",
                            "disk.0.name": "",
                            "disk.0.path": "iot-ESX4/iot-ESX4.vmdk",
                            "disk.0.size": "40",
                            "disk.0.thin_provisioned": "true",
                            "disk.0.unit_number": "0",
                            "disk.0.uuid": "6000C291-8a43-3ac2-5c04-cf6fef057165",
                            "disk.0.write_through": "false",
                            "efi_secure_boot_enabled": "false",
                            "enable_disk_uuid": "false",
                            "enable_logging": "false",
                            "ept_rvi_mode": "automatic",
                            "extra_config.%": "0",
                            "firmware": "bios",
                            "folder": "",
                            "force_power_off": "true",
                            "guest_id": "vmkernel65Guest",
                            "guest_ip_addresses.#": "0",
                            "host_system_id": "host-323",
                            "hv_mode": "hvAuto",
                            "id": "422febf6-f0b8-f2d9-fde4-060f99f30f7d",
                            "latency_sensitivity": "normal",
                            "memory": "16384",
                            "memory_hot_add_enabled": "false",
                            "memory_limit": "-1",
                            "memory_reservation": "0",
                            "memory_share_count": "163840",
                            "memory_share_level": "normal",
                            "migrate_wait_timeout": "30",
                            "moid": "vm-621",
                            "name": "iot-ESX4",
                            "nested_hv_enabled": "true",
                            "network_interface.#": "2",
                            "network_interface.0.adapter_type": "vmxnet3",
                            "network_interface.0.bandwidth_limit": "-1",
                            "network_interface.0.bandwidth_reservation": "0",
                            "network_interface.0.bandwidth_share_count": "50",
                            "network_interface.0.bandwidth_share_level": "normal",
                            "network_interface.0.device_address": "pci:0:7",
                            "network_interface.0.key": "4000",
                            "network_interface.0.mac_address": "00:50:56:af:10:3a",
                            "network_interface.0.network_id": "network-20",
                            "network_interface.0.use_static_mac": "false",
                            "network_interface.1.adapter_type": "vmxnet3",
                            "network_interface.1.bandwidth_limit": "-1",
                            "network_interface.1.bandwidth_reservation": "0",
                            "network_interface.1.bandwidth_share_count": "50",
                            "network_interface.1.bandwidth_share_level": "normal",
                            "network_interface.1.device_address": "pci:0:8",
                            "network_interface.1.key": "4001",
                            "network_interface.1.mac_address": "00:50:56:af:9b:1b",
                            "network_interface.1.network_id": "dvportgroup-94",
                            "network_interface.1.use_static_mac": "false",
                            "num_cores_per_socket": "1",
                            "num_cpus": "8",
                            "reboot_required": "false",
                            "resource_pool_id": "resgroup-326",
                            "run_tools_scripts_after_power_on": "true",
                            "run_tools_scripts_after_resume": "true",
                            "run_tools_scripts_before_guest_reboot": "false",
                            "run_tools_scripts_before_guest_shutdown": "true",
                            "run_tools_scripts_before_guest_standby": "true",
                            "scsi_bus_sharing": "noSharing",
                            "scsi_controller_count": "1",
                            "scsi_type": "pvscsi",
                            "shutdown_wait_timeout": "3",
                            "swap_placement_policy": "inherit",
                            "sync_time_with_host": "false",
                            "tags.#": "0",
                            "uuid": "422febf6-f0b8-f2d9-fde4-060f99f30f7d",
                            "vapp_transport.#": "0",
                            "vmware_tools_status": "guestToolsNotRunning",
                            "vmx_path": "iot-ESX4/iot-ESX4.vmx",
                            "wait_for_guest_net_routable": "true",
                            "wait_for_guest_net_timeout": "0"
                        },
                        "meta": {
                            "schema_version": "3"
                        },
                        "tainted": false
                    },
                    "deposed": [],
                    "provider": "provider.vsphere"
                }
            },
            "depends_on": []
        }
    ]
}
