{
    "version": 3,
    "terraform_version": "0.11.10",
    "serial": 8,
    "lineage": "a7885fdc-23f8-3051-5008-5494858366f3",
    "modules": [
        {
            "path": [
                "root"
            ],
            "outputs": {},
            "resources": {
                "data.nsxt_edge_cluster.edge_cluster1": {
                    "type": "nsxt_edge_cluster",
                    "depends_on": [],
                    "primary": {
                        "id": "a4efb7e7-96e6-4bf4-aca3-a3ed317741e6",
                        "attributes": {
                            "deployment_type": "VIRTUAL_MACHINE",
                            "description": "",
                            "display_name": "AS-Edge-Cluster",
                            "id": "a4efb7e7-96e6-4bf4-aca3-a3ed317741e6",
                            "member_node_type": "EDGE_NODE"
                        },
                        "meta": {},
                        "tainted": false
                    },
                    "deposed": [],
                    "provider": "provider.nsxt"
                },
                "nsxt_dhcp_relay_profile.dr_profile": {
                    "type": "nsxt_dhcp_relay_profile",
                    "depends_on": [],
                    "primary": {
                        "id": "7723542c-2056-4774-ac07-dbc38556ca11",
                        "attributes": {
                            "description": "DRP provisioned by Terraform",
                            "display_name": "DRP",
                            "id": "7723542c-2056-4774-ac07-dbc38556ca11",
                            "revision": "0",
                            "server_addresses.#": "1",
                            "server_addresses.3038467359": "192.17.1.2",
                            "tag.#": "1",
                            "tag.2538353430.scope": "color",
                            "tag.2538353430.tag": "red"
                        },
                        "meta": {},
                        "tainted": false
                    },
                    "deposed": [],
                    "provider": "provider.nsxt"
                },
                "nsxt_dhcp_relay_service.dr_service": {
                    "type": "nsxt_dhcp_relay_service",
                    "depends_on": [
                        "nsxt_dhcp_relay_profile.dr_profile"
                    ],
                    "primary": {
                        "id": "2a6c1ead-1c37-4258-a946-4bb0c2567c1f",
                        "attributes": {
                            "description": "",
                            "dhcp_relay_profile_id": "7723542c-2056-4774-ac07-dbc38556ca11",
                            "display_name": "DRS",
                            "id": "2a6c1ead-1c37-4258-a946-4bb0c2567c1f",
                            "revision": "0",
                            "tag.#": "0"
                        },
                        "meta": {},
                        "tainted": false
                    },
                    "deposed": [],
                    "provider": "provider.nsxt"
                },
                "nsxt_dhcp_server_ip_pool.dhcp_ip_pool-0": {
                    "type": "nsxt_dhcp_server_ip_pool",
                    "depends_on": [
                        "nsxt_logical_dhcp_server.logical_dhcp_server"
                    ],
                    "primary": {
                        "id": "6b1e0949-533d-4f92-9cca-1e96f8b9fa6e",
                        "attributes": {
                            "description": "ip pool",
                            "dhcp_generic_option.#": "0",
                            "dhcp_option_121.#": "0",
                            "display_name": "ip pool",
                            "error_threshold": "98",
                            "gateway_ip": "192.17.1.1",
                            "id": "6b1e0949-533d-4f92-9cca-1e96f8b9fa6e",
                            "ip_range.#": "1",
                            "ip_range.0.end": "192.17.1.254",
                            "ip_range.0.start": "192.17.1.100",
                            "lease_time": "1296000",
                            "logical_dhcp_server_id": "b94e57bd-19c6-4e39-bfa0-1d6321c47508",
                            "revision": "0",
                            "tag.#": "0",
                            "warning_threshold": "70"
                        },
                        "meta": {},
                        "tainted": false
                    },
                    "deposed": [],
                    "provider": "provider.nsxt"
                },
                "nsxt_dhcp_server_ip_pool.dhcp_ip_pool-1": {
                    "type": "nsxt_dhcp_server_ip_pool",
                    "depends_on": [
                        "nsxt_logical_dhcp_server.logical_dhcp_server"
                    ],
                    "primary": {
                        "id": "96dc36f7-a5a8-47fc-9ac5-8ece07e4b82d",
                        "attributes": {
                            "description": "ip pool",
                            "dhcp_generic_option.#": "0",
                            "dhcp_option_121.#": "0",
                            "display_name": "ip pool",
                            "error_threshold": "98",
                            "gateway_ip": "192.17.2.1",
                            "id": "96dc36f7-a5a8-47fc-9ac5-8ece07e4b82d",
                            "ip_range.#": "1",
                            "ip_range.0.end": "192.17.2.254",
                            "ip_range.0.start": "192.17.2.100",
                            "lease_time": "1296000",
                            "logical_dhcp_server_id": "b94e57bd-19c6-4e39-bfa0-1d6321c47508",
                            "revision": "0",
                            "tag.#": "0",
                            "warning_threshold": "70"
                        },
                        "meta": {},
                        "tainted": false
                    },
                    "deposed": [],
                    "provider": "provider.nsxt"
                },
                "nsxt_dhcp_server_ip_pool.dhcp_ip_pool-2": {
                    "type": "nsxt_dhcp_server_ip_pool",
                    "depends_on": [
                        "nsxt_logical_dhcp_server.logical_dhcp_server"
                    ],
                    "primary": {
                        "id": "f223e0d1-81d8-4a8e-a69f-5cbf456b74f6",
                        "attributes": {
                            "description": "ip pool",
                            "dhcp_generic_option.#": "0",
                            "dhcp_option_121.#": "0",
                            "display_name": "ip pool",
                            "error_threshold": "98",
                            "gateway_ip": "192.17.3.1",
                            "id": "f223e0d1-81d8-4a8e-a69f-5cbf456b74f6",
                            "ip_range.#": "1",
                            "ip_range.0.end": "192.17.3.254",
                            "ip_range.0.start": "192.17.3.100",
                            "lease_time": "1296000",
                            "logical_dhcp_server_id": "b94e57bd-19c6-4e39-bfa0-1d6321c47508",
                            "revision": "0",
                            "tag.#": "0",
                            "warning_threshold": "70"
                        },
                        "meta": {},
                        "tainted": false
                    },
                    "deposed": [],
                    "provider": "provider.nsxt"
                },
                "nsxt_dhcp_server_ip_pool.dhcp_ip_pool-3": {
                    "type": "nsxt_dhcp_server_ip_pool",
                    "depends_on": [
                        "nsxt_logical_dhcp_server.logical_dhcp_server"
                    ],
                    "primary": {
                        "id": "94c74ad6-670b-43f2-bd57-d6474bde290e",
                        "attributes": {
                            "description": "ip pool",
                            "dhcp_generic_option.#": "0",
                            "dhcp_option_121.#": "0",
                            "display_name": "ip pool",
                            "error_threshold": "98",
                            "gateway_ip": "192.17.4.1",
                            "id": "94c74ad6-670b-43f2-bd57-d6474bde290e",
                            "ip_range.#": "1",
                            "ip_range.0.end": "192.17.4.254",
                            "ip_range.0.start": "192.17.4.100",
                            "lease_time": "1296000",
                            "logical_dhcp_server_id": "b94e57bd-19c6-4e39-bfa0-1d6321c47508",
                            "revision": "0",
                            "tag.#": "0",
                            "warning_threshold": "70"
                        },
                        "meta": {},
                        "tainted": false
                    },
                    "deposed": [],
                    "provider": "provider.nsxt"
                },
                "nsxt_dhcp_server_ip_pool.dhcp_ip_pool-4": {
                    "type": "nsxt_dhcp_server_ip_pool",
                    "depends_on": [
                        "nsxt_logical_dhcp_server.logical_dhcp_server"
                    ],
                    "primary": {
                        "id": "a4ad8acd-83cd-4444-862a-f1e205047b7f",
                        "attributes": {
                            "description": "ip pool",
                            "dhcp_generic_option.#": "0",
                            "dhcp_option_121.#": "0",
                            "display_name": "ip pool",
                            "error_threshold": "98",
                            "gateway_ip": "192.17.5.1",
                            "id": "a4ad8acd-83cd-4444-862a-f1e205047b7f",
                            "ip_range.#": "1",
                            "ip_range.0.end": "192.17.5.254",
                            "ip_range.0.start": "192.17.5.100",
                            "lease_time": "1296000",
                            "logical_dhcp_server_id": "b94e57bd-19c6-4e39-bfa0-1d6321c47508",
                            "revision": "0",
                            "tag.#": "0",
                            "warning_threshold": "70"
                        },
                        "meta": {},
                        "tainted": false
                    },
                    "deposed": [],
                    "provider": "provider.nsxt"
                },
                "nsxt_dhcp_server_profile.dhcp_profile": {
                    "type": "nsxt_dhcp_server_profile",
                    "depends_on": [
                        "data.nsxt_edge_cluster.edge_cluster1"
                    ],
                    "primary": {
                        "id": "28006724-4dc7-4b51-89ec-3c33594fb8e5",
                        "attributes": {
                            "description": "dhcp_profile provisioned by Terraform",
                            "display_name": "dhcp_profile",
                            "edge_cluster_id": "a4efb7e7-96e6-4bf4-aca3-a3ed317741e6",
                            "edge_cluster_member_indexes.#": "2",
                            "edge_cluster_member_indexes.0": "0",
                            "edge_cluster_member_indexes.1": "1",
                            "id": "28006724-4dc7-4b51-89ec-3c33594fb8e5",
                            "revision": "0",
                            "tag.#": "1",
                            "tag.2538353430.scope": "color",
                            "tag.2538353430.tag": "red"
                        },
                        "meta": {},
                        "tainted": false
                    },
                    "deposed": [],
                    "provider": "provider.nsxt"
                },
                "nsxt_logical_dhcp_server.logical_dhcp_server": {
                    "type": "nsxt_logical_dhcp_server",
                    "depends_on": [
                        "nsxt_dhcp_server_profile.dhcp_profile"
                    ],
                    "primary": {
                        "id": "b94e57bd-19c6-4e39-bfa0-1d6321c47508",
                        "attributes": {
                            "attached_logical_port_id": "",
                            "description": "logical_dhcp_server provisioned by Terraform",
                            "dhcp_generic_option.#": "0",
                            "dhcp_option_121.#": "0",
                            "dhcp_profile_id": "28006724-4dc7-4b51-89ec-3c33594fb8e5",
                            "dhcp_server_ip": "192.17.1.2/24",
                            "display_name": "logical_dhcp_server",
                            "dns_name_servers.#": "1",
                            "dns_name_servers.0": "192.168.0.96",
                            "domain_name": "rkc.local",
                            "gateway_ip": "192.17.1.1",
                            "id": "b94e57bd-19c6-4e39-bfa0-1d6321c47508",
                            "revision": "0",
                            "tag.#": "0"
                        },
                        "meta": {},
                        "tainted": false
                    },
                    "deposed": [],
                    "provider": "provider.nsxt"
                }
            },
            "depends_on": []
        }
    ]
}
