{
    "version": 3,
    "terraform_version": "0.11.10",
    "serial": 15,
    "lineage": "8ba40700-5fc4-3bc0-22ec-de00fdfbf1ae",
    "modules": [
        {
            "path": [
                "root"
            ],
            "outputs": {},
            "resources": {
                "data.nsxt_edge_cluster.edgecluster": {
                    "type": "nsxt_edge_cluster",
                    "depends_on": [],
                    "primary": {
                        "id": "7f6f9081-4a58-49f1-b2b1-e5ba7d30ae11",
                        "attributes": {
                            "deployment_type": "VIRTUAL_MACHINE",
                            "description": "",
                            "display_name": "edge_cluster",
                            "id": "7f6f9081-4a58-49f1-b2b1-e5ba7d30ae11",
                            "member_node_type": "EDGE_NODE"
                        },
                        "meta": {},
                        "tainted": false
                    },
                    "deposed": [],
                    "provider": "provider.nsxt"
                },
                "data.nsxt_logical_tier0_router.t0": {
                    "type": "nsxt_logical_tier0_router",
                    "depends_on": [],
                    "primary": {
                        "id": "e0b34792-c98e-4c75-83cd-2eb3ee16f8d7",
                        "attributes": {
                            "description": "",
                            "display_name": "t0",
                            "edge_cluster_id": "7f6f9081-4a58-49f1-b2b1-e5ba7d30ae11",
                            "high_availability_mode": "ACTIVE_ACTIVE",
                            "id": "e0b34792-c98e-4c75-83cd-2eb3ee16f8d7"
                        },
                        "meta": {},
                        "tainted": false
                    },
                    "deposed": [],
                    "provider": "provider.nsxt"
                },
                "data.nsxt_transport_zone.overlay_tz": {
                    "type": "nsxt_transport_zone",
                    "depends_on": [],
                    "primary": {
                        "id": "fbed1c13-1e0b-4c3f-bae0-594c14d7debc",
                        "attributes": {
                            "description": "",
                            "display_name": "overlay",
                            "host_switch_name": "overlay",
                            "id": "fbed1c13-1e0b-4c3f-bae0-594c14d7debc",
                            "transport_type": "OVERLAY"
                        },
                        "meta": {},
                        "tainted": false
                    },
                    "deposed": [],
                    "provider": "provider.nsxt"
                },
                "nsxt_logical_port.logical_port1.0": {
                    "type": "nsxt_logical_port",
                    "depends_on": [
                        "nsxt_logical_switch.switch1.*"
                    ],
                    "primary": {
                        "id": "7dafd197-9a17-4799-8851-5ff27892210e",
                        "attributes": {
                            "admin_state": "UP",
                            "description": "",
                            "display_name": "LP0 provision from terraform",
                            "id": "7dafd197-9a17-4799-8851-5ff27892210e",
                            "logical_switch_id": "b0a99ba4-0d60-4dab-90bf-536c080962ed",
                            "revision": "0",
                            "switching_profile_id.#": "0",
                            "tag.#": "0"
                        },
                        "meta": {},
                        "tainted": false
                    },
                    "deposed": [],
                    "provider": "provider.nsxt"
                },
                "nsxt_logical_port.logical_port1.1": {
                    "type": "nsxt_logical_port",
                    "depends_on": [
                        "nsxt_logical_switch.switch1.*"
                    ],
                    "primary": {
                        "id": "190528ec-aeb5-4819-836f-4a0b94d44464",
                        "attributes": {
                            "admin_state": "UP",
                            "description": "",
                            "display_name": "LP1 provision from terraform",
                            "id": "190528ec-aeb5-4819-836f-4a0b94d44464",
                            "logical_switch_id": "c97eab33-1ef7-4eb7-b123-4e78e86ccf77",
                            "revision": "0",
                            "switching_profile_id.#": "0",
                            "tag.#": "0"
                        },
                        "meta": {},
                        "tainted": false
                    },
                    "deposed": [],
                    "provider": "provider.nsxt"
                },
                "nsxt_logical_port.logical_port1.10": {
                    "type": "nsxt_logical_port",
                    "depends_on": [
                        "nsxt_logical_switch.switch1.*"
                    ],
                    "primary": {
                        "id": "136726fd-cc07-434a-9c36-c700b9492beb",
                        "attributes": {
                            "admin_state": "UP",
                            "description": "",
                            "display_name": "LP10 provision from terraform",
                            "id": "136726fd-cc07-434a-9c36-c700b9492beb",
                            "logical_switch_id": "1f88925b-fe24-4e43-87f0-c1120ad4394c",
                            "revision": "0",
                            "switching_profile_id.#": "0",
                            "tag.#": "0"
                        },
                        "meta": {},
                        "tainted": false
                    },
                    "deposed": [],
                    "provider": "provider.nsxt"
                },
                "nsxt_logical_port.logical_port1.11": {
                    "type": "nsxt_logical_port",
                    "depends_on": [
                        "nsxt_logical_switch.switch1.*"
                    ],
                    "primary": {
                        "id": "c4cc675d-de84-42e5-8ccb-fab7b4fdb1a9",
                        "attributes": {
                            "admin_state": "UP",
                            "description": "",
                            "display_name": "LP11 provision from terraform",
                            "id": "c4cc675d-de84-42e5-8ccb-fab7b4fdb1a9",
                            "logical_switch_id": "7afcdbb2-a91d-4eb2-a7ce-5d605fe4baac",
                            "revision": "0",
                            "switching_profile_id.#": "0",
                            "tag.#": "0"
                        },
                        "meta": {},
                        "tainted": false
                    },
                    "deposed": [],
                    "provider": "provider.nsxt"
                },
                "nsxt_logical_port.logical_port1.12": {
                    "type": "nsxt_logical_port",
                    "depends_on": [
                        "nsxt_logical_switch.switch1.*"
                    ],
                    "primary": {
                        "id": "f44562d3-9d87-4c7a-b341-0c454d9083db",
                        "attributes": {
                            "admin_state": "UP",
                            "description": "",
                            "display_name": "LP12 provision from terraform",
                            "id": "f44562d3-9d87-4c7a-b341-0c454d9083db",
                            "logical_switch_id": "b9f60d63-a573-46f2-ab78-c6e6a12512b7",
                            "revision": "0",
                            "switching_profile_id.#": "0",
                            "tag.#": "0"
                        },
                        "meta": {},
                        "tainted": false
                    },
                    "deposed": [],
                    "provider": "provider.nsxt"
                },
                "nsxt_logical_port.logical_port1.13": {
                    "type": "nsxt_logical_port",
                    "depends_on": [
                        "nsxt_logical_switch.switch1.*"
                    ],
                    "primary": {
                        "id": "836558c4-e230-4680-bd73-9386ba387c55",
                        "attributes": {
                            "admin_state": "UP",
                            "description": "",
                            "display_name": "LP13 provision from terraform",
                            "id": "836558c4-e230-4680-bd73-9386ba387c55",
                            "logical_switch_id": "818d34bc-33d6-4198-b981-3b587d7863fc",
                            "revision": "0",
                            "switching_profile_id.#": "0",
                            "tag.#": "0"
                        },
                        "meta": {},
                        "tainted": false
                    },
                    "deposed": [],
                    "provider": "provider.nsxt"
                },
                "nsxt_logical_port.logical_port1.14": {
                    "type": "nsxt_logical_port",
                    "depends_on": [
                        "nsxt_logical_switch.switch1.*"
                    ],
                    "primary": {
                        "id": "adfd864a-bd24-4b11-9631-36d536ec00d3",
                        "attributes": {
                            "admin_state": "UP",
                            "description": "",
                            "display_name": "LP14 provision from terraform",
                            "id": "adfd864a-bd24-4b11-9631-36d536ec00d3",
                            "logical_switch_id": "dd726910-76ce-4ab4-abda-95e613866298",
                            "revision": "0",
                            "switching_profile_id.#": "0",
                            "tag.#": "0"
                        },
                        "meta": {},
                        "tainted": false
                    },
                    "deposed": [],
                    "provider": "provider.nsxt"
                },
                "nsxt_logical_port.logical_port1.15": {
                    "type": "nsxt_logical_port",
                    "depends_on": [
                        "nsxt_logical_switch.switch1.*"
                    ],
                    "primary": {
                        "id": "c19f54ca-2347-4005-bdfb-a834c2839cb7",
                        "attributes": {
                            "admin_state": "UP",
                            "description": "",
                            "display_name": "LP15 provision from terraform",
                            "id": "c19f54ca-2347-4005-bdfb-a834c2839cb7",
                            "logical_switch_id": "16835ddf-b190-4565-bfe1-2f4d71a647e7",
                            "revision": "0",
                            "switching_profile_id.#": "0",
                            "tag.#": "0"
                        },
                        "meta": {},
                        "tainted": false
                    },
                    "deposed": [],
                    "provider": "provider.nsxt"
                },
                "nsxt_logical_port.logical_port1.16": {
                    "type": "nsxt_logical_port",
                    "depends_on": [
                        "nsxt_logical_switch.switch1.*"
                    ],
                    "primary": {
                        "id": "4fcbc86f-44c0-4697-9541-69eb897e4634",
                        "attributes": {
                            "admin_state": "UP",
                            "description": "",
                            "display_name": "LP16 provision from terraform",
                            "id": "4fcbc86f-44c0-4697-9541-69eb897e4634",
                            "logical_switch_id": "2cada3fb-163f-4bb2-bd4d-0e70de042185",
                            "revision": "0",
                            "switching_profile_id.#": "0",
                            "tag.#": "0"
                        },
                        "meta": {},
                        "tainted": false
                    },
                    "deposed": [],
                    "provider": "provider.nsxt"
                },
                "nsxt_logical_port.logical_port1.17": {
                    "type": "nsxt_logical_port",
                    "depends_on": [
                        "nsxt_logical_switch.switch1.*"
                    ],
                    "primary": {
                        "id": "95d26bec-69ef-4529-8d24-e627eb8345d7",
                        "attributes": {
                            "admin_state": "UP",
                            "description": "",
                            "display_name": "LP17 provision from terraform",
                            "id": "95d26bec-69ef-4529-8d24-e627eb8345d7",
                            "logical_switch_id": "0512c44f-0744-4adf-b1dc-d63a7e4ca193",
                            "revision": "0",
                            "switching_profile_id.#": "0",
                            "tag.#": "0"
                        },
                        "meta": {},
                        "tainted": false
                    },
                    "deposed": [],
                    "provider": "provider.nsxt"
                },
                "nsxt_logical_port.logical_port1.18": {
                    "type": "nsxt_logical_port",
                    "depends_on": [
                        "nsxt_logical_switch.switch1.*"
                    ],
                    "primary": {
                        "id": "1b90d445-e8c4-421c-9104-503014037f1e",
                        "attributes": {
                            "admin_state": "UP",
                            "description": "",
                            "display_name": "LP18 provision from terraform",
                            "id": "1b90d445-e8c4-421c-9104-503014037f1e",
                            "logical_switch_id": "e532fa2a-53b7-48e6-83dc-fcca5d861d1d",
                            "revision": "0",
                            "switching_profile_id.#": "0",
                            "tag.#": "0"
                        },
                        "meta": {},
                        "tainted": false
                    },
                    "deposed": [],
                    "provider": "provider.nsxt"
                },
                "nsxt_logical_port.logical_port1.19": {
                    "type": "nsxt_logical_port",
                    "depends_on": [
                        "nsxt_logical_switch.switch1.*"
                    ],
                    "primary": {
                        "id": "683649f2-4e1c-4907-9292-5f9e41072ee5",
                        "attributes": {
                            "admin_state": "UP",
                            "description": "",
                            "display_name": "LP19 provision from terraform",
                            "id": "683649f2-4e1c-4907-9292-5f9e41072ee5",
                            "logical_switch_id": "3f4a7b2a-7f13-4455-b787-83f016138ae2",
                            "revision": "0",
                            "switching_profile_id.#": "0",
                            "tag.#": "0"
                        },
                        "meta": {},
                        "tainted": false
                    },
                    "deposed": [],
                    "provider": "provider.nsxt"
                },
                "nsxt_logical_port.logical_port1.2": {
                    "type": "nsxt_logical_port",
                    "depends_on": [
                        "nsxt_logical_switch.switch1.*"
                    ],
                    "primary": {
                        "id": "cbb88571-8c66-4251-b20c-390bcfeca22d",
                        "attributes": {
                            "admin_state": "UP",
                            "description": "",
                            "display_name": "LP2 provision from terraform",
                            "id": "cbb88571-8c66-4251-b20c-390bcfeca22d",
                            "logical_switch_id": "7b6a26e6-20b2-44a6-abb1-ad63a4d65b48",
                            "revision": "0",
                            "switching_profile_id.#": "0",
                            "tag.#": "0"
                        },
                        "meta": {},
                        "tainted": false
                    },
                    "deposed": [],
                    "provider": "provider.nsxt"
                },
                "nsxt_logical_port.logical_port1.20": {
                    "type": "nsxt_logical_port",
                    "depends_on": [
                        "nsxt_logical_switch.switch1.*"
                    ],
                    "primary": {
                        "id": "ae88f53b-6587-47f2-b103-fffb153ccd47",
                        "attributes": {
                            "admin_state": "UP",
                            "description": "",
                            "display_name": "LP20 provision from terraform",
                            "id": "ae88f53b-6587-47f2-b103-fffb153ccd47",
                            "logical_switch_id": "3c5f3d0d-724b-4351-ae9a-b2e7b863c78d",
                            "revision": "0",
                            "switching_profile_id.#": "0",
                            "tag.#": "0"
                        },
                        "meta": {},
                        "tainted": false
                    },
                    "deposed": [],
                    "provider": "provider.nsxt"
                },
                "nsxt_logical_port.logical_port1.21": {
                    "type": "nsxt_logical_port",
                    "depends_on": [
                        "nsxt_logical_switch.switch1.*"
                    ],
                    "primary": {
                        "id": "6bd219cd-b0c1-4e7f-ad56-45a35bbf0bc5",
                        "attributes": {
                            "admin_state": "UP",
                            "description": "",
                            "display_name": "LP21 provision from terraform",
                            "id": "6bd219cd-b0c1-4e7f-ad56-45a35bbf0bc5",
                            "logical_switch_id": "cd969039-b40f-418c-98c6-b3af6e708e0d",
                            "revision": "0",
                            "switching_profile_id.#": "0",
                            "tag.#": "0"
                        },
                        "meta": {},
                        "tainted": false
                    },
                    "deposed": [],
                    "provider": "provider.nsxt"
                },
                "nsxt_logical_port.logical_port1.22": {
                    "type": "nsxt_logical_port",
                    "depends_on": [
                        "nsxt_logical_switch.switch1.*"
                    ],
                    "primary": {
                        "id": "93a607c5-9400-410b-ac3b-172caa1c0c0c",
                        "attributes": {
                            "admin_state": "UP",
                            "description": "",
                            "display_name": "LP22 provision from terraform",
                            "id": "93a607c5-9400-410b-ac3b-172caa1c0c0c",
                            "logical_switch_id": "b726d207-5fbe-46b7-9c40-14cc0d14ed5b",
                            "revision": "0",
                            "switching_profile_id.#": "0",
                            "tag.#": "0"
                        },
                        "meta": {},
                        "tainted": false
                    },
                    "deposed": [],
                    "provider": "provider.nsxt"
                },
                "nsxt_logical_port.logical_port1.23": {
                    "type": "nsxt_logical_port",
                    "depends_on": [
                        "nsxt_logical_switch.switch1.*"
                    ],
                    "primary": {
                        "id": "db17d2b6-0156-46fa-b66d-bb4369ca396b",
                        "attributes": {
                            "admin_state": "UP",
                            "description": "",
                            "display_name": "LP23 provision from terraform",
                            "id": "db17d2b6-0156-46fa-b66d-bb4369ca396b",
                            "logical_switch_id": "03854d64-56ac-4a5b-bffb-abd3191d0d97",
                            "revision": "0",
                            "switching_profile_id.#": "0",
                            "tag.#": "0"
                        },
                        "meta": {},
                        "tainted": false
                    },
                    "deposed": [],
                    "provider": "provider.nsxt"
                },
                "nsxt_logical_port.logical_port1.24": {
                    "type": "nsxt_logical_port",
                    "depends_on": [
                        "nsxt_logical_switch.switch1.*"
                    ],
                    "primary": {
                        "id": "e913a09f-9aca-4d15-95de-a567a3a6a366",
                        "attributes": {
                            "admin_state": "UP",
                            "description": "",
                            "display_name": "LP24 provision from terraform",
                            "id": "e913a09f-9aca-4d15-95de-a567a3a6a366",
                            "logical_switch_id": "cee12eef-cc31-4e19-8b40-b100043d0398",
                            "revision": "0",
                            "switching_profile_id.#": "0",
                            "tag.#": "0"
                        },
                        "meta": {},
                        "tainted": false
                    },
                    "deposed": [],
                    "provider": "provider.nsxt"
                },
                "nsxt_logical_port.logical_port1.25": {
                    "type": "nsxt_logical_port",
                    "depends_on": [
                        "nsxt_logical_switch.switch1.*"
                    ],
                    "primary": {
                        "id": "59ad94eb-371f-46c3-86e6-b99fb12bea46",
                        "attributes": {
                            "admin_state": "UP",
                            "description": "",
                            "display_name": "LP25 provision from terraform",
                            "id": "59ad94eb-371f-46c3-86e6-b99fb12bea46",
                            "logical_switch_id": "1de54e20-1c2b-480c-aa8d-3af14853dae0",
                            "revision": "0",
                            "switching_profile_id.#": "0",
                            "tag.#": "0"
                        },
                        "meta": {},
                        "tainted": false
                    },
                    "deposed": [],
                    "provider": "provider.nsxt"
                },
                "nsxt_logical_port.logical_port1.26": {
                    "type": "nsxt_logical_port",
                    "depends_on": [
                        "nsxt_logical_switch.switch1.*"
                    ],
                    "primary": {
                        "id": "eed0d1a7-ac73-40f6-a663-c366d2788d5d",
                        "attributes": {
                            "admin_state": "UP",
                            "description": "",
                            "display_name": "LP26 provision from terraform",
                            "id": "eed0d1a7-ac73-40f6-a663-c366d2788d5d",
                            "logical_switch_id": "8bdd751e-6266-4715-a030-603bd84fc322",
                            "revision": "0",
                            "switching_profile_id.#": "0",
                            "tag.#": "0"
                        },
                        "meta": {},
                        "tainted": false
                    },
                    "deposed": [],
                    "provider": "provider.nsxt"
                },
                "nsxt_logical_port.logical_port1.27": {
                    "type": "nsxt_logical_port",
                    "depends_on": [
                        "nsxt_logical_switch.switch1.*"
                    ],
                    "primary": {
                        "id": "f7978016-a6b1-4761-ac9a-c10943d6021a",
                        "attributes": {
                            "admin_state": "UP",
                            "description": "",
                            "display_name": "LP27 provision from terraform",
                            "id": "f7978016-a6b1-4761-ac9a-c10943d6021a",
                            "logical_switch_id": "ad724924-76f2-4073-845e-8708228093de",
                            "revision": "0",
                            "switching_profile_id.#": "0",
                            "tag.#": "0"
                        },
                        "meta": {},
                        "tainted": false
                    },
                    "deposed": [],
                    "provider": "provider.nsxt"
                },
                "nsxt_logical_port.logical_port1.28": {
                    "type": "nsxt_logical_port",
                    "depends_on": [
                        "nsxt_logical_switch.switch1.*"
                    ],
                    "primary": {
                        "id": "a9af2b89-d9e8-48cc-b56a-decc6144bed6",
                        "attributes": {
                            "admin_state": "UP",
                            "description": "",
                            "display_name": "LP28 provision from terraform",
                            "id": "a9af2b89-d9e8-48cc-b56a-decc6144bed6",
                            "logical_switch_id": "e000fa88-53c9-4d8a-8508-fddfa0df41c7",
                            "revision": "0",
                            "switching_profile_id.#": "0",
                            "tag.#": "0"
                        },
                        "meta": {},
                        "tainted": false
                    },
                    "deposed": [],
                    "provider": "provider.nsxt"
                },
                "nsxt_logical_port.logical_port1.29": {
                    "type": "nsxt_logical_port",
                    "depends_on": [
                        "nsxt_logical_switch.switch1.*"
                    ],
                    "primary": {
                        "id": "88ae23f9-98f7-4a73-ae09-271a8c806227",
                        "attributes": {
                            "admin_state": "UP",
                            "description": "",
                            "display_name": "LP29 provision from terraform",
                            "id": "88ae23f9-98f7-4a73-ae09-271a8c806227",
                            "logical_switch_id": "677e80d3-d693-41c5-abc0-b51ce147bf21",
                            "revision": "0",
                            "switching_profile_id.#": "0",
                            "tag.#": "0"
                        },
                        "meta": {},
                        "tainted": false
                    },
                    "deposed": [],
                    "provider": "provider.nsxt"
                },
                "nsxt_logical_port.logical_port1.3": {
                    "type": "nsxt_logical_port",
                    "depends_on": [
                        "nsxt_logical_switch.switch1.*"
                    ],
                    "primary": {
                        "id": "be3fc1d3-391b-4ab0-853e-365184d5590a",
                        "attributes": {
                            "admin_state": "UP",
                            "description": "",
                            "display_name": "LP3 provision from terraform",
                            "id": "be3fc1d3-391b-4ab0-853e-365184d5590a",
                            "logical_switch_id": "f7113ab8-5a7a-4575-a60f-c211b25a8dc1",
                            "revision": "0",
                            "switching_profile_id.#": "0",
                            "tag.#": "0"
                        },
                        "meta": {},
                        "tainted": false
                    },
                    "deposed": [],
                    "provider": "provider.nsxt"
                },
                "nsxt_logical_port.logical_port1.30": {
                    "type": "nsxt_logical_port",
                    "depends_on": [
                        "nsxt_logical_switch.switch1.*"
                    ],
                    "primary": {
                        "id": "23f7919e-4616-40af-b31a-444e2e14854a",
                        "attributes": {
                            "admin_state": "UP",
                            "description": "",
                            "display_name": "LP30 provision from terraform",
                            "id": "23f7919e-4616-40af-b31a-444e2e14854a",
                            "logical_switch_id": "63007ea8-fa88-41c5-8ea0-70af0f8c9ec9",
                            "revision": "0",
                            "switching_profile_id.#": "0",
                            "tag.#": "0"
                        },
                        "meta": {},
                        "tainted": false
                    },
                    "deposed": [],
                    "provider": "provider.nsxt"
                },
                "nsxt_logical_port.logical_port1.31": {
                    "type": "nsxt_logical_port",
                    "depends_on": [
                        "nsxt_logical_switch.switch1.*"
                    ],
                    "primary": {
                        "id": "28c2c70a-c5bd-42ad-a3da-9256d4a615c9",
                        "attributes": {
                            "admin_state": "UP",
                            "description": "",
                            "display_name": "LP31 provision from terraform",
                            "id": "28c2c70a-c5bd-42ad-a3da-9256d4a615c9",
                            "logical_switch_id": "66fcfea2-663e-4925-a307-e113d88c9acc",
                            "revision": "0",
                            "switching_profile_id.#": "0",
                            "tag.#": "0"
                        },
                        "meta": {},
                        "tainted": false
                    },
                    "deposed": [],
                    "provider": "provider.nsxt"
                },
                "nsxt_logical_port.logical_port1.32": {
                    "type": "nsxt_logical_port",
                    "depends_on": [
                        "nsxt_logical_switch.switch1.*"
                    ],
                    "primary": {
                        "id": "601aae9f-cdfc-4555-8a44-2d83cce22bdb",
                        "attributes": {
                            "admin_state": "UP",
                            "description": "",
                            "display_name": "LP32 provision from terraform",
                            "id": "601aae9f-cdfc-4555-8a44-2d83cce22bdb",
                            "logical_switch_id": "7d9551ef-bded-42ab-a7aa-54d0f2fa8a62",
                            "revision": "0",
                            "switching_profile_id.#": "0",
                            "tag.#": "0"
                        },
                        "meta": {},
                        "tainted": false
                    },
                    "deposed": [],
                    "provider": "provider.nsxt"
                },
                "nsxt_logical_port.logical_port1.33": {
                    "type": "nsxt_logical_port",
                    "depends_on": [
                        "nsxt_logical_switch.switch1.*"
                    ],
                    "primary": {
                        "id": "1253eff4-65dd-46ee-a3ec-93fec90d1f77",
                        "attributes": {
                            "admin_state": "UP",
                            "description": "",
                            "display_name": "LP33 provision from terraform",
                            "id": "1253eff4-65dd-46ee-a3ec-93fec90d1f77",
                            "logical_switch_id": "c5e9cfcc-ce6d-4d01-8095-ccd51426348b",
                            "revision": "0",
                            "switching_profile_id.#": "0",
                            "tag.#": "0"
                        },
                        "meta": {},
                        "tainted": false
                    },
                    "deposed": [],
                    "provider": "provider.nsxt"
                },
                "nsxt_logical_port.logical_port1.34": {
                    "type": "nsxt_logical_port",
                    "depends_on": [
                        "nsxt_logical_switch.switch1.*"
                    ],
                    "primary": {
                        "id": "c6154cec-22d3-479b-9805-acec5ac45f35",
                        "attributes": {
                            "admin_state": "UP",
                            "description": "",
                            "display_name": "LP34 provision from terraform",
                            "id": "c6154cec-22d3-479b-9805-acec5ac45f35",
                            "logical_switch_id": "e6373692-0317-4210-b367-acd0cca9c87b",
                            "revision": "0",
                            "switching_profile_id.#": "0",
                            "tag.#": "0"
                        },
                        "meta": {},
                        "tainted": false
                    },
                    "deposed": [],
                    "provider": "provider.nsxt"
                },
                "nsxt_logical_port.logical_port1.35": {
                    "type": "nsxt_logical_port",
                    "depends_on": [
                        "nsxt_logical_switch.switch1.*"
                    ],
                    "primary": {
                        "id": "938bbee8-98cb-4c18-b737-aa3d7b3ec9e5",
                        "attributes": {
                            "admin_state": "UP",
                            "description": "",
                            "display_name": "LP35 provision from terraform",
                            "id": "938bbee8-98cb-4c18-b737-aa3d7b3ec9e5",
                            "logical_switch_id": "70dad9c1-9485-4142-a01e-7848794bf3e2",
                            "revision": "0",
                            "switching_profile_id.#": "0",
                            "tag.#": "0"
                        },
                        "meta": {},
                        "tainted": false
                    },
                    "deposed": [],
                    "provider": "provider.nsxt"
                },
                "nsxt_logical_port.logical_port1.36": {
                    "type": "nsxt_logical_port",
                    "depends_on": [
                        "nsxt_logical_switch.switch1.*"
                    ],
                    "primary": {
                        "id": "5eb71248-d5df-4cea-87d9-1c2714407604",
                        "attributes": {
                            "admin_state": "UP",
                            "description": "",
                            "display_name": "LP36 provision from terraform",
                            "id": "5eb71248-d5df-4cea-87d9-1c2714407604",
                            "logical_switch_id": "7a8a8edd-f78d-450a-9d41-03f320dea31e",
                            "revision": "0",
                            "switching_profile_id.#": "0",
                            "tag.#": "0"
                        },
                        "meta": {},
                        "tainted": false
                    },
                    "deposed": [],
                    "provider": "provider.nsxt"
                },
                "nsxt_logical_port.logical_port1.37": {
                    "type": "nsxt_logical_port",
                    "depends_on": [
                        "nsxt_logical_switch.switch1.*"
                    ],
                    "primary": {
                        "id": "9e78d1df-d47a-4931-be14-ce60dfcb9b82",
                        "attributes": {
                            "admin_state": "UP",
                            "description": "",
                            "display_name": "LP37 provision from terraform",
                            "id": "9e78d1df-d47a-4931-be14-ce60dfcb9b82",
                            "logical_switch_id": "c29857bd-75ac-44b5-9e6f-5648143279bc",
                            "revision": "0",
                            "switching_profile_id.#": "0",
                            "tag.#": "0"
                        },
                        "meta": {},
                        "tainted": false
                    },
                    "deposed": [],
                    "provider": "provider.nsxt"
                },
                "nsxt_logical_port.logical_port1.38": {
                    "type": "nsxt_logical_port",
                    "depends_on": [
                        "nsxt_logical_switch.switch1.*"
                    ],
                    "primary": {
                        "id": "c3009364-c7f9-42ab-9d92-b45f62364f13",
                        "attributes": {
                            "admin_state": "UP",
                            "description": "",
                            "display_name": "LP38 provision from terraform",
                            "id": "c3009364-c7f9-42ab-9d92-b45f62364f13",
                            "logical_switch_id": "58e3a283-cf2e-4f72-94d8-257c164d681b",
                            "revision": "0",
                            "switching_profile_id.#": "0",
                            "tag.#": "0"
                        },
                        "meta": {},
                        "tainted": false
                    },
                    "deposed": [],
                    "provider": "provider.nsxt"
                },
                "nsxt_logical_port.logical_port1.39": {
                    "type": "nsxt_logical_port",
                    "depends_on": [
                        "nsxt_logical_switch.switch1.*"
                    ],
                    "primary": {
                        "id": "79facdee-3637-4eac-a1d9-d1e96a1d8280",
                        "attributes": {
                            "admin_state": "UP",
                            "description": "",
                            "display_name": "LP39 provision from terraform",
                            "id": "79facdee-3637-4eac-a1d9-d1e96a1d8280",
                            "logical_switch_id": "3b5a66c9-8f03-4957-b497-568a10f5e174",
                            "revision": "0",
                            "switching_profile_id.#": "0",
                            "tag.#": "0"
                        },
                        "meta": {},
                        "tainted": false
                    },
                    "deposed": [],
                    "provider": "provider.nsxt"
                },
                "nsxt_logical_port.logical_port1.4": {
                    "type": "nsxt_logical_port",
                    "depends_on": [
                        "nsxt_logical_switch.switch1.*"
                    ],
                    "primary": {
                        "id": "a0f2e1ad-b3a3-4902-927c-fca34aafe442",
                        "attributes": {
                            "admin_state": "UP",
                            "description": "",
                            "display_name": "LP4 provision from terraform",
                            "id": "a0f2e1ad-b3a3-4902-927c-fca34aafe442",
                            "logical_switch_id": "b49a0a13-5032-4480-8952-c3ac5fc26d22",
                            "revision": "0",
                            "switching_profile_id.#": "0",
                            "tag.#": "0"
                        },
                        "meta": {},
                        "tainted": false
                    },
                    "deposed": [],
                    "provider": "provider.nsxt"
                },
                "nsxt_logical_port.logical_port1.40": {
                    "type": "nsxt_logical_port",
                    "depends_on": [
                        "nsxt_logical_switch.switch1.*"
                    ],
                    "primary": {
                        "id": "e4a2cadb-0f3a-4b0f-bb2d-96b2218565a4",
                        "attributes": {
                            "admin_state": "UP",
                            "description": "",
                            "display_name": "LP40 provision from terraform",
                            "id": "e4a2cadb-0f3a-4b0f-bb2d-96b2218565a4",
                            "logical_switch_id": "18a1dcf3-6a2e-4f57-aed5-b7cf945716fa",
                            "revision": "0",
                            "switching_profile_id.#": "0",
                            "tag.#": "0"
                        },
                        "meta": {},
                        "tainted": false
                    },
                    "deposed": [],
                    "provider": "provider.nsxt"
                },
                "nsxt_logical_port.logical_port1.41": {
                    "type": "nsxt_logical_port",
                    "depends_on": [
                        "nsxt_logical_switch.switch1.*"
                    ],
                    "primary": {
                        "id": "adf97fd0-7945-472a-9be3-9a44153f229f",
                        "attributes": {
                            "admin_state": "UP",
                            "description": "",
                            "display_name": "LP41 provision from terraform",
                            "id": "adf97fd0-7945-472a-9be3-9a44153f229f",
                            "logical_switch_id": "a789d975-99ed-4834-9fd2-524a823abb96",
                            "revision": "0",
                            "switching_profile_id.#": "0",
                            "tag.#": "0"
                        },
                        "meta": {},
                        "tainted": false
                    },
                    "deposed": [],
                    "provider": "provider.nsxt"
                },
                "nsxt_logical_port.logical_port1.42": {
                    "type": "nsxt_logical_port",
                    "depends_on": [
                        "nsxt_logical_switch.switch1.*"
                    ],
                    "primary": {
                        "id": "63ca133c-ddb1-444b-a740-e56fd05b90df",
                        "attributes": {
                            "admin_state": "UP",
                            "description": "",
                            "display_name": "LP42 provision from terraform",
                            "id": "63ca133c-ddb1-444b-a740-e56fd05b90df",
                            "logical_switch_id": "a6702c2d-ea69-44ef-ad0e-20b6a1641e96",
                            "revision": "0",
                            "switching_profile_id.#": "0",
                            "tag.#": "0"
                        },
                        "meta": {},
                        "tainted": false
                    },
                    "deposed": [],
                    "provider": "provider.nsxt"
                },
                "nsxt_logical_port.logical_port1.43": {
                    "type": "nsxt_logical_port",
                    "depends_on": [
                        "nsxt_logical_switch.switch1.*"
                    ],
                    "primary": {
                        "id": "74990a1d-083a-41b6-91fc-e0b90172cb44",
                        "attributes": {
                            "admin_state": "UP",
                            "description": "",
                            "display_name": "LP43 provision from terraform",
                            "id": "74990a1d-083a-41b6-91fc-e0b90172cb44",
                            "logical_switch_id": "362647ef-7464-4a65-8e68-7b48ae70f43d",
                            "revision": "0",
                            "switching_profile_id.#": "0",
                            "tag.#": "0"
                        },
                        "meta": {},
                        "tainted": false
                    },
                    "deposed": [],
                    "provider": "provider.nsxt"
                },
                "nsxt_logical_port.logical_port1.44": {
                    "type": "nsxt_logical_port",
                    "depends_on": [
                        "nsxt_logical_switch.switch1.*"
                    ],
                    "primary": {
                        "id": "c5b72fd8-88b7-48be-9aa7-72d53676965d",
                        "attributes": {
                            "admin_state": "UP",
                            "description": "",
                            "display_name": "LP44 provision from terraform",
                            "id": "c5b72fd8-88b7-48be-9aa7-72d53676965d",
                            "logical_switch_id": "d011524b-aa57-4fb0-9f91-02b457851027",
                            "revision": "0",
                            "switching_profile_id.#": "0",
                            "tag.#": "0"
                        },
                        "meta": {},
                        "tainted": false
                    },
                    "deposed": [],
                    "provider": "provider.nsxt"
                },
                "nsxt_logical_port.logical_port1.45": {
                    "type": "nsxt_logical_port",
                    "depends_on": [
                        "nsxt_logical_switch.switch1.*"
                    ],
                    "primary": {
                        "id": "94686845-5bf6-48c5-9c27-bca777c95288",
                        "attributes": {
                            "admin_state": "UP",
                            "description": "",
                            "display_name": "LP45 provision from terraform",
                            "id": "94686845-5bf6-48c5-9c27-bca777c95288",
                            "logical_switch_id": "c01a1876-8f33-40b7-bf54-0ee6ad53afef",
                            "revision": "0",
                            "switching_profile_id.#": "0",
                            "tag.#": "0"
                        },
                        "meta": {},
                        "tainted": false
                    },
                    "deposed": [],
                    "provider": "provider.nsxt"
                },
                "nsxt_logical_port.logical_port1.46": {
                    "type": "nsxt_logical_port",
                    "depends_on": [
                        "nsxt_logical_switch.switch1.*"
                    ],
                    "primary": {
                        "id": "8e31bc2f-3a7a-41ba-961d-c143ecc36d99",
                        "attributes": {
                            "admin_state": "UP",
                            "description": "",
                            "display_name": "LP46 provision from terraform",
                            "id": "8e31bc2f-3a7a-41ba-961d-c143ecc36d99",
                            "logical_switch_id": "9dbb9001-850a-4005-b572-93ddfb992951",
                            "revision": "0",
                            "switching_profile_id.#": "0",
                            "tag.#": "0"
                        },
                        "meta": {},
                        "tainted": false
                    },
                    "deposed": [],
                    "provider": "provider.nsxt"
                },
                "nsxt_logical_port.logical_port1.47": {
                    "type": "nsxt_logical_port",
                    "depends_on": [
                        "nsxt_logical_switch.switch1.*"
                    ],
                    "primary": {
                        "id": "87d36d30-2e9a-49ed-9e7c-0be589bdcaac",
                        "attributes": {
                            "admin_state": "UP",
                            "description": "",
                            "display_name": "LP47 provision from terraform",
                            "id": "87d36d30-2e9a-49ed-9e7c-0be589bdcaac",
                            "logical_switch_id": "d62de307-e66a-43d0-85c3-c34fdaa5dac2",
                            "revision": "0",
                            "switching_profile_id.#": "0",
                            "tag.#": "0"
                        },
                        "meta": {},
                        "tainted": false
                    },
                    "deposed": [],
                    "provider": "provider.nsxt"
                },
                "nsxt_logical_port.logical_port1.48": {
                    "type": "nsxt_logical_port",
                    "depends_on": [
                        "nsxt_logical_switch.switch1.*"
                    ],
                    "primary": {
                        "id": "85ecd265-985c-4fba-b690-fc3242a0927b",
                        "attributes": {
                            "admin_state": "UP",
                            "description": "",
                            "display_name": "LP48 provision from terraform",
                            "id": "85ecd265-985c-4fba-b690-fc3242a0927b",
                            "logical_switch_id": "501806b7-5250-41d9-8010-2f6c92d7e03d",
                            "revision": "0",
                            "switching_profile_id.#": "0",
                            "tag.#": "0"
                        },
                        "meta": {},
                        "tainted": false
                    },
                    "deposed": [],
                    "provider": "provider.nsxt"
                },
                "nsxt_logical_port.logical_port1.49": {
                    "type": "nsxt_logical_port",
                    "depends_on": [
                        "nsxt_logical_switch.switch1.*"
                    ],
                    "primary": {
                        "id": "d10083c8-9fbf-47f8-9627-603fbd203a59",
                        "attributes": {
                            "admin_state": "UP",
                            "description": "",
                            "display_name": "LP49 provision from terraform",
                            "id": "d10083c8-9fbf-47f8-9627-603fbd203a59",
                            "logical_switch_id": "ed453d68-0e10-45dc-8464-8f69e3c9243c",
                            "revision": "0",
                            "switching_profile_id.#": "0",
                            "tag.#": "0"
                        },
                        "meta": {},
                        "tainted": false
                    },
                    "deposed": [],
                    "provider": "provider.nsxt"
                },
                "nsxt_logical_port.logical_port1.5": {
                    "type": "nsxt_logical_port",
                    "depends_on": [
                        "nsxt_logical_switch.switch1.*"
                    ],
                    "primary": {
                        "id": "c8673031-ce75-450a-84e6-7d3c4a44713b",
                        "attributes": {
                            "admin_state": "UP",
                            "description": "",
                            "display_name": "LP5 provision from terraform",
                            "id": "c8673031-ce75-450a-84e6-7d3c4a44713b",
                            "logical_switch_id": "b289c328-eeee-4d74-a309-5e676c9d0120",
                            "revision": "0",
                            "switching_profile_id.#": "0",
                            "tag.#": "0"
                        },
                        "meta": {},
                        "tainted": false
                    },
                    "deposed": [],
                    "provider": "provider.nsxt"
                },
                "nsxt_logical_port.logical_port1.50": {
                    "type": "nsxt_logical_port",
                    "depends_on": [
                        "nsxt_logical_switch.switch1.*"
                    ],
                    "primary": {
                        "id": "1010936b-c542-47ec-8af4-1a4434f8c6fc",
                        "attributes": {
                            "admin_state": "UP",
                            "description": "",
                            "display_name": "LP50 provision from terraform",
                            "id": "1010936b-c542-47ec-8af4-1a4434f8c6fc",
                            "logical_switch_id": "ee4c786b-c19e-4f44-9702-a9100be818a5",
                            "revision": "0",
                            "switching_profile_id.#": "0",
                            "tag.#": "0"
                        },
                        "meta": {},
                        "tainted": false
                    },
                    "deposed": [],
                    "provider": "provider.nsxt"
                },
                "nsxt_logical_port.logical_port1.51": {
                    "type": "nsxt_logical_port",
                    "depends_on": [
                        "nsxt_logical_switch.switch1.*"
                    ],
                    "primary": {
                        "id": "40be4b73-7966-4f2b-bc7f-1cc5ce78f107",
                        "attributes": {
                            "admin_state": "UP",
                            "description": "",
                            "display_name": "LP51 provision from terraform",
                            "id": "40be4b73-7966-4f2b-bc7f-1cc5ce78f107",
                            "logical_switch_id": "dd8fdcc6-fae7-43e3-a8c2-6cc1261e6bad",
                            "revision": "0",
                            "switching_profile_id.#": "0",
                            "tag.#": "0"
                        },
                        "meta": {},
                        "tainted": false
                    },
                    "deposed": [],
                    "provider": "provider.nsxt"
                },
                "nsxt_logical_port.logical_port1.52": {
                    "type": "nsxt_logical_port",
                    "depends_on": [
                        "nsxt_logical_switch.switch1.*"
                    ],
                    "primary": {
                        "id": "fd5be347-9523-4a0a-9f95-824a3f5a1415",
                        "attributes": {
                            "admin_state": "UP",
                            "description": "",
                            "display_name": "LP52 provision from terraform",
                            "id": "fd5be347-9523-4a0a-9f95-824a3f5a1415",
                            "logical_switch_id": "02d939f9-47d8-49df-b5eb-7d483ca30eb2",
                            "revision": "0",
                            "switching_profile_id.#": "0",
                            "tag.#": "0"
                        },
                        "meta": {},
                        "tainted": false
                    },
                    "deposed": [],
                    "provider": "provider.nsxt"
                },
                "nsxt_logical_port.logical_port1.53": {
                    "type": "nsxt_logical_port",
                    "depends_on": [
                        "nsxt_logical_switch.switch1.*"
                    ],
                    "primary": {
                        "id": "12b65908-1db6-420d-9050-a255fa8bceed",
                        "attributes": {
                            "admin_state": "UP",
                            "description": "",
                            "display_name": "LP53 provision from terraform",
                            "id": "12b65908-1db6-420d-9050-a255fa8bceed",
                            "logical_switch_id": "ace8f043-67a2-413b-886d-10cadb5afcd4",
                            "revision": "0",
                            "switching_profile_id.#": "0",
                            "tag.#": "0"
                        },
                        "meta": {},
                        "tainted": false
                    },
                    "deposed": [],
                    "provider": "provider.nsxt"
                },
                "nsxt_logical_port.logical_port1.54": {
                    "type": "nsxt_logical_port",
                    "depends_on": [
                        "nsxt_logical_switch.switch1.*"
                    ],
                    "primary": {
                        "id": "0daf7780-707f-48be-882b-f0ce8eb23434",
                        "attributes": {
                            "admin_state": "UP",
                            "description": "",
                            "display_name": "LP54 provision from terraform",
                            "id": "0daf7780-707f-48be-882b-f0ce8eb23434",
                            "logical_switch_id": "4b617879-c393-446d-a0a3-277675a7fec9",
                            "revision": "0",
                            "switching_profile_id.#": "0",
                            "tag.#": "0"
                        },
                        "meta": {},
                        "tainted": false
                    },
                    "deposed": [],
                    "provider": "provider.nsxt"
                },
                "nsxt_logical_port.logical_port1.55": {
                    "type": "nsxt_logical_port",
                    "depends_on": [
                        "nsxt_logical_switch.switch1.*"
                    ],
                    "primary": {
                        "id": "3d415698-e38a-4816-843d-5716fd03d7fd",
                        "attributes": {
                            "admin_state": "UP",
                            "description": "",
                            "display_name": "LP55 provision from terraform",
                            "id": "3d415698-e38a-4816-843d-5716fd03d7fd",
                            "logical_switch_id": "1ae4de7e-897f-4e02-9142-d97c4bc28a08",
                            "revision": "0",
                            "switching_profile_id.#": "0",
                            "tag.#": "0"
                        },
                        "meta": {},
                        "tainted": false
                    },
                    "deposed": [],
                    "provider": "provider.nsxt"
                },
                "nsxt_logical_port.logical_port1.56": {
                    "type": "nsxt_logical_port",
                    "depends_on": [
                        "nsxt_logical_switch.switch1.*"
                    ],
                    "primary": {
                        "id": "31aacce5-1b9a-459d-ae26-a97a54cadd65",
                        "attributes": {
                            "admin_state": "UP",
                            "description": "",
                            "display_name": "LP56 provision from terraform",
                            "id": "31aacce5-1b9a-459d-ae26-a97a54cadd65",
                            "logical_switch_id": "a8eeb5df-a3dc-4330-b05e-4d6f86a942fc",
                            "revision": "0",
                            "switching_profile_id.#": "0",
                            "tag.#": "0"
                        },
                        "meta": {},
                        "tainted": false
                    },
                    "deposed": [],
                    "provider": "provider.nsxt"
                },
                "nsxt_logical_port.logical_port1.57": {
                    "type": "nsxt_logical_port",
                    "depends_on": [
                        "nsxt_logical_switch.switch1.*"
                    ],
                    "primary": {
                        "id": "a84fb739-9f32-4df1-b09f-3ee962c43c33",
                        "attributes": {
                            "admin_state": "UP",
                            "description": "",
                            "display_name": "LP57 provision from terraform",
                            "id": "a84fb739-9f32-4df1-b09f-3ee962c43c33",
                            "logical_switch_id": "fed5c1a2-89fa-4a45-b9c5-b2908a15398c",
                            "revision": "0",
                            "switching_profile_id.#": "0",
                            "tag.#": "0"
                        },
                        "meta": {},
                        "tainted": false
                    },
                    "deposed": [],
                    "provider": "provider.nsxt"
                },
                "nsxt_logical_port.logical_port1.58": {
                    "type": "nsxt_logical_port",
                    "depends_on": [
                        "nsxt_logical_switch.switch1.*"
                    ],
                    "primary": {
                        "id": "7db3bc45-fc89-42e2-a6d1-2f221fc59613",
                        "attributes": {
                            "admin_state": "UP",
                            "description": "",
                            "display_name": "LP58 provision from terraform",
                            "id": "7db3bc45-fc89-42e2-a6d1-2f221fc59613",
                            "logical_switch_id": "e36265d1-efed-4300-8dc0-2a3f0b615691",
                            "revision": "0",
                            "switching_profile_id.#": "0",
                            "tag.#": "0"
                        },
                        "meta": {},
                        "tainted": false
                    },
                    "deposed": [],
                    "provider": "provider.nsxt"
                },
                "nsxt_logical_port.logical_port1.59": {
                    "type": "nsxt_logical_port",
                    "depends_on": [
                        "nsxt_logical_switch.switch1.*"
                    ],
                    "primary": {
                        "id": "d66b7233-3374-44f5-9e6d-166d7db37955",
                        "attributes": {
                            "admin_state": "UP",
                            "description": "",
                            "display_name": "LP59 provision from terraform",
                            "id": "d66b7233-3374-44f5-9e6d-166d7db37955",
                            "logical_switch_id": "316e1d8e-30ab-4ddc-8dcb-923c201b8046",
                            "revision": "0",
                            "switching_profile_id.#": "0",
                            "tag.#": "0"
                        },
                        "meta": {},
                        "tainted": false
                    },
                    "deposed": [],
                    "provider": "provider.nsxt"
                },
                "nsxt_logical_port.logical_port1.6": {
                    "type": "nsxt_logical_port",
                    "depends_on": [
                        "nsxt_logical_switch.switch1.*"
                    ],
                    "primary": {
                        "id": "ccc05107-bfda-4dbb-999b-61e80a55063b",
                        "attributes": {
                            "admin_state": "UP",
                            "description": "",
                            "display_name": "LP6 provision from terraform",
                            "id": "ccc05107-bfda-4dbb-999b-61e80a55063b",
                            "logical_switch_id": "3031b355-e087-41c2-83d5-676fe5da1a32",
                            "revision": "0",
                            "switching_profile_id.#": "0",
                            "tag.#": "0"
                        },
                        "meta": {},
                        "tainted": false
                    },
                    "deposed": [],
                    "provider": "provider.nsxt"
                },
                "nsxt_logical_port.logical_port1.60": {
                    "type": "nsxt_logical_port",
                    "depends_on": [
                        "nsxt_logical_switch.switch1.*"
                    ],
                    "primary": {
                        "id": "7a76a188-a9d4-4d12-8359-f19a52b3044b",
                        "attributes": {
                            "admin_state": "UP",
                            "description": "",
                            "display_name": "LP60 provision from terraform",
                            "id": "7a76a188-a9d4-4d12-8359-f19a52b3044b",
                            "logical_switch_id": "b09c4bb6-320e-4f71-929f-6421eab07acc",
                            "revision": "0",
                            "switching_profile_id.#": "0",
                            "tag.#": "0"
                        },
                        "meta": {},
                        "tainted": false
                    },
                    "deposed": [],
                    "provider": "provider.nsxt"
                },
                "nsxt_logical_port.logical_port1.61": {
                    "type": "nsxt_logical_port",
                    "depends_on": [
                        "nsxt_logical_switch.switch1.*"
                    ],
                    "primary": {
                        "id": "a5d8eaa3-4e95-4024-8814-4ec9c3eb8361",
                        "attributes": {
                            "admin_state": "UP",
                            "description": "",
                            "display_name": "LP61 provision from terraform",
                            "id": "a5d8eaa3-4e95-4024-8814-4ec9c3eb8361",
                            "logical_switch_id": "85cb6ce3-790d-4ae5-8e8c-024a46411491",
                            "revision": "0",
                            "switching_profile_id.#": "0",
                            "tag.#": "0"
                        },
                        "meta": {},
                        "tainted": false
                    },
                    "deposed": [],
                    "provider": "provider.nsxt"
                },
                "nsxt_logical_port.logical_port1.62": {
                    "type": "nsxt_logical_port",
                    "depends_on": [
                        "nsxt_logical_switch.switch1.*"
                    ],
                    "primary": {
                        "id": "3c83e5b1-ee99-4c43-800d-a8752496fe80",
                        "attributes": {
                            "admin_state": "UP",
                            "description": "",
                            "display_name": "LP62 provision from terraform",
                            "id": "3c83e5b1-ee99-4c43-800d-a8752496fe80",
                            "logical_switch_id": "73e60a5a-6b42-47e8-9519-49f164f891dd",
                            "revision": "0",
                            "switching_profile_id.#": "0",
                            "tag.#": "0"
                        },
                        "meta": {},
                        "tainted": false
                    },
                    "deposed": [],
                    "provider": "provider.nsxt"
                },
                "nsxt_logical_port.logical_port1.63": {
                    "type": "nsxt_logical_port",
                    "depends_on": [
                        "nsxt_logical_switch.switch1.*"
                    ],
                    "primary": {
                        "id": "5e136b52-d32c-4d48-9cc5-c299612fca9a",
                        "attributes": {
                            "admin_state": "UP",
                            "description": "",
                            "display_name": "LP63 provision from terraform",
                            "id": "5e136b52-d32c-4d48-9cc5-c299612fca9a",
                            "logical_switch_id": "594a1779-bb46-4838-91a1-ce996900d0c0",
                            "revision": "0",
                            "switching_profile_id.#": "0",
                            "tag.#": "0"
                        },
                        "meta": {},
                        "tainted": false
                    },
                    "deposed": [],
                    "provider": "provider.nsxt"
                },
                "nsxt_logical_port.logical_port1.64": {
                    "type": "nsxt_logical_port",
                    "depends_on": [
                        "nsxt_logical_switch.switch1.*"
                    ],
                    "primary": {
                        "id": "221adabe-dba0-4e70-9da9-b22276e70666",
                        "attributes": {
                            "admin_state": "UP",
                            "description": "",
                            "display_name": "LP64 provision from terraform",
                            "id": "221adabe-dba0-4e70-9da9-b22276e70666",
                            "logical_switch_id": "69ff7258-26c4-4ede-b544-26d68c3754ba",
                            "revision": "0",
                            "switching_profile_id.#": "0",
                            "tag.#": "0"
                        },
                        "meta": {},
                        "tainted": false
                    },
                    "deposed": [],
                    "provider": "provider.nsxt"
                },
                "nsxt_logical_port.logical_port1.65": {
                    "type": "nsxt_logical_port",
                    "depends_on": [
                        "nsxt_logical_switch.switch1.*"
                    ],
                    "primary": {
                        "id": "6c7dd89c-32fa-4fd5-93a4-92d30993eddc",
                        "attributes": {
                            "admin_state": "UP",
                            "description": "",
                            "display_name": "LP65 provision from terraform",
                            "id": "6c7dd89c-32fa-4fd5-93a4-92d30993eddc",
                            "logical_switch_id": "db4b4c2d-d446-430d-b6eb-fa40bba936a3",
                            "revision": "0",
                            "switching_profile_id.#": "0",
                            "tag.#": "0"
                        },
                        "meta": {},
                        "tainted": false
                    },
                    "deposed": [],
                    "provider": "provider.nsxt"
                },
                "nsxt_logical_port.logical_port1.66": {
                    "type": "nsxt_logical_port",
                    "depends_on": [
                        "nsxt_logical_switch.switch1.*"
                    ],
                    "primary": {
                        "id": "d3c27a16-4b05-4ac3-82a3-5f1e4e7c9a19",
                        "attributes": {
                            "admin_state": "UP",
                            "description": "",
                            "display_name": "LP66 provision from terraform",
                            "id": "d3c27a16-4b05-4ac3-82a3-5f1e4e7c9a19",
                            "logical_switch_id": "da8f6425-349a-4a2f-b5c2-dc7910bbf7a2",
                            "revision": "0",
                            "switching_profile_id.#": "0",
                            "tag.#": "0"
                        },
                        "meta": {},
                        "tainted": false
                    },
                    "deposed": [],
                    "provider": "provider.nsxt"
                },
                "nsxt_logical_port.logical_port1.67": {
                    "type": "nsxt_logical_port",
                    "depends_on": [
                        "nsxt_logical_switch.switch1.*"
                    ],
                    "primary": {
                        "id": "39ccd516-ba88-4307-94f1-86689f4aff7d",
                        "attributes": {
                            "admin_state": "UP",
                            "description": "",
                            "display_name": "LP67 provision from terraform",
                            "id": "39ccd516-ba88-4307-94f1-86689f4aff7d",
                            "logical_switch_id": "f18065d1-f56a-4138-acc2-76cfec6f82ea",
                            "revision": "0",
                            "switching_profile_id.#": "0",
                            "tag.#": "0"
                        },
                        "meta": {},
                        "tainted": false
                    },
                    "deposed": [],
                    "provider": "provider.nsxt"
                },
                "nsxt_logical_port.logical_port1.68": {
                    "type": "nsxt_logical_port",
                    "depends_on": [
                        "nsxt_logical_switch.switch1.*"
                    ],
                    "primary": {
                        "id": "a041b8a6-d0ac-4cdd-b6ac-76b706e926e8",
                        "attributes": {
                            "admin_state": "UP",
                            "description": "",
                            "display_name": "LP68 provision from terraform",
                            "id": "a041b8a6-d0ac-4cdd-b6ac-76b706e926e8",
                            "logical_switch_id": "374c6fdd-41f0-4036-b598-da91d334f6f1",
                            "revision": "0",
                            "switching_profile_id.#": "0",
                            "tag.#": "0"
                        },
                        "meta": {},
                        "tainted": false
                    },
                    "deposed": [],
                    "provider": "provider.nsxt"
                },
                "nsxt_logical_port.logical_port1.69": {
                    "type": "nsxt_logical_port",
                    "depends_on": [
                        "nsxt_logical_switch.switch1.*"
                    ],
                    "primary": {
                        "id": "bf0d361b-c5f6-494b-8900-b9d47e725b60",
                        "attributes": {
                            "admin_state": "UP",
                            "description": "",
                            "display_name": "LP69 provision from terraform",
                            "id": "bf0d361b-c5f6-494b-8900-b9d47e725b60",
                            "logical_switch_id": "541e0b9d-6dae-4cc0-af26-92f5f6266e91",
                            "revision": "0",
                            "switching_profile_id.#": "0",
                            "tag.#": "0"
                        },
                        "meta": {},
                        "tainted": false
                    },
                    "deposed": [],
                    "provider": "provider.nsxt"
                },
                "nsxt_logical_port.logical_port1.7": {
                    "type": "nsxt_logical_port",
                    "depends_on": [
                        "nsxt_logical_switch.switch1.*"
                    ],
                    "primary": {
                        "id": "efbbd3c4-15f6-4830-898a-fac2e6c9ae07",
                        "attributes": {
                            "admin_state": "UP",
                            "description": "",
                            "display_name": "LP7 provision from terraform",
                            "id": "efbbd3c4-15f6-4830-898a-fac2e6c9ae07",
                            "logical_switch_id": "b98015b8-dcec-4d2c-8cf2-09dc3532068a",
                            "revision": "0",
                            "switching_profile_id.#": "0",
                            "tag.#": "0"
                        },
                        "meta": {},
                        "tainted": false
                    },
                    "deposed": [],
                    "provider": "provider.nsxt"
                },
                "nsxt_logical_port.logical_port1.70": {
                    "type": "nsxt_logical_port",
                    "depends_on": [
                        "nsxt_logical_switch.switch1.*"
                    ],
                    "primary": {
                        "id": "1847da7e-5a38-4662-90ad-3cd332d7d933",
                        "attributes": {
                            "admin_state": "UP",
                            "description": "",
                            "display_name": "LP70 provision from terraform",
                            "id": "1847da7e-5a38-4662-90ad-3cd332d7d933",
                            "logical_switch_id": "6940e4da-b0a5-4acb-83ef-586210b3b8fd",
                            "revision": "0",
                            "switching_profile_id.#": "0",
                            "tag.#": "0"
                        },
                        "meta": {},
                        "tainted": false
                    },
                    "deposed": [],
                    "provider": "provider.nsxt"
                },
                "nsxt_logical_port.logical_port1.71": {
                    "type": "nsxt_logical_port",
                    "depends_on": [
                        "nsxt_logical_switch.switch1.*"
                    ],
                    "primary": {
                        "id": "81af8360-6b2f-4497-8723-05ac871756fe",
                        "attributes": {
                            "admin_state": "UP",
                            "description": "",
                            "display_name": "LP71 provision from terraform",
                            "id": "81af8360-6b2f-4497-8723-05ac871756fe",
                            "logical_switch_id": "a0179454-beb8-4fda-8bd9-3fe740beb83e",
                            "revision": "0",
                            "switching_profile_id.#": "0",
                            "tag.#": "0"
                        },
                        "meta": {},
                        "tainted": false
                    },
                    "deposed": [],
                    "provider": "provider.nsxt"
                },
                "nsxt_logical_port.logical_port1.72": {
                    "type": "nsxt_logical_port",
                    "depends_on": [
                        "nsxt_logical_switch.switch1.*"
                    ],
                    "primary": {
                        "id": "924ed757-e046-4830-8d69-6ae3d25077eb",
                        "attributes": {
                            "admin_state": "UP",
                            "description": "",
                            "display_name": "LP72 provision from terraform",
                            "id": "924ed757-e046-4830-8d69-6ae3d25077eb",
                            "logical_switch_id": "79b61b46-8d31-492d-a39f-4f1b5c50db54",
                            "revision": "0",
                            "switching_profile_id.#": "0",
                            "tag.#": "0"
                        },
                        "meta": {},
                        "tainted": false
                    },
                    "deposed": [],
                    "provider": "provider.nsxt"
                },
                "nsxt_logical_port.logical_port1.73": {
                    "type": "nsxt_logical_port",
                    "depends_on": [
                        "nsxt_logical_switch.switch1.*"
                    ],
                    "primary": {
                        "id": "68207025-a555-498f-b8ab-c4c093172ecf",
                        "attributes": {
                            "admin_state": "UP",
                            "description": "",
                            "display_name": "LP73 provision from terraform",
                            "id": "68207025-a555-498f-b8ab-c4c093172ecf",
                            "logical_switch_id": "cdb41499-1203-4895-bc0c-b787d6ae235c",
                            "revision": "0",
                            "switching_profile_id.#": "0",
                            "tag.#": "0"
                        },
                        "meta": {},
                        "tainted": false
                    },
                    "deposed": [],
                    "provider": "provider.nsxt"
                },
                "nsxt_logical_port.logical_port1.74": {
                    "type": "nsxt_logical_port",
                    "depends_on": [
                        "nsxt_logical_switch.switch1.*"
                    ],
                    "primary": {
                        "id": "df50b284-74cb-4cf3-afa9-083668e6b8a7",
                        "attributes": {
                            "admin_state": "UP",
                            "description": "",
                            "display_name": "LP74 provision from terraform",
                            "id": "df50b284-74cb-4cf3-afa9-083668e6b8a7",
                            "logical_switch_id": "f3a45c72-ab09-4c28-9c4c-1a6329d4b017",
                            "revision": "0",
                            "switching_profile_id.#": "0",
                            "tag.#": "0"
                        },
                        "meta": {},
                        "tainted": false
                    },
                    "deposed": [],
                    "provider": "provider.nsxt"
                },
                "nsxt_logical_port.logical_port1.75": {
                    "type": "nsxt_logical_port",
                    "depends_on": [
                        "nsxt_logical_switch.switch1.*"
                    ],
                    "primary": {
                        "id": "a19838e1-92ea-44fa-b475-b5dc89e0fed0",
                        "attributes": {
                            "admin_state": "UP",
                            "description": "",
                            "display_name": "LP75 provision from terraform",
                            "id": "a19838e1-92ea-44fa-b475-b5dc89e0fed0",
                            "logical_switch_id": "e5f91c9a-f5e4-4143-b8fd-e4012d137e06",
                            "revision": "0",
                            "switching_profile_id.#": "0",
                            "tag.#": "0"
                        },
                        "meta": {},
                        "tainted": false
                    },
                    "deposed": [],
                    "provider": "provider.nsxt"
                },
                "nsxt_logical_port.logical_port1.76": {
                    "type": "nsxt_logical_port",
                    "depends_on": [
                        "nsxt_logical_switch.switch1.*"
                    ],
                    "primary": {
                        "id": "6399fcbb-717b-4508-b9d0-d99ef39e48fe",
                        "attributes": {
                            "admin_state": "UP",
                            "description": "",
                            "display_name": "LP76 provision from terraform",
                            "id": "6399fcbb-717b-4508-b9d0-d99ef39e48fe",
                            "logical_switch_id": "2722439f-feb3-483e-8af2-52e4a4db71ee",
                            "revision": "0",
                            "switching_profile_id.#": "0",
                            "tag.#": "0"
                        },
                        "meta": {},
                        "tainted": false
                    },
                    "deposed": [],
                    "provider": "provider.nsxt"
                },
                "nsxt_logical_port.logical_port1.77": {
                    "type": "nsxt_logical_port",
                    "depends_on": [
                        "nsxt_logical_switch.switch1.*"
                    ],
                    "primary": {
                        "id": "7ec04b70-9511-470a-9981-3b1c79650d75",
                        "attributes": {
                            "admin_state": "UP",
                            "description": "",
                            "display_name": "LP77 provision from terraform",
                            "id": "7ec04b70-9511-470a-9981-3b1c79650d75",
                            "logical_switch_id": "5ca6c2d5-d57f-4295-ad0a-6ed8a6f5f7ad",
                            "revision": "0",
                            "switching_profile_id.#": "0",
                            "tag.#": "0"
                        },
                        "meta": {},
                        "tainted": false
                    },
                    "deposed": [],
                    "provider": "provider.nsxt"
                },
                "nsxt_logical_port.logical_port1.78": {
                    "type": "nsxt_logical_port",
                    "depends_on": [
                        "nsxt_logical_switch.switch1.*"
                    ],
                    "primary": {
                        "id": "4d6f3e26-3338-4691-bfec-e20d1b536fa7",
                        "attributes": {
                            "admin_state": "UP",
                            "description": "",
                            "display_name": "LP78 provision from terraform",
                            "id": "4d6f3e26-3338-4691-bfec-e20d1b536fa7",
                            "logical_switch_id": "9e60544d-d7cd-4a5e-abf9-f7b4382e4079",
                            "revision": "0",
                            "switching_profile_id.#": "0",
                            "tag.#": "0"
                        },
                        "meta": {},
                        "tainted": false
                    },
                    "deposed": [],
                    "provider": "provider.nsxt"
                },
                "nsxt_logical_port.logical_port1.79": {
                    "type": "nsxt_logical_port",
                    "depends_on": [
                        "nsxt_logical_switch.switch1.*"
                    ],
                    "primary": {
                        "id": "50ae693e-09f6-40a6-be86-103bac5e74a1",
                        "attributes": {
                            "admin_state": "UP",
                            "description": "",
                            "display_name": "LP79 provision from terraform",
                            "id": "50ae693e-09f6-40a6-be86-103bac5e74a1",
                            "logical_switch_id": "d2162d0c-1166-4e38-88f6-3e0b130a2f6c",
                            "revision": "0",
                            "switching_profile_id.#": "0",
                            "tag.#": "0"
                        },
                        "meta": {},
                        "tainted": false
                    },
                    "deposed": [],
                    "provider": "provider.nsxt"
                },
                "nsxt_logical_port.logical_port1.8": {
                    "type": "nsxt_logical_port",
                    "depends_on": [
                        "nsxt_logical_switch.switch1.*"
                    ],
                    "primary": {
                        "id": "6d600199-3af6-42c5-8ad1-b9f9769189b1",
                        "attributes": {
                            "admin_state": "UP",
                            "description": "",
                            "display_name": "LP8 provision from terraform",
                            "id": "6d600199-3af6-42c5-8ad1-b9f9769189b1",
                            "logical_switch_id": "6e17febd-deaf-4ac7-936c-fb280dbb0818",
                            "revision": "0",
                            "switching_profile_id.#": "0",
                            "tag.#": "0"
                        },
                        "meta": {},
                        "tainted": false
                    },
                    "deposed": [],
                    "provider": "provider.nsxt"
                },
                "nsxt_logical_port.logical_port1.80": {
                    "type": "nsxt_logical_port",
                    "depends_on": [
                        "nsxt_logical_switch.switch1.*"
                    ],
                    "primary": {
                        "id": "0fedf044-f29f-4b7d-8db5-6decd38554fb",
                        "attributes": {
                            "admin_state": "UP",
                            "description": "",
                            "display_name": "LP80 provision from terraform",
                            "id": "0fedf044-f29f-4b7d-8db5-6decd38554fb",
                            "logical_switch_id": "fa4ead60-d7d0-4ec5-a35b-c07e4abb07c2",
                            "revision": "0",
                            "switching_profile_id.#": "0",
                            "tag.#": "0"
                        },
                        "meta": {},
                        "tainted": false
                    },
                    "deposed": [],
                    "provider": "provider.nsxt"
                },
                "nsxt_logical_port.logical_port1.81": {
                    "type": "nsxt_logical_port",
                    "depends_on": [
                        "nsxt_logical_switch.switch1.*"
                    ],
                    "primary": {
                        "id": "2371500a-9553-4dc1-9c29-5d9c4dc8ba4e",
                        "attributes": {
                            "admin_state": "UP",
                            "description": "",
                            "display_name": "LP81 provision from terraform",
                            "id": "2371500a-9553-4dc1-9c29-5d9c4dc8ba4e",
                            "logical_switch_id": "183ff31b-fb8d-4cb9-9b16-e575368a8154",
                            "revision": "0",
                            "switching_profile_id.#": "0",
                            "tag.#": "0"
                        },
                        "meta": {},
                        "tainted": false
                    },
                    "deposed": [],
                    "provider": "provider.nsxt"
                },
                "nsxt_logical_port.logical_port1.82": {
                    "type": "nsxt_logical_port",
                    "depends_on": [
                        "nsxt_logical_switch.switch1.*"
                    ],
                    "primary": {
                        "id": "23b47fc5-a3c0-4cc2-b053-8b26e366611f",
                        "attributes": {
                            "admin_state": "UP",
                            "description": "",
                            "display_name": "LP82 provision from terraform",
                            "id": "23b47fc5-a3c0-4cc2-b053-8b26e366611f",
                            "logical_switch_id": "3b7cc844-8f75-44da-9692-45a7f0db07a8",
                            "revision": "0",
                            "switching_profile_id.#": "0",
                            "tag.#": "0"
                        },
                        "meta": {},
                        "tainted": false
                    },
                    "deposed": [],
                    "provider": "provider.nsxt"
                },
                "nsxt_logical_port.logical_port1.83": {
                    "type": "nsxt_logical_port",
                    "depends_on": [
                        "nsxt_logical_switch.switch1.*"
                    ],
                    "primary": {
                        "id": "706323d7-a559-4642-83fb-cbd977d65936",
                        "attributes": {
                            "admin_state": "UP",
                            "description": "",
                            "display_name": "LP83 provision from terraform",
                            "id": "706323d7-a559-4642-83fb-cbd977d65936",
                            "logical_switch_id": "0f885310-21bb-49a9-9414-dfec4cd2e18a",
                            "revision": "0",
                            "switching_profile_id.#": "0",
                            "tag.#": "0"
                        },
                        "meta": {},
                        "tainted": false
                    },
                    "deposed": [],
                    "provider": "provider.nsxt"
                },
                "nsxt_logical_port.logical_port1.84": {
                    "type": "nsxt_logical_port",
                    "depends_on": [
                        "nsxt_logical_switch.switch1.*"
                    ],
                    "primary": {
                        "id": "96dd31fe-d265-4314-94b2-60265c8d19ac",
                        "attributes": {
                            "admin_state": "UP",
                            "description": "",
                            "display_name": "LP84 provision from terraform",
                            "id": "96dd31fe-d265-4314-94b2-60265c8d19ac",
                            "logical_switch_id": "1ca7ba18-f324-46e4-a83c-d40cdb1faadc",
                            "revision": "0",
                            "switching_profile_id.#": "0",
                            "tag.#": "0"
                        },
                        "meta": {},
                        "tainted": false
                    },
                    "deposed": [],
                    "provider": "provider.nsxt"
                },
                "nsxt_logical_port.logical_port1.85": {
                    "type": "nsxt_logical_port",
                    "depends_on": [
                        "nsxt_logical_switch.switch1.*"
                    ],
                    "primary": {
                        "id": "f763cd57-2647-4f76-9839-abb2c84139e4",
                        "attributes": {
                            "admin_state": "UP",
                            "description": "",
                            "display_name": "LP85 provision from terraform",
                            "id": "f763cd57-2647-4f76-9839-abb2c84139e4",
                            "logical_switch_id": "6da2c21b-4617-4b49-9767-5cb6908f9d19",
                            "revision": "0",
                            "switching_profile_id.#": "0",
                            "tag.#": "0"
                        },
                        "meta": {},
                        "tainted": false
                    },
                    "deposed": [],
                    "provider": "provider.nsxt"
                },
                "nsxt_logical_port.logical_port1.86": {
                    "type": "nsxt_logical_port",
                    "depends_on": [
                        "nsxt_logical_switch.switch1.*"
                    ],
                    "primary": {
                        "id": "77d18580-f4ff-4841-9c1f-0ffb3950c510",
                        "attributes": {
                            "admin_state": "UP",
                            "description": "",
                            "display_name": "LP86 provision from terraform",
                            "id": "77d18580-f4ff-4841-9c1f-0ffb3950c510",
                            "logical_switch_id": "fa1de1e5-1d38-45a1-8b2b-3bdfe094bed1",
                            "revision": "0",
                            "switching_profile_id.#": "0",
                            "tag.#": "0"
                        },
                        "meta": {},
                        "tainted": false
                    },
                    "deposed": [],
                    "provider": "provider.nsxt"
                },
                "nsxt_logical_port.logical_port1.87": {
                    "type": "nsxt_logical_port",
                    "depends_on": [
                        "nsxt_logical_switch.switch1.*"
                    ],
                    "primary": {
                        "id": "e7768dd2-7bca-40a3-b311-b2ee644d170d",
                        "attributes": {
                            "admin_state": "UP",
                            "description": "",
                            "display_name": "LP87 provision from terraform",
                            "id": "e7768dd2-7bca-40a3-b311-b2ee644d170d",
                            "logical_switch_id": "f0b63f84-5b47-4b72-82f3-bb1cafc78830",
                            "revision": "0",
                            "switching_profile_id.#": "0",
                            "tag.#": "0"
                        },
                        "meta": {},
                        "tainted": false
                    },
                    "deposed": [],
                    "provider": "provider.nsxt"
                },
                "nsxt_logical_port.logical_port1.88": {
                    "type": "nsxt_logical_port",
                    "depends_on": [
                        "nsxt_logical_switch.switch1.*"
                    ],
                    "primary": {
                        "id": "76b782b8-63d9-4984-bf38-da1dbf967743",
                        "attributes": {
                            "admin_state": "UP",
                            "description": "",
                            "display_name": "LP88 provision from terraform",
                            "id": "76b782b8-63d9-4984-bf38-da1dbf967743",
                            "logical_switch_id": "3b4e4e5b-9753-442a-b887-3d6b3198d1df",
                            "revision": "0",
                            "switching_profile_id.#": "0",
                            "tag.#": "0"
                        },
                        "meta": {},
                        "tainted": false
                    },
                    "deposed": [],
                    "provider": "provider.nsxt"
                },
                "nsxt_logical_port.logical_port1.89": {
                    "type": "nsxt_logical_port",
                    "depends_on": [
                        "nsxt_logical_switch.switch1.*"
                    ],
                    "primary": {
                        "id": "8bd995de-b79f-47b4-9814-e629f0b8150d",
                        "attributes": {
                            "admin_state": "UP",
                            "description": "",
                            "display_name": "LP89 provision from terraform",
                            "id": "8bd995de-b79f-47b4-9814-e629f0b8150d",
                            "logical_switch_id": "9931ddef-b477-4bd7-8cab-82ef5a714797",
                            "revision": "0",
                            "switching_profile_id.#": "0",
                            "tag.#": "0"
                        },
                        "meta": {},
                        "tainted": false
                    },
                    "deposed": [],
                    "provider": "provider.nsxt"
                },
                "nsxt_logical_port.logical_port1.9": {
                    "type": "nsxt_logical_port",
                    "depends_on": [
                        "nsxt_logical_switch.switch1.*"
                    ],
                    "primary": {
                        "id": "7426aff1-7ee2-457a-9455-59d617e69493",
                        "attributes": {
                            "admin_state": "UP",
                            "description": "",
                            "display_name": "LP9 provision from terraform",
                            "id": "7426aff1-7ee2-457a-9455-59d617e69493",
                            "logical_switch_id": "730c9c63-8234-4b74-bf8f-4f1de00d94a2",
                            "revision": "0",
                            "switching_profile_id.#": "0",
                            "tag.#": "0"
                        },
                        "meta": {},
                        "tainted": false
                    },
                    "deposed": [],
                    "provider": "provider.nsxt"
                },
                "nsxt_logical_port.logical_port1.90": {
                    "type": "nsxt_logical_port",
                    "depends_on": [
                        "nsxt_logical_switch.switch1.*"
                    ],
                    "primary": {
                        "id": "18826b48-518f-4d5a-a7fa-0602d3f63f4d",
                        "attributes": {
                            "admin_state": "UP",
                            "description": "",
                            "display_name": "LP90 provision from terraform",
                            "id": "18826b48-518f-4d5a-a7fa-0602d3f63f4d",
                            "logical_switch_id": "017629bd-8c0b-445e-ad36-995d887d6dd2",
                            "revision": "0",
                            "switching_profile_id.#": "0",
                            "tag.#": "0"
                        },
                        "meta": {},
                        "tainted": false
                    },
                    "deposed": [],
                    "provider": "provider.nsxt"
                },
                "nsxt_logical_port.logical_port1.91": {
                    "type": "nsxt_logical_port",
                    "depends_on": [
                        "nsxt_logical_switch.switch1.*"
                    ],
                    "primary": {
                        "id": "17c13e85-d061-4903-ad9a-fe14b85be3fb",
                        "attributes": {
                            "admin_state": "UP",
                            "description": "",
                            "display_name": "LP91 provision from terraform",
                            "id": "17c13e85-d061-4903-ad9a-fe14b85be3fb",
                            "logical_switch_id": "f75c4521-0a51-4b5f-846c-571f6a76f032",
                            "revision": "0",
                            "switching_profile_id.#": "0",
                            "tag.#": "0"
                        },
                        "meta": {},
                        "tainted": false
                    },
                    "deposed": [],
                    "provider": "provider.nsxt"
                },
                "nsxt_logical_port.logical_port1.92": {
                    "type": "nsxt_logical_port",
                    "depends_on": [
                        "nsxt_logical_switch.switch1.*"
                    ],
                    "primary": {
                        "id": "344fd237-52e8-450c-80b8-eb1c9ff2cad4",
                        "attributes": {
                            "admin_state": "UP",
                            "description": "",
                            "display_name": "LP92 provision from terraform",
                            "id": "344fd237-52e8-450c-80b8-eb1c9ff2cad4",
                            "logical_switch_id": "7b357cd8-ee8d-4a57-8984-eb11b9589875",
                            "revision": "0",
                            "switching_profile_id.#": "0",
                            "tag.#": "0"
                        },
                        "meta": {},
                        "tainted": false
                    },
                    "deposed": [],
                    "provider": "provider.nsxt"
                },
                "nsxt_logical_port.logical_port1.93": {
                    "type": "nsxt_logical_port",
                    "depends_on": [
                        "nsxt_logical_switch.switch1.*"
                    ],
                    "primary": {
                        "id": "fb557407-f232-4d35-989a-e3d8baec7765",
                        "attributes": {
                            "admin_state": "UP",
                            "description": "",
                            "display_name": "LP93 provision from terraform",
                            "id": "fb557407-f232-4d35-989a-e3d8baec7765",
                            "logical_switch_id": "7cd15338-4377-46df-81f4-930128d823dc",
                            "revision": "0",
                            "switching_profile_id.#": "0",
                            "tag.#": "0"
                        },
                        "meta": {},
                        "tainted": false
                    },
                    "deposed": [],
                    "provider": "provider.nsxt"
                },
                "nsxt_logical_port.logical_port1.94": {
                    "type": "nsxt_logical_port",
                    "depends_on": [
                        "nsxt_logical_switch.switch1.*"
                    ],
                    "primary": {
                        "id": "dfd091f1-5bd9-44ae-8f53-0e3f7b30c836",
                        "attributes": {
                            "admin_state": "UP",
                            "description": "",
                            "display_name": "LP94 provision from terraform",
                            "id": "dfd091f1-5bd9-44ae-8f53-0e3f7b30c836",
                            "logical_switch_id": "2ca05d04-ae94-41a7-b398-f60e588653c2",
                            "revision": "0",
                            "switching_profile_id.#": "0",
                            "tag.#": "0"
                        },
                        "meta": {},
                        "tainted": false
                    },
                    "deposed": [],
                    "provider": "provider.nsxt"
                },
                "nsxt_logical_port.logical_port1.95": {
                    "type": "nsxt_logical_port",
                    "depends_on": [
                        "nsxt_logical_switch.switch1.*"
                    ],
                    "primary": {
                        "id": "3c83b9db-7455-4d24-ac39-0ae0566fcd8c",
                        "attributes": {
                            "admin_state": "UP",
                            "description": "",
                            "display_name": "LP95 provision from terraform",
                            "id": "3c83b9db-7455-4d24-ac39-0ae0566fcd8c",
                            "logical_switch_id": "1bf6076c-fead-40cd-9741-d68d87be2799",
                            "revision": "0",
                            "switching_profile_id.#": "0",
                            "tag.#": "0"
                        },
                        "meta": {},
                        "tainted": false
                    },
                    "deposed": [],
                    "provider": "provider.nsxt"
                },
                "nsxt_logical_port.logical_port1.96": {
                    "type": "nsxt_logical_port",
                    "depends_on": [
                        "nsxt_logical_switch.switch1.*"
                    ],
                    "primary": {
                        "id": "86c66b4e-095a-48f3-be09-b9e314568534",
                        "attributes": {
                            "admin_state": "UP",
                            "description": "",
                            "display_name": "LP96 provision from terraform",
                            "id": "86c66b4e-095a-48f3-be09-b9e314568534",
                            "logical_switch_id": "06fc1ef5-f23b-47e1-bcd4-9dd62260d3f8",
                            "revision": "0",
                            "switching_profile_id.#": "0",
                            "tag.#": "0"
                        },
                        "meta": {},
                        "tainted": false
                    },
                    "deposed": [],
                    "provider": "provider.nsxt"
                },
                "nsxt_logical_port.logical_port1.97": {
                    "type": "nsxt_logical_port",
                    "depends_on": [
                        "nsxt_logical_switch.switch1.*"
                    ],
                    "primary": {
                        "id": "2368fbc7-02ec-41cd-8dc8-e572eb94ee20",
                        "attributes": {
                            "admin_state": "UP",
                            "description": "",
                            "display_name": "LP97 provision from terraform",
                            "id": "2368fbc7-02ec-41cd-8dc8-e572eb94ee20",
                            "logical_switch_id": "bb724497-0f50-4ea8-8935-b8644c5f237b",
                            "revision": "0",
                            "switching_profile_id.#": "0",
                            "tag.#": "0"
                        },
                        "meta": {},
                        "tainted": false
                    },
                    "deposed": [],
                    "provider": "provider.nsxt"
                },
                "nsxt_logical_port.logical_port1.98": {
                    "type": "nsxt_logical_port",
                    "depends_on": [
                        "nsxt_logical_switch.switch1.*"
                    ],
                    "primary": {
                        "id": "9a3bed2c-5aeb-4e90-8bf2-cca0a53e16db",
                        "attributes": {
                            "admin_state": "UP",
                            "description": "",
                            "display_name": "LP98 provision from terraform",
                            "id": "9a3bed2c-5aeb-4e90-8bf2-cca0a53e16db",
                            "logical_switch_id": "894c0210-460f-4f5b-9b25-1d44db85bd1c",
                            "revision": "0",
                            "switching_profile_id.#": "0",
                            "tag.#": "0"
                        },
                        "meta": {},
                        "tainted": false
                    },
                    "deposed": [],
                    "provider": "provider.nsxt"
                },
                "nsxt_logical_port.logical_port1.99": {
                    "type": "nsxt_logical_port",
                    "depends_on": [
                        "nsxt_logical_switch.switch1.*"
                    ],
                    "primary": {
                        "id": "714db6fb-1b7e-4913-b40e-d4a6d33d7c6b",
                        "attributes": {
                            "admin_state": "UP",
                            "description": "",
                            "display_name": "LP99 provision from terraform",
                            "id": "714db6fb-1b7e-4913-b40e-d4a6d33d7c6b",
                            "logical_switch_id": "0f9deead-f17c-43d1-a1c8-09f9dfeef9fa",
                            "revision": "0",
                            "switching_profile_id.#": "0",
                            "tag.#": "0"
                        },
                        "meta": {},
                        "tainted": false
                    },
                    "deposed": [],
                    "provider": "provider.nsxt"
                },
                "nsxt_logical_router_downlink_port.downlink_port.0": {
                    "type": "nsxt_logical_router_downlink_port",
                    "depends_on": [
                        "nsxt_logical_port.logical_port1.*",
                        "nsxt_logical_tier1_router.t1.*"
                    ],
                    "primary": {
                        "id": "46580961-eb13-435e-ac69-6b925e2b2821",
                        "attributes": {
                            "description": "",
                            "display_name": "link to logical switch 0",
                            "id": "46580961-eb13-435e-ac69-6b925e2b2821",
                            "ip_address": "192.168.0.1/24",
                            "linked_logical_switch_port_id": "7dafd197-9a17-4799-8851-5ff27892210e",
                            "logical_router_id": "8999753f-605c-4a0d-86e9-eead5a4eeb29",
                            "mac_address": "02:50:56:56:44:52",
                            "revision": "0",
                            "service_binding.#": "0",
                            "tag.#": "0",
                            "urpf_mode": "STRICT"
                        },
                        "meta": {},
                        "tainted": false
                    },
                    "deposed": [],
                    "provider": "provider.nsxt"
                },
                "nsxt_logical_router_downlink_port.downlink_port.1": {
                    "type": "nsxt_logical_router_downlink_port",
                    "depends_on": [
                        "nsxt_logical_port.logical_port1.*",
                        "nsxt_logical_tier1_router.t1.*"
                    ],
                    "primary": {
                        "id": "2cf18a9e-14d8-4a9b-bd4d-adb9568b43e0",
                        "attributes": {
                            "description": "",
                            "display_name": "link to logical switch 1",
                            "id": "2cf18a9e-14d8-4a9b-bd4d-adb9568b43e0",
                            "ip_address": "192.168.1.1/24",
                            "linked_logical_switch_port_id": "190528ec-aeb5-4819-836f-4a0b94d44464",
                            "logical_router_id": "1edc43a1-2552-4fa3-9ff8-f3b735f8c4b6",
                            "mac_address": "02:50:56:56:44:52",
                            "revision": "0",
                            "service_binding.#": "0",
                            "tag.#": "0",
                            "urpf_mode": "STRICT"
                        },
                        "meta": {},
                        "tainted": false
                    },
                    "deposed": [],
                    "provider": "provider.nsxt"
                },
                "nsxt_logical_router_downlink_port.downlink_port.10": {
                    "type": "nsxt_logical_router_downlink_port",
                    "depends_on": [
                        "nsxt_logical_port.logical_port1.*",
                        "nsxt_logical_tier1_router.t1.*"
                    ],
                    "primary": {
                        "id": "9d8f5cb8-758b-4d3e-bdd9-41aa95c85348",
                        "attributes": {
                            "description": "",
                            "display_name": "link to logical switch 10",
                            "id": "9d8f5cb8-758b-4d3e-bdd9-41aa95c85348",
                            "ip_address": "192.168.10.1/24",
                            "linked_logical_switch_port_id": "136726fd-cc07-434a-9c36-c700b9492beb",
                            "logical_router_id": "d81b5421-7c87-4e9e-92ce-4df10c021fb2",
                            "mac_address": "02:50:56:56:44:52",
                            "revision": "0",
                            "service_binding.#": "0",
                            "tag.#": "0",
                            "urpf_mode": "STRICT"
                        },
                        "meta": {},
                        "tainted": false
                    },
                    "deposed": [],
                    "provider": "provider.nsxt"
                },
                "nsxt_logical_router_downlink_port.downlink_port.11": {
                    "type": "nsxt_logical_router_downlink_port",
                    "depends_on": [
                        "nsxt_logical_port.logical_port1.*",
                        "nsxt_logical_tier1_router.t1.*"
                    ],
                    "primary": {
                        "id": "d2dfb4c1-5c7d-4cbe-89e2-a830b8f4429b",
                        "attributes": {
                            "description": "",
                            "display_name": "link to logical switch 11",
                            "id": "d2dfb4c1-5c7d-4cbe-89e2-a830b8f4429b",
                            "ip_address": "192.168.11.1/24",
                            "linked_logical_switch_port_id": "c4cc675d-de84-42e5-8ccb-fab7b4fdb1a9",
                            "logical_router_id": "bad94875-c825-4ce1-b4bd-d79685049aa9",
                            "mac_address": "02:50:56:56:44:52",
                            "revision": "0",
                            "service_binding.#": "0",
                            "tag.#": "0",
                            "urpf_mode": "STRICT"
                        },
                        "meta": {},
                        "tainted": false
                    },
                    "deposed": [],
                    "provider": "provider.nsxt"
                },
                "nsxt_logical_router_downlink_port.downlink_port.12": {
                    "type": "nsxt_logical_router_downlink_port",
                    "depends_on": [
                        "nsxt_logical_port.logical_port1.*",
                        "nsxt_logical_tier1_router.t1.*"
                    ],
                    "primary": {
                        "id": "d5149976-7372-46c6-9eb1-f0644a96be97",
                        "attributes": {
                            "description": "",
                            "display_name": "link to logical switch 12",
                            "id": "d5149976-7372-46c6-9eb1-f0644a96be97",
                            "ip_address": "192.168.12.1/24",
                            "linked_logical_switch_port_id": "f44562d3-9d87-4c7a-b341-0c454d9083db",
                            "logical_router_id": "33c2cc2d-ab46-47d9-940a-839860687681",
                            "mac_address": "02:50:56:56:44:52",
                            "revision": "0",
                            "service_binding.#": "0",
                            "tag.#": "0",
                            "urpf_mode": "STRICT"
                        },
                        "meta": {},
                        "tainted": false
                    },
                    "deposed": [],
                    "provider": "provider.nsxt"
                },
                "nsxt_logical_router_downlink_port.downlink_port.13": {
                    "type": "nsxt_logical_router_downlink_port",
                    "depends_on": [
                        "nsxt_logical_port.logical_port1.*",
                        "nsxt_logical_tier1_router.t1.*"
                    ],
                    "primary": {
                        "id": "c991be73-6f7a-402f-ac58-181b45756288",
                        "attributes": {
                            "description": "",
                            "display_name": "link to logical switch 13",
                            "id": "c991be73-6f7a-402f-ac58-181b45756288",
                            "ip_address": "192.168.13.1/24",
                            "linked_logical_switch_port_id": "836558c4-e230-4680-bd73-9386ba387c55",
                            "logical_router_id": "a827e63d-8a06-4604-80bb-0d0689de6d98",
                            "mac_address": "02:50:56:56:44:52",
                            "revision": "0",
                            "service_binding.#": "0",
                            "tag.#": "0",
                            "urpf_mode": "STRICT"
                        },
                        "meta": {},
                        "tainted": false
                    },
                    "deposed": [],
                    "provider": "provider.nsxt"
                },
                "nsxt_logical_router_downlink_port.downlink_port.14": {
                    "type": "nsxt_logical_router_downlink_port",
                    "depends_on": [
                        "nsxt_logical_port.logical_port1.*",
                        "nsxt_logical_tier1_router.t1.*"
                    ],
                    "primary": {
                        "id": "ec5a8205-8002-4fe2-8f02-8943ce580299",
                        "attributes": {
                            "description": "",
                            "display_name": "link to logical switch 14",
                            "id": "ec5a8205-8002-4fe2-8f02-8943ce580299",
                            "ip_address": "192.168.14.1/24",
                            "linked_logical_switch_port_id": "adfd864a-bd24-4b11-9631-36d536ec00d3",
                            "logical_router_id": "7c031dcf-d4ea-4abe-b51b-54ee85ce2183",
                            "mac_address": "02:50:56:56:44:52",
                            "revision": "0",
                            "service_binding.#": "0",
                            "tag.#": "0",
                            "urpf_mode": "STRICT"
                        },
                        "meta": {},
                        "tainted": false
                    },
                    "deposed": [],
                    "provider": "provider.nsxt"
                },
                "nsxt_logical_router_downlink_port.downlink_port.15": {
                    "type": "nsxt_logical_router_downlink_port",
                    "depends_on": [
                        "nsxt_logical_port.logical_port1.*",
                        "nsxt_logical_tier1_router.t1.*"
                    ],
                    "primary": {
                        "id": "a6d0cd2c-4bec-4ebb-9afe-18713ad1dffe",
                        "attributes": {
                            "description": "",
                            "display_name": "link to logical switch 15",
                            "id": "a6d0cd2c-4bec-4ebb-9afe-18713ad1dffe",
                            "ip_address": "192.168.15.1/24",
                            "linked_logical_switch_port_id": "c19f54ca-2347-4005-bdfb-a834c2839cb7",
                            "logical_router_id": "f8432fdd-f03e-434b-b1f6-6fb9dd4767b2",
                            "mac_address": "02:50:56:56:44:52",
                            "revision": "0",
                            "service_binding.#": "0",
                            "tag.#": "0",
                            "urpf_mode": "STRICT"
                        },
                        "meta": {},
                        "tainted": false
                    },
                    "deposed": [],
                    "provider": "provider.nsxt"
                },
                "nsxt_logical_router_downlink_port.downlink_port.16": {
                    "type": "nsxt_logical_router_downlink_port",
                    "depends_on": [
                        "nsxt_logical_port.logical_port1.*",
                        "nsxt_logical_tier1_router.t1.*"
                    ],
                    "primary": {
                        "id": "0bab4093-24c1-4478-a79f-805aeb1be7ae",
                        "attributes": {
                            "description": "",
                            "display_name": "link to logical switch 16",
                            "id": "0bab4093-24c1-4478-a79f-805aeb1be7ae",
                            "ip_address": "192.168.16.1/24",
                            "linked_logical_switch_port_id": "4fcbc86f-44c0-4697-9541-69eb897e4634",
                            "logical_router_id": "b59320e3-b4b0-4a43-ad5a-cf52eead4216",
                            "mac_address": "02:50:56:56:44:52",
                            "revision": "0",
                            "service_binding.#": "0",
                            "tag.#": "0",
                            "urpf_mode": "STRICT"
                        },
                        "meta": {},
                        "tainted": false
                    },
                    "deposed": [],
                    "provider": "provider.nsxt"
                },
                "nsxt_logical_router_downlink_port.downlink_port.17": {
                    "type": "nsxt_logical_router_downlink_port",
                    "depends_on": [
                        "nsxt_logical_port.logical_port1.*",
                        "nsxt_logical_tier1_router.t1.*"
                    ],
                    "primary": {
                        "id": "f54855a2-a45f-4b85-8d17-0c2acb71a33d",
                        "attributes": {
                            "description": "",
                            "display_name": "link to logical switch 17",
                            "id": "f54855a2-a45f-4b85-8d17-0c2acb71a33d",
                            "ip_address": "192.168.17.1/24",
                            "linked_logical_switch_port_id": "95d26bec-69ef-4529-8d24-e627eb8345d7",
                            "logical_router_id": "b06f7117-cda0-4c0b-ac55-16f07a0bb7e9",
                            "mac_address": "02:50:56:56:44:52",
                            "revision": "0",
                            "service_binding.#": "0",
                            "tag.#": "0",
                            "urpf_mode": "STRICT"
                        },
                        "meta": {},
                        "tainted": false
                    },
                    "deposed": [],
                    "provider": "provider.nsxt"
                },
                "nsxt_logical_router_downlink_port.downlink_port.18": {
                    "type": "nsxt_logical_router_downlink_port",
                    "depends_on": [
                        "nsxt_logical_port.logical_port1.*",
                        "nsxt_logical_tier1_router.t1.*"
                    ],
                    "primary": {
                        "id": "f9a698bb-af11-4b1d-975b-acd7bb2d21cd",
                        "attributes": {
                            "description": "",
                            "display_name": "link to logical switch 18",
                            "id": "f9a698bb-af11-4b1d-975b-acd7bb2d21cd",
                            "ip_address": "192.168.18.1/24",
                            "linked_logical_switch_port_id": "1b90d445-e8c4-421c-9104-503014037f1e",
                            "logical_router_id": "cb3a9596-d7e5-4433-af9b-b26f1534da83",
                            "mac_address": "02:50:56:56:44:52",
                            "revision": "0",
                            "service_binding.#": "0",
                            "tag.#": "0",
                            "urpf_mode": "STRICT"
                        },
                        "meta": {},
                        "tainted": false
                    },
                    "deposed": [],
                    "provider": "provider.nsxt"
                },
                "nsxt_logical_router_downlink_port.downlink_port.19": {
                    "type": "nsxt_logical_router_downlink_port",
                    "depends_on": [
                        "nsxt_logical_port.logical_port1.*",
                        "nsxt_logical_tier1_router.t1.*"
                    ],
                    "primary": {
                        "id": "eff96070-2b65-435d-b67b-9eab1046b144",
                        "attributes": {
                            "description": "",
                            "display_name": "link to logical switch 19",
                            "id": "eff96070-2b65-435d-b67b-9eab1046b144",
                            "ip_address": "192.168.19.1/24",
                            "linked_logical_switch_port_id": "683649f2-4e1c-4907-9292-5f9e41072ee5",
                            "logical_router_id": "c1a96d4e-283d-40a1-98fc-09c33aa16322",
                            "mac_address": "02:50:56:56:44:52",
                            "revision": "0",
                            "service_binding.#": "0",
                            "tag.#": "0",
                            "urpf_mode": "STRICT"
                        },
                        "meta": {},
                        "tainted": false
                    },
                    "deposed": [],
                    "provider": "provider.nsxt"
                },
                "nsxt_logical_router_downlink_port.downlink_port.2": {
                    "type": "nsxt_logical_router_downlink_port",
                    "depends_on": [
                        "nsxt_logical_port.logical_port1.*",
                        "nsxt_logical_tier1_router.t1.*"
                    ],
                    "primary": {
                        "id": "cab966de-1c1a-4cc3-a875-3ae554a4d11c",
                        "attributes": {
                            "description": "",
                            "display_name": "link to logical switch 2",
                            "id": "cab966de-1c1a-4cc3-a875-3ae554a4d11c",
                            "ip_address": "192.168.2.1/24",
                            "linked_logical_switch_port_id": "cbb88571-8c66-4251-b20c-390bcfeca22d",
                            "logical_router_id": "ec363f1a-d69b-42fc-9fca-4a7e84dff143",
                            "mac_address": "02:50:56:56:44:52",
                            "revision": "0",
                            "service_binding.#": "0",
                            "tag.#": "0",
                            "urpf_mode": "STRICT"
                        },
                        "meta": {},
                        "tainted": false
                    },
                    "deposed": [],
                    "provider": "provider.nsxt"
                },
                "nsxt_logical_router_downlink_port.downlink_port.20": {
                    "type": "nsxt_logical_router_downlink_port",
                    "depends_on": [
                        "nsxt_logical_port.logical_port1.*",
                        "nsxt_logical_tier1_router.t1.*"
                    ],
                    "primary": {
                        "id": "01140736-a4ec-4be2-8dc2-f5b9bdb6dbda",
                        "attributes": {
                            "description": "",
                            "display_name": "link to logical switch 20",
                            "id": "01140736-a4ec-4be2-8dc2-f5b9bdb6dbda",
                            "ip_address": "192.168.20.1/24",
                            "linked_logical_switch_port_id": "ae88f53b-6587-47f2-b103-fffb153ccd47",
                            "logical_router_id": "45f315cb-4cc5-4be8-bc97-a2341481e367",
                            "mac_address": "02:50:56:56:44:52",
                            "revision": "0",
                            "service_binding.#": "0",
                            "tag.#": "0",
                            "urpf_mode": "STRICT"
                        },
                        "meta": {},
                        "tainted": false
                    },
                    "deposed": [],
                    "provider": "provider.nsxt"
                },
                "nsxt_logical_router_downlink_port.downlink_port.21": {
                    "type": "nsxt_logical_router_downlink_port",
                    "depends_on": [
                        "nsxt_logical_port.logical_port1.*",
                        "nsxt_logical_tier1_router.t1.*"
                    ],
                    "primary": {
                        "id": "fe75c6fc-a573-4278-be87-39d5cf9f3806",
                        "attributes": {
                            "description": "",
                            "display_name": "link to logical switch 21",
                            "id": "fe75c6fc-a573-4278-be87-39d5cf9f3806",
                            "ip_address": "192.168.21.1/24",
                            "linked_logical_switch_port_id": "6bd219cd-b0c1-4e7f-ad56-45a35bbf0bc5",
                            "logical_router_id": "446c63bf-9521-4f81-b22b-eda2b6723841",
                            "mac_address": "02:50:56:56:44:52",
                            "revision": "0",
                            "service_binding.#": "0",
                            "tag.#": "0",
                            "urpf_mode": "STRICT"
                        },
                        "meta": {},
                        "tainted": false
                    },
                    "deposed": [],
                    "provider": "provider.nsxt"
                },
                "nsxt_logical_router_downlink_port.downlink_port.22": {
                    "type": "nsxt_logical_router_downlink_port",
                    "depends_on": [
                        "nsxt_logical_port.logical_port1.*",
                        "nsxt_logical_tier1_router.t1.*"
                    ],
                    "primary": {
                        "id": "4c6f1ee6-c9f7-4618-abab-a9aed57bd37c",
                        "attributes": {
                            "description": "",
                            "display_name": "link to logical switch 22",
                            "id": "4c6f1ee6-c9f7-4618-abab-a9aed57bd37c",
                            "ip_address": "192.168.22.1/24",
                            "linked_logical_switch_port_id": "93a607c5-9400-410b-ac3b-172caa1c0c0c",
                            "logical_router_id": "9b98efd8-7d96-406c-a33d-b2d4ba064433",
                            "mac_address": "02:50:56:56:44:52",
                            "revision": "0",
                            "service_binding.#": "0",
                            "tag.#": "0",
                            "urpf_mode": "STRICT"
                        },
                        "meta": {},
                        "tainted": false
                    },
                    "deposed": [],
                    "provider": "provider.nsxt"
                },
                "nsxt_logical_router_downlink_port.downlink_port.23": {
                    "type": "nsxt_logical_router_downlink_port",
                    "depends_on": [
                        "nsxt_logical_port.logical_port1.*",
                        "nsxt_logical_tier1_router.t1.*"
                    ],
                    "primary": {
                        "id": "e190f05c-aedc-4f6a-b5dd-86278a0cb3e0",
                        "attributes": {
                            "description": "",
                            "display_name": "link to logical switch 23",
                            "id": "e190f05c-aedc-4f6a-b5dd-86278a0cb3e0",
                            "ip_address": "192.168.23.1/24",
                            "linked_logical_switch_port_id": "db17d2b6-0156-46fa-b66d-bb4369ca396b",
                            "logical_router_id": "e133fdc5-e31e-45ca-9d38-496e4fea2f8b",
                            "mac_address": "02:50:56:56:44:52",
                            "revision": "0",
                            "service_binding.#": "0",
                            "tag.#": "0",
                            "urpf_mode": "STRICT"
                        },
                        "meta": {},
                        "tainted": false
                    },
                    "deposed": [],
                    "provider": "provider.nsxt"
                },
                "nsxt_logical_router_downlink_port.downlink_port.24": {
                    "type": "nsxt_logical_router_downlink_port",
                    "depends_on": [
                        "nsxt_logical_port.logical_port1.*",
                        "nsxt_logical_tier1_router.t1.*"
                    ],
                    "primary": {
                        "id": "eb1b1c78-befb-4246-be6e-8a669a457bd5",
                        "attributes": {
                            "description": "",
                            "display_name": "link to logical switch 24",
                            "id": "eb1b1c78-befb-4246-be6e-8a669a457bd5",
                            "ip_address": "192.168.24.1/24",
                            "linked_logical_switch_port_id": "e913a09f-9aca-4d15-95de-a567a3a6a366",
                            "logical_router_id": "b4f92396-359e-4e04-b8f1-6ffaea5ccb83",
                            "mac_address": "02:50:56:56:44:52",
                            "revision": "0",
                            "service_binding.#": "0",
                            "tag.#": "0",
                            "urpf_mode": "STRICT"
                        },
                        "meta": {},
                        "tainted": false
                    },
                    "deposed": [],
                    "provider": "provider.nsxt"
                },
                "nsxt_logical_router_downlink_port.downlink_port.25": {
                    "type": "nsxt_logical_router_downlink_port",
                    "depends_on": [
                        "nsxt_logical_port.logical_port1.*",
                        "nsxt_logical_tier1_router.t1.*"
                    ],
                    "primary": {
                        "id": "bcd25e0b-081d-4209-9563-a837d3be5d94",
                        "attributes": {
                            "description": "",
                            "display_name": "link to logical switch 25",
                            "id": "bcd25e0b-081d-4209-9563-a837d3be5d94",
                            "ip_address": "192.168.25.1/24",
                            "linked_logical_switch_port_id": "59ad94eb-371f-46c3-86e6-b99fb12bea46",
                            "logical_router_id": "c5b890b7-ff14-4eaf-afc6-4d42184087b3",
                            "mac_address": "02:50:56:56:44:52",
                            "revision": "0",
                            "service_binding.#": "0",
                            "tag.#": "0",
                            "urpf_mode": "STRICT"
                        },
                        "meta": {},
                        "tainted": false
                    },
                    "deposed": [],
                    "provider": "provider.nsxt"
                },
                "nsxt_logical_router_downlink_port.downlink_port.26": {
                    "type": "nsxt_logical_router_downlink_port",
                    "depends_on": [
                        "nsxt_logical_port.logical_port1.*",
                        "nsxt_logical_tier1_router.t1.*"
                    ],
                    "primary": {
                        "id": "61d6ab08-30be-496d-9a0a-727dc1d6d9d0",
                        "attributes": {
                            "description": "",
                            "display_name": "link to logical switch 26",
                            "id": "61d6ab08-30be-496d-9a0a-727dc1d6d9d0",
                            "ip_address": "192.168.26.1/24",
                            "linked_logical_switch_port_id": "eed0d1a7-ac73-40f6-a663-c366d2788d5d",
                            "logical_router_id": "c101b964-daef-47d8-895a-64cb1c43319b",
                            "mac_address": "02:50:56:56:44:52",
                            "revision": "0",
                            "service_binding.#": "0",
                            "tag.#": "0",
                            "urpf_mode": "STRICT"
                        },
                        "meta": {},
                        "tainted": false
                    },
                    "deposed": [],
                    "provider": "provider.nsxt"
                },
                "nsxt_logical_router_downlink_port.downlink_port.27": {
                    "type": "nsxt_logical_router_downlink_port",
                    "depends_on": [
                        "nsxt_logical_port.logical_port1.*",
                        "nsxt_logical_tier1_router.t1.*"
                    ],
                    "primary": {
                        "id": "9d035e59-dafc-4b61-9fac-ff47354f0441",
                        "attributes": {
                            "description": "",
                            "display_name": "link to logical switch 27",
                            "id": "9d035e59-dafc-4b61-9fac-ff47354f0441",
                            "ip_address": "192.168.27.1/24",
                            "linked_logical_switch_port_id": "f7978016-a6b1-4761-ac9a-c10943d6021a",
                            "logical_router_id": "5492cb57-610f-47b2-be01-ae121e2c6887",
                            "mac_address": "02:50:56:56:44:52",
                            "revision": "0",
                            "service_binding.#": "0",
                            "tag.#": "0",
                            "urpf_mode": "STRICT"
                        },
                        "meta": {},
                        "tainted": false
                    },
                    "deposed": [],
                    "provider": "provider.nsxt"
                },
                "nsxt_logical_router_downlink_port.downlink_port.28": {
                    "type": "nsxt_logical_router_downlink_port",
                    "depends_on": [
                        "nsxt_logical_port.logical_port1.*",
                        "nsxt_logical_tier1_router.t1.*"
                    ],
                    "primary": {
                        "id": "3aa02c18-a28e-4a73-95bb-f631cc7ca3bf",
                        "attributes": {
                            "description": "",
                            "display_name": "link to logical switch 28",
                            "id": "3aa02c18-a28e-4a73-95bb-f631cc7ca3bf",
                            "ip_address": "192.168.28.1/24",
                            "linked_logical_switch_port_id": "a9af2b89-d9e8-48cc-b56a-decc6144bed6",
                            "logical_router_id": "ee44ada8-874d-479e-b2ae-7cc7d96b0a39",
                            "mac_address": "02:50:56:56:44:52",
                            "revision": "0",
                            "service_binding.#": "0",
                            "tag.#": "0",
                            "urpf_mode": "STRICT"
                        },
                        "meta": {},
                        "tainted": false
                    },
                    "deposed": [],
                    "provider": "provider.nsxt"
                },
                "nsxt_logical_router_downlink_port.downlink_port.29": {
                    "type": "nsxt_logical_router_downlink_port",
                    "depends_on": [
                        "nsxt_logical_port.logical_port1.*",
                        "nsxt_logical_tier1_router.t1.*"
                    ],
                    "primary": {
                        "id": "1dd66e94-a6e9-46c6-816e-7374b3ca57c2",
                        "attributes": {
                            "description": "",
                            "display_name": "link to logical switch 29",
                            "id": "1dd66e94-a6e9-46c6-816e-7374b3ca57c2",
                            "ip_address": "192.168.29.1/24",
                            "linked_logical_switch_port_id": "88ae23f9-98f7-4a73-ae09-271a8c806227",
                            "logical_router_id": "989d4e9e-08f5-4319-b0ba-3bde4b207e20",
                            "mac_address": "02:50:56:56:44:52",
                            "revision": "0",
                            "service_binding.#": "0",
                            "tag.#": "0",
                            "urpf_mode": "STRICT"
                        },
                        "meta": {},
                        "tainted": false
                    },
                    "deposed": [],
                    "provider": "provider.nsxt"
                },
                "nsxt_logical_router_downlink_port.downlink_port.3": {
                    "type": "nsxt_logical_router_downlink_port",
                    "depends_on": [
                        "nsxt_logical_port.logical_port1.*",
                        "nsxt_logical_tier1_router.t1.*"
                    ],
                    "primary": {
                        "id": "a06c8ce0-649f-444e-9d5e-6839d17f958c",
                        "attributes": {
                            "description": "",
                            "display_name": "link to logical switch 3",
                            "id": "a06c8ce0-649f-444e-9d5e-6839d17f958c",
                            "ip_address": "192.168.3.1/24",
                            "linked_logical_switch_port_id": "be3fc1d3-391b-4ab0-853e-365184d5590a",
                            "logical_router_id": "ea3a8156-0af7-4911-bd40-062c5a0d58c8",
                            "mac_address": "02:50:56:56:44:52",
                            "revision": "0",
                            "service_binding.#": "0",
                            "tag.#": "0",
                            "urpf_mode": "STRICT"
                        },
                        "meta": {},
                        "tainted": false
                    },
                    "deposed": [],
                    "provider": "provider.nsxt"
                },
                "nsxt_logical_router_downlink_port.downlink_port.30": {
                    "type": "nsxt_logical_router_downlink_port",
                    "depends_on": [
                        "nsxt_logical_port.logical_port1.*",
                        "nsxt_logical_tier1_router.t1.*"
                    ],
                    "primary": {
                        "id": "fc66ff13-41e6-4356-9d90-f3f47bd0b7c5",
                        "attributes": {
                            "description": "",
                            "display_name": "link to logical switch 30",
                            "id": "fc66ff13-41e6-4356-9d90-f3f47bd0b7c5",
                            "ip_address": "192.168.30.1/24",
                            "linked_logical_switch_port_id": "23f7919e-4616-40af-b31a-444e2e14854a",
                            "logical_router_id": "deabf680-b01b-49f3-ac6b-cbbf4107659f",
                            "mac_address": "02:50:56:56:44:52",
                            "revision": "0",
                            "service_binding.#": "0",
                            "tag.#": "0",
                            "urpf_mode": "STRICT"
                        },
                        "meta": {},
                        "tainted": false
                    },
                    "deposed": [],
                    "provider": "provider.nsxt"
                },
                "nsxt_logical_router_downlink_port.downlink_port.31": {
                    "type": "nsxt_logical_router_downlink_port",
                    "depends_on": [
                        "nsxt_logical_port.logical_port1.*",
                        "nsxt_logical_tier1_router.t1.*"
                    ],
                    "primary": {
                        "id": "a906f180-0011-4a29-8fe8-a84fff9e32c3",
                        "attributes": {
                            "description": "",
                            "display_name": "link to logical switch 31",
                            "id": "a906f180-0011-4a29-8fe8-a84fff9e32c3",
                            "ip_address": "192.168.31.1/24",
                            "linked_logical_switch_port_id": "28c2c70a-c5bd-42ad-a3da-9256d4a615c9",
                            "logical_router_id": "ff69418e-707a-4360-87ba-c16c491c6932",
                            "mac_address": "02:50:56:56:44:52",
                            "revision": "0",
                            "service_binding.#": "0",
                            "tag.#": "0",
                            "urpf_mode": "STRICT"
                        },
                        "meta": {},
                        "tainted": false
                    },
                    "deposed": [],
                    "provider": "provider.nsxt"
                },
                "nsxt_logical_router_downlink_port.downlink_port.32": {
                    "type": "nsxt_logical_router_downlink_port",
                    "depends_on": [
                        "nsxt_logical_port.logical_port1.*",
                        "nsxt_logical_tier1_router.t1.*"
                    ],
                    "primary": {
                        "id": "4a086432-6467-4fd2-9436-d79cd967a165",
                        "attributes": {
                            "description": "",
                            "display_name": "link to logical switch 32",
                            "id": "4a086432-6467-4fd2-9436-d79cd967a165",
                            "ip_address": "192.168.32.1/24",
                            "linked_logical_switch_port_id": "601aae9f-cdfc-4555-8a44-2d83cce22bdb",
                            "logical_router_id": "75b6bb65-cbbf-4eaa-bef5-c201dd1a0e66",
                            "mac_address": "02:50:56:56:44:52",
                            "revision": "0",
                            "service_binding.#": "0",
                            "tag.#": "0",
                            "urpf_mode": "STRICT"
                        },
                        "meta": {},
                        "tainted": false
                    },
                    "deposed": [],
                    "provider": "provider.nsxt"
                },
                "nsxt_logical_router_downlink_port.downlink_port.33": {
                    "type": "nsxt_logical_router_downlink_port",
                    "depends_on": [
                        "nsxt_logical_port.logical_port1.*",
                        "nsxt_logical_tier1_router.t1.*"
                    ],
                    "primary": {
                        "id": "7b8ca8f1-48ea-4b03-bb07-2c0e6e63a019",
                        "attributes": {
                            "description": "",
                            "display_name": "link to logical switch 33",
                            "id": "7b8ca8f1-48ea-4b03-bb07-2c0e6e63a019",
                            "ip_address": "192.168.33.1/24",
                            "linked_logical_switch_port_id": "1253eff4-65dd-46ee-a3ec-93fec90d1f77",
                            "logical_router_id": "1e302b1a-d00f-4c39-819b-432afa828791",
                            "mac_address": "02:50:56:56:44:52",
                            "revision": "0",
                            "service_binding.#": "0",
                            "tag.#": "0",
                            "urpf_mode": "STRICT"
                        },
                        "meta": {},
                        "tainted": false
                    },
                    "deposed": [],
                    "provider": "provider.nsxt"
                },
                "nsxt_logical_router_downlink_port.downlink_port.34": {
                    "type": "nsxt_logical_router_downlink_port",
                    "depends_on": [
                        "nsxt_logical_port.logical_port1.*",
                        "nsxt_logical_tier1_router.t1.*"
                    ],
                    "primary": {
                        "id": "a8348593-abbc-4d20-882d-86adb96efadd",
                        "attributes": {
                            "description": "",
                            "display_name": "link to logical switch 34",
                            "id": "a8348593-abbc-4d20-882d-86adb96efadd",
                            "ip_address": "192.168.34.1/24",
                            "linked_logical_switch_port_id": "c6154cec-22d3-479b-9805-acec5ac45f35",
                            "logical_router_id": "c5d2b7c1-d117-4c42-98e8-a7fa22a57ca7",
                            "mac_address": "02:50:56:56:44:52",
                            "revision": "0",
                            "service_binding.#": "0",
                            "tag.#": "0",
                            "urpf_mode": "STRICT"
                        },
                        "meta": {},
                        "tainted": false
                    },
                    "deposed": [],
                    "provider": "provider.nsxt"
                },
                "nsxt_logical_router_downlink_port.downlink_port.35": {
                    "type": "nsxt_logical_router_downlink_port",
                    "depends_on": [
                        "nsxt_logical_port.logical_port1.*",
                        "nsxt_logical_tier1_router.t1.*"
                    ],
                    "primary": {
                        "id": "b26697da-762f-4f59-87c7-9e97a47b47ea",
                        "attributes": {
                            "description": "",
                            "display_name": "link to logical switch 35",
                            "id": "b26697da-762f-4f59-87c7-9e97a47b47ea",
                            "ip_address": "192.168.35.1/24",
                            "linked_logical_switch_port_id": "938bbee8-98cb-4c18-b737-aa3d7b3ec9e5",
                            "logical_router_id": "310588a7-76b5-4075-8bd1-d4a80f9c8f24",
                            "mac_address": "02:50:56:56:44:52",
                            "revision": "0",
                            "service_binding.#": "0",
                            "tag.#": "0",
                            "urpf_mode": "STRICT"
                        },
                        "meta": {},
                        "tainted": false
                    },
                    "deposed": [],
                    "provider": "provider.nsxt"
                },
                "nsxt_logical_router_downlink_port.downlink_port.36": {
                    "type": "nsxt_logical_router_downlink_port",
                    "depends_on": [
                        "nsxt_logical_port.logical_port1.*",
                        "nsxt_logical_tier1_router.t1.*"
                    ],
                    "primary": {
                        "id": "e9fc1f71-7791-4426-9d68-e9fd20f53a50",
                        "attributes": {
                            "description": "",
                            "display_name": "link to logical switch 36",
                            "id": "e9fc1f71-7791-4426-9d68-e9fd20f53a50",
                            "ip_address": "192.168.36.1/24",
                            "linked_logical_switch_port_id": "5eb71248-d5df-4cea-87d9-1c2714407604",
                            "logical_router_id": "fc1f5f7c-041f-4d20-b170-51599ac0cbb9",
                            "mac_address": "02:50:56:56:44:52",
                            "revision": "0",
                            "service_binding.#": "0",
                            "tag.#": "0",
                            "urpf_mode": "STRICT"
                        },
                        "meta": {},
                        "tainted": false
                    },
                    "deposed": [],
                    "provider": "provider.nsxt"
                },
                "nsxt_logical_router_downlink_port.downlink_port.37": {
                    "type": "nsxt_logical_router_downlink_port",
                    "depends_on": [
                        "nsxt_logical_port.logical_port1.*",
                        "nsxt_logical_tier1_router.t1.*"
                    ],
                    "primary": {
                        "id": "51e4f6dd-9bc0-4bab-a286-2f050ef16886",
                        "attributes": {
                            "description": "",
                            "display_name": "link to logical switch 37",
                            "id": "51e4f6dd-9bc0-4bab-a286-2f050ef16886",
                            "ip_address": "192.168.37.1/24",
                            "linked_logical_switch_port_id": "9e78d1df-d47a-4931-be14-ce60dfcb9b82",
                            "logical_router_id": "7c17cd71-0817-40ce-ad64-4cce0cf6ce87",
                            "mac_address": "02:50:56:56:44:52",
                            "revision": "0",
                            "service_binding.#": "0",
                            "tag.#": "0",
                            "urpf_mode": "STRICT"
                        },
                        "meta": {},
                        "tainted": false
                    },
                    "deposed": [],
                    "provider": "provider.nsxt"
                },
                "nsxt_logical_router_downlink_port.downlink_port.38": {
                    "type": "nsxt_logical_router_downlink_port",
                    "depends_on": [
                        "nsxt_logical_port.logical_port1.*",
                        "nsxt_logical_tier1_router.t1.*"
                    ],
                    "primary": {
                        "id": "e829628f-acd4-40aa-a57f-8c644f6a6ee6",
                        "attributes": {
                            "description": "",
                            "display_name": "link to logical switch 38",
                            "id": "e829628f-acd4-40aa-a57f-8c644f6a6ee6",
                            "ip_address": "192.168.38.1/24",
                            "linked_logical_switch_port_id": "c3009364-c7f9-42ab-9d92-b45f62364f13",
                            "logical_router_id": "46b31d3c-9e8f-47da-8771-711275540973",
                            "mac_address": "02:50:56:56:44:52",
                            "revision": "0",
                            "service_binding.#": "0",
                            "tag.#": "0",
                            "urpf_mode": "STRICT"
                        },
                        "meta": {},
                        "tainted": false
                    },
                    "deposed": [],
                    "provider": "provider.nsxt"
                },
                "nsxt_logical_router_downlink_port.downlink_port.39": {
                    "type": "nsxt_logical_router_downlink_port",
                    "depends_on": [
                        "nsxt_logical_port.logical_port1.*",
                        "nsxt_logical_tier1_router.t1.*"
                    ],
                    "primary": {
                        "id": "ee1236d3-8312-4a01-acbb-39671fb909d5",
                        "attributes": {
                            "description": "",
                            "display_name": "link to logical switch 39",
                            "id": "ee1236d3-8312-4a01-acbb-39671fb909d5",
                            "ip_address": "192.168.39.1/24",
                            "linked_logical_switch_port_id": "79facdee-3637-4eac-a1d9-d1e96a1d8280",
                            "logical_router_id": "b3d562e2-6473-461d-a1ba-78130dc8c2ac",
                            "mac_address": "02:50:56:56:44:52",
                            "revision": "0",
                            "service_binding.#": "0",
                            "tag.#": "0",
                            "urpf_mode": "STRICT"
                        },
                        "meta": {},
                        "tainted": false
                    },
                    "deposed": [],
                    "provider": "provider.nsxt"
                },
                "nsxt_logical_router_downlink_port.downlink_port.4": {
                    "type": "nsxt_logical_router_downlink_port",
                    "depends_on": [
                        "nsxt_logical_port.logical_port1.*",
                        "nsxt_logical_tier1_router.t1.*"
                    ],
                    "primary": {
                        "id": "5549d3a1-4acc-4bad-905b-c43047ee51d4",
                        "attributes": {
                            "description": "",
                            "display_name": "link to logical switch 4",
                            "id": "5549d3a1-4acc-4bad-905b-c43047ee51d4",
                            "ip_address": "192.168.4.1/24",
                            "linked_logical_switch_port_id": "a0f2e1ad-b3a3-4902-927c-fca34aafe442",
                            "logical_router_id": "fffc6b53-9c7e-45a4-87dc-c775a90a9c69",
                            "mac_address": "02:50:56:56:44:52",
                            "revision": "0",
                            "service_binding.#": "0",
                            "tag.#": "0",
                            "urpf_mode": "STRICT"
                        },
                        "meta": {},
                        "tainted": false
                    },
                    "deposed": [],
                    "provider": "provider.nsxt"
                },
                "nsxt_logical_router_downlink_port.downlink_port.40": {
                    "type": "nsxt_logical_router_downlink_port",
                    "depends_on": [
                        "nsxt_logical_port.logical_port1.*",
                        "nsxt_logical_tier1_router.t1.*"
                    ],
                    "primary": {
                        "id": "13da2d4f-47a6-4f96-8880-19f020681c8c",
                        "attributes": {
                            "description": "",
                            "display_name": "link to logical switch 40",
                            "id": "13da2d4f-47a6-4f96-8880-19f020681c8c",
                            "ip_address": "192.168.40.1/24",
                            "linked_logical_switch_port_id": "e4a2cadb-0f3a-4b0f-bb2d-96b2218565a4",
                            "logical_router_id": "f56d9815-8288-48da-a6c6-2b95a3ca73cd",
                            "mac_address": "02:50:56:56:44:52",
                            "revision": "0",
                            "service_binding.#": "0",
                            "tag.#": "0",
                            "urpf_mode": "STRICT"
                        },
                        "meta": {},
                        "tainted": false
                    },
                    "deposed": [],
                    "provider": "provider.nsxt"
                },
                "nsxt_logical_router_downlink_port.downlink_port.41": {
                    "type": "nsxt_logical_router_downlink_port",
                    "depends_on": [
                        "nsxt_logical_port.logical_port1.*",
                        "nsxt_logical_tier1_router.t1.*"
                    ],
                    "primary": {
                        "id": "cd3fa3fe-c527-4fe8-81bd-403b5a8c1702",
                        "attributes": {
                            "description": "",
                            "display_name": "link to logical switch 41",
                            "id": "cd3fa3fe-c527-4fe8-81bd-403b5a8c1702",
                            "ip_address": "192.168.41.1/24",
                            "linked_logical_switch_port_id": "adf97fd0-7945-472a-9be3-9a44153f229f",
                            "logical_router_id": "d1f6493c-857b-488e-b2c5-654ac7acb7c4",
                            "mac_address": "02:50:56:56:44:52",
                            "revision": "0",
                            "service_binding.#": "0",
                            "tag.#": "0",
                            "urpf_mode": "STRICT"
                        },
                        "meta": {},
                        "tainted": false
                    },
                    "deposed": [],
                    "provider": "provider.nsxt"
                },
                "nsxt_logical_router_downlink_port.downlink_port.42": {
                    "type": "nsxt_logical_router_downlink_port",
                    "depends_on": [
                        "nsxt_logical_port.logical_port1.*",
                        "nsxt_logical_tier1_router.t1.*"
                    ],
                    "primary": {
                        "id": "d4c1009e-934b-4aa3-8799-82dfd6be2ff8",
                        "attributes": {
                            "description": "",
                            "display_name": "link to logical switch 42",
                            "id": "d4c1009e-934b-4aa3-8799-82dfd6be2ff8",
                            "ip_address": "192.168.42.1/24",
                            "linked_logical_switch_port_id": "63ca133c-ddb1-444b-a740-e56fd05b90df",
                            "logical_router_id": "16adb67a-8272-4b63-b536-b8f523297410",
                            "mac_address": "02:50:56:56:44:52",
                            "revision": "0",
                            "service_binding.#": "0",
                            "tag.#": "0",
                            "urpf_mode": "STRICT"
                        },
                        "meta": {},
                        "tainted": false
                    },
                    "deposed": [],
                    "provider": "provider.nsxt"
                },
                "nsxt_logical_router_downlink_port.downlink_port.43": {
                    "type": "nsxt_logical_router_downlink_port",
                    "depends_on": [
                        "nsxt_logical_port.logical_port1.*",
                        "nsxt_logical_tier1_router.t1.*"
                    ],
                    "primary": {
                        "id": "ec6e8ca9-e545-48cd-8990-336986812515",
                        "attributes": {
                            "description": "",
                            "display_name": "link to logical switch 43",
                            "id": "ec6e8ca9-e545-48cd-8990-336986812515",
                            "ip_address": "192.168.43.1/24",
                            "linked_logical_switch_port_id": "74990a1d-083a-41b6-91fc-e0b90172cb44",
                            "logical_router_id": "1169cda5-45e8-44af-9dfe-0e5ac68f3833",
                            "mac_address": "02:50:56:56:44:52",
                            "revision": "0",
                            "service_binding.#": "0",
                            "tag.#": "0",
                            "urpf_mode": "STRICT"
                        },
                        "meta": {},
                        "tainted": false
                    },
                    "deposed": [],
                    "provider": "provider.nsxt"
                },
                "nsxt_logical_router_downlink_port.downlink_port.44": {
                    "type": "nsxt_logical_router_downlink_port",
                    "depends_on": [
                        "nsxt_logical_port.logical_port1.*",
                        "nsxt_logical_tier1_router.t1.*"
                    ],
                    "primary": {
                        "id": "6904ba92-a2ca-422a-9de8-e0b8a3af2eea",
                        "attributes": {
                            "description": "",
                            "display_name": "link to logical switch 44",
                            "id": "6904ba92-a2ca-422a-9de8-e0b8a3af2eea",
                            "ip_address": "192.168.44.1/24",
                            "linked_logical_switch_port_id": "c5b72fd8-88b7-48be-9aa7-72d53676965d",
                            "logical_router_id": "d0656a19-580a-4fb6-85ce-1eba0de0be97",
                            "mac_address": "02:50:56:56:44:52",
                            "revision": "0",
                            "service_binding.#": "0",
                            "tag.#": "0",
                            "urpf_mode": "STRICT"
                        },
                        "meta": {},
                        "tainted": false
                    },
                    "deposed": [],
                    "provider": "provider.nsxt"
                },
                "nsxt_logical_router_downlink_port.downlink_port.45": {
                    "type": "nsxt_logical_router_downlink_port",
                    "depends_on": [
                        "nsxt_logical_port.logical_port1.*",
                        "nsxt_logical_tier1_router.t1.*"
                    ],
                    "primary": {
                        "id": "ea4c3256-dba2-4044-975f-7dd451113680",
                        "attributes": {
                            "description": "",
                            "display_name": "link to logical switch 45",
                            "id": "ea4c3256-dba2-4044-975f-7dd451113680",
                            "ip_address": "192.168.45.1/24",
                            "linked_logical_switch_port_id": "94686845-5bf6-48c5-9c27-bca777c95288",
                            "logical_router_id": "aed37b9f-468a-45a0-b0ea-47635b60186e",
                            "mac_address": "02:50:56:56:44:52",
                            "revision": "0",
                            "service_binding.#": "0",
                            "tag.#": "0",
                            "urpf_mode": "STRICT"
                        },
                        "meta": {},
                        "tainted": false
                    },
                    "deposed": [],
                    "provider": "provider.nsxt"
                },
                "nsxt_logical_router_downlink_port.downlink_port.46": {
                    "type": "nsxt_logical_router_downlink_port",
                    "depends_on": [
                        "nsxt_logical_port.logical_port1.*",
                        "nsxt_logical_tier1_router.t1.*"
                    ],
                    "primary": {
                        "id": "d84ce2ba-8c7f-4665-9bb0-4d79c514699d",
                        "attributes": {
                            "description": "",
                            "display_name": "link to logical switch 46",
                            "id": "d84ce2ba-8c7f-4665-9bb0-4d79c514699d",
                            "ip_address": "192.168.46.1/24",
                            "linked_logical_switch_port_id": "8e31bc2f-3a7a-41ba-961d-c143ecc36d99",
                            "logical_router_id": "cccb0f99-303c-4e44-8846-f43ab5db5495",
                            "mac_address": "02:50:56:56:44:52",
                            "revision": "0",
                            "service_binding.#": "0",
                            "tag.#": "0",
                            "urpf_mode": "STRICT"
                        },
                        "meta": {},
                        "tainted": false
                    },
                    "deposed": [],
                    "provider": "provider.nsxt"
                },
                "nsxt_logical_router_downlink_port.downlink_port.47": {
                    "type": "nsxt_logical_router_downlink_port",
                    "depends_on": [
                        "nsxt_logical_port.logical_port1.*",
                        "nsxt_logical_tier1_router.t1.*"
                    ],
                    "primary": {
                        "id": "ac712de9-6646-4955-8e2b-fcfb72911e0b",
                        "attributes": {
                            "description": "",
                            "display_name": "link to logical switch 47",
                            "id": "ac712de9-6646-4955-8e2b-fcfb72911e0b",
                            "ip_address": "192.168.47.1/24",
                            "linked_logical_switch_port_id": "87d36d30-2e9a-49ed-9e7c-0be589bdcaac",
                            "logical_router_id": "31bec31f-cb2a-4e15-810a-7f10c20c0c13",
                            "mac_address": "02:50:56:56:44:52",
                            "revision": "0",
                            "service_binding.#": "0",
                            "tag.#": "0",
                            "urpf_mode": "STRICT"
                        },
                        "meta": {},
                        "tainted": false
                    },
                    "deposed": [],
                    "provider": "provider.nsxt"
                },
                "nsxt_logical_router_downlink_port.downlink_port.48": {
                    "type": "nsxt_logical_router_downlink_port",
                    "depends_on": [
                        "nsxt_logical_port.logical_port1.*",
                        "nsxt_logical_tier1_router.t1.*"
                    ],
                    "primary": {
                        "id": "0fa40558-49de-4d6e-a97b-19d57237c35d",
                        "attributes": {
                            "description": "",
                            "display_name": "link to logical switch 48",
                            "id": "0fa40558-49de-4d6e-a97b-19d57237c35d",
                            "ip_address": "192.168.48.1/24",
                            "linked_logical_switch_port_id": "85ecd265-985c-4fba-b690-fc3242a0927b",
                            "logical_router_id": "92560521-6a79-4c9e-83f2-de7ac320e9a9",
                            "mac_address": "02:50:56:56:44:52",
                            "revision": "0",
                            "service_binding.#": "0",
                            "tag.#": "0",
                            "urpf_mode": "STRICT"
                        },
                        "meta": {},
                        "tainted": false
                    },
                    "deposed": [],
                    "provider": "provider.nsxt"
                },
                "nsxt_logical_router_downlink_port.downlink_port.49": {
                    "type": "nsxt_logical_router_downlink_port",
                    "depends_on": [
                        "nsxt_logical_port.logical_port1.*",
                        "nsxt_logical_tier1_router.t1.*"
                    ],
                    "primary": {
                        "id": "09416962-d889-4496-80a5-7ec072096a29",
                        "attributes": {
                            "description": "",
                            "display_name": "link to logical switch 49",
                            "id": "09416962-d889-4496-80a5-7ec072096a29",
                            "ip_address": "192.168.49.1/24",
                            "linked_logical_switch_port_id": "d10083c8-9fbf-47f8-9627-603fbd203a59",
                            "logical_router_id": "44f28b3d-b6c9-4adc-a387-ec9094802fa1",
                            "mac_address": "02:50:56:56:44:52",
                            "revision": "0",
                            "service_binding.#": "0",
                            "tag.#": "0",
                            "urpf_mode": "STRICT"
                        },
                        "meta": {},
                        "tainted": false
                    },
                    "deposed": [],
                    "provider": "provider.nsxt"
                },
                "nsxt_logical_router_downlink_port.downlink_port.5": {
                    "type": "nsxt_logical_router_downlink_port",
                    "depends_on": [
                        "nsxt_logical_port.logical_port1.*",
                        "nsxt_logical_tier1_router.t1.*"
                    ],
                    "primary": {
                        "id": "6b0e1ab8-3637-495b-adbf-8c66b5a90639",
                        "attributes": {
                            "description": "",
                            "display_name": "link to logical switch 5",
                            "id": "6b0e1ab8-3637-495b-adbf-8c66b5a90639",
                            "ip_address": "192.168.5.1/24",
                            "linked_logical_switch_port_id": "c8673031-ce75-450a-84e6-7d3c4a44713b",
                            "logical_router_id": "b08b414d-d57c-4aa6-be17-30ad286c8ca5",
                            "mac_address": "02:50:56:56:44:52",
                            "revision": "0",
                            "service_binding.#": "0",
                            "tag.#": "0",
                            "urpf_mode": "STRICT"
                        },
                        "meta": {},
                        "tainted": false
                    },
                    "deposed": [],
                    "provider": "provider.nsxt"
                },
                "nsxt_logical_router_downlink_port.downlink_port.50": {
                    "type": "nsxt_logical_router_downlink_port",
                    "depends_on": [
                        "nsxt_logical_port.logical_port1.*",
                        "nsxt_logical_tier1_router.t1.*"
                    ],
                    "primary": {
                        "id": "6c4a3579-f3b4-4b2e-83fb-9f7649266283",
                        "attributes": {
                            "description": "",
                            "display_name": "link to logical switch 50",
                            "id": "6c4a3579-f3b4-4b2e-83fb-9f7649266283",
                            "ip_address": "192.168.50.1/24",
                            "linked_logical_switch_port_id": "1010936b-c542-47ec-8af4-1a4434f8c6fc",
                            "logical_router_id": "abb4ae47-a092-4eb9-8270-ca81be39cd2d",
                            "mac_address": "02:50:56:56:44:52",
                            "revision": "0",
                            "service_binding.#": "0",
                            "tag.#": "0",
                            "urpf_mode": "STRICT"
                        },
                        "meta": {},
                        "tainted": false
                    },
                    "deposed": [],
                    "provider": "provider.nsxt"
                },
                "nsxt_logical_router_downlink_port.downlink_port.51": {
                    "type": "nsxt_logical_router_downlink_port",
                    "depends_on": [
                        "nsxt_logical_port.logical_port1.*",
                        "nsxt_logical_tier1_router.t1.*"
                    ],
                    "primary": {
                        "id": "eb9f75e8-38fa-4f02-ab9a-739ca924f9e2",
                        "attributes": {
                            "description": "",
                            "display_name": "link to logical switch 51",
                            "id": "eb9f75e8-38fa-4f02-ab9a-739ca924f9e2",
                            "ip_address": "192.168.51.1/24",
                            "linked_logical_switch_port_id": "40be4b73-7966-4f2b-bc7f-1cc5ce78f107",
                            "logical_router_id": "c8587967-28b7-45a1-acf6-9a7c02881b6b",
                            "mac_address": "02:50:56:56:44:52",
                            "revision": "0",
                            "service_binding.#": "0",
                            "tag.#": "0",
                            "urpf_mode": "STRICT"
                        },
                        "meta": {},
                        "tainted": false
                    },
                    "deposed": [],
                    "provider": "provider.nsxt"
                },
                "nsxt_logical_router_downlink_port.downlink_port.52": {
                    "type": "nsxt_logical_router_downlink_port",
                    "depends_on": [
                        "nsxt_logical_port.logical_port1.*",
                        "nsxt_logical_tier1_router.t1.*"
                    ],
                    "primary": {
                        "id": "3610aa6a-e38a-46c8-ab32-ddb367f0e427",
                        "attributes": {
                            "description": "",
                            "display_name": "link to logical switch 52",
                            "id": "3610aa6a-e38a-46c8-ab32-ddb367f0e427",
                            "ip_address": "192.168.52.1/24",
                            "linked_logical_switch_port_id": "fd5be347-9523-4a0a-9f95-824a3f5a1415",
                            "logical_router_id": "cc5fd529-5867-429b-9d2e-ea7ba48bd99a",
                            "mac_address": "02:50:56:56:44:52",
                            "revision": "0",
                            "service_binding.#": "0",
                            "tag.#": "0",
                            "urpf_mode": "STRICT"
                        },
                        "meta": {},
                        "tainted": false
                    },
                    "deposed": [],
                    "provider": "provider.nsxt"
                },
                "nsxt_logical_router_downlink_port.downlink_port.53": {
                    "type": "nsxt_logical_router_downlink_port",
                    "depends_on": [
                        "nsxt_logical_port.logical_port1.*",
                        "nsxt_logical_tier1_router.t1.*"
                    ],
                    "primary": {
                        "id": "a99d91e5-e34d-4378-ac42-72b0ced332d7",
                        "attributes": {
                            "description": "",
                            "display_name": "link to logical switch 53",
                            "id": "a99d91e5-e34d-4378-ac42-72b0ced332d7",
                            "ip_address": "192.168.53.1/24",
                            "linked_logical_switch_port_id": "12b65908-1db6-420d-9050-a255fa8bceed",
                            "logical_router_id": "49518fa1-79a2-4711-ab1b-4d8bb8eda0b1",
                            "mac_address": "02:50:56:56:44:52",
                            "revision": "0",
                            "service_binding.#": "0",
                            "tag.#": "0",
                            "urpf_mode": "STRICT"
                        },
                        "meta": {},
                        "tainted": false
                    },
                    "deposed": [],
                    "provider": "provider.nsxt"
                },
                "nsxt_logical_router_downlink_port.downlink_port.54": {
                    "type": "nsxt_logical_router_downlink_port",
                    "depends_on": [
                        "nsxt_logical_port.logical_port1.*",
                        "nsxt_logical_tier1_router.t1.*"
                    ],
                    "primary": {
                        "id": "f0ffadc7-da83-4700-a39b-f7b71a4eb751",
                        "attributes": {
                            "description": "",
                            "display_name": "link to logical switch 54",
                            "id": "f0ffadc7-da83-4700-a39b-f7b71a4eb751",
                            "ip_address": "192.168.54.1/24",
                            "linked_logical_switch_port_id": "0daf7780-707f-48be-882b-f0ce8eb23434",
                            "logical_router_id": "c3e72f53-ac67-4efa-be95-c743c61adc41",
                            "mac_address": "02:50:56:56:44:52",
                            "revision": "0",
                            "service_binding.#": "0",
                            "tag.#": "0",
                            "urpf_mode": "STRICT"
                        },
                        "meta": {},
                        "tainted": false
                    },
                    "deposed": [],
                    "provider": "provider.nsxt"
                },
                "nsxt_logical_router_downlink_port.downlink_port.55": {
                    "type": "nsxt_logical_router_downlink_port",
                    "depends_on": [
                        "nsxt_logical_port.logical_port1.*",
                        "nsxt_logical_tier1_router.t1.*"
                    ],
                    "primary": {
                        "id": "43b9d512-ba58-44b3-9d3a-04656a682d93",
                        "attributes": {
                            "description": "",
                            "display_name": "link to logical switch 55",
                            "id": "43b9d512-ba58-44b3-9d3a-04656a682d93",
                            "ip_address": "192.168.55.1/24",
                            "linked_logical_switch_port_id": "3d415698-e38a-4816-843d-5716fd03d7fd",
                            "logical_router_id": "4db5762b-e996-4e82-b35f-a4188d9eec60",
                            "mac_address": "02:50:56:56:44:52",
                            "revision": "0",
                            "service_binding.#": "0",
                            "tag.#": "0",
                            "urpf_mode": "STRICT"
                        },
                        "meta": {},
                        "tainted": false
                    },
                    "deposed": [],
                    "provider": "provider.nsxt"
                },
                "nsxt_logical_router_downlink_port.downlink_port.56": {
                    "type": "nsxt_logical_router_downlink_port",
                    "depends_on": [
                        "nsxt_logical_port.logical_port1.*",
                        "nsxt_logical_tier1_router.t1.*"
                    ],
                    "primary": {
                        "id": "a9ae2d28-50dd-4ffa-aaf3-398dd0910238",
                        "attributes": {
                            "description": "",
                            "display_name": "link to logical switch 56",
                            "id": "a9ae2d28-50dd-4ffa-aaf3-398dd0910238",
                            "ip_address": "192.168.56.1/24",
                            "linked_logical_switch_port_id": "31aacce5-1b9a-459d-ae26-a97a54cadd65",
                            "logical_router_id": "f6d6623f-282b-488e-a06a-8f3ac822d48e",
                            "mac_address": "02:50:56:56:44:52",
                            "revision": "0",
                            "service_binding.#": "0",
                            "tag.#": "0",
                            "urpf_mode": "STRICT"
                        },
                        "meta": {},
                        "tainted": false
                    },
                    "deposed": [],
                    "provider": "provider.nsxt"
                },
                "nsxt_logical_router_downlink_port.downlink_port.57": {
                    "type": "nsxt_logical_router_downlink_port",
                    "depends_on": [
                        "nsxt_logical_port.logical_port1.*",
                        "nsxt_logical_tier1_router.t1.*"
                    ],
                    "primary": {
                        "id": "19aa8d91-0539-4746-977c-2d446b0e7f65",
                        "attributes": {
                            "description": "",
                            "display_name": "link to logical switch 57",
                            "id": "19aa8d91-0539-4746-977c-2d446b0e7f65",
                            "ip_address": "192.168.57.1/24",
                            "linked_logical_switch_port_id": "a84fb739-9f32-4df1-b09f-3ee962c43c33",
                            "logical_router_id": "a903e456-0f2b-43e9-8a5e-10da4d053cd9",
                            "mac_address": "02:50:56:56:44:52",
                            "revision": "0",
                            "service_binding.#": "0",
                            "tag.#": "0",
                            "urpf_mode": "STRICT"
                        },
                        "meta": {},
                        "tainted": false
                    },
                    "deposed": [],
                    "provider": "provider.nsxt"
                },
                "nsxt_logical_router_downlink_port.downlink_port.58": {
                    "type": "nsxt_logical_router_downlink_port",
                    "depends_on": [
                        "nsxt_logical_port.logical_port1.*",
                        "nsxt_logical_tier1_router.t1.*"
                    ],
                    "primary": {
                        "id": "ce712c1d-4bbc-40a1-a313-1aea45026989",
                        "attributes": {
                            "description": "",
                            "display_name": "link to logical switch 58",
                            "id": "ce712c1d-4bbc-40a1-a313-1aea45026989",
                            "ip_address": "192.168.58.1/24",
                            "linked_logical_switch_port_id": "7db3bc45-fc89-42e2-a6d1-2f221fc59613",
                            "logical_router_id": "e55830ac-41c5-4769-b6f3-429c74557b6b",
                            "mac_address": "02:50:56:56:44:52",
                            "revision": "0",
                            "service_binding.#": "0",
                            "tag.#": "0",
                            "urpf_mode": "STRICT"
                        },
                        "meta": {},
                        "tainted": false
                    },
                    "deposed": [],
                    "provider": "provider.nsxt"
                },
                "nsxt_logical_router_downlink_port.downlink_port.59": {
                    "type": "nsxt_logical_router_downlink_port",
                    "depends_on": [
                        "nsxt_logical_port.logical_port1.*",
                        "nsxt_logical_tier1_router.t1.*"
                    ],
                    "primary": {
                        "id": "8d4eb213-38b6-4351-8762-a98971cfbfc0",
                        "attributes": {
                            "description": "",
                            "display_name": "link to logical switch 59",
                            "id": "8d4eb213-38b6-4351-8762-a98971cfbfc0",
                            "ip_address": "192.168.59.1/24",
                            "linked_logical_switch_port_id": "d66b7233-3374-44f5-9e6d-166d7db37955",
                            "logical_router_id": "5b219745-436b-4a47-bd1d-07e08517c4bc",
                            "mac_address": "02:50:56:56:44:52",
                            "revision": "0",
                            "service_binding.#": "0",
                            "tag.#": "0",
                            "urpf_mode": "STRICT"
                        },
                        "meta": {},
                        "tainted": false
                    },
                    "deposed": [],
                    "provider": "provider.nsxt"
                },
                "nsxt_logical_router_downlink_port.downlink_port.6": {
                    "type": "nsxt_logical_router_downlink_port",
                    "depends_on": [
                        "nsxt_logical_port.logical_port1.*",
                        "nsxt_logical_tier1_router.t1.*"
                    ],
                    "primary": {
                        "id": "9c9c71b7-e82f-4de2-be23-734385132476",
                        "attributes": {
                            "description": "",
                            "display_name": "link to logical switch 6",
                            "id": "9c9c71b7-e82f-4de2-be23-734385132476",
                            "ip_address": "192.168.6.1/24",
                            "linked_logical_switch_port_id": "ccc05107-bfda-4dbb-999b-61e80a55063b",
                            "logical_router_id": "fdab401c-9607-421f-bd68-48ede78077f4",
                            "mac_address": "02:50:56:56:44:52",
                            "revision": "0",
                            "service_binding.#": "0",
                            "tag.#": "0",
                            "urpf_mode": "STRICT"
                        },
                        "meta": {},
                        "tainted": false
                    },
                    "deposed": [],
                    "provider": "provider.nsxt"
                },
                "nsxt_logical_router_downlink_port.downlink_port.60": {
                    "type": "nsxt_logical_router_downlink_port",
                    "depends_on": [
                        "nsxt_logical_port.logical_port1.*",
                        "nsxt_logical_tier1_router.t1.*"
                    ],
                    "primary": {
                        "id": "7ab1bb6d-c883-41f1-b10e-b4ad0e172ce1",
                        "attributes": {
                            "description": "",
                            "display_name": "link to logical switch 60",
                            "id": "7ab1bb6d-c883-41f1-b10e-b4ad0e172ce1",
                            "ip_address": "192.168.60.1/24",
                            "linked_logical_switch_port_id": "7a76a188-a9d4-4d12-8359-f19a52b3044b",
                            "logical_router_id": "71f04516-11d0-4fc4-8c66-3cd759a2e63a",
                            "mac_address": "02:50:56:56:44:52",
                            "revision": "0",
                            "service_binding.#": "0",
                            "tag.#": "0",
                            "urpf_mode": "STRICT"
                        },
                        "meta": {},
                        "tainted": false
                    },
                    "deposed": [],
                    "provider": "provider.nsxt"
                },
                "nsxt_logical_router_downlink_port.downlink_port.61": {
                    "type": "nsxt_logical_router_downlink_port",
                    "depends_on": [
                        "nsxt_logical_port.logical_port1.*",
                        "nsxt_logical_tier1_router.t1.*"
                    ],
                    "primary": {
                        "id": "5b616c98-bd26-42f5-8e1f-4d5ee331c0af",
                        "attributes": {
                            "description": "",
                            "display_name": "link to logical switch 61",
                            "id": "5b616c98-bd26-42f5-8e1f-4d5ee331c0af",
                            "ip_address": "192.168.61.1/24",
                            "linked_logical_switch_port_id": "a5d8eaa3-4e95-4024-8814-4ec9c3eb8361",
                            "logical_router_id": "1495ad51-7bae-425e-a58d-36492284d254",
                            "mac_address": "02:50:56:56:44:52",
                            "revision": "0",
                            "service_binding.#": "0",
                            "tag.#": "0",
                            "urpf_mode": "STRICT"
                        },
                        "meta": {},
                        "tainted": false
                    },
                    "deposed": [],
                    "provider": "provider.nsxt"
                },
                "nsxt_logical_router_downlink_port.downlink_port.62": {
                    "type": "nsxt_logical_router_downlink_port",
                    "depends_on": [
                        "nsxt_logical_port.logical_port1.*",
                        "nsxt_logical_tier1_router.t1.*"
                    ],
                    "primary": {
                        "id": "3f01e58b-6c4c-4191-a241-e18622f92134",
                        "attributes": {
                            "description": "",
                            "display_name": "link to logical switch 62",
                            "id": "3f01e58b-6c4c-4191-a241-e18622f92134",
                            "ip_address": "192.168.62.1/24",
                            "linked_logical_switch_port_id": "3c83e5b1-ee99-4c43-800d-a8752496fe80",
                            "logical_router_id": "13e8b80d-92ae-4571-af6e-b248a54e8387",
                            "mac_address": "02:50:56:56:44:52",
                            "revision": "0",
                            "service_binding.#": "0",
                            "tag.#": "0",
                            "urpf_mode": "STRICT"
                        },
                        "meta": {},
                        "tainted": false
                    },
                    "deposed": [],
                    "provider": "provider.nsxt"
                },
                "nsxt_logical_router_downlink_port.downlink_port.63": {
                    "type": "nsxt_logical_router_downlink_port",
                    "depends_on": [
                        "nsxt_logical_port.logical_port1.*",
                        "nsxt_logical_tier1_router.t1.*"
                    ],
                    "primary": {
                        "id": "cb984460-c4a9-4a9b-b58a-dab6a3acc6ce",
                        "attributes": {
                            "description": "",
                            "display_name": "link to logical switch 63",
                            "id": "cb984460-c4a9-4a9b-b58a-dab6a3acc6ce",
                            "ip_address": "192.168.63.1/24",
                            "linked_logical_switch_port_id": "5e136b52-d32c-4d48-9cc5-c299612fca9a",
                            "logical_router_id": "c8f5d91c-ae1d-466e-93f9-b164351694b6",
                            "mac_address": "02:50:56:56:44:52",
                            "revision": "0",
                            "service_binding.#": "0",
                            "tag.#": "0",
                            "urpf_mode": "STRICT"
                        },
                        "meta": {},
                        "tainted": false
                    },
                    "deposed": [],
                    "provider": "provider.nsxt"
                },
                "nsxt_logical_router_downlink_port.downlink_port.64": {
                    "type": "nsxt_logical_router_downlink_port",
                    "depends_on": [
                        "nsxt_logical_port.logical_port1.*",
                        "nsxt_logical_tier1_router.t1.*"
                    ],
                    "primary": {
                        "id": "a782c5d4-f39b-4bef-b2c9-4b82bb547c05",
                        "attributes": {
                            "description": "",
                            "display_name": "link to logical switch 64",
                            "id": "a782c5d4-f39b-4bef-b2c9-4b82bb547c05",
                            "ip_address": "192.168.64.1/24",
                            "linked_logical_switch_port_id": "221adabe-dba0-4e70-9da9-b22276e70666",
                            "logical_router_id": "4a3b6101-69e7-4983-9a96-18e0fc3b3a47",
                            "mac_address": "02:50:56:56:44:52",
                            "revision": "0",
                            "service_binding.#": "0",
                            "tag.#": "0",
                            "urpf_mode": "STRICT"
                        },
                        "meta": {},
                        "tainted": false
                    },
                    "deposed": [],
                    "provider": "provider.nsxt"
                },
                "nsxt_logical_router_downlink_port.downlink_port.65": {
                    "type": "nsxt_logical_router_downlink_port",
                    "depends_on": [
                        "nsxt_logical_port.logical_port1.*",
                        "nsxt_logical_tier1_router.t1.*"
                    ],
                    "primary": {
                        "id": "2008a592-274e-4d0f-8a87-860514945034",
                        "attributes": {
                            "description": "",
                            "display_name": "link to logical switch 65",
                            "id": "2008a592-274e-4d0f-8a87-860514945034",
                            "ip_address": "192.168.65.1/24",
                            "linked_logical_switch_port_id": "6c7dd89c-32fa-4fd5-93a4-92d30993eddc",
                            "logical_router_id": "2f3243e1-5471-4fec-8a15-4b53016940d2",
                            "mac_address": "02:50:56:56:44:52",
                            "revision": "0",
                            "service_binding.#": "0",
                            "tag.#": "0",
                            "urpf_mode": "STRICT"
                        },
                        "meta": {},
                        "tainted": false
                    },
                    "deposed": [],
                    "provider": "provider.nsxt"
                },
                "nsxt_logical_router_downlink_port.downlink_port.66": {
                    "type": "nsxt_logical_router_downlink_port",
                    "depends_on": [
                        "nsxt_logical_port.logical_port1.*",
                        "nsxt_logical_tier1_router.t1.*"
                    ],
                    "primary": {
                        "id": "4fe0e56f-2a57-4b18-aa62-c92b272d5091",
                        "attributes": {
                            "description": "",
                            "display_name": "link to logical switch 66",
                            "id": "4fe0e56f-2a57-4b18-aa62-c92b272d5091",
                            "ip_address": "192.168.66.1/24",
                            "linked_logical_switch_port_id": "d3c27a16-4b05-4ac3-82a3-5f1e4e7c9a19",
                            "logical_router_id": "c5c85f03-fd39-4484-a0b2-269b882f485e",
                            "mac_address": "02:50:56:56:44:52",
                            "revision": "0",
                            "service_binding.#": "0",
                            "tag.#": "0",
                            "urpf_mode": "STRICT"
                        },
                        "meta": {},
                        "tainted": false
                    },
                    "deposed": [],
                    "provider": "provider.nsxt"
                },
                "nsxt_logical_router_downlink_port.downlink_port.67": {
                    "type": "nsxt_logical_router_downlink_port",
                    "depends_on": [
                        "nsxt_logical_port.logical_port1.*",
                        "nsxt_logical_tier1_router.t1.*"
                    ],
                    "primary": {
                        "id": "7ac4ab96-8e3a-4e9a-9a93-497cae5ac162",
                        "attributes": {
                            "description": "",
                            "display_name": "link to logical switch 67",
                            "id": "7ac4ab96-8e3a-4e9a-9a93-497cae5ac162",
                            "ip_address": "192.168.67.1/24",
                            "linked_logical_switch_port_id": "39ccd516-ba88-4307-94f1-86689f4aff7d",
                            "logical_router_id": "752801d5-35a2-4b41-b729-6dc98094bb32",
                            "mac_address": "02:50:56:56:44:52",
                            "revision": "0",
                            "service_binding.#": "0",
                            "tag.#": "0",
                            "urpf_mode": "STRICT"
                        },
                        "meta": {},
                        "tainted": false
                    },
                    "deposed": [],
                    "provider": "provider.nsxt"
                },
                "nsxt_logical_router_downlink_port.downlink_port.68": {
                    "type": "nsxt_logical_router_downlink_port",
                    "depends_on": [
                        "nsxt_logical_port.logical_port1.*",
                        "nsxt_logical_tier1_router.t1.*"
                    ],
                    "primary": {
                        "id": "edb9c5df-b708-438f-a2a0-8d6b136db2cc",
                        "attributes": {
                            "description": "",
                            "display_name": "link to logical switch 68",
                            "id": "edb9c5df-b708-438f-a2a0-8d6b136db2cc",
                            "ip_address": "192.168.68.1/24",
                            "linked_logical_switch_port_id": "a041b8a6-d0ac-4cdd-b6ac-76b706e926e8",
                            "logical_router_id": "9f393ee3-9df2-4f4f-85e2-0059eaa98097",
                            "mac_address": "02:50:56:56:44:52",
                            "revision": "0",
                            "service_binding.#": "0",
                            "tag.#": "0",
                            "urpf_mode": "STRICT"
                        },
                        "meta": {},
                        "tainted": false
                    },
                    "deposed": [],
                    "provider": "provider.nsxt"
                },
                "nsxt_logical_router_downlink_port.downlink_port.69": {
                    "type": "nsxt_logical_router_downlink_port",
                    "depends_on": [
                        "nsxt_logical_port.logical_port1.*",
                        "nsxt_logical_tier1_router.t1.*"
                    ],
                    "primary": {
                        "id": "4322e5f5-a7ec-4788-ba90-47ac8d932f1f",
                        "attributes": {
                            "description": "",
                            "display_name": "link to logical switch 69",
                            "id": "4322e5f5-a7ec-4788-ba90-47ac8d932f1f",
                            "ip_address": "192.168.69.1/24",
                            "linked_logical_switch_port_id": "bf0d361b-c5f6-494b-8900-b9d47e725b60",
                            "logical_router_id": "d8252aca-2f93-4a9b-9ab6-5e0539028f2a",
                            "mac_address": "02:50:56:56:44:52",
                            "revision": "0",
                            "service_binding.#": "0",
                            "tag.#": "0",
                            "urpf_mode": "STRICT"
                        },
                        "meta": {},
                        "tainted": false
                    },
                    "deposed": [],
                    "provider": "provider.nsxt"
                },
                "nsxt_logical_router_downlink_port.downlink_port.7": {
                    "type": "nsxt_logical_router_downlink_port",
                    "depends_on": [
                        "nsxt_logical_port.logical_port1.*",
                        "nsxt_logical_tier1_router.t1.*"
                    ],
                    "primary": {
                        "id": "f07a49e2-40ef-4482-835f-30b980959fe6",
                        "attributes": {
                            "description": "",
                            "display_name": "link to logical switch 7",
                            "id": "f07a49e2-40ef-4482-835f-30b980959fe6",
                            "ip_address": "192.168.7.1/24",
                            "linked_logical_switch_port_id": "efbbd3c4-15f6-4830-898a-fac2e6c9ae07",
                            "logical_router_id": "07b88ba6-05f5-4603-8162-bca8aa122569",
                            "mac_address": "02:50:56:56:44:52",
                            "revision": "0",
                            "service_binding.#": "0",
                            "tag.#": "0",
                            "urpf_mode": "STRICT"
                        },
                        "meta": {},
                        "tainted": false
                    },
                    "deposed": [],
                    "provider": "provider.nsxt"
                },
                "nsxt_logical_router_downlink_port.downlink_port.70": {
                    "type": "nsxt_logical_router_downlink_port",
                    "depends_on": [
                        "nsxt_logical_port.logical_port1.*",
                        "nsxt_logical_tier1_router.t1.*"
                    ],
                    "primary": {
                        "id": "993a54db-f4ea-4c7b-b0e1-63bece375868",
                        "attributes": {
                            "description": "",
                            "display_name": "link to logical switch 70",
                            "id": "993a54db-f4ea-4c7b-b0e1-63bece375868",
                            "ip_address": "192.168.70.1/24",
                            "linked_logical_switch_port_id": "1847da7e-5a38-4662-90ad-3cd332d7d933",
                            "logical_router_id": "60f46ecd-4bfd-448e-8658-aa98d0b87218",
                            "mac_address": "02:50:56:56:44:52",
                            "revision": "0",
                            "service_binding.#": "0",
                            "tag.#": "0",
                            "urpf_mode": "STRICT"
                        },
                        "meta": {},
                        "tainted": false
                    },
                    "deposed": [],
                    "provider": "provider.nsxt"
                },
                "nsxt_logical_router_downlink_port.downlink_port.71": {
                    "type": "nsxt_logical_router_downlink_port",
                    "depends_on": [
                        "nsxt_logical_port.logical_port1.*",
                        "nsxt_logical_tier1_router.t1.*"
                    ],
                    "primary": {
                        "id": "e78e8c89-94fa-404f-a41a-cead35b95ee7",
                        "attributes": {
                            "description": "",
                            "display_name": "link to logical switch 71",
                            "id": "e78e8c89-94fa-404f-a41a-cead35b95ee7",
                            "ip_address": "192.168.71.1/24",
                            "linked_logical_switch_port_id": "81af8360-6b2f-4497-8723-05ac871756fe",
                            "logical_router_id": "69d5c946-80f3-4c76-80d9-792697c8cf1c",
                            "mac_address": "02:50:56:56:44:52",
                            "revision": "0",
                            "service_binding.#": "0",
                            "tag.#": "0",
                            "urpf_mode": "STRICT"
                        },
                        "meta": {},
                        "tainted": false
                    },
                    "deposed": [],
                    "provider": "provider.nsxt"
                },
                "nsxt_logical_router_downlink_port.downlink_port.72": {
                    "type": "nsxt_logical_router_downlink_port",
                    "depends_on": [
                        "nsxt_logical_port.logical_port1.*",
                        "nsxt_logical_tier1_router.t1.*"
                    ],
                    "primary": {
                        "id": "6ff7f3ec-fda5-439b-8275-1524db7868ec",
                        "attributes": {
                            "description": "",
                            "display_name": "link to logical switch 72",
                            "id": "6ff7f3ec-fda5-439b-8275-1524db7868ec",
                            "ip_address": "192.168.72.1/24",
                            "linked_logical_switch_port_id": "924ed757-e046-4830-8d69-6ae3d25077eb",
                            "logical_router_id": "22317041-a6d4-4ae5-b23c-78254f451e33",
                            "mac_address": "02:50:56:56:44:52",
                            "revision": "0",
                            "service_binding.#": "0",
                            "tag.#": "0",
                            "urpf_mode": "STRICT"
                        },
                        "meta": {},
                        "tainted": false
                    },
                    "deposed": [],
                    "provider": "provider.nsxt"
                },
                "nsxt_logical_router_downlink_port.downlink_port.73": {
                    "type": "nsxt_logical_router_downlink_port",
                    "depends_on": [
                        "nsxt_logical_port.logical_port1.*",
                        "nsxt_logical_tier1_router.t1.*"
                    ],
                    "primary": {
                        "id": "c99105f6-3250-4541-a9de-6c989a9996d7",
                        "attributes": {
                            "description": "",
                            "display_name": "link to logical switch 73",
                            "id": "c99105f6-3250-4541-a9de-6c989a9996d7",
                            "ip_address": "192.168.73.1/24",
                            "linked_logical_switch_port_id": "68207025-a555-498f-b8ab-c4c093172ecf",
                            "logical_router_id": "61ee1e66-37d8-4ffb-8b46-f3477bcd211e",
                            "mac_address": "02:50:56:56:44:52",
                            "revision": "0",
                            "service_binding.#": "0",
                            "tag.#": "0",
                            "urpf_mode": "STRICT"
                        },
                        "meta": {},
                        "tainted": false
                    },
                    "deposed": [],
                    "provider": "provider.nsxt"
                },
                "nsxt_logical_router_downlink_port.downlink_port.74": {
                    "type": "nsxt_logical_router_downlink_port",
                    "depends_on": [
                        "nsxt_logical_port.logical_port1.*",
                        "nsxt_logical_tier1_router.t1.*"
                    ],
                    "primary": {
                        "id": "0224fd5a-1325-4aed-b98c-79a1377b639c",
                        "attributes": {
                            "description": "",
                            "display_name": "link to logical switch 74",
                            "id": "0224fd5a-1325-4aed-b98c-79a1377b639c",
                            "ip_address": "192.168.74.1/24",
                            "linked_logical_switch_port_id": "df50b284-74cb-4cf3-afa9-083668e6b8a7",
                            "logical_router_id": "98846baa-88a3-4e33-bb1d-3ecafa62a2f9",
                            "mac_address": "02:50:56:56:44:52",
                            "revision": "0",
                            "service_binding.#": "0",
                            "tag.#": "0",
                            "urpf_mode": "STRICT"
                        },
                        "meta": {},
                        "tainted": false
                    },
                    "deposed": [],
                    "provider": "provider.nsxt"
                },
                "nsxt_logical_router_downlink_port.downlink_port.75": {
                    "type": "nsxt_logical_router_downlink_port",
                    "depends_on": [
                        "nsxt_logical_port.logical_port1.*",
                        "nsxt_logical_tier1_router.t1.*"
                    ],
                    "primary": {
                        "id": "31a7c8ea-8159-4011-af33-e6d28083c53b",
                        "attributes": {
                            "description": "",
                            "display_name": "link to logical switch 75",
                            "id": "31a7c8ea-8159-4011-af33-e6d28083c53b",
                            "ip_address": "192.168.75.1/24",
                            "linked_logical_switch_port_id": "a19838e1-92ea-44fa-b475-b5dc89e0fed0",
                            "logical_router_id": "11990759-71a3-4434-b26c-28a7f9094498",
                            "mac_address": "02:50:56:56:44:52",
                            "revision": "0",
                            "service_binding.#": "0",
                            "tag.#": "0",
                            "urpf_mode": "STRICT"
                        },
                        "meta": {},
                        "tainted": false
                    },
                    "deposed": [],
                    "provider": "provider.nsxt"
                },
                "nsxt_logical_router_downlink_port.downlink_port.76": {
                    "type": "nsxt_logical_router_downlink_port",
                    "depends_on": [
                        "nsxt_logical_port.logical_port1.*",
                        "nsxt_logical_tier1_router.t1.*"
                    ],
                    "primary": {
                        "id": "d7bfa070-8f8a-4266-afda-2365045baf1f",
                        "attributes": {
                            "description": "",
                            "display_name": "link to logical switch 76",
                            "id": "d7bfa070-8f8a-4266-afda-2365045baf1f",
                            "ip_address": "192.168.76.1/24",
                            "linked_logical_switch_port_id": "6399fcbb-717b-4508-b9d0-d99ef39e48fe",
                            "logical_router_id": "d5af7724-3b65-44a5-a8ae-58d7388975bd",
                            "mac_address": "02:50:56:56:44:52",
                            "revision": "0",
                            "service_binding.#": "0",
                            "tag.#": "0",
                            "urpf_mode": "STRICT"
                        },
                        "meta": {},
                        "tainted": false
                    },
                    "deposed": [],
                    "provider": "provider.nsxt"
                },
                "nsxt_logical_router_downlink_port.downlink_port.77": {
                    "type": "nsxt_logical_router_downlink_port",
                    "depends_on": [
                        "nsxt_logical_port.logical_port1.*",
                        "nsxt_logical_tier1_router.t1.*"
                    ],
                    "primary": {
                        "id": "8d8dce2c-bdfc-453b-92f3-e5fb29722407",
                        "attributes": {
                            "description": "",
                            "display_name": "link to logical switch 77",
                            "id": "8d8dce2c-bdfc-453b-92f3-e5fb29722407",
                            "ip_address": "192.168.77.1/24",
                            "linked_logical_switch_port_id": "7ec04b70-9511-470a-9981-3b1c79650d75",
                            "logical_router_id": "49d8a6ea-9adb-42aa-adc6-9c68c6aeed71",
                            "mac_address": "02:50:56:56:44:52",
                            "revision": "0",
                            "service_binding.#": "0",
                            "tag.#": "0",
                            "urpf_mode": "STRICT"
                        },
                        "meta": {},
                        "tainted": false
                    },
                    "deposed": [],
                    "provider": "provider.nsxt"
                },
                "nsxt_logical_router_downlink_port.downlink_port.78": {
                    "type": "nsxt_logical_router_downlink_port",
                    "depends_on": [
                        "nsxt_logical_port.logical_port1.*",
                        "nsxt_logical_tier1_router.t1.*"
                    ],
                    "primary": {
                        "id": "3f72f701-205e-4287-b31e-08f2f62878d6",
                        "attributes": {
                            "description": "",
                            "display_name": "link to logical switch 78",
                            "id": "3f72f701-205e-4287-b31e-08f2f62878d6",
                            "ip_address": "192.168.78.1/24",
                            "linked_logical_switch_port_id": "4d6f3e26-3338-4691-bfec-e20d1b536fa7",
                            "logical_router_id": "7afe95b7-2b7b-4182-9a1e-07dae0bae8c6",
                            "mac_address": "02:50:56:56:44:52",
                            "revision": "0",
                            "service_binding.#": "0",
                            "tag.#": "0",
                            "urpf_mode": "STRICT"
                        },
                        "meta": {},
                        "tainted": false
                    },
                    "deposed": [],
                    "provider": "provider.nsxt"
                },
                "nsxt_logical_router_downlink_port.downlink_port.79": {
                    "type": "nsxt_logical_router_downlink_port",
                    "depends_on": [
                        "nsxt_logical_port.logical_port1.*",
                        "nsxt_logical_tier1_router.t1.*"
                    ],
                    "primary": {
                        "id": "70336db5-e59b-433e-8a7c-895a94d9dbbb",
                        "attributes": {
                            "description": "",
                            "display_name": "link to logical switch 79",
                            "id": "70336db5-e59b-433e-8a7c-895a94d9dbbb",
                            "ip_address": "192.168.79.1/24",
                            "linked_logical_switch_port_id": "50ae693e-09f6-40a6-be86-103bac5e74a1",
                            "logical_router_id": "6d606826-52ed-40d1-b767-84b9e9c6e8fa",
                            "mac_address": "02:50:56:56:44:52",
                            "revision": "0",
                            "service_binding.#": "0",
                            "tag.#": "0",
                            "urpf_mode": "STRICT"
                        },
                        "meta": {},
                        "tainted": false
                    },
                    "deposed": [],
                    "provider": "provider.nsxt"
                },
                "nsxt_logical_router_downlink_port.downlink_port.8": {
                    "type": "nsxt_logical_router_downlink_port",
                    "depends_on": [
                        "nsxt_logical_port.logical_port1.*",
                        "nsxt_logical_tier1_router.t1.*"
                    ],
                    "primary": {
                        "id": "fb73f509-8c3b-428d-abc1-585337aed0e5",
                        "attributes": {
                            "description": "",
                            "display_name": "link to logical switch 8",
                            "id": "fb73f509-8c3b-428d-abc1-585337aed0e5",
                            "ip_address": "192.168.8.1/24",
                            "linked_logical_switch_port_id": "6d600199-3af6-42c5-8ad1-b9f9769189b1",
                            "logical_router_id": "5ce899d4-1518-4878-9585-dab85089df78",
                            "mac_address": "02:50:56:56:44:52",
                            "revision": "0",
                            "service_binding.#": "0",
                            "tag.#": "0",
                            "urpf_mode": "STRICT"
                        },
                        "meta": {},
                        "tainted": false
                    },
                    "deposed": [],
                    "provider": "provider.nsxt"
                },
                "nsxt_logical_router_downlink_port.downlink_port.80": {
                    "type": "nsxt_logical_router_downlink_port",
                    "depends_on": [
                        "nsxt_logical_port.logical_port1.*",
                        "nsxt_logical_tier1_router.t1.*"
                    ],
                    "primary": {
                        "id": "8e2381b5-8efa-426e-8137-3679a6f6e55a",
                        "attributes": {
                            "description": "",
                            "display_name": "link to logical switch 80",
                            "id": "8e2381b5-8efa-426e-8137-3679a6f6e55a",
                            "ip_address": "192.168.80.1/24",
                            "linked_logical_switch_port_id": "0fedf044-f29f-4b7d-8db5-6decd38554fb",
                            "logical_router_id": "ae908fc4-fce6-4366-8c9a-7da7bf066e06",
                            "mac_address": "02:50:56:56:44:52",
                            "revision": "0",
                            "service_binding.#": "0",
                            "tag.#": "0",
                            "urpf_mode": "STRICT"
                        },
                        "meta": {},
                        "tainted": false
                    },
                    "deposed": [],
                    "provider": "provider.nsxt"
                },
                "nsxt_logical_router_downlink_port.downlink_port.81": {
                    "type": "nsxt_logical_router_downlink_port",
                    "depends_on": [
                        "nsxt_logical_port.logical_port1.*",
                        "nsxt_logical_tier1_router.t1.*"
                    ],
                    "primary": {
                        "id": "477910d9-d115-4f5a-8918-468b84d2b243",
                        "attributes": {
                            "description": "",
                            "display_name": "link to logical switch 81",
                            "id": "477910d9-d115-4f5a-8918-468b84d2b243",
                            "ip_address": "192.168.81.1/24",
                            "linked_logical_switch_port_id": "2371500a-9553-4dc1-9c29-5d9c4dc8ba4e",
                            "logical_router_id": "ba96a1fa-c64a-40f3-85d0-1d5216774056",
                            "mac_address": "02:50:56:56:44:52",
                            "revision": "0",
                            "service_binding.#": "0",
                            "tag.#": "0",
                            "urpf_mode": "STRICT"
                        },
                        "meta": {},
                        "tainted": false
                    },
                    "deposed": [],
                    "provider": "provider.nsxt"
                },
                "nsxt_logical_router_downlink_port.downlink_port.82": {
                    "type": "nsxt_logical_router_downlink_port",
                    "depends_on": [
                        "nsxt_logical_port.logical_port1.*",
                        "nsxt_logical_tier1_router.t1.*"
                    ],
                    "primary": {
                        "id": "66dc98a5-b132-446b-ad88-642d817fcade",
                        "attributes": {
                            "description": "",
                            "display_name": "link to logical switch 82",
                            "id": "66dc98a5-b132-446b-ad88-642d817fcade",
                            "ip_address": "192.168.82.1/24",
                            "linked_logical_switch_port_id": "23b47fc5-a3c0-4cc2-b053-8b26e366611f",
                            "logical_router_id": "f90061ab-ad2a-4b73-be44-28a16b258f2f",
                            "mac_address": "02:50:56:56:44:52",
                            "revision": "0",
                            "service_binding.#": "0",
                            "tag.#": "0",
                            "urpf_mode": "STRICT"
                        },
                        "meta": {},
                        "tainted": false
                    },
                    "deposed": [],
                    "provider": "provider.nsxt"
                },
                "nsxt_logical_router_downlink_port.downlink_port.83": {
                    "type": "nsxt_logical_router_downlink_port",
                    "depends_on": [
                        "nsxt_logical_port.logical_port1.*",
                        "nsxt_logical_tier1_router.t1.*"
                    ],
                    "primary": {
                        "id": "ca7bf04d-0b28-4638-8f7a-f02f8df5163c",
                        "attributes": {
                            "description": "",
                            "display_name": "link to logical switch 83",
                            "id": "ca7bf04d-0b28-4638-8f7a-f02f8df5163c",
                            "ip_address": "192.168.83.1/24",
                            "linked_logical_switch_port_id": "706323d7-a559-4642-83fb-cbd977d65936",
                            "logical_router_id": "ecfcff0a-13b1-499a-ad94-d636e9269fae",
                            "mac_address": "02:50:56:56:44:52",
                            "revision": "0",
                            "service_binding.#": "0",
                            "tag.#": "0",
                            "urpf_mode": "STRICT"
                        },
                        "meta": {},
                        "tainted": false
                    },
                    "deposed": [],
                    "provider": "provider.nsxt"
                },
                "nsxt_logical_router_downlink_port.downlink_port.84": {
                    "type": "nsxt_logical_router_downlink_port",
                    "depends_on": [
                        "nsxt_logical_port.logical_port1.*",
                        "nsxt_logical_tier1_router.t1.*"
                    ],
                    "primary": {
                        "id": "2979f1c2-1810-4279-a639-a489e49c02de",
                        "attributes": {
                            "description": "",
                            "display_name": "link to logical switch 84",
                            "id": "2979f1c2-1810-4279-a639-a489e49c02de",
                            "ip_address": "192.168.84.1/24",
                            "linked_logical_switch_port_id": "96dd31fe-d265-4314-94b2-60265c8d19ac",
                            "logical_router_id": "68b43bbf-ed87-48cb-b535-35602ab71d34",
                            "mac_address": "02:50:56:56:44:52",
                            "revision": "0",
                            "service_binding.#": "0",
                            "tag.#": "0",
                            "urpf_mode": "STRICT"
                        },
                        "meta": {},
                        "tainted": false
                    },
                    "deposed": [],
                    "provider": "provider.nsxt"
                },
                "nsxt_logical_router_downlink_port.downlink_port.85": {
                    "type": "nsxt_logical_router_downlink_port",
                    "depends_on": [
                        "nsxt_logical_port.logical_port1.*",
                        "nsxt_logical_tier1_router.t1.*"
                    ],
                    "primary": {
                        "id": "57d3aa21-43bf-4c66-8d26-f2a95882be5d",
                        "attributes": {
                            "description": "",
                            "display_name": "link to logical switch 85",
                            "id": "57d3aa21-43bf-4c66-8d26-f2a95882be5d",
                            "ip_address": "192.168.85.1/24",
                            "linked_logical_switch_port_id": "f763cd57-2647-4f76-9839-abb2c84139e4",
                            "logical_router_id": "903db8b6-feee-4b2f-8db5-bbdbe95c7311",
                            "mac_address": "02:50:56:56:44:52",
                            "revision": "0",
                            "service_binding.#": "0",
                            "tag.#": "0",
                            "urpf_mode": "STRICT"
                        },
                        "meta": {},
                        "tainted": false
                    },
                    "deposed": [],
                    "provider": "provider.nsxt"
                },
                "nsxt_logical_router_downlink_port.downlink_port.86": {
                    "type": "nsxt_logical_router_downlink_port",
                    "depends_on": [
                        "nsxt_logical_port.logical_port1.*",
                        "nsxt_logical_tier1_router.t1.*"
                    ],
                    "primary": {
                        "id": "79979ce1-6d73-4176-beaf-ce35d6d398f4",
                        "attributes": {
                            "description": "",
                            "display_name": "link to logical switch 86",
                            "id": "79979ce1-6d73-4176-beaf-ce35d6d398f4",
                            "ip_address": "192.168.86.1/24",
                            "linked_logical_switch_port_id": "77d18580-f4ff-4841-9c1f-0ffb3950c510",
                            "logical_router_id": "0d85d99e-bc3e-4b77-8baa-7ac280de22fa",
                            "mac_address": "02:50:56:56:44:52",
                            "revision": "0",
                            "service_binding.#": "0",
                            "tag.#": "0",
                            "urpf_mode": "STRICT"
                        },
                        "meta": {},
                        "tainted": false
                    },
                    "deposed": [],
                    "provider": "provider.nsxt"
                },
                "nsxt_logical_router_downlink_port.downlink_port.87": {
                    "type": "nsxt_logical_router_downlink_port",
                    "depends_on": [
                        "nsxt_logical_port.logical_port1.*",
                        "nsxt_logical_tier1_router.t1.*"
                    ],
                    "primary": {
                        "id": "fed1189c-6ea9-432a-a75d-4cf86091d9e5",
                        "attributes": {
                            "description": "",
                            "display_name": "link to logical switch 87",
                            "id": "fed1189c-6ea9-432a-a75d-4cf86091d9e5",
                            "ip_address": "192.168.87.1/24",
                            "linked_logical_switch_port_id": "e7768dd2-7bca-40a3-b311-b2ee644d170d",
                            "logical_router_id": "4e916576-3aea-4abd-a476-b65e4232a3d6",
                            "mac_address": "02:50:56:56:44:52",
                            "revision": "0",
                            "service_binding.#": "0",
                            "tag.#": "0",
                            "urpf_mode": "STRICT"
                        },
                        "meta": {},
                        "tainted": false
                    },
                    "deposed": [],
                    "provider": "provider.nsxt"
                },
                "nsxt_logical_router_downlink_port.downlink_port.88": {
                    "type": "nsxt_logical_router_downlink_port",
                    "depends_on": [
                        "nsxt_logical_port.logical_port1.*",
                        "nsxt_logical_tier1_router.t1.*"
                    ],
                    "primary": {
                        "id": "0650e720-ce44-4fc5-a7ca-b3108dbeff5b",
                        "attributes": {
                            "description": "",
                            "display_name": "link to logical switch 88",
                            "id": "0650e720-ce44-4fc5-a7ca-b3108dbeff5b",
                            "ip_address": "192.168.88.1/24",
                            "linked_logical_switch_port_id": "76b782b8-63d9-4984-bf38-da1dbf967743",
                            "logical_router_id": "b7c03ff6-1fb9-4a78-af5f-1ca151fd95ae",
                            "mac_address": "02:50:56:56:44:52",
                            "revision": "0",
                            "service_binding.#": "0",
                            "tag.#": "0",
                            "urpf_mode": "STRICT"
                        },
                        "meta": {},
                        "tainted": false
                    },
                    "deposed": [],
                    "provider": "provider.nsxt"
                },
                "nsxt_logical_router_downlink_port.downlink_port.89": {
                    "type": "nsxt_logical_router_downlink_port",
                    "depends_on": [
                        "nsxt_logical_port.logical_port1.*",
                        "nsxt_logical_tier1_router.t1.*"
                    ],
                    "primary": {
                        "id": "ae3f941e-4a85-4e32-a5cd-beda2d481a8c",
                        "attributes": {
                            "description": "",
                            "display_name": "link to logical switch 89",
                            "id": "ae3f941e-4a85-4e32-a5cd-beda2d481a8c",
                            "ip_address": "192.168.89.1/24",
                            "linked_logical_switch_port_id": "8bd995de-b79f-47b4-9814-e629f0b8150d",
                            "logical_router_id": "17f940a7-eb3b-4b78-add7-b0289a7b0f64",
                            "mac_address": "02:50:56:56:44:52",
                            "revision": "0",
                            "service_binding.#": "0",
                            "tag.#": "0",
                            "urpf_mode": "STRICT"
                        },
                        "meta": {},
                        "tainted": false
                    },
                    "deposed": [],
                    "provider": "provider.nsxt"
                },
                "nsxt_logical_router_downlink_port.downlink_port.9": {
                    "type": "nsxt_logical_router_downlink_port",
                    "depends_on": [
                        "nsxt_logical_port.logical_port1.*",
                        "nsxt_logical_tier1_router.t1.*"
                    ],
                    "primary": {
                        "id": "cc5e1ef0-8724-41ba-b7e1-a798f5e45133",
                        "attributes": {
                            "description": "",
                            "display_name": "link to logical switch 9",
                            "id": "cc5e1ef0-8724-41ba-b7e1-a798f5e45133",
                            "ip_address": "192.168.9.1/24",
                            "linked_logical_switch_port_id": "7426aff1-7ee2-457a-9455-59d617e69493",
                            "logical_router_id": "2a2a0f9d-962b-44f0-ab05-da9bd0bd5f03",
                            "mac_address": "02:50:56:56:44:52",
                            "revision": "0",
                            "service_binding.#": "0",
                            "tag.#": "0",
                            "urpf_mode": "STRICT"
                        },
                        "meta": {},
                        "tainted": false
                    },
                    "deposed": [],
                    "provider": "provider.nsxt"
                },
                "nsxt_logical_router_downlink_port.downlink_port.90": {
                    "type": "nsxt_logical_router_downlink_port",
                    "depends_on": [
                        "nsxt_logical_port.logical_port1.*",
                        "nsxt_logical_tier1_router.t1.*"
                    ],
                    "primary": {
                        "id": "8240b8fd-c29f-4cbd-94da-ab79e878a689",
                        "attributes": {
                            "description": "",
                            "display_name": "link to logical switch 90",
                            "id": "8240b8fd-c29f-4cbd-94da-ab79e878a689",
                            "ip_address": "192.168.90.1/24",
                            "linked_logical_switch_port_id": "18826b48-518f-4d5a-a7fa-0602d3f63f4d",
                            "logical_router_id": "eb7ae0eb-40d2-4742-80c0-9e58d867e35c",
                            "mac_address": "02:50:56:56:44:52",
                            "revision": "0",
                            "service_binding.#": "0",
                            "tag.#": "0",
                            "urpf_mode": "STRICT"
                        },
                        "meta": {},
                        "tainted": false
                    },
                    "deposed": [],
                    "provider": "provider.nsxt"
                },
                "nsxt_logical_router_downlink_port.downlink_port.91": {
                    "type": "nsxt_logical_router_downlink_port",
                    "depends_on": [
                        "nsxt_logical_port.logical_port1.*",
                        "nsxt_logical_tier1_router.t1.*"
                    ],
                    "primary": {
                        "id": "eeda1e17-def3-4581-aade-b7843ed3607a",
                        "attributes": {
                            "description": "",
                            "display_name": "link to logical switch 91",
                            "id": "eeda1e17-def3-4581-aade-b7843ed3607a",
                            "ip_address": "192.168.91.1/24",
                            "linked_logical_switch_port_id": "17c13e85-d061-4903-ad9a-fe14b85be3fb",
                            "logical_router_id": "c891f1fa-5977-4d3f-8f7a-55d508286fd1",
                            "mac_address": "02:50:56:56:44:52",
                            "revision": "0",
                            "service_binding.#": "0",
                            "tag.#": "0",
                            "urpf_mode": "STRICT"
                        },
                        "meta": {},
                        "tainted": false
                    },
                    "deposed": [],
                    "provider": "provider.nsxt"
                },
                "nsxt_logical_router_downlink_port.downlink_port.92": {
                    "type": "nsxt_logical_router_downlink_port",
                    "depends_on": [
                        "nsxt_logical_port.logical_port1.*",
                        "nsxt_logical_tier1_router.t1.*"
                    ],
                    "primary": {
                        "id": "20c34183-afa5-45b8-95e7-671c20314982",
                        "attributes": {
                            "description": "",
                            "display_name": "link to logical switch 92",
                            "id": "20c34183-afa5-45b8-95e7-671c20314982",
                            "ip_address": "192.168.92.1/24",
                            "linked_logical_switch_port_id": "344fd237-52e8-450c-80b8-eb1c9ff2cad4",
                            "logical_router_id": "a585ea86-5c54-4045-b16b-3e7963d8340b",
                            "mac_address": "02:50:56:56:44:52",
                            "revision": "0",
                            "service_binding.#": "0",
                            "tag.#": "0",
                            "urpf_mode": "STRICT"
                        },
                        "meta": {},
                        "tainted": false
                    },
                    "deposed": [],
                    "provider": "provider.nsxt"
                },
                "nsxt_logical_router_downlink_port.downlink_port.93": {
                    "type": "nsxt_logical_router_downlink_port",
                    "depends_on": [
                        "nsxt_logical_port.logical_port1.*",
                        "nsxt_logical_tier1_router.t1.*"
                    ],
                    "primary": {
                        "id": "18a12853-fb1b-4256-bd05-ab2a4c48a866",
                        "attributes": {
                            "description": "",
                            "display_name": "link to logical switch 93",
                            "id": "18a12853-fb1b-4256-bd05-ab2a4c48a866",
                            "ip_address": "192.168.93.1/24",
                            "linked_logical_switch_port_id": "fb557407-f232-4d35-989a-e3d8baec7765",
                            "logical_router_id": "306c8861-258a-4b1e-8376-a541d3b2b415",
                            "mac_address": "02:50:56:56:44:52",
                            "revision": "0",
                            "service_binding.#": "0",
                            "tag.#": "0",
                            "urpf_mode": "STRICT"
                        },
                        "meta": {},
                        "tainted": false
                    },
                    "deposed": [],
                    "provider": "provider.nsxt"
                },
                "nsxt_logical_router_downlink_port.downlink_port.94": {
                    "type": "nsxt_logical_router_downlink_port",
                    "depends_on": [
                        "nsxt_logical_port.logical_port1.*",
                        "nsxt_logical_tier1_router.t1.*"
                    ],
                    "primary": {
                        "id": "960986f9-7674-4e7f-b3c2-6ae6e4791992",
                        "attributes": {
                            "description": "",
                            "display_name": "link to logical switch 94",
                            "id": "960986f9-7674-4e7f-b3c2-6ae6e4791992",
                            "ip_address": "192.168.94.1/24",
                            "linked_logical_switch_port_id": "dfd091f1-5bd9-44ae-8f53-0e3f7b30c836",
                            "logical_router_id": "0381443b-bc9e-4d48-b11f-94ed59e480a8",
                            "mac_address": "02:50:56:56:44:52",
                            "revision": "0",
                            "service_binding.#": "0",
                            "tag.#": "0",
                            "urpf_mode": "STRICT"
                        },
                        "meta": {},
                        "tainted": false
                    },
                    "deposed": [],
                    "provider": "provider.nsxt"
                },
                "nsxt_logical_router_downlink_port.downlink_port.95": {
                    "type": "nsxt_logical_router_downlink_port",
                    "depends_on": [
                        "nsxt_logical_port.logical_port1.*",
                        "nsxt_logical_tier1_router.t1.*"
                    ],
                    "primary": {
                        "id": "3aa87415-a465-43ed-aee4-7a71dcc87173",
                        "attributes": {
                            "description": "",
                            "display_name": "link to logical switch 95",
                            "id": "3aa87415-a465-43ed-aee4-7a71dcc87173",
                            "ip_address": "192.168.95.1/24",
                            "linked_logical_switch_port_id": "3c83b9db-7455-4d24-ac39-0ae0566fcd8c",
                            "logical_router_id": "4d98a907-7381-4dfa-b4fe-55e8d59a05f9",
                            "mac_address": "02:50:56:56:44:52",
                            "revision": "0",
                            "service_binding.#": "0",
                            "tag.#": "0",
                            "urpf_mode": "STRICT"
                        },
                        "meta": {},
                        "tainted": false
                    },
                    "deposed": [],
                    "provider": "provider.nsxt"
                },
                "nsxt_logical_router_downlink_port.downlink_port.96": {
                    "type": "nsxt_logical_router_downlink_port",
                    "depends_on": [
                        "nsxt_logical_port.logical_port1.*",
                        "nsxt_logical_tier1_router.t1.*"
                    ],
                    "primary": {
                        "id": "61c2272c-91f1-4f45-bf59-a89134a8b895",
                        "attributes": {
                            "description": "",
                            "display_name": "link to logical switch 96",
                            "id": "61c2272c-91f1-4f45-bf59-a89134a8b895",
                            "ip_address": "192.168.96.1/24",
                            "linked_logical_switch_port_id": "86c66b4e-095a-48f3-be09-b9e314568534",
                            "logical_router_id": "9c5a55a2-5020-47eb-9337-643401d3d361",
                            "mac_address": "02:50:56:56:44:52",
                            "revision": "0",
                            "service_binding.#": "0",
                            "tag.#": "0",
                            "urpf_mode": "STRICT"
                        },
                        "meta": {},
                        "tainted": false
                    },
                    "deposed": [],
                    "provider": "provider.nsxt"
                },
                "nsxt_logical_router_downlink_port.downlink_port.97": {
                    "type": "nsxt_logical_router_downlink_port",
                    "depends_on": [
                        "nsxt_logical_port.logical_port1.*",
                        "nsxt_logical_tier1_router.t1.*"
                    ],
                    "primary": {
                        "id": "c84d17d4-9be5-446a-a31e-9695de267daf",
                        "attributes": {
                            "description": "",
                            "display_name": "link to logical switch 97",
                            "id": "c84d17d4-9be5-446a-a31e-9695de267daf",
                            "ip_address": "192.168.97.1/24",
                            "linked_logical_switch_port_id": "2368fbc7-02ec-41cd-8dc8-e572eb94ee20",
                            "logical_router_id": "e704c313-7787-4ed2-b22c-4953da982b72",
                            "mac_address": "02:50:56:56:44:52",
                            "revision": "0",
                            "service_binding.#": "0",
                            "tag.#": "0",
                            "urpf_mode": "STRICT"
                        },
                        "meta": {},
                        "tainted": false
                    },
                    "deposed": [],
                    "provider": "provider.nsxt"
                },
                "nsxt_logical_router_downlink_port.downlink_port.98": {
                    "type": "nsxt_logical_router_downlink_port",
                    "depends_on": [
                        "nsxt_logical_port.logical_port1.*",
                        "nsxt_logical_tier1_router.t1.*"
                    ],
                    "primary": {
                        "id": "57a397cc-8def-495a-9a6c-2dbcf7ffc773",
                        "attributes": {
                            "description": "",
                            "display_name": "link to logical switch 98",
                            "id": "57a397cc-8def-495a-9a6c-2dbcf7ffc773",
                            "ip_address": "192.168.98.1/24",
                            "linked_logical_switch_port_id": "9a3bed2c-5aeb-4e90-8bf2-cca0a53e16db",
                            "logical_router_id": "d2b99c34-b3da-4bf9-a4f6-fa67a81eee7d",
                            "mac_address": "02:50:56:56:44:52",
                            "revision": "0",
                            "service_binding.#": "0",
                            "tag.#": "0",
                            "urpf_mode": "STRICT"
                        },
                        "meta": {},
                        "tainted": false
                    },
                    "deposed": [],
                    "provider": "provider.nsxt"
                },
                "nsxt_logical_router_downlink_port.downlink_port.99": {
                    "type": "nsxt_logical_router_downlink_port",
                    "depends_on": [
                        "nsxt_logical_port.logical_port1.*",
                        "nsxt_logical_tier1_router.t1.*"
                    ],
                    "primary": {
                        "id": "91ffa5cd-0f36-4436-a76c-a64753033474",
                        "attributes": {
                            "description": "",
                            "display_name": "link to logical switch 99",
                            "id": "91ffa5cd-0f36-4436-a76c-a64753033474",
                            "ip_address": "192.168.99.1/24",
                            "linked_logical_switch_port_id": "714db6fb-1b7e-4913-b40e-d4a6d33d7c6b",
                            "logical_router_id": "2722b3b7-129e-4e7c-bc10-b3ba22338649",
                            "mac_address": "02:50:56:56:44:52",
                            "revision": "0",
                            "service_binding.#": "0",
                            "tag.#": "0",
                            "urpf_mode": "STRICT"
                        },
                        "meta": {},
                        "tainted": false
                    },
                    "deposed": [],
                    "provider": "provider.nsxt"
                },
                "nsxt_logical_router_link_port_on_tier0.link_port_tier0.0": {
                    "type": "nsxt_logical_router_link_port_on_tier0",
                    "depends_on": [
                        "data.nsxt_logical_tier0_router.t0"
                    ],
                    "primary": {
                        "id": "1483f6ed-b740-4a48-8f86-3a806925fd72",
                        "attributes": {
                            "description": "",
                            "display_name": "downlink_to_t1_0",
                            "id": "1483f6ed-b740-4a48-8f86-3a806925fd72",
                            "linked_logical_router_port_id": "",
                            "logical_router_id": "e0b34792-c98e-4c75-83cd-2eb3ee16f8d7",
                            "revision": "0",
                            "service_binding.#": "0",
                            "tag.#": "0"
                        },
                        "meta": {},
                        "tainted": false
                    },
                    "deposed": [],
                    "provider": "provider.nsxt"
                },
                "nsxt_logical_router_link_port_on_tier0.link_port_tier0.1": {
                    "type": "nsxt_logical_router_link_port_on_tier0",
                    "depends_on": [
                        "data.nsxt_logical_tier0_router.t0"
                    ],
                    "primary": {
                        "id": "ebddf1f3-5166-44f4-8185-10062f64f58c",
                        "attributes": {
                            "description": "",
                            "display_name": "downlink_to_t1_1",
                            "id": "ebddf1f3-5166-44f4-8185-10062f64f58c",
                            "linked_logical_router_port_id": "",
                            "logical_router_id": "e0b34792-c98e-4c75-83cd-2eb3ee16f8d7",
                            "revision": "0",
                            "service_binding.#": "0",
                            "tag.#": "0"
                        },
                        "meta": {},
                        "tainted": false
                    },
                    "deposed": [],
                    "provider": "provider.nsxt"
                },
                "nsxt_logical_router_link_port_on_tier0.link_port_tier0.10": {
                    "type": "nsxt_logical_router_link_port_on_tier0",
                    "depends_on": [
                        "data.nsxt_logical_tier0_router.t0"
                    ],
                    "primary": {
                        "id": "750abaf1-635d-46eb-a54c-5305db075523",
                        "attributes": {
                            "description": "",
                            "display_name": "downlink_to_t1_10",
                            "id": "750abaf1-635d-46eb-a54c-5305db075523",
                            "linked_logical_router_port_id": "",
                            "logical_router_id": "e0b34792-c98e-4c75-83cd-2eb3ee16f8d7",
                            "revision": "0",
                            "service_binding.#": "0",
                            "tag.#": "0"
                        },
                        "meta": {},
                        "tainted": false
                    },
                    "deposed": [],
                    "provider": "provider.nsxt"
                },
                "nsxt_logical_router_link_port_on_tier0.link_port_tier0.11": {
                    "type": "nsxt_logical_router_link_port_on_tier0",
                    "depends_on": [
                        "data.nsxt_logical_tier0_router.t0"
                    ],
                    "primary": {
                        "id": "24128045-5754-4d1d-9c6d-ddf96dd0c57a",
                        "attributes": {
                            "description": "",
                            "display_name": "downlink_to_t1_11",
                            "id": "24128045-5754-4d1d-9c6d-ddf96dd0c57a",
                            "linked_logical_router_port_id": "",
                            "logical_router_id": "e0b34792-c98e-4c75-83cd-2eb3ee16f8d7",
                            "revision": "0",
                            "service_binding.#": "0",
                            "tag.#": "0"
                        },
                        "meta": {},
                        "tainted": false
                    },
                    "deposed": [],
                    "provider": "provider.nsxt"
                },
                "nsxt_logical_router_link_port_on_tier0.link_port_tier0.12": {
                    "type": "nsxt_logical_router_link_port_on_tier0",
                    "depends_on": [
                        "data.nsxt_logical_tier0_router.t0"
                    ],
                    "primary": {
                        "id": "45901df2-c218-498e-94c3-98b725069b37",
                        "attributes": {
                            "description": "",
                            "display_name": "downlink_to_t1_12",
                            "id": "45901df2-c218-498e-94c3-98b725069b37",
                            "linked_logical_router_port_id": "",
                            "logical_router_id": "e0b34792-c98e-4c75-83cd-2eb3ee16f8d7",
                            "revision": "0",
                            "service_binding.#": "0",
                            "tag.#": "0"
                        },
                        "meta": {},
                        "tainted": false
                    },
                    "deposed": [],
                    "provider": "provider.nsxt"
                },
                "nsxt_logical_router_link_port_on_tier0.link_port_tier0.13": {
                    "type": "nsxt_logical_router_link_port_on_tier0",
                    "depends_on": [
                        "data.nsxt_logical_tier0_router.t0"
                    ],
                    "primary": {
                        "id": "cb997113-785f-4796-8207-5e908ab46803",
                        "attributes": {
                            "description": "",
                            "display_name": "downlink_to_t1_13",
                            "id": "cb997113-785f-4796-8207-5e908ab46803",
                            "linked_logical_router_port_id": "",
                            "logical_router_id": "e0b34792-c98e-4c75-83cd-2eb3ee16f8d7",
                            "revision": "0",
                            "service_binding.#": "0",
                            "tag.#": "0"
                        },
                        "meta": {},
                        "tainted": false
                    },
                    "deposed": [],
                    "provider": "provider.nsxt"
                },
                "nsxt_logical_router_link_port_on_tier0.link_port_tier0.14": {
                    "type": "nsxt_logical_router_link_port_on_tier0",
                    "depends_on": [
                        "data.nsxt_logical_tier0_router.t0"
                    ],
                    "primary": {
                        "id": "5c3dd3a0-e2e2-4f13-ac64-f6bde8d60699",
                        "attributes": {
                            "description": "",
                            "display_name": "downlink_to_t1_14",
                            "id": "5c3dd3a0-e2e2-4f13-ac64-f6bde8d60699",
                            "linked_logical_router_port_id": "",
                            "logical_router_id": "e0b34792-c98e-4c75-83cd-2eb3ee16f8d7",
                            "revision": "0",
                            "service_binding.#": "0",
                            "tag.#": "0"
                        },
                        "meta": {},
                        "tainted": false
                    },
                    "deposed": [],
                    "provider": "provider.nsxt"
                },
                "nsxt_logical_router_link_port_on_tier0.link_port_tier0.15": {
                    "type": "nsxt_logical_router_link_port_on_tier0",
                    "depends_on": [
                        "data.nsxt_logical_tier0_router.t0"
                    ],
                    "primary": {
                        "id": "49de4076-23e8-4346-a567-67ebb28a14a1",
                        "attributes": {
                            "description": "",
                            "display_name": "downlink_to_t1_15",
                            "id": "49de4076-23e8-4346-a567-67ebb28a14a1",
                            "linked_logical_router_port_id": "",
                            "logical_router_id": "e0b34792-c98e-4c75-83cd-2eb3ee16f8d7",
                            "revision": "0",
                            "service_binding.#": "0",
                            "tag.#": "0"
                        },
                        "meta": {},
                        "tainted": false
                    },
                    "deposed": [],
                    "provider": "provider.nsxt"
                },
                "nsxt_logical_router_link_port_on_tier0.link_port_tier0.16": {
                    "type": "nsxt_logical_router_link_port_on_tier0",
                    "depends_on": [
                        "data.nsxt_logical_tier0_router.t0"
                    ],
                    "primary": {
                        "id": "950acdf9-4ac4-4783-a5ba-367055ce0097",
                        "attributes": {
                            "description": "",
                            "display_name": "downlink_to_t1_16",
                            "id": "950acdf9-4ac4-4783-a5ba-367055ce0097",
                            "linked_logical_router_port_id": "",
                            "logical_router_id": "e0b34792-c98e-4c75-83cd-2eb3ee16f8d7",
                            "revision": "0",
                            "service_binding.#": "0",
                            "tag.#": "0"
                        },
                        "meta": {},
                        "tainted": false
                    },
                    "deposed": [],
                    "provider": "provider.nsxt"
                },
                "nsxt_logical_router_link_port_on_tier0.link_port_tier0.17": {
                    "type": "nsxt_logical_router_link_port_on_tier0",
                    "depends_on": [
                        "data.nsxt_logical_tier0_router.t0"
                    ],
                    "primary": {
                        "id": "9d8b451b-7a7c-462b-b957-c5297acb83f3",
                        "attributes": {
                            "description": "",
                            "display_name": "downlink_to_t1_17",
                            "id": "9d8b451b-7a7c-462b-b957-c5297acb83f3",
                            "linked_logical_router_port_id": "",
                            "logical_router_id": "e0b34792-c98e-4c75-83cd-2eb3ee16f8d7",
                            "revision": "0",
                            "service_binding.#": "0",
                            "tag.#": "0"
                        },
                        "meta": {},
                        "tainted": false
                    },
                    "deposed": [],
                    "provider": "provider.nsxt"
                },
                "nsxt_logical_router_link_port_on_tier0.link_port_tier0.18": {
                    "type": "nsxt_logical_router_link_port_on_tier0",
                    "depends_on": [
                        "data.nsxt_logical_tier0_router.t0"
                    ],
                    "primary": {
                        "id": "edea8f2b-9548-474f-bf86-50a1c7b767ec",
                        "attributes": {
                            "description": "",
                            "display_name": "downlink_to_t1_18",
                            "id": "edea8f2b-9548-474f-bf86-50a1c7b767ec",
                            "linked_logical_router_port_id": "",
                            "logical_router_id": "e0b34792-c98e-4c75-83cd-2eb3ee16f8d7",
                            "revision": "0",
                            "service_binding.#": "0",
                            "tag.#": "0"
                        },
                        "meta": {},
                        "tainted": false
                    },
                    "deposed": [],
                    "provider": "provider.nsxt"
                },
                "nsxt_logical_router_link_port_on_tier0.link_port_tier0.19": {
                    "type": "nsxt_logical_router_link_port_on_tier0",
                    "depends_on": [
                        "data.nsxt_logical_tier0_router.t0"
                    ],
                    "primary": {
                        "id": "9ca15a23-6096-4694-a3c6-c0a3e6d26952",
                        "attributes": {
                            "description": "",
                            "display_name": "downlink_to_t1_19",
                            "id": "9ca15a23-6096-4694-a3c6-c0a3e6d26952",
                            "linked_logical_router_port_id": "",
                            "logical_router_id": "e0b34792-c98e-4c75-83cd-2eb3ee16f8d7",
                            "revision": "0",
                            "service_binding.#": "0",
                            "tag.#": "0"
                        },
                        "meta": {},
                        "tainted": false
                    },
                    "deposed": [],
                    "provider": "provider.nsxt"
                },
                "nsxt_logical_router_link_port_on_tier0.link_port_tier0.2": {
                    "type": "nsxt_logical_router_link_port_on_tier0",
                    "depends_on": [
                        "data.nsxt_logical_tier0_router.t0"
                    ],
                    "primary": {
                        "id": "181f0954-8793-4c3d-84cc-2162314ee8e3",
                        "attributes": {
                            "description": "",
                            "display_name": "downlink_to_t1_2",
                            "id": "181f0954-8793-4c3d-84cc-2162314ee8e3",
                            "linked_logical_router_port_id": "",
                            "logical_router_id": "e0b34792-c98e-4c75-83cd-2eb3ee16f8d7",
                            "revision": "0",
                            "service_binding.#": "0",
                            "tag.#": "0"
                        },
                        "meta": {},
                        "tainted": false
                    },
                    "deposed": [],
                    "provider": "provider.nsxt"
                },
                "nsxt_logical_router_link_port_on_tier0.link_port_tier0.20": {
                    "type": "nsxt_logical_router_link_port_on_tier0",
                    "depends_on": [
                        "data.nsxt_logical_tier0_router.t0"
                    ],
                    "primary": {
                        "id": "9a6a9ac9-4240-4ec2-93c1-fe920db13bb9",
                        "attributes": {
                            "description": "",
                            "display_name": "downlink_to_t1_20",
                            "id": "9a6a9ac9-4240-4ec2-93c1-fe920db13bb9",
                            "linked_logical_router_port_id": "",
                            "logical_router_id": "e0b34792-c98e-4c75-83cd-2eb3ee16f8d7",
                            "revision": "0",
                            "service_binding.#": "0",
                            "tag.#": "0"
                        },
                        "meta": {},
                        "tainted": false
                    },
                    "deposed": [],
                    "provider": "provider.nsxt"
                },
                "nsxt_logical_router_link_port_on_tier0.link_port_tier0.21": {
                    "type": "nsxt_logical_router_link_port_on_tier0",
                    "depends_on": [
                        "data.nsxt_logical_tier0_router.t0"
                    ],
                    "primary": {
                        "id": "95122a9c-784e-4ca4-9f3d-9bccdb97f11b",
                        "attributes": {
                            "description": "",
                            "display_name": "downlink_to_t1_21",
                            "id": "95122a9c-784e-4ca4-9f3d-9bccdb97f11b",
                            "linked_logical_router_port_id": "",
                            "logical_router_id": "e0b34792-c98e-4c75-83cd-2eb3ee16f8d7",
                            "revision": "0",
                            "service_binding.#": "0",
                            "tag.#": "0"
                        },
                        "meta": {},
                        "tainted": false
                    },
                    "deposed": [],
                    "provider": "provider.nsxt"
                },
                "nsxt_logical_router_link_port_on_tier0.link_port_tier0.22": {
                    "type": "nsxt_logical_router_link_port_on_tier0",
                    "depends_on": [
                        "data.nsxt_logical_tier0_router.t0"
                    ],
                    "primary": {
                        "id": "75ebf723-bce8-44a5-9170-b9ca92478da6",
                        "attributes": {
                            "description": "",
                            "display_name": "downlink_to_t1_22",
                            "id": "75ebf723-bce8-44a5-9170-b9ca92478da6",
                            "linked_logical_router_port_id": "",
                            "logical_router_id": "e0b34792-c98e-4c75-83cd-2eb3ee16f8d7",
                            "revision": "0",
                            "service_binding.#": "0",
                            "tag.#": "0"
                        },
                        "meta": {},
                        "tainted": false
                    },
                    "deposed": [],
                    "provider": "provider.nsxt"
                },
                "nsxt_logical_router_link_port_on_tier0.link_port_tier0.23": {
                    "type": "nsxt_logical_router_link_port_on_tier0",
                    "depends_on": [
                        "data.nsxt_logical_tier0_router.t0"
                    ],
                    "primary": {
                        "id": "8a422e02-b6d6-476c-892f-4e5e573264c4",
                        "attributes": {
                            "description": "",
                            "display_name": "downlink_to_t1_23",
                            "id": "8a422e02-b6d6-476c-892f-4e5e573264c4",
                            "linked_logical_router_port_id": "",
                            "logical_router_id": "e0b34792-c98e-4c75-83cd-2eb3ee16f8d7",
                            "revision": "0",
                            "service_binding.#": "0",
                            "tag.#": "0"
                        },
                        "meta": {},
                        "tainted": false
                    },
                    "deposed": [],
                    "provider": "provider.nsxt"
                },
                "nsxt_logical_router_link_port_on_tier0.link_port_tier0.24": {
                    "type": "nsxt_logical_router_link_port_on_tier0",
                    "depends_on": [
                        "data.nsxt_logical_tier0_router.t0"
                    ],
                    "primary": {
                        "id": "c6eed64a-2036-4ce0-8d7a-132b4327de34",
                        "attributes": {
                            "description": "",
                            "display_name": "downlink_to_t1_24",
                            "id": "c6eed64a-2036-4ce0-8d7a-132b4327de34",
                            "linked_logical_router_port_id": "",
                            "logical_router_id": "e0b34792-c98e-4c75-83cd-2eb3ee16f8d7",
                            "revision": "0",
                            "service_binding.#": "0",
                            "tag.#": "0"
                        },
                        "meta": {},
                        "tainted": false
                    },
                    "deposed": [],
                    "provider": "provider.nsxt"
                },
                "nsxt_logical_router_link_port_on_tier0.link_port_tier0.25": {
                    "type": "nsxt_logical_router_link_port_on_tier0",
                    "depends_on": [
                        "data.nsxt_logical_tier0_router.t0"
                    ],
                    "primary": {
                        "id": "aa7df25f-13d6-4f03-9846-f964854970ed",
                        "attributes": {
                            "description": "",
                            "display_name": "downlink_to_t1_25",
                            "id": "aa7df25f-13d6-4f03-9846-f964854970ed",
                            "linked_logical_router_port_id": "",
                            "logical_router_id": "e0b34792-c98e-4c75-83cd-2eb3ee16f8d7",
                            "revision": "0",
                            "service_binding.#": "0",
                            "tag.#": "0"
                        },
                        "meta": {},
                        "tainted": false
                    },
                    "deposed": [],
                    "provider": "provider.nsxt"
                },
                "nsxt_logical_router_link_port_on_tier0.link_port_tier0.26": {
                    "type": "nsxt_logical_router_link_port_on_tier0",
                    "depends_on": [
                        "data.nsxt_logical_tier0_router.t0"
                    ],
                    "primary": {
                        "id": "a2fe8f46-a051-4dfe-a591-46e2b1517e88",
                        "attributes": {
                            "description": "",
                            "display_name": "downlink_to_t1_26",
                            "id": "a2fe8f46-a051-4dfe-a591-46e2b1517e88",
                            "linked_logical_router_port_id": "",
                            "logical_router_id": "e0b34792-c98e-4c75-83cd-2eb3ee16f8d7",
                            "revision": "0",
                            "service_binding.#": "0",
                            "tag.#": "0"
                        },
                        "meta": {},
                        "tainted": false
                    },
                    "deposed": [],
                    "provider": "provider.nsxt"
                },
                "nsxt_logical_router_link_port_on_tier0.link_port_tier0.27": {
                    "type": "nsxt_logical_router_link_port_on_tier0",
                    "depends_on": [
                        "data.nsxt_logical_tier0_router.t0"
                    ],
                    "primary": {
                        "id": "3d869f4f-c3ae-4512-91c6-f98e665fac44",
                        "attributes": {
                            "description": "",
                            "display_name": "downlink_to_t1_27",
                            "id": "3d869f4f-c3ae-4512-91c6-f98e665fac44",
                            "linked_logical_router_port_id": "",
                            "logical_router_id": "e0b34792-c98e-4c75-83cd-2eb3ee16f8d7",
                            "revision": "0",
                            "service_binding.#": "0",
                            "tag.#": "0"
                        },
                        "meta": {},
                        "tainted": false
                    },
                    "deposed": [],
                    "provider": "provider.nsxt"
                },
                "nsxt_logical_router_link_port_on_tier0.link_port_tier0.28": {
                    "type": "nsxt_logical_router_link_port_on_tier0",
                    "depends_on": [
                        "data.nsxt_logical_tier0_router.t0"
                    ],
                    "primary": {
                        "id": "33f8a7de-5a80-4aed-a70f-a79f4f0a30ed",
                        "attributes": {
                            "description": "",
                            "display_name": "downlink_to_t1_28",
                            "id": "33f8a7de-5a80-4aed-a70f-a79f4f0a30ed",
                            "linked_logical_router_port_id": "",
                            "logical_router_id": "e0b34792-c98e-4c75-83cd-2eb3ee16f8d7",
                            "revision": "0",
                            "service_binding.#": "0",
                            "tag.#": "0"
                        },
                        "meta": {},
                        "tainted": false
                    },
                    "deposed": [],
                    "provider": "provider.nsxt"
                },
                "nsxt_logical_router_link_port_on_tier0.link_port_tier0.29": {
                    "type": "nsxt_logical_router_link_port_on_tier0",
                    "depends_on": [
                        "data.nsxt_logical_tier0_router.t0"
                    ],
                    "primary": {
                        "id": "afb74dc4-3fce-45fa-b080-95863227bb71",
                        "attributes": {
                            "description": "",
                            "display_name": "downlink_to_t1_29",
                            "id": "afb74dc4-3fce-45fa-b080-95863227bb71",
                            "linked_logical_router_port_id": "",
                            "logical_router_id": "e0b34792-c98e-4c75-83cd-2eb3ee16f8d7",
                            "revision": "0",
                            "service_binding.#": "0",
                            "tag.#": "0"
                        },
                        "meta": {},
                        "tainted": false
                    },
                    "deposed": [],
                    "provider": "provider.nsxt"
                },
                "nsxt_logical_router_link_port_on_tier0.link_port_tier0.3": {
                    "type": "nsxt_logical_router_link_port_on_tier0",
                    "depends_on": [
                        "data.nsxt_logical_tier0_router.t0"
                    ],
                    "primary": {
                        "id": "ca72aabd-f7f8-4eba-a46f-36d9b8fdcb1c",
                        "attributes": {
                            "description": "",
                            "display_name": "downlink_to_t1_3",
                            "id": "ca72aabd-f7f8-4eba-a46f-36d9b8fdcb1c",
                            "linked_logical_router_port_id": "",
                            "logical_router_id": "e0b34792-c98e-4c75-83cd-2eb3ee16f8d7",
                            "revision": "0",
                            "service_binding.#": "0",
                            "tag.#": "0"
                        },
                        "meta": {},
                        "tainted": false
                    },
                    "deposed": [],
                    "provider": "provider.nsxt"
                },
                "nsxt_logical_router_link_port_on_tier0.link_port_tier0.30": {
                    "type": "nsxt_logical_router_link_port_on_tier0",
                    "depends_on": [
                        "data.nsxt_logical_tier0_router.t0"
                    ],
                    "primary": {
                        "id": "588d1b38-4f76-4017-bba6-ab0be95d98c5",
                        "attributes": {
                            "description": "",
                            "display_name": "downlink_to_t1_30",
                            "id": "588d1b38-4f76-4017-bba6-ab0be95d98c5",
                            "linked_logical_router_port_id": "",
                            "logical_router_id": "e0b34792-c98e-4c75-83cd-2eb3ee16f8d7",
                            "revision": "0",
                            "service_binding.#": "0",
                            "tag.#": "0"
                        },
                        "meta": {},
                        "tainted": false
                    },
                    "deposed": [],
                    "provider": "provider.nsxt"
                },
                "nsxt_logical_router_link_port_on_tier0.link_port_tier0.31": {
                    "type": "nsxt_logical_router_link_port_on_tier0",
                    "depends_on": [
                        "data.nsxt_logical_tier0_router.t0"
                    ],
                    "primary": {
                        "id": "579cc10e-9a09-4bcc-9024-27c2fa0f91fd",
                        "attributes": {
                            "description": "",
                            "display_name": "downlink_to_t1_31",
                            "id": "579cc10e-9a09-4bcc-9024-27c2fa0f91fd",
                            "linked_logical_router_port_id": "",
                            "logical_router_id": "e0b34792-c98e-4c75-83cd-2eb3ee16f8d7",
                            "revision": "0",
                            "service_binding.#": "0",
                            "tag.#": "0"
                        },
                        "meta": {},
                        "tainted": false
                    },
                    "deposed": [],
                    "provider": "provider.nsxt"
                },
                "nsxt_logical_router_link_port_on_tier0.link_port_tier0.32": {
                    "type": "nsxt_logical_router_link_port_on_tier0",
                    "depends_on": [
                        "data.nsxt_logical_tier0_router.t0"
                    ],
                    "primary": {
                        "id": "6c1a369b-ffe3-4426-b7b3-a13e450088d4",
                        "attributes": {
                            "description": "",
                            "display_name": "downlink_to_t1_32",
                            "id": "6c1a369b-ffe3-4426-b7b3-a13e450088d4",
                            "linked_logical_router_port_id": "",
                            "logical_router_id": "e0b34792-c98e-4c75-83cd-2eb3ee16f8d7",
                            "revision": "0",
                            "service_binding.#": "0",
                            "tag.#": "0"
                        },
                        "meta": {},
                        "tainted": false
                    },
                    "deposed": [],
                    "provider": "provider.nsxt"
                },
                "nsxt_logical_router_link_port_on_tier0.link_port_tier0.33": {
                    "type": "nsxt_logical_router_link_port_on_tier0",
                    "depends_on": [
                        "data.nsxt_logical_tier0_router.t0"
                    ],
                    "primary": {
                        "id": "789534e1-aa96-4962-bbfc-195024ef1580",
                        "attributes": {
                            "description": "",
                            "display_name": "downlink_to_t1_33",
                            "id": "789534e1-aa96-4962-bbfc-195024ef1580",
                            "linked_logical_router_port_id": "",
                            "logical_router_id": "e0b34792-c98e-4c75-83cd-2eb3ee16f8d7",
                            "revision": "0",
                            "service_binding.#": "0",
                            "tag.#": "0"
                        },
                        "meta": {},
                        "tainted": false
                    },
                    "deposed": [],
                    "provider": "provider.nsxt"
                },
                "nsxt_logical_router_link_port_on_tier0.link_port_tier0.34": {
                    "type": "nsxt_logical_router_link_port_on_tier0",
                    "depends_on": [
                        "data.nsxt_logical_tier0_router.t0"
                    ],
                    "primary": {
                        "id": "0745d139-238a-4a4f-a602-16eded1af166",
                        "attributes": {
                            "description": "",
                            "display_name": "downlink_to_t1_34",
                            "id": "0745d139-238a-4a4f-a602-16eded1af166",
                            "linked_logical_router_port_id": "",
                            "logical_router_id": "e0b34792-c98e-4c75-83cd-2eb3ee16f8d7",
                            "revision": "0",
                            "service_binding.#": "0",
                            "tag.#": "0"
                        },
                        "meta": {},
                        "tainted": false
                    },
                    "deposed": [],
                    "provider": "provider.nsxt"
                },
                "nsxt_logical_router_link_port_on_tier0.link_port_tier0.35": {
                    "type": "nsxt_logical_router_link_port_on_tier0",
                    "depends_on": [
                        "data.nsxt_logical_tier0_router.t0"
                    ],
                    "primary": {
                        "id": "9e7f6cda-61ff-4f7d-8caa-6c8fc976e726",
                        "attributes": {
                            "description": "",
                            "display_name": "downlink_to_t1_35",
                            "id": "9e7f6cda-61ff-4f7d-8caa-6c8fc976e726",
                            "linked_logical_router_port_id": "",
                            "logical_router_id": "e0b34792-c98e-4c75-83cd-2eb3ee16f8d7",
                            "revision": "0",
                            "service_binding.#": "0",
                            "tag.#": "0"
                        },
                        "meta": {},
                        "tainted": false
                    },
                    "deposed": [],
                    "provider": "provider.nsxt"
                },
                "nsxt_logical_router_link_port_on_tier0.link_port_tier0.36": {
                    "type": "nsxt_logical_router_link_port_on_tier0",
                    "depends_on": [
                        "data.nsxt_logical_tier0_router.t0"
                    ],
                    "primary": {
                        "id": "6e2fd702-1bf0-40c0-a394-5d284780c209",
                        "attributes": {
                            "description": "",
                            "display_name": "downlink_to_t1_36",
                            "id": "6e2fd702-1bf0-40c0-a394-5d284780c209",
                            "linked_logical_router_port_id": "",
                            "logical_router_id": "e0b34792-c98e-4c75-83cd-2eb3ee16f8d7",
                            "revision": "0",
                            "service_binding.#": "0",
                            "tag.#": "0"
                        },
                        "meta": {},
                        "tainted": false
                    },
                    "deposed": [],
                    "provider": "provider.nsxt"
                },
                "nsxt_logical_router_link_port_on_tier0.link_port_tier0.37": {
                    "type": "nsxt_logical_router_link_port_on_tier0",
                    "depends_on": [
                        "data.nsxt_logical_tier0_router.t0"
                    ],
                    "primary": {
                        "id": "b014a449-2264-4a04-8b14-012b807194a7",
                        "attributes": {
                            "description": "",
                            "display_name": "downlink_to_t1_37",
                            "id": "b014a449-2264-4a04-8b14-012b807194a7",
                            "linked_logical_router_port_id": "",
                            "logical_router_id": "e0b34792-c98e-4c75-83cd-2eb3ee16f8d7",
                            "revision": "0",
                            "service_binding.#": "0",
                            "tag.#": "0"
                        },
                        "meta": {},
                        "tainted": false
                    },
                    "deposed": [],
                    "provider": "provider.nsxt"
                },
                "nsxt_logical_router_link_port_on_tier0.link_port_tier0.38": {
                    "type": "nsxt_logical_router_link_port_on_tier0",
                    "depends_on": [
                        "data.nsxt_logical_tier0_router.t0"
                    ],
                    "primary": {
                        "id": "50a5d105-dc6d-42fc-901d-3d73669ea651",
                        "attributes": {
                            "description": "",
                            "display_name": "downlink_to_t1_38",
                            "id": "50a5d105-dc6d-42fc-901d-3d73669ea651",
                            "linked_logical_router_port_id": "",
                            "logical_router_id": "e0b34792-c98e-4c75-83cd-2eb3ee16f8d7",
                            "revision": "0",
                            "service_binding.#": "0",
                            "tag.#": "0"
                        },
                        "meta": {},
                        "tainted": false
                    },
                    "deposed": [],
                    "provider": "provider.nsxt"
                },
                "nsxt_logical_router_link_port_on_tier0.link_port_tier0.39": {
                    "type": "nsxt_logical_router_link_port_on_tier0",
                    "depends_on": [
                        "data.nsxt_logical_tier0_router.t0"
                    ],
                    "primary": {
                        "id": "dee2c38e-384a-4388-bdab-84d1731f6d17",
                        "attributes": {
                            "description": "",
                            "display_name": "downlink_to_t1_39",
                            "id": "dee2c38e-384a-4388-bdab-84d1731f6d17",
                            "linked_logical_router_port_id": "",
                            "logical_router_id": "e0b34792-c98e-4c75-83cd-2eb3ee16f8d7",
                            "revision": "0",
                            "service_binding.#": "0",
                            "tag.#": "0"
                        },
                        "meta": {},
                        "tainted": false
                    },
                    "deposed": [],
                    "provider": "provider.nsxt"
                },
                "nsxt_logical_router_link_port_on_tier0.link_port_tier0.4": {
                    "type": "nsxt_logical_router_link_port_on_tier0",
                    "depends_on": [
                        "data.nsxt_logical_tier0_router.t0"
                    ],
                    "primary": {
                        "id": "67dda583-de22-48d4-80d9-4ea37c737255",
                        "attributes": {
                            "description": "",
                            "display_name": "downlink_to_t1_4",
                            "id": "67dda583-de22-48d4-80d9-4ea37c737255",
                            "linked_logical_router_port_id": "",
                            "logical_router_id": "e0b34792-c98e-4c75-83cd-2eb3ee16f8d7",
                            "revision": "0",
                            "service_binding.#": "0",
                            "tag.#": "0"
                        },
                        "meta": {},
                        "tainted": false
                    },
                    "deposed": [],
                    "provider": "provider.nsxt"
                },
                "nsxt_logical_router_link_port_on_tier0.link_port_tier0.40": {
                    "type": "nsxt_logical_router_link_port_on_tier0",
                    "depends_on": [
                        "data.nsxt_logical_tier0_router.t0"
                    ],
                    "primary": {
                        "id": "21a956fc-5545-4ae0-af83-60d975a6205f",
                        "attributes": {
                            "description": "",
                            "display_name": "downlink_to_t1_40",
                            "id": "21a956fc-5545-4ae0-af83-60d975a6205f",
                            "linked_logical_router_port_id": "",
                            "logical_router_id": "e0b34792-c98e-4c75-83cd-2eb3ee16f8d7",
                            "revision": "0",
                            "service_binding.#": "0",
                            "tag.#": "0"
                        },
                        "meta": {},
                        "tainted": false
                    },
                    "deposed": [],
                    "provider": "provider.nsxt"
                },
                "nsxt_logical_router_link_port_on_tier0.link_port_tier0.41": {
                    "type": "nsxt_logical_router_link_port_on_tier0",
                    "depends_on": [
                        "data.nsxt_logical_tier0_router.t0"
                    ],
                    "primary": {
                        "id": "1fb1875e-b789-4166-b84d-cacac567fea4",
                        "attributes": {
                            "description": "",
                            "display_name": "downlink_to_t1_41",
                            "id": "1fb1875e-b789-4166-b84d-cacac567fea4",
                            "linked_logical_router_port_id": "",
                            "logical_router_id": "e0b34792-c98e-4c75-83cd-2eb3ee16f8d7",
                            "revision": "0",
                            "service_binding.#": "0",
                            "tag.#": "0"
                        },
                        "meta": {},
                        "tainted": false
                    },
                    "deposed": [],
                    "provider": "provider.nsxt"
                },
                "nsxt_logical_router_link_port_on_tier0.link_port_tier0.42": {
                    "type": "nsxt_logical_router_link_port_on_tier0",
                    "depends_on": [
                        "data.nsxt_logical_tier0_router.t0"
                    ],
                    "primary": {
                        "id": "07c28fee-c210-4646-9184-69869bede43a",
                        "attributes": {
                            "description": "",
                            "display_name": "downlink_to_t1_42",
                            "id": "07c28fee-c210-4646-9184-69869bede43a",
                            "linked_logical_router_port_id": "",
                            "logical_router_id": "e0b34792-c98e-4c75-83cd-2eb3ee16f8d7",
                            "revision": "0",
                            "service_binding.#": "0",
                            "tag.#": "0"
                        },
                        "meta": {},
                        "tainted": false
                    },
                    "deposed": [],
                    "provider": "provider.nsxt"
                },
                "nsxt_logical_router_link_port_on_tier0.link_port_tier0.43": {
                    "type": "nsxt_logical_router_link_port_on_tier0",
                    "depends_on": [
                        "data.nsxt_logical_tier0_router.t0"
                    ],
                    "primary": {
                        "id": "911b01e4-9e38-4120-b4ef-27520f52eac3",
                        "attributes": {
                            "description": "",
                            "display_name": "downlink_to_t1_43",
                            "id": "911b01e4-9e38-4120-b4ef-27520f52eac3",
                            "linked_logical_router_port_id": "",
                            "logical_router_id": "e0b34792-c98e-4c75-83cd-2eb3ee16f8d7",
                            "revision": "0",
                            "service_binding.#": "0",
                            "tag.#": "0"
                        },
                        "meta": {},
                        "tainted": false
                    },
                    "deposed": [],
                    "provider": "provider.nsxt"
                },
                "nsxt_logical_router_link_port_on_tier0.link_port_tier0.44": {
                    "type": "nsxt_logical_router_link_port_on_tier0",
                    "depends_on": [
                        "data.nsxt_logical_tier0_router.t0"
                    ],
                    "primary": {
                        "id": "302ae8c3-e865-475a-8708-522a8509a462",
                        "attributes": {
                            "description": "",
                            "display_name": "downlink_to_t1_44",
                            "id": "302ae8c3-e865-475a-8708-522a8509a462",
                            "linked_logical_router_port_id": "",
                            "logical_router_id": "e0b34792-c98e-4c75-83cd-2eb3ee16f8d7",
                            "revision": "0",
                            "service_binding.#": "0",
                            "tag.#": "0"
                        },
                        "meta": {},
                        "tainted": false
                    },
                    "deposed": [],
                    "provider": "provider.nsxt"
                },
                "nsxt_logical_router_link_port_on_tier0.link_port_tier0.45": {
                    "type": "nsxt_logical_router_link_port_on_tier0",
                    "depends_on": [
                        "data.nsxt_logical_tier0_router.t0"
                    ],
                    "primary": {
                        "id": "b02dd086-4e75-45f0-8078-d519fb946acf",
                        "attributes": {
                            "description": "",
                            "display_name": "downlink_to_t1_45",
                            "id": "b02dd086-4e75-45f0-8078-d519fb946acf",
                            "linked_logical_router_port_id": "",
                            "logical_router_id": "e0b34792-c98e-4c75-83cd-2eb3ee16f8d7",
                            "revision": "0",
                            "service_binding.#": "0",
                            "tag.#": "0"
                        },
                        "meta": {},
                        "tainted": false
                    },
                    "deposed": [],
                    "provider": "provider.nsxt"
                },
                "nsxt_logical_router_link_port_on_tier0.link_port_tier0.46": {
                    "type": "nsxt_logical_router_link_port_on_tier0",
                    "depends_on": [
                        "data.nsxt_logical_tier0_router.t0"
                    ],
                    "primary": {
                        "id": "d7f916b7-a335-4ec4-af72-fd40cb11c82f",
                        "attributes": {
                            "description": "",
                            "display_name": "downlink_to_t1_46",
                            "id": "d7f916b7-a335-4ec4-af72-fd40cb11c82f",
                            "linked_logical_router_port_id": "",
                            "logical_router_id": "e0b34792-c98e-4c75-83cd-2eb3ee16f8d7",
                            "revision": "0",
                            "service_binding.#": "0",
                            "tag.#": "0"
                        },
                        "meta": {},
                        "tainted": false
                    },
                    "deposed": [],
                    "provider": "provider.nsxt"
                },
                "nsxt_logical_router_link_port_on_tier0.link_port_tier0.47": {
                    "type": "nsxt_logical_router_link_port_on_tier0",
                    "depends_on": [
                        "data.nsxt_logical_tier0_router.t0"
                    ],
                    "primary": {
                        "id": "f59943be-63b8-4224-a7f6-f664a54c384f",
                        "attributes": {
                            "description": "",
                            "display_name": "downlink_to_t1_47",
                            "id": "f59943be-63b8-4224-a7f6-f664a54c384f",
                            "linked_logical_router_port_id": "",
                            "logical_router_id": "e0b34792-c98e-4c75-83cd-2eb3ee16f8d7",
                            "revision": "0",
                            "service_binding.#": "0",
                            "tag.#": "0"
                        },
                        "meta": {},
                        "tainted": false
                    },
                    "deposed": [],
                    "provider": "provider.nsxt"
                },
                "nsxt_logical_router_link_port_on_tier0.link_port_tier0.48": {
                    "type": "nsxt_logical_router_link_port_on_tier0",
                    "depends_on": [
                        "data.nsxt_logical_tier0_router.t0"
                    ],
                    "primary": {
                        "id": "5f16f886-e625-45dd-9d0c-9b93936ffab3",
                        "attributes": {
                            "description": "",
                            "display_name": "downlink_to_t1_48",
                            "id": "5f16f886-e625-45dd-9d0c-9b93936ffab3",
                            "linked_logical_router_port_id": "",
                            "logical_router_id": "e0b34792-c98e-4c75-83cd-2eb3ee16f8d7",
                            "revision": "0",
                            "service_binding.#": "0",
                            "tag.#": "0"
                        },
                        "meta": {},
                        "tainted": false
                    },
                    "deposed": [],
                    "provider": "provider.nsxt"
                },
                "nsxt_logical_router_link_port_on_tier0.link_port_tier0.49": {
                    "type": "nsxt_logical_router_link_port_on_tier0",
                    "depends_on": [
                        "data.nsxt_logical_tier0_router.t0"
                    ],
                    "primary": {
                        "id": "6f03ad4d-f785-40ed-ac09-7abcd59089c3",
                        "attributes": {
                            "description": "",
                            "display_name": "downlink_to_t1_49",
                            "id": "6f03ad4d-f785-40ed-ac09-7abcd59089c3",
                            "linked_logical_router_port_id": "",
                            "logical_router_id": "e0b34792-c98e-4c75-83cd-2eb3ee16f8d7",
                            "revision": "0",
                            "service_binding.#": "0",
                            "tag.#": "0"
                        },
                        "meta": {},
                        "tainted": false
                    },
                    "deposed": [],
                    "provider": "provider.nsxt"
                },
                "nsxt_logical_router_link_port_on_tier0.link_port_tier0.5": {
                    "type": "nsxt_logical_router_link_port_on_tier0",
                    "depends_on": [
                        "data.nsxt_logical_tier0_router.t0"
                    ],
                    "primary": {
                        "id": "ca448fa3-ba56-44e7-b098-4eff29a3bfa3",
                        "attributes": {
                            "description": "",
                            "display_name": "downlink_to_t1_5",
                            "id": "ca448fa3-ba56-44e7-b098-4eff29a3bfa3",
                            "linked_logical_router_port_id": "",
                            "logical_router_id": "e0b34792-c98e-4c75-83cd-2eb3ee16f8d7",
                            "revision": "0",
                            "service_binding.#": "0",
                            "tag.#": "0"
                        },
                        "meta": {},
                        "tainted": false
                    },
                    "deposed": [],
                    "provider": "provider.nsxt"
                },
                "nsxt_logical_router_link_port_on_tier0.link_port_tier0.50": {
                    "type": "nsxt_logical_router_link_port_on_tier0",
                    "depends_on": [
                        "data.nsxt_logical_tier0_router.t0"
                    ],
                    "primary": {
                        "id": "e3329cbd-644d-4fad-8e0c-d8dcff43062f",
                        "attributes": {
                            "description": "",
                            "display_name": "downlink_to_t1_50",
                            "id": "e3329cbd-644d-4fad-8e0c-d8dcff43062f",
                            "linked_logical_router_port_id": "",
                            "logical_router_id": "e0b34792-c98e-4c75-83cd-2eb3ee16f8d7",
                            "revision": "0",
                            "service_binding.#": "0",
                            "tag.#": "0"
                        },
                        "meta": {},
                        "tainted": false
                    },
                    "deposed": [],
                    "provider": "provider.nsxt"
                },
                "nsxt_logical_router_link_port_on_tier0.link_port_tier0.51": {
                    "type": "nsxt_logical_router_link_port_on_tier0",
                    "depends_on": [
                        "data.nsxt_logical_tier0_router.t0"
                    ],
                    "primary": {
                        "id": "6125b435-f847-43b9-a027-1bd955dd8b36",
                        "attributes": {
                            "description": "",
                            "display_name": "downlink_to_t1_51",
                            "id": "6125b435-f847-43b9-a027-1bd955dd8b36",
                            "linked_logical_router_port_id": "",
                            "logical_router_id": "e0b34792-c98e-4c75-83cd-2eb3ee16f8d7",
                            "revision": "0",
                            "service_binding.#": "0",
                            "tag.#": "0"
                        },
                        "meta": {},
                        "tainted": false
                    },
                    "deposed": [],
                    "provider": "provider.nsxt"
                },
                "nsxt_logical_router_link_port_on_tier0.link_port_tier0.52": {
                    "type": "nsxt_logical_router_link_port_on_tier0",
                    "depends_on": [
                        "data.nsxt_logical_tier0_router.t0"
                    ],
                    "primary": {
                        "id": "88161660-a4ce-4ad6-b070-74b84909175c",
                        "attributes": {
                            "description": "",
                            "display_name": "downlink_to_t1_52",
                            "id": "88161660-a4ce-4ad6-b070-74b84909175c",
                            "linked_logical_router_port_id": "",
                            "logical_router_id": "e0b34792-c98e-4c75-83cd-2eb3ee16f8d7",
                            "revision": "0",
                            "service_binding.#": "0",
                            "tag.#": "0"
                        },
                        "meta": {},
                        "tainted": false
                    },
                    "deposed": [],
                    "provider": "provider.nsxt"
                },
                "nsxt_logical_router_link_port_on_tier0.link_port_tier0.53": {
                    "type": "nsxt_logical_router_link_port_on_tier0",
                    "depends_on": [
                        "data.nsxt_logical_tier0_router.t0"
                    ],
                    "primary": {
                        "id": "990fd697-4094-4acf-8ef2-6e0b50317448",
                        "attributes": {
                            "description": "",
                            "display_name": "downlink_to_t1_53",
                            "id": "990fd697-4094-4acf-8ef2-6e0b50317448",
                            "linked_logical_router_port_id": "",
                            "logical_router_id": "e0b34792-c98e-4c75-83cd-2eb3ee16f8d7",
                            "revision": "0",
                            "service_binding.#": "0",
                            "tag.#": "0"
                        },
                        "meta": {},
                        "tainted": false
                    },
                    "deposed": [],
                    "provider": "provider.nsxt"
                },
                "nsxt_logical_router_link_port_on_tier0.link_port_tier0.54": {
                    "type": "nsxt_logical_router_link_port_on_tier0",
                    "depends_on": [
                        "data.nsxt_logical_tier0_router.t0"
                    ],
                    "primary": {
                        "id": "1ae5b448-cbb8-4c66-aa00-2b2a9f1f751e",
                        "attributes": {
                            "description": "",
                            "display_name": "downlink_to_t1_54",
                            "id": "1ae5b448-cbb8-4c66-aa00-2b2a9f1f751e",
                            "linked_logical_router_port_id": "",
                            "logical_router_id": "e0b34792-c98e-4c75-83cd-2eb3ee16f8d7",
                            "revision": "0",
                            "service_binding.#": "0",
                            "tag.#": "0"
                        },
                        "meta": {},
                        "tainted": false
                    },
                    "deposed": [],
                    "provider": "provider.nsxt"
                },
                "nsxt_logical_router_link_port_on_tier0.link_port_tier0.55": {
                    "type": "nsxt_logical_router_link_port_on_tier0",
                    "depends_on": [
                        "data.nsxt_logical_tier0_router.t0"
                    ],
                    "primary": {
                        "id": "a284d3fc-7847-4cf3-a0c9-0109a04e2579",
                        "attributes": {
                            "description": "",
                            "display_name": "downlink_to_t1_55",
                            "id": "a284d3fc-7847-4cf3-a0c9-0109a04e2579",
                            "linked_logical_router_port_id": "",
                            "logical_router_id": "e0b34792-c98e-4c75-83cd-2eb3ee16f8d7",
                            "revision": "0",
                            "service_binding.#": "0",
                            "tag.#": "0"
                        },
                        "meta": {},
                        "tainted": false
                    },
                    "deposed": [],
                    "provider": "provider.nsxt"
                },
                "nsxt_logical_router_link_port_on_tier0.link_port_tier0.56": {
                    "type": "nsxt_logical_router_link_port_on_tier0",
                    "depends_on": [
                        "data.nsxt_logical_tier0_router.t0"
                    ],
                    "primary": {
                        "id": "b2b6c77e-2454-45c4-b7be-924b2775f103",
                        "attributes": {
                            "description": "",
                            "display_name": "downlink_to_t1_56",
                            "id": "b2b6c77e-2454-45c4-b7be-924b2775f103",
                            "linked_logical_router_port_id": "",
                            "logical_router_id": "e0b34792-c98e-4c75-83cd-2eb3ee16f8d7",
                            "revision": "0",
                            "service_binding.#": "0",
                            "tag.#": "0"
                        },
                        "meta": {},
                        "tainted": false
                    },
                    "deposed": [],
                    "provider": "provider.nsxt"
                },
                "nsxt_logical_router_link_port_on_tier0.link_port_tier0.57": {
                    "type": "nsxt_logical_router_link_port_on_tier0",
                    "depends_on": [
                        "data.nsxt_logical_tier0_router.t0"
                    ],
                    "primary": {
                        "id": "b390ff96-4596-45b0-906e-0c554bbbdf87",
                        "attributes": {
                            "description": "",
                            "display_name": "downlink_to_t1_57",
                            "id": "b390ff96-4596-45b0-906e-0c554bbbdf87",
                            "linked_logical_router_port_id": "",
                            "logical_router_id": "e0b34792-c98e-4c75-83cd-2eb3ee16f8d7",
                            "revision": "0",
                            "service_binding.#": "0",
                            "tag.#": "0"
                        },
                        "meta": {},
                        "tainted": false
                    },
                    "deposed": [],
                    "provider": "provider.nsxt"
                },
                "nsxt_logical_router_link_port_on_tier0.link_port_tier0.58": {
                    "type": "nsxt_logical_router_link_port_on_tier0",
                    "depends_on": [
                        "data.nsxt_logical_tier0_router.t0"
                    ],
                    "primary": {
                        "id": "10b21eb9-a21c-4e73-95f3-8b08c00d0fff",
                        "attributes": {
                            "description": "",
                            "display_name": "downlink_to_t1_58",
                            "id": "10b21eb9-a21c-4e73-95f3-8b08c00d0fff",
                            "linked_logical_router_port_id": "",
                            "logical_router_id": "e0b34792-c98e-4c75-83cd-2eb3ee16f8d7",
                            "revision": "0",
                            "service_binding.#": "0",
                            "tag.#": "0"
                        },
                        "meta": {},
                        "tainted": false
                    },
                    "deposed": [],
                    "provider": "provider.nsxt"
                },
                "nsxt_logical_router_link_port_on_tier0.link_port_tier0.59": {
                    "type": "nsxt_logical_router_link_port_on_tier0",
                    "depends_on": [
                        "data.nsxt_logical_tier0_router.t0"
                    ],
                    "primary": {
                        "id": "63a2028d-a0b0-4a70-a8c9-eb29f7b758b6",
                        "attributes": {
                            "description": "",
                            "display_name": "downlink_to_t1_59",
                            "id": "63a2028d-a0b0-4a70-a8c9-eb29f7b758b6",
                            "linked_logical_router_port_id": "",
                            "logical_router_id": "e0b34792-c98e-4c75-83cd-2eb3ee16f8d7",
                            "revision": "0",
                            "service_binding.#": "0",
                            "tag.#": "0"
                        },
                        "meta": {},
                        "tainted": false
                    },
                    "deposed": [],
                    "provider": "provider.nsxt"
                },
                "nsxt_logical_router_link_port_on_tier0.link_port_tier0.6": {
                    "type": "nsxt_logical_router_link_port_on_tier0",
                    "depends_on": [
                        "data.nsxt_logical_tier0_router.t0"
                    ],
                    "primary": {
                        "id": "99b1b216-0cf8-4681-8f7b-5f4bda91c60a",
                        "attributes": {
                            "description": "",
                            "display_name": "downlink_to_t1_6",
                            "id": "99b1b216-0cf8-4681-8f7b-5f4bda91c60a",
                            "linked_logical_router_port_id": "",
                            "logical_router_id": "e0b34792-c98e-4c75-83cd-2eb3ee16f8d7",
                            "revision": "0",
                            "service_binding.#": "0",
                            "tag.#": "0"
                        },
                        "meta": {},
                        "tainted": false
                    },
                    "deposed": [],
                    "provider": "provider.nsxt"
                },
                "nsxt_logical_router_link_port_on_tier0.link_port_tier0.60": {
                    "type": "nsxt_logical_router_link_port_on_tier0",
                    "depends_on": [
                        "data.nsxt_logical_tier0_router.t0"
                    ],
                    "primary": {
                        "id": "b17b61f8-8bff-4672-b557-a662d9d98d1c",
                        "attributes": {
                            "description": "",
                            "display_name": "downlink_to_t1_60",
                            "id": "b17b61f8-8bff-4672-b557-a662d9d98d1c",
                            "linked_logical_router_port_id": "",
                            "logical_router_id": "e0b34792-c98e-4c75-83cd-2eb3ee16f8d7",
                            "revision": "0",
                            "service_binding.#": "0",
                            "tag.#": "0"
                        },
                        "meta": {},
                        "tainted": false
                    },
                    "deposed": [],
                    "provider": "provider.nsxt"
                },
                "nsxt_logical_router_link_port_on_tier0.link_port_tier0.61": {
                    "type": "nsxt_logical_router_link_port_on_tier0",
                    "depends_on": [
                        "data.nsxt_logical_tier0_router.t0"
                    ],
                    "primary": {
                        "id": "04e3efc9-0f93-41b5-b08f-55532a128777",
                        "attributes": {
                            "description": "",
                            "display_name": "downlink_to_t1_61",
                            "id": "04e3efc9-0f93-41b5-b08f-55532a128777",
                            "linked_logical_router_port_id": "",
                            "logical_router_id": "e0b34792-c98e-4c75-83cd-2eb3ee16f8d7",
                            "revision": "0",
                            "service_binding.#": "0",
                            "tag.#": "0"
                        },
                        "meta": {},
                        "tainted": false
                    },
                    "deposed": [],
                    "provider": "provider.nsxt"
                },
                "nsxt_logical_router_link_port_on_tier0.link_port_tier0.62": {
                    "type": "nsxt_logical_router_link_port_on_tier0",
                    "depends_on": [
                        "data.nsxt_logical_tier0_router.t0"
                    ],
                    "primary": {
                        "id": "eaa48323-0005-42e9-884f-ec4c255485c4",
                        "attributes": {
                            "description": "",
                            "display_name": "downlink_to_t1_62",
                            "id": "eaa48323-0005-42e9-884f-ec4c255485c4",
                            "linked_logical_router_port_id": "",
                            "logical_router_id": "e0b34792-c98e-4c75-83cd-2eb3ee16f8d7",
                            "revision": "0",
                            "service_binding.#": "0",
                            "tag.#": "0"
                        },
                        "meta": {},
                        "tainted": false
                    },
                    "deposed": [],
                    "provider": "provider.nsxt"
                },
                "nsxt_logical_router_link_port_on_tier0.link_port_tier0.63": {
                    "type": "nsxt_logical_router_link_port_on_tier0",
                    "depends_on": [
                        "data.nsxt_logical_tier0_router.t0"
                    ],
                    "primary": {
                        "id": "f28ac22f-53e4-47b2-9799-0e4cda02a33a",
                        "attributes": {
                            "description": "",
                            "display_name": "downlink_to_t1_63",
                            "id": "f28ac22f-53e4-47b2-9799-0e4cda02a33a",
                            "linked_logical_router_port_id": "",
                            "logical_router_id": "e0b34792-c98e-4c75-83cd-2eb3ee16f8d7",
                            "revision": "0",
                            "service_binding.#": "0",
                            "tag.#": "0"
                        },
                        "meta": {},
                        "tainted": false
                    },
                    "deposed": [],
                    "provider": "provider.nsxt"
                },
                "nsxt_logical_router_link_port_on_tier0.link_port_tier0.64": {
                    "type": "nsxt_logical_router_link_port_on_tier0",
                    "depends_on": [
                        "data.nsxt_logical_tier0_router.t0"
                    ],
                    "primary": {
                        "id": "b8b61e31-0467-4936-9692-250832da9bfd",
                        "attributes": {
                            "description": "",
                            "display_name": "downlink_to_t1_64",
                            "id": "b8b61e31-0467-4936-9692-250832da9bfd",
                            "linked_logical_router_port_id": "",
                            "logical_router_id": "e0b34792-c98e-4c75-83cd-2eb3ee16f8d7",
                            "revision": "0",
                            "service_binding.#": "0",
                            "tag.#": "0"
                        },
                        "meta": {},
                        "tainted": false
                    },
                    "deposed": [],
                    "provider": "provider.nsxt"
                },
                "nsxt_logical_router_link_port_on_tier0.link_port_tier0.65": {
                    "type": "nsxt_logical_router_link_port_on_tier0",
                    "depends_on": [
                        "data.nsxt_logical_tier0_router.t0"
                    ],
                    "primary": {
                        "id": "4ac80b0d-5e2e-4d9e-a6d9-95c4bacd9d48",
                        "attributes": {
                            "description": "",
                            "display_name": "downlink_to_t1_65",
                            "id": "4ac80b0d-5e2e-4d9e-a6d9-95c4bacd9d48",
                            "linked_logical_router_port_id": "",
                            "logical_router_id": "e0b34792-c98e-4c75-83cd-2eb3ee16f8d7",
                            "revision": "0",
                            "service_binding.#": "0",
                            "tag.#": "0"
                        },
                        "meta": {},
                        "tainted": false
                    },
                    "deposed": [],
                    "provider": "provider.nsxt"
                },
                "nsxt_logical_router_link_port_on_tier0.link_port_tier0.66": {
                    "type": "nsxt_logical_router_link_port_on_tier0",
                    "depends_on": [
                        "data.nsxt_logical_tier0_router.t0"
                    ],
                    "primary": {
                        "id": "ccb16c10-6568-42b9-aee6-f4028f340615",
                        "attributes": {
                            "description": "",
                            "display_name": "downlink_to_t1_66",
                            "id": "ccb16c10-6568-42b9-aee6-f4028f340615",
                            "linked_logical_router_port_id": "",
                            "logical_router_id": "e0b34792-c98e-4c75-83cd-2eb3ee16f8d7",
                            "revision": "0",
                            "service_binding.#": "0",
                            "tag.#": "0"
                        },
                        "meta": {},
                        "tainted": false
                    },
                    "deposed": [],
                    "provider": "provider.nsxt"
                },
                "nsxt_logical_router_link_port_on_tier0.link_port_tier0.67": {
                    "type": "nsxt_logical_router_link_port_on_tier0",
                    "depends_on": [
                        "data.nsxt_logical_tier0_router.t0"
                    ],
                    "primary": {
                        "id": "3705e6fe-4a35-4a5b-be66-99c4464b3168",
                        "attributes": {
                            "description": "",
                            "display_name": "downlink_to_t1_67",
                            "id": "3705e6fe-4a35-4a5b-be66-99c4464b3168",
                            "linked_logical_router_port_id": "",
                            "logical_router_id": "e0b34792-c98e-4c75-83cd-2eb3ee16f8d7",
                            "revision": "0",
                            "service_binding.#": "0",
                            "tag.#": "0"
                        },
                        "meta": {},
                        "tainted": false
                    },
                    "deposed": [],
                    "provider": "provider.nsxt"
                },
                "nsxt_logical_router_link_port_on_tier0.link_port_tier0.68": {
                    "type": "nsxt_logical_router_link_port_on_tier0",
                    "depends_on": [
                        "data.nsxt_logical_tier0_router.t0"
                    ],
                    "primary": {
                        "id": "9152c4b4-7488-4c7b-8f5f-b16ba3e7b1f0",
                        "attributes": {
                            "description": "",
                            "display_name": "downlink_to_t1_68",
                            "id": "9152c4b4-7488-4c7b-8f5f-b16ba3e7b1f0",
                            "linked_logical_router_port_id": "",
                            "logical_router_id": "e0b34792-c98e-4c75-83cd-2eb3ee16f8d7",
                            "revision": "0",
                            "service_binding.#": "0",
                            "tag.#": "0"
                        },
                        "meta": {},
                        "tainted": false
                    },
                    "deposed": [],
                    "provider": "provider.nsxt"
                },
                "nsxt_logical_router_link_port_on_tier0.link_port_tier0.69": {
                    "type": "nsxt_logical_router_link_port_on_tier0",
                    "depends_on": [
                        "data.nsxt_logical_tier0_router.t0"
                    ],
                    "primary": {
                        "id": "80b9248f-e1b1-4f6c-9f41-b6bde8e4cdb2",
                        "attributes": {
                            "description": "",
                            "display_name": "downlink_to_t1_69",
                            "id": "80b9248f-e1b1-4f6c-9f41-b6bde8e4cdb2",
                            "linked_logical_router_port_id": "",
                            "logical_router_id": "e0b34792-c98e-4c75-83cd-2eb3ee16f8d7",
                            "revision": "0",
                            "service_binding.#": "0",
                            "tag.#": "0"
                        },
                        "meta": {},
                        "tainted": false
                    },
                    "deposed": [],
                    "provider": "provider.nsxt"
                },
                "nsxt_logical_router_link_port_on_tier0.link_port_tier0.7": {
                    "type": "nsxt_logical_router_link_port_on_tier0",
                    "depends_on": [
                        "data.nsxt_logical_tier0_router.t0"
                    ],
                    "primary": {
                        "id": "577de9dd-881b-4722-ac74-a013e156f805",
                        "attributes": {
                            "description": "",
                            "display_name": "downlink_to_t1_7",
                            "id": "577de9dd-881b-4722-ac74-a013e156f805",
                            "linked_logical_router_port_id": "",
                            "logical_router_id": "e0b34792-c98e-4c75-83cd-2eb3ee16f8d7",
                            "revision": "0",
                            "service_binding.#": "0",
                            "tag.#": "0"
                        },
                        "meta": {},
                        "tainted": false
                    },
                    "deposed": [],
                    "provider": "provider.nsxt"
                },
                "nsxt_logical_router_link_port_on_tier0.link_port_tier0.70": {
                    "type": "nsxt_logical_router_link_port_on_tier0",
                    "depends_on": [
                        "data.nsxt_logical_tier0_router.t0"
                    ],
                    "primary": {
                        "id": "182538fe-2075-4610-898e-49e6971ae883",
                        "attributes": {
                            "description": "",
                            "display_name": "downlink_to_t1_70",
                            "id": "182538fe-2075-4610-898e-49e6971ae883",
                            "linked_logical_router_port_id": "",
                            "logical_router_id": "e0b34792-c98e-4c75-83cd-2eb3ee16f8d7",
                            "revision": "0",
                            "service_binding.#": "0",
                            "tag.#": "0"
                        },
                        "meta": {},
                        "tainted": false
                    },
                    "deposed": [],
                    "provider": "provider.nsxt"
                },
                "nsxt_logical_router_link_port_on_tier0.link_port_tier0.71": {
                    "type": "nsxt_logical_router_link_port_on_tier0",
                    "depends_on": [
                        "data.nsxt_logical_tier0_router.t0"
                    ],
                    "primary": {
                        "id": "571c3c32-d6c2-4ae6-9a61-cf887d27f66b",
                        "attributes": {
                            "description": "",
                            "display_name": "downlink_to_t1_71",
                            "id": "571c3c32-d6c2-4ae6-9a61-cf887d27f66b",
                            "linked_logical_router_port_id": "",
                            "logical_router_id": "e0b34792-c98e-4c75-83cd-2eb3ee16f8d7",
                            "revision": "0",
                            "service_binding.#": "0",
                            "tag.#": "0"
                        },
                        "meta": {},
                        "tainted": false
                    },
                    "deposed": [],
                    "provider": "provider.nsxt"
                },
                "nsxt_logical_router_link_port_on_tier0.link_port_tier0.72": {
                    "type": "nsxt_logical_router_link_port_on_tier0",
                    "depends_on": [
                        "data.nsxt_logical_tier0_router.t0"
                    ],
                    "primary": {
                        "id": "54849f6b-3ed3-4bd9-925b-5d5410423c52",
                        "attributes": {
                            "description": "",
                            "display_name": "downlink_to_t1_72",
                            "id": "54849f6b-3ed3-4bd9-925b-5d5410423c52",
                            "linked_logical_router_port_id": "",
                            "logical_router_id": "e0b34792-c98e-4c75-83cd-2eb3ee16f8d7",
                            "revision": "0",
                            "service_binding.#": "0",
                            "tag.#": "0"
                        },
                        "meta": {},
                        "tainted": false
                    },
                    "deposed": [],
                    "provider": "provider.nsxt"
                },
                "nsxt_logical_router_link_port_on_tier0.link_port_tier0.73": {
                    "type": "nsxt_logical_router_link_port_on_tier0",
                    "depends_on": [
                        "data.nsxt_logical_tier0_router.t0"
                    ],
                    "primary": {
                        "id": "66ef8fdd-1b83-4132-8734-9d6886ccd1ba",
                        "attributes": {
                            "description": "",
                            "display_name": "downlink_to_t1_73",
                            "id": "66ef8fdd-1b83-4132-8734-9d6886ccd1ba",
                            "linked_logical_router_port_id": "",
                            "logical_router_id": "e0b34792-c98e-4c75-83cd-2eb3ee16f8d7",
                            "revision": "0",
                            "service_binding.#": "0",
                            "tag.#": "0"
                        },
                        "meta": {},
                        "tainted": false
                    },
                    "deposed": [],
                    "provider": "provider.nsxt"
                },
                "nsxt_logical_router_link_port_on_tier0.link_port_tier0.74": {
                    "type": "nsxt_logical_router_link_port_on_tier0",
                    "depends_on": [
                        "data.nsxt_logical_tier0_router.t0"
                    ],
                    "primary": {
                        "id": "0c3a94d5-000f-42c2-97e0-6fbc2bd93af4",
                        "attributes": {
                            "description": "",
                            "display_name": "downlink_to_t1_74",
                            "id": "0c3a94d5-000f-42c2-97e0-6fbc2bd93af4",
                            "linked_logical_router_port_id": "",
                            "logical_router_id": "e0b34792-c98e-4c75-83cd-2eb3ee16f8d7",
                            "revision": "0",
                            "service_binding.#": "0",
                            "tag.#": "0"
                        },
                        "meta": {},
                        "tainted": false
                    },
                    "deposed": [],
                    "provider": "provider.nsxt"
                },
                "nsxt_logical_router_link_port_on_tier0.link_port_tier0.75": {
                    "type": "nsxt_logical_router_link_port_on_tier0",
                    "depends_on": [
                        "data.nsxt_logical_tier0_router.t0"
                    ],
                    "primary": {
                        "id": "d5eda5da-64f4-4292-b763-7d27dc00dac5",
                        "attributes": {
                            "description": "",
                            "display_name": "downlink_to_t1_75",
                            "id": "d5eda5da-64f4-4292-b763-7d27dc00dac5",
                            "linked_logical_router_port_id": "",
                            "logical_router_id": "e0b34792-c98e-4c75-83cd-2eb3ee16f8d7",
                            "revision": "0",
                            "service_binding.#": "0",
                            "tag.#": "0"
                        },
                        "meta": {},
                        "tainted": false
                    },
                    "deposed": [],
                    "provider": "provider.nsxt"
                },
                "nsxt_logical_router_link_port_on_tier0.link_port_tier0.76": {
                    "type": "nsxt_logical_router_link_port_on_tier0",
                    "depends_on": [
                        "data.nsxt_logical_tier0_router.t0"
                    ],
                    "primary": {
                        "id": "50f74df5-1a32-4513-81fc-8a36ff3ea191",
                        "attributes": {
                            "description": "",
                            "display_name": "downlink_to_t1_76",
                            "id": "50f74df5-1a32-4513-81fc-8a36ff3ea191",
                            "linked_logical_router_port_id": "",
                            "logical_router_id": "e0b34792-c98e-4c75-83cd-2eb3ee16f8d7",
                            "revision": "0",
                            "service_binding.#": "0",
                            "tag.#": "0"
                        },
                        "meta": {},
                        "tainted": false
                    },
                    "deposed": [],
                    "provider": "provider.nsxt"
                },
                "nsxt_logical_router_link_port_on_tier0.link_port_tier0.77": {
                    "type": "nsxt_logical_router_link_port_on_tier0",
                    "depends_on": [
                        "data.nsxt_logical_tier0_router.t0"
                    ],
                    "primary": {
                        "id": "0a10bd16-3a54-4afc-b17e-f621c5fe5e80",
                        "attributes": {
                            "description": "",
                            "display_name": "downlink_to_t1_77",
                            "id": "0a10bd16-3a54-4afc-b17e-f621c5fe5e80",
                            "linked_logical_router_port_id": "",
                            "logical_router_id": "e0b34792-c98e-4c75-83cd-2eb3ee16f8d7",
                            "revision": "0",
                            "service_binding.#": "0",
                            "tag.#": "0"
                        },
                        "meta": {},
                        "tainted": false
                    },
                    "deposed": [],
                    "provider": "provider.nsxt"
                },
                "nsxt_logical_router_link_port_on_tier0.link_port_tier0.78": {
                    "type": "nsxt_logical_router_link_port_on_tier0",
                    "depends_on": [
                        "data.nsxt_logical_tier0_router.t0"
                    ],
                    "primary": {
                        "id": "3b4cadf6-46e0-416a-bea5-7f9107ff4677",
                        "attributes": {
                            "description": "",
                            "display_name": "downlink_to_t1_78",
                            "id": "3b4cadf6-46e0-416a-bea5-7f9107ff4677",
                            "linked_logical_router_port_id": "",
                            "logical_router_id": "e0b34792-c98e-4c75-83cd-2eb3ee16f8d7",
                            "revision": "0",
                            "service_binding.#": "0",
                            "tag.#": "0"
                        },
                        "meta": {},
                        "tainted": false
                    },
                    "deposed": [],
                    "provider": "provider.nsxt"
                },
                "nsxt_logical_router_link_port_on_tier0.link_port_tier0.79": {
                    "type": "nsxt_logical_router_link_port_on_tier0",
                    "depends_on": [
                        "data.nsxt_logical_tier0_router.t0"
                    ],
                    "primary": {
                        "id": "a55ff44d-b3ce-4d33-916d-8780e5e147c3",
                        "attributes": {
                            "description": "",
                            "display_name": "downlink_to_t1_79",
                            "id": "a55ff44d-b3ce-4d33-916d-8780e5e147c3",
                            "linked_logical_router_port_id": "",
                            "logical_router_id": "e0b34792-c98e-4c75-83cd-2eb3ee16f8d7",
                            "revision": "0",
                            "service_binding.#": "0",
                            "tag.#": "0"
                        },
                        "meta": {},
                        "tainted": false
                    },
                    "deposed": [],
                    "provider": "provider.nsxt"
                },
                "nsxt_logical_router_link_port_on_tier0.link_port_tier0.8": {
                    "type": "nsxt_logical_router_link_port_on_tier0",
                    "depends_on": [
                        "data.nsxt_logical_tier0_router.t0"
                    ],
                    "primary": {
                        "id": "27f206b7-2d44-4a45-9986-2a3174a991b6",
                        "attributes": {
                            "description": "",
                            "display_name": "downlink_to_t1_8",
                            "id": "27f206b7-2d44-4a45-9986-2a3174a991b6",
                            "linked_logical_router_port_id": "",
                            "logical_router_id": "e0b34792-c98e-4c75-83cd-2eb3ee16f8d7",
                            "revision": "0",
                            "service_binding.#": "0",
                            "tag.#": "0"
                        },
                        "meta": {},
                        "tainted": false
                    },
                    "deposed": [],
                    "provider": "provider.nsxt"
                },
                "nsxt_logical_router_link_port_on_tier0.link_port_tier0.80": {
                    "type": "nsxt_logical_router_link_port_on_tier0",
                    "depends_on": [
                        "data.nsxt_logical_tier0_router.t0"
                    ],
                    "primary": {
                        "id": "a1e5d121-cdf3-4044-a601-2289ef22cf78",
                        "attributes": {
                            "description": "",
                            "display_name": "downlink_to_t1_80",
                            "id": "a1e5d121-cdf3-4044-a601-2289ef22cf78",
                            "linked_logical_router_port_id": "",
                            "logical_router_id": "e0b34792-c98e-4c75-83cd-2eb3ee16f8d7",
                            "revision": "0",
                            "service_binding.#": "0",
                            "tag.#": "0"
                        },
                        "meta": {},
                        "tainted": false
                    },
                    "deposed": [],
                    "provider": "provider.nsxt"
                },
                "nsxt_logical_router_link_port_on_tier0.link_port_tier0.81": {
                    "type": "nsxt_logical_router_link_port_on_tier0",
                    "depends_on": [
                        "data.nsxt_logical_tier0_router.t0"
                    ],
                    "primary": {
                        "id": "f6e951f6-bb26-467d-8f01-54f7c1d250d0",
                        "attributes": {
                            "description": "",
                            "display_name": "downlink_to_t1_81",
                            "id": "f6e951f6-bb26-467d-8f01-54f7c1d250d0",
                            "linked_logical_router_port_id": "",
                            "logical_router_id": "e0b34792-c98e-4c75-83cd-2eb3ee16f8d7",
                            "revision": "0",
                            "service_binding.#": "0",
                            "tag.#": "0"
                        },
                        "meta": {},
                        "tainted": false
                    },
                    "deposed": [],
                    "provider": "provider.nsxt"
                },
                "nsxt_logical_router_link_port_on_tier0.link_port_tier0.82": {
                    "type": "nsxt_logical_router_link_port_on_tier0",
                    "depends_on": [
                        "data.nsxt_logical_tier0_router.t0"
                    ],
                    "primary": {
                        "id": "24e6a6a6-ff85-4969-888e-0ffa34db0192",
                        "attributes": {
                            "description": "",
                            "display_name": "downlink_to_t1_82",
                            "id": "24e6a6a6-ff85-4969-888e-0ffa34db0192",
                            "linked_logical_router_port_id": "",
                            "logical_router_id": "e0b34792-c98e-4c75-83cd-2eb3ee16f8d7",
                            "revision": "0",
                            "service_binding.#": "0",
                            "tag.#": "0"
                        },
                        "meta": {},
                        "tainted": false
                    },
                    "deposed": [],
                    "provider": "provider.nsxt"
                },
                "nsxt_logical_router_link_port_on_tier0.link_port_tier0.83": {
                    "type": "nsxt_logical_router_link_port_on_tier0",
                    "depends_on": [
                        "data.nsxt_logical_tier0_router.t0"
                    ],
                    "primary": {
                        "id": "51fb547c-7fc4-4f35-a9af-abac11eb5c73",
                        "attributes": {
                            "description": "",
                            "display_name": "downlink_to_t1_83",
                            "id": "51fb547c-7fc4-4f35-a9af-abac11eb5c73",
                            "linked_logical_router_port_id": "",
                            "logical_router_id": "e0b34792-c98e-4c75-83cd-2eb3ee16f8d7",
                            "revision": "0",
                            "service_binding.#": "0",
                            "tag.#": "0"
                        },
                        "meta": {},
                        "tainted": false
                    },
                    "deposed": [],
                    "provider": "provider.nsxt"
                },
                "nsxt_logical_router_link_port_on_tier0.link_port_tier0.84": {
                    "type": "nsxt_logical_router_link_port_on_tier0",
                    "depends_on": [
                        "data.nsxt_logical_tier0_router.t0"
                    ],
                    "primary": {
                        "id": "bd3a044b-5b55-4e73-975d-2c3e4cdab824",
                        "attributes": {
                            "description": "",
                            "display_name": "downlink_to_t1_84",
                            "id": "bd3a044b-5b55-4e73-975d-2c3e4cdab824",
                            "linked_logical_router_port_id": "",
                            "logical_router_id": "e0b34792-c98e-4c75-83cd-2eb3ee16f8d7",
                            "revision": "0",
                            "service_binding.#": "0",
                            "tag.#": "0"
                        },
                        "meta": {},
                        "tainted": false
                    },
                    "deposed": [],
                    "provider": "provider.nsxt"
                },
                "nsxt_logical_router_link_port_on_tier0.link_port_tier0.85": {
                    "type": "nsxt_logical_router_link_port_on_tier0",
                    "depends_on": [
                        "data.nsxt_logical_tier0_router.t0"
                    ],
                    "primary": {
                        "id": "d73a8e41-03eb-4177-bc0c-be2a85ed48ba",
                        "attributes": {
                            "description": "",
                            "display_name": "downlink_to_t1_85",
                            "id": "d73a8e41-03eb-4177-bc0c-be2a85ed48ba",
                            "linked_logical_router_port_id": "",
                            "logical_router_id": "e0b34792-c98e-4c75-83cd-2eb3ee16f8d7",
                            "revision": "0",
                            "service_binding.#": "0",
                            "tag.#": "0"
                        },
                        "meta": {},
                        "tainted": false
                    },
                    "deposed": [],
                    "provider": "provider.nsxt"
                },
                "nsxt_logical_router_link_port_on_tier0.link_port_tier0.86": {
                    "type": "nsxt_logical_router_link_port_on_tier0",
                    "depends_on": [
                        "data.nsxt_logical_tier0_router.t0"
                    ],
                    "primary": {
                        "id": "eb117f41-3ff9-43a1-8339-bc646cc172f9",
                        "attributes": {
                            "description": "",
                            "display_name": "downlink_to_t1_86",
                            "id": "eb117f41-3ff9-43a1-8339-bc646cc172f9",
                            "linked_logical_router_port_id": "",
                            "logical_router_id": "e0b34792-c98e-4c75-83cd-2eb3ee16f8d7",
                            "revision": "0",
                            "service_binding.#": "0",
                            "tag.#": "0"
                        },
                        "meta": {},
                        "tainted": false
                    },
                    "deposed": [],
                    "provider": "provider.nsxt"
                },
                "nsxt_logical_router_link_port_on_tier0.link_port_tier0.87": {
                    "type": "nsxt_logical_router_link_port_on_tier0",
                    "depends_on": [
                        "data.nsxt_logical_tier0_router.t0"
                    ],
                    "primary": {
                        "id": "607a6b78-4750-4ba6-a703-f051143cc2fd",
                        "attributes": {
                            "description": "",
                            "display_name": "downlink_to_t1_87",
                            "id": "607a6b78-4750-4ba6-a703-f051143cc2fd",
                            "linked_logical_router_port_id": "",
                            "logical_router_id": "e0b34792-c98e-4c75-83cd-2eb3ee16f8d7",
                            "revision": "0",
                            "service_binding.#": "0",
                            "tag.#": "0"
                        },
                        "meta": {},
                        "tainted": false
                    },
                    "deposed": [],
                    "provider": "provider.nsxt"
                },
                "nsxt_logical_router_link_port_on_tier0.link_port_tier0.88": {
                    "type": "nsxt_logical_router_link_port_on_tier0",
                    "depends_on": [
                        "data.nsxt_logical_tier0_router.t0"
                    ],
                    "primary": {
                        "id": "b7c0ab3a-f802-40cc-ac7a-51b64bfa6d41",
                        "attributes": {
                            "description": "",
                            "display_name": "downlink_to_t1_88",
                            "id": "b7c0ab3a-f802-40cc-ac7a-51b64bfa6d41",
                            "linked_logical_router_port_id": "",
                            "logical_router_id": "e0b34792-c98e-4c75-83cd-2eb3ee16f8d7",
                            "revision": "0",
                            "service_binding.#": "0",
                            "tag.#": "0"
                        },
                        "meta": {},
                        "tainted": false
                    },
                    "deposed": [],
                    "provider": "provider.nsxt"
                },
                "nsxt_logical_router_link_port_on_tier0.link_port_tier0.89": {
                    "type": "nsxt_logical_router_link_port_on_tier0",
                    "depends_on": [
                        "data.nsxt_logical_tier0_router.t0"
                    ],
                    "primary": {
                        "id": "e94a8a2d-0e5e-4e59-8926-e5530b4dc058",
                        "attributes": {
                            "description": "",
                            "display_name": "downlink_to_t1_89",
                            "id": "e94a8a2d-0e5e-4e59-8926-e5530b4dc058",
                            "linked_logical_router_port_id": "",
                            "logical_router_id": "e0b34792-c98e-4c75-83cd-2eb3ee16f8d7",
                            "revision": "0",
                            "service_binding.#": "0",
                            "tag.#": "0"
                        },
                        "meta": {},
                        "tainted": false
                    },
                    "deposed": [],
                    "provider": "provider.nsxt"
                },
                "nsxt_logical_router_link_port_on_tier0.link_port_tier0.9": {
                    "type": "nsxt_logical_router_link_port_on_tier0",
                    "depends_on": [
                        "data.nsxt_logical_tier0_router.t0"
                    ],
                    "primary": {
                        "id": "da87e9cb-2026-45c6-984a-632307a21e3f",
                        "attributes": {
                            "description": "",
                            "display_name": "downlink_to_t1_9",
                            "id": "da87e9cb-2026-45c6-984a-632307a21e3f",
                            "linked_logical_router_port_id": "",
                            "logical_router_id": "e0b34792-c98e-4c75-83cd-2eb3ee16f8d7",
                            "revision": "0",
                            "service_binding.#": "0",
                            "tag.#": "0"
                        },
                        "meta": {},
                        "tainted": false
                    },
                    "deposed": [],
                    "provider": "provider.nsxt"
                },
                "nsxt_logical_router_link_port_on_tier0.link_port_tier0.90": {
                    "type": "nsxt_logical_router_link_port_on_tier0",
                    "depends_on": [
                        "data.nsxt_logical_tier0_router.t0"
                    ],
                    "primary": {
                        "id": "3238ebb3-1ec2-488b-80a8-cf42ac8ca750",
                        "attributes": {
                            "description": "",
                            "display_name": "downlink_to_t1_90",
                            "id": "3238ebb3-1ec2-488b-80a8-cf42ac8ca750",
                            "linked_logical_router_port_id": "",
                            "logical_router_id": "e0b34792-c98e-4c75-83cd-2eb3ee16f8d7",
                            "revision": "0",
                            "service_binding.#": "0",
                            "tag.#": "0"
                        },
                        "meta": {},
                        "tainted": false
                    },
                    "deposed": [],
                    "provider": "provider.nsxt"
                },
                "nsxt_logical_router_link_port_on_tier0.link_port_tier0.91": {
                    "type": "nsxt_logical_router_link_port_on_tier0",
                    "depends_on": [
                        "data.nsxt_logical_tier0_router.t0"
                    ],
                    "primary": {
                        "id": "cf55dafe-e8b8-4ddd-a9f9-01e734a95bf2",
                        "attributes": {
                            "description": "",
                            "display_name": "downlink_to_t1_91",
                            "id": "cf55dafe-e8b8-4ddd-a9f9-01e734a95bf2",
                            "linked_logical_router_port_id": "",
                            "logical_router_id": "e0b34792-c98e-4c75-83cd-2eb3ee16f8d7",
                            "revision": "0",
                            "service_binding.#": "0",
                            "tag.#": "0"
                        },
                        "meta": {},
                        "tainted": false
                    },
                    "deposed": [],
                    "provider": "provider.nsxt"
                },
                "nsxt_logical_router_link_port_on_tier0.link_port_tier0.92": {
                    "type": "nsxt_logical_router_link_port_on_tier0",
                    "depends_on": [
                        "data.nsxt_logical_tier0_router.t0"
                    ],
                    "primary": {
                        "id": "3a9a31a4-9eff-4f3b-8660-119f02c7f17f",
                        "attributes": {
                            "description": "",
                            "display_name": "downlink_to_t1_92",
                            "id": "3a9a31a4-9eff-4f3b-8660-119f02c7f17f",
                            "linked_logical_router_port_id": "",
                            "logical_router_id": "e0b34792-c98e-4c75-83cd-2eb3ee16f8d7",
                            "revision": "0",
                            "service_binding.#": "0",
                            "tag.#": "0"
                        },
                        "meta": {},
                        "tainted": false
                    },
                    "deposed": [],
                    "provider": "provider.nsxt"
                },
                "nsxt_logical_router_link_port_on_tier0.link_port_tier0.93": {
                    "type": "nsxt_logical_router_link_port_on_tier0",
                    "depends_on": [
                        "data.nsxt_logical_tier0_router.t0"
                    ],
                    "primary": {
                        "id": "a312bc18-4330-4626-af0c-d8d56aef32e7",
                        "attributes": {
                            "description": "",
                            "display_name": "downlink_to_t1_93",
                            "id": "a312bc18-4330-4626-af0c-d8d56aef32e7",
                            "linked_logical_router_port_id": "",
                            "logical_router_id": "e0b34792-c98e-4c75-83cd-2eb3ee16f8d7",
                            "revision": "0",
                            "service_binding.#": "0",
                            "tag.#": "0"
                        },
                        "meta": {},
                        "tainted": false
                    },
                    "deposed": [],
                    "provider": "provider.nsxt"
                },
                "nsxt_logical_router_link_port_on_tier0.link_port_tier0.94": {
                    "type": "nsxt_logical_router_link_port_on_tier0",
                    "depends_on": [
                        "data.nsxt_logical_tier0_router.t0"
                    ],
                    "primary": {
                        "id": "d2b0e620-b6bc-470c-ac4d-9956467ce0d7",
                        "attributes": {
                            "description": "",
                            "display_name": "downlink_to_t1_94",
                            "id": "d2b0e620-b6bc-470c-ac4d-9956467ce0d7",
                            "linked_logical_router_port_id": "",
                            "logical_router_id": "e0b34792-c98e-4c75-83cd-2eb3ee16f8d7",
                            "revision": "0",
                            "service_binding.#": "0",
                            "tag.#": "0"
                        },
                        "meta": {},
                        "tainted": false
                    },
                    "deposed": [],
                    "provider": "provider.nsxt"
                },
                "nsxt_logical_router_link_port_on_tier0.link_port_tier0.95": {
                    "type": "nsxt_logical_router_link_port_on_tier0",
                    "depends_on": [
                        "data.nsxt_logical_tier0_router.t0"
                    ],
                    "primary": {
                        "id": "743dfb79-5e87-49cc-bdcd-8741600aaafc",
                        "attributes": {
                            "description": "",
                            "display_name": "downlink_to_t1_95",
                            "id": "743dfb79-5e87-49cc-bdcd-8741600aaafc",
                            "linked_logical_router_port_id": "",
                            "logical_router_id": "e0b34792-c98e-4c75-83cd-2eb3ee16f8d7",
                            "revision": "0",
                            "service_binding.#": "0",
                            "tag.#": "0"
                        },
                        "meta": {},
                        "tainted": false
                    },
                    "deposed": [],
                    "provider": "provider.nsxt"
                },
                "nsxt_logical_router_link_port_on_tier0.link_port_tier0.96": {
                    "type": "nsxt_logical_router_link_port_on_tier0",
                    "depends_on": [
                        "data.nsxt_logical_tier0_router.t0"
                    ],
                    "primary": {
                        "id": "7e452143-102d-45d8-a7db-6232f9d92749",
                        "attributes": {
                            "description": "",
                            "display_name": "downlink_to_t1_96",
                            "id": "7e452143-102d-45d8-a7db-6232f9d92749",
                            "linked_logical_router_port_id": "",
                            "logical_router_id": "e0b34792-c98e-4c75-83cd-2eb3ee16f8d7",
                            "revision": "0",
                            "service_binding.#": "0",
                            "tag.#": "0"
                        },
                        "meta": {},
                        "tainted": false
                    },
                    "deposed": [],
                    "provider": "provider.nsxt"
                },
                "nsxt_logical_router_link_port_on_tier0.link_port_tier0.97": {
                    "type": "nsxt_logical_router_link_port_on_tier0",
                    "depends_on": [
                        "data.nsxt_logical_tier0_router.t0"
                    ],
                    "primary": {
                        "id": "a233cdb9-e8cb-4928-9ff2-f9b9602b6ebc",
                        "attributes": {
                            "description": "",
                            "display_name": "downlink_to_t1_97",
                            "id": "a233cdb9-e8cb-4928-9ff2-f9b9602b6ebc",
                            "linked_logical_router_port_id": "",
                            "logical_router_id": "e0b34792-c98e-4c75-83cd-2eb3ee16f8d7",
                            "revision": "0",
                            "service_binding.#": "0",
                            "tag.#": "0"
                        },
                        "meta": {},
                        "tainted": false
                    },
                    "deposed": [],
                    "provider": "provider.nsxt"
                },
                "nsxt_logical_router_link_port_on_tier0.link_port_tier0.98": {
                    "type": "nsxt_logical_router_link_port_on_tier0",
                    "depends_on": [
                        "data.nsxt_logical_tier0_router.t0"
                    ],
                    "primary": {
                        "id": "b4bc428d-30f6-4b27-a979-93d667ac9f45",
                        "attributes": {
                            "description": "",
                            "display_name": "downlink_to_t1_98",
                            "id": "b4bc428d-30f6-4b27-a979-93d667ac9f45",
                            "linked_logical_router_port_id": "",
                            "logical_router_id": "e0b34792-c98e-4c75-83cd-2eb3ee16f8d7",
                            "revision": "0",
                            "service_binding.#": "0",
                            "tag.#": "0"
                        },
                        "meta": {},
                        "tainted": false
                    },
                    "deposed": [],
                    "provider": "provider.nsxt"
                },
                "nsxt_logical_router_link_port_on_tier0.link_port_tier0.99": {
                    "type": "nsxt_logical_router_link_port_on_tier0",
                    "depends_on": [
                        "data.nsxt_logical_tier0_router.t0"
                    ],
                    "primary": {
                        "id": "34192d32-295d-4423-9932-e5c9700fd289",
                        "attributes": {
                            "description": "",
                            "display_name": "downlink_to_t1_99",
                            "id": "34192d32-295d-4423-9932-e5c9700fd289",
                            "linked_logical_router_port_id": "",
                            "logical_router_id": "e0b34792-c98e-4c75-83cd-2eb3ee16f8d7",
                            "revision": "0",
                            "service_binding.#": "0",
                            "tag.#": "0"
                        },
                        "meta": {},
                        "tainted": false
                    },
                    "deposed": [],
                    "provider": "provider.nsxt"
                },
                "nsxt_logical_router_link_port_on_tier1.link_port_tier1.0": {
                    "type": "nsxt_logical_router_link_port_on_tier1",
                    "depends_on": [
                        "nsxt_logical_router_link_port_on_tier0.link_port_tier0.*",
                        "nsxt_logical_tier1_router.t1.*"
                    ],
                    "primary": {
                        "id": "698a86c6-b0e6-436d-a694-913011e45f65",
                        "attributes": {
                            "description": "",
                            "display_name": "downlink_to_t1_$(count.index)",
                            "id": "698a86c6-b0e6-436d-a694-913011e45f65",
                            "linked_logical_router_port_id": "1483f6ed-b740-4a48-8f86-3a806925fd72",
                            "logical_router_id": "8999753f-605c-4a0d-86e9-eead5a4eeb29",
                            "revision": "0",
                            "service_binding.#": "0",
                            "tag.#": "0"
                        },
                        "meta": {},
                        "tainted": false
                    },
                    "deposed": [],
                    "provider": "provider.nsxt"
                },
                "nsxt_logical_router_link_port_on_tier1.link_port_tier1.1": {
                    "type": "nsxt_logical_router_link_port_on_tier1",
                    "depends_on": [
                        "nsxt_logical_router_link_port_on_tier0.link_port_tier0.*",
                        "nsxt_logical_tier1_router.t1.*"
                    ],
                    "primary": {
                        "id": "293470c2-e7dd-45a0-817b-b7a7055c9429",
                        "attributes": {
                            "description": "",
                            "display_name": "downlink_to_t1_$(count.index)",
                            "id": "293470c2-e7dd-45a0-817b-b7a7055c9429",
                            "linked_logical_router_port_id": "ebddf1f3-5166-44f4-8185-10062f64f58c",
                            "logical_router_id": "1edc43a1-2552-4fa3-9ff8-f3b735f8c4b6",
                            "revision": "0",
                            "service_binding.#": "0",
                            "tag.#": "0"
                        },
                        "meta": {},
                        "tainted": false
                    },
                    "deposed": [],
                    "provider": "provider.nsxt"
                },
                "nsxt_logical_router_link_port_on_tier1.link_port_tier1.10": {
                    "type": "nsxt_logical_router_link_port_on_tier1",
                    "depends_on": [
                        "nsxt_logical_router_link_port_on_tier0.link_port_tier0.*",
                        "nsxt_logical_tier1_router.t1.*"
                    ],
                    "primary": {
                        "id": "0a5da03f-1974-4751-92f8-4a855e673944",
                        "attributes": {
                            "description": "",
                            "display_name": "downlink_to_t1_$(count.index)",
                            "id": "0a5da03f-1974-4751-92f8-4a855e673944",
                            "linked_logical_router_port_id": "750abaf1-635d-46eb-a54c-5305db075523",
                            "logical_router_id": "d81b5421-7c87-4e9e-92ce-4df10c021fb2",
                            "revision": "0",
                            "service_binding.#": "0",
                            "tag.#": "0"
                        },
                        "meta": {},
                        "tainted": false
                    },
                    "deposed": [],
                    "provider": "provider.nsxt"
                },
                "nsxt_logical_router_link_port_on_tier1.link_port_tier1.11": {
                    "type": "nsxt_logical_router_link_port_on_tier1",
                    "depends_on": [
                        "nsxt_logical_router_link_port_on_tier0.link_port_tier0.*",
                        "nsxt_logical_tier1_router.t1.*"
                    ],
                    "primary": {
                        "id": "faf074c3-3400-441e-8b74-f8221779c9f1",
                        "attributes": {
                            "description": "",
                            "display_name": "downlink_to_t1_$(count.index)",
                            "id": "faf074c3-3400-441e-8b74-f8221779c9f1",
                            "linked_logical_router_port_id": "24128045-5754-4d1d-9c6d-ddf96dd0c57a",
                            "logical_router_id": "bad94875-c825-4ce1-b4bd-d79685049aa9",
                            "revision": "0",
                            "service_binding.#": "0",
                            "tag.#": "0"
                        },
                        "meta": {},
                        "tainted": false
                    },
                    "deposed": [],
                    "provider": "provider.nsxt"
                },
                "nsxt_logical_router_link_port_on_tier1.link_port_tier1.12": {
                    "type": "nsxt_logical_router_link_port_on_tier1",
                    "depends_on": [
                        "nsxt_logical_router_link_port_on_tier0.link_port_tier0.*",
                        "nsxt_logical_tier1_router.t1.*"
                    ],
                    "primary": {
                        "id": "d6b00902-6fcc-45a0-9cb4-3a70d80451dc",
                        "attributes": {
                            "description": "",
                            "display_name": "downlink_to_t1_$(count.index)",
                            "id": "d6b00902-6fcc-45a0-9cb4-3a70d80451dc",
                            "linked_logical_router_port_id": "45901df2-c218-498e-94c3-98b725069b37",
                            "logical_router_id": "33c2cc2d-ab46-47d9-940a-839860687681",
                            "revision": "0",
                            "service_binding.#": "0",
                            "tag.#": "0"
                        },
                        "meta": {},
                        "tainted": false
                    },
                    "deposed": [],
                    "provider": "provider.nsxt"
                },
                "nsxt_logical_router_link_port_on_tier1.link_port_tier1.13": {
                    "type": "nsxt_logical_router_link_port_on_tier1",
                    "depends_on": [
                        "nsxt_logical_router_link_port_on_tier0.link_port_tier0.*",
                        "nsxt_logical_tier1_router.t1.*"
                    ],
                    "primary": {
                        "id": "197215c3-80e6-49de-9ec1-c4565033c3dc",
                        "attributes": {
                            "description": "",
                            "display_name": "downlink_to_t1_$(count.index)",
                            "id": "197215c3-80e6-49de-9ec1-c4565033c3dc",
                            "linked_logical_router_port_id": "cb997113-785f-4796-8207-5e908ab46803",
                            "logical_router_id": "a827e63d-8a06-4604-80bb-0d0689de6d98",
                            "revision": "0",
                            "service_binding.#": "0",
                            "tag.#": "0"
                        },
                        "meta": {},
                        "tainted": false
                    },
                    "deposed": [],
                    "provider": "provider.nsxt"
                },
                "nsxt_logical_router_link_port_on_tier1.link_port_tier1.14": {
                    "type": "nsxt_logical_router_link_port_on_tier1",
                    "depends_on": [
                        "nsxt_logical_router_link_port_on_tier0.link_port_tier0.*",
                        "nsxt_logical_tier1_router.t1.*"
                    ],
                    "primary": {
                        "id": "04872a71-5d32-45c8-9c90-48acd450ce52",
                        "attributes": {
                            "description": "",
                            "display_name": "downlink_to_t1_$(count.index)",
                            "id": "04872a71-5d32-45c8-9c90-48acd450ce52",
                            "linked_logical_router_port_id": "5c3dd3a0-e2e2-4f13-ac64-f6bde8d60699",
                            "logical_router_id": "7c031dcf-d4ea-4abe-b51b-54ee85ce2183",
                            "revision": "0",
                            "service_binding.#": "0",
                            "tag.#": "0"
                        },
                        "meta": {},
                        "tainted": false
                    },
                    "deposed": [],
                    "provider": "provider.nsxt"
                },
                "nsxt_logical_router_link_port_on_tier1.link_port_tier1.15": {
                    "type": "nsxt_logical_router_link_port_on_tier1",
                    "depends_on": [
                        "nsxt_logical_router_link_port_on_tier0.link_port_tier0.*",
                        "nsxt_logical_tier1_router.t1.*"
                    ],
                    "primary": {
                        "id": "32a84448-d0aa-4ce2-9bd4-b2b546e123e6",
                        "attributes": {
                            "description": "",
                            "display_name": "downlink_to_t1_$(count.index)",
                            "id": "32a84448-d0aa-4ce2-9bd4-b2b546e123e6",
                            "linked_logical_router_port_id": "49de4076-23e8-4346-a567-67ebb28a14a1",
                            "logical_router_id": "f8432fdd-f03e-434b-b1f6-6fb9dd4767b2",
                            "revision": "0",
                            "service_binding.#": "0",
                            "tag.#": "0"
                        },
                        "meta": {},
                        "tainted": false
                    },
                    "deposed": [],
                    "provider": "provider.nsxt"
                },
                "nsxt_logical_router_link_port_on_tier1.link_port_tier1.16": {
                    "type": "nsxt_logical_router_link_port_on_tier1",
                    "depends_on": [
                        "nsxt_logical_router_link_port_on_tier0.link_port_tier0.*",
                        "nsxt_logical_tier1_router.t1.*"
                    ],
                    "primary": {
                        "id": "93079bfb-3d5f-4fcb-88b4-1d3f1d0d7c0e",
                        "attributes": {
                            "description": "",
                            "display_name": "downlink_to_t1_$(count.index)",
                            "id": "93079bfb-3d5f-4fcb-88b4-1d3f1d0d7c0e",
                            "linked_logical_router_port_id": "950acdf9-4ac4-4783-a5ba-367055ce0097",
                            "logical_router_id": "b59320e3-b4b0-4a43-ad5a-cf52eead4216",
                            "revision": "0",
                            "service_binding.#": "0",
                            "tag.#": "0"
                        },
                        "meta": {},
                        "tainted": false
                    },
                    "deposed": [],
                    "provider": "provider.nsxt"
                },
                "nsxt_logical_router_link_port_on_tier1.link_port_tier1.17": {
                    "type": "nsxt_logical_router_link_port_on_tier1",
                    "depends_on": [
                        "nsxt_logical_router_link_port_on_tier0.link_port_tier0.*",
                        "nsxt_logical_tier1_router.t1.*"
                    ],
                    "primary": {
                        "id": "554ffd09-7e49-4076-8e6a-f5f88fefa29c",
                        "attributes": {
                            "description": "",
                            "display_name": "downlink_to_t1_$(count.index)",
                            "id": "554ffd09-7e49-4076-8e6a-f5f88fefa29c",
                            "linked_logical_router_port_id": "9d8b451b-7a7c-462b-b957-c5297acb83f3",
                            "logical_router_id": "b06f7117-cda0-4c0b-ac55-16f07a0bb7e9",
                            "revision": "0",
                            "service_binding.#": "0",
                            "tag.#": "0"
                        },
                        "meta": {},
                        "tainted": false
                    },
                    "deposed": [],
                    "provider": "provider.nsxt"
                },
                "nsxt_logical_router_link_port_on_tier1.link_port_tier1.18": {
                    "type": "nsxt_logical_router_link_port_on_tier1",
                    "depends_on": [
                        "nsxt_logical_router_link_port_on_tier0.link_port_tier0.*",
                        "nsxt_logical_tier1_router.t1.*"
                    ],
                    "primary": {
                        "id": "0313b6f2-222f-4239-94e6-1b662cefb78f",
                        "attributes": {
                            "description": "",
                            "display_name": "downlink_to_t1_$(count.index)",
                            "id": "0313b6f2-222f-4239-94e6-1b662cefb78f",
                            "linked_logical_router_port_id": "edea8f2b-9548-474f-bf86-50a1c7b767ec",
                            "logical_router_id": "cb3a9596-d7e5-4433-af9b-b26f1534da83",
                            "revision": "0",
                            "service_binding.#": "0",
                            "tag.#": "0"
                        },
                        "meta": {},
                        "tainted": false
                    },
                    "deposed": [],
                    "provider": "provider.nsxt"
                },
                "nsxt_logical_router_link_port_on_tier1.link_port_tier1.19": {
                    "type": "nsxt_logical_router_link_port_on_tier1",
                    "depends_on": [
                        "nsxt_logical_router_link_port_on_tier0.link_port_tier0.*",
                        "nsxt_logical_tier1_router.t1.*"
                    ],
                    "primary": {
                        "id": "667e35a4-29d3-4ea6-8c1d-6124216c22d6",
                        "attributes": {
                            "description": "",
                            "display_name": "downlink_to_t1_$(count.index)",
                            "id": "667e35a4-29d3-4ea6-8c1d-6124216c22d6",
                            "linked_logical_router_port_id": "9ca15a23-6096-4694-a3c6-c0a3e6d26952",
                            "logical_router_id": "c1a96d4e-283d-40a1-98fc-09c33aa16322",
                            "revision": "0",
                            "service_binding.#": "0",
                            "tag.#": "0"
                        },
                        "meta": {},
                        "tainted": false
                    },
                    "deposed": [],
                    "provider": "provider.nsxt"
                },
                "nsxt_logical_router_link_port_on_tier1.link_port_tier1.2": {
                    "type": "nsxt_logical_router_link_port_on_tier1",
                    "depends_on": [
                        "nsxt_logical_router_link_port_on_tier0.link_port_tier0.*",
                        "nsxt_logical_tier1_router.t1.*"
                    ],
                    "primary": {
                        "id": "b7209a90-ac45-4ab3-a34e-0336b922c8c7",
                        "attributes": {
                            "description": "",
                            "display_name": "downlink_to_t1_$(count.index)",
                            "id": "b7209a90-ac45-4ab3-a34e-0336b922c8c7",
                            "linked_logical_router_port_id": "181f0954-8793-4c3d-84cc-2162314ee8e3",
                            "logical_router_id": "ec363f1a-d69b-42fc-9fca-4a7e84dff143",
                            "revision": "0",
                            "service_binding.#": "0",
                            "tag.#": "0"
                        },
                        "meta": {},
                        "tainted": false
                    },
                    "deposed": [],
                    "provider": "provider.nsxt"
                },
                "nsxt_logical_router_link_port_on_tier1.link_port_tier1.20": {
                    "type": "nsxt_logical_router_link_port_on_tier1",
                    "depends_on": [
                        "nsxt_logical_router_link_port_on_tier0.link_port_tier0.*",
                        "nsxt_logical_tier1_router.t1.*"
                    ],
                    "primary": {
                        "id": "989c4fd1-2a8a-4bed-92f7-ae91e1eabda1",
                        "attributes": {
                            "description": "",
                            "display_name": "downlink_to_t1_$(count.index)",
                            "id": "989c4fd1-2a8a-4bed-92f7-ae91e1eabda1",
                            "linked_logical_router_port_id": "9a6a9ac9-4240-4ec2-93c1-fe920db13bb9",
                            "logical_router_id": "45f315cb-4cc5-4be8-bc97-a2341481e367",
                            "revision": "0",
                            "service_binding.#": "0",
                            "tag.#": "0"
                        },
                        "meta": {},
                        "tainted": false
                    },
                    "deposed": [],
                    "provider": "provider.nsxt"
                },
                "nsxt_logical_router_link_port_on_tier1.link_port_tier1.21": {
                    "type": "nsxt_logical_router_link_port_on_tier1",
                    "depends_on": [
                        "nsxt_logical_router_link_port_on_tier0.link_port_tier0.*",
                        "nsxt_logical_tier1_router.t1.*"
                    ],
                    "primary": {
                        "id": "0df8f616-a942-447a-bccf-3d7e682dc038",
                        "attributes": {
                            "description": "",
                            "display_name": "downlink_to_t1_$(count.index)",
                            "id": "0df8f616-a942-447a-bccf-3d7e682dc038",
                            "linked_logical_router_port_id": "95122a9c-784e-4ca4-9f3d-9bccdb97f11b",
                            "logical_router_id": "446c63bf-9521-4f81-b22b-eda2b6723841",
                            "revision": "0",
                            "service_binding.#": "0",
                            "tag.#": "0"
                        },
                        "meta": {},
                        "tainted": false
                    },
                    "deposed": [],
                    "provider": "provider.nsxt"
                },
                "nsxt_logical_router_link_port_on_tier1.link_port_tier1.22": {
                    "type": "nsxt_logical_router_link_port_on_tier1",
                    "depends_on": [
                        "nsxt_logical_router_link_port_on_tier0.link_port_tier0.*",
                        "nsxt_logical_tier1_router.t1.*"
                    ],
                    "primary": {
                        "id": "ecaca7a3-5bcf-48a3-9471-081313541cc0",
                        "attributes": {
                            "description": "",
                            "display_name": "downlink_to_t1_$(count.index)",
                            "id": "ecaca7a3-5bcf-48a3-9471-081313541cc0",
                            "linked_logical_router_port_id": "75ebf723-bce8-44a5-9170-b9ca92478da6",
                            "logical_router_id": "9b98efd8-7d96-406c-a33d-b2d4ba064433",
                            "revision": "0",
                            "service_binding.#": "0",
                            "tag.#": "0"
                        },
                        "meta": {},
                        "tainted": false
                    },
                    "deposed": [],
                    "provider": "provider.nsxt"
                },
                "nsxt_logical_router_link_port_on_tier1.link_port_tier1.23": {
                    "type": "nsxt_logical_router_link_port_on_tier1",
                    "depends_on": [
                        "nsxt_logical_router_link_port_on_tier0.link_port_tier0.*",
                        "nsxt_logical_tier1_router.t1.*"
                    ],
                    "primary": {
                        "id": "fc7c8f12-879e-4058-861d-e986499a4d65",
                        "attributes": {
                            "description": "",
                            "display_name": "downlink_to_t1_$(count.index)",
                            "id": "fc7c8f12-879e-4058-861d-e986499a4d65",
                            "linked_logical_router_port_id": "8a422e02-b6d6-476c-892f-4e5e573264c4",
                            "logical_router_id": "e133fdc5-e31e-45ca-9d38-496e4fea2f8b",
                            "revision": "0",
                            "service_binding.#": "0",
                            "tag.#": "0"
                        },
                        "meta": {},
                        "tainted": false
                    },
                    "deposed": [],
                    "provider": "provider.nsxt"
                },
                "nsxt_logical_router_link_port_on_tier1.link_port_tier1.24": {
                    "type": "nsxt_logical_router_link_port_on_tier1",
                    "depends_on": [
                        "nsxt_logical_router_link_port_on_tier0.link_port_tier0.*",
                        "nsxt_logical_tier1_router.t1.*"
                    ],
                    "primary": {
                        "id": "df7cb281-b89e-4f37-82ae-77043bae0671",
                        "attributes": {
                            "description": "",
                            "display_name": "downlink_to_t1_$(count.index)",
                            "id": "df7cb281-b89e-4f37-82ae-77043bae0671",
                            "linked_logical_router_port_id": "c6eed64a-2036-4ce0-8d7a-132b4327de34",
                            "logical_router_id": "b4f92396-359e-4e04-b8f1-6ffaea5ccb83",
                            "revision": "0",
                            "service_binding.#": "0",
                            "tag.#": "0"
                        },
                        "meta": {},
                        "tainted": false
                    },
                    "deposed": [],
                    "provider": "provider.nsxt"
                },
                "nsxt_logical_router_link_port_on_tier1.link_port_tier1.25": {
                    "type": "nsxt_logical_router_link_port_on_tier1",
                    "depends_on": [
                        "nsxt_logical_router_link_port_on_tier0.link_port_tier0.*",
                        "nsxt_logical_tier1_router.t1.*"
                    ],
                    "primary": {
                        "id": "88ee8b35-f735-4721-9509-84f819fbb6e1",
                        "attributes": {
                            "description": "",
                            "display_name": "downlink_to_t1_$(count.index)",
                            "id": "88ee8b35-f735-4721-9509-84f819fbb6e1",
                            "linked_logical_router_port_id": "aa7df25f-13d6-4f03-9846-f964854970ed",
                            "logical_router_id": "c5b890b7-ff14-4eaf-afc6-4d42184087b3",
                            "revision": "0",
                            "service_binding.#": "0",
                            "tag.#": "0"
                        },
                        "meta": {},
                        "tainted": false
                    },
                    "deposed": [],
                    "provider": "provider.nsxt"
                },
                "nsxt_logical_router_link_port_on_tier1.link_port_tier1.26": {
                    "type": "nsxt_logical_router_link_port_on_tier1",
                    "depends_on": [
                        "nsxt_logical_router_link_port_on_tier0.link_port_tier0.*",
                        "nsxt_logical_tier1_router.t1.*"
                    ],
                    "primary": {
                        "id": "0469eb1c-779a-476b-82fa-403006f78386",
                        "attributes": {
                            "description": "",
                            "display_name": "downlink_to_t1_$(count.index)",
                            "id": "0469eb1c-779a-476b-82fa-403006f78386",
                            "linked_logical_router_port_id": "a2fe8f46-a051-4dfe-a591-46e2b1517e88",
                            "logical_router_id": "c101b964-daef-47d8-895a-64cb1c43319b",
                            "revision": "0",
                            "service_binding.#": "0",
                            "tag.#": "0"
                        },
                        "meta": {},
                        "tainted": false
                    },
                    "deposed": [],
                    "provider": "provider.nsxt"
                },
                "nsxt_logical_router_link_port_on_tier1.link_port_tier1.27": {
                    "type": "nsxt_logical_router_link_port_on_tier1",
                    "depends_on": [
                        "nsxt_logical_router_link_port_on_tier0.link_port_tier0.*",
                        "nsxt_logical_tier1_router.t1.*"
                    ],
                    "primary": {
                        "id": "177cb7e1-b556-427c-b6de-19d903a20f5c",
                        "attributes": {
                            "description": "",
                            "display_name": "downlink_to_t1_$(count.index)",
                            "id": "177cb7e1-b556-427c-b6de-19d903a20f5c",
                            "linked_logical_router_port_id": "3d869f4f-c3ae-4512-91c6-f98e665fac44",
                            "logical_router_id": "5492cb57-610f-47b2-be01-ae121e2c6887",
                            "revision": "0",
                            "service_binding.#": "0",
                            "tag.#": "0"
                        },
                        "meta": {},
                        "tainted": false
                    },
                    "deposed": [],
                    "provider": "provider.nsxt"
                },
                "nsxt_logical_router_link_port_on_tier1.link_port_tier1.28": {
                    "type": "nsxt_logical_router_link_port_on_tier1",
                    "depends_on": [
                        "nsxt_logical_router_link_port_on_tier0.link_port_tier0.*",
                        "nsxt_logical_tier1_router.t1.*"
                    ],
                    "primary": {
                        "id": "a78aa929-b8c3-42d9-8cda-cbbfc7019cd4",
                        "attributes": {
                            "description": "",
                            "display_name": "downlink_to_t1_$(count.index)",
                            "id": "a78aa929-b8c3-42d9-8cda-cbbfc7019cd4",
                            "linked_logical_router_port_id": "33f8a7de-5a80-4aed-a70f-a79f4f0a30ed",
                            "logical_router_id": "ee44ada8-874d-479e-b2ae-7cc7d96b0a39",
                            "revision": "0",
                            "service_binding.#": "0",
                            "tag.#": "0"
                        },
                        "meta": {},
                        "tainted": false
                    },
                    "deposed": [],
                    "provider": "provider.nsxt"
                },
                "nsxt_logical_router_link_port_on_tier1.link_port_tier1.29": {
                    "type": "nsxt_logical_router_link_port_on_tier1",
                    "depends_on": [
                        "nsxt_logical_router_link_port_on_tier0.link_port_tier0.*",
                        "nsxt_logical_tier1_router.t1.*"
                    ],
                    "primary": {
                        "id": "177d159e-a52c-4bdb-8aec-b19818679d68",
                        "attributes": {
                            "description": "",
                            "display_name": "downlink_to_t1_$(count.index)",
                            "id": "177d159e-a52c-4bdb-8aec-b19818679d68",
                            "linked_logical_router_port_id": "afb74dc4-3fce-45fa-b080-95863227bb71",
                            "logical_router_id": "989d4e9e-08f5-4319-b0ba-3bde4b207e20",
                            "revision": "0",
                            "service_binding.#": "0",
                            "tag.#": "0"
                        },
                        "meta": {},
                        "tainted": false
                    },
                    "deposed": [],
                    "provider": "provider.nsxt"
                },
                "nsxt_logical_router_link_port_on_tier1.link_port_tier1.3": {
                    "type": "nsxt_logical_router_link_port_on_tier1",
                    "depends_on": [
                        "nsxt_logical_router_link_port_on_tier0.link_port_tier0.*",
                        "nsxt_logical_tier1_router.t1.*"
                    ],
                    "primary": {
                        "id": "2a777d93-f998-480d-a153-4758ca3d9307",
                        "attributes": {
                            "description": "",
                            "display_name": "downlink_to_t1_$(count.index)",
                            "id": "2a777d93-f998-480d-a153-4758ca3d9307",
                            "linked_logical_router_port_id": "ca72aabd-f7f8-4eba-a46f-36d9b8fdcb1c",
                            "logical_router_id": "ea3a8156-0af7-4911-bd40-062c5a0d58c8",
                            "revision": "0",
                            "service_binding.#": "0",
                            "tag.#": "0"
                        },
                        "meta": {},
                        "tainted": false
                    },
                    "deposed": [],
                    "provider": "provider.nsxt"
                },
                "nsxt_logical_router_link_port_on_tier1.link_port_tier1.30": {
                    "type": "nsxt_logical_router_link_port_on_tier1",
                    "depends_on": [
                        "nsxt_logical_router_link_port_on_tier0.link_port_tier0.*",
                        "nsxt_logical_tier1_router.t1.*"
                    ],
                    "primary": {
                        "id": "333c8a44-11aa-4576-a85c-b887e66d9fc9",
                        "attributes": {
                            "description": "",
                            "display_name": "downlink_to_t1_$(count.index)",
                            "id": "333c8a44-11aa-4576-a85c-b887e66d9fc9",
                            "linked_logical_router_port_id": "588d1b38-4f76-4017-bba6-ab0be95d98c5",
                            "logical_router_id": "deabf680-b01b-49f3-ac6b-cbbf4107659f",
                            "revision": "0",
                            "service_binding.#": "0",
                            "tag.#": "0"
                        },
                        "meta": {},
                        "tainted": false
                    },
                    "deposed": [],
                    "provider": "provider.nsxt"
                },
                "nsxt_logical_router_link_port_on_tier1.link_port_tier1.31": {
                    "type": "nsxt_logical_router_link_port_on_tier1",
                    "depends_on": [
                        "nsxt_logical_router_link_port_on_tier0.link_port_tier0.*",
                        "nsxt_logical_tier1_router.t1.*"
                    ],
                    "primary": {
                        "id": "13a8d97c-4f1b-4b5c-89b1-f48e76d02550",
                        "attributes": {
                            "description": "",
                            "display_name": "downlink_to_t1_$(count.index)",
                            "id": "13a8d97c-4f1b-4b5c-89b1-f48e76d02550",
                            "linked_logical_router_port_id": "579cc10e-9a09-4bcc-9024-27c2fa0f91fd",
                            "logical_router_id": "ff69418e-707a-4360-87ba-c16c491c6932",
                            "revision": "0",
                            "service_binding.#": "0",
                            "tag.#": "0"
                        },
                        "meta": {},
                        "tainted": false
                    },
                    "deposed": [],
                    "provider": "provider.nsxt"
                },
                "nsxt_logical_router_link_port_on_tier1.link_port_tier1.32": {
                    "type": "nsxt_logical_router_link_port_on_tier1",
                    "depends_on": [
                        "nsxt_logical_router_link_port_on_tier0.link_port_tier0.*",
                        "nsxt_logical_tier1_router.t1.*"
                    ],
                    "primary": {
                        "id": "e578877f-cb5a-452e-8e1d-8ee45faeefbf",
                        "attributes": {
                            "description": "",
                            "display_name": "downlink_to_t1_$(count.index)",
                            "id": "e578877f-cb5a-452e-8e1d-8ee45faeefbf",
                            "linked_logical_router_port_id": "6c1a369b-ffe3-4426-b7b3-a13e450088d4",
                            "logical_router_id": "75b6bb65-cbbf-4eaa-bef5-c201dd1a0e66",
                            "revision": "0",
                            "service_binding.#": "0",
                            "tag.#": "0"
                        },
                        "meta": {},
                        "tainted": false
                    },
                    "deposed": [],
                    "provider": "provider.nsxt"
                },
                "nsxt_logical_router_link_port_on_tier1.link_port_tier1.33": {
                    "type": "nsxt_logical_router_link_port_on_tier1",
                    "depends_on": [
                        "nsxt_logical_router_link_port_on_tier0.link_port_tier0.*",
                        "nsxt_logical_tier1_router.t1.*"
                    ],
                    "primary": {
                        "id": "f9f7ad4a-7c72-442e-be5c-9ee1ead8f2fb",
                        "attributes": {
                            "description": "",
                            "display_name": "downlink_to_t1_$(count.index)",
                            "id": "f9f7ad4a-7c72-442e-be5c-9ee1ead8f2fb",
                            "linked_logical_router_port_id": "789534e1-aa96-4962-bbfc-195024ef1580",
                            "logical_router_id": "1e302b1a-d00f-4c39-819b-432afa828791",
                            "revision": "0",
                            "service_binding.#": "0",
                            "tag.#": "0"
                        },
                        "meta": {},
                        "tainted": false
                    },
                    "deposed": [],
                    "provider": "provider.nsxt"
                },
                "nsxt_logical_router_link_port_on_tier1.link_port_tier1.34": {
                    "type": "nsxt_logical_router_link_port_on_tier1",
                    "depends_on": [
                        "nsxt_logical_router_link_port_on_tier0.link_port_tier0.*",
                        "nsxt_logical_tier1_router.t1.*"
                    ],
                    "primary": {
                        "id": "74aa5c3f-a62c-4806-8202-4aacadffcc47",
                        "attributes": {
                            "description": "",
                            "display_name": "downlink_to_t1_$(count.index)",
                            "id": "74aa5c3f-a62c-4806-8202-4aacadffcc47",
                            "linked_logical_router_port_id": "0745d139-238a-4a4f-a602-16eded1af166",
                            "logical_router_id": "c5d2b7c1-d117-4c42-98e8-a7fa22a57ca7",
                            "revision": "0",
                            "service_binding.#": "0",
                            "tag.#": "0"
                        },
                        "meta": {},
                        "tainted": false
                    },
                    "deposed": [],
                    "provider": "provider.nsxt"
                },
                "nsxt_logical_router_link_port_on_tier1.link_port_tier1.35": {
                    "type": "nsxt_logical_router_link_port_on_tier1",
                    "depends_on": [
                        "nsxt_logical_router_link_port_on_tier0.link_port_tier0.*",
                        "nsxt_logical_tier1_router.t1.*"
                    ],
                    "primary": {
                        "id": "1b826843-7f58-4622-97cb-37744d45b895",
                        "attributes": {
                            "description": "",
                            "display_name": "downlink_to_t1_$(count.index)",
                            "id": "1b826843-7f58-4622-97cb-37744d45b895",
                            "linked_logical_router_port_id": "9e7f6cda-61ff-4f7d-8caa-6c8fc976e726",
                            "logical_router_id": "310588a7-76b5-4075-8bd1-d4a80f9c8f24",
                            "revision": "0",
                            "service_binding.#": "0",
                            "tag.#": "0"
                        },
                        "meta": {},
                        "tainted": false
                    },
                    "deposed": [],
                    "provider": "provider.nsxt"
                },
                "nsxt_logical_router_link_port_on_tier1.link_port_tier1.36": {
                    "type": "nsxt_logical_router_link_port_on_tier1",
                    "depends_on": [
                        "nsxt_logical_router_link_port_on_tier0.link_port_tier0.*",
                        "nsxt_logical_tier1_router.t1.*"
                    ],
                    "primary": {
                        "id": "71b91b42-8630-40ed-b572-da8a27875bce",
                        "attributes": {
                            "description": "",
                            "display_name": "downlink_to_t1_$(count.index)",
                            "id": "71b91b42-8630-40ed-b572-da8a27875bce",
                            "linked_logical_router_port_id": "6e2fd702-1bf0-40c0-a394-5d284780c209",
                            "logical_router_id": "fc1f5f7c-041f-4d20-b170-51599ac0cbb9",
                            "revision": "0",
                            "service_binding.#": "0",
                            "tag.#": "0"
                        },
                        "meta": {},
                        "tainted": false
                    },
                    "deposed": [],
                    "provider": "provider.nsxt"
                },
                "nsxt_logical_router_link_port_on_tier1.link_port_tier1.37": {
                    "type": "nsxt_logical_router_link_port_on_tier1",
                    "depends_on": [
                        "nsxt_logical_router_link_port_on_tier0.link_port_tier0.*",
                        "nsxt_logical_tier1_router.t1.*"
                    ],
                    "primary": {
                        "id": "0c14f93d-031d-43e6-ba82-d789c564013a",
                        "attributes": {
                            "description": "",
                            "display_name": "downlink_to_t1_$(count.index)",
                            "id": "0c14f93d-031d-43e6-ba82-d789c564013a",
                            "linked_logical_router_port_id": "b014a449-2264-4a04-8b14-012b807194a7",
                            "logical_router_id": "7c17cd71-0817-40ce-ad64-4cce0cf6ce87",
                            "revision": "0",
                            "service_binding.#": "0",
                            "tag.#": "0"
                        },
                        "meta": {},
                        "tainted": false
                    },
                    "deposed": [],
                    "provider": "provider.nsxt"
                },
                "nsxt_logical_router_link_port_on_tier1.link_port_tier1.38": {
                    "type": "nsxt_logical_router_link_port_on_tier1",
                    "depends_on": [
                        "nsxt_logical_router_link_port_on_tier0.link_port_tier0.*",
                        "nsxt_logical_tier1_router.t1.*"
                    ],
                    "primary": {
                        "id": "b7fad130-b3d6-4dd9-8e01-dbf3a6469a15",
                        "attributes": {
                            "description": "",
                            "display_name": "downlink_to_t1_$(count.index)",
                            "id": "b7fad130-b3d6-4dd9-8e01-dbf3a6469a15",
                            "linked_logical_router_port_id": "50a5d105-dc6d-42fc-901d-3d73669ea651",
                            "logical_router_id": "46b31d3c-9e8f-47da-8771-711275540973",
                            "revision": "0",
                            "service_binding.#": "0",
                            "tag.#": "0"
                        },
                        "meta": {},
                        "tainted": false
                    },
                    "deposed": [],
                    "provider": "provider.nsxt"
                },
                "nsxt_logical_router_link_port_on_tier1.link_port_tier1.39": {
                    "type": "nsxt_logical_router_link_port_on_tier1",
                    "depends_on": [
                        "nsxt_logical_router_link_port_on_tier0.link_port_tier0.*",
                        "nsxt_logical_tier1_router.t1.*"
                    ],
                    "primary": {
                        "id": "15690816-5a9e-4b37-ba2c-7d3bc8d8510a",
                        "attributes": {
                            "description": "",
                            "display_name": "downlink_to_t1_$(count.index)",
                            "id": "15690816-5a9e-4b37-ba2c-7d3bc8d8510a",
                            "linked_logical_router_port_id": "dee2c38e-384a-4388-bdab-84d1731f6d17",
                            "logical_router_id": "b3d562e2-6473-461d-a1ba-78130dc8c2ac",
                            "revision": "0",
                            "service_binding.#": "0",
                            "tag.#": "0"
                        },
                        "meta": {},
                        "tainted": false
                    },
                    "deposed": [],
                    "provider": "provider.nsxt"
                },
                "nsxt_logical_router_link_port_on_tier1.link_port_tier1.4": {
                    "type": "nsxt_logical_router_link_port_on_tier1",
                    "depends_on": [
                        "nsxt_logical_router_link_port_on_tier0.link_port_tier0.*",
                        "nsxt_logical_tier1_router.t1.*"
                    ],
                    "primary": {
                        "id": "4bf47789-9e9a-442c-b889-4567d4eb5046",
                        "attributes": {
                            "description": "",
                            "display_name": "downlink_to_t1_$(count.index)",
                            "id": "4bf47789-9e9a-442c-b889-4567d4eb5046",
                            "linked_logical_router_port_id": "67dda583-de22-48d4-80d9-4ea37c737255",
                            "logical_router_id": "fffc6b53-9c7e-45a4-87dc-c775a90a9c69",
                            "revision": "0",
                            "service_binding.#": "0",
                            "tag.#": "0"
                        },
                        "meta": {},
                        "tainted": false
                    },
                    "deposed": [],
                    "provider": "provider.nsxt"
                },
                "nsxt_logical_router_link_port_on_tier1.link_port_tier1.40": {
                    "type": "nsxt_logical_router_link_port_on_tier1",
                    "depends_on": [
                        "nsxt_logical_router_link_port_on_tier0.link_port_tier0.*",
                        "nsxt_logical_tier1_router.t1.*"
                    ],
                    "primary": {
                        "id": "7e14bd37-b405-4db4-9122-bd45450caf83",
                        "attributes": {
                            "description": "",
                            "display_name": "downlink_to_t1_$(count.index)",
                            "id": "7e14bd37-b405-4db4-9122-bd45450caf83",
                            "linked_logical_router_port_id": "21a956fc-5545-4ae0-af83-60d975a6205f",
                            "logical_router_id": "f56d9815-8288-48da-a6c6-2b95a3ca73cd",
                            "revision": "0",
                            "service_binding.#": "0",
                            "tag.#": "0"
                        },
                        "meta": {},
                        "tainted": false
                    },
                    "deposed": [],
                    "provider": "provider.nsxt"
                },
                "nsxt_logical_router_link_port_on_tier1.link_port_tier1.41": {
                    "type": "nsxt_logical_router_link_port_on_tier1",
                    "depends_on": [
                        "nsxt_logical_router_link_port_on_tier0.link_port_tier0.*",
                        "nsxt_logical_tier1_router.t1.*"
                    ],
                    "primary": {
                        "id": "2f9cf8c1-213e-49ae-9a93-aabfb5259e5d",
                        "attributes": {
                            "description": "",
                            "display_name": "downlink_to_t1_$(count.index)",
                            "id": "2f9cf8c1-213e-49ae-9a93-aabfb5259e5d",
                            "linked_logical_router_port_id": "1fb1875e-b789-4166-b84d-cacac567fea4",
                            "logical_router_id": "d1f6493c-857b-488e-b2c5-654ac7acb7c4",
                            "revision": "0",
                            "service_binding.#": "0",
                            "tag.#": "0"
                        },
                        "meta": {},
                        "tainted": false
                    },
                    "deposed": [],
                    "provider": "provider.nsxt"
                },
                "nsxt_logical_router_link_port_on_tier1.link_port_tier1.42": {
                    "type": "nsxt_logical_router_link_port_on_tier1",
                    "depends_on": [
                        "nsxt_logical_router_link_port_on_tier0.link_port_tier0.*",
                        "nsxt_logical_tier1_router.t1.*"
                    ],
                    "primary": {
                        "id": "2fe88db9-016d-4517-a39b-c4adadfe3024",
                        "attributes": {
                            "description": "",
                            "display_name": "downlink_to_t1_$(count.index)",
                            "id": "2fe88db9-016d-4517-a39b-c4adadfe3024",
                            "linked_logical_router_port_id": "07c28fee-c210-4646-9184-69869bede43a",
                            "logical_router_id": "16adb67a-8272-4b63-b536-b8f523297410",
                            "revision": "0",
                            "service_binding.#": "0",
                            "tag.#": "0"
                        },
                        "meta": {},
                        "tainted": false
                    },
                    "deposed": [],
                    "provider": "provider.nsxt"
                },
                "nsxt_logical_router_link_port_on_tier1.link_port_tier1.43": {
                    "type": "nsxt_logical_router_link_port_on_tier1",
                    "depends_on": [
                        "nsxt_logical_router_link_port_on_tier0.link_port_tier0.*",
                        "nsxt_logical_tier1_router.t1.*"
                    ],
                    "primary": {
                        "id": "227c8f01-4d8d-4060-9c71-f50df08ee388",
                        "attributes": {
                            "description": "",
                            "display_name": "downlink_to_t1_$(count.index)",
                            "id": "227c8f01-4d8d-4060-9c71-f50df08ee388",
                            "linked_logical_router_port_id": "911b01e4-9e38-4120-b4ef-27520f52eac3",
                            "logical_router_id": "1169cda5-45e8-44af-9dfe-0e5ac68f3833",
                            "revision": "0",
                            "service_binding.#": "0",
                            "tag.#": "0"
                        },
                        "meta": {},
                        "tainted": false
                    },
                    "deposed": [],
                    "provider": "provider.nsxt"
                },
                "nsxt_logical_router_link_port_on_tier1.link_port_tier1.44": {
                    "type": "nsxt_logical_router_link_port_on_tier1",
                    "depends_on": [
                        "nsxt_logical_router_link_port_on_tier0.link_port_tier0.*",
                        "nsxt_logical_tier1_router.t1.*"
                    ],
                    "primary": {
                        "id": "54227acf-ba17-4291-9e3a-2f0dd4b198b8",
                        "attributes": {
                            "description": "",
                            "display_name": "downlink_to_t1_$(count.index)",
                            "id": "54227acf-ba17-4291-9e3a-2f0dd4b198b8",
                            "linked_logical_router_port_id": "302ae8c3-e865-475a-8708-522a8509a462",
                            "logical_router_id": "d0656a19-580a-4fb6-85ce-1eba0de0be97",
                            "revision": "0",
                            "service_binding.#": "0",
                            "tag.#": "0"
                        },
                        "meta": {},
                        "tainted": false
                    },
                    "deposed": [],
                    "provider": "provider.nsxt"
                },
                "nsxt_logical_router_link_port_on_tier1.link_port_tier1.45": {
                    "type": "nsxt_logical_router_link_port_on_tier1",
                    "depends_on": [
                        "nsxt_logical_router_link_port_on_tier0.link_port_tier0.*",
                        "nsxt_logical_tier1_router.t1.*"
                    ],
                    "primary": {
                        "id": "d06a3574-056d-473d-becc-8afdd80baa98",
                        "attributes": {
                            "description": "",
                            "display_name": "downlink_to_t1_$(count.index)",
                            "id": "d06a3574-056d-473d-becc-8afdd80baa98",
                            "linked_logical_router_port_id": "b02dd086-4e75-45f0-8078-d519fb946acf",
                            "logical_router_id": "aed37b9f-468a-45a0-b0ea-47635b60186e",
                            "revision": "0",
                            "service_binding.#": "0",
                            "tag.#": "0"
                        },
                        "meta": {},
                        "tainted": false
                    },
                    "deposed": [],
                    "provider": "provider.nsxt"
                },
                "nsxt_logical_router_link_port_on_tier1.link_port_tier1.46": {
                    "type": "nsxt_logical_router_link_port_on_tier1",
                    "depends_on": [
                        "nsxt_logical_router_link_port_on_tier0.link_port_tier0.*",
                        "nsxt_logical_tier1_router.t1.*"
                    ],
                    "primary": {
                        "id": "799a0f09-9efc-4b3b-b2a8-7ac56e579472",
                        "attributes": {
                            "description": "",
                            "display_name": "downlink_to_t1_$(count.index)",
                            "id": "799a0f09-9efc-4b3b-b2a8-7ac56e579472",
                            "linked_logical_router_port_id": "d7f916b7-a335-4ec4-af72-fd40cb11c82f",
                            "logical_router_id": "cccb0f99-303c-4e44-8846-f43ab5db5495",
                            "revision": "0",
                            "service_binding.#": "0",
                            "tag.#": "0"
                        },
                        "meta": {},
                        "tainted": false
                    },
                    "deposed": [],
                    "provider": "provider.nsxt"
                },
                "nsxt_logical_router_link_port_on_tier1.link_port_tier1.47": {
                    "type": "nsxt_logical_router_link_port_on_tier1",
                    "depends_on": [
                        "nsxt_logical_router_link_port_on_tier0.link_port_tier0.*",
                        "nsxt_logical_tier1_router.t1.*"
                    ],
                    "primary": {
                        "id": "6568c3fb-8160-4379-90ac-3476cf62b4ee",
                        "attributes": {
                            "description": "",
                            "display_name": "downlink_to_t1_$(count.index)",
                            "id": "6568c3fb-8160-4379-90ac-3476cf62b4ee",
                            "linked_logical_router_port_id": "f59943be-63b8-4224-a7f6-f664a54c384f",
                            "logical_router_id": "31bec31f-cb2a-4e15-810a-7f10c20c0c13",
                            "revision": "0",
                            "service_binding.#": "0",
                            "tag.#": "0"
                        },
                        "meta": {},
                        "tainted": false
                    },
                    "deposed": [],
                    "provider": "provider.nsxt"
                },
                "nsxt_logical_router_link_port_on_tier1.link_port_tier1.48": {
                    "type": "nsxt_logical_router_link_port_on_tier1",
                    "depends_on": [
                        "nsxt_logical_router_link_port_on_tier0.link_port_tier0.*",
                        "nsxt_logical_tier1_router.t1.*"
                    ],
                    "primary": {
                        "id": "49092cc2-6fa4-44fc-9d30-a45fb63af202",
                        "attributes": {
                            "description": "",
                            "display_name": "downlink_to_t1_$(count.index)",
                            "id": "49092cc2-6fa4-44fc-9d30-a45fb63af202",
                            "linked_logical_router_port_id": "5f16f886-e625-45dd-9d0c-9b93936ffab3",
                            "logical_router_id": "92560521-6a79-4c9e-83f2-de7ac320e9a9",
                            "revision": "0",
                            "service_binding.#": "0",
                            "tag.#": "0"
                        },
                        "meta": {},
                        "tainted": false
                    },
                    "deposed": [],
                    "provider": "provider.nsxt"
                },
                "nsxt_logical_router_link_port_on_tier1.link_port_tier1.49": {
                    "type": "nsxt_logical_router_link_port_on_tier1",
                    "depends_on": [
                        "nsxt_logical_router_link_port_on_tier0.link_port_tier0.*",
                        "nsxt_logical_tier1_router.t1.*"
                    ],
                    "primary": {
                        "id": "c4114aa9-7732-4d98-826d-56cc85cb29f4",
                        "attributes": {
                            "description": "",
                            "display_name": "downlink_to_t1_$(count.index)",
                            "id": "c4114aa9-7732-4d98-826d-56cc85cb29f4",
                            "linked_logical_router_port_id": "6f03ad4d-f785-40ed-ac09-7abcd59089c3",
                            "logical_router_id": "44f28b3d-b6c9-4adc-a387-ec9094802fa1",
                            "revision": "0",
                            "service_binding.#": "0",
                            "tag.#": "0"
                        },
                        "meta": {},
                        "tainted": false
                    },
                    "deposed": [],
                    "provider": "provider.nsxt"
                },
                "nsxt_logical_router_link_port_on_tier1.link_port_tier1.5": {
                    "type": "nsxt_logical_router_link_port_on_tier1",
                    "depends_on": [
                        "nsxt_logical_router_link_port_on_tier0.link_port_tier0.*",
                        "nsxt_logical_tier1_router.t1.*"
                    ],
                    "primary": {
                        "id": "71fcfb5d-c892-4d88-8b15-59687cd2f092",
                        "attributes": {
                            "description": "",
                            "display_name": "downlink_to_t1_$(count.index)",
                            "id": "71fcfb5d-c892-4d88-8b15-59687cd2f092",
                            "linked_logical_router_port_id": "ca448fa3-ba56-44e7-b098-4eff29a3bfa3",
                            "logical_router_id": "b08b414d-d57c-4aa6-be17-30ad286c8ca5",
                            "revision": "0",
                            "service_binding.#": "0",
                            "tag.#": "0"
                        },
                        "meta": {},
                        "tainted": false
                    },
                    "deposed": [],
                    "provider": "provider.nsxt"
                },
                "nsxt_logical_router_link_port_on_tier1.link_port_tier1.50": {
                    "type": "nsxt_logical_router_link_port_on_tier1",
                    "depends_on": [
                        "nsxt_logical_router_link_port_on_tier0.link_port_tier0.*",
                        "nsxt_logical_tier1_router.t1.*"
                    ],
                    "primary": {
                        "id": "67f17fe0-2faa-478c-b211-73d2b0041e15",
                        "attributes": {
                            "description": "",
                            "display_name": "downlink_to_t1_$(count.index)",
                            "id": "67f17fe0-2faa-478c-b211-73d2b0041e15",
                            "linked_logical_router_port_id": "e3329cbd-644d-4fad-8e0c-d8dcff43062f",
                            "logical_router_id": "abb4ae47-a092-4eb9-8270-ca81be39cd2d",
                            "revision": "0",
                            "service_binding.#": "0",
                            "tag.#": "0"
                        },
                        "meta": {},
                        "tainted": false
                    },
                    "deposed": [],
                    "provider": "provider.nsxt"
                },
                "nsxt_logical_router_link_port_on_tier1.link_port_tier1.51": {
                    "type": "nsxt_logical_router_link_port_on_tier1",
                    "depends_on": [
                        "nsxt_logical_router_link_port_on_tier0.link_port_tier0.*",
                        "nsxt_logical_tier1_router.t1.*"
                    ],
                    "primary": {
                        "id": "c075c1d9-514e-4e58-b0c7-8f6a96f40778",
                        "attributes": {
                            "description": "",
                            "display_name": "downlink_to_t1_$(count.index)",
                            "id": "c075c1d9-514e-4e58-b0c7-8f6a96f40778",
                            "linked_logical_router_port_id": "6125b435-f847-43b9-a027-1bd955dd8b36",
                            "logical_router_id": "c8587967-28b7-45a1-acf6-9a7c02881b6b",
                            "revision": "0",
                            "service_binding.#": "0",
                            "tag.#": "0"
                        },
                        "meta": {},
                        "tainted": false
                    },
                    "deposed": [],
                    "provider": "provider.nsxt"
                },
                "nsxt_logical_router_link_port_on_tier1.link_port_tier1.52": {
                    "type": "nsxt_logical_router_link_port_on_tier1",
                    "depends_on": [
                        "nsxt_logical_router_link_port_on_tier0.link_port_tier0.*",
                        "nsxt_logical_tier1_router.t1.*"
                    ],
                    "primary": {
                        "id": "8bee622f-2a3f-4e3d-b967-22421c9b12d0",
                        "attributes": {
                            "description": "",
                            "display_name": "downlink_to_t1_$(count.index)",
                            "id": "8bee622f-2a3f-4e3d-b967-22421c9b12d0",
                            "linked_logical_router_port_id": "88161660-a4ce-4ad6-b070-74b84909175c",
                            "logical_router_id": "cc5fd529-5867-429b-9d2e-ea7ba48bd99a",
                            "revision": "0",
                            "service_binding.#": "0",
                            "tag.#": "0"
                        },
                        "meta": {},
                        "tainted": false
                    },
                    "deposed": [],
                    "provider": "provider.nsxt"
                },
                "nsxt_logical_router_link_port_on_tier1.link_port_tier1.53": {
                    "type": "nsxt_logical_router_link_port_on_tier1",
                    "depends_on": [
                        "nsxt_logical_router_link_port_on_tier0.link_port_tier0.*",
                        "nsxt_logical_tier1_router.t1.*"
                    ],
                    "primary": {
                        "id": "0e7a313e-1dc6-48f3-b66b-b071ddd294db",
                        "attributes": {
                            "description": "",
                            "display_name": "downlink_to_t1_$(count.index)",
                            "id": "0e7a313e-1dc6-48f3-b66b-b071ddd294db",
                            "linked_logical_router_port_id": "990fd697-4094-4acf-8ef2-6e0b50317448",
                            "logical_router_id": "49518fa1-79a2-4711-ab1b-4d8bb8eda0b1",
                            "revision": "0",
                            "service_binding.#": "0",
                            "tag.#": "0"
                        },
                        "meta": {},
                        "tainted": false
                    },
                    "deposed": [],
                    "provider": "provider.nsxt"
                },
                "nsxt_logical_router_link_port_on_tier1.link_port_tier1.54": {
                    "type": "nsxt_logical_router_link_port_on_tier1",
                    "depends_on": [
                        "nsxt_logical_router_link_port_on_tier0.link_port_tier0.*",
                        "nsxt_logical_tier1_router.t1.*"
                    ],
                    "primary": {
                        "id": "590f5981-dbc7-4b30-860c-f1e2b3998e1f",
                        "attributes": {
                            "description": "",
                            "display_name": "downlink_to_t1_$(count.index)",
                            "id": "590f5981-dbc7-4b30-860c-f1e2b3998e1f",
                            "linked_logical_router_port_id": "1ae5b448-cbb8-4c66-aa00-2b2a9f1f751e",
                            "logical_router_id": "c3e72f53-ac67-4efa-be95-c743c61adc41",
                            "revision": "0",
                            "service_binding.#": "0",
                            "tag.#": "0"
                        },
                        "meta": {},
                        "tainted": false
                    },
                    "deposed": [],
                    "provider": "provider.nsxt"
                },
                "nsxt_logical_router_link_port_on_tier1.link_port_tier1.55": {
                    "type": "nsxt_logical_router_link_port_on_tier1",
                    "depends_on": [
                        "nsxt_logical_router_link_port_on_tier0.link_port_tier0.*",
                        "nsxt_logical_tier1_router.t1.*"
                    ],
                    "primary": {
                        "id": "6ff0a6da-2ad0-4656-b099-5e15ee42f813",
                        "attributes": {
                            "description": "",
                            "display_name": "downlink_to_t1_$(count.index)",
                            "id": "6ff0a6da-2ad0-4656-b099-5e15ee42f813",
                            "linked_logical_router_port_id": "a284d3fc-7847-4cf3-a0c9-0109a04e2579",
                            "logical_router_id": "4db5762b-e996-4e82-b35f-a4188d9eec60",
                            "revision": "0",
                            "service_binding.#": "0",
                            "tag.#": "0"
                        },
                        "meta": {},
                        "tainted": false
                    },
                    "deposed": [],
                    "provider": "provider.nsxt"
                },
                "nsxt_logical_router_link_port_on_tier1.link_port_tier1.56": {
                    "type": "nsxt_logical_router_link_port_on_tier1",
                    "depends_on": [
                        "nsxt_logical_router_link_port_on_tier0.link_port_tier0.*",
                        "nsxt_logical_tier1_router.t1.*"
                    ],
                    "primary": {
                        "id": "7a224be7-be91-4682-8acf-97f20dca9d80",
                        "attributes": {
                            "description": "",
                            "display_name": "downlink_to_t1_$(count.index)",
                            "id": "7a224be7-be91-4682-8acf-97f20dca9d80",
                            "linked_logical_router_port_id": "b2b6c77e-2454-45c4-b7be-924b2775f103",
                            "logical_router_id": "f6d6623f-282b-488e-a06a-8f3ac822d48e",
                            "revision": "0",
                            "service_binding.#": "0",
                            "tag.#": "0"
                        },
                        "meta": {},
                        "tainted": false
                    },
                    "deposed": [],
                    "provider": "provider.nsxt"
                },
                "nsxt_logical_router_link_port_on_tier1.link_port_tier1.57": {
                    "type": "nsxt_logical_router_link_port_on_tier1",
                    "depends_on": [
                        "nsxt_logical_router_link_port_on_tier0.link_port_tier0.*",
                        "nsxt_logical_tier1_router.t1.*"
                    ],
                    "primary": {
                        "id": "1245036e-0230-47ae-9cda-56d0c5a9b29f",
                        "attributes": {
                            "description": "",
                            "display_name": "downlink_to_t1_$(count.index)",
                            "id": "1245036e-0230-47ae-9cda-56d0c5a9b29f",
                            "linked_logical_router_port_id": "b390ff96-4596-45b0-906e-0c554bbbdf87",
                            "logical_router_id": "a903e456-0f2b-43e9-8a5e-10da4d053cd9",
                            "revision": "0",
                            "service_binding.#": "0",
                            "tag.#": "0"
                        },
                        "meta": {},
                        "tainted": false
                    },
                    "deposed": [],
                    "provider": "provider.nsxt"
                },
                "nsxt_logical_router_link_port_on_tier1.link_port_tier1.58": {
                    "type": "nsxt_logical_router_link_port_on_tier1",
                    "depends_on": [
                        "nsxt_logical_router_link_port_on_tier0.link_port_tier0.*",
                        "nsxt_logical_tier1_router.t1.*"
                    ],
                    "primary": {
                        "id": "6dee2b78-e06c-42df-8d6b-98669f0a5f16",
                        "attributes": {
                            "description": "",
                            "display_name": "downlink_to_t1_$(count.index)",
                            "id": "6dee2b78-e06c-42df-8d6b-98669f0a5f16",
                            "linked_logical_router_port_id": "10b21eb9-a21c-4e73-95f3-8b08c00d0fff",
                            "logical_router_id": "e55830ac-41c5-4769-b6f3-429c74557b6b",
                            "revision": "0",
                            "service_binding.#": "0",
                            "tag.#": "0"
                        },
                        "meta": {},
                        "tainted": false
                    },
                    "deposed": [],
                    "provider": "provider.nsxt"
                },
                "nsxt_logical_router_link_port_on_tier1.link_port_tier1.59": {
                    "type": "nsxt_logical_router_link_port_on_tier1",
                    "depends_on": [
                        "nsxt_logical_router_link_port_on_tier0.link_port_tier0.*",
                        "nsxt_logical_tier1_router.t1.*"
                    ],
                    "primary": {
                        "id": "87d44bb0-349f-4201-bf38-05f47b2940de",
                        "attributes": {
                            "description": "",
                            "display_name": "downlink_to_t1_$(count.index)",
                            "id": "87d44bb0-349f-4201-bf38-05f47b2940de",
                            "linked_logical_router_port_id": "63a2028d-a0b0-4a70-a8c9-eb29f7b758b6",
                            "logical_router_id": "5b219745-436b-4a47-bd1d-07e08517c4bc",
                            "revision": "0",
                            "service_binding.#": "0",
                            "tag.#": "0"
                        },
                        "meta": {},
                        "tainted": false
                    },
                    "deposed": [],
                    "provider": "provider.nsxt"
                },
                "nsxt_logical_router_link_port_on_tier1.link_port_tier1.6": {
                    "type": "nsxt_logical_router_link_port_on_tier1",
                    "depends_on": [
                        "nsxt_logical_router_link_port_on_tier0.link_port_tier0.*",
                        "nsxt_logical_tier1_router.t1.*"
                    ],
                    "primary": {
                        "id": "361027f4-71ab-4e50-9dce-5bf67ddf8a7b",
                        "attributes": {
                            "description": "",
                            "display_name": "downlink_to_t1_$(count.index)",
                            "id": "361027f4-71ab-4e50-9dce-5bf67ddf8a7b",
                            "linked_logical_router_port_id": "99b1b216-0cf8-4681-8f7b-5f4bda91c60a",
                            "logical_router_id": "fdab401c-9607-421f-bd68-48ede78077f4",
                            "revision": "0",
                            "service_binding.#": "0",
                            "tag.#": "0"
                        },
                        "meta": {},
                        "tainted": false
                    },
                    "deposed": [],
                    "provider": "provider.nsxt"
                },
                "nsxt_logical_router_link_port_on_tier1.link_port_tier1.60": {
                    "type": "nsxt_logical_router_link_port_on_tier1",
                    "depends_on": [
                        "nsxt_logical_router_link_port_on_tier0.link_port_tier0.*",
                        "nsxt_logical_tier1_router.t1.*"
                    ],
                    "primary": {
                        "id": "0e1771ef-4353-4fc2-a754-4702430b17d6",
                        "attributes": {
                            "description": "",
                            "display_name": "downlink_to_t1_$(count.index)",
                            "id": "0e1771ef-4353-4fc2-a754-4702430b17d6",
                            "linked_logical_router_port_id": "b17b61f8-8bff-4672-b557-a662d9d98d1c",
                            "logical_router_id": "71f04516-11d0-4fc4-8c66-3cd759a2e63a",
                            "revision": "0",
                            "service_binding.#": "0",
                            "tag.#": "0"
                        },
                        "meta": {},
                        "tainted": false
                    },
                    "deposed": [],
                    "provider": "provider.nsxt"
                },
                "nsxt_logical_router_link_port_on_tier1.link_port_tier1.61": {
                    "type": "nsxt_logical_router_link_port_on_tier1",
                    "depends_on": [
                        "nsxt_logical_router_link_port_on_tier0.link_port_tier0.*",
                        "nsxt_logical_tier1_router.t1.*"
                    ],
                    "primary": {
                        "id": "af27679f-ad4d-4e27-8a71-4f0abec87803",
                        "attributes": {
                            "description": "",
                            "display_name": "downlink_to_t1_$(count.index)",
                            "id": "af27679f-ad4d-4e27-8a71-4f0abec87803",
                            "linked_logical_router_port_id": "04e3efc9-0f93-41b5-b08f-55532a128777",
                            "logical_router_id": "1495ad51-7bae-425e-a58d-36492284d254",
                            "revision": "0",
                            "service_binding.#": "0",
                            "tag.#": "0"
                        },
                        "meta": {},
                        "tainted": false
                    },
                    "deposed": [],
                    "provider": "provider.nsxt"
                },
                "nsxt_logical_router_link_port_on_tier1.link_port_tier1.62": {
                    "type": "nsxt_logical_router_link_port_on_tier1",
                    "depends_on": [
                        "nsxt_logical_router_link_port_on_tier0.link_port_tier0.*",
                        "nsxt_logical_tier1_router.t1.*"
                    ],
                    "primary": {
                        "id": "8b54102a-eef5-4d39-8905-62f10457c5c5",
                        "attributes": {
                            "description": "",
                            "display_name": "downlink_to_t1_$(count.index)",
                            "id": "8b54102a-eef5-4d39-8905-62f10457c5c5",
                            "linked_logical_router_port_id": "eaa48323-0005-42e9-884f-ec4c255485c4",
                            "logical_router_id": "13e8b80d-92ae-4571-af6e-b248a54e8387",
                            "revision": "0",
                            "service_binding.#": "0",
                            "tag.#": "0"
                        },
                        "meta": {},
                        "tainted": false
                    },
                    "deposed": [],
                    "provider": "provider.nsxt"
                },
                "nsxt_logical_router_link_port_on_tier1.link_port_tier1.63": {
                    "type": "nsxt_logical_router_link_port_on_tier1",
                    "depends_on": [
                        "nsxt_logical_router_link_port_on_tier0.link_port_tier0.*",
                        "nsxt_logical_tier1_router.t1.*"
                    ],
                    "primary": {
                        "id": "fb1496d2-42b6-4879-9cf2-2937b1088c4c",
                        "attributes": {
                            "description": "",
                            "display_name": "downlink_to_t1_$(count.index)",
                            "id": "fb1496d2-42b6-4879-9cf2-2937b1088c4c",
                            "linked_logical_router_port_id": "f28ac22f-53e4-47b2-9799-0e4cda02a33a",
                            "logical_router_id": "c8f5d91c-ae1d-466e-93f9-b164351694b6",
                            "revision": "0",
                            "service_binding.#": "0",
                            "tag.#": "0"
                        },
                        "meta": {},
                        "tainted": false
                    },
                    "deposed": [],
                    "provider": "provider.nsxt"
                },
                "nsxt_logical_router_link_port_on_tier1.link_port_tier1.64": {
                    "type": "nsxt_logical_router_link_port_on_tier1",
                    "depends_on": [
                        "nsxt_logical_router_link_port_on_tier0.link_port_tier0.*",
                        "nsxt_logical_tier1_router.t1.*"
                    ],
                    "primary": {
                        "id": "60b0a95a-4402-417d-b24d-500f6d2ba217",
                        "attributes": {
                            "description": "",
                            "display_name": "downlink_to_t1_$(count.index)",
                            "id": "60b0a95a-4402-417d-b24d-500f6d2ba217",
                            "linked_logical_router_port_id": "b8b61e31-0467-4936-9692-250832da9bfd",
                            "logical_router_id": "4a3b6101-69e7-4983-9a96-18e0fc3b3a47",
                            "revision": "0",
                            "service_binding.#": "0",
                            "tag.#": "0"
                        },
                        "meta": {},
                        "tainted": false
                    },
                    "deposed": [],
                    "provider": "provider.nsxt"
                },
                "nsxt_logical_router_link_port_on_tier1.link_port_tier1.65": {
                    "type": "nsxt_logical_router_link_port_on_tier1",
                    "depends_on": [
                        "nsxt_logical_router_link_port_on_tier0.link_port_tier0.*",
                        "nsxt_logical_tier1_router.t1.*"
                    ],
                    "primary": {
                        "id": "dc3943f3-ceea-45b5-ac97-50af5cc154fa",
                        "attributes": {
                            "description": "",
                            "display_name": "downlink_to_t1_$(count.index)",
                            "id": "dc3943f3-ceea-45b5-ac97-50af5cc154fa",
                            "linked_logical_router_port_id": "4ac80b0d-5e2e-4d9e-a6d9-95c4bacd9d48",
                            "logical_router_id": "2f3243e1-5471-4fec-8a15-4b53016940d2",
                            "revision": "0",
                            "service_binding.#": "0",
                            "tag.#": "0"
                        },
                        "meta": {},
                        "tainted": false
                    },
                    "deposed": [],
                    "provider": "provider.nsxt"
                },
                "nsxt_logical_router_link_port_on_tier1.link_port_tier1.66": {
                    "type": "nsxt_logical_router_link_port_on_tier1",
                    "depends_on": [
                        "nsxt_logical_router_link_port_on_tier0.link_port_tier0.*",
                        "nsxt_logical_tier1_router.t1.*"
                    ],
                    "primary": {
                        "id": "ee565401-921a-425a-884b-25ab33960088",
                        "attributes": {
                            "description": "",
                            "display_name": "downlink_to_t1_$(count.index)",
                            "id": "ee565401-921a-425a-884b-25ab33960088",
                            "linked_logical_router_port_id": "ccb16c10-6568-42b9-aee6-f4028f340615",
                            "logical_router_id": "c5c85f03-fd39-4484-a0b2-269b882f485e",
                            "revision": "0",
                            "service_binding.#": "0",
                            "tag.#": "0"
                        },
                        "meta": {},
                        "tainted": false
                    },
                    "deposed": [],
                    "provider": "provider.nsxt"
                },
                "nsxt_logical_router_link_port_on_tier1.link_port_tier1.67": {
                    "type": "nsxt_logical_router_link_port_on_tier1",
                    "depends_on": [
                        "nsxt_logical_router_link_port_on_tier0.link_port_tier0.*",
                        "nsxt_logical_tier1_router.t1.*"
                    ],
                    "primary": {
                        "id": "de9631a5-568b-4a49-85db-e5e939131468",
                        "attributes": {
                            "description": "",
                            "display_name": "downlink_to_t1_$(count.index)",
                            "id": "de9631a5-568b-4a49-85db-e5e939131468",
                            "linked_logical_router_port_id": "3705e6fe-4a35-4a5b-be66-99c4464b3168",
                            "logical_router_id": "752801d5-35a2-4b41-b729-6dc98094bb32",
                            "revision": "0",
                            "service_binding.#": "0",
                            "tag.#": "0"
                        },
                        "meta": {},
                        "tainted": false
                    },
                    "deposed": [],
                    "provider": "provider.nsxt"
                },
                "nsxt_logical_router_link_port_on_tier1.link_port_tier1.68": {
                    "type": "nsxt_logical_router_link_port_on_tier1",
                    "depends_on": [
                        "nsxt_logical_router_link_port_on_tier0.link_port_tier0.*",
                        "nsxt_logical_tier1_router.t1.*"
                    ],
                    "primary": {
                        "id": "7afb0c5e-8472-4ab2-9439-b6a3a7055c85",
                        "attributes": {
                            "description": "",
                            "display_name": "downlink_to_t1_$(count.index)",
                            "id": "7afb0c5e-8472-4ab2-9439-b6a3a7055c85",
                            "linked_logical_router_port_id": "9152c4b4-7488-4c7b-8f5f-b16ba3e7b1f0",
                            "logical_router_id": "9f393ee3-9df2-4f4f-85e2-0059eaa98097",
                            "revision": "0",
                            "service_binding.#": "0",
                            "tag.#": "0"
                        },
                        "meta": {},
                        "tainted": false
                    },
                    "deposed": [],
                    "provider": "provider.nsxt"
                },
                "nsxt_logical_router_link_port_on_tier1.link_port_tier1.69": {
                    "type": "nsxt_logical_router_link_port_on_tier1",
                    "depends_on": [
                        "nsxt_logical_router_link_port_on_tier0.link_port_tier0.*",
                        "nsxt_logical_tier1_router.t1.*"
                    ],
                    "primary": {
                        "id": "43dbe8b8-b37a-4d9b-aca9-e5e2aeea37e4",
                        "attributes": {
                            "description": "",
                            "display_name": "downlink_to_t1_$(count.index)",
                            "id": "43dbe8b8-b37a-4d9b-aca9-e5e2aeea37e4",
                            "linked_logical_router_port_id": "80b9248f-e1b1-4f6c-9f41-b6bde8e4cdb2",
                            "logical_router_id": "d8252aca-2f93-4a9b-9ab6-5e0539028f2a",
                            "revision": "0",
                            "service_binding.#": "0",
                            "tag.#": "0"
                        },
                        "meta": {},
                        "tainted": false
                    },
                    "deposed": [],
                    "provider": "provider.nsxt"
                },
                "nsxt_logical_router_link_port_on_tier1.link_port_tier1.7": {
                    "type": "nsxt_logical_router_link_port_on_tier1",
                    "depends_on": [
                        "nsxt_logical_router_link_port_on_tier0.link_port_tier0.*",
                        "nsxt_logical_tier1_router.t1.*"
                    ],
                    "primary": {
                        "id": "c27d17c5-09da-4f35-9d09-6b244610f9ff",
                        "attributes": {
                            "description": "",
                            "display_name": "downlink_to_t1_$(count.index)",
                            "id": "c27d17c5-09da-4f35-9d09-6b244610f9ff",
                            "linked_logical_router_port_id": "577de9dd-881b-4722-ac74-a013e156f805",
                            "logical_router_id": "07b88ba6-05f5-4603-8162-bca8aa122569",
                            "revision": "0",
                            "service_binding.#": "0",
                            "tag.#": "0"
                        },
                        "meta": {},
                        "tainted": false
                    },
                    "deposed": [],
                    "provider": "provider.nsxt"
                },
                "nsxt_logical_router_link_port_on_tier1.link_port_tier1.70": {
                    "type": "nsxt_logical_router_link_port_on_tier1",
                    "depends_on": [
                        "nsxt_logical_router_link_port_on_tier0.link_port_tier0.*",
                        "nsxt_logical_tier1_router.t1.*"
                    ],
                    "primary": {
                        "id": "c2149733-09bd-404a-9a29-685b9926b99a",
                        "attributes": {
                            "description": "",
                            "display_name": "downlink_to_t1_$(count.index)",
                            "id": "c2149733-09bd-404a-9a29-685b9926b99a",
                            "linked_logical_router_port_id": "182538fe-2075-4610-898e-49e6971ae883",
                            "logical_router_id": "60f46ecd-4bfd-448e-8658-aa98d0b87218",
                            "revision": "0",
                            "service_binding.#": "0",
                            "tag.#": "0"
                        },
                        "meta": {},
                        "tainted": false
                    },
                    "deposed": [],
                    "provider": "provider.nsxt"
                },
                "nsxt_logical_router_link_port_on_tier1.link_port_tier1.71": {
                    "type": "nsxt_logical_router_link_port_on_tier1",
                    "depends_on": [
                        "nsxt_logical_router_link_port_on_tier0.link_port_tier0.*",
                        "nsxt_logical_tier1_router.t1.*"
                    ],
                    "primary": {
                        "id": "1082e5c0-c83b-4975-9d34-e5ef14d54698",
                        "attributes": {
                            "description": "",
                            "display_name": "downlink_to_t1_$(count.index)",
                            "id": "1082e5c0-c83b-4975-9d34-e5ef14d54698",
                            "linked_logical_router_port_id": "571c3c32-d6c2-4ae6-9a61-cf887d27f66b",
                            "logical_router_id": "69d5c946-80f3-4c76-80d9-792697c8cf1c",
                            "revision": "0",
                            "service_binding.#": "0",
                            "tag.#": "0"
                        },
                        "meta": {},
                        "tainted": false
                    },
                    "deposed": [],
                    "provider": "provider.nsxt"
                },
                "nsxt_logical_router_link_port_on_tier1.link_port_tier1.72": {
                    "type": "nsxt_logical_router_link_port_on_tier1",
                    "depends_on": [
                        "nsxt_logical_router_link_port_on_tier0.link_port_tier0.*",
                        "nsxt_logical_tier1_router.t1.*"
                    ],
                    "primary": {
                        "id": "c47d235e-53f2-4ad6-84c9-706ee157100d",
                        "attributes": {
                            "description": "",
                            "display_name": "downlink_to_t1_$(count.index)",
                            "id": "c47d235e-53f2-4ad6-84c9-706ee157100d",
                            "linked_logical_router_port_id": "54849f6b-3ed3-4bd9-925b-5d5410423c52",
                            "logical_router_id": "22317041-a6d4-4ae5-b23c-78254f451e33",
                            "revision": "0",
                            "service_binding.#": "0",
                            "tag.#": "0"
                        },
                        "meta": {},
                        "tainted": false
                    },
                    "deposed": [],
                    "provider": "provider.nsxt"
                },
                "nsxt_logical_router_link_port_on_tier1.link_port_tier1.73": {
                    "type": "nsxt_logical_router_link_port_on_tier1",
                    "depends_on": [
                        "nsxt_logical_router_link_port_on_tier0.link_port_tier0.*",
                        "nsxt_logical_tier1_router.t1.*"
                    ],
                    "primary": {
                        "id": "139891b3-5b97-4d68-98f9-6c85dabfe656",
                        "attributes": {
                            "description": "",
                            "display_name": "downlink_to_t1_$(count.index)",
                            "id": "139891b3-5b97-4d68-98f9-6c85dabfe656",
                            "linked_logical_router_port_id": "66ef8fdd-1b83-4132-8734-9d6886ccd1ba",
                            "logical_router_id": "61ee1e66-37d8-4ffb-8b46-f3477bcd211e",
                            "revision": "0",
                            "service_binding.#": "0",
                            "tag.#": "0"
                        },
                        "meta": {},
                        "tainted": false
                    },
                    "deposed": [],
                    "provider": "provider.nsxt"
                },
                "nsxt_logical_router_link_port_on_tier1.link_port_tier1.74": {
                    "type": "nsxt_logical_router_link_port_on_tier1",
                    "depends_on": [
                        "nsxt_logical_router_link_port_on_tier0.link_port_tier0.*",
                        "nsxt_logical_tier1_router.t1.*"
                    ],
                    "primary": {
                        "id": "4d63a6ed-591b-4180-97a1-23d20b83def1",
                        "attributes": {
                            "description": "",
                            "display_name": "downlink_to_t1_$(count.index)",
                            "id": "4d63a6ed-591b-4180-97a1-23d20b83def1",
                            "linked_logical_router_port_id": "0c3a94d5-000f-42c2-97e0-6fbc2bd93af4",
                            "logical_router_id": "98846baa-88a3-4e33-bb1d-3ecafa62a2f9",
                            "revision": "0",
                            "service_binding.#": "0",
                            "tag.#": "0"
                        },
                        "meta": {},
                        "tainted": false
                    },
                    "deposed": [],
                    "provider": "provider.nsxt"
                },
                "nsxt_logical_router_link_port_on_tier1.link_port_tier1.75": {
                    "type": "nsxt_logical_router_link_port_on_tier1",
                    "depends_on": [
                        "nsxt_logical_router_link_port_on_tier0.link_port_tier0.*",
                        "nsxt_logical_tier1_router.t1.*"
                    ],
                    "primary": {
                        "id": "a6f9a606-5834-4a41-8858-27284469a073",
                        "attributes": {
                            "description": "",
                            "display_name": "downlink_to_t1_$(count.index)",
                            "id": "a6f9a606-5834-4a41-8858-27284469a073",
                            "linked_logical_router_port_id": "d5eda5da-64f4-4292-b763-7d27dc00dac5",
                            "logical_router_id": "11990759-71a3-4434-b26c-28a7f9094498",
                            "revision": "0",
                            "service_binding.#": "0",
                            "tag.#": "0"
                        },
                        "meta": {},
                        "tainted": false
                    },
                    "deposed": [],
                    "provider": "provider.nsxt"
                },
                "nsxt_logical_router_link_port_on_tier1.link_port_tier1.76": {
                    "type": "nsxt_logical_router_link_port_on_tier1",
                    "depends_on": [
                        "nsxt_logical_router_link_port_on_tier0.link_port_tier0.*",
                        "nsxt_logical_tier1_router.t1.*"
                    ],
                    "primary": {
                        "id": "2a817067-9b69-4522-bb64-03b976e52d1d",
                        "attributes": {
                            "description": "",
                            "display_name": "downlink_to_t1_$(count.index)",
                            "id": "2a817067-9b69-4522-bb64-03b976e52d1d",
                            "linked_logical_router_port_id": "50f74df5-1a32-4513-81fc-8a36ff3ea191",
                            "logical_router_id": "d5af7724-3b65-44a5-a8ae-58d7388975bd",
                            "revision": "0",
                            "service_binding.#": "0",
                            "tag.#": "0"
                        },
                        "meta": {},
                        "tainted": false
                    },
                    "deposed": [],
                    "provider": "provider.nsxt"
                },
                "nsxt_logical_router_link_port_on_tier1.link_port_tier1.77": {
                    "type": "nsxt_logical_router_link_port_on_tier1",
                    "depends_on": [
                        "nsxt_logical_router_link_port_on_tier0.link_port_tier0.*",
                        "nsxt_logical_tier1_router.t1.*"
                    ],
                    "primary": {
                        "id": "1e18e458-f8c2-4716-9984-a21d873bbd4a",
                        "attributes": {
                            "description": "",
                            "display_name": "downlink_to_t1_$(count.index)",
                            "id": "1e18e458-f8c2-4716-9984-a21d873bbd4a",
                            "linked_logical_router_port_id": "0a10bd16-3a54-4afc-b17e-f621c5fe5e80",
                            "logical_router_id": "49d8a6ea-9adb-42aa-adc6-9c68c6aeed71",
                            "revision": "0",
                            "service_binding.#": "0",
                            "tag.#": "0"
                        },
                        "meta": {},
                        "tainted": false
                    },
                    "deposed": [],
                    "provider": "provider.nsxt"
                },
                "nsxt_logical_router_link_port_on_tier1.link_port_tier1.78": {
                    "type": "nsxt_logical_router_link_port_on_tier1",
                    "depends_on": [
                        "nsxt_logical_router_link_port_on_tier0.link_port_tier0.*",
                        "nsxt_logical_tier1_router.t1.*"
                    ],
                    "primary": {
                        "id": "380cd32a-d009-4e6c-a627-d431f456b7e0",
                        "attributes": {
                            "description": "",
                            "display_name": "downlink_to_t1_$(count.index)",
                            "id": "380cd32a-d009-4e6c-a627-d431f456b7e0",
                            "linked_logical_router_port_id": "3b4cadf6-46e0-416a-bea5-7f9107ff4677",
                            "logical_router_id": "7afe95b7-2b7b-4182-9a1e-07dae0bae8c6",
                            "revision": "0",
                            "service_binding.#": "0",
                            "tag.#": "0"
                        },
                        "meta": {},
                        "tainted": false
                    },
                    "deposed": [],
                    "provider": "provider.nsxt"
                },
                "nsxt_logical_router_link_port_on_tier1.link_port_tier1.79": {
                    "type": "nsxt_logical_router_link_port_on_tier1",
                    "depends_on": [
                        "nsxt_logical_router_link_port_on_tier0.link_port_tier0.*",
                        "nsxt_logical_tier1_router.t1.*"
                    ],
                    "primary": {
                        "id": "d866409f-c5e4-40d5-9611-9a28a5aa742d",
                        "attributes": {
                            "description": "",
                            "display_name": "downlink_to_t1_$(count.index)",
                            "id": "d866409f-c5e4-40d5-9611-9a28a5aa742d",
                            "linked_logical_router_port_id": "a55ff44d-b3ce-4d33-916d-8780e5e147c3",
                            "logical_router_id": "6d606826-52ed-40d1-b767-84b9e9c6e8fa",
                            "revision": "0",
                            "service_binding.#": "0",
                            "tag.#": "0"
                        },
                        "meta": {},
                        "tainted": false
                    },
                    "deposed": [],
                    "provider": "provider.nsxt"
                },
                "nsxt_logical_router_link_port_on_tier1.link_port_tier1.8": {
                    "type": "nsxt_logical_router_link_port_on_tier1",
                    "depends_on": [
                        "nsxt_logical_router_link_port_on_tier0.link_port_tier0.*",
                        "nsxt_logical_tier1_router.t1.*"
                    ],
                    "primary": {
                        "id": "edd43622-d7f6-4c9f-92d0-54539aff3d25",
                        "attributes": {
                            "description": "",
                            "display_name": "downlink_to_t1_$(count.index)",
                            "id": "edd43622-d7f6-4c9f-92d0-54539aff3d25",
                            "linked_logical_router_port_id": "27f206b7-2d44-4a45-9986-2a3174a991b6",
                            "logical_router_id": "5ce899d4-1518-4878-9585-dab85089df78",
                            "revision": "0",
                            "service_binding.#": "0",
                            "tag.#": "0"
                        },
                        "meta": {},
                        "tainted": false
                    },
                    "deposed": [],
                    "provider": "provider.nsxt"
                },
                "nsxt_logical_router_link_port_on_tier1.link_port_tier1.80": {
                    "type": "nsxt_logical_router_link_port_on_tier1",
                    "depends_on": [
                        "nsxt_logical_router_link_port_on_tier0.link_port_tier0.*",
                        "nsxt_logical_tier1_router.t1.*"
                    ],
                    "primary": {
                        "id": "6a984ef0-cb29-4add-88af-fd9a26280d4c",
                        "attributes": {
                            "description": "",
                            "display_name": "downlink_to_t1_$(count.index)",
                            "id": "6a984ef0-cb29-4add-88af-fd9a26280d4c",
                            "linked_logical_router_port_id": "a1e5d121-cdf3-4044-a601-2289ef22cf78",
                            "logical_router_id": "ae908fc4-fce6-4366-8c9a-7da7bf066e06",
                            "revision": "0",
                            "service_binding.#": "0",
                            "tag.#": "0"
                        },
                        "meta": {},
                        "tainted": false
                    },
                    "deposed": [],
                    "provider": "provider.nsxt"
                },
                "nsxt_logical_router_link_port_on_tier1.link_port_tier1.81": {
                    "type": "nsxt_logical_router_link_port_on_tier1",
                    "depends_on": [
                        "nsxt_logical_router_link_port_on_tier0.link_port_tier0.*",
                        "nsxt_logical_tier1_router.t1.*"
                    ],
                    "primary": {
                        "id": "bdc19335-fc59-4eff-b4c7-e66fed4bec73",
                        "attributes": {
                            "description": "",
                            "display_name": "downlink_to_t1_$(count.index)",
                            "id": "bdc19335-fc59-4eff-b4c7-e66fed4bec73",
                            "linked_logical_router_port_id": "f6e951f6-bb26-467d-8f01-54f7c1d250d0",
                            "logical_router_id": "ba96a1fa-c64a-40f3-85d0-1d5216774056",
                            "revision": "0",
                            "service_binding.#": "0",
                            "tag.#": "0"
                        },
                        "meta": {},
                        "tainted": false
                    },
                    "deposed": [],
                    "provider": "provider.nsxt"
                },
                "nsxt_logical_router_link_port_on_tier1.link_port_tier1.82": {
                    "type": "nsxt_logical_router_link_port_on_tier1",
                    "depends_on": [
                        "nsxt_logical_router_link_port_on_tier0.link_port_tier0.*",
                        "nsxt_logical_tier1_router.t1.*"
                    ],
                    "primary": {
                        "id": "dd5aa9cd-06bc-4310-8ffd-478a6a08d435",
                        "attributes": {
                            "description": "",
                            "display_name": "downlink_to_t1_$(count.index)",
                            "id": "dd5aa9cd-06bc-4310-8ffd-478a6a08d435",
                            "linked_logical_router_port_id": "24e6a6a6-ff85-4969-888e-0ffa34db0192",
                            "logical_router_id": "f90061ab-ad2a-4b73-be44-28a16b258f2f",
                            "revision": "0",
                            "service_binding.#": "0",
                            "tag.#": "0"
                        },
                        "meta": {},
                        "tainted": false
                    },
                    "deposed": [],
                    "provider": "provider.nsxt"
                },
                "nsxt_logical_router_link_port_on_tier1.link_port_tier1.83": {
                    "type": "nsxt_logical_router_link_port_on_tier1",
                    "depends_on": [
                        "nsxt_logical_router_link_port_on_tier0.link_port_tier0.*",
                        "nsxt_logical_tier1_router.t1.*"
                    ],
                    "primary": {
                        "id": "ac3a0949-bd7c-46fb-b4fa-5ba29cd73ce1",
                        "attributes": {
                            "description": "",
                            "display_name": "downlink_to_t1_$(count.index)",
                            "id": "ac3a0949-bd7c-46fb-b4fa-5ba29cd73ce1",
                            "linked_logical_router_port_id": "51fb547c-7fc4-4f35-a9af-abac11eb5c73",
                            "logical_router_id": "ecfcff0a-13b1-499a-ad94-d636e9269fae",
                            "revision": "0",
                            "service_binding.#": "0",
                            "tag.#": "0"
                        },
                        "meta": {},
                        "tainted": false
                    },
                    "deposed": [],
                    "provider": "provider.nsxt"
                },
                "nsxt_logical_router_link_port_on_tier1.link_port_tier1.84": {
                    "type": "nsxt_logical_router_link_port_on_tier1",
                    "depends_on": [
                        "nsxt_logical_router_link_port_on_tier0.link_port_tier0.*",
                        "nsxt_logical_tier1_router.t1.*"
                    ],
                    "primary": {
                        "id": "d2b0990c-8ae1-44bf-bf17-d24b151191cd",
                        "attributes": {
                            "description": "",
                            "display_name": "downlink_to_t1_$(count.index)",
                            "id": "d2b0990c-8ae1-44bf-bf17-d24b151191cd",
                            "linked_logical_router_port_id": "bd3a044b-5b55-4e73-975d-2c3e4cdab824",
                            "logical_router_id": "68b43bbf-ed87-48cb-b535-35602ab71d34",
                            "revision": "0",
                            "service_binding.#": "0",
                            "tag.#": "0"
                        },
                        "meta": {},
                        "tainted": false
                    },
                    "deposed": [],
                    "provider": "provider.nsxt"
                },
                "nsxt_logical_router_link_port_on_tier1.link_port_tier1.85": {
                    "type": "nsxt_logical_router_link_port_on_tier1",
                    "depends_on": [
                        "nsxt_logical_router_link_port_on_tier0.link_port_tier0.*",
                        "nsxt_logical_tier1_router.t1.*"
                    ],
                    "primary": {
                        "id": "0a6655fc-fdbf-418b-bd71-d34292b0aa50",
                        "attributes": {
                            "description": "",
                            "display_name": "downlink_to_t1_$(count.index)",
                            "id": "0a6655fc-fdbf-418b-bd71-d34292b0aa50",
                            "linked_logical_router_port_id": "d73a8e41-03eb-4177-bc0c-be2a85ed48ba",
                            "logical_router_id": "903db8b6-feee-4b2f-8db5-bbdbe95c7311",
                            "revision": "0",
                            "service_binding.#": "0",
                            "tag.#": "0"
                        },
                        "meta": {},
                        "tainted": false
                    },
                    "deposed": [],
                    "provider": "provider.nsxt"
                },
                "nsxt_logical_router_link_port_on_tier1.link_port_tier1.86": {
                    "type": "nsxt_logical_router_link_port_on_tier1",
                    "depends_on": [
                        "nsxt_logical_router_link_port_on_tier0.link_port_tier0.*",
                        "nsxt_logical_tier1_router.t1.*"
                    ],
                    "primary": {
                        "id": "3bf2a978-fe51-42fe-96ac-b5d0d25bb6bc",
                        "attributes": {
                            "description": "",
                            "display_name": "downlink_to_t1_$(count.index)",
                            "id": "3bf2a978-fe51-42fe-96ac-b5d0d25bb6bc",
                            "linked_logical_router_port_id": "eb117f41-3ff9-43a1-8339-bc646cc172f9",
                            "logical_router_id": "0d85d99e-bc3e-4b77-8baa-7ac280de22fa",
                            "revision": "0",
                            "service_binding.#": "0",
                            "tag.#": "0"
                        },
                        "meta": {},
                        "tainted": false
                    },
                    "deposed": [],
                    "provider": "provider.nsxt"
                },
                "nsxt_logical_router_link_port_on_tier1.link_port_tier1.87": {
                    "type": "nsxt_logical_router_link_port_on_tier1",
                    "depends_on": [
                        "nsxt_logical_router_link_port_on_tier0.link_port_tier0.*",
                        "nsxt_logical_tier1_router.t1.*"
                    ],
                    "primary": {
                        "id": "b5c41c85-e9a0-4c26-a850-2745c31d04cf",
                        "attributes": {
                            "description": "",
                            "display_name": "downlink_to_t1_$(count.index)",
                            "id": "b5c41c85-e9a0-4c26-a850-2745c31d04cf",
                            "linked_logical_router_port_id": "607a6b78-4750-4ba6-a703-f051143cc2fd",
                            "logical_router_id": "4e916576-3aea-4abd-a476-b65e4232a3d6",
                            "revision": "0",
                            "service_binding.#": "0",
                            "tag.#": "0"
                        },
                        "meta": {},
                        "tainted": false
                    },
                    "deposed": [],
                    "provider": "provider.nsxt"
                },
                "nsxt_logical_router_link_port_on_tier1.link_port_tier1.88": {
                    "type": "nsxt_logical_router_link_port_on_tier1",
                    "depends_on": [
                        "nsxt_logical_router_link_port_on_tier0.link_port_tier0.*",
                        "nsxt_logical_tier1_router.t1.*"
                    ],
                    "primary": {
                        "id": "3c8df264-58db-493c-bb78-993c4191fc5e",
                        "attributes": {
                            "description": "",
                            "display_name": "downlink_to_t1_$(count.index)",
                            "id": "3c8df264-58db-493c-bb78-993c4191fc5e",
                            "linked_logical_router_port_id": "b7c0ab3a-f802-40cc-ac7a-51b64bfa6d41",
                            "logical_router_id": "b7c03ff6-1fb9-4a78-af5f-1ca151fd95ae",
                            "revision": "0",
                            "service_binding.#": "0",
                            "tag.#": "0"
                        },
                        "meta": {},
                        "tainted": false
                    },
                    "deposed": [],
                    "provider": "provider.nsxt"
                },
                "nsxt_logical_router_link_port_on_tier1.link_port_tier1.89": {
                    "type": "nsxt_logical_router_link_port_on_tier1",
                    "depends_on": [
                        "nsxt_logical_router_link_port_on_tier0.link_port_tier0.*",
                        "nsxt_logical_tier1_router.t1.*"
                    ],
                    "primary": {
                        "id": "fc113f05-4ee3-43f0-b462-7b83bd8e9ec5",
                        "attributes": {
                            "description": "",
                            "display_name": "downlink_to_t1_$(count.index)",
                            "id": "fc113f05-4ee3-43f0-b462-7b83bd8e9ec5",
                            "linked_logical_router_port_id": "e94a8a2d-0e5e-4e59-8926-e5530b4dc058",
                            "logical_router_id": "17f940a7-eb3b-4b78-add7-b0289a7b0f64",
                            "revision": "0",
                            "service_binding.#": "0",
                            "tag.#": "0"
                        },
                        "meta": {},
                        "tainted": false
                    },
                    "deposed": [],
                    "provider": "provider.nsxt"
                },
                "nsxt_logical_router_link_port_on_tier1.link_port_tier1.9": {
                    "type": "nsxt_logical_router_link_port_on_tier1",
                    "depends_on": [
                        "nsxt_logical_router_link_port_on_tier0.link_port_tier0.*",
                        "nsxt_logical_tier1_router.t1.*"
                    ],
                    "primary": {
                        "id": "e6352aa8-ccc5-4fb8-b7a1-dbf7c4c462e2",
                        "attributes": {
                            "description": "",
                            "display_name": "downlink_to_t1_$(count.index)",
                            "id": "e6352aa8-ccc5-4fb8-b7a1-dbf7c4c462e2",
                            "linked_logical_router_port_id": "da87e9cb-2026-45c6-984a-632307a21e3f",
                            "logical_router_id": "2a2a0f9d-962b-44f0-ab05-da9bd0bd5f03",
                            "revision": "0",
                            "service_binding.#": "0",
                            "tag.#": "0"
                        },
                        "meta": {},
                        "tainted": false
                    },
                    "deposed": [],
                    "provider": "provider.nsxt"
                },
                "nsxt_logical_router_link_port_on_tier1.link_port_tier1.90": {
                    "type": "nsxt_logical_router_link_port_on_tier1",
                    "depends_on": [
                        "nsxt_logical_router_link_port_on_tier0.link_port_tier0.*",
                        "nsxt_logical_tier1_router.t1.*"
                    ],
                    "primary": {
                        "id": "0f70f26b-b02a-46a5-afaa-7725a55ca401",
                        "attributes": {
                            "description": "",
                            "display_name": "downlink_to_t1_$(count.index)",
                            "id": "0f70f26b-b02a-46a5-afaa-7725a55ca401",
                            "linked_logical_router_port_id": "3238ebb3-1ec2-488b-80a8-cf42ac8ca750",
                            "logical_router_id": "eb7ae0eb-40d2-4742-80c0-9e58d867e35c",
                            "revision": "0",
                            "service_binding.#": "0",
                            "tag.#": "0"
                        },
                        "meta": {},
                        "tainted": false
                    },
                    "deposed": [],
                    "provider": "provider.nsxt"
                },
                "nsxt_logical_router_link_port_on_tier1.link_port_tier1.91": {
                    "type": "nsxt_logical_router_link_port_on_tier1",
                    "depends_on": [
                        "nsxt_logical_router_link_port_on_tier0.link_port_tier0.*",
                        "nsxt_logical_tier1_router.t1.*"
                    ],
                    "primary": {
                        "id": "e40e1195-5fa1-4232-b86d-fee3737600ca",
                        "attributes": {
                            "description": "",
                            "display_name": "downlink_to_t1_$(count.index)",
                            "id": "e40e1195-5fa1-4232-b86d-fee3737600ca",
                            "linked_logical_router_port_id": "cf55dafe-e8b8-4ddd-a9f9-01e734a95bf2",
                            "logical_router_id": "c891f1fa-5977-4d3f-8f7a-55d508286fd1",
                            "revision": "0",
                            "service_binding.#": "0",
                            "tag.#": "0"
                        },
                        "meta": {},
                        "tainted": false
                    },
                    "deposed": [],
                    "provider": "provider.nsxt"
                },
                "nsxt_logical_router_link_port_on_tier1.link_port_tier1.92": {
                    "type": "nsxt_logical_router_link_port_on_tier1",
                    "depends_on": [
                        "nsxt_logical_router_link_port_on_tier0.link_port_tier0.*",
                        "nsxt_logical_tier1_router.t1.*"
                    ],
                    "primary": {
                        "id": "a31a6d31-a6ed-42dd-a74e-e1b6d55d3b2c",
                        "attributes": {
                            "description": "",
                            "display_name": "downlink_to_t1_$(count.index)",
                            "id": "a31a6d31-a6ed-42dd-a74e-e1b6d55d3b2c",
                            "linked_logical_router_port_id": "3a9a31a4-9eff-4f3b-8660-119f02c7f17f",
                            "logical_router_id": "a585ea86-5c54-4045-b16b-3e7963d8340b",
                            "revision": "0",
                            "service_binding.#": "0",
                            "tag.#": "0"
                        },
                        "meta": {},
                        "tainted": false
                    },
                    "deposed": [],
                    "provider": "provider.nsxt"
                },
                "nsxt_logical_router_link_port_on_tier1.link_port_tier1.93": {
                    "type": "nsxt_logical_router_link_port_on_tier1",
                    "depends_on": [
                        "nsxt_logical_router_link_port_on_tier0.link_port_tier0.*",
                        "nsxt_logical_tier1_router.t1.*"
                    ],
                    "primary": {
                        "id": "5f84b0f8-006c-479d-a902-56f5ed8126d6",
                        "attributes": {
                            "description": "",
                            "display_name": "downlink_to_t1_$(count.index)",
                            "id": "5f84b0f8-006c-479d-a902-56f5ed8126d6",
                            "linked_logical_router_port_id": "a312bc18-4330-4626-af0c-d8d56aef32e7",
                            "logical_router_id": "306c8861-258a-4b1e-8376-a541d3b2b415",
                            "revision": "0",
                            "service_binding.#": "0",
                            "tag.#": "0"
                        },
                        "meta": {},
                        "tainted": false
                    },
                    "deposed": [],
                    "provider": "provider.nsxt"
                },
                "nsxt_logical_router_link_port_on_tier1.link_port_tier1.94": {
                    "type": "nsxt_logical_router_link_port_on_tier1",
                    "depends_on": [
                        "nsxt_logical_router_link_port_on_tier0.link_port_tier0.*",
                        "nsxt_logical_tier1_router.t1.*"
                    ],
                    "primary": {
                        "id": "590dcf01-7119-4bb6-8d7e-6df02f4acb2b",
                        "attributes": {
                            "description": "",
                            "display_name": "downlink_to_t1_$(count.index)",
                            "id": "590dcf01-7119-4bb6-8d7e-6df02f4acb2b",
                            "linked_logical_router_port_id": "d2b0e620-b6bc-470c-ac4d-9956467ce0d7",
                            "logical_router_id": "0381443b-bc9e-4d48-b11f-94ed59e480a8",
                            "revision": "0",
                            "service_binding.#": "0",
                            "tag.#": "0"
                        },
                        "meta": {},
                        "tainted": false
                    },
                    "deposed": [],
                    "provider": "provider.nsxt"
                },
                "nsxt_logical_router_link_port_on_tier1.link_port_tier1.95": {
                    "type": "nsxt_logical_router_link_port_on_tier1",
                    "depends_on": [
                        "nsxt_logical_router_link_port_on_tier0.link_port_tier0.*",
                        "nsxt_logical_tier1_router.t1.*"
                    ],
                    "primary": {
                        "id": "6a6632f3-c1ef-4192-9d36-e143421e48c2",
                        "attributes": {
                            "description": "",
                            "display_name": "downlink_to_t1_$(count.index)",
                            "id": "6a6632f3-c1ef-4192-9d36-e143421e48c2",
                            "linked_logical_router_port_id": "743dfb79-5e87-49cc-bdcd-8741600aaafc",
                            "logical_router_id": "4d98a907-7381-4dfa-b4fe-55e8d59a05f9",
                            "revision": "0",
                            "service_binding.#": "0",
                            "tag.#": "0"
                        },
                        "meta": {},
                        "tainted": false
                    },
                    "deposed": [],
                    "provider": "provider.nsxt"
                },
                "nsxt_logical_router_link_port_on_tier1.link_port_tier1.96": {
                    "type": "nsxt_logical_router_link_port_on_tier1",
                    "depends_on": [
                        "nsxt_logical_router_link_port_on_tier0.link_port_tier0.*",
                        "nsxt_logical_tier1_router.t1.*"
                    ],
                    "primary": {
                        "id": "59269af6-b5ef-4214-9eb1-9c4b4cf1d128",
                        "attributes": {
                            "description": "",
                            "display_name": "downlink_to_t1_$(count.index)",
                            "id": "59269af6-b5ef-4214-9eb1-9c4b4cf1d128",
                            "linked_logical_router_port_id": "7e452143-102d-45d8-a7db-6232f9d92749",
                            "logical_router_id": "9c5a55a2-5020-47eb-9337-643401d3d361",
                            "revision": "0",
                            "service_binding.#": "0",
                            "tag.#": "0"
                        },
                        "meta": {},
                        "tainted": false
                    },
                    "deposed": [],
                    "provider": "provider.nsxt"
                },
                "nsxt_logical_router_link_port_on_tier1.link_port_tier1.97": {
                    "type": "nsxt_logical_router_link_port_on_tier1",
                    "depends_on": [
                        "nsxt_logical_router_link_port_on_tier0.link_port_tier0.*",
                        "nsxt_logical_tier1_router.t1.*"
                    ],
                    "primary": {
                        "id": "48f89ce6-c1d9-4a38-899b-887206b0afc6",
                        "attributes": {
                            "description": "",
                            "display_name": "downlink_to_t1_$(count.index)",
                            "id": "48f89ce6-c1d9-4a38-899b-887206b0afc6",
                            "linked_logical_router_port_id": "a233cdb9-e8cb-4928-9ff2-f9b9602b6ebc",
                            "logical_router_id": "e704c313-7787-4ed2-b22c-4953da982b72",
                            "revision": "0",
                            "service_binding.#": "0",
                            "tag.#": "0"
                        },
                        "meta": {},
                        "tainted": false
                    },
                    "deposed": [],
                    "provider": "provider.nsxt"
                },
                "nsxt_logical_router_link_port_on_tier1.link_port_tier1.98": {
                    "type": "nsxt_logical_router_link_port_on_tier1",
                    "depends_on": [
                        "nsxt_logical_router_link_port_on_tier0.link_port_tier0.*",
                        "nsxt_logical_tier1_router.t1.*"
                    ],
                    "primary": {
                        "id": "934015f1-2df7-4a98-a22d-e46d99d4180c",
                        "attributes": {
                            "description": "",
                            "display_name": "downlink_to_t1_$(count.index)",
                            "id": "934015f1-2df7-4a98-a22d-e46d99d4180c",
                            "linked_logical_router_port_id": "b4bc428d-30f6-4b27-a979-93d667ac9f45",
                            "logical_router_id": "d2b99c34-b3da-4bf9-a4f6-fa67a81eee7d",
                            "revision": "0",
                            "service_binding.#": "0",
                            "tag.#": "0"
                        },
                        "meta": {},
                        "tainted": false
                    },
                    "deposed": [],
                    "provider": "provider.nsxt"
                },
                "nsxt_logical_router_link_port_on_tier1.link_port_tier1.99": {
                    "type": "nsxt_logical_router_link_port_on_tier1",
                    "depends_on": [
                        "nsxt_logical_router_link_port_on_tier0.link_port_tier0.*",
                        "nsxt_logical_tier1_router.t1.*"
                    ],
                    "primary": {
                        "id": "8395642e-57b0-4a42-ad9c-d62d73afcb6e",
                        "attributes": {
                            "description": "",
                            "display_name": "downlink_to_t1_$(count.index)",
                            "id": "8395642e-57b0-4a42-ad9c-d62d73afcb6e",
                            "linked_logical_router_port_id": "34192d32-295d-4423-9932-e5c9700fd289",
                            "logical_router_id": "2722b3b7-129e-4e7c-bc10-b3ba22338649",
                            "revision": "0",
                            "service_binding.#": "0",
                            "tag.#": "0"
                        },
                        "meta": {},
                        "tainted": false
                    },
                    "deposed": [],
                    "provider": "provider.nsxt"
                },
                "nsxt_logical_switch.switch1.0": {
                    "type": "nsxt_logical_switch",
                    "depends_on": [
                        "data.nsxt_transport_zone.overlay_tz"
                    ],
                    "primary": {
                        "id": "b0a99ba4-0d60-4dab-90bf-536c080962ed",
                        "attributes": {
                            "address_binding.#": "0",
                            "admin_state": "UP",
                            "description": "",
                            "display_name": "terraform_ls_0",
                            "id": "b0a99ba4-0d60-4dab-90bf-536c080962ed",
                            "ip_pool_id": "",
                            "mac_pool_id": "",
                            "replication_mode": "MTEP",
                            "revision": "0",
                            "switching_profile_id.#": "0",
                            "tag.#": "0",
                            "transport_zone_id": "fbed1c13-1e0b-4c3f-bae0-594c14d7debc",
                            "vlan": "0",
                            "vni": "73800"
                        },
                        "meta": {},
                        "tainted": false
                    },
                    "deposed": [],
                    "provider": "provider.nsxt"
                },
                "nsxt_logical_switch.switch1.1": {
                    "type": "nsxt_logical_switch",
                    "depends_on": [
                        "data.nsxt_transport_zone.overlay_tz"
                    ],
                    "primary": {
                        "id": "c97eab33-1ef7-4eb7-b123-4e78e86ccf77",
                        "attributes": {
                            "address_binding.#": "0",
                            "admin_state": "UP",
                            "description": "",
                            "display_name": "terraform_ls_1",
                            "id": "c97eab33-1ef7-4eb7-b123-4e78e86ccf77",
                            "ip_pool_id": "",
                            "mac_pool_id": "",
                            "replication_mode": "MTEP",
                            "revision": "0",
                            "switching_profile_id.#": "0",
                            "tag.#": "0",
                            "transport_zone_id": "fbed1c13-1e0b-4c3f-bae0-594c14d7debc",
                            "vlan": "0",
                            "vni": "73831"
                        },
                        "meta": {},
                        "tainted": false
                    },
                    "deposed": [],
                    "provider": "provider.nsxt"
                },
                "nsxt_logical_switch.switch1.10": {
                    "type": "nsxt_logical_switch",
                    "depends_on": [
                        "data.nsxt_transport_zone.overlay_tz"
                    ],
                    "primary": {
                        "id": "1f88925b-fe24-4e43-87f0-c1120ad4394c",
                        "attributes": {
                            "address_binding.#": "0",
                            "admin_state": "UP",
                            "description": "",
                            "display_name": "terraform_ls_10",
                            "id": "1f88925b-fe24-4e43-87f0-c1120ad4394c",
                            "ip_pool_id": "",
                            "mac_pool_id": "",
                            "replication_mode": "MTEP",
                            "revision": "0",
                            "switching_profile_id.#": "0",
                            "tag.#": "0",
                            "transport_zone_id": "fbed1c13-1e0b-4c3f-bae0-594c14d7debc",
                            "vlan": "0",
                            "vni": "73827"
                        },
                        "meta": {},
                        "tainted": false
                    },
                    "deposed": [],
                    "provider": "provider.nsxt"
                },
                "nsxt_logical_switch.switch1.11": {
                    "type": "nsxt_logical_switch",
                    "depends_on": [
                        "data.nsxt_transport_zone.overlay_tz"
                    ],
                    "primary": {
                        "id": "7afcdbb2-a91d-4eb2-a7ce-5d605fe4baac",
                        "attributes": {
                            "address_binding.#": "0",
                            "admin_state": "UP",
                            "description": "",
                            "display_name": "terraform_ls_11",
                            "id": "7afcdbb2-a91d-4eb2-a7ce-5d605fe4baac",
                            "ip_pool_id": "",
                            "mac_pool_id": "",
                            "replication_mode": "MTEP",
                            "revision": "0",
                            "switching_profile_id.#": "0",
                            "tag.#": "0",
                            "transport_zone_id": "fbed1c13-1e0b-4c3f-bae0-594c14d7debc",
                            "vlan": "0",
                            "vni": "73752"
                        },
                        "meta": {},
                        "tainted": false
                    },
                    "deposed": [],
                    "provider": "provider.nsxt"
                },
                "nsxt_logical_switch.switch1.12": {
                    "type": "nsxt_logical_switch",
                    "depends_on": [
                        "data.nsxt_transport_zone.overlay_tz"
                    ],
                    "primary": {
                        "id": "b9f60d63-a573-46f2-ab78-c6e6a12512b7",
                        "attributes": {
                            "address_binding.#": "0",
                            "admin_state": "UP",
                            "description": "",
                            "display_name": "terraform_ls_12",
                            "id": "b9f60d63-a573-46f2-ab78-c6e6a12512b7",
                            "ip_pool_id": "",
                            "mac_pool_id": "",
                            "replication_mode": "MTEP",
                            "revision": "0",
                            "switching_profile_id.#": "0",
                            "tag.#": "0",
                            "transport_zone_id": "fbed1c13-1e0b-4c3f-bae0-594c14d7debc",
                            "vlan": "0",
                            "vni": "73794"
                        },
                        "meta": {},
                        "tainted": false
                    },
                    "deposed": [],
                    "provider": "provider.nsxt"
                },
                "nsxt_logical_switch.switch1.13": {
                    "type": "nsxt_logical_switch",
                    "depends_on": [
                        "data.nsxt_transport_zone.overlay_tz"
                    ],
                    "primary": {
                        "id": "818d34bc-33d6-4198-b981-3b587d7863fc",
                        "attributes": {
                            "address_binding.#": "0",
                            "admin_state": "UP",
                            "description": "",
                            "display_name": "terraform_ls_13",
                            "id": "818d34bc-33d6-4198-b981-3b587d7863fc",
                            "ip_pool_id": "",
                            "mac_pool_id": "",
                            "replication_mode": "MTEP",
                            "revision": "0",
                            "switching_profile_id.#": "0",
                            "tag.#": "0",
                            "transport_zone_id": "fbed1c13-1e0b-4c3f-bae0-594c14d7debc",
                            "vlan": "0",
                            "vni": "73746"
                        },
                        "meta": {},
                        "tainted": false
                    },
                    "deposed": [],
                    "provider": "provider.nsxt"
                },
                "nsxt_logical_switch.switch1.14": {
                    "type": "nsxt_logical_switch",
                    "depends_on": [
                        "data.nsxt_transport_zone.overlay_tz"
                    ],
                    "primary": {
                        "id": "dd726910-76ce-4ab4-abda-95e613866298",
                        "attributes": {
                            "address_binding.#": "0",
                            "admin_state": "UP",
                            "description": "",
                            "display_name": "terraform_ls_14",
                            "id": "dd726910-76ce-4ab4-abda-95e613866298",
                            "ip_pool_id": "",
                            "mac_pool_id": "",
                            "replication_mode": "MTEP",
                            "revision": "0",
                            "switching_profile_id.#": "0",
                            "tag.#": "0",
                            "transport_zone_id": "fbed1c13-1e0b-4c3f-bae0-594c14d7debc",
                            "vlan": "0",
                            "vni": "73799"
                        },
                        "meta": {},
                        "tainted": false
                    },
                    "deposed": [],
                    "provider": "provider.nsxt"
                },
                "nsxt_logical_switch.switch1.15": {
                    "type": "nsxt_logical_switch",
                    "depends_on": [
                        "data.nsxt_transport_zone.overlay_tz"
                    ],
                    "primary": {
                        "id": "16835ddf-b190-4565-bfe1-2f4d71a647e7",
                        "attributes": {
                            "address_binding.#": "0",
                            "admin_state": "UP",
                            "description": "",
                            "display_name": "terraform_ls_15",
                            "id": "16835ddf-b190-4565-bfe1-2f4d71a647e7",
                            "ip_pool_id": "",
                            "mac_pool_id": "",
                            "replication_mode": "MTEP",
                            "revision": "0",
                            "switching_profile_id.#": "0",
                            "tag.#": "0",
                            "transport_zone_id": "fbed1c13-1e0b-4c3f-bae0-594c14d7debc",
                            "vlan": "0",
                            "vni": "73798"
                        },
                        "meta": {},
                        "tainted": false
                    },
                    "deposed": [],
                    "provider": "provider.nsxt"
                },
                "nsxt_logical_switch.switch1.16": {
                    "type": "nsxt_logical_switch",
                    "depends_on": [
                        "data.nsxt_transport_zone.overlay_tz"
                    ],
                    "primary": {
                        "id": "2cada3fb-163f-4bb2-bd4d-0e70de042185",
                        "attributes": {
                            "address_binding.#": "0",
                            "admin_state": "UP",
                            "description": "",
                            "display_name": "terraform_ls_16",
                            "id": "2cada3fb-163f-4bb2-bd4d-0e70de042185",
                            "ip_pool_id": "",
                            "mac_pool_id": "",
                            "replication_mode": "MTEP",
                            "revision": "0",
                            "switching_profile_id.#": "0",
                            "tag.#": "0",
                            "transport_zone_id": "fbed1c13-1e0b-4c3f-bae0-594c14d7debc",
                            "vlan": "0",
                            "vni": "73776"
                        },
                        "meta": {},
                        "tainted": false
                    },
                    "deposed": [],
                    "provider": "provider.nsxt"
                },
                "nsxt_logical_switch.switch1.17": {
                    "type": "nsxt_logical_switch",
                    "depends_on": [
                        "data.nsxt_transport_zone.overlay_tz"
                    ],
                    "primary": {
                        "id": "0512c44f-0744-4adf-b1dc-d63a7e4ca193",
                        "attributes": {
                            "address_binding.#": "0",
                            "admin_state": "UP",
                            "description": "",
                            "display_name": "terraform_ls_17",
                            "id": "0512c44f-0744-4adf-b1dc-d63a7e4ca193",
                            "ip_pool_id": "",
                            "mac_pool_id": "",
                            "replication_mode": "MTEP",
                            "revision": "0",
                            "switching_profile_id.#": "0",
                            "tag.#": "0",
                            "transport_zone_id": "fbed1c13-1e0b-4c3f-bae0-594c14d7debc",
                            "vlan": "0",
                            "vni": "73824"
                        },
                        "meta": {},
                        "tainted": false
                    },
                    "deposed": [],
                    "provider": "provider.nsxt"
                },
                "nsxt_logical_switch.switch1.18": {
                    "type": "nsxt_logical_switch",
                    "depends_on": [
                        "data.nsxt_transport_zone.overlay_tz"
                    ],
                    "primary": {
                        "id": "e532fa2a-53b7-48e6-83dc-fcca5d861d1d",
                        "attributes": {
                            "address_binding.#": "0",
                            "admin_state": "UP",
                            "description": "",
                            "display_name": "terraform_ls_18",
                            "id": "e532fa2a-53b7-48e6-83dc-fcca5d861d1d",
                            "ip_pool_id": "",
                            "mac_pool_id": "",
                            "replication_mode": "MTEP",
                            "revision": "0",
                            "switching_profile_id.#": "0",
                            "tag.#": "0",
                            "transport_zone_id": "fbed1c13-1e0b-4c3f-bae0-594c14d7debc",
                            "vlan": "0",
                            "vni": "73791"
                        },
                        "meta": {},
                        "tainted": false
                    },
                    "deposed": [],
                    "provider": "provider.nsxt"
                },
                "nsxt_logical_switch.switch1.19": {
                    "type": "nsxt_logical_switch",
                    "depends_on": [
                        "data.nsxt_transport_zone.overlay_tz"
                    ],
                    "primary": {
                        "id": "3f4a7b2a-7f13-4455-b787-83f016138ae2",
                        "attributes": {
                            "address_binding.#": "0",
                            "admin_state": "UP",
                            "description": "",
                            "display_name": "terraform_ls_19",
                            "id": "3f4a7b2a-7f13-4455-b787-83f016138ae2",
                            "ip_pool_id": "",
                            "mac_pool_id": "",
                            "replication_mode": "MTEP",
                            "revision": "0",
                            "switching_profile_id.#": "0",
                            "tag.#": "0",
                            "transport_zone_id": "fbed1c13-1e0b-4c3f-bae0-594c14d7debc",
                            "vlan": "0",
                            "vni": "73834"
                        },
                        "meta": {},
                        "tainted": false
                    },
                    "deposed": [],
                    "provider": "provider.nsxt"
                },
                "nsxt_logical_switch.switch1.2": {
                    "type": "nsxt_logical_switch",
                    "depends_on": [
                        "data.nsxt_transport_zone.overlay_tz"
                    ],
                    "primary": {
                        "id": "7b6a26e6-20b2-44a6-abb1-ad63a4d65b48",
                        "attributes": {
                            "address_binding.#": "0",
                            "admin_state": "UP",
                            "description": "",
                            "display_name": "terraform_ls_2",
                            "id": "7b6a26e6-20b2-44a6-abb1-ad63a4d65b48",
                            "ip_pool_id": "",
                            "mac_pool_id": "",
                            "replication_mode": "MTEP",
                            "revision": "0",
                            "switching_profile_id.#": "0",
                            "tag.#": "0",
                            "transport_zone_id": "fbed1c13-1e0b-4c3f-bae0-594c14d7debc",
                            "vlan": "0",
                            "vni": "73753"
                        },
                        "meta": {},
                        "tainted": false
                    },
                    "deposed": [],
                    "provider": "provider.nsxt"
                },
                "nsxt_logical_switch.switch1.20": {
                    "type": "nsxt_logical_switch",
                    "depends_on": [
                        "data.nsxt_transport_zone.overlay_tz"
                    ],
                    "primary": {
                        "id": "3c5f3d0d-724b-4351-ae9a-b2e7b863c78d",
                        "attributes": {
                            "address_binding.#": "0",
                            "admin_state": "UP",
                            "description": "",
                            "display_name": "terraform_ls_20",
                            "id": "3c5f3d0d-724b-4351-ae9a-b2e7b863c78d",
                            "ip_pool_id": "",
                            "mac_pool_id": "",
                            "replication_mode": "MTEP",
                            "revision": "0",
                            "switching_profile_id.#": "0",
                            "tag.#": "0",
                            "transport_zone_id": "fbed1c13-1e0b-4c3f-bae0-594c14d7debc",
                            "vlan": "0",
                            "vni": "73819"
                        },
                        "meta": {},
                        "tainted": false
                    },
                    "deposed": [],
                    "provider": "provider.nsxt"
                },
                "nsxt_logical_switch.switch1.21": {
                    "type": "nsxt_logical_switch",
                    "depends_on": [
                        "data.nsxt_transport_zone.overlay_tz"
                    ],
                    "primary": {
                        "id": "cd969039-b40f-418c-98c6-b3af6e708e0d",
                        "attributes": {
                            "address_binding.#": "0",
                            "admin_state": "UP",
                            "description": "",
                            "display_name": "terraform_ls_21",
                            "id": "cd969039-b40f-418c-98c6-b3af6e708e0d",
                            "ip_pool_id": "",
                            "mac_pool_id": "",
                            "replication_mode": "MTEP",
                            "revision": "0",
                            "switching_profile_id.#": "0",
                            "tag.#": "0",
                            "transport_zone_id": "fbed1c13-1e0b-4c3f-bae0-594c14d7debc",
                            "vlan": "0",
                            "vni": "73748"
                        },
                        "meta": {},
                        "tainted": false
                    },
                    "deposed": [],
                    "provider": "provider.nsxt"
                },
                "nsxt_logical_switch.switch1.22": {
                    "type": "nsxt_logical_switch",
                    "depends_on": [
                        "data.nsxt_transport_zone.overlay_tz"
                    ],
                    "primary": {
                        "id": "b726d207-5fbe-46b7-9c40-14cc0d14ed5b",
                        "attributes": {
                            "address_binding.#": "0",
                            "admin_state": "UP",
                            "description": "",
                            "display_name": "terraform_ls_22",
                            "id": "b726d207-5fbe-46b7-9c40-14cc0d14ed5b",
                            "ip_pool_id": "",
                            "mac_pool_id": "",
                            "replication_mode": "MTEP",
                            "revision": "0",
                            "switching_profile_id.#": "0",
                            "tag.#": "0",
                            "transport_zone_id": "fbed1c13-1e0b-4c3f-bae0-594c14d7debc",
                            "vlan": "0",
                            "vni": "73805"
                        },
                        "meta": {},
                        "tainted": false
                    },
                    "deposed": [],
                    "provider": "provider.nsxt"
                },
                "nsxt_logical_switch.switch1.23": {
                    "type": "nsxt_logical_switch",
                    "depends_on": [
                        "data.nsxt_transport_zone.overlay_tz"
                    ],
                    "primary": {
                        "id": "03854d64-56ac-4a5b-bffb-abd3191d0d97",
                        "attributes": {
                            "address_binding.#": "0",
                            "admin_state": "UP",
                            "description": "",
                            "display_name": "terraform_ls_23",
                            "id": "03854d64-56ac-4a5b-bffb-abd3191d0d97",
                            "ip_pool_id": "",
                            "mac_pool_id": "",
                            "replication_mode": "MTEP",
                            "revision": "0",
                            "switching_profile_id.#": "0",
                            "tag.#": "0",
                            "transport_zone_id": "fbed1c13-1e0b-4c3f-bae0-594c14d7debc",
                            "vlan": "0",
                            "vni": "73782"
                        },
                        "meta": {},
                        "tainted": false
                    },
                    "deposed": [],
                    "provider": "provider.nsxt"
                },
                "nsxt_logical_switch.switch1.24": {
                    "type": "nsxt_logical_switch",
                    "depends_on": [
                        "data.nsxt_transport_zone.overlay_tz"
                    ],
                    "primary": {
                        "id": "cee12eef-cc31-4e19-8b40-b100043d0398",
                        "attributes": {
                            "address_binding.#": "0",
                            "admin_state": "UP",
                            "description": "",
                            "display_name": "terraform_ls_24",
                            "id": "cee12eef-cc31-4e19-8b40-b100043d0398",
                            "ip_pool_id": "",
                            "mac_pool_id": "",
                            "replication_mode": "MTEP",
                            "revision": "0",
                            "switching_profile_id.#": "0",
                            "tag.#": "0",
                            "transport_zone_id": "fbed1c13-1e0b-4c3f-bae0-594c14d7debc",
                            "vlan": "0",
                            "vni": "73767"
                        },
                        "meta": {},
                        "tainted": false
                    },
                    "deposed": [],
                    "provider": "provider.nsxt"
                },
                "nsxt_logical_switch.switch1.25": {
                    "type": "nsxt_logical_switch",
                    "depends_on": [
                        "data.nsxt_transport_zone.overlay_tz"
                    ],
                    "primary": {
                        "id": "1de54e20-1c2b-480c-aa8d-3af14853dae0",
                        "attributes": {
                            "address_binding.#": "0",
                            "admin_state": "UP",
                            "description": "",
                            "display_name": "terraform_ls_25",
                            "id": "1de54e20-1c2b-480c-aa8d-3af14853dae0",
                            "ip_pool_id": "",
                            "mac_pool_id": "",
                            "replication_mode": "MTEP",
                            "revision": "0",
                            "switching_profile_id.#": "0",
                            "tag.#": "0",
                            "transport_zone_id": "fbed1c13-1e0b-4c3f-bae0-594c14d7debc",
                            "vlan": "0",
                            "vni": "73795"
                        },
                        "meta": {},
                        "tainted": false
                    },
                    "deposed": [],
                    "provider": "provider.nsxt"
                },
                "nsxt_logical_switch.switch1.26": {
                    "type": "nsxt_logical_switch",
                    "depends_on": [
                        "data.nsxt_transport_zone.overlay_tz"
                    ],
                    "primary": {
                        "id": "8bdd751e-6266-4715-a030-603bd84fc322",
                        "attributes": {
                            "address_binding.#": "0",
                            "admin_state": "UP",
                            "description": "",
                            "display_name": "terraform_ls_26",
                            "id": "8bdd751e-6266-4715-a030-603bd84fc322",
                            "ip_pool_id": "",
                            "mac_pool_id": "",
                            "replication_mode": "MTEP",
                            "revision": "0",
                            "switching_profile_id.#": "0",
                            "tag.#": "0",
                            "transport_zone_id": "fbed1c13-1e0b-4c3f-bae0-594c14d7debc",
                            "vlan": "0",
                            "vni": "73788"
                        },
                        "meta": {},
                        "tainted": false
                    },
                    "deposed": [],
                    "provider": "provider.nsxt"
                },
                "nsxt_logical_switch.switch1.27": {
                    "type": "nsxt_logical_switch",
                    "depends_on": [
                        "data.nsxt_transport_zone.overlay_tz"
                    ],
                    "primary": {
                        "id": "ad724924-76f2-4073-845e-8708228093de",
                        "attributes": {
                            "address_binding.#": "0",
                            "admin_state": "UP",
                            "description": "",
                            "display_name": "terraform_ls_27",
                            "id": "ad724924-76f2-4073-845e-8708228093de",
                            "ip_pool_id": "",
                            "mac_pool_id": "",
                            "replication_mode": "MTEP",
                            "revision": "0",
                            "switching_profile_id.#": "0",
                            "tag.#": "0",
                            "transport_zone_id": "fbed1c13-1e0b-4c3f-bae0-594c14d7debc",
                            "vlan": "0",
                            "vni": "73775"
                        },
                        "meta": {},
                        "tainted": false
                    },
                    "deposed": [],
                    "provider": "provider.nsxt"
                },
                "nsxt_logical_switch.switch1.28": {
                    "type": "nsxt_logical_switch",
                    "depends_on": [
                        "data.nsxt_transport_zone.overlay_tz"
                    ],
                    "primary": {
                        "id": "e000fa88-53c9-4d8a-8508-fddfa0df41c7",
                        "attributes": {
                            "address_binding.#": "0",
                            "admin_state": "UP",
                            "description": "",
                            "display_name": "terraform_ls_28",
                            "id": "e000fa88-53c9-4d8a-8508-fddfa0df41c7",
                            "ip_pool_id": "",
                            "mac_pool_id": "",
                            "replication_mode": "MTEP",
                            "revision": "0",
                            "switching_profile_id.#": "0",
                            "tag.#": "0",
                            "transport_zone_id": "fbed1c13-1e0b-4c3f-bae0-594c14d7debc",
                            "vlan": "0",
                            "vni": "73797"
                        },
                        "meta": {},
                        "tainted": false
                    },
                    "deposed": [],
                    "provider": "provider.nsxt"
                },
                "nsxt_logical_switch.switch1.29": {
                    "type": "nsxt_logical_switch",
                    "depends_on": [
                        "data.nsxt_transport_zone.overlay_tz"
                    ],
                    "primary": {
                        "id": "677e80d3-d693-41c5-abc0-b51ce147bf21",
                        "attributes": {
                            "address_binding.#": "0",
                            "admin_state": "UP",
                            "description": "",
                            "display_name": "terraform_ls_29",
                            "id": "677e80d3-d693-41c5-abc0-b51ce147bf21",
                            "ip_pool_id": "",
                            "mac_pool_id": "",
                            "replication_mode": "MTEP",
                            "revision": "0",
                            "switching_profile_id.#": "0",
                            "tag.#": "0",
                            "transport_zone_id": "fbed1c13-1e0b-4c3f-bae0-594c14d7debc",
                            "vlan": "0",
                            "vni": "73762"
                        },
                        "meta": {},
                        "tainted": false
                    },
                    "deposed": [],
                    "provider": "provider.nsxt"
                },
                "nsxt_logical_switch.switch1.3": {
                    "type": "nsxt_logical_switch",
                    "depends_on": [
                        "data.nsxt_transport_zone.overlay_tz"
                    ],
                    "primary": {
                        "id": "f7113ab8-5a7a-4575-a60f-c211b25a8dc1",
                        "attributes": {
                            "address_binding.#": "0",
                            "admin_state": "UP",
                            "description": "",
                            "display_name": "terraform_ls_3",
                            "id": "f7113ab8-5a7a-4575-a60f-c211b25a8dc1",
                            "ip_pool_id": "",
                            "mac_pool_id": "",
                            "replication_mode": "MTEP",
                            "revision": "0",
                            "switching_profile_id.#": "0",
                            "tag.#": "0",
                            "transport_zone_id": "fbed1c13-1e0b-4c3f-bae0-594c14d7debc",
                            "vlan": "0",
                            "vni": "73810"
                        },
                        "meta": {},
                        "tainted": false
                    },
                    "deposed": [],
                    "provider": "provider.nsxt"
                },
                "nsxt_logical_switch.switch1.30": {
                    "type": "nsxt_logical_switch",
                    "depends_on": [
                        "data.nsxt_transport_zone.overlay_tz"
                    ],
                    "primary": {
                        "id": "63007ea8-fa88-41c5-8ea0-70af0f8c9ec9",
                        "attributes": {
                            "address_binding.#": "0",
                            "admin_state": "UP",
                            "description": "",
                            "display_name": "terraform_ls_30",
                            "id": "63007ea8-fa88-41c5-8ea0-70af0f8c9ec9",
                            "ip_pool_id": "",
                            "mac_pool_id": "",
                            "replication_mode": "MTEP",
                            "revision": "0",
                            "switching_profile_id.#": "0",
                            "tag.#": "0",
                            "transport_zone_id": "fbed1c13-1e0b-4c3f-bae0-594c14d7debc",
                            "vlan": "0",
                            "vni": "73755"
                        },
                        "meta": {},
                        "tainted": false
                    },
                    "deposed": [],
                    "provider": "provider.nsxt"
                },
                "nsxt_logical_switch.switch1.31": {
                    "type": "nsxt_logical_switch",
                    "depends_on": [
                        "data.nsxt_transport_zone.overlay_tz"
                    ],
                    "primary": {
                        "id": "66fcfea2-663e-4925-a307-e113d88c9acc",
                        "attributes": {
                            "address_binding.#": "0",
                            "admin_state": "UP",
                            "description": "",
                            "display_name": "terraform_ls_31",
                            "id": "66fcfea2-663e-4925-a307-e113d88c9acc",
                            "ip_pool_id": "",
                            "mac_pool_id": "",
                            "replication_mode": "MTEP",
                            "revision": "0",
                            "switching_profile_id.#": "0",
                            "tag.#": "0",
                            "transport_zone_id": "fbed1c13-1e0b-4c3f-bae0-594c14d7debc",
                            "vlan": "0",
                            "vni": "73749"
                        },
                        "meta": {},
                        "tainted": false
                    },
                    "deposed": [],
                    "provider": "provider.nsxt"
                },
                "nsxt_logical_switch.switch1.32": {
                    "type": "nsxt_logical_switch",
                    "depends_on": [
                        "data.nsxt_transport_zone.overlay_tz"
                    ],
                    "primary": {
                        "id": "7d9551ef-bded-42ab-a7aa-54d0f2fa8a62",
                        "attributes": {
                            "address_binding.#": "0",
                            "admin_state": "UP",
                            "description": "",
                            "display_name": "terraform_ls_32",
                            "id": "7d9551ef-bded-42ab-a7aa-54d0f2fa8a62",
                            "ip_pool_id": "",
                            "mac_pool_id": "",
                            "replication_mode": "MTEP",
                            "revision": "0",
                            "switching_profile_id.#": "0",
                            "tag.#": "0",
                            "transport_zone_id": "fbed1c13-1e0b-4c3f-bae0-594c14d7debc",
                            "vlan": "0",
                            "vni": "73841"
                        },
                        "meta": {},
                        "tainted": false
                    },
                    "deposed": [],
                    "provider": "provider.nsxt"
                },
                "nsxt_logical_switch.switch1.33": {
                    "type": "nsxt_logical_switch",
                    "depends_on": [
                        "data.nsxt_transport_zone.overlay_tz"
                    ],
                    "primary": {
                        "id": "c5e9cfcc-ce6d-4d01-8095-ccd51426348b",
                        "attributes": {
                            "address_binding.#": "0",
                            "admin_state": "UP",
                            "description": "",
                            "display_name": "terraform_ls_33",
                            "id": "c5e9cfcc-ce6d-4d01-8095-ccd51426348b",
                            "ip_pool_id": "",
                            "mac_pool_id": "",
                            "replication_mode": "MTEP",
                            "revision": "0",
                            "switching_profile_id.#": "0",
                            "tag.#": "0",
                            "transport_zone_id": "fbed1c13-1e0b-4c3f-bae0-594c14d7debc",
                            "vlan": "0",
                            "vni": "73781"
                        },
                        "meta": {},
                        "tainted": false
                    },
                    "deposed": [],
                    "provider": "provider.nsxt"
                },
                "nsxt_logical_switch.switch1.34": {
                    "type": "nsxt_logical_switch",
                    "depends_on": [
                        "data.nsxt_transport_zone.overlay_tz"
                    ],
                    "primary": {
                        "id": "e6373692-0317-4210-b367-acd0cca9c87b",
                        "attributes": {
                            "address_binding.#": "0",
                            "admin_state": "UP",
                            "description": "",
                            "display_name": "terraform_ls_34",
                            "id": "e6373692-0317-4210-b367-acd0cca9c87b",
                            "ip_pool_id": "",
                            "mac_pool_id": "",
                            "replication_mode": "MTEP",
                            "revision": "0",
                            "switching_profile_id.#": "0",
                            "tag.#": "0",
                            "transport_zone_id": "fbed1c13-1e0b-4c3f-bae0-594c14d7debc",
                            "vlan": "0",
                            "vni": "73763"
                        },
                        "meta": {},
                        "tainted": false
                    },
                    "deposed": [],
                    "provider": "provider.nsxt"
                },
                "nsxt_logical_switch.switch1.35": {
                    "type": "nsxt_logical_switch",
                    "depends_on": [
                        "data.nsxt_transport_zone.overlay_tz"
                    ],
                    "primary": {
                        "id": "70dad9c1-9485-4142-a01e-7848794bf3e2",
                        "attributes": {
                            "address_binding.#": "0",
                            "admin_state": "UP",
                            "description": "",
                            "display_name": "terraform_ls_35",
                            "id": "70dad9c1-9485-4142-a01e-7848794bf3e2",
                            "ip_pool_id": "",
                            "mac_pool_id": "",
                            "replication_mode": "MTEP",
                            "revision": "0",
                            "switching_profile_id.#": "0",
                            "tag.#": "0",
                            "transport_zone_id": "fbed1c13-1e0b-4c3f-bae0-594c14d7debc",
                            "vlan": "0",
                            "vni": "73774"
                        },
                        "meta": {},
                        "tainted": false
                    },
                    "deposed": [],
                    "provider": "provider.nsxt"
                },
                "nsxt_logical_switch.switch1.36": {
                    "type": "nsxt_logical_switch",
                    "depends_on": [
                        "data.nsxt_transport_zone.overlay_tz"
                    ],
                    "primary": {
                        "id": "7a8a8edd-f78d-450a-9d41-03f320dea31e",
                        "attributes": {
                            "address_binding.#": "0",
                            "admin_state": "UP",
                            "description": "",
                            "display_name": "terraform_ls_36",
                            "id": "7a8a8edd-f78d-450a-9d41-03f320dea31e",
                            "ip_pool_id": "",
                            "mac_pool_id": "",
                            "replication_mode": "MTEP",
                            "revision": "0",
                            "switching_profile_id.#": "0",
                            "tag.#": "0",
                            "transport_zone_id": "fbed1c13-1e0b-4c3f-bae0-594c14d7debc",
                            "vlan": "0",
                            "vni": "73750"
                        },
                        "meta": {},
                        "tainted": false
                    },
                    "deposed": [],
                    "provider": "provider.nsxt"
                },
                "nsxt_logical_switch.switch1.37": {
                    "type": "nsxt_logical_switch",
                    "depends_on": [
                        "data.nsxt_transport_zone.overlay_tz"
                    ],
                    "primary": {
                        "id": "c29857bd-75ac-44b5-9e6f-5648143279bc",
                        "attributes": {
                            "address_binding.#": "0",
                            "admin_state": "UP",
                            "description": "",
                            "display_name": "terraform_ls_37",
                            "id": "c29857bd-75ac-44b5-9e6f-5648143279bc",
                            "ip_pool_id": "",
                            "mac_pool_id": "",
                            "replication_mode": "MTEP",
                            "revision": "0",
                            "switching_profile_id.#": "0",
                            "tag.#": "0",
                            "transport_zone_id": "fbed1c13-1e0b-4c3f-bae0-594c14d7debc",
                            "vlan": "0",
                            "vni": "73837"
                        },
                        "meta": {},
                        "tainted": false
                    },
                    "deposed": [],
                    "provider": "provider.nsxt"
                },
                "nsxt_logical_switch.switch1.38": {
                    "type": "nsxt_logical_switch",
                    "depends_on": [
                        "data.nsxt_transport_zone.overlay_tz"
                    ],
                    "primary": {
                        "id": "58e3a283-cf2e-4f72-94d8-257c164d681b",
                        "attributes": {
                            "address_binding.#": "0",
                            "admin_state": "UP",
                            "description": "",
                            "display_name": "terraform_ls_38",
                            "id": "58e3a283-cf2e-4f72-94d8-257c164d681b",
                            "ip_pool_id": "",
                            "mac_pool_id": "",
                            "replication_mode": "MTEP",
                            "revision": "0",
                            "switching_profile_id.#": "0",
                            "tag.#": "0",
                            "transport_zone_id": "fbed1c13-1e0b-4c3f-bae0-594c14d7debc",
                            "vlan": "0",
                            "vni": "73764"
                        },
                        "meta": {},
                        "tainted": false
                    },
                    "deposed": [],
                    "provider": "provider.nsxt"
                },
                "nsxt_logical_switch.switch1.39": {
                    "type": "nsxt_logical_switch",
                    "depends_on": [
                        "data.nsxt_transport_zone.overlay_tz"
                    ],
                    "primary": {
                        "id": "3b5a66c9-8f03-4957-b497-568a10f5e174",
                        "attributes": {
                            "address_binding.#": "0",
                            "admin_state": "UP",
                            "description": "",
                            "display_name": "terraform_ls_39",
                            "id": "3b5a66c9-8f03-4957-b497-568a10f5e174",
                            "ip_pool_id": "",
                            "mac_pool_id": "",
                            "replication_mode": "MTEP",
                            "revision": "0",
                            "switching_profile_id.#": "0",
                            "tag.#": "0",
                            "transport_zone_id": "fbed1c13-1e0b-4c3f-bae0-594c14d7debc",
                            "vlan": "0",
                            "vni": "73807"
                        },
                        "meta": {},
                        "tainted": false
                    },
                    "deposed": [],
                    "provider": "provider.nsxt"
                },
                "nsxt_logical_switch.switch1.4": {
                    "type": "nsxt_logical_switch",
                    "depends_on": [
                        "data.nsxt_transport_zone.overlay_tz"
                    ],
                    "primary": {
                        "id": "b49a0a13-5032-4480-8952-c3ac5fc26d22",
                        "attributes": {
                            "address_binding.#": "0",
                            "admin_state": "UP",
                            "description": "",
                            "display_name": "terraform_ls_4",
                            "id": "b49a0a13-5032-4480-8952-c3ac5fc26d22",
                            "ip_pool_id": "",
                            "mac_pool_id": "",
                            "replication_mode": "MTEP",
                            "revision": "0",
                            "switching_profile_id.#": "0",
                            "tag.#": "0",
                            "transport_zone_id": "fbed1c13-1e0b-4c3f-bae0-594c14d7debc",
                            "vlan": "0",
                            "vni": "73802"
                        },
                        "meta": {},
                        "tainted": false
                    },
                    "deposed": [],
                    "provider": "provider.nsxt"
                },
                "nsxt_logical_switch.switch1.40": {
                    "type": "nsxt_logical_switch",
                    "depends_on": [
                        "data.nsxt_transport_zone.overlay_tz"
                    ],
                    "primary": {
                        "id": "18a1dcf3-6a2e-4f57-aed5-b7cf945716fa",
                        "attributes": {
                            "address_binding.#": "0",
                            "admin_state": "UP",
                            "description": "",
                            "display_name": "terraform_ls_40",
                            "id": "18a1dcf3-6a2e-4f57-aed5-b7cf945716fa",
                            "ip_pool_id": "",
                            "mac_pool_id": "",
                            "replication_mode": "MTEP",
                            "revision": "0",
                            "switching_profile_id.#": "0",
                            "tag.#": "0",
                            "transport_zone_id": "fbed1c13-1e0b-4c3f-bae0-594c14d7debc",
                            "vlan": "0",
                            "vni": "73809"
                        },
                        "meta": {},
                        "tainted": false
                    },
                    "deposed": [],
                    "provider": "provider.nsxt"
                },
                "nsxt_logical_switch.switch1.41": {
                    "type": "nsxt_logical_switch",
                    "depends_on": [
                        "data.nsxt_transport_zone.overlay_tz"
                    ],
                    "primary": {
                        "id": "a789d975-99ed-4834-9fd2-524a823abb96",
                        "attributes": {
                            "address_binding.#": "0",
                            "admin_state": "UP",
                            "description": "",
                            "display_name": "terraform_ls_41",
                            "id": "a789d975-99ed-4834-9fd2-524a823abb96",
                            "ip_pool_id": "",
                            "mac_pool_id": "",
                            "replication_mode": "MTEP",
                            "revision": "0",
                            "switching_profile_id.#": "0",
                            "tag.#": "0",
                            "transport_zone_id": "fbed1c13-1e0b-4c3f-bae0-594c14d7debc",
                            "vlan": "0",
                            "vni": "73745"
                        },
                        "meta": {},
                        "tainted": false
                    },
                    "deposed": [],
                    "provider": "provider.nsxt"
                },
                "nsxt_logical_switch.switch1.42": {
                    "type": "nsxt_logical_switch",
                    "depends_on": [
                        "data.nsxt_transport_zone.overlay_tz"
                    ],
                    "primary": {
                        "id": "a6702c2d-ea69-44ef-ad0e-20b6a1641e96",
                        "attributes": {
                            "address_binding.#": "0",
                            "admin_state": "UP",
                            "description": "",
                            "display_name": "terraform_ls_42",
                            "id": "a6702c2d-ea69-44ef-ad0e-20b6a1641e96",
                            "ip_pool_id": "",
                            "mac_pool_id": "",
                            "replication_mode": "MTEP",
                            "revision": "0",
                            "switching_profile_id.#": "0",
                            "tag.#": "0",
                            "transport_zone_id": "fbed1c13-1e0b-4c3f-bae0-594c14d7debc",
                            "vlan": "0",
                            "vni": "73825"
                        },
                        "meta": {},
                        "tainted": false
                    },
                    "deposed": [],
                    "provider": "provider.nsxt"
                },
                "nsxt_logical_switch.switch1.43": {
                    "type": "nsxt_logical_switch",
                    "depends_on": [
                        "data.nsxt_transport_zone.overlay_tz"
                    ],
                    "primary": {
                        "id": "362647ef-7464-4a65-8e68-7b48ae70f43d",
                        "attributes": {
                            "address_binding.#": "0",
                            "admin_state": "UP",
                            "description": "",
                            "display_name": "terraform_ls_43",
                            "id": "362647ef-7464-4a65-8e68-7b48ae70f43d",
                            "ip_pool_id": "",
                            "mac_pool_id": "",
                            "replication_mode": "MTEP",
                            "revision": "0",
                            "switching_profile_id.#": "0",
                            "tag.#": "0",
                            "transport_zone_id": "fbed1c13-1e0b-4c3f-bae0-594c14d7debc",
                            "vlan": "0",
                            "vni": "73761"
                        },
                        "meta": {},
                        "tainted": false
                    },
                    "deposed": [],
                    "provider": "provider.nsxt"
                },
                "nsxt_logical_switch.switch1.44": {
                    "type": "nsxt_logical_switch",
                    "depends_on": [
                        "data.nsxt_transport_zone.overlay_tz"
                    ],
                    "primary": {
                        "id": "d011524b-aa57-4fb0-9f91-02b457851027",
                        "attributes": {
                            "address_binding.#": "0",
                            "admin_state": "UP",
                            "description": "",
                            "display_name": "terraform_ls_44",
                            "id": "d011524b-aa57-4fb0-9f91-02b457851027",
                            "ip_pool_id": "",
                            "mac_pool_id": "",
                            "replication_mode": "MTEP",
                            "revision": "0",
                            "switching_profile_id.#": "0",
                            "tag.#": "0",
                            "transport_zone_id": "fbed1c13-1e0b-4c3f-bae0-594c14d7debc",
                            "vlan": "0",
                            "vni": "73813"
                        },
                        "meta": {},
                        "tainted": false
                    },
                    "deposed": [],
                    "provider": "provider.nsxt"
                },
                "nsxt_logical_switch.switch1.45": {
                    "type": "nsxt_logical_switch",
                    "depends_on": [
                        "data.nsxt_transport_zone.overlay_tz"
                    ],
                    "primary": {
                        "id": "c01a1876-8f33-40b7-bf54-0ee6ad53afef",
                        "attributes": {
                            "address_binding.#": "0",
                            "admin_state": "UP",
                            "description": "",
                            "display_name": "terraform_ls_45",
                            "id": "c01a1876-8f33-40b7-bf54-0ee6ad53afef",
                            "ip_pool_id": "",
                            "mac_pool_id": "",
                            "replication_mode": "MTEP",
                            "revision": "0",
                            "switching_profile_id.#": "0",
                            "tag.#": "0",
                            "transport_zone_id": "fbed1c13-1e0b-4c3f-bae0-594c14d7debc",
                            "vlan": "0",
                            "vni": "73833"
                        },
                        "meta": {},
                        "tainted": false
                    },
                    "deposed": [],
                    "provider": "provider.nsxt"
                },
                "nsxt_logical_switch.switch1.46": {
                    "type": "nsxt_logical_switch",
                    "depends_on": [
                        "data.nsxt_transport_zone.overlay_tz"
                    ],
                    "primary": {
                        "id": "9dbb9001-850a-4005-b572-93ddfb992951",
                        "attributes": {
                            "address_binding.#": "0",
                            "admin_state": "UP",
                            "description": "",
                            "display_name": "terraform_ls_46",
                            "id": "9dbb9001-850a-4005-b572-93ddfb992951",
                            "ip_pool_id": "",
                            "mac_pool_id": "",
                            "replication_mode": "MTEP",
                            "revision": "0",
                            "switching_profile_id.#": "0",
                            "tag.#": "0",
                            "transport_zone_id": "fbed1c13-1e0b-4c3f-bae0-594c14d7debc",
                            "vlan": "0",
                            "vni": "73769"
                        },
                        "meta": {},
                        "tainted": false
                    },
                    "deposed": [],
                    "provider": "provider.nsxt"
                },
                "nsxt_logical_switch.switch1.47": {
                    "type": "nsxt_logical_switch",
                    "depends_on": [
                        "data.nsxt_transport_zone.overlay_tz"
                    ],
                    "primary": {
                        "id": "d62de307-e66a-43d0-85c3-c34fdaa5dac2",
                        "attributes": {
                            "address_binding.#": "0",
                            "admin_state": "UP",
                            "description": "",
                            "display_name": "terraform_ls_47",
                            "id": "d62de307-e66a-43d0-85c3-c34fdaa5dac2",
                            "ip_pool_id": "",
                            "mac_pool_id": "",
                            "replication_mode": "MTEP",
                            "revision": "0",
                            "switching_profile_id.#": "0",
                            "tag.#": "0",
                            "transport_zone_id": "fbed1c13-1e0b-4c3f-bae0-594c14d7debc",
                            "vlan": "0",
                            "vni": "73757"
                        },
                        "meta": {},
                        "tainted": false
                    },
                    "deposed": [],
                    "provider": "provider.nsxt"
                },
                "nsxt_logical_switch.switch1.48": {
                    "type": "nsxt_logical_switch",
                    "depends_on": [
                        "data.nsxt_transport_zone.overlay_tz"
                    ],
                    "primary": {
                        "id": "501806b7-5250-41d9-8010-2f6c92d7e03d",
                        "attributes": {
                            "address_binding.#": "0",
                            "admin_state": "UP",
                            "description": "",
                            "display_name": "terraform_ls_48",
                            "id": "501806b7-5250-41d9-8010-2f6c92d7e03d",
                            "ip_pool_id": "",
                            "mac_pool_id": "",
                            "replication_mode": "MTEP",
                            "revision": "0",
                            "switching_profile_id.#": "0",
                            "tag.#": "0",
                            "transport_zone_id": "fbed1c13-1e0b-4c3f-bae0-594c14d7debc",
                            "vlan": "0",
                            "vni": "73790"
                        },
                        "meta": {},
                        "tainted": false
                    },
                    "deposed": [],
                    "provider": "provider.nsxt"
                },
                "nsxt_logical_switch.switch1.49": {
                    "type": "nsxt_logical_switch",
                    "depends_on": [
                        "data.nsxt_transport_zone.overlay_tz"
                    ],
                    "primary": {
                        "id": "ed453d68-0e10-45dc-8464-8f69e3c9243c",
                        "attributes": {
                            "address_binding.#": "0",
                            "admin_state": "UP",
                            "description": "",
                            "display_name": "terraform_ls_49",
                            "id": "ed453d68-0e10-45dc-8464-8f69e3c9243c",
                            "ip_pool_id": "",
                            "mac_pool_id": "",
                            "replication_mode": "MTEP",
                            "revision": "0",
                            "switching_profile_id.#": "0",
                            "tag.#": "0",
                            "transport_zone_id": "fbed1c13-1e0b-4c3f-bae0-594c14d7debc",
                            "vlan": "0",
                            "vni": "73773"
                        },
                        "meta": {},
                        "tainted": false
                    },
                    "deposed": [],
                    "provider": "provider.nsxt"
                },
                "nsxt_logical_switch.switch1.5": {
                    "type": "nsxt_logical_switch",
                    "depends_on": [
                        "data.nsxt_transport_zone.overlay_tz"
                    ],
                    "primary": {
                        "id": "b289c328-eeee-4d74-a309-5e676c9d0120",
                        "attributes": {
                            "address_binding.#": "0",
                            "admin_state": "UP",
                            "description": "",
                            "display_name": "terraform_ls_5",
                            "id": "b289c328-eeee-4d74-a309-5e676c9d0120",
                            "ip_pool_id": "",
                            "mac_pool_id": "",
                            "replication_mode": "MTEP",
                            "revision": "0",
                            "switching_profile_id.#": "0",
                            "tag.#": "0",
                            "transport_zone_id": "fbed1c13-1e0b-4c3f-bae0-594c14d7debc",
                            "vlan": "0",
                            "vni": "73815"
                        },
                        "meta": {},
                        "tainted": false
                    },
                    "deposed": [],
                    "provider": "provider.nsxt"
                },
                "nsxt_logical_switch.switch1.50": {
                    "type": "nsxt_logical_switch",
                    "depends_on": [
                        "data.nsxt_transport_zone.overlay_tz"
                    ],
                    "primary": {
                        "id": "ee4c786b-c19e-4f44-9702-a9100be818a5",
                        "attributes": {
                            "address_binding.#": "0",
                            "admin_state": "UP",
                            "description": "",
                            "display_name": "terraform_ls_50",
                            "id": "ee4c786b-c19e-4f44-9702-a9100be818a5",
                            "ip_pool_id": "",
                            "mac_pool_id": "",
                            "replication_mode": "MTEP",
                            "revision": "0",
                            "switching_profile_id.#": "0",
                            "tag.#": "0",
                            "transport_zone_id": "fbed1c13-1e0b-4c3f-bae0-594c14d7debc",
                            "vlan": "0",
                            "vni": "73747"
                        },
                        "meta": {},
                        "tainted": false
                    },
                    "deposed": [],
                    "provider": "provider.nsxt"
                },
                "nsxt_logical_switch.switch1.51": {
                    "type": "nsxt_logical_switch",
                    "depends_on": [
                        "data.nsxt_transport_zone.overlay_tz"
                    ],
                    "primary": {
                        "id": "dd8fdcc6-fae7-43e3-a8c2-6cc1261e6bad",
                        "attributes": {
                            "address_binding.#": "0",
                            "admin_state": "UP",
                            "description": "",
                            "display_name": "terraform_ls_51",
                            "id": "dd8fdcc6-fae7-43e3-a8c2-6cc1261e6bad",
                            "ip_pool_id": "",
                            "mac_pool_id": "",
                            "replication_mode": "MTEP",
                            "revision": "0",
                            "switching_profile_id.#": "0",
                            "tag.#": "0",
                            "transport_zone_id": "fbed1c13-1e0b-4c3f-bae0-594c14d7debc",
                            "vlan": "0",
                            "vni": "73760"
                        },
                        "meta": {},
                        "tainted": false
                    },
                    "deposed": [],
                    "provider": "provider.nsxt"
                },
                "nsxt_logical_switch.switch1.52": {
                    "type": "nsxt_logical_switch",
                    "depends_on": [
                        "data.nsxt_transport_zone.overlay_tz"
                    ],
                    "primary": {
                        "id": "02d939f9-47d8-49df-b5eb-7d483ca30eb2",
                        "attributes": {
                            "address_binding.#": "0",
                            "admin_state": "UP",
                            "description": "",
                            "display_name": "terraform_ls_52",
                            "id": "02d939f9-47d8-49df-b5eb-7d483ca30eb2",
                            "ip_pool_id": "",
                            "mac_pool_id": "",
                            "replication_mode": "MTEP",
                            "revision": "0",
                            "switching_profile_id.#": "0",
                            "tag.#": "0",
                            "transport_zone_id": "fbed1c13-1e0b-4c3f-bae0-594c14d7debc",
                            "vlan": "0",
                            "vni": "73817"
                        },
                        "meta": {},
                        "tainted": false
                    },
                    "deposed": [],
                    "provider": "provider.nsxt"
                },
                "nsxt_logical_switch.switch1.53": {
                    "type": "nsxt_logical_switch",
                    "depends_on": [
                        "data.nsxt_transport_zone.overlay_tz"
                    ],
                    "primary": {
                        "id": "ace8f043-67a2-413b-886d-10cadb5afcd4",
                        "attributes": {
                            "address_binding.#": "0",
                            "admin_state": "UP",
                            "description": "",
                            "display_name": "terraform_ls_53",
                            "id": "ace8f043-67a2-413b-886d-10cadb5afcd4",
                            "ip_pool_id": "",
                            "mac_pool_id": "",
                            "replication_mode": "MTEP",
                            "revision": "0",
                            "switching_profile_id.#": "0",
                            "tag.#": "0",
                            "transport_zone_id": "fbed1c13-1e0b-4c3f-bae0-594c14d7debc",
                            "vlan": "0",
                            "vni": "73777"
                        },
                        "meta": {},
                        "tainted": false
                    },
                    "deposed": [],
                    "provider": "provider.nsxt"
                },
                "nsxt_logical_switch.switch1.54": {
                    "type": "nsxt_logical_switch",
                    "depends_on": [
                        "data.nsxt_transport_zone.overlay_tz"
                    ],
                    "primary": {
                        "id": "4b617879-c393-446d-a0a3-277675a7fec9",
                        "attributes": {
                            "address_binding.#": "0",
                            "admin_state": "UP",
                            "description": "",
                            "display_name": "terraform_ls_54",
                            "id": "4b617879-c393-446d-a0a3-277675a7fec9",
                            "ip_pool_id": "",
                            "mac_pool_id": "",
                            "replication_mode": "MTEP",
                            "revision": "0",
                            "switching_profile_id.#": "0",
                            "tag.#": "0",
                            "transport_zone_id": "fbed1c13-1e0b-4c3f-bae0-594c14d7debc",
                            "vlan": "0",
                            "vni": "73778"
                        },
                        "meta": {},
                        "tainted": false
                    },
                    "deposed": [],
                    "provider": "provider.nsxt"
                },
                "nsxt_logical_switch.switch1.55": {
                    "type": "nsxt_logical_switch",
                    "depends_on": [
                        "data.nsxt_transport_zone.overlay_tz"
                    ],
                    "primary": {
                        "id": "1ae4de7e-897f-4e02-9142-d97c4bc28a08",
                        "attributes": {
                            "address_binding.#": "0",
                            "admin_state": "UP",
                            "description": "",
                            "display_name": "terraform_ls_55",
                            "id": "1ae4de7e-897f-4e02-9142-d97c4bc28a08",
                            "ip_pool_id": "",
                            "mac_pool_id": "",
                            "replication_mode": "MTEP",
                            "revision": "0",
                            "switching_profile_id.#": "0",
                            "tag.#": "0",
                            "transport_zone_id": "fbed1c13-1e0b-4c3f-bae0-594c14d7debc",
                            "vlan": "0",
                            "vni": "73811"
                        },
                        "meta": {},
                        "tainted": false
                    },
                    "deposed": [],
                    "provider": "provider.nsxt"
                },
                "nsxt_logical_switch.switch1.56": {
                    "type": "nsxt_logical_switch",
                    "depends_on": [
                        "data.nsxt_transport_zone.overlay_tz"
                    ],
                    "primary": {
                        "id": "a8eeb5df-a3dc-4330-b05e-4d6f86a942fc",
                        "attributes": {
                            "address_binding.#": "0",
                            "admin_state": "UP",
                            "description": "",
                            "display_name": "terraform_ls_56",
                            "id": "a8eeb5df-a3dc-4330-b05e-4d6f86a942fc",
                            "ip_pool_id": "",
                            "mac_pool_id": "",
                            "replication_mode": "MTEP",
                            "revision": "0",
                            "switching_profile_id.#": "0",
                            "tag.#": "0",
                            "transport_zone_id": "fbed1c13-1e0b-4c3f-bae0-594c14d7debc",
                            "vlan": "0",
                            "vni": "73754"
                        },
                        "meta": {},
                        "tainted": false
                    },
                    "deposed": [],
                    "provider": "provider.nsxt"
                },
                "nsxt_logical_switch.switch1.57": {
                    "type": "nsxt_logical_switch",
                    "depends_on": [
                        "data.nsxt_transport_zone.overlay_tz"
                    ],
                    "primary": {
                        "id": "fed5c1a2-89fa-4a45-b9c5-b2908a15398c",
                        "attributes": {
                            "address_binding.#": "0",
                            "admin_state": "UP",
                            "description": "",
                            "display_name": "terraform_ls_57",
                            "id": "fed5c1a2-89fa-4a45-b9c5-b2908a15398c",
                            "ip_pool_id": "",
                            "mac_pool_id": "",
                            "replication_mode": "MTEP",
                            "revision": "0",
                            "switching_profile_id.#": "0",
                            "tag.#": "0",
                            "transport_zone_id": "fbed1c13-1e0b-4c3f-bae0-594c14d7debc",
                            "vlan": "0",
                            "vni": "73814"
                        },
                        "meta": {},
                        "tainted": false
                    },
                    "deposed": [],
                    "provider": "provider.nsxt"
                },
                "nsxt_logical_switch.switch1.58": {
                    "type": "nsxt_logical_switch",
                    "depends_on": [
                        "data.nsxt_transport_zone.overlay_tz"
                    ],
                    "primary": {
                        "id": "e36265d1-efed-4300-8dc0-2a3f0b615691",
                        "attributes": {
                            "address_binding.#": "0",
                            "admin_state": "UP",
                            "description": "",
                            "display_name": "terraform_ls_58",
                            "id": "e36265d1-efed-4300-8dc0-2a3f0b615691",
                            "ip_pool_id": "",
                            "mac_pool_id": "",
                            "replication_mode": "MTEP",
                            "revision": "0",
                            "switching_profile_id.#": "0",
                            "tag.#": "0",
                            "transport_zone_id": "fbed1c13-1e0b-4c3f-bae0-594c14d7debc",
                            "vlan": "0",
                            "vni": "73838"
                        },
                        "meta": {},
                        "tainted": false
                    },
                    "deposed": [],
                    "provider": "provider.nsxt"
                },
                "nsxt_logical_switch.switch1.59": {
                    "type": "nsxt_logical_switch",
                    "depends_on": [
                        "data.nsxt_transport_zone.overlay_tz"
                    ],
                    "primary": {
                        "id": "316e1d8e-30ab-4ddc-8dcb-923c201b8046",
                        "attributes": {
                            "address_binding.#": "0",
                            "admin_state": "UP",
                            "description": "",
                            "display_name": "terraform_ls_59",
                            "id": "316e1d8e-30ab-4ddc-8dcb-923c201b8046",
                            "ip_pool_id": "",
                            "mac_pool_id": "",
                            "replication_mode": "MTEP",
                            "revision": "0",
                            "switching_profile_id.#": "0",
                            "tag.#": "0",
                            "transport_zone_id": "fbed1c13-1e0b-4c3f-bae0-594c14d7debc",
                            "vlan": "0",
                            "vni": "73820"
                        },
                        "meta": {},
                        "tainted": false
                    },
                    "deposed": [],
                    "provider": "provider.nsxt"
                },
                "nsxt_logical_switch.switch1.6": {
                    "type": "nsxt_logical_switch",
                    "depends_on": [
                        "data.nsxt_transport_zone.overlay_tz"
                    ],
                    "primary": {
                        "id": "3031b355-e087-41c2-83d5-676fe5da1a32",
                        "attributes": {
                            "address_binding.#": "0",
                            "admin_state": "UP",
                            "description": "",
                            "display_name": "terraform_ls_6",
                            "id": "3031b355-e087-41c2-83d5-676fe5da1a32",
                            "ip_pool_id": "",
                            "mac_pool_id": "",
                            "replication_mode": "MTEP",
                            "revision": "0",
                            "switching_profile_id.#": "0",
                            "tag.#": "0",
                            "transport_zone_id": "fbed1c13-1e0b-4c3f-bae0-594c14d7debc",
                            "vlan": "0",
                            "vni": "73770"
                        },
                        "meta": {},
                        "tainted": false
                    },
                    "deposed": [],
                    "provider": "provider.nsxt"
                },
                "nsxt_logical_switch.switch1.60": {
                    "type": "nsxt_logical_switch",
                    "depends_on": [
                        "data.nsxt_transport_zone.overlay_tz"
                    ],
                    "primary": {
                        "id": "b09c4bb6-320e-4f71-929f-6421eab07acc",
                        "attributes": {
                            "address_binding.#": "0",
                            "admin_state": "UP",
                            "description": "",
                            "display_name": "terraform_ls_60",
                            "id": "b09c4bb6-320e-4f71-929f-6421eab07acc",
                            "ip_pool_id": "",
                            "mac_pool_id": "",
                            "replication_mode": "MTEP",
                            "revision": "0",
                            "switching_profile_id.#": "0",
                            "tag.#": "0",
                            "transport_zone_id": "fbed1c13-1e0b-4c3f-bae0-594c14d7debc",
                            "vlan": "0",
                            "vni": "73826"
                        },
                        "meta": {},
                        "tainted": false
                    },
                    "deposed": [],
                    "provider": "provider.nsxt"
                },
                "nsxt_logical_switch.switch1.61": {
                    "type": "nsxt_logical_switch",
                    "depends_on": [
                        "data.nsxt_transport_zone.overlay_tz"
                    ],
                    "primary": {
                        "id": "85cb6ce3-790d-4ae5-8e8c-024a46411491",
                        "attributes": {
                            "address_binding.#": "0",
                            "admin_state": "UP",
                            "description": "",
                            "display_name": "terraform_ls_61",
                            "id": "85cb6ce3-790d-4ae5-8e8c-024a46411491",
                            "ip_pool_id": "",
                            "mac_pool_id": "",
                            "replication_mode": "MTEP",
                            "revision": "0",
                            "switching_profile_id.#": "0",
                            "tag.#": "0",
                            "transport_zone_id": "fbed1c13-1e0b-4c3f-bae0-594c14d7debc",
                            "vlan": "0",
                            "vni": "73803"
                        },
                        "meta": {},
                        "tainted": false
                    },
                    "deposed": [],
                    "provider": "provider.nsxt"
                },
                "nsxt_logical_switch.switch1.62": {
                    "type": "nsxt_logical_switch",
                    "depends_on": [
                        "data.nsxt_transport_zone.overlay_tz"
                    ],
                    "primary": {
                        "id": "73e60a5a-6b42-47e8-9519-49f164f891dd",
                        "attributes": {
                            "address_binding.#": "0",
                            "admin_state": "UP",
                            "description": "",
                            "display_name": "terraform_ls_62",
                            "id": "73e60a5a-6b42-47e8-9519-49f164f891dd",
                            "ip_pool_id": "",
                            "mac_pool_id": "",
                            "replication_mode": "MTEP",
                            "revision": "0",
                            "switching_profile_id.#": "0",
                            "tag.#": "0",
                            "transport_zone_id": "fbed1c13-1e0b-4c3f-bae0-594c14d7debc",
                            "vlan": "0",
                            "vni": "73822"
                        },
                        "meta": {},
                        "tainted": false
                    },
                    "deposed": [],
                    "provider": "provider.nsxt"
                },
                "nsxt_logical_switch.switch1.63": {
                    "type": "nsxt_logical_switch",
                    "depends_on": [
                        "data.nsxt_transport_zone.overlay_tz"
                    ],
                    "primary": {
                        "id": "594a1779-bb46-4838-91a1-ce996900d0c0",
                        "attributes": {
                            "address_binding.#": "0",
                            "admin_state": "UP",
                            "description": "",
                            "display_name": "terraform_ls_63",
                            "id": "594a1779-bb46-4838-91a1-ce996900d0c0",
                            "ip_pool_id": "",
                            "mac_pool_id": "",
                            "replication_mode": "MTEP",
                            "revision": "0",
                            "switching_profile_id.#": "0",
                            "tag.#": "0",
                            "transport_zone_id": "fbed1c13-1e0b-4c3f-bae0-594c14d7debc",
                            "vlan": "0",
                            "vni": "73783"
                        },
                        "meta": {},
                        "tainted": false
                    },
                    "deposed": [],
                    "provider": "provider.nsxt"
                },
                "nsxt_logical_switch.switch1.64": {
                    "type": "nsxt_logical_switch",
                    "depends_on": [
                        "data.nsxt_transport_zone.overlay_tz"
                    ],
                    "primary": {
                        "id": "69ff7258-26c4-4ede-b544-26d68c3754ba",
                        "attributes": {
                            "address_binding.#": "0",
                            "admin_state": "UP",
                            "description": "",
                            "display_name": "terraform_ls_64",
                            "id": "69ff7258-26c4-4ede-b544-26d68c3754ba",
                            "ip_pool_id": "",
                            "mac_pool_id": "",
                            "replication_mode": "MTEP",
                            "revision": "0",
                            "switching_profile_id.#": "0",
                            "tag.#": "0",
                            "transport_zone_id": "fbed1c13-1e0b-4c3f-bae0-594c14d7debc",
                            "vlan": "0",
                            "vni": "73784"
                        },
                        "meta": {},
                        "tainted": false
                    },
                    "deposed": [],
                    "provider": "provider.nsxt"
                },
                "nsxt_logical_switch.switch1.65": {
                    "type": "nsxt_logical_switch",
                    "depends_on": [
                        "data.nsxt_transport_zone.overlay_tz"
                    ],
                    "primary": {
                        "id": "db4b4c2d-d446-430d-b6eb-fa40bba936a3",
                        "attributes": {
                            "address_binding.#": "0",
                            "admin_state": "UP",
                            "description": "",
                            "display_name": "terraform_ls_65",
                            "id": "db4b4c2d-d446-430d-b6eb-fa40bba936a3",
                            "ip_pool_id": "",
                            "mac_pool_id": "",
                            "replication_mode": "MTEP",
                            "revision": "0",
                            "switching_profile_id.#": "0",
                            "tag.#": "0",
                            "transport_zone_id": "fbed1c13-1e0b-4c3f-bae0-594c14d7debc",
                            "vlan": "0",
                            "vni": "73823"
                        },
                        "meta": {},
                        "tainted": false
                    },
                    "deposed": [],
                    "provider": "provider.nsxt"
                },
                "nsxt_logical_switch.switch1.66": {
                    "type": "nsxt_logical_switch",
                    "depends_on": [
                        "data.nsxt_transport_zone.overlay_tz"
                    ],
                    "primary": {
                        "id": "da8f6425-349a-4a2f-b5c2-dc7910bbf7a2",
                        "attributes": {
                            "address_binding.#": "0",
                            "admin_state": "UP",
                            "description": "",
                            "display_name": "terraform_ls_66",
                            "id": "da8f6425-349a-4a2f-b5c2-dc7910bbf7a2",
                            "ip_pool_id": "",
                            "mac_pool_id": "",
                            "replication_mode": "MTEP",
                            "revision": "0",
                            "switching_profile_id.#": "0",
                            "tag.#": "0",
                            "transport_zone_id": "fbed1c13-1e0b-4c3f-bae0-594c14d7debc",
                            "vlan": "0",
                            "vni": "73759"
                        },
                        "meta": {},
                        "tainted": false
                    },
                    "deposed": [],
                    "provider": "provider.nsxt"
                },
                "nsxt_logical_switch.switch1.67": {
                    "type": "nsxt_logical_switch",
                    "depends_on": [
                        "data.nsxt_transport_zone.overlay_tz"
                    ],
                    "primary": {
                        "id": "f18065d1-f56a-4138-acc2-76cfec6f82ea",
                        "attributes": {
                            "address_binding.#": "0",
                            "admin_state": "UP",
                            "description": "",
                            "display_name": "terraform_ls_67",
                            "id": "f18065d1-f56a-4138-acc2-76cfec6f82ea",
                            "ip_pool_id": "",
                            "mac_pool_id": "",
                            "replication_mode": "MTEP",
                            "revision": "0",
                            "switching_profile_id.#": "0",
                            "tag.#": "0",
                            "transport_zone_id": "fbed1c13-1e0b-4c3f-bae0-594c14d7debc",
                            "vlan": "0",
                            "vni": "73844"
                        },
                        "meta": {},
                        "tainted": false
                    },
                    "deposed": [],
                    "provider": "provider.nsxt"
                },
                "nsxt_logical_switch.switch1.68": {
                    "type": "nsxt_logical_switch",
                    "depends_on": [
                        "data.nsxt_transport_zone.overlay_tz"
                    ],
                    "primary": {
                        "id": "374c6fdd-41f0-4036-b598-da91d334f6f1",
                        "attributes": {
                            "address_binding.#": "0",
                            "admin_state": "UP",
                            "description": "",
                            "display_name": "terraform_ls_68",
                            "id": "374c6fdd-41f0-4036-b598-da91d334f6f1",
                            "ip_pool_id": "",
                            "mac_pool_id": "",
                            "replication_mode": "MTEP",
                            "revision": "0",
                            "switching_profile_id.#": "0",
                            "tag.#": "0",
                            "transport_zone_id": "fbed1c13-1e0b-4c3f-bae0-594c14d7debc",
                            "vlan": "0",
                            "vni": "73758"
                        },
                        "meta": {},
                        "tainted": false
                    },
                    "deposed": [],
                    "provider": "provider.nsxt"
                },
                "nsxt_logical_switch.switch1.69": {
                    "type": "nsxt_logical_switch",
                    "depends_on": [
                        "data.nsxt_transport_zone.overlay_tz"
                    ],
                    "primary": {
                        "id": "541e0b9d-6dae-4cc0-af26-92f5f6266e91",
                        "attributes": {
                            "address_binding.#": "0",
                            "admin_state": "UP",
                            "description": "",
                            "display_name": "terraform_ls_69",
                            "id": "541e0b9d-6dae-4cc0-af26-92f5f6266e91",
                            "ip_pool_id": "",
                            "mac_pool_id": "",
                            "replication_mode": "MTEP",
                            "revision": "0",
                            "switching_profile_id.#": "0",
                            "tag.#": "0",
                            "transport_zone_id": "fbed1c13-1e0b-4c3f-bae0-594c14d7debc",
                            "vlan": "0",
                            "vni": "73836"
                        },
                        "meta": {},
                        "tainted": false
                    },
                    "deposed": [],
                    "provider": "provider.nsxt"
                },
                "nsxt_logical_switch.switch1.7": {
                    "type": "nsxt_logical_switch",
                    "depends_on": [
                        "data.nsxt_transport_zone.overlay_tz"
                    ],
                    "primary": {
                        "id": "b98015b8-dcec-4d2c-8cf2-09dc3532068a",
                        "attributes": {
                            "address_binding.#": "0",
                            "admin_state": "UP",
                            "description": "",
                            "display_name": "terraform_ls_7",
                            "id": "b98015b8-dcec-4d2c-8cf2-09dc3532068a",
                            "ip_pool_id": "",
                            "mac_pool_id": "",
                            "replication_mode": "MTEP",
                            "revision": "0",
                            "switching_profile_id.#": "0",
                            "tag.#": "0",
                            "transport_zone_id": "fbed1c13-1e0b-4c3f-bae0-594c14d7debc",
                            "vlan": "0",
                            "vni": "73780"
                        },
                        "meta": {},
                        "tainted": false
                    },
                    "deposed": [],
                    "provider": "provider.nsxt"
                },
                "nsxt_logical_switch.switch1.70": {
                    "type": "nsxt_logical_switch",
                    "depends_on": [
                        "data.nsxt_transport_zone.overlay_tz"
                    ],
                    "primary": {
                        "id": "6940e4da-b0a5-4acb-83ef-586210b3b8fd",
                        "attributes": {
                            "address_binding.#": "0",
                            "admin_state": "UP",
                            "description": "",
                            "display_name": "terraform_ls_70",
                            "id": "6940e4da-b0a5-4acb-83ef-586210b3b8fd",
                            "ip_pool_id": "",
                            "mac_pool_id": "",
                            "replication_mode": "MTEP",
                            "revision": "0",
                            "switching_profile_id.#": "0",
                            "tag.#": "0",
                            "transport_zone_id": "fbed1c13-1e0b-4c3f-bae0-594c14d7debc",
                            "vlan": "0",
                            "vni": "73765"
                        },
                        "meta": {},
                        "tainted": false
                    },
                    "deposed": [],
                    "provider": "provider.nsxt"
                },
                "nsxt_logical_switch.switch1.71": {
                    "type": "nsxt_logical_switch",
                    "depends_on": [
                        "data.nsxt_transport_zone.overlay_tz"
                    ],
                    "primary": {
                        "id": "a0179454-beb8-4fda-8bd9-3fe740beb83e",
                        "attributes": {
                            "address_binding.#": "0",
                            "admin_state": "UP",
                            "description": "",
                            "display_name": "terraform_ls_71",
                            "id": "a0179454-beb8-4fda-8bd9-3fe740beb83e",
                            "ip_pool_id": "",
                            "mac_pool_id": "",
                            "replication_mode": "MTEP",
                            "revision": "0",
                            "switching_profile_id.#": "0",
                            "tag.#": "0",
                            "transport_zone_id": "fbed1c13-1e0b-4c3f-bae0-594c14d7debc",
                            "vlan": "0",
                            "vni": "73789"
                        },
                        "meta": {},
                        "tainted": false
                    },
                    "deposed": [],
                    "provider": "provider.nsxt"
                },
                "nsxt_logical_switch.switch1.72": {
                    "type": "nsxt_logical_switch",
                    "depends_on": [
                        "data.nsxt_transport_zone.overlay_tz"
                    ],
                    "primary": {
                        "id": "79b61b46-8d31-492d-a39f-4f1b5c50db54",
                        "attributes": {
                            "address_binding.#": "0",
                            "admin_state": "UP",
                            "description": "",
                            "display_name": "terraform_ls_72",
                            "id": "79b61b46-8d31-492d-a39f-4f1b5c50db54",
                            "ip_pool_id": "",
                            "mac_pool_id": "",
                            "replication_mode": "MTEP",
                            "revision": "0",
                            "switching_profile_id.#": "0",
                            "tag.#": "0",
                            "transport_zone_id": "fbed1c13-1e0b-4c3f-bae0-594c14d7debc",
                            "vlan": "0",
                            "vni": "73812"
                        },
                        "meta": {},
                        "tainted": false
                    },
                    "deposed": [],
                    "provider": "provider.nsxt"
                },
                "nsxt_logical_switch.switch1.73": {
                    "type": "nsxt_logical_switch",
                    "depends_on": [
                        "data.nsxt_transport_zone.overlay_tz"
                    ],
                    "primary": {
                        "id": "cdb41499-1203-4895-bc0c-b787d6ae235c",
                        "attributes": {
                            "address_binding.#": "0",
                            "admin_state": "UP",
                            "description": "",
                            "display_name": "terraform_ls_73",
                            "id": "cdb41499-1203-4895-bc0c-b787d6ae235c",
                            "ip_pool_id": "",
                            "mac_pool_id": "",
                            "replication_mode": "MTEP",
                            "revision": "0",
                            "switching_profile_id.#": "0",
                            "tag.#": "0",
                            "transport_zone_id": "fbed1c13-1e0b-4c3f-bae0-594c14d7debc",
                            "vlan": "0",
                            "vni": "73808"
                        },
                        "meta": {},
                        "tainted": false
                    },
                    "deposed": [],
                    "provider": "provider.nsxt"
                },
                "nsxt_logical_switch.switch1.74": {
                    "type": "nsxt_logical_switch",
                    "depends_on": [
                        "data.nsxt_transport_zone.overlay_tz"
                    ],
                    "primary": {
                        "id": "f3a45c72-ab09-4c28-9c4c-1a6329d4b017",
                        "attributes": {
                            "address_binding.#": "0",
                            "admin_state": "UP",
                            "description": "",
                            "display_name": "terraform_ls_74",
                            "id": "f3a45c72-ab09-4c28-9c4c-1a6329d4b017",
                            "ip_pool_id": "",
                            "mac_pool_id": "",
                            "replication_mode": "MTEP",
                            "revision": "0",
                            "switching_profile_id.#": "0",
                            "tag.#": "0",
                            "transport_zone_id": "fbed1c13-1e0b-4c3f-bae0-594c14d7debc",
                            "vlan": "0",
                            "vni": "73839"
                        },
                        "meta": {},
                        "tainted": false
                    },
                    "deposed": [],
                    "provider": "provider.nsxt"
                },
                "nsxt_logical_switch.switch1.75": {
                    "type": "nsxt_logical_switch",
                    "depends_on": [
                        "data.nsxt_transport_zone.overlay_tz"
                    ],
                    "primary": {
                        "id": "e5f91c9a-f5e4-4143-b8fd-e4012d137e06",
                        "attributes": {
                            "address_binding.#": "0",
                            "admin_state": "UP",
                            "description": "",
                            "display_name": "terraform_ls_75",
                            "id": "e5f91c9a-f5e4-4143-b8fd-e4012d137e06",
                            "ip_pool_id": "",
                            "mac_pool_id": "",
                            "replication_mode": "MTEP",
                            "revision": "0",
                            "switching_profile_id.#": "0",
                            "tag.#": "0",
                            "transport_zone_id": "fbed1c13-1e0b-4c3f-bae0-594c14d7debc",
                            "vlan": "0",
                            "vni": "73771"
                        },
                        "meta": {},
                        "tainted": false
                    },
                    "deposed": [],
                    "provider": "provider.nsxt"
                },
                "nsxt_logical_switch.switch1.76": {
                    "type": "nsxt_logical_switch",
                    "depends_on": [
                        "data.nsxt_transport_zone.overlay_tz"
                    ],
                    "primary": {
                        "id": "2722439f-feb3-483e-8af2-52e4a4db71ee",
                        "attributes": {
                            "address_binding.#": "0",
                            "admin_state": "UP",
                            "description": "",
                            "display_name": "terraform_ls_76",
                            "id": "2722439f-feb3-483e-8af2-52e4a4db71ee",
                            "ip_pool_id": "",
                            "mac_pool_id": "",
                            "replication_mode": "MTEP",
                            "revision": "0",
                            "switching_profile_id.#": "0",
                            "tag.#": "0",
                            "transport_zone_id": "fbed1c13-1e0b-4c3f-bae0-594c14d7debc",
                            "vlan": "0",
                            "vni": "73751"
                        },
                        "meta": {},
                        "tainted": false
                    },
                    "deposed": [],
                    "provider": "provider.nsxt"
                },
                "nsxt_logical_switch.switch1.77": {
                    "type": "nsxt_logical_switch",
                    "depends_on": [
                        "data.nsxt_transport_zone.overlay_tz"
                    ],
                    "primary": {
                        "id": "5ca6c2d5-d57f-4295-ad0a-6ed8a6f5f7ad",
                        "attributes": {
                            "address_binding.#": "0",
                            "admin_state": "UP",
                            "description": "",
                            "display_name": "terraform_ls_77",
                            "id": "5ca6c2d5-d57f-4295-ad0a-6ed8a6f5f7ad",
                            "ip_pool_id": "",
                            "mac_pool_id": "",
                            "replication_mode": "MTEP",
                            "revision": "0",
                            "switching_profile_id.#": "0",
                            "tag.#": "0",
                            "transport_zone_id": "fbed1c13-1e0b-4c3f-bae0-594c14d7debc",
                            "vlan": "0",
                            "vni": "73793"
                        },
                        "meta": {},
                        "tainted": false
                    },
                    "deposed": [],
                    "provider": "provider.nsxt"
                },
                "nsxt_logical_switch.switch1.78": {
                    "type": "nsxt_logical_switch",
                    "depends_on": [
                        "data.nsxt_transport_zone.overlay_tz"
                    ],
                    "primary": {
                        "id": "9e60544d-d7cd-4a5e-abf9-f7b4382e4079",
                        "attributes": {
                            "address_binding.#": "0",
                            "admin_state": "UP",
                            "description": "",
                            "display_name": "terraform_ls_78",
                            "id": "9e60544d-d7cd-4a5e-abf9-f7b4382e4079",
                            "ip_pool_id": "",
                            "mac_pool_id": "",
                            "replication_mode": "MTEP",
                            "revision": "0",
                            "switching_profile_id.#": "0",
                            "tag.#": "0",
                            "transport_zone_id": "fbed1c13-1e0b-4c3f-bae0-594c14d7debc",
                            "vlan": "0",
                            "vni": "73779"
                        },
                        "meta": {},
                        "tainted": false
                    },
                    "deposed": [],
                    "provider": "provider.nsxt"
                },
                "nsxt_logical_switch.switch1.79": {
                    "type": "nsxt_logical_switch",
                    "depends_on": [
                        "data.nsxt_transport_zone.overlay_tz"
                    ],
                    "primary": {
                        "id": "d2162d0c-1166-4e38-88f6-3e0b130a2f6c",
                        "attributes": {
                            "address_binding.#": "0",
                            "admin_state": "UP",
                            "description": "",
                            "display_name": "terraform_ls_79",
                            "id": "d2162d0c-1166-4e38-88f6-3e0b130a2f6c",
                            "ip_pool_id": "",
                            "mac_pool_id": "",
                            "replication_mode": "MTEP",
                            "revision": "0",
                            "switching_profile_id.#": "0",
                            "tag.#": "0",
                            "transport_zone_id": "fbed1c13-1e0b-4c3f-bae0-594c14d7debc",
                            "vlan": "0",
                            "vni": "73804"
                        },
                        "meta": {},
                        "tainted": false
                    },
                    "deposed": [],
                    "provider": "provider.nsxt"
                },
                "nsxt_logical_switch.switch1.8": {
                    "type": "nsxt_logical_switch",
                    "depends_on": [
                        "data.nsxt_transport_zone.overlay_tz"
                    ],
                    "primary": {
                        "id": "6e17febd-deaf-4ac7-936c-fb280dbb0818",
                        "attributes": {
                            "address_binding.#": "0",
                            "admin_state": "UP",
                            "description": "",
                            "display_name": "terraform_ls_8",
                            "id": "6e17febd-deaf-4ac7-936c-fb280dbb0818",
                            "ip_pool_id": "",
                            "mac_pool_id": "",
                            "replication_mode": "MTEP",
                            "revision": "0",
                            "switching_profile_id.#": "0",
                            "tag.#": "0",
                            "transport_zone_id": "fbed1c13-1e0b-4c3f-bae0-594c14d7debc",
                            "vlan": "0",
                            "vni": "73830"
                        },
                        "meta": {},
                        "tainted": false
                    },
                    "deposed": [],
                    "provider": "provider.nsxt"
                },
                "nsxt_logical_switch.switch1.80": {
                    "type": "nsxt_logical_switch",
                    "depends_on": [
                        "data.nsxt_transport_zone.overlay_tz"
                    ],
                    "primary": {
                        "id": "fa4ead60-d7d0-4ec5-a35b-c07e4abb07c2",
                        "attributes": {
                            "address_binding.#": "0",
                            "admin_state": "UP",
                            "description": "",
                            "display_name": "terraform_ls_80",
                            "id": "fa4ead60-d7d0-4ec5-a35b-c07e4abb07c2",
                            "ip_pool_id": "",
                            "mac_pool_id": "",
                            "replication_mode": "MTEP",
                            "revision": "0",
                            "switching_profile_id.#": "0",
                            "tag.#": "0",
                            "transport_zone_id": "fbed1c13-1e0b-4c3f-bae0-594c14d7debc",
                            "vlan": "0",
                            "vni": "73840"
                        },
                        "meta": {},
                        "tainted": false
                    },
                    "deposed": [],
                    "provider": "provider.nsxt"
                },
                "nsxt_logical_switch.switch1.81": {
                    "type": "nsxt_logical_switch",
                    "depends_on": [
                        "data.nsxt_transport_zone.overlay_tz"
                    ],
                    "primary": {
                        "id": "183ff31b-fb8d-4cb9-9b16-e575368a8154",
                        "attributes": {
                            "address_binding.#": "0",
                            "admin_state": "UP",
                            "description": "",
                            "display_name": "terraform_ls_81",
                            "id": "183ff31b-fb8d-4cb9-9b16-e575368a8154",
                            "ip_pool_id": "",
                            "mac_pool_id": "",
                            "replication_mode": "MTEP",
                            "revision": "0",
                            "switching_profile_id.#": "0",
                            "tag.#": "0",
                            "transport_zone_id": "fbed1c13-1e0b-4c3f-bae0-594c14d7debc",
                            "vlan": "0",
                            "vni": "73786"
                        },
                        "meta": {},
                        "tainted": false
                    },
                    "deposed": [],
                    "provider": "provider.nsxt"
                },
                "nsxt_logical_switch.switch1.82": {
                    "type": "nsxt_logical_switch",
                    "depends_on": [
                        "data.nsxt_transport_zone.overlay_tz"
                    ],
                    "primary": {
                        "id": "3b7cc844-8f75-44da-9692-45a7f0db07a8",
                        "attributes": {
                            "address_binding.#": "0",
                            "admin_state": "UP",
                            "description": "",
                            "display_name": "terraform_ls_82",
                            "id": "3b7cc844-8f75-44da-9692-45a7f0db07a8",
                            "ip_pool_id": "",
                            "mac_pool_id": "",
                            "replication_mode": "MTEP",
                            "revision": "0",
                            "switching_profile_id.#": "0",
                            "tag.#": "0",
                            "transport_zone_id": "fbed1c13-1e0b-4c3f-bae0-594c14d7debc",
                            "vlan": "0",
                            "vni": "73785"
                        },
                        "meta": {},
                        "tainted": false
                    },
                    "deposed": [],
                    "provider": "provider.nsxt"
                },
                "nsxt_logical_switch.switch1.83": {
                    "type": "nsxt_logical_switch",
                    "depends_on": [
                        "data.nsxt_transport_zone.overlay_tz"
                    ],
                    "primary": {
                        "id": "0f885310-21bb-49a9-9414-dfec4cd2e18a",
                        "attributes": {
                            "address_binding.#": "0",
                            "admin_state": "UP",
                            "description": "",
                            "display_name": "terraform_ls_83",
                            "id": "0f885310-21bb-49a9-9414-dfec4cd2e18a",
                            "ip_pool_id": "",
                            "mac_pool_id": "",
                            "replication_mode": "MTEP",
                            "revision": "0",
                            "switching_profile_id.#": "0",
                            "tag.#": "0",
                            "transport_zone_id": "fbed1c13-1e0b-4c3f-bae0-594c14d7debc",
                            "vlan": "0",
                            "vni": "73756"
                        },
                        "meta": {},
                        "tainted": false
                    },
                    "deposed": [],
                    "provider": "provider.nsxt"
                },
                "nsxt_logical_switch.switch1.84": {
                    "type": "nsxt_logical_switch",
                    "depends_on": [
                        "data.nsxt_transport_zone.overlay_tz"
                    ],
                    "primary": {
                        "id": "1ca7ba18-f324-46e4-a83c-d40cdb1faadc",
                        "attributes": {
                            "address_binding.#": "0",
                            "admin_state": "UP",
                            "description": "",
                            "display_name": "terraform_ls_84",
                            "id": "1ca7ba18-f324-46e4-a83c-d40cdb1faadc",
                            "ip_pool_id": "",
                            "mac_pool_id": "",
                            "replication_mode": "MTEP",
                            "revision": "0",
                            "switching_profile_id.#": "0",
                            "tag.#": "0",
                            "transport_zone_id": "fbed1c13-1e0b-4c3f-bae0-594c14d7debc",
                            "vlan": "0",
                            "vni": "73801"
                        },
                        "meta": {},
                        "tainted": false
                    },
                    "deposed": [],
                    "provider": "provider.nsxt"
                },
                "nsxt_logical_switch.switch1.85": {
                    "type": "nsxt_logical_switch",
                    "depends_on": [
                        "data.nsxt_transport_zone.overlay_tz"
                    ],
                    "primary": {
                        "id": "6da2c21b-4617-4b49-9767-5cb6908f9d19",
                        "attributes": {
                            "address_binding.#": "0",
                            "admin_state": "UP",
                            "description": "",
                            "display_name": "terraform_ls_85",
                            "id": "6da2c21b-4617-4b49-9767-5cb6908f9d19",
                            "ip_pool_id": "",
                            "mac_pool_id": "",
                            "replication_mode": "MTEP",
                            "revision": "0",
                            "switching_profile_id.#": "0",
                            "tag.#": "0",
                            "transport_zone_id": "fbed1c13-1e0b-4c3f-bae0-594c14d7debc",
                            "vlan": "0",
                            "vni": "73842"
                        },
                        "meta": {},
                        "tainted": false
                    },
                    "deposed": [],
                    "provider": "provider.nsxt"
                },
                "nsxt_logical_switch.switch1.86": {
                    "type": "nsxt_logical_switch",
                    "depends_on": [
                        "data.nsxt_transport_zone.overlay_tz"
                    ],
                    "primary": {
                        "id": "fa1de1e5-1d38-45a1-8b2b-3bdfe094bed1",
                        "attributes": {
                            "address_binding.#": "0",
                            "admin_state": "UP",
                            "description": "",
                            "display_name": "terraform_ls_86",
                            "id": "fa1de1e5-1d38-45a1-8b2b-3bdfe094bed1",
                            "ip_pool_id": "",
                            "mac_pool_id": "",
                            "replication_mode": "MTEP",
                            "revision": "0",
                            "switching_profile_id.#": "0",
                            "tag.#": "0",
                            "transport_zone_id": "fbed1c13-1e0b-4c3f-bae0-594c14d7debc",
                            "vlan": "0",
                            "vni": "73787"
                        },
                        "meta": {},
                        "tainted": false
                    },
                    "deposed": [],
                    "provider": "provider.nsxt"
                },
                "nsxt_logical_switch.switch1.87": {
                    "type": "nsxt_logical_switch",
                    "depends_on": [
                        "data.nsxt_transport_zone.overlay_tz"
                    ],
                    "primary": {
                        "id": "f0b63f84-5b47-4b72-82f3-bb1cafc78830",
                        "attributes": {
                            "address_binding.#": "0",
                            "admin_state": "UP",
                            "description": "",
                            "display_name": "terraform_ls_87",
                            "id": "f0b63f84-5b47-4b72-82f3-bb1cafc78830",
                            "ip_pool_id": "",
                            "mac_pool_id": "",
                            "replication_mode": "MTEP",
                            "revision": "0",
                            "switching_profile_id.#": "0",
                            "tag.#": "0",
                            "transport_zone_id": "fbed1c13-1e0b-4c3f-bae0-594c14d7debc",
                            "vlan": "0",
                            "vni": "73792"
                        },
                        "meta": {},
                        "tainted": false
                    },
                    "deposed": [],
                    "provider": "provider.nsxt"
                },
                "nsxt_logical_switch.switch1.88": {
                    "type": "nsxt_logical_switch",
                    "depends_on": [
                        "data.nsxt_transport_zone.overlay_tz"
                    ],
                    "primary": {
                        "id": "3b4e4e5b-9753-442a-b887-3d6b3198d1df",
                        "attributes": {
                            "address_binding.#": "0",
                            "admin_state": "UP",
                            "description": "",
                            "display_name": "terraform_ls_88",
                            "id": "3b4e4e5b-9753-442a-b887-3d6b3198d1df",
                            "ip_pool_id": "",
                            "mac_pool_id": "",
                            "replication_mode": "MTEP",
                            "revision": "0",
                            "switching_profile_id.#": "0",
                            "tag.#": "0",
                            "transport_zone_id": "fbed1c13-1e0b-4c3f-bae0-594c14d7debc",
                            "vlan": "0",
                            "vni": "73766"
                        },
                        "meta": {},
                        "tainted": false
                    },
                    "deposed": [],
                    "provider": "provider.nsxt"
                },
                "nsxt_logical_switch.switch1.89": {
                    "type": "nsxt_logical_switch",
                    "depends_on": [
                        "data.nsxt_transport_zone.overlay_tz"
                    ],
                    "primary": {
                        "id": "9931ddef-b477-4bd7-8cab-82ef5a714797",
                        "attributes": {
                            "address_binding.#": "0",
                            "admin_state": "UP",
                            "description": "",
                            "display_name": "terraform_ls_89",
                            "id": "9931ddef-b477-4bd7-8cab-82ef5a714797",
                            "ip_pool_id": "",
                            "mac_pool_id": "",
                            "replication_mode": "MTEP",
                            "revision": "0",
                            "switching_profile_id.#": "0",
                            "tag.#": "0",
                            "transport_zone_id": "fbed1c13-1e0b-4c3f-bae0-594c14d7debc",
                            "vlan": "0",
                            "vni": "73816"
                        },
                        "meta": {},
                        "tainted": false
                    },
                    "deposed": [],
                    "provider": "provider.nsxt"
                },
                "nsxt_logical_switch.switch1.9": {
                    "type": "nsxt_logical_switch",
                    "depends_on": [
                        "data.nsxt_transport_zone.overlay_tz"
                    ],
                    "primary": {
                        "id": "730c9c63-8234-4b74-bf8f-4f1de00d94a2",
                        "attributes": {
                            "address_binding.#": "0",
                            "admin_state": "UP",
                            "description": "",
                            "display_name": "terraform_ls_9",
                            "id": "730c9c63-8234-4b74-bf8f-4f1de00d94a2",
                            "ip_pool_id": "",
                            "mac_pool_id": "",
                            "replication_mode": "MTEP",
                            "revision": "0",
                            "switching_profile_id.#": "0",
                            "tag.#": "0",
                            "transport_zone_id": "fbed1c13-1e0b-4c3f-bae0-594c14d7debc",
                            "vlan": "0",
                            "vni": "73835"
                        },
                        "meta": {},
                        "tainted": false
                    },
                    "deposed": [],
                    "provider": "provider.nsxt"
                },
                "nsxt_logical_switch.switch1.90": {
                    "type": "nsxt_logical_switch",
                    "depends_on": [
                        "data.nsxt_transport_zone.overlay_tz"
                    ],
                    "primary": {
                        "id": "017629bd-8c0b-445e-ad36-995d887d6dd2",
                        "attributes": {
                            "address_binding.#": "0",
                            "admin_state": "UP",
                            "description": "",
                            "display_name": "terraform_ls_90",
                            "id": "017629bd-8c0b-445e-ad36-995d887d6dd2",
                            "ip_pool_id": "",
                            "mac_pool_id": "",
                            "replication_mode": "MTEP",
                            "revision": "0",
                            "switching_profile_id.#": "0",
                            "tag.#": "0",
                            "transport_zone_id": "fbed1c13-1e0b-4c3f-bae0-594c14d7debc",
                            "vlan": "0",
                            "vni": "73806"
                        },
                        "meta": {},
                        "tainted": false
                    },
                    "deposed": [],
                    "provider": "provider.nsxt"
                },
                "nsxt_logical_switch.switch1.91": {
                    "type": "nsxt_logical_switch",
                    "depends_on": [
                        "data.nsxt_transport_zone.overlay_tz"
                    ],
                    "primary": {
                        "id": "f75c4521-0a51-4b5f-846c-571f6a76f032",
                        "attributes": {
                            "address_binding.#": "0",
                            "admin_state": "UP",
                            "description": "",
                            "display_name": "terraform_ls_91",
                            "id": "f75c4521-0a51-4b5f-846c-571f6a76f032",
                            "ip_pool_id": "",
                            "mac_pool_id": "",
                            "replication_mode": "MTEP",
                            "revision": "0",
                            "switching_profile_id.#": "0",
                            "tag.#": "0",
                            "transport_zone_id": "fbed1c13-1e0b-4c3f-bae0-594c14d7debc",
                            "vlan": "0",
                            "vni": "73829"
                        },
                        "meta": {},
                        "tainted": false
                    },
                    "deposed": [],
                    "provider": "provider.nsxt"
                },
                "nsxt_logical_switch.switch1.92": {
                    "type": "nsxt_logical_switch",
                    "depends_on": [
                        "data.nsxt_transport_zone.overlay_tz"
                    ],
                    "primary": {
                        "id": "7b357cd8-ee8d-4a57-8984-eb11b9589875",
                        "attributes": {
                            "address_binding.#": "0",
                            "admin_state": "UP",
                            "description": "",
                            "display_name": "terraform_ls_92",
                            "id": "7b357cd8-ee8d-4a57-8984-eb11b9589875",
                            "ip_pool_id": "",
                            "mac_pool_id": "",
                            "replication_mode": "MTEP",
                            "revision": "0",
                            "switching_profile_id.#": "0",
                            "tag.#": "0",
                            "transport_zone_id": "fbed1c13-1e0b-4c3f-bae0-594c14d7debc",
                            "vlan": "0",
                            "vni": "73821"
                        },
                        "meta": {},
                        "tainted": false
                    },
                    "deposed": [],
                    "provider": "provider.nsxt"
                },
                "nsxt_logical_switch.switch1.93": {
                    "type": "nsxt_logical_switch",
                    "depends_on": [
                        "data.nsxt_transport_zone.overlay_tz"
                    ],
                    "primary": {
                        "id": "7cd15338-4377-46df-81f4-930128d823dc",
                        "attributes": {
                            "address_binding.#": "0",
                            "admin_state": "UP",
                            "description": "",
                            "display_name": "terraform_ls_93",
                            "id": "7cd15338-4377-46df-81f4-930128d823dc",
                            "ip_pool_id": "",
                            "mac_pool_id": "",
                            "replication_mode": "MTEP",
                            "revision": "0",
                            "switching_profile_id.#": "0",
                            "tag.#": "0",
                            "transport_zone_id": "fbed1c13-1e0b-4c3f-bae0-594c14d7debc",
                            "vlan": "0",
                            "vni": "73818"
                        },
                        "meta": {},
                        "tainted": false
                    },
                    "deposed": [],
                    "provider": "provider.nsxt"
                },
                "nsxt_logical_switch.switch1.94": {
                    "type": "nsxt_logical_switch",
                    "depends_on": [
                        "data.nsxt_transport_zone.overlay_tz"
                    ],
                    "primary": {
                        "id": "2ca05d04-ae94-41a7-b398-f60e588653c2",
                        "attributes": {
                            "address_binding.#": "0",
                            "admin_state": "UP",
                            "description": "",
                            "display_name": "terraform_ls_94",
                            "id": "2ca05d04-ae94-41a7-b398-f60e588653c2",
                            "ip_pool_id": "",
                            "mac_pool_id": "",
                            "replication_mode": "MTEP",
                            "revision": "0",
                            "switching_profile_id.#": "0",
                            "tag.#": "0",
                            "transport_zone_id": "fbed1c13-1e0b-4c3f-bae0-594c14d7debc",
                            "vlan": "0",
                            "vni": "73768"
                        },
                        "meta": {},
                        "tainted": false
                    },
                    "deposed": [],
                    "provider": "provider.nsxt"
                },
                "nsxt_logical_switch.switch1.95": {
                    "type": "nsxt_logical_switch",
                    "depends_on": [
                        "data.nsxt_transport_zone.overlay_tz"
                    ],
                    "primary": {
                        "id": "1bf6076c-fead-40cd-9741-d68d87be2799",
                        "attributes": {
                            "address_binding.#": "0",
                            "admin_state": "UP",
                            "description": "",
                            "display_name": "terraform_ls_95",
                            "id": "1bf6076c-fead-40cd-9741-d68d87be2799",
                            "ip_pool_id": "",
                            "mac_pool_id": "",
                            "replication_mode": "MTEP",
                            "revision": "0",
                            "switching_profile_id.#": "0",
                            "tag.#": "0",
                            "transport_zone_id": "fbed1c13-1e0b-4c3f-bae0-594c14d7debc",
                            "vlan": "0",
                            "vni": "73832"
                        },
                        "meta": {},
                        "tainted": false
                    },
                    "deposed": [],
                    "provider": "provider.nsxt"
                },
                "nsxt_logical_switch.switch1.96": {
                    "type": "nsxt_logical_switch",
                    "depends_on": [
                        "data.nsxt_transport_zone.overlay_tz"
                    ],
                    "primary": {
                        "id": "06fc1ef5-f23b-47e1-bcd4-9dd62260d3f8",
                        "attributes": {
                            "address_binding.#": "0",
                            "admin_state": "UP",
                            "description": "",
                            "display_name": "terraform_ls_96",
                            "id": "06fc1ef5-f23b-47e1-bcd4-9dd62260d3f8",
                            "ip_pool_id": "",
                            "mac_pool_id": "",
                            "replication_mode": "MTEP",
                            "revision": "0",
                            "switching_profile_id.#": "0",
                            "tag.#": "0",
                            "transport_zone_id": "fbed1c13-1e0b-4c3f-bae0-594c14d7debc",
                            "vlan": "0",
                            "vni": "73843"
                        },
                        "meta": {},
                        "tainted": false
                    },
                    "deposed": [],
                    "provider": "provider.nsxt"
                },
                "nsxt_logical_switch.switch1.97": {
                    "type": "nsxt_logical_switch",
                    "depends_on": [
                        "data.nsxt_transport_zone.overlay_tz"
                    ],
                    "primary": {
                        "id": "bb724497-0f50-4ea8-8935-b8644c5f237b",
                        "attributes": {
                            "address_binding.#": "0",
                            "admin_state": "UP",
                            "description": "",
                            "display_name": "terraform_ls_97",
                            "id": "bb724497-0f50-4ea8-8935-b8644c5f237b",
                            "ip_pool_id": "",
                            "mac_pool_id": "",
                            "replication_mode": "MTEP",
                            "revision": "0",
                            "switching_profile_id.#": "0",
                            "tag.#": "0",
                            "transport_zone_id": "fbed1c13-1e0b-4c3f-bae0-594c14d7debc",
                            "vlan": "0",
                            "vni": "73772"
                        },
                        "meta": {},
                        "tainted": false
                    },
                    "deposed": [],
                    "provider": "provider.nsxt"
                },
                "nsxt_logical_switch.switch1.98": {
                    "type": "nsxt_logical_switch",
                    "depends_on": [
                        "data.nsxt_transport_zone.overlay_tz"
                    ],
                    "primary": {
                        "id": "894c0210-460f-4f5b-9b25-1d44db85bd1c",
                        "attributes": {
                            "address_binding.#": "0",
                            "admin_state": "UP",
                            "description": "",
                            "display_name": "terraform_ls_98",
                            "id": "894c0210-460f-4f5b-9b25-1d44db85bd1c",
                            "ip_pool_id": "",
                            "mac_pool_id": "",
                            "replication_mode": "MTEP",
                            "revision": "0",
                            "switching_profile_id.#": "0",
                            "tag.#": "0",
                            "transport_zone_id": "fbed1c13-1e0b-4c3f-bae0-594c14d7debc",
                            "vlan": "0",
                            "vni": "73796"
                        },
                        "meta": {},
                        "tainted": false
                    },
                    "deposed": [],
                    "provider": "provider.nsxt"
                },
                "nsxt_logical_switch.switch1.99": {
                    "type": "nsxt_logical_switch",
                    "depends_on": [
                        "data.nsxt_transport_zone.overlay_tz"
                    ],
                    "primary": {
                        "id": "0f9deead-f17c-43d1-a1c8-09f9dfeef9fa",
                        "attributes": {
                            "address_binding.#": "0",
                            "admin_state": "UP",
                            "description": "",
                            "display_name": "terraform_ls_99",
                            "id": "0f9deead-f17c-43d1-a1c8-09f9dfeef9fa",
                            "ip_pool_id": "",
                            "mac_pool_id": "",
                            "replication_mode": "MTEP",
                            "revision": "0",
                            "switching_profile_id.#": "0",
                            "tag.#": "0",
                            "transport_zone_id": "fbed1c13-1e0b-4c3f-bae0-594c14d7debc",
                            "vlan": "0",
                            "vni": "73828"
                        },
                        "meta": {},
                        "tainted": false
                    },
                    "deposed": [],
                    "provider": "provider.nsxt"
                },
                "nsxt_logical_tier1_router.t1.0": {
                    "type": "nsxt_logical_tier1_router",
                    "depends_on": [
                        "data.nsxt_edge_cluster.edgecluster"
                    ],
                    "primary": {
                        "id": "8999753f-605c-4a0d-86e9-eead5a4eeb29",
                        "attributes": {
                            "advertise_config_revision": "1",
                            "advertise_connected_routes": "true",
                            "advertise_nat_routes": "false",
                            "advertise_static_routes": "false",
                            "description": "",
                            "display_name": "terraform_t1_0",
                            "edge_cluster_id": "7f6f9081-4a58-49f1-b2b1-e5ba7d30ae11",
                            "enable_router_advertisement": "true",
                            "failover_mode": "PREEMPTIVE",
                            "firewall_sections.#": "1",
                            "firewall_sections.0.is_valid": "true",
                            "firewall_sections.0.target_display_name": "",
                            "firewall_sections.0.target_id": "9423a4f9-673d-4482-bfd2-9511d8a17250",
                            "firewall_sections.0.target_type": "FirewallSection",
                            "id": "8999753f-605c-4a0d-86e9-eead5a4eeb29",
                            "revision": "0",
                            "tag.#": "0"
                        },
                        "meta": {},
                        "tainted": false
                    },
                    "deposed": [],
                    "provider": "provider.nsxt"
                },
                "nsxt_logical_tier1_router.t1.1": {
                    "type": "nsxt_logical_tier1_router",
                    "depends_on": [
                        "data.nsxt_edge_cluster.edgecluster"
                    ],
                    "primary": {
                        "id": "1edc43a1-2552-4fa3-9ff8-f3b735f8c4b6",
                        "attributes": {
                            "advertise_config_revision": "1",
                            "advertise_connected_routes": "true",
                            "advertise_nat_routes": "false",
                            "advertise_static_routes": "false",
                            "description": "",
                            "display_name": "terraform_t1_1",
                            "edge_cluster_id": "7f6f9081-4a58-49f1-b2b1-e5ba7d30ae11",
                            "enable_router_advertisement": "true",
                            "failover_mode": "PREEMPTIVE",
                            "firewall_sections.#": "1",
                            "firewall_sections.0.is_valid": "true",
                            "firewall_sections.0.target_display_name": "",
                            "firewall_sections.0.target_id": "4eb90182-bf97-4f36-b304-6496c60fcf90",
                            "firewall_sections.0.target_type": "FirewallSection",
                            "id": "1edc43a1-2552-4fa3-9ff8-f3b735f8c4b6",
                            "revision": "0",
                            "tag.#": "0"
                        },
                        "meta": {},
                        "tainted": false
                    },
                    "deposed": [],
                    "provider": "provider.nsxt"
                },
                "nsxt_logical_tier1_router.t1.10": {
                    "type": "nsxt_logical_tier1_router",
                    "depends_on": [
                        "data.nsxt_edge_cluster.edgecluster"
                    ],
                    "primary": {
                        "id": "d81b5421-7c87-4e9e-92ce-4df10c021fb2",
                        "attributes": {
                            "advertise_config_revision": "1",
                            "advertise_connected_routes": "true",
                            "advertise_nat_routes": "false",
                            "advertise_static_routes": "false",
                            "description": "",
                            "display_name": "terraform_t1_10",
                            "edge_cluster_id": "7f6f9081-4a58-49f1-b2b1-e5ba7d30ae11",
                            "enable_router_advertisement": "true",
                            "failover_mode": "PREEMPTIVE",
                            "firewall_sections.#": "1",
                            "firewall_sections.0.is_valid": "true",
                            "firewall_sections.0.target_display_name": "",
                            "firewall_sections.0.target_id": "b4841dd4-b18c-42e7-a6fa-bc85a3f9a745",
                            "firewall_sections.0.target_type": "FirewallSection",
                            "id": "d81b5421-7c87-4e9e-92ce-4df10c021fb2",
                            "revision": "0",
                            "tag.#": "0"
                        },
                        "meta": {},
                        "tainted": false
                    },
                    "deposed": [],
                    "provider": "provider.nsxt"
                },
                "nsxt_logical_tier1_router.t1.11": {
                    "type": "nsxt_logical_tier1_router",
                    "depends_on": [
                        "data.nsxt_edge_cluster.edgecluster"
                    ],
                    "primary": {
                        "id": "bad94875-c825-4ce1-b4bd-d79685049aa9",
                        "attributes": {
                            "advertise_config_revision": "1",
                            "advertise_connected_routes": "true",
                            "advertise_nat_routes": "false",
                            "advertise_static_routes": "false",
                            "description": "",
                            "display_name": "terraform_t1_11",
                            "edge_cluster_id": "7f6f9081-4a58-49f1-b2b1-e5ba7d30ae11",
                            "enable_router_advertisement": "true",
                            "failover_mode": "PREEMPTIVE",
                            "firewall_sections.#": "1",
                            "firewall_sections.0.is_valid": "true",
                            "firewall_sections.0.target_display_name": "",
                            "firewall_sections.0.target_id": "51597c60-e503-44a3-b9b7-e450920915e5",
                            "firewall_sections.0.target_type": "FirewallSection",
                            "id": "bad94875-c825-4ce1-b4bd-d79685049aa9",
                            "revision": "0",
                            "tag.#": "0"
                        },
                        "meta": {},
                        "tainted": false
                    },
                    "deposed": [],
                    "provider": "provider.nsxt"
                },
                "nsxt_logical_tier1_router.t1.12": {
                    "type": "nsxt_logical_tier1_router",
                    "depends_on": [
                        "data.nsxt_edge_cluster.edgecluster"
                    ],
                    "primary": {
                        "id": "33c2cc2d-ab46-47d9-940a-839860687681",
                        "attributes": {
                            "advertise_config_revision": "1",
                            "advertise_connected_routes": "true",
                            "advertise_nat_routes": "false",
                            "advertise_static_routes": "false",
                            "description": "",
                            "display_name": "terraform_t1_12",
                            "edge_cluster_id": "7f6f9081-4a58-49f1-b2b1-e5ba7d30ae11",
                            "enable_router_advertisement": "true",
                            "failover_mode": "PREEMPTIVE",
                            "firewall_sections.#": "1",
                            "firewall_sections.0.is_valid": "true",
                            "firewall_sections.0.target_display_name": "",
                            "firewall_sections.0.target_id": "01c964b7-4ccd-4683-b25e-fd44dd40daba",
                            "firewall_sections.0.target_type": "FirewallSection",
                            "id": "33c2cc2d-ab46-47d9-940a-839860687681",
                            "revision": "0",
                            "tag.#": "0"
                        },
                        "meta": {},
                        "tainted": false
                    },
                    "deposed": [],
                    "provider": "provider.nsxt"
                },
                "nsxt_logical_tier1_router.t1.13": {
                    "type": "nsxt_logical_tier1_router",
                    "depends_on": [
                        "data.nsxt_edge_cluster.edgecluster"
                    ],
                    "primary": {
                        "id": "a827e63d-8a06-4604-80bb-0d0689de6d98",
                        "attributes": {
                            "advertise_config_revision": "1",
                            "advertise_connected_routes": "true",
                            "advertise_nat_routes": "false",
                            "advertise_static_routes": "false",
                            "description": "",
                            "display_name": "terraform_t1_13",
                            "edge_cluster_id": "7f6f9081-4a58-49f1-b2b1-e5ba7d30ae11",
                            "enable_router_advertisement": "true",
                            "failover_mode": "PREEMPTIVE",
                            "firewall_sections.#": "1",
                            "firewall_sections.0.is_valid": "true",
                            "firewall_sections.0.target_display_name": "",
                            "firewall_sections.0.target_id": "2e35f6ce-1d3f-4830-920b-88ad22c57192",
                            "firewall_sections.0.target_type": "FirewallSection",
                            "id": "a827e63d-8a06-4604-80bb-0d0689de6d98",
                            "revision": "0",
                            "tag.#": "0"
                        },
                        "meta": {},
                        "tainted": false
                    },
                    "deposed": [],
                    "provider": "provider.nsxt"
                },
                "nsxt_logical_tier1_router.t1.14": {
                    "type": "nsxt_logical_tier1_router",
                    "depends_on": [
                        "data.nsxt_edge_cluster.edgecluster"
                    ],
                    "primary": {
                        "id": "7c031dcf-d4ea-4abe-b51b-54ee85ce2183",
                        "attributes": {
                            "advertise_config_revision": "1",
                            "advertise_connected_routes": "true",
                            "advertise_nat_routes": "false",
                            "advertise_static_routes": "false",
                            "description": "",
                            "display_name": "terraform_t1_14",
                            "edge_cluster_id": "7f6f9081-4a58-49f1-b2b1-e5ba7d30ae11",
                            "enable_router_advertisement": "true",
                            "failover_mode": "PREEMPTIVE",
                            "firewall_sections.#": "1",
                            "firewall_sections.0.is_valid": "true",
                            "firewall_sections.0.target_display_name": "",
                            "firewall_sections.0.target_id": "e6eae178-c28d-4e02-98e7-a860ca8c61d1",
                            "firewall_sections.0.target_type": "FirewallSection",
                            "id": "7c031dcf-d4ea-4abe-b51b-54ee85ce2183",
                            "revision": "0",
                            "tag.#": "0"
                        },
                        "meta": {},
                        "tainted": false
                    },
                    "deposed": [],
                    "provider": "provider.nsxt"
                },
                "nsxt_logical_tier1_router.t1.15": {
                    "type": "nsxt_logical_tier1_router",
                    "depends_on": [
                        "data.nsxt_edge_cluster.edgecluster"
                    ],
                    "primary": {
                        "id": "f8432fdd-f03e-434b-b1f6-6fb9dd4767b2",
                        "attributes": {
                            "advertise_config_revision": "1",
                            "advertise_connected_routes": "true",
                            "advertise_nat_routes": "false",
                            "advertise_static_routes": "false",
                            "description": "",
                            "display_name": "terraform_t1_15",
                            "edge_cluster_id": "7f6f9081-4a58-49f1-b2b1-e5ba7d30ae11",
                            "enable_router_advertisement": "true",
                            "failover_mode": "PREEMPTIVE",
                            "firewall_sections.#": "1",
                            "firewall_sections.0.is_valid": "true",
                            "firewall_sections.0.target_display_name": "",
                            "firewall_sections.0.target_id": "087e85dc-ed8b-458f-9823-71ddeb9b8b1e",
                            "firewall_sections.0.target_type": "FirewallSection",
                            "id": "f8432fdd-f03e-434b-b1f6-6fb9dd4767b2",
                            "revision": "0",
                            "tag.#": "0"
                        },
                        "meta": {},
                        "tainted": false
                    },
                    "deposed": [],
                    "provider": "provider.nsxt"
                },
                "nsxt_logical_tier1_router.t1.16": {
                    "type": "nsxt_logical_tier1_router",
                    "depends_on": [
                        "data.nsxt_edge_cluster.edgecluster"
                    ],
                    "primary": {
                        "id": "b59320e3-b4b0-4a43-ad5a-cf52eead4216",
                        "attributes": {
                            "advertise_config_revision": "1",
                            "advertise_connected_routes": "true",
                            "advertise_nat_routes": "false",
                            "advertise_static_routes": "false",
                            "description": "",
                            "display_name": "terraform_t1_16",
                            "edge_cluster_id": "7f6f9081-4a58-49f1-b2b1-e5ba7d30ae11",
                            "enable_router_advertisement": "true",
                            "failover_mode": "PREEMPTIVE",
                            "firewall_sections.#": "1",
                            "firewall_sections.0.is_valid": "true",
                            "firewall_sections.0.target_display_name": "",
                            "firewall_sections.0.target_id": "048f05dd-57e1-439b-8fda-a2a2cf3a60eb",
                            "firewall_sections.0.target_type": "FirewallSection",
                            "id": "b59320e3-b4b0-4a43-ad5a-cf52eead4216",
                            "revision": "0",
                            "tag.#": "0"
                        },
                        "meta": {},
                        "tainted": false
                    },
                    "deposed": [],
                    "provider": "provider.nsxt"
                },
                "nsxt_logical_tier1_router.t1.17": {
                    "type": "nsxt_logical_tier1_router",
                    "depends_on": [
                        "data.nsxt_edge_cluster.edgecluster"
                    ],
                    "primary": {
                        "id": "b06f7117-cda0-4c0b-ac55-16f07a0bb7e9",
                        "attributes": {
                            "advertise_config_revision": "1",
                            "advertise_connected_routes": "true",
                            "advertise_nat_routes": "false",
                            "advertise_static_routes": "false",
                            "description": "",
                            "display_name": "terraform_t1_17",
                            "edge_cluster_id": "7f6f9081-4a58-49f1-b2b1-e5ba7d30ae11",
                            "enable_router_advertisement": "true",
                            "failover_mode": "PREEMPTIVE",
                            "firewall_sections.#": "1",
                            "firewall_sections.0.is_valid": "true",
                            "firewall_sections.0.target_display_name": "",
                            "firewall_sections.0.target_id": "a9284373-2760-4ca8-ac97-80212b48f41b",
                            "firewall_sections.0.target_type": "FirewallSection",
                            "id": "b06f7117-cda0-4c0b-ac55-16f07a0bb7e9",
                            "revision": "0",
                            "tag.#": "0"
                        },
                        "meta": {},
                        "tainted": false
                    },
                    "deposed": [],
                    "provider": "provider.nsxt"
                },
                "nsxt_logical_tier1_router.t1.18": {
                    "type": "nsxt_logical_tier1_router",
                    "depends_on": [
                        "data.nsxt_edge_cluster.edgecluster"
                    ],
                    "primary": {
                        "id": "cb3a9596-d7e5-4433-af9b-b26f1534da83",
                        "attributes": {
                            "advertise_config_revision": "1",
                            "advertise_connected_routes": "true",
                            "advertise_nat_routes": "false",
                            "advertise_static_routes": "false",
                            "description": "",
                            "display_name": "terraform_t1_18",
                            "edge_cluster_id": "7f6f9081-4a58-49f1-b2b1-e5ba7d30ae11",
                            "enable_router_advertisement": "true",
                            "failover_mode": "PREEMPTIVE",
                            "firewall_sections.#": "1",
                            "firewall_sections.0.is_valid": "true",
                            "firewall_sections.0.target_display_name": "",
                            "firewall_sections.0.target_id": "8ace1ac4-2ce1-43b7-80d0-dce97bda4e00",
                            "firewall_sections.0.target_type": "FirewallSection",
                            "id": "cb3a9596-d7e5-4433-af9b-b26f1534da83",
                            "revision": "0",
                            "tag.#": "0"
                        },
                        "meta": {},
                        "tainted": false
                    },
                    "deposed": [],
                    "provider": "provider.nsxt"
                },
                "nsxt_logical_tier1_router.t1.19": {
                    "type": "nsxt_logical_tier1_router",
                    "depends_on": [
                        "data.nsxt_edge_cluster.edgecluster"
                    ],
                    "primary": {
                        "id": "c1a96d4e-283d-40a1-98fc-09c33aa16322",
                        "attributes": {
                            "advertise_config_revision": "1",
                            "advertise_connected_routes": "true",
                            "advertise_nat_routes": "false",
                            "advertise_static_routes": "false",
                            "description": "",
                            "display_name": "terraform_t1_19",
                            "edge_cluster_id": "7f6f9081-4a58-49f1-b2b1-e5ba7d30ae11",
                            "enable_router_advertisement": "true",
                            "failover_mode": "PREEMPTIVE",
                            "firewall_sections.#": "1",
                            "firewall_sections.0.is_valid": "true",
                            "firewall_sections.0.target_display_name": "",
                            "firewall_sections.0.target_id": "5b1aba4f-3719-491a-a7a6-028d80fff319",
                            "firewall_sections.0.target_type": "FirewallSection",
                            "id": "c1a96d4e-283d-40a1-98fc-09c33aa16322",
                            "revision": "0",
                            "tag.#": "0"
                        },
                        "meta": {},
                        "tainted": false
                    },
                    "deposed": [],
                    "provider": "provider.nsxt"
                },
                "nsxt_logical_tier1_router.t1.2": {
                    "type": "nsxt_logical_tier1_router",
                    "depends_on": [
                        "data.nsxt_edge_cluster.edgecluster"
                    ],
                    "primary": {
                        "id": "ec363f1a-d69b-42fc-9fca-4a7e84dff143",
                        "attributes": {
                            "advertise_config_revision": "1",
                            "advertise_connected_routes": "true",
                            "advertise_nat_routes": "false",
                            "advertise_static_routes": "false",
                            "description": "",
                            "display_name": "terraform_t1_2",
                            "edge_cluster_id": "7f6f9081-4a58-49f1-b2b1-e5ba7d30ae11",
                            "enable_router_advertisement": "true",
                            "failover_mode": "PREEMPTIVE",
                            "firewall_sections.#": "1",
                            "firewall_sections.0.is_valid": "true",
                            "firewall_sections.0.target_display_name": "",
                            "firewall_sections.0.target_id": "1e52493c-06ad-4a49-bef8-6ea302644e2d",
                            "firewall_sections.0.target_type": "FirewallSection",
                            "id": "ec363f1a-d69b-42fc-9fca-4a7e84dff143",
                            "revision": "0",
                            "tag.#": "0"
                        },
                        "meta": {},
                        "tainted": false
                    },
                    "deposed": [],
                    "provider": "provider.nsxt"
                },
                "nsxt_logical_tier1_router.t1.20": {
                    "type": "nsxt_logical_tier1_router",
                    "depends_on": [
                        "data.nsxt_edge_cluster.edgecluster"
                    ],
                    "primary": {
                        "id": "45f315cb-4cc5-4be8-bc97-a2341481e367",
                        "attributes": {
                            "advertise_config_revision": "1",
                            "advertise_connected_routes": "true",
                            "advertise_nat_routes": "false",
                            "advertise_static_routes": "false",
                            "description": "",
                            "display_name": "terraform_t1_20",
                            "edge_cluster_id": "7f6f9081-4a58-49f1-b2b1-e5ba7d30ae11",
                            "enable_router_advertisement": "true",
                            "failover_mode": "PREEMPTIVE",
                            "firewall_sections.#": "1",
                            "firewall_sections.0.is_valid": "true",
                            "firewall_sections.0.target_display_name": "",
                            "firewall_sections.0.target_id": "a252e0af-254c-4ec5-95f8-47114f13344c",
                            "firewall_sections.0.target_type": "FirewallSection",
                            "id": "45f315cb-4cc5-4be8-bc97-a2341481e367",
                            "revision": "0",
                            "tag.#": "0"
                        },
                        "meta": {},
                        "tainted": false
                    },
                    "deposed": [],
                    "provider": "provider.nsxt"
                },
                "nsxt_logical_tier1_router.t1.21": {
                    "type": "nsxt_logical_tier1_router",
                    "depends_on": [
                        "data.nsxt_edge_cluster.edgecluster"
                    ],
                    "primary": {
                        "id": "446c63bf-9521-4f81-b22b-eda2b6723841",
                        "attributes": {
                            "advertise_config_revision": "1",
                            "advertise_connected_routes": "true",
                            "advertise_nat_routes": "false",
                            "advertise_static_routes": "false",
                            "description": "",
                            "display_name": "terraform_t1_21",
                            "edge_cluster_id": "7f6f9081-4a58-49f1-b2b1-e5ba7d30ae11",
                            "enable_router_advertisement": "true",
                            "failover_mode": "PREEMPTIVE",
                            "firewall_sections.#": "1",
                            "firewall_sections.0.is_valid": "true",
                            "firewall_sections.0.target_display_name": "",
                            "firewall_sections.0.target_id": "1b29ea6f-242d-409f-8c04-8d544cd0ffec",
                            "firewall_sections.0.target_type": "FirewallSection",
                            "id": "446c63bf-9521-4f81-b22b-eda2b6723841",
                            "revision": "0",
                            "tag.#": "0"
                        },
                        "meta": {},
                        "tainted": false
                    },
                    "deposed": [],
                    "provider": "provider.nsxt"
                },
                "nsxt_logical_tier1_router.t1.22": {
                    "type": "nsxt_logical_tier1_router",
                    "depends_on": [
                        "data.nsxt_edge_cluster.edgecluster"
                    ],
                    "primary": {
                        "id": "9b98efd8-7d96-406c-a33d-b2d4ba064433",
                        "attributes": {
                            "advertise_config_revision": "1",
                            "advertise_connected_routes": "true",
                            "advertise_nat_routes": "false",
                            "advertise_static_routes": "false",
                            "description": "",
                            "display_name": "terraform_t1_22",
                            "edge_cluster_id": "7f6f9081-4a58-49f1-b2b1-e5ba7d30ae11",
                            "enable_router_advertisement": "true",
                            "failover_mode": "PREEMPTIVE",
                            "firewall_sections.#": "1",
                            "firewall_sections.0.is_valid": "true",
                            "firewall_sections.0.target_display_name": "",
                            "firewall_sections.0.target_id": "e6d763ba-15a6-48eb-9cd1-3d8c3d0b68a5",
                            "firewall_sections.0.target_type": "FirewallSection",
                            "id": "9b98efd8-7d96-406c-a33d-b2d4ba064433",
                            "revision": "0",
                            "tag.#": "0"
                        },
                        "meta": {},
                        "tainted": false
                    },
                    "deposed": [],
                    "provider": "provider.nsxt"
                },
                "nsxt_logical_tier1_router.t1.23": {
                    "type": "nsxt_logical_tier1_router",
                    "depends_on": [
                        "data.nsxt_edge_cluster.edgecluster"
                    ],
                    "primary": {
                        "id": "e133fdc5-e31e-45ca-9d38-496e4fea2f8b",
                        "attributes": {
                            "advertise_config_revision": "1",
                            "advertise_connected_routes": "true",
                            "advertise_nat_routes": "false",
                            "advertise_static_routes": "false",
                            "description": "",
                            "display_name": "terraform_t1_23",
                            "edge_cluster_id": "7f6f9081-4a58-49f1-b2b1-e5ba7d30ae11",
                            "enable_router_advertisement": "true",
                            "failover_mode": "PREEMPTIVE",
                            "firewall_sections.#": "1",
                            "firewall_sections.0.is_valid": "true",
                            "firewall_sections.0.target_display_name": "",
                            "firewall_sections.0.target_id": "50c44835-7b22-4c81-84a4-da33608c2773",
                            "firewall_sections.0.target_type": "FirewallSection",
                            "id": "e133fdc5-e31e-45ca-9d38-496e4fea2f8b",
                            "revision": "0",
                            "tag.#": "0"
                        },
                        "meta": {},
                        "tainted": false
                    },
                    "deposed": [],
                    "provider": "provider.nsxt"
                },
                "nsxt_logical_tier1_router.t1.24": {
                    "type": "nsxt_logical_tier1_router",
                    "depends_on": [
                        "data.nsxt_edge_cluster.edgecluster"
                    ],
                    "primary": {
                        "id": "b4f92396-359e-4e04-b8f1-6ffaea5ccb83",
                        "attributes": {
                            "advertise_config_revision": "1",
                            "advertise_connected_routes": "true",
                            "advertise_nat_routes": "false",
                            "advertise_static_routes": "false",
                            "description": "",
                            "display_name": "terraform_t1_24",
                            "edge_cluster_id": "7f6f9081-4a58-49f1-b2b1-e5ba7d30ae11",
                            "enable_router_advertisement": "true",
                            "failover_mode": "PREEMPTIVE",
                            "firewall_sections.#": "1",
                            "firewall_sections.0.is_valid": "true",
                            "firewall_sections.0.target_display_name": "",
                            "firewall_sections.0.target_id": "48f00b28-acd3-445e-a4d1-7ce51148cce3",
                            "firewall_sections.0.target_type": "FirewallSection",
                            "id": "b4f92396-359e-4e04-b8f1-6ffaea5ccb83",
                            "revision": "0",
                            "tag.#": "0"
                        },
                        "meta": {},
                        "tainted": false
                    },
                    "deposed": [],
                    "provider": "provider.nsxt"
                },
                "nsxt_logical_tier1_router.t1.25": {
                    "type": "nsxt_logical_tier1_router",
                    "depends_on": [
                        "data.nsxt_edge_cluster.edgecluster"
                    ],
                    "primary": {
                        "id": "c5b890b7-ff14-4eaf-afc6-4d42184087b3",
                        "attributes": {
                            "advertise_config_revision": "1",
                            "advertise_connected_routes": "true",
                            "advertise_nat_routes": "false",
                            "advertise_static_routes": "false",
                            "description": "",
                            "display_name": "terraform_t1_25",
                            "edge_cluster_id": "7f6f9081-4a58-49f1-b2b1-e5ba7d30ae11",
                            "enable_router_advertisement": "true",
                            "failover_mode": "PREEMPTIVE",
                            "firewall_sections.#": "1",
                            "firewall_sections.0.is_valid": "true",
                            "firewall_sections.0.target_display_name": "",
                            "firewall_sections.0.target_id": "206f5cf1-ae4d-420a-b8ed-f9a412ab950f",
                            "firewall_sections.0.target_type": "FirewallSection",
                            "id": "c5b890b7-ff14-4eaf-afc6-4d42184087b3",
                            "revision": "0",
                            "tag.#": "0"
                        },
                        "meta": {},
                        "tainted": false
                    },
                    "deposed": [],
                    "provider": "provider.nsxt"
                },
                "nsxt_logical_tier1_router.t1.26": {
                    "type": "nsxt_logical_tier1_router",
                    "depends_on": [
                        "data.nsxt_edge_cluster.edgecluster"
                    ],
                    "primary": {
                        "id": "c101b964-daef-47d8-895a-64cb1c43319b",
                        "attributes": {
                            "advertise_config_revision": "1",
                            "advertise_connected_routes": "true",
                            "advertise_nat_routes": "false",
                            "advertise_static_routes": "false",
                            "description": "",
                            "display_name": "terraform_t1_26",
                            "edge_cluster_id": "7f6f9081-4a58-49f1-b2b1-e5ba7d30ae11",
                            "enable_router_advertisement": "true",
                            "failover_mode": "PREEMPTIVE",
                            "firewall_sections.#": "1",
                            "firewall_sections.0.is_valid": "true",
                            "firewall_sections.0.target_display_name": "",
                            "firewall_sections.0.target_id": "9827e689-0552-4081-9143-007f79fe226d",
                            "firewall_sections.0.target_type": "FirewallSection",
                            "id": "c101b964-daef-47d8-895a-64cb1c43319b",
                            "revision": "0",
                            "tag.#": "0"
                        },
                        "meta": {},
                        "tainted": false
                    },
                    "deposed": [],
                    "provider": "provider.nsxt"
                },
                "nsxt_logical_tier1_router.t1.27": {
                    "type": "nsxt_logical_tier1_router",
                    "depends_on": [
                        "data.nsxt_edge_cluster.edgecluster"
                    ],
                    "primary": {
                        "id": "5492cb57-610f-47b2-be01-ae121e2c6887",
                        "attributes": {
                            "advertise_config_revision": "1",
                            "advertise_connected_routes": "true",
                            "advertise_nat_routes": "false",
                            "advertise_static_routes": "false",
                            "description": "",
                            "display_name": "terraform_t1_27",
                            "edge_cluster_id": "7f6f9081-4a58-49f1-b2b1-e5ba7d30ae11",
                            "enable_router_advertisement": "true",
                            "failover_mode": "PREEMPTIVE",
                            "firewall_sections.#": "1",
                            "firewall_sections.0.is_valid": "true",
                            "firewall_sections.0.target_display_name": "",
                            "firewall_sections.0.target_id": "74276fdd-e2cc-4c6d-b11b-3abcc696c8f8",
                            "firewall_sections.0.target_type": "FirewallSection",
                            "id": "5492cb57-610f-47b2-be01-ae121e2c6887",
                            "revision": "0",
                            "tag.#": "0"
                        },
                        "meta": {},
                        "tainted": false
                    },
                    "deposed": [],
                    "provider": "provider.nsxt"
                },
                "nsxt_logical_tier1_router.t1.28": {
                    "type": "nsxt_logical_tier1_router",
                    "depends_on": [
                        "data.nsxt_edge_cluster.edgecluster"
                    ],
                    "primary": {
                        "id": "ee44ada8-874d-479e-b2ae-7cc7d96b0a39",
                        "attributes": {
                            "advertise_config_revision": "1",
                            "advertise_connected_routes": "true",
                            "advertise_nat_routes": "false",
                            "advertise_static_routes": "false",
                            "description": "",
                            "display_name": "terraform_t1_28",
                            "edge_cluster_id": "7f6f9081-4a58-49f1-b2b1-e5ba7d30ae11",
                            "enable_router_advertisement": "true",
                            "failover_mode": "PREEMPTIVE",
                            "firewall_sections.#": "1",
                            "firewall_sections.0.is_valid": "true",
                            "firewall_sections.0.target_display_name": "",
                            "firewall_sections.0.target_id": "580cb2a7-855a-4f8e-a792-53834a083b53",
                            "firewall_sections.0.target_type": "FirewallSection",
                            "id": "ee44ada8-874d-479e-b2ae-7cc7d96b0a39",
                            "revision": "0",
                            "tag.#": "0"
                        },
                        "meta": {},
                        "tainted": false
                    },
                    "deposed": [],
                    "provider": "provider.nsxt"
                },
                "nsxt_logical_tier1_router.t1.29": {
                    "type": "nsxt_logical_tier1_router",
                    "depends_on": [
                        "data.nsxt_edge_cluster.edgecluster"
                    ],
                    "primary": {
                        "id": "989d4e9e-08f5-4319-b0ba-3bde4b207e20",
                        "attributes": {
                            "advertise_config_revision": "1",
                            "advertise_connected_routes": "true",
                            "advertise_nat_routes": "false",
                            "advertise_static_routes": "false",
                            "description": "",
                            "display_name": "terraform_t1_29",
                            "edge_cluster_id": "7f6f9081-4a58-49f1-b2b1-e5ba7d30ae11",
                            "enable_router_advertisement": "true",
                            "failover_mode": "PREEMPTIVE",
                            "firewall_sections.#": "1",
                            "firewall_sections.0.is_valid": "true",
                            "firewall_sections.0.target_display_name": "",
                            "firewall_sections.0.target_id": "45d17b58-25ad-4c0c-836a-7abd010c2482",
                            "firewall_sections.0.target_type": "FirewallSection",
                            "id": "989d4e9e-08f5-4319-b0ba-3bde4b207e20",
                            "revision": "0",
                            "tag.#": "0"
                        },
                        "meta": {},
                        "tainted": false
                    },
                    "deposed": [],
                    "provider": "provider.nsxt"
                },
                "nsxt_logical_tier1_router.t1.3": {
                    "type": "nsxt_logical_tier1_router",
                    "depends_on": [
                        "data.nsxt_edge_cluster.edgecluster"
                    ],
                    "primary": {
                        "id": "ea3a8156-0af7-4911-bd40-062c5a0d58c8",
                        "attributes": {
                            "advertise_config_revision": "1",
                            "advertise_connected_routes": "true",
                            "advertise_nat_routes": "false",
                            "advertise_static_routes": "false",
                            "description": "",
                            "display_name": "terraform_t1_3",
                            "edge_cluster_id": "7f6f9081-4a58-49f1-b2b1-e5ba7d30ae11",
                            "enable_router_advertisement": "true",
                            "failover_mode": "PREEMPTIVE",
                            "firewall_sections.#": "1",
                            "firewall_sections.0.is_valid": "true",
                            "firewall_sections.0.target_display_name": "",
                            "firewall_sections.0.target_id": "06a074ed-cc8f-4e46-b9e7-4eff95b7aaae",
                            "firewall_sections.0.target_type": "FirewallSection",
                            "id": "ea3a8156-0af7-4911-bd40-062c5a0d58c8",
                            "revision": "0",
                            "tag.#": "0"
                        },
                        "meta": {},
                        "tainted": false
                    },
                    "deposed": [],
                    "provider": "provider.nsxt"
                },
                "nsxt_logical_tier1_router.t1.30": {
                    "type": "nsxt_logical_tier1_router",
                    "depends_on": [
                        "data.nsxt_edge_cluster.edgecluster"
                    ],
                    "primary": {
                        "id": "deabf680-b01b-49f3-ac6b-cbbf4107659f",
                        "attributes": {
                            "advertise_config_revision": "1",
                            "advertise_connected_routes": "true",
                            "advertise_nat_routes": "false",
                            "advertise_static_routes": "false",
                            "description": "",
                            "display_name": "terraform_t1_30",
                            "edge_cluster_id": "7f6f9081-4a58-49f1-b2b1-e5ba7d30ae11",
                            "enable_router_advertisement": "true",
                            "failover_mode": "PREEMPTIVE",
                            "firewall_sections.#": "1",
                            "firewall_sections.0.is_valid": "true",
                            "firewall_sections.0.target_display_name": "",
                            "firewall_sections.0.target_id": "2baf25b0-da25-4ace-b729-36bcf8ba1bbc",
                            "firewall_sections.0.target_type": "FirewallSection",
                            "id": "deabf680-b01b-49f3-ac6b-cbbf4107659f",
                            "revision": "0",
                            "tag.#": "0"
                        },
                        "meta": {},
                        "tainted": false
                    },
                    "deposed": [],
                    "provider": "provider.nsxt"
                },
                "nsxt_logical_tier1_router.t1.31": {
                    "type": "nsxt_logical_tier1_router",
                    "depends_on": [
                        "data.nsxt_edge_cluster.edgecluster"
                    ],
                    "primary": {
                        "id": "ff69418e-707a-4360-87ba-c16c491c6932",
                        "attributes": {
                            "advertise_config_revision": "1",
                            "advertise_connected_routes": "true",
                            "advertise_nat_routes": "false",
                            "advertise_static_routes": "false",
                            "description": "",
                            "display_name": "terraform_t1_31",
                            "edge_cluster_id": "7f6f9081-4a58-49f1-b2b1-e5ba7d30ae11",
                            "enable_router_advertisement": "true",
                            "failover_mode": "PREEMPTIVE",
                            "firewall_sections.#": "1",
                            "firewall_sections.0.is_valid": "true",
                            "firewall_sections.0.target_display_name": "",
                            "firewall_sections.0.target_id": "b79f2ecf-e30a-4fbf-b74a-bdbd420660a9",
                            "firewall_sections.0.target_type": "FirewallSection",
                            "id": "ff69418e-707a-4360-87ba-c16c491c6932",
                            "revision": "0",
                            "tag.#": "0"
                        },
                        "meta": {},
                        "tainted": false
                    },
                    "deposed": [],
                    "provider": "provider.nsxt"
                },
                "nsxt_logical_tier1_router.t1.32": {
                    "type": "nsxt_logical_tier1_router",
                    "depends_on": [
                        "data.nsxt_edge_cluster.edgecluster"
                    ],
                    "primary": {
                        "id": "75b6bb65-cbbf-4eaa-bef5-c201dd1a0e66",
                        "attributes": {
                            "advertise_config_revision": "1",
                            "advertise_connected_routes": "true",
                            "advertise_nat_routes": "false",
                            "advertise_static_routes": "false",
                            "description": "",
                            "display_name": "terraform_t1_32",
                            "edge_cluster_id": "7f6f9081-4a58-49f1-b2b1-e5ba7d30ae11",
                            "enable_router_advertisement": "true",
                            "failover_mode": "PREEMPTIVE",
                            "firewall_sections.#": "1",
                            "firewall_sections.0.is_valid": "true",
                            "firewall_sections.0.target_display_name": "",
                            "firewall_sections.0.target_id": "8239acab-ba0d-4e5b-aff4-ed5dec9a70df",
                            "firewall_sections.0.target_type": "FirewallSection",
                            "id": "75b6bb65-cbbf-4eaa-bef5-c201dd1a0e66",
                            "revision": "0",
                            "tag.#": "0"
                        },
                        "meta": {},
                        "tainted": false
                    },
                    "deposed": [],
                    "provider": "provider.nsxt"
                },
                "nsxt_logical_tier1_router.t1.33": {
                    "type": "nsxt_logical_tier1_router",
                    "depends_on": [
                        "data.nsxt_edge_cluster.edgecluster"
                    ],
                    "primary": {
                        "id": "1e302b1a-d00f-4c39-819b-432afa828791",
                        "attributes": {
                            "advertise_config_revision": "1",
                            "advertise_connected_routes": "true",
                            "advertise_nat_routes": "false",
                            "advertise_static_routes": "false",
                            "description": "",
                            "display_name": "terraform_t1_33",
                            "edge_cluster_id": "7f6f9081-4a58-49f1-b2b1-e5ba7d30ae11",
                            "enable_router_advertisement": "true",
                            "failover_mode": "PREEMPTIVE",
                            "firewall_sections.#": "1",
                            "firewall_sections.0.is_valid": "true",
                            "firewall_sections.0.target_display_name": "",
                            "firewall_sections.0.target_id": "399222f2-6d80-47ad-809e-9d11c89ed2c3",
                            "firewall_sections.0.target_type": "FirewallSection",
                            "id": "1e302b1a-d00f-4c39-819b-432afa828791",
                            "revision": "0",
                            "tag.#": "0"
                        },
                        "meta": {},
                        "tainted": false
                    },
                    "deposed": [],
                    "provider": "provider.nsxt"
                },
                "nsxt_logical_tier1_router.t1.34": {
                    "type": "nsxt_logical_tier1_router",
                    "depends_on": [
                        "data.nsxt_edge_cluster.edgecluster"
                    ],
                    "primary": {
                        "id": "c5d2b7c1-d117-4c42-98e8-a7fa22a57ca7",
                        "attributes": {
                            "advertise_config_revision": "1",
                            "advertise_connected_routes": "true",
                            "advertise_nat_routes": "false",
                            "advertise_static_routes": "false",
                            "description": "",
                            "display_name": "terraform_t1_34",
                            "edge_cluster_id": "7f6f9081-4a58-49f1-b2b1-e5ba7d30ae11",
                            "enable_router_advertisement": "true",
                            "failover_mode": "PREEMPTIVE",
                            "firewall_sections.#": "1",
                            "firewall_sections.0.is_valid": "true",
                            "firewall_sections.0.target_display_name": "",
                            "firewall_sections.0.target_id": "47c58f28-4600-454a-9c35-53ecb357c796",
                            "firewall_sections.0.target_type": "FirewallSection",
                            "id": "c5d2b7c1-d117-4c42-98e8-a7fa22a57ca7",
                            "revision": "0",
                            "tag.#": "0"
                        },
                        "meta": {},
                        "tainted": false
                    },
                    "deposed": [],
                    "provider": "provider.nsxt"
                },
                "nsxt_logical_tier1_router.t1.35": {
                    "type": "nsxt_logical_tier1_router",
                    "depends_on": [
                        "data.nsxt_edge_cluster.edgecluster"
                    ],
                    "primary": {
                        "id": "310588a7-76b5-4075-8bd1-d4a80f9c8f24",
                        "attributes": {
                            "advertise_config_revision": "1",
                            "advertise_connected_routes": "true",
                            "advertise_nat_routes": "false",
                            "advertise_static_routes": "false",
                            "description": "",
                            "display_name": "terraform_t1_35",
                            "edge_cluster_id": "7f6f9081-4a58-49f1-b2b1-e5ba7d30ae11",
                            "enable_router_advertisement": "true",
                            "failover_mode": "PREEMPTIVE",
                            "firewall_sections.#": "1",
                            "firewall_sections.0.is_valid": "true",
                            "firewall_sections.0.target_display_name": "",
                            "firewall_sections.0.target_id": "906e228b-ac3c-491b-8092-b607e1a38234",
                            "firewall_sections.0.target_type": "FirewallSection",
                            "id": "310588a7-76b5-4075-8bd1-d4a80f9c8f24",
                            "revision": "0",
                            "tag.#": "0"
                        },
                        "meta": {},
                        "tainted": false
                    },
                    "deposed": [],
                    "provider": "provider.nsxt"
                },
                "nsxt_logical_tier1_router.t1.36": {
                    "type": "nsxt_logical_tier1_router",
                    "depends_on": [
                        "data.nsxt_edge_cluster.edgecluster"
                    ],
                    "primary": {
                        "id": "fc1f5f7c-041f-4d20-b170-51599ac0cbb9",
                        "attributes": {
                            "advertise_config_revision": "1",
                            "advertise_connected_routes": "true",
                            "advertise_nat_routes": "false",
                            "advertise_static_routes": "false",
                            "description": "",
                            "display_name": "terraform_t1_36",
                            "edge_cluster_id": "7f6f9081-4a58-49f1-b2b1-e5ba7d30ae11",
                            "enable_router_advertisement": "true",
                            "failover_mode": "PREEMPTIVE",
                            "firewall_sections.#": "1",
                            "firewall_sections.0.is_valid": "true",
                            "firewall_sections.0.target_display_name": "",
                            "firewall_sections.0.target_id": "060a67fa-8f91-494f-856f-998c97d744f1",
                            "firewall_sections.0.target_type": "FirewallSection",
                            "id": "fc1f5f7c-041f-4d20-b170-51599ac0cbb9",
                            "revision": "0",
                            "tag.#": "0"
                        },
                        "meta": {},
                        "tainted": false
                    },
                    "deposed": [],
                    "provider": "provider.nsxt"
                },
                "nsxt_logical_tier1_router.t1.37": {
                    "type": "nsxt_logical_tier1_router",
                    "depends_on": [
                        "data.nsxt_edge_cluster.edgecluster"
                    ],
                    "primary": {
                        "id": "7c17cd71-0817-40ce-ad64-4cce0cf6ce87",
                        "attributes": {
                            "advertise_config_revision": "1",
                            "advertise_connected_routes": "true",
                            "advertise_nat_routes": "false",
                            "advertise_static_routes": "false",
                            "description": "",
                            "display_name": "terraform_t1_37",
                            "edge_cluster_id": "7f6f9081-4a58-49f1-b2b1-e5ba7d30ae11",
                            "enable_router_advertisement": "true",
                            "failover_mode": "PREEMPTIVE",
                            "firewall_sections.#": "1",
                            "firewall_sections.0.is_valid": "true",
                            "firewall_sections.0.target_display_name": "",
                            "firewall_sections.0.target_id": "df0c30dc-1862-488e-933d-8a6fc4175f66",
                            "firewall_sections.0.target_type": "FirewallSection",
                            "id": "7c17cd71-0817-40ce-ad64-4cce0cf6ce87",
                            "revision": "0",
                            "tag.#": "0"
                        },
                        "meta": {},
                        "tainted": false
                    },
                    "deposed": [],
                    "provider": "provider.nsxt"
                },
                "nsxt_logical_tier1_router.t1.38": {
                    "type": "nsxt_logical_tier1_router",
                    "depends_on": [
                        "data.nsxt_edge_cluster.edgecluster"
                    ],
                    "primary": {
                        "id": "46b31d3c-9e8f-47da-8771-711275540973",
                        "attributes": {
                            "advertise_config_revision": "1",
                            "advertise_connected_routes": "true",
                            "advertise_nat_routes": "false",
                            "advertise_static_routes": "false",
                            "description": "",
                            "display_name": "terraform_t1_38",
                            "edge_cluster_id": "7f6f9081-4a58-49f1-b2b1-e5ba7d30ae11",
                            "enable_router_advertisement": "true",
                            "failover_mode": "PREEMPTIVE",
                            "firewall_sections.#": "1",
                            "firewall_sections.0.is_valid": "true",
                            "firewall_sections.0.target_display_name": "",
                            "firewall_sections.0.target_id": "dd0c980f-9f6b-43b2-b8fa-bb471b2f9d11",
                            "firewall_sections.0.target_type": "FirewallSection",
                            "id": "46b31d3c-9e8f-47da-8771-711275540973",
                            "revision": "0",
                            "tag.#": "0"
                        },
                        "meta": {},
                        "tainted": false
                    },
                    "deposed": [],
                    "provider": "provider.nsxt"
                },
                "nsxt_logical_tier1_router.t1.39": {
                    "type": "nsxt_logical_tier1_router",
                    "depends_on": [
                        "data.nsxt_edge_cluster.edgecluster"
                    ],
                    "primary": {
                        "id": "b3d562e2-6473-461d-a1ba-78130dc8c2ac",
                        "attributes": {
                            "advertise_config_revision": "1",
                            "advertise_connected_routes": "true",
                            "advertise_nat_routes": "false",
                            "advertise_static_routes": "false",
                            "description": "",
                            "display_name": "terraform_t1_39",
                            "edge_cluster_id": "7f6f9081-4a58-49f1-b2b1-e5ba7d30ae11",
                            "enable_router_advertisement": "true",
                            "failover_mode": "PREEMPTIVE",
                            "firewall_sections.#": "1",
                            "firewall_sections.0.is_valid": "true",
                            "firewall_sections.0.target_display_name": "",
                            "firewall_sections.0.target_id": "7fbd32cf-9919-499e-92c7-3406e7479d01",
                            "firewall_sections.0.target_type": "FirewallSection",
                            "id": "b3d562e2-6473-461d-a1ba-78130dc8c2ac",
                            "revision": "0",
                            "tag.#": "0"
                        },
                        "meta": {},
                        "tainted": false
                    },
                    "deposed": [],
                    "provider": "provider.nsxt"
                },
                "nsxt_logical_tier1_router.t1.4": {
                    "type": "nsxt_logical_tier1_router",
                    "depends_on": [
                        "data.nsxt_edge_cluster.edgecluster"
                    ],
                    "primary": {
                        "id": "fffc6b53-9c7e-45a4-87dc-c775a90a9c69",
                        "attributes": {
                            "advertise_config_revision": "1",
                            "advertise_connected_routes": "true",
                            "advertise_nat_routes": "false",
                            "advertise_static_routes": "false",
                            "description": "",
                            "display_name": "terraform_t1_4",
                            "edge_cluster_id": "7f6f9081-4a58-49f1-b2b1-e5ba7d30ae11",
                            "enable_router_advertisement": "true",
                            "failover_mode": "PREEMPTIVE",
                            "firewall_sections.#": "1",
                            "firewall_sections.0.is_valid": "true",
                            "firewall_sections.0.target_display_name": "",
                            "firewall_sections.0.target_id": "e23e67b1-ab20-4d6d-a221-1299682462a4",
                            "firewall_sections.0.target_type": "FirewallSection",
                            "id": "fffc6b53-9c7e-45a4-87dc-c775a90a9c69",
                            "revision": "0",
                            "tag.#": "0"
                        },
                        "meta": {},
                        "tainted": false
                    },
                    "deposed": [],
                    "provider": "provider.nsxt"
                },
                "nsxt_logical_tier1_router.t1.40": {
                    "type": "nsxt_logical_tier1_router",
                    "depends_on": [
                        "data.nsxt_edge_cluster.edgecluster"
                    ],
                    "primary": {
                        "id": "f56d9815-8288-48da-a6c6-2b95a3ca73cd",
                        "attributes": {
                            "advertise_config_revision": "1",
                            "advertise_connected_routes": "true",
                            "advertise_nat_routes": "false",
                            "advertise_static_routes": "false",
                            "description": "",
                            "display_name": "terraform_t1_40",
                            "edge_cluster_id": "7f6f9081-4a58-49f1-b2b1-e5ba7d30ae11",
                            "enable_router_advertisement": "true",
                            "failover_mode": "PREEMPTIVE",
                            "firewall_sections.#": "1",
                            "firewall_sections.0.is_valid": "true",
                            "firewall_sections.0.target_display_name": "",
                            "firewall_sections.0.target_id": "7663f44d-0c2b-4366-9e36-4843ff95eef8",
                            "firewall_sections.0.target_type": "FirewallSection",
                            "id": "f56d9815-8288-48da-a6c6-2b95a3ca73cd",
                            "revision": "0",
                            "tag.#": "0"
                        },
                        "meta": {},
                        "tainted": false
                    },
                    "deposed": [],
                    "provider": "provider.nsxt"
                },
                "nsxt_logical_tier1_router.t1.41": {
                    "type": "nsxt_logical_tier1_router",
                    "depends_on": [
                        "data.nsxt_edge_cluster.edgecluster"
                    ],
                    "primary": {
                        "id": "d1f6493c-857b-488e-b2c5-654ac7acb7c4",
                        "attributes": {
                            "advertise_config_revision": "1",
                            "advertise_connected_routes": "true",
                            "advertise_nat_routes": "false",
                            "advertise_static_routes": "false",
                            "description": "",
                            "display_name": "terraform_t1_41",
                            "edge_cluster_id": "7f6f9081-4a58-49f1-b2b1-e5ba7d30ae11",
                            "enable_router_advertisement": "true",
                            "failover_mode": "PREEMPTIVE",
                            "firewall_sections.#": "1",
                            "firewall_sections.0.is_valid": "true",
                            "firewall_sections.0.target_display_name": "",
                            "firewall_sections.0.target_id": "1049bc08-9958-44c9-b229-32039260a7c1",
                            "firewall_sections.0.target_type": "FirewallSection",
                            "id": "d1f6493c-857b-488e-b2c5-654ac7acb7c4",
                            "revision": "0",
                            "tag.#": "0"
                        },
                        "meta": {},
                        "tainted": false
                    },
                    "deposed": [],
                    "provider": "provider.nsxt"
                },
                "nsxt_logical_tier1_router.t1.42": {
                    "type": "nsxt_logical_tier1_router",
                    "depends_on": [
                        "data.nsxt_edge_cluster.edgecluster"
                    ],
                    "primary": {
                        "id": "16adb67a-8272-4b63-b536-b8f523297410",
                        "attributes": {
                            "advertise_config_revision": "1",
                            "advertise_connected_routes": "true",
                            "advertise_nat_routes": "false",
                            "advertise_static_routes": "false",
                            "description": "",
                            "display_name": "terraform_t1_42",
                            "edge_cluster_id": "7f6f9081-4a58-49f1-b2b1-e5ba7d30ae11",
                            "enable_router_advertisement": "true",
                            "failover_mode": "PREEMPTIVE",
                            "firewall_sections.#": "1",
                            "firewall_sections.0.is_valid": "true",
                            "firewall_sections.0.target_display_name": "",
                            "firewall_sections.0.target_id": "e81100b1-f9b7-4513-a0eb-5319666eb7eb",
                            "firewall_sections.0.target_type": "FirewallSection",
                            "id": "16adb67a-8272-4b63-b536-b8f523297410",
                            "revision": "0",
                            "tag.#": "0"
                        },
                        "meta": {},
                        "tainted": false
                    },
                    "deposed": [],
                    "provider": "provider.nsxt"
                },
                "nsxt_logical_tier1_router.t1.43": {
                    "type": "nsxt_logical_tier1_router",
                    "depends_on": [
                        "data.nsxt_edge_cluster.edgecluster"
                    ],
                    "primary": {
                        "id": "1169cda5-45e8-44af-9dfe-0e5ac68f3833",
                        "attributes": {
                            "advertise_config_revision": "1",
                            "advertise_connected_routes": "true",
                            "advertise_nat_routes": "false",
                            "advertise_static_routes": "false",
                            "description": "",
                            "display_name": "terraform_t1_43",
                            "edge_cluster_id": "7f6f9081-4a58-49f1-b2b1-e5ba7d30ae11",
                            "enable_router_advertisement": "true",
                            "failover_mode": "PREEMPTIVE",
                            "firewall_sections.#": "1",
                            "firewall_sections.0.is_valid": "true",
                            "firewall_sections.0.target_display_name": "",
                            "firewall_sections.0.target_id": "b84f8c07-ab78-438a-8b2b-87f7bd600230",
                            "firewall_sections.0.target_type": "FirewallSection",
                            "id": "1169cda5-45e8-44af-9dfe-0e5ac68f3833",
                            "revision": "0",
                            "tag.#": "0"
                        },
                        "meta": {},
                        "tainted": false
                    },
                    "deposed": [],
                    "provider": "provider.nsxt"
                },
                "nsxt_logical_tier1_router.t1.44": {
                    "type": "nsxt_logical_tier1_router",
                    "depends_on": [
                        "data.nsxt_edge_cluster.edgecluster"
                    ],
                    "primary": {
                        "id": "d0656a19-580a-4fb6-85ce-1eba0de0be97",
                        "attributes": {
                            "advertise_config_revision": "1",
                            "advertise_connected_routes": "true",
                            "advertise_nat_routes": "false",
                            "advertise_static_routes": "false",
                            "description": "",
                            "display_name": "terraform_t1_44",
                            "edge_cluster_id": "7f6f9081-4a58-49f1-b2b1-e5ba7d30ae11",
                            "enable_router_advertisement": "true",
                            "failover_mode": "PREEMPTIVE",
                            "firewall_sections.#": "1",
                            "firewall_sections.0.is_valid": "true",
                            "firewall_sections.0.target_display_name": "",
                            "firewall_sections.0.target_id": "1e2a6261-ab2e-4b32-9d58-2517535b3124",
                            "firewall_sections.0.target_type": "FirewallSection",
                            "id": "d0656a19-580a-4fb6-85ce-1eba0de0be97",
                            "revision": "0",
                            "tag.#": "0"
                        },
                        "meta": {},
                        "tainted": false
                    },
                    "deposed": [],
                    "provider": "provider.nsxt"
                },
                "nsxt_logical_tier1_router.t1.45": {
                    "type": "nsxt_logical_tier1_router",
                    "depends_on": [
                        "data.nsxt_edge_cluster.edgecluster"
                    ],
                    "primary": {
                        "id": "aed37b9f-468a-45a0-b0ea-47635b60186e",
                        "attributes": {
                            "advertise_config_revision": "1",
                            "advertise_connected_routes": "true",
                            "advertise_nat_routes": "false",
                            "advertise_static_routes": "false",
                            "description": "",
                            "display_name": "terraform_t1_45",
                            "edge_cluster_id": "7f6f9081-4a58-49f1-b2b1-e5ba7d30ae11",
                            "enable_router_advertisement": "true",
                            "failover_mode": "PREEMPTIVE",
                            "firewall_sections.#": "1",
                            "firewall_sections.0.is_valid": "true",
                            "firewall_sections.0.target_display_name": "",
                            "firewall_sections.0.target_id": "22e8546f-edba-4ea5-92e0-40c4d789fa18",
                            "firewall_sections.0.target_type": "FirewallSection",
                            "id": "aed37b9f-468a-45a0-b0ea-47635b60186e",
                            "revision": "0",
                            "tag.#": "0"
                        },
                        "meta": {},
                        "tainted": false
                    },
                    "deposed": [],
                    "provider": "provider.nsxt"
                },
                "nsxt_logical_tier1_router.t1.46": {
                    "type": "nsxt_logical_tier1_router",
                    "depends_on": [
                        "data.nsxt_edge_cluster.edgecluster"
                    ],
                    "primary": {
                        "id": "cccb0f99-303c-4e44-8846-f43ab5db5495",
                        "attributes": {
                            "advertise_config_revision": "1",
                            "advertise_connected_routes": "true",
                            "advertise_nat_routes": "false",
                            "advertise_static_routes": "false",
                            "description": "",
                            "display_name": "terraform_t1_46",
                            "edge_cluster_id": "7f6f9081-4a58-49f1-b2b1-e5ba7d30ae11",
                            "enable_router_advertisement": "true",
                            "failover_mode": "PREEMPTIVE",
                            "firewall_sections.#": "1",
                            "firewall_sections.0.is_valid": "true",
                            "firewall_sections.0.target_display_name": "",
                            "firewall_sections.0.target_id": "a78e2ece-3a4b-4afe-9011-cf102449be87",
                            "firewall_sections.0.target_type": "FirewallSection",
                            "id": "cccb0f99-303c-4e44-8846-f43ab5db5495",
                            "revision": "0",
                            "tag.#": "0"
                        },
                        "meta": {},
                        "tainted": false
                    },
                    "deposed": [],
                    "provider": "provider.nsxt"
                },
                "nsxt_logical_tier1_router.t1.47": {
                    "type": "nsxt_logical_tier1_router",
                    "depends_on": [
                        "data.nsxt_edge_cluster.edgecluster"
                    ],
                    "primary": {
                        "id": "31bec31f-cb2a-4e15-810a-7f10c20c0c13",
                        "attributes": {
                            "advertise_config_revision": "1",
                            "advertise_connected_routes": "true",
                            "advertise_nat_routes": "false",
                            "advertise_static_routes": "false",
                            "description": "",
                            "display_name": "terraform_t1_47",
                            "edge_cluster_id": "7f6f9081-4a58-49f1-b2b1-e5ba7d30ae11",
                            "enable_router_advertisement": "true",
                            "failover_mode": "PREEMPTIVE",
                            "firewall_sections.#": "1",
                            "firewall_sections.0.is_valid": "true",
                            "firewall_sections.0.target_display_name": "",
                            "firewall_sections.0.target_id": "a30fe037-ade5-4349-9cf5-0c689d597ba6",
                            "firewall_sections.0.target_type": "FirewallSection",
                            "id": "31bec31f-cb2a-4e15-810a-7f10c20c0c13",
                            "revision": "0",
                            "tag.#": "0"
                        },
                        "meta": {},
                        "tainted": false
                    },
                    "deposed": [],
                    "provider": "provider.nsxt"
                },
                "nsxt_logical_tier1_router.t1.48": {
                    "type": "nsxt_logical_tier1_router",
                    "depends_on": [
                        "data.nsxt_edge_cluster.edgecluster"
                    ],
                    "primary": {
                        "id": "92560521-6a79-4c9e-83f2-de7ac320e9a9",
                        "attributes": {
                            "advertise_config_revision": "1",
                            "advertise_connected_routes": "true",
                            "advertise_nat_routes": "false",
                            "advertise_static_routes": "false",
                            "description": "",
                            "display_name": "terraform_t1_48",
                            "edge_cluster_id": "7f6f9081-4a58-49f1-b2b1-e5ba7d30ae11",
                            "enable_router_advertisement": "true",
                            "failover_mode": "PREEMPTIVE",
                            "firewall_sections.#": "1",
                            "firewall_sections.0.is_valid": "true",
                            "firewall_sections.0.target_display_name": "",
                            "firewall_sections.0.target_id": "70eb7c72-0509-4e6f-8246-9296530d00e6",
                            "firewall_sections.0.target_type": "FirewallSection",
                            "id": "92560521-6a79-4c9e-83f2-de7ac320e9a9",
                            "revision": "0",
                            "tag.#": "0"
                        },
                        "meta": {},
                        "tainted": false
                    },
                    "deposed": [],
                    "provider": "provider.nsxt"
                },
                "nsxt_logical_tier1_router.t1.49": {
                    "type": "nsxt_logical_tier1_router",
                    "depends_on": [
                        "data.nsxt_edge_cluster.edgecluster"
                    ],
                    "primary": {
                        "id": "44f28b3d-b6c9-4adc-a387-ec9094802fa1",
                        "attributes": {
                            "advertise_config_revision": "1",
                            "advertise_connected_routes": "true",
                            "advertise_nat_routes": "false",
                            "advertise_static_routes": "false",
                            "description": "",
                            "display_name": "terraform_t1_49",
                            "edge_cluster_id": "7f6f9081-4a58-49f1-b2b1-e5ba7d30ae11",
                            "enable_router_advertisement": "true",
                            "failover_mode": "PREEMPTIVE",
                            "firewall_sections.#": "1",
                            "firewall_sections.0.is_valid": "true",
                            "firewall_sections.0.target_display_name": "",
                            "firewall_sections.0.target_id": "d31b05c8-4548-4c79-9db7-875af4d46af4",
                            "firewall_sections.0.target_type": "FirewallSection",
                            "id": "44f28b3d-b6c9-4adc-a387-ec9094802fa1",
                            "revision": "0",
                            "tag.#": "0"
                        },
                        "meta": {},
                        "tainted": false
                    },
                    "deposed": [],
                    "provider": "provider.nsxt"
                },
                "nsxt_logical_tier1_router.t1.5": {
                    "type": "nsxt_logical_tier1_router",
                    "depends_on": [
                        "data.nsxt_edge_cluster.edgecluster"
                    ],
                    "primary": {
                        "id": "b08b414d-d57c-4aa6-be17-30ad286c8ca5",
                        "attributes": {
                            "advertise_config_revision": "1",
                            "advertise_connected_routes": "true",
                            "advertise_nat_routes": "false",
                            "advertise_static_routes": "false",
                            "description": "",
                            "display_name": "terraform_t1_5",
                            "edge_cluster_id": "7f6f9081-4a58-49f1-b2b1-e5ba7d30ae11",
                            "enable_router_advertisement": "true",
                            "failover_mode": "PREEMPTIVE",
                            "firewall_sections.#": "1",
                            "firewall_sections.0.is_valid": "true",
                            "firewall_sections.0.target_display_name": "",
                            "firewall_sections.0.target_id": "d4f24739-2bd5-4b56-b801-a8ba098d9670",
                            "firewall_sections.0.target_type": "FirewallSection",
                            "id": "b08b414d-d57c-4aa6-be17-30ad286c8ca5",
                            "revision": "0",
                            "tag.#": "0"
                        },
                        "meta": {},
                        "tainted": false
                    },
                    "deposed": [],
                    "provider": "provider.nsxt"
                },
                "nsxt_logical_tier1_router.t1.50": {
                    "type": "nsxt_logical_tier1_router",
                    "depends_on": [
                        "data.nsxt_edge_cluster.edgecluster"
                    ],
                    "primary": {
                        "id": "abb4ae47-a092-4eb9-8270-ca81be39cd2d",
                        "attributes": {
                            "advertise_config_revision": "1",
                            "advertise_connected_routes": "true",
                            "advertise_nat_routes": "false",
                            "advertise_static_routes": "false",
                            "description": "",
                            "display_name": "terraform_t1_50",
                            "edge_cluster_id": "7f6f9081-4a58-49f1-b2b1-e5ba7d30ae11",
                            "enable_router_advertisement": "true",
                            "failover_mode": "PREEMPTIVE",
                            "firewall_sections.#": "1",
                            "firewall_sections.0.is_valid": "true",
                            "firewall_sections.0.target_display_name": "",
                            "firewall_sections.0.target_id": "0a46ecb0-c99a-448b-a0ae-ecc4d6091445",
                            "firewall_sections.0.target_type": "FirewallSection",
                            "id": "abb4ae47-a092-4eb9-8270-ca81be39cd2d",
                            "revision": "0",
                            "tag.#": "0"
                        },
                        "meta": {},
                        "tainted": false
                    },
                    "deposed": [],
                    "provider": "provider.nsxt"
                },
                "nsxt_logical_tier1_router.t1.51": {
                    "type": "nsxt_logical_tier1_router",
                    "depends_on": [
                        "data.nsxt_edge_cluster.edgecluster"
                    ],
                    "primary": {
                        "id": "c8587967-28b7-45a1-acf6-9a7c02881b6b",
                        "attributes": {
                            "advertise_config_revision": "1",
                            "advertise_connected_routes": "true",
                            "advertise_nat_routes": "false",
                            "advertise_static_routes": "false",
                            "description": "",
                            "display_name": "terraform_t1_51",
                            "edge_cluster_id": "7f6f9081-4a58-49f1-b2b1-e5ba7d30ae11",
                            "enable_router_advertisement": "true",
                            "failover_mode": "PREEMPTIVE",
                            "firewall_sections.#": "1",
                            "firewall_sections.0.is_valid": "true",
                            "firewall_sections.0.target_display_name": "",
                            "firewall_sections.0.target_id": "4cf1d7a0-b22e-4bd9-af12-3306a23c5de3",
                            "firewall_sections.0.target_type": "FirewallSection",
                            "id": "c8587967-28b7-45a1-acf6-9a7c02881b6b",
                            "revision": "0",
                            "tag.#": "0"
                        },
                        "meta": {},
                        "tainted": false
                    },
                    "deposed": [],
                    "provider": "provider.nsxt"
                },
                "nsxt_logical_tier1_router.t1.52": {
                    "type": "nsxt_logical_tier1_router",
                    "depends_on": [
                        "data.nsxt_edge_cluster.edgecluster"
                    ],
                    "primary": {
                        "id": "cc5fd529-5867-429b-9d2e-ea7ba48bd99a",
                        "attributes": {
                            "advertise_config_revision": "1",
                            "advertise_connected_routes": "true",
                            "advertise_nat_routes": "false",
                            "advertise_static_routes": "false",
                            "description": "",
                            "display_name": "terraform_t1_52",
                            "edge_cluster_id": "7f6f9081-4a58-49f1-b2b1-e5ba7d30ae11",
                            "enable_router_advertisement": "true",
                            "failover_mode": "PREEMPTIVE",
                            "firewall_sections.#": "1",
                            "firewall_sections.0.is_valid": "true",
                            "firewall_sections.0.target_display_name": "",
                            "firewall_sections.0.target_id": "b0a725b9-d309-4f7c-bd37-7533efdd7bc7",
                            "firewall_sections.0.target_type": "FirewallSection",
                            "id": "cc5fd529-5867-429b-9d2e-ea7ba48bd99a",
                            "revision": "0",
                            "tag.#": "0"
                        },
                        "meta": {},
                        "tainted": false
                    },
                    "deposed": [],
                    "provider": "provider.nsxt"
                },
                "nsxt_logical_tier1_router.t1.53": {
                    "type": "nsxt_logical_tier1_router",
                    "depends_on": [
                        "data.nsxt_edge_cluster.edgecluster"
                    ],
                    "primary": {
                        "id": "49518fa1-79a2-4711-ab1b-4d8bb8eda0b1",
                        "attributes": {
                            "advertise_config_revision": "1",
                            "advertise_connected_routes": "true",
                            "advertise_nat_routes": "false",
                            "advertise_static_routes": "false",
                            "description": "",
                            "display_name": "terraform_t1_53",
                            "edge_cluster_id": "7f6f9081-4a58-49f1-b2b1-e5ba7d30ae11",
                            "enable_router_advertisement": "true",
                            "failover_mode": "PREEMPTIVE",
                            "firewall_sections.#": "1",
                            "firewall_sections.0.is_valid": "true",
                            "firewall_sections.0.target_display_name": "",
                            "firewall_sections.0.target_id": "6cd0387b-f017-4fe9-af14-2133017e1542",
                            "firewall_sections.0.target_type": "FirewallSection",
                            "id": "49518fa1-79a2-4711-ab1b-4d8bb8eda0b1",
                            "revision": "0",
                            "tag.#": "0"
                        },
                        "meta": {},
                        "tainted": false
                    },
                    "deposed": [],
                    "provider": "provider.nsxt"
                },
                "nsxt_logical_tier1_router.t1.54": {
                    "type": "nsxt_logical_tier1_router",
                    "depends_on": [
                        "data.nsxt_edge_cluster.edgecluster"
                    ],
                    "primary": {
                        "id": "c3e72f53-ac67-4efa-be95-c743c61adc41",
                        "attributes": {
                            "advertise_config_revision": "1",
                            "advertise_connected_routes": "true",
                            "advertise_nat_routes": "false",
                            "advertise_static_routes": "false",
                            "description": "",
                            "display_name": "terraform_t1_54",
                            "edge_cluster_id": "7f6f9081-4a58-49f1-b2b1-e5ba7d30ae11",
                            "enable_router_advertisement": "true",
                            "failover_mode": "PREEMPTIVE",
                            "firewall_sections.#": "1",
                            "firewall_sections.0.is_valid": "true",
                            "firewall_sections.0.target_display_name": "",
                            "firewall_sections.0.target_id": "498a42cb-de7c-4821-8caf-b4adb98653e2",
                            "firewall_sections.0.target_type": "FirewallSection",
                            "id": "c3e72f53-ac67-4efa-be95-c743c61adc41",
                            "revision": "0",
                            "tag.#": "0"
                        },
                        "meta": {},
                        "tainted": false
                    },
                    "deposed": [],
                    "provider": "provider.nsxt"
                },
                "nsxt_logical_tier1_router.t1.55": {
                    "type": "nsxt_logical_tier1_router",
                    "depends_on": [
                        "data.nsxt_edge_cluster.edgecluster"
                    ],
                    "primary": {
                        "id": "4db5762b-e996-4e82-b35f-a4188d9eec60",
                        "attributes": {
                            "advertise_config_revision": "1",
                            "advertise_connected_routes": "true",
                            "advertise_nat_routes": "false",
                            "advertise_static_routes": "false",
                            "description": "",
                            "display_name": "terraform_t1_55",
                            "edge_cluster_id": "7f6f9081-4a58-49f1-b2b1-e5ba7d30ae11",
                            "enable_router_advertisement": "true",
                            "failover_mode": "PREEMPTIVE",
                            "firewall_sections.#": "1",
                            "firewall_sections.0.is_valid": "true",
                            "firewall_sections.0.target_display_name": "",
                            "firewall_sections.0.target_id": "47eba111-ca87-44c7-b1d5-d8d9d67f2c52",
                            "firewall_sections.0.target_type": "FirewallSection",
                            "id": "4db5762b-e996-4e82-b35f-a4188d9eec60",
                            "revision": "0",
                            "tag.#": "0"
                        },
                        "meta": {},
                        "tainted": false
                    },
                    "deposed": [],
                    "provider": "provider.nsxt"
                },
                "nsxt_logical_tier1_router.t1.56": {
                    "type": "nsxt_logical_tier1_router",
                    "depends_on": [
                        "data.nsxt_edge_cluster.edgecluster"
                    ],
                    "primary": {
                        "id": "f6d6623f-282b-488e-a06a-8f3ac822d48e",
                        "attributes": {
                            "advertise_config_revision": "1",
                            "advertise_connected_routes": "true",
                            "advertise_nat_routes": "false",
                            "advertise_static_routes": "false",
                            "description": "",
                            "display_name": "terraform_t1_56",
                            "edge_cluster_id": "7f6f9081-4a58-49f1-b2b1-e5ba7d30ae11",
                            "enable_router_advertisement": "true",
                            "failover_mode": "PREEMPTIVE",
                            "firewall_sections.#": "1",
                            "firewall_sections.0.is_valid": "true",
                            "firewall_sections.0.target_display_name": "",
                            "firewall_sections.0.target_id": "ba024dba-2bfa-4e78-ab61-ed8aa07a1e9a",
                            "firewall_sections.0.target_type": "FirewallSection",
                            "id": "f6d6623f-282b-488e-a06a-8f3ac822d48e",
                            "revision": "0",
                            "tag.#": "0"
                        },
                        "meta": {},
                        "tainted": false
                    },
                    "deposed": [],
                    "provider": "provider.nsxt"
                },
                "nsxt_logical_tier1_router.t1.57": {
                    "type": "nsxt_logical_tier1_router",
                    "depends_on": [
                        "data.nsxt_edge_cluster.edgecluster"
                    ],
                    "primary": {
                        "id": "a903e456-0f2b-43e9-8a5e-10da4d053cd9",
                        "attributes": {
                            "advertise_config_revision": "1",
                            "advertise_connected_routes": "true",
                            "advertise_nat_routes": "false",
                            "advertise_static_routes": "false",
                            "description": "",
                            "display_name": "terraform_t1_57",
                            "edge_cluster_id": "7f6f9081-4a58-49f1-b2b1-e5ba7d30ae11",
                            "enable_router_advertisement": "true",
                            "failover_mode": "PREEMPTIVE",
                            "firewall_sections.#": "1",
                            "firewall_sections.0.is_valid": "true",
                            "firewall_sections.0.target_display_name": "",
                            "firewall_sections.0.target_id": "4ba38c99-40d9-49e9-8131-1d65f5a2c40d",
                            "firewall_sections.0.target_type": "FirewallSection",
                            "id": "a903e456-0f2b-43e9-8a5e-10da4d053cd9",
                            "revision": "0",
                            "tag.#": "0"
                        },
                        "meta": {},
                        "tainted": false
                    },
                    "deposed": [],
                    "provider": "provider.nsxt"
                },
                "nsxt_logical_tier1_router.t1.58": {
                    "type": "nsxt_logical_tier1_router",
                    "depends_on": [
                        "data.nsxt_edge_cluster.edgecluster"
                    ],
                    "primary": {
                        "id": "e55830ac-41c5-4769-b6f3-429c74557b6b",
                        "attributes": {
                            "advertise_config_revision": "1",
                            "advertise_connected_routes": "true",
                            "advertise_nat_routes": "false",
                            "advertise_static_routes": "false",
                            "description": "",
                            "display_name": "terraform_t1_58",
                            "edge_cluster_id": "7f6f9081-4a58-49f1-b2b1-e5ba7d30ae11",
                            "enable_router_advertisement": "true",
                            "failover_mode": "PREEMPTIVE",
                            "firewall_sections.#": "1",
                            "firewall_sections.0.is_valid": "true",
                            "firewall_sections.0.target_display_name": "",
                            "firewall_sections.0.target_id": "297923b5-9a95-4bf5-8ef9-9d9325d47efe",
                            "firewall_sections.0.target_type": "FirewallSection",
                            "id": "e55830ac-41c5-4769-b6f3-429c74557b6b",
                            "revision": "0",
                            "tag.#": "0"
                        },
                        "meta": {},
                        "tainted": false
                    },
                    "deposed": [],
                    "provider": "provider.nsxt"
                },
                "nsxt_logical_tier1_router.t1.59": {
                    "type": "nsxt_logical_tier1_router",
                    "depends_on": [
                        "data.nsxt_edge_cluster.edgecluster"
                    ],
                    "primary": {
                        "id": "5b219745-436b-4a47-bd1d-07e08517c4bc",
                        "attributes": {
                            "advertise_config_revision": "1",
                            "advertise_connected_routes": "true",
                            "advertise_nat_routes": "false",
                            "advertise_static_routes": "false",
                            "description": "",
                            "display_name": "terraform_t1_59",
                            "edge_cluster_id": "7f6f9081-4a58-49f1-b2b1-e5ba7d30ae11",
                            "enable_router_advertisement": "true",
                            "failover_mode": "PREEMPTIVE",
                            "firewall_sections.#": "1",
                            "firewall_sections.0.is_valid": "true",
                            "firewall_sections.0.target_display_name": "",
                            "firewall_sections.0.target_id": "e633ac52-317e-48cf-aea9-7a6ab0d8280d",
                            "firewall_sections.0.target_type": "FirewallSection",
                            "id": "5b219745-436b-4a47-bd1d-07e08517c4bc",
                            "revision": "0",
                            "tag.#": "0"
                        },
                        "meta": {},
                        "tainted": false
                    },
                    "deposed": [],
                    "provider": "provider.nsxt"
                },
                "nsxt_logical_tier1_router.t1.6": {
                    "type": "nsxt_logical_tier1_router",
                    "depends_on": [
                        "data.nsxt_edge_cluster.edgecluster"
                    ],
                    "primary": {
                        "id": "fdab401c-9607-421f-bd68-48ede78077f4",
                        "attributes": {
                            "advertise_config_revision": "1",
                            "advertise_connected_routes": "true",
                            "advertise_nat_routes": "false",
                            "advertise_static_routes": "false",
                            "description": "",
                            "display_name": "terraform_t1_6",
                            "edge_cluster_id": "7f6f9081-4a58-49f1-b2b1-e5ba7d30ae11",
                            "enable_router_advertisement": "true",
                            "failover_mode": "PREEMPTIVE",
                            "firewall_sections.#": "1",
                            "firewall_sections.0.is_valid": "true",
                            "firewall_sections.0.target_display_name": "",
                            "firewall_sections.0.target_id": "2425fb34-92d5-4724-8ff8-9e66472471e1",
                            "firewall_sections.0.target_type": "FirewallSection",
                            "id": "fdab401c-9607-421f-bd68-48ede78077f4",
                            "revision": "0",
                            "tag.#": "0"
                        },
                        "meta": {},
                        "tainted": false
                    },
                    "deposed": [],
                    "provider": "provider.nsxt"
                },
                "nsxt_logical_tier1_router.t1.60": {
                    "type": "nsxt_logical_tier1_router",
                    "depends_on": [
                        "data.nsxt_edge_cluster.edgecluster"
                    ],
                    "primary": {
                        "id": "71f04516-11d0-4fc4-8c66-3cd759a2e63a",
                        "attributes": {
                            "advertise_config_revision": "1",
                            "advertise_connected_routes": "true",
                            "advertise_nat_routes": "false",
                            "advertise_static_routes": "false",
                            "description": "",
                            "display_name": "terraform_t1_60",
                            "edge_cluster_id": "7f6f9081-4a58-49f1-b2b1-e5ba7d30ae11",
                            "enable_router_advertisement": "true",
                            "failover_mode": "PREEMPTIVE",
                            "firewall_sections.#": "1",
                            "firewall_sections.0.is_valid": "true",
                            "firewall_sections.0.target_display_name": "",
                            "firewall_sections.0.target_id": "9bc84157-ccf4-44da-8289-2c48cbb657f8",
                            "firewall_sections.0.target_type": "FirewallSection",
                            "id": "71f04516-11d0-4fc4-8c66-3cd759a2e63a",
                            "revision": "0",
                            "tag.#": "0"
                        },
                        "meta": {},
                        "tainted": false
                    },
                    "deposed": [],
                    "provider": "provider.nsxt"
                },
                "nsxt_logical_tier1_router.t1.61": {
                    "type": "nsxt_logical_tier1_router",
                    "depends_on": [
                        "data.nsxt_edge_cluster.edgecluster"
                    ],
                    "primary": {
                        "id": "1495ad51-7bae-425e-a58d-36492284d254",
                        "attributes": {
                            "advertise_config_revision": "1",
                            "advertise_connected_routes": "true",
                            "advertise_nat_routes": "false",
                            "advertise_static_routes": "false",
                            "description": "",
                            "display_name": "terraform_t1_61",
                            "edge_cluster_id": "7f6f9081-4a58-49f1-b2b1-e5ba7d30ae11",
                            "enable_router_advertisement": "true",
                            "failover_mode": "PREEMPTIVE",
                            "firewall_sections.#": "1",
                            "firewall_sections.0.is_valid": "true",
                            "firewall_sections.0.target_display_name": "",
                            "firewall_sections.0.target_id": "1c67de8d-29e0-4d5e-a120-9a456a734ac8",
                            "firewall_sections.0.target_type": "FirewallSection",
                            "id": "1495ad51-7bae-425e-a58d-36492284d254",
                            "revision": "0",
                            "tag.#": "0"
                        },
                        "meta": {},
                        "tainted": false
                    },
                    "deposed": [],
                    "provider": "provider.nsxt"
                },
                "nsxt_logical_tier1_router.t1.62": {
                    "type": "nsxt_logical_tier1_router",
                    "depends_on": [
                        "data.nsxt_edge_cluster.edgecluster"
                    ],
                    "primary": {
                        "id": "13e8b80d-92ae-4571-af6e-b248a54e8387",
                        "attributes": {
                            "advertise_config_revision": "1",
                            "advertise_connected_routes": "true",
                            "advertise_nat_routes": "false",
                            "advertise_static_routes": "false",
                            "description": "",
                            "display_name": "terraform_t1_62",
                            "edge_cluster_id": "7f6f9081-4a58-49f1-b2b1-e5ba7d30ae11",
                            "enable_router_advertisement": "true",
                            "failover_mode": "PREEMPTIVE",
                            "firewall_sections.#": "1",
                            "firewall_sections.0.is_valid": "true",
                            "firewall_sections.0.target_display_name": "",
                            "firewall_sections.0.target_id": "b0e81217-fbfd-4483-aa9d-dea0a1e4c28a",
                            "firewall_sections.0.target_type": "FirewallSection",
                            "id": "13e8b80d-92ae-4571-af6e-b248a54e8387",
                            "revision": "0",
                            "tag.#": "0"
                        },
                        "meta": {},
                        "tainted": false
                    },
                    "deposed": [],
                    "provider": "provider.nsxt"
                },
                "nsxt_logical_tier1_router.t1.63": {
                    "type": "nsxt_logical_tier1_router",
                    "depends_on": [
                        "data.nsxt_edge_cluster.edgecluster"
                    ],
                    "primary": {
                        "id": "c8f5d91c-ae1d-466e-93f9-b164351694b6",
                        "attributes": {
                            "advertise_config_revision": "1",
                            "advertise_connected_routes": "true",
                            "advertise_nat_routes": "false",
                            "advertise_static_routes": "false",
                            "description": "",
                            "display_name": "terraform_t1_63",
                            "edge_cluster_id": "7f6f9081-4a58-49f1-b2b1-e5ba7d30ae11",
                            "enable_router_advertisement": "true",
                            "failover_mode": "PREEMPTIVE",
                            "firewall_sections.#": "1",
                            "firewall_sections.0.is_valid": "true",
                            "firewall_sections.0.target_display_name": "",
                            "firewall_sections.0.target_id": "e5729a32-89c9-42af-acba-5d97ac8ed83b",
                            "firewall_sections.0.target_type": "FirewallSection",
                            "id": "c8f5d91c-ae1d-466e-93f9-b164351694b6",
                            "revision": "0",
                            "tag.#": "0"
                        },
                        "meta": {},
                        "tainted": false
                    },
                    "deposed": [],
                    "provider": "provider.nsxt"
                },
                "nsxt_logical_tier1_router.t1.64": {
                    "type": "nsxt_logical_tier1_router",
                    "depends_on": [
                        "data.nsxt_edge_cluster.edgecluster"
                    ],
                    "primary": {
                        "id": "4a3b6101-69e7-4983-9a96-18e0fc3b3a47",
                        "attributes": {
                            "advertise_config_revision": "1",
                            "advertise_connected_routes": "true",
                            "advertise_nat_routes": "false",
                            "advertise_static_routes": "false",
                            "description": "",
                            "display_name": "terraform_t1_64",
                            "edge_cluster_id": "7f6f9081-4a58-49f1-b2b1-e5ba7d30ae11",
                            "enable_router_advertisement": "true",
                            "failover_mode": "PREEMPTIVE",
                            "firewall_sections.#": "1",
                            "firewall_sections.0.is_valid": "true",
                            "firewall_sections.0.target_display_name": "",
                            "firewall_sections.0.target_id": "44349c55-fd21-4def-9b58-ca628dc43cf4",
                            "firewall_sections.0.target_type": "FirewallSection",
                            "id": "4a3b6101-69e7-4983-9a96-18e0fc3b3a47",
                            "revision": "0",
                            "tag.#": "0"
                        },
                        "meta": {},
                        "tainted": false
                    },
                    "deposed": [],
                    "provider": "provider.nsxt"
                },
                "nsxt_logical_tier1_router.t1.65": {
                    "type": "nsxt_logical_tier1_router",
                    "depends_on": [
                        "data.nsxt_edge_cluster.edgecluster"
                    ],
                    "primary": {
                        "id": "2f3243e1-5471-4fec-8a15-4b53016940d2",
                        "attributes": {
                            "advertise_config_revision": "1",
                            "advertise_connected_routes": "true",
                            "advertise_nat_routes": "false",
                            "advertise_static_routes": "false",
                            "description": "",
                            "display_name": "terraform_t1_65",
                            "edge_cluster_id": "7f6f9081-4a58-49f1-b2b1-e5ba7d30ae11",
                            "enable_router_advertisement": "true",
                            "failover_mode": "PREEMPTIVE",
                            "firewall_sections.#": "1",
                            "firewall_sections.0.is_valid": "true",
                            "firewall_sections.0.target_display_name": "",
                            "firewall_sections.0.target_id": "b94b47a4-f710-47ff-9fc9-cb7fe0663174",
                            "firewall_sections.0.target_type": "FirewallSection",
                            "id": "2f3243e1-5471-4fec-8a15-4b53016940d2",
                            "revision": "0",
                            "tag.#": "0"
                        },
                        "meta": {},
                        "tainted": false
                    },
                    "deposed": [],
                    "provider": "provider.nsxt"
                },
                "nsxt_logical_tier1_router.t1.66": {
                    "type": "nsxt_logical_tier1_router",
                    "depends_on": [
                        "data.nsxt_edge_cluster.edgecluster"
                    ],
                    "primary": {
                        "id": "c5c85f03-fd39-4484-a0b2-269b882f485e",
                        "attributes": {
                            "advertise_config_revision": "1",
                            "advertise_connected_routes": "true",
                            "advertise_nat_routes": "false",
                            "advertise_static_routes": "false",
                            "description": "",
                            "display_name": "terraform_t1_66",
                            "edge_cluster_id": "7f6f9081-4a58-49f1-b2b1-e5ba7d30ae11",
                            "enable_router_advertisement": "true",
                            "failover_mode": "PREEMPTIVE",
                            "firewall_sections.#": "1",
                            "firewall_sections.0.is_valid": "true",
                            "firewall_sections.0.target_display_name": "",
                            "firewall_sections.0.target_id": "8f2aff3f-fff6-402e-9cdd-3587419dcc32",
                            "firewall_sections.0.target_type": "FirewallSection",
                            "id": "c5c85f03-fd39-4484-a0b2-269b882f485e",
                            "revision": "0",
                            "tag.#": "0"
                        },
                        "meta": {},
                        "tainted": false
                    },
                    "deposed": [],
                    "provider": "provider.nsxt"
                },
                "nsxt_logical_tier1_router.t1.67": {
                    "type": "nsxt_logical_tier1_router",
                    "depends_on": [
                        "data.nsxt_edge_cluster.edgecluster"
                    ],
                    "primary": {
                        "id": "752801d5-35a2-4b41-b729-6dc98094bb32",
                        "attributes": {
                            "advertise_config_revision": "1",
                            "advertise_connected_routes": "true",
                            "advertise_nat_routes": "false",
                            "advertise_static_routes": "false",
                            "description": "",
                            "display_name": "terraform_t1_67",
                            "edge_cluster_id": "7f6f9081-4a58-49f1-b2b1-e5ba7d30ae11",
                            "enable_router_advertisement": "true",
                            "failover_mode": "PREEMPTIVE",
                            "firewall_sections.#": "1",
                            "firewall_sections.0.is_valid": "true",
                            "firewall_sections.0.target_display_name": "",
                            "firewall_sections.0.target_id": "f277b2f4-558b-4e07-959c-cca99b6bb970",
                            "firewall_sections.0.target_type": "FirewallSection",
                            "id": "752801d5-35a2-4b41-b729-6dc98094bb32",
                            "revision": "0",
                            "tag.#": "0"
                        },
                        "meta": {},
                        "tainted": false
                    },
                    "deposed": [],
                    "provider": "provider.nsxt"
                },
                "nsxt_logical_tier1_router.t1.68": {
                    "type": "nsxt_logical_tier1_router",
                    "depends_on": [
                        "data.nsxt_edge_cluster.edgecluster"
                    ],
                    "primary": {
                        "id": "9f393ee3-9df2-4f4f-85e2-0059eaa98097",
                        "attributes": {
                            "advertise_config_revision": "1",
                            "advertise_connected_routes": "true",
                            "advertise_nat_routes": "false",
                            "advertise_static_routes": "false",
                            "description": "",
                            "display_name": "terraform_t1_68",
                            "edge_cluster_id": "7f6f9081-4a58-49f1-b2b1-e5ba7d30ae11",
                            "enable_router_advertisement": "true",
                            "failover_mode": "PREEMPTIVE",
                            "firewall_sections.#": "1",
                            "firewall_sections.0.is_valid": "true",
                            "firewall_sections.0.target_display_name": "",
                            "firewall_sections.0.target_id": "f1156794-53c5-4a65-8d15-6684bdb050b9",
                            "firewall_sections.0.target_type": "FirewallSection",
                            "id": "9f393ee3-9df2-4f4f-85e2-0059eaa98097",
                            "revision": "0",
                            "tag.#": "0"
                        },
                        "meta": {},
                        "tainted": false
                    },
                    "deposed": [],
                    "provider": "provider.nsxt"
                },
                "nsxt_logical_tier1_router.t1.69": {
                    "type": "nsxt_logical_tier1_router",
                    "depends_on": [
                        "data.nsxt_edge_cluster.edgecluster"
                    ],
                    "primary": {
                        "id": "d8252aca-2f93-4a9b-9ab6-5e0539028f2a",
                        "attributes": {
                            "advertise_config_revision": "1",
                            "advertise_connected_routes": "true",
                            "advertise_nat_routes": "false",
                            "advertise_static_routes": "false",
                            "description": "",
                            "display_name": "terraform_t1_69",
                            "edge_cluster_id": "7f6f9081-4a58-49f1-b2b1-e5ba7d30ae11",
                            "enable_router_advertisement": "true",
                            "failover_mode": "PREEMPTIVE",
                            "firewall_sections.#": "1",
                            "firewall_sections.0.is_valid": "true",
                            "firewall_sections.0.target_display_name": "",
                            "firewall_sections.0.target_id": "55f2e84b-e511-4834-bb96-b5d796d3c37b",
                            "firewall_sections.0.target_type": "FirewallSection",
                            "id": "d8252aca-2f93-4a9b-9ab6-5e0539028f2a",
                            "revision": "0",
                            "tag.#": "0"
                        },
                        "meta": {},
                        "tainted": false
                    },
                    "deposed": [],
                    "provider": "provider.nsxt"
                },
                "nsxt_logical_tier1_router.t1.7": {
                    "type": "nsxt_logical_tier1_router",
                    "depends_on": [
                        "data.nsxt_edge_cluster.edgecluster"
                    ],
                    "primary": {
                        "id": "07b88ba6-05f5-4603-8162-bca8aa122569",
                        "attributes": {
                            "advertise_config_revision": "1",
                            "advertise_connected_routes": "true",
                            "advertise_nat_routes": "false",
                            "advertise_static_routes": "false",
                            "description": "",
                            "display_name": "terraform_t1_7",
                            "edge_cluster_id": "7f6f9081-4a58-49f1-b2b1-e5ba7d30ae11",
                            "enable_router_advertisement": "true",
                            "failover_mode": "PREEMPTIVE",
                            "firewall_sections.#": "1",
                            "firewall_sections.0.is_valid": "true",
                            "firewall_sections.0.target_display_name": "",
                            "firewall_sections.0.target_id": "0ea2a09f-2889-4f53-819d-96789db62d30",
                            "firewall_sections.0.target_type": "FirewallSection",
                            "id": "07b88ba6-05f5-4603-8162-bca8aa122569",
                            "revision": "0",
                            "tag.#": "0"
                        },
                        "meta": {},
                        "tainted": false
                    },
                    "deposed": [],
                    "provider": "provider.nsxt"
                },
                "nsxt_logical_tier1_router.t1.70": {
                    "type": "nsxt_logical_tier1_router",
                    "depends_on": [
                        "data.nsxt_edge_cluster.edgecluster"
                    ],
                    "primary": {
                        "id": "60f46ecd-4bfd-448e-8658-aa98d0b87218",
                        "attributes": {
                            "advertise_config_revision": "1",
                            "advertise_connected_routes": "true",
                            "advertise_nat_routes": "false",
                            "advertise_static_routes": "false",
                            "description": "",
                            "display_name": "terraform_t1_70",
                            "edge_cluster_id": "7f6f9081-4a58-49f1-b2b1-e5ba7d30ae11",
                            "enable_router_advertisement": "true",
                            "failover_mode": "PREEMPTIVE",
                            "firewall_sections.#": "1",
                            "firewall_sections.0.is_valid": "true",
                            "firewall_sections.0.target_display_name": "",
                            "firewall_sections.0.target_id": "bf6201ed-dc07-4ce0-a5db-2ad8e6a14964",
                            "firewall_sections.0.target_type": "FirewallSection",
                            "id": "60f46ecd-4bfd-448e-8658-aa98d0b87218",
                            "revision": "0",
                            "tag.#": "0"
                        },
                        "meta": {},
                        "tainted": false
                    },
                    "deposed": [],
                    "provider": "provider.nsxt"
                },
                "nsxt_logical_tier1_router.t1.71": {
                    "type": "nsxt_logical_tier1_router",
                    "depends_on": [
                        "data.nsxt_edge_cluster.edgecluster"
                    ],
                    "primary": {
                        "id": "69d5c946-80f3-4c76-80d9-792697c8cf1c",
                        "attributes": {
                            "advertise_config_revision": "1",
                            "advertise_connected_routes": "true",
                            "advertise_nat_routes": "false",
                            "advertise_static_routes": "false",
                            "description": "",
                            "display_name": "terraform_t1_71",
                            "edge_cluster_id": "7f6f9081-4a58-49f1-b2b1-e5ba7d30ae11",
                            "enable_router_advertisement": "true",
                            "failover_mode": "PREEMPTIVE",
                            "firewall_sections.#": "1",
                            "firewall_sections.0.is_valid": "true",
                            "firewall_sections.0.target_display_name": "",
                            "firewall_sections.0.target_id": "c9685c5a-6147-48b0-83d8-b750b7192842",
                            "firewall_sections.0.target_type": "FirewallSection",
                            "id": "69d5c946-80f3-4c76-80d9-792697c8cf1c",
                            "revision": "0",
                            "tag.#": "0"
                        },
                        "meta": {},
                        "tainted": false
                    },
                    "deposed": [],
                    "provider": "provider.nsxt"
                },
                "nsxt_logical_tier1_router.t1.72": {
                    "type": "nsxt_logical_tier1_router",
                    "depends_on": [
                        "data.nsxt_edge_cluster.edgecluster"
                    ],
                    "primary": {
                        "id": "22317041-a6d4-4ae5-b23c-78254f451e33",
                        "attributes": {
                            "advertise_config_revision": "1",
                            "advertise_connected_routes": "true",
                            "advertise_nat_routes": "false",
                            "advertise_static_routes": "false",
                            "description": "",
                            "display_name": "terraform_t1_72",
                            "edge_cluster_id": "7f6f9081-4a58-49f1-b2b1-e5ba7d30ae11",
                            "enable_router_advertisement": "true",
                            "failover_mode": "PREEMPTIVE",
                            "firewall_sections.#": "1",
                            "firewall_sections.0.is_valid": "true",
                            "firewall_sections.0.target_display_name": "",
                            "firewall_sections.0.target_id": "dcdb8a31-49e7-4e6b-add0-f33d0f532a3e",
                            "firewall_sections.0.target_type": "FirewallSection",
                            "id": "22317041-a6d4-4ae5-b23c-78254f451e33",
                            "revision": "0",
                            "tag.#": "0"
                        },
                        "meta": {},
                        "tainted": false
                    },
                    "deposed": [],
                    "provider": "provider.nsxt"
                },
                "nsxt_logical_tier1_router.t1.73": {
                    "type": "nsxt_logical_tier1_router",
                    "depends_on": [
                        "data.nsxt_edge_cluster.edgecluster"
                    ],
                    "primary": {
                        "id": "61ee1e66-37d8-4ffb-8b46-f3477bcd211e",
                        "attributes": {
                            "advertise_config_revision": "1",
                            "advertise_connected_routes": "true",
                            "advertise_nat_routes": "false",
                            "advertise_static_routes": "false",
                            "description": "",
                            "display_name": "terraform_t1_73",
                            "edge_cluster_id": "7f6f9081-4a58-49f1-b2b1-e5ba7d30ae11",
                            "enable_router_advertisement": "true",
                            "failover_mode": "PREEMPTIVE",
                            "firewall_sections.#": "1",
                            "firewall_sections.0.is_valid": "true",
                            "firewall_sections.0.target_display_name": "",
                            "firewall_sections.0.target_id": "129c3930-6f74-4ef3-a557-57ebf5ddac59",
                            "firewall_sections.0.target_type": "FirewallSection",
                            "id": "61ee1e66-37d8-4ffb-8b46-f3477bcd211e",
                            "revision": "0",
                            "tag.#": "0"
                        },
                        "meta": {},
                        "tainted": false
                    },
                    "deposed": [],
                    "provider": "provider.nsxt"
                },
                "nsxt_logical_tier1_router.t1.74": {
                    "type": "nsxt_logical_tier1_router",
                    "depends_on": [
                        "data.nsxt_edge_cluster.edgecluster"
                    ],
                    "primary": {
                        "id": "98846baa-88a3-4e33-bb1d-3ecafa62a2f9",
                        "attributes": {
                            "advertise_config_revision": "1",
                            "advertise_connected_routes": "true",
                            "advertise_nat_routes": "false",
                            "advertise_static_routes": "false",
                            "description": "",
                            "display_name": "terraform_t1_74",
                            "edge_cluster_id": "7f6f9081-4a58-49f1-b2b1-e5ba7d30ae11",
                            "enable_router_advertisement": "true",
                            "failover_mode": "PREEMPTIVE",
                            "firewall_sections.#": "1",
                            "firewall_sections.0.is_valid": "true",
                            "firewall_sections.0.target_display_name": "",
                            "firewall_sections.0.target_id": "e4982474-4f3a-4015-928b-0846f7f8a98c",
                            "firewall_sections.0.target_type": "FirewallSection",
                            "id": "98846baa-88a3-4e33-bb1d-3ecafa62a2f9",
                            "revision": "0",
                            "tag.#": "0"
                        },
                        "meta": {},
                        "tainted": false
                    },
                    "deposed": [],
                    "provider": "provider.nsxt"
                },
                "nsxt_logical_tier1_router.t1.75": {
                    "type": "nsxt_logical_tier1_router",
                    "depends_on": [
                        "data.nsxt_edge_cluster.edgecluster"
                    ],
                    "primary": {
                        "id": "11990759-71a3-4434-b26c-28a7f9094498",
                        "attributes": {
                            "advertise_config_revision": "1",
                            "advertise_connected_routes": "true",
                            "advertise_nat_routes": "false",
                            "advertise_static_routes": "false",
                            "description": "",
                            "display_name": "terraform_t1_75",
                            "edge_cluster_id": "7f6f9081-4a58-49f1-b2b1-e5ba7d30ae11",
                            "enable_router_advertisement": "true",
                            "failover_mode": "PREEMPTIVE",
                            "firewall_sections.#": "1",
                            "firewall_sections.0.is_valid": "true",
                            "firewall_sections.0.target_display_name": "",
                            "firewall_sections.0.target_id": "c67c2bfc-4de7-4017-9182-948be4f02c2c",
                            "firewall_sections.0.target_type": "FirewallSection",
                            "id": "11990759-71a3-4434-b26c-28a7f9094498",
                            "revision": "0",
                            "tag.#": "0"
                        },
                        "meta": {},
                        "tainted": false
                    },
                    "deposed": [],
                    "provider": "provider.nsxt"
                },
                "nsxt_logical_tier1_router.t1.76": {
                    "type": "nsxt_logical_tier1_router",
                    "depends_on": [
                        "data.nsxt_edge_cluster.edgecluster"
                    ],
                    "primary": {
                        "id": "d5af7724-3b65-44a5-a8ae-58d7388975bd",
                        "attributes": {
                            "advertise_config_revision": "1",
                            "advertise_connected_routes": "true",
                            "advertise_nat_routes": "false",
                            "advertise_static_routes": "false",
                            "description": "",
                            "display_name": "terraform_t1_76",
                            "edge_cluster_id": "7f6f9081-4a58-49f1-b2b1-e5ba7d30ae11",
                            "enable_router_advertisement": "true",
                            "failover_mode": "PREEMPTIVE",
                            "firewall_sections.#": "1",
                            "firewall_sections.0.is_valid": "true",
                            "firewall_sections.0.target_display_name": "",
                            "firewall_sections.0.target_id": "bc0ed7fa-2753-4495-b3b0-5b8aa4772b7d",
                            "firewall_sections.0.target_type": "FirewallSection",
                            "id": "d5af7724-3b65-44a5-a8ae-58d7388975bd",
                            "revision": "0",
                            "tag.#": "0"
                        },
                        "meta": {},
                        "tainted": false
                    },
                    "deposed": [],
                    "provider": "provider.nsxt"
                },
                "nsxt_logical_tier1_router.t1.77": {
                    "type": "nsxt_logical_tier1_router",
                    "depends_on": [
                        "data.nsxt_edge_cluster.edgecluster"
                    ],
                    "primary": {
                        "id": "49d8a6ea-9adb-42aa-adc6-9c68c6aeed71",
                        "attributes": {
                            "advertise_config_revision": "1",
                            "advertise_connected_routes": "true",
                            "advertise_nat_routes": "false",
                            "advertise_static_routes": "false",
                            "description": "",
                            "display_name": "terraform_t1_77",
                            "edge_cluster_id": "7f6f9081-4a58-49f1-b2b1-e5ba7d30ae11",
                            "enable_router_advertisement": "true",
                            "failover_mode": "PREEMPTIVE",
                            "firewall_sections.#": "1",
                            "firewall_sections.0.is_valid": "true",
                            "firewall_sections.0.target_display_name": "",
                            "firewall_sections.0.target_id": "4cb0e891-989b-483c-be3d-a4ce01266957",
                            "firewall_sections.0.target_type": "FirewallSection",
                            "id": "49d8a6ea-9adb-42aa-adc6-9c68c6aeed71",
                            "revision": "0",
                            "tag.#": "0"
                        },
                        "meta": {},
                        "tainted": false
                    },
                    "deposed": [],
                    "provider": "provider.nsxt"
                },
                "nsxt_logical_tier1_router.t1.78": {
                    "type": "nsxt_logical_tier1_router",
                    "depends_on": [
                        "data.nsxt_edge_cluster.edgecluster"
                    ],
                    "primary": {
                        "id": "7afe95b7-2b7b-4182-9a1e-07dae0bae8c6",
                        "attributes": {
                            "advertise_config_revision": "1",
                            "advertise_connected_routes": "true",
                            "advertise_nat_routes": "false",
                            "advertise_static_routes": "false",
                            "description": "",
                            "display_name": "terraform_t1_78",
                            "edge_cluster_id": "7f6f9081-4a58-49f1-b2b1-e5ba7d30ae11",
                            "enable_router_advertisement": "true",
                            "failover_mode": "PREEMPTIVE",
                            "firewall_sections.#": "1",
                            "firewall_sections.0.is_valid": "true",
                            "firewall_sections.0.target_display_name": "",
                            "firewall_sections.0.target_id": "772be529-2bff-4163-ab00-79b3677d06db",
                            "firewall_sections.0.target_type": "FirewallSection",
                            "id": "7afe95b7-2b7b-4182-9a1e-07dae0bae8c6",
                            "revision": "0",
                            "tag.#": "0"
                        },
                        "meta": {},
                        "tainted": false
                    },
                    "deposed": [],
                    "provider": "provider.nsxt"
                },
                "nsxt_logical_tier1_router.t1.79": {
                    "type": "nsxt_logical_tier1_router",
                    "depends_on": [
                        "data.nsxt_edge_cluster.edgecluster"
                    ],
                    "primary": {
                        "id": "6d606826-52ed-40d1-b767-84b9e9c6e8fa",
                        "attributes": {
                            "advertise_config_revision": "1",
                            "advertise_connected_routes": "true",
                            "advertise_nat_routes": "false",
                            "advertise_static_routes": "false",
                            "description": "",
                            "display_name": "terraform_t1_79",
                            "edge_cluster_id": "7f6f9081-4a58-49f1-b2b1-e5ba7d30ae11",
                            "enable_router_advertisement": "true",
                            "failover_mode": "PREEMPTIVE",
                            "firewall_sections.#": "1",
                            "firewall_sections.0.is_valid": "true",
                            "firewall_sections.0.target_display_name": "",
                            "firewall_sections.0.target_id": "e90cc2f6-879f-484a-aae2-0c7c52479cce",
                            "firewall_sections.0.target_type": "FirewallSection",
                            "id": "6d606826-52ed-40d1-b767-84b9e9c6e8fa",
                            "revision": "0",
                            "tag.#": "0"
                        },
                        "meta": {},
                        "tainted": false
                    },
                    "deposed": [],
                    "provider": "provider.nsxt"
                },
                "nsxt_logical_tier1_router.t1.8": {
                    "type": "nsxt_logical_tier1_router",
                    "depends_on": [
                        "data.nsxt_edge_cluster.edgecluster"
                    ],
                    "primary": {
                        "id": "5ce899d4-1518-4878-9585-dab85089df78",
                        "attributes": {
                            "advertise_config_revision": "1",
                            "advertise_connected_routes": "true",
                            "advertise_nat_routes": "false",
                            "advertise_static_routes": "false",
                            "description": "",
                            "display_name": "terraform_t1_8",
                            "edge_cluster_id": "7f6f9081-4a58-49f1-b2b1-e5ba7d30ae11",
                            "enable_router_advertisement": "true",
                            "failover_mode": "PREEMPTIVE",
                            "firewall_sections.#": "1",
                            "firewall_sections.0.is_valid": "true",
                            "firewall_sections.0.target_display_name": "",
                            "firewall_sections.0.target_id": "548e4ce1-a011-4b8f-a709-9b42cfba233f",
                            "firewall_sections.0.target_type": "FirewallSection",
                            "id": "5ce899d4-1518-4878-9585-dab85089df78",
                            "revision": "0",
                            "tag.#": "0"
                        },
                        "meta": {},
                        "tainted": false
                    },
                    "deposed": [],
                    "provider": "provider.nsxt"
                },
                "nsxt_logical_tier1_router.t1.80": {
                    "type": "nsxt_logical_tier1_router",
                    "depends_on": [
                        "data.nsxt_edge_cluster.edgecluster"
                    ],
                    "primary": {
                        "id": "ae908fc4-fce6-4366-8c9a-7da7bf066e06",
                        "attributes": {
                            "advertise_config_revision": "1",
                            "advertise_connected_routes": "true",
                            "advertise_nat_routes": "false",
                            "advertise_static_routes": "false",
                            "description": "",
                            "display_name": "terraform_t1_80",
                            "edge_cluster_id": "7f6f9081-4a58-49f1-b2b1-e5ba7d30ae11",
                            "enable_router_advertisement": "true",
                            "failover_mode": "PREEMPTIVE",
                            "firewall_sections.#": "1",
                            "firewall_sections.0.is_valid": "true",
                            "firewall_sections.0.target_display_name": "",
                            "firewall_sections.0.target_id": "385bde2d-3fe1-4e1e-b4b9-a8795ac38243",
                            "firewall_sections.0.target_type": "FirewallSection",
                            "id": "ae908fc4-fce6-4366-8c9a-7da7bf066e06",
                            "revision": "0",
                            "tag.#": "0"
                        },
                        "meta": {},
                        "tainted": false
                    },
                    "deposed": [],
                    "provider": "provider.nsxt"
                },
                "nsxt_logical_tier1_router.t1.81": {
                    "type": "nsxt_logical_tier1_router",
                    "depends_on": [
                        "data.nsxt_edge_cluster.edgecluster"
                    ],
                    "primary": {
                        "id": "ba96a1fa-c64a-40f3-85d0-1d5216774056",
                        "attributes": {
                            "advertise_config_revision": "1",
                            "advertise_connected_routes": "true",
                            "advertise_nat_routes": "false",
                            "advertise_static_routes": "false",
                            "description": "",
                            "display_name": "terraform_t1_81",
                            "edge_cluster_id": "7f6f9081-4a58-49f1-b2b1-e5ba7d30ae11",
                            "enable_router_advertisement": "true",
                            "failover_mode": "PREEMPTIVE",
                            "firewall_sections.#": "1",
                            "firewall_sections.0.is_valid": "true",
                            "firewall_sections.0.target_display_name": "",
                            "firewall_sections.0.target_id": "0659363a-45b9-4d58-9231-1d85b5aa9139",
                            "firewall_sections.0.target_type": "FirewallSection",
                            "id": "ba96a1fa-c64a-40f3-85d0-1d5216774056",
                            "revision": "0",
                            "tag.#": "0"
                        },
                        "meta": {},
                        "tainted": false
                    },
                    "deposed": [],
                    "provider": "provider.nsxt"
                },
                "nsxt_logical_tier1_router.t1.82": {
                    "type": "nsxt_logical_tier1_router",
                    "depends_on": [
                        "data.nsxt_edge_cluster.edgecluster"
                    ],
                    "primary": {
                        "id": "f90061ab-ad2a-4b73-be44-28a16b258f2f",
                        "attributes": {
                            "advertise_config_revision": "1",
                            "advertise_connected_routes": "true",
                            "advertise_nat_routes": "false",
                            "advertise_static_routes": "false",
                            "description": "",
                            "display_name": "terraform_t1_82",
                            "edge_cluster_id": "7f6f9081-4a58-49f1-b2b1-e5ba7d30ae11",
                            "enable_router_advertisement": "true",
                            "failover_mode": "PREEMPTIVE",
                            "firewall_sections.#": "1",
                            "firewall_sections.0.is_valid": "true",
                            "firewall_sections.0.target_display_name": "",
                            "firewall_sections.0.target_id": "e646ef6b-7fe4-42da-af3b-afb18f224df7",
                            "firewall_sections.0.target_type": "FirewallSection",
                            "id": "f90061ab-ad2a-4b73-be44-28a16b258f2f",
                            "revision": "0",
                            "tag.#": "0"
                        },
                        "meta": {},
                        "tainted": false
                    },
                    "deposed": [],
                    "provider": "provider.nsxt"
                },
                "nsxt_logical_tier1_router.t1.83": {
                    "type": "nsxt_logical_tier1_router",
                    "depends_on": [
                        "data.nsxt_edge_cluster.edgecluster"
                    ],
                    "primary": {
                        "id": "ecfcff0a-13b1-499a-ad94-d636e9269fae",
                        "attributes": {
                            "advertise_config_revision": "1",
                            "advertise_connected_routes": "true",
                            "advertise_nat_routes": "false",
                            "advertise_static_routes": "false",
                            "description": "",
                            "display_name": "terraform_t1_83",
                            "edge_cluster_id": "7f6f9081-4a58-49f1-b2b1-e5ba7d30ae11",
                            "enable_router_advertisement": "true",
                            "failover_mode": "PREEMPTIVE",
                            "firewall_sections.#": "1",
                            "firewall_sections.0.is_valid": "true",
                            "firewall_sections.0.target_display_name": "",
                            "firewall_sections.0.target_id": "d6980626-d27b-4ee0-8669-d04423b9a5ff",
                            "firewall_sections.0.target_type": "FirewallSection",
                            "id": "ecfcff0a-13b1-499a-ad94-d636e9269fae",
                            "revision": "0",
                            "tag.#": "0"
                        },
                        "meta": {},
                        "tainted": false
                    },
                    "deposed": [],
                    "provider": "provider.nsxt"
                },
                "nsxt_logical_tier1_router.t1.84": {
                    "type": "nsxt_logical_tier1_router",
                    "depends_on": [
                        "data.nsxt_edge_cluster.edgecluster"
                    ],
                    "primary": {
                        "id": "68b43bbf-ed87-48cb-b535-35602ab71d34",
                        "attributes": {
                            "advertise_config_revision": "1",
                            "advertise_connected_routes": "true",
                            "advertise_nat_routes": "false",
                            "advertise_static_routes": "false",
                            "description": "",
                            "display_name": "terraform_t1_84",
                            "edge_cluster_id": "7f6f9081-4a58-49f1-b2b1-e5ba7d30ae11",
                            "enable_router_advertisement": "true",
                            "failover_mode": "PREEMPTIVE",
                            "firewall_sections.#": "1",
                            "firewall_sections.0.is_valid": "true",
                            "firewall_sections.0.target_display_name": "",
                            "firewall_sections.0.target_id": "4350eaf9-43e4-4ef1-8add-d7fb9d1c7c4c",
                            "firewall_sections.0.target_type": "FirewallSection",
                            "id": "68b43bbf-ed87-48cb-b535-35602ab71d34",
                            "revision": "0",
                            "tag.#": "0"
                        },
                        "meta": {},
                        "tainted": false
                    },
                    "deposed": [],
                    "provider": "provider.nsxt"
                },
                "nsxt_logical_tier1_router.t1.85": {
                    "type": "nsxt_logical_tier1_router",
                    "depends_on": [
                        "data.nsxt_edge_cluster.edgecluster"
                    ],
                    "primary": {
                        "id": "903db8b6-feee-4b2f-8db5-bbdbe95c7311",
                        "attributes": {
                            "advertise_config_revision": "1",
                            "advertise_connected_routes": "true",
                            "advertise_nat_routes": "false",
                            "advertise_static_routes": "false",
                            "description": "",
                            "display_name": "terraform_t1_85",
                            "edge_cluster_id": "7f6f9081-4a58-49f1-b2b1-e5ba7d30ae11",
                            "enable_router_advertisement": "true",
                            "failover_mode": "PREEMPTIVE",
                            "firewall_sections.#": "1",
                            "firewall_sections.0.is_valid": "true",
                            "firewall_sections.0.target_display_name": "",
                            "firewall_sections.0.target_id": "fa9e960b-f236-4d21-b6b1-d9b5235e6779",
                            "firewall_sections.0.target_type": "FirewallSection",
                            "id": "903db8b6-feee-4b2f-8db5-bbdbe95c7311",
                            "revision": "0",
                            "tag.#": "0"
                        },
                        "meta": {},
                        "tainted": false
                    },
                    "deposed": [],
                    "provider": "provider.nsxt"
                },
                "nsxt_logical_tier1_router.t1.86": {
                    "type": "nsxt_logical_tier1_router",
                    "depends_on": [
                        "data.nsxt_edge_cluster.edgecluster"
                    ],
                    "primary": {
                        "id": "0d85d99e-bc3e-4b77-8baa-7ac280de22fa",
                        "attributes": {
                            "advertise_config_revision": "1",
                            "advertise_connected_routes": "true",
                            "advertise_nat_routes": "false",
                            "advertise_static_routes": "false",
                            "description": "",
                            "display_name": "terraform_t1_86",
                            "edge_cluster_id": "7f6f9081-4a58-49f1-b2b1-e5ba7d30ae11",
                            "enable_router_advertisement": "true",
                            "failover_mode": "PREEMPTIVE",
                            "firewall_sections.#": "1",
                            "firewall_sections.0.is_valid": "true",
                            "firewall_sections.0.target_display_name": "",
                            "firewall_sections.0.target_id": "85e73759-8197-404c-a9c8-5378b38a584a",
                            "firewall_sections.0.target_type": "FirewallSection",
                            "id": "0d85d99e-bc3e-4b77-8baa-7ac280de22fa",
                            "revision": "0",
                            "tag.#": "0"
                        },
                        "meta": {},
                        "tainted": false
                    },
                    "deposed": [],
                    "provider": "provider.nsxt"
                },
                "nsxt_logical_tier1_router.t1.87": {
                    "type": "nsxt_logical_tier1_router",
                    "depends_on": [
                        "data.nsxt_edge_cluster.edgecluster"
                    ],
                    "primary": {
                        "id": "4e916576-3aea-4abd-a476-b65e4232a3d6",
                        "attributes": {
                            "advertise_config_revision": "1",
                            "advertise_connected_routes": "true",
                            "advertise_nat_routes": "false",
                            "advertise_static_routes": "false",
                            "description": "",
                            "display_name": "terraform_t1_87",
                            "edge_cluster_id": "7f6f9081-4a58-49f1-b2b1-e5ba7d30ae11",
                            "enable_router_advertisement": "true",
                            "failover_mode": "PREEMPTIVE",
                            "firewall_sections.#": "1",
                            "firewall_sections.0.is_valid": "true",
                            "firewall_sections.0.target_display_name": "",
                            "firewall_sections.0.target_id": "900eabe9-d3d7-4a9f-bbaa-848a7663e692",
                            "firewall_sections.0.target_type": "FirewallSection",
                            "id": "4e916576-3aea-4abd-a476-b65e4232a3d6",
                            "revision": "0",
                            "tag.#": "0"
                        },
                        "meta": {},
                        "tainted": false
                    },
                    "deposed": [],
                    "provider": "provider.nsxt"
                },
                "nsxt_logical_tier1_router.t1.88": {
                    "type": "nsxt_logical_tier1_router",
                    "depends_on": [
                        "data.nsxt_edge_cluster.edgecluster"
                    ],
                    "primary": {
                        "id": "b7c03ff6-1fb9-4a78-af5f-1ca151fd95ae",
                        "attributes": {
                            "advertise_config_revision": "1",
                            "advertise_connected_routes": "true",
                            "advertise_nat_routes": "false",
                            "advertise_static_routes": "false",
                            "description": "",
                            "display_name": "terraform_t1_88",
                            "edge_cluster_id": "7f6f9081-4a58-49f1-b2b1-e5ba7d30ae11",
                            "enable_router_advertisement": "true",
                            "failover_mode": "PREEMPTIVE",
                            "firewall_sections.#": "1",
                            "firewall_sections.0.is_valid": "true",
                            "firewall_sections.0.target_display_name": "",
                            "firewall_sections.0.target_id": "af762c89-a61e-4989-bb91-1e90f0347d01",
                            "firewall_sections.0.target_type": "FirewallSection",
                            "id": "b7c03ff6-1fb9-4a78-af5f-1ca151fd95ae",
                            "revision": "0",
                            "tag.#": "0"
                        },
                        "meta": {},
                        "tainted": false
                    },
                    "deposed": [],
                    "provider": "provider.nsxt"
                },
                "nsxt_logical_tier1_router.t1.89": {
                    "type": "nsxt_logical_tier1_router",
                    "depends_on": [
                        "data.nsxt_edge_cluster.edgecluster"
                    ],
                    "primary": {
                        "id": "17f940a7-eb3b-4b78-add7-b0289a7b0f64",
                        "attributes": {
                            "advertise_config_revision": "1",
                            "advertise_connected_routes": "true",
                            "advertise_nat_routes": "false",
                            "advertise_static_routes": "false",
                            "description": "",
                            "display_name": "terraform_t1_89",
                            "edge_cluster_id": "7f6f9081-4a58-49f1-b2b1-e5ba7d30ae11",
                            "enable_router_advertisement": "true",
                            "failover_mode": "PREEMPTIVE",
                            "firewall_sections.#": "1",
                            "firewall_sections.0.is_valid": "true",
                            "firewall_sections.0.target_display_name": "",
                            "firewall_sections.0.target_id": "d8821254-b7dd-433b-9b07-1ca629cb3268",
                            "firewall_sections.0.target_type": "FirewallSection",
                            "id": "17f940a7-eb3b-4b78-add7-b0289a7b0f64",
                            "revision": "0",
                            "tag.#": "0"
                        },
                        "meta": {},
                        "tainted": false
                    },
                    "deposed": [],
                    "provider": "provider.nsxt"
                },
                "nsxt_logical_tier1_router.t1.9": {
                    "type": "nsxt_logical_tier1_router",
                    "depends_on": [
                        "data.nsxt_edge_cluster.edgecluster"
                    ],
                    "primary": {
                        "id": "2a2a0f9d-962b-44f0-ab05-da9bd0bd5f03",
                        "attributes": {
                            "advertise_config_revision": "1",
                            "advertise_connected_routes": "true",
                            "advertise_nat_routes": "false",
                            "advertise_static_routes": "false",
                            "description": "",
                            "display_name": "terraform_t1_9",
                            "edge_cluster_id": "7f6f9081-4a58-49f1-b2b1-e5ba7d30ae11",
                            "enable_router_advertisement": "true",
                            "failover_mode": "PREEMPTIVE",
                            "firewall_sections.#": "1",
                            "firewall_sections.0.is_valid": "true",
                            "firewall_sections.0.target_display_name": "",
                            "firewall_sections.0.target_id": "7b215719-c0a9-4f71-abaf-ecf20b14cd13",
                            "firewall_sections.0.target_type": "FirewallSection",
                            "id": "2a2a0f9d-962b-44f0-ab05-da9bd0bd5f03",
                            "revision": "0",
                            "tag.#": "0"
                        },
                        "meta": {},
                        "tainted": false
                    },
                    "deposed": [],
                    "provider": "provider.nsxt"
                },
                "nsxt_logical_tier1_router.t1.90": {
                    "type": "nsxt_logical_tier1_router",
                    "depends_on": [
                        "data.nsxt_edge_cluster.edgecluster"
                    ],
                    "primary": {
                        "id": "eb7ae0eb-40d2-4742-80c0-9e58d867e35c",
                        "attributes": {
                            "advertise_config_revision": "1",
                            "advertise_connected_routes": "true",
                            "advertise_nat_routes": "false",
                            "advertise_static_routes": "false",
                            "description": "",
                            "display_name": "terraform_t1_90",
                            "edge_cluster_id": "7f6f9081-4a58-49f1-b2b1-e5ba7d30ae11",
                            "enable_router_advertisement": "true",
                            "failover_mode": "PREEMPTIVE",
                            "firewall_sections.#": "1",
                            "firewall_sections.0.is_valid": "true",
                            "firewall_sections.0.target_display_name": "",
                            "firewall_sections.0.target_id": "c549bab6-e048-4f9c-bfc8-e09bd826fb76",
                            "firewall_sections.0.target_type": "FirewallSection",
                            "id": "eb7ae0eb-40d2-4742-80c0-9e58d867e35c",
                            "revision": "0",
                            "tag.#": "0"
                        },
                        "meta": {},
                        "tainted": false
                    },
                    "deposed": [],
                    "provider": "provider.nsxt"
                },
                "nsxt_logical_tier1_router.t1.91": {
                    "type": "nsxt_logical_tier1_router",
                    "depends_on": [
                        "data.nsxt_edge_cluster.edgecluster"
                    ],
                    "primary": {
                        "id": "c891f1fa-5977-4d3f-8f7a-55d508286fd1",
                        "attributes": {
                            "advertise_config_revision": "1",
                            "advertise_connected_routes": "true",
                            "advertise_nat_routes": "false",
                            "advertise_static_routes": "false",
                            "description": "",
                            "display_name": "terraform_t1_91",
                            "edge_cluster_id": "7f6f9081-4a58-49f1-b2b1-e5ba7d30ae11",
                            "enable_router_advertisement": "true",
                            "failover_mode": "PREEMPTIVE",
                            "firewall_sections.#": "1",
                            "firewall_sections.0.is_valid": "true",
                            "firewall_sections.0.target_display_name": "",
                            "firewall_sections.0.target_id": "e010ce16-4e07-4870-8fb5-d6290a8cbc89",
                            "firewall_sections.0.target_type": "FirewallSection",
                            "id": "c891f1fa-5977-4d3f-8f7a-55d508286fd1",
                            "revision": "0",
                            "tag.#": "0"
                        },
                        "meta": {},
                        "tainted": false
                    },
                    "deposed": [],
                    "provider": "provider.nsxt"
                },
                "nsxt_logical_tier1_router.t1.92": {
                    "type": "nsxt_logical_tier1_router",
                    "depends_on": [
                        "data.nsxt_edge_cluster.edgecluster"
                    ],
                    "primary": {
                        "id": "a585ea86-5c54-4045-b16b-3e7963d8340b",
                        "attributes": {
                            "advertise_config_revision": "1",
                            "advertise_connected_routes": "true",
                            "advertise_nat_routes": "false",
                            "advertise_static_routes": "false",
                            "description": "",
                            "display_name": "terraform_t1_92",
                            "edge_cluster_id": "7f6f9081-4a58-49f1-b2b1-e5ba7d30ae11",
                            "enable_router_advertisement": "true",
                            "failover_mode": "PREEMPTIVE",
                            "firewall_sections.#": "1",
                            "firewall_sections.0.is_valid": "true",
                            "firewall_sections.0.target_display_name": "",
                            "firewall_sections.0.target_id": "0d04cd57-900e-4cfb-9d1d-8afedfc07d56",
                            "firewall_sections.0.target_type": "FirewallSection",
                            "id": "a585ea86-5c54-4045-b16b-3e7963d8340b",
                            "revision": "0",
                            "tag.#": "0"
                        },
                        "meta": {},
                        "tainted": false
                    },
                    "deposed": [],
                    "provider": "provider.nsxt"
                },
                "nsxt_logical_tier1_router.t1.93": {
                    "type": "nsxt_logical_tier1_router",
                    "depends_on": [
                        "data.nsxt_edge_cluster.edgecluster"
                    ],
                    "primary": {
                        "id": "306c8861-258a-4b1e-8376-a541d3b2b415",
                        "attributes": {
                            "advertise_config_revision": "1",
                            "advertise_connected_routes": "true",
                            "advertise_nat_routes": "false",
                            "advertise_static_routes": "false",
                            "description": "",
                            "display_name": "terraform_t1_93",
                            "edge_cluster_id": "7f6f9081-4a58-49f1-b2b1-e5ba7d30ae11",
                            "enable_router_advertisement": "true",
                            "failover_mode": "PREEMPTIVE",
                            "firewall_sections.#": "1",
                            "firewall_sections.0.is_valid": "true",
                            "firewall_sections.0.target_display_name": "",
                            "firewall_sections.0.target_id": "d40bcef5-2354-4620-8be1-fb563230aedb",
                            "firewall_sections.0.target_type": "FirewallSection",
                            "id": "306c8861-258a-4b1e-8376-a541d3b2b415",
                            "revision": "0",
                            "tag.#": "0"
                        },
                        "meta": {},
                        "tainted": false
                    },
                    "deposed": [],
                    "provider": "provider.nsxt"
                },
                "nsxt_logical_tier1_router.t1.94": {
                    "type": "nsxt_logical_tier1_router",
                    "depends_on": [
                        "data.nsxt_edge_cluster.edgecluster"
                    ],
                    "primary": {
                        "id": "0381443b-bc9e-4d48-b11f-94ed59e480a8",
                        "attributes": {
                            "advertise_config_revision": "1",
                            "advertise_connected_routes": "true",
                            "advertise_nat_routes": "false",
                            "advertise_static_routes": "false",
                            "description": "",
                            "display_name": "terraform_t1_94",
                            "edge_cluster_id": "7f6f9081-4a58-49f1-b2b1-e5ba7d30ae11",
                            "enable_router_advertisement": "true",
                            "failover_mode": "PREEMPTIVE",
                            "firewall_sections.#": "1",
                            "firewall_sections.0.is_valid": "true",
                            "firewall_sections.0.target_display_name": "",
                            "firewall_sections.0.target_id": "fcf9fab5-4fa3-454b-9102-64212a32ed16",
                            "firewall_sections.0.target_type": "FirewallSection",
                            "id": "0381443b-bc9e-4d48-b11f-94ed59e480a8",
                            "revision": "0",
                            "tag.#": "0"
                        },
                        "meta": {},
                        "tainted": false
                    },
                    "deposed": [],
                    "provider": "provider.nsxt"
                },
                "nsxt_logical_tier1_router.t1.95": {
                    "type": "nsxt_logical_tier1_router",
                    "depends_on": [
                        "data.nsxt_edge_cluster.edgecluster"
                    ],
                    "primary": {
                        "id": "4d98a907-7381-4dfa-b4fe-55e8d59a05f9",
                        "attributes": {
                            "advertise_config_revision": "1",
                            "advertise_connected_routes": "true",
                            "advertise_nat_routes": "false",
                            "advertise_static_routes": "false",
                            "description": "",
                            "display_name": "terraform_t1_95",
                            "edge_cluster_id": "7f6f9081-4a58-49f1-b2b1-e5ba7d30ae11",
                            "enable_router_advertisement": "true",
                            "failover_mode": "PREEMPTIVE",
                            "firewall_sections.#": "1",
                            "firewall_sections.0.is_valid": "true",
                            "firewall_sections.0.target_display_name": "",
                            "firewall_sections.0.target_id": "d56ae0c3-90a7-4eb9-993e-0db8d2672998",
                            "firewall_sections.0.target_type": "FirewallSection",
                            "id": "4d98a907-7381-4dfa-b4fe-55e8d59a05f9",
                            "revision": "0",
                            "tag.#": "0"
                        },
                        "meta": {},
                        "tainted": false
                    },
                    "deposed": [],
                    "provider": "provider.nsxt"
                },
                "nsxt_logical_tier1_router.t1.96": {
                    "type": "nsxt_logical_tier1_router",
                    "depends_on": [
                        "data.nsxt_edge_cluster.edgecluster"
                    ],
                    "primary": {
                        "id": "9c5a55a2-5020-47eb-9337-643401d3d361",
                        "attributes": {
                            "advertise_config_revision": "1",
                            "advertise_connected_routes": "true",
                            "advertise_nat_routes": "false",
                            "advertise_static_routes": "false",
                            "description": "",
                            "display_name": "terraform_t1_96",
                            "edge_cluster_id": "7f6f9081-4a58-49f1-b2b1-e5ba7d30ae11",
                            "enable_router_advertisement": "true",
                            "failover_mode": "PREEMPTIVE",
                            "firewall_sections.#": "1",
                            "firewall_sections.0.is_valid": "true",
                            "firewall_sections.0.target_display_name": "",
                            "firewall_sections.0.target_id": "3d0b9906-d114-448f-a24f-5f9b54369b27",
                            "firewall_sections.0.target_type": "FirewallSection",
                            "id": "9c5a55a2-5020-47eb-9337-643401d3d361",
                            "revision": "0",
                            "tag.#": "0"
                        },
                        "meta": {},
                        "tainted": false
                    },
                    "deposed": [],
                    "provider": "provider.nsxt"
                },
                "nsxt_logical_tier1_router.t1.97": {
                    "type": "nsxt_logical_tier1_router",
                    "depends_on": [
                        "data.nsxt_edge_cluster.edgecluster"
                    ],
                    "primary": {
                        "id": "e704c313-7787-4ed2-b22c-4953da982b72",
                        "attributes": {
                            "advertise_config_revision": "1",
                            "advertise_connected_routes": "true",
                            "advertise_nat_routes": "false",
                            "advertise_static_routes": "false",
                            "description": "",
                            "display_name": "terraform_t1_97",
                            "edge_cluster_id": "7f6f9081-4a58-49f1-b2b1-e5ba7d30ae11",
                            "enable_router_advertisement": "true",
                            "failover_mode": "PREEMPTIVE",
                            "firewall_sections.#": "1",
                            "firewall_sections.0.is_valid": "true",
                            "firewall_sections.0.target_display_name": "",
                            "firewall_sections.0.target_id": "2856af11-3874-49c2-b8ba-4372b4d6f21e",
                            "firewall_sections.0.target_type": "FirewallSection",
                            "id": "e704c313-7787-4ed2-b22c-4953da982b72",
                            "revision": "0",
                            "tag.#": "0"
                        },
                        "meta": {},
                        "tainted": false
                    },
                    "deposed": [],
                    "provider": "provider.nsxt"
                },
                "nsxt_logical_tier1_router.t1.98": {
                    "type": "nsxt_logical_tier1_router",
                    "depends_on": [
                        "data.nsxt_edge_cluster.edgecluster"
                    ],
                    "primary": {
                        "id": "d2b99c34-b3da-4bf9-a4f6-fa67a81eee7d",
                        "attributes": {
                            "advertise_config_revision": "1",
                            "advertise_connected_routes": "true",
                            "advertise_nat_routes": "false",
                            "advertise_static_routes": "false",
                            "description": "",
                            "display_name": "terraform_t1_98",
                            "edge_cluster_id": "7f6f9081-4a58-49f1-b2b1-e5ba7d30ae11",
                            "enable_router_advertisement": "true",
                            "failover_mode": "PREEMPTIVE",
                            "firewall_sections.#": "1",
                            "firewall_sections.0.is_valid": "true",
                            "firewall_sections.0.target_display_name": "",
                            "firewall_sections.0.target_id": "d6fa2188-9353-40c4-948c-acebc4e8b2ad",
                            "firewall_sections.0.target_type": "FirewallSection",
                            "id": "d2b99c34-b3da-4bf9-a4f6-fa67a81eee7d",
                            "revision": "0",
                            "tag.#": "0"
                        },
                        "meta": {},
                        "tainted": false
                    },
                    "deposed": [],
                    "provider": "provider.nsxt"
                },
                "nsxt_logical_tier1_router.t1.99": {
                    "type": "nsxt_logical_tier1_router",
                    "depends_on": [
                        "data.nsxt_edge_cluster.edgecluster"
                    ],
                    "primary": {
                        "id": "2722b3b7-129e-4e7c-bc10-b3ba22338649",
                        "attributes": {
                            "advertise_config_revision": "1",
                            "advertise_connected_routes": "true",
                            "advertise_nat_routes": "false",
                            "advertise_static_routes": "false",
                            "description": "",
                            "display_name": "terraform_t1_99",
                            "edge_cluster_id": "7f6f9081-4a58-49f1-b2b1-e5ba7d30ae11",
                            "enable_router_advertisement": "true",
                            "failover_mode": "PREEMPTIVE",
                            "firewall_sections.#": "1",
                            "firewall_sections.0.is_valid": "true",
                            "firewall_sections.0.target_display_name": "",
                            "firewall_sections.0.target_id": "ad823d8f-1d90-436a-8a90-4c01a42faaef",
                            "firewall_sections.0.target_type": "FirewallSection",
                            "id": "2722b3b7-129e-4e7c-bc10-b3ba22338649",
                            "revision": "0",
                            "tag.#": "0"
                        },
                        "meta": {},
                        "tainted": false
                    },
                    "deposed": [],
                    "provider": "provider.nsxt"
                }
            },
            "depends_on": []
        }
    ]
}
