{
    "version": 3,
    "terraform_version": "0.11.10",
    "serial": 33,
    "lineage": "8ba40700-5fc4-3bc0-22ec-de00fdfbf1ae",
    "modules": [
        {
            "path": [
                "root"
            ],
            "outputs": {},
            "resources": {
                "data.nsxt_edge_cluster.edgecluster": {
                    "type": "nsxt_edge_cluster",
                    "depends_on": [],
                    "primary": {
                        "id": "e1f8b769-280a-45fd-b821-a629534c30c0",
                        "attributes": {
                            "deployment_type": "VIRTUAL_MACHINE",
                            "description": "",
                            "display_name": "edge_cluster",
                            "id": "e1f8b769-280a-45fd-b821-a629534c30c0",
                            "member_node_type": "EDGE_NODE"
                        },
                        "meta": {},
                        "tainted": false
                    },
                    "deposed": [],
                    "provider": "provider.nsxt"
                },
                "data.nsxt_logical_tier0_router.t0": {
                    "type": "nsxt_logical_tier0_router",
                    "depends_on": [],
                    "primary": {
                        "id": "b6078bea-fdc3-41f8-9201-d4124c85ecd0",
                        "attributes": {
                            "description": "",
                            "display_name": "T0",
                            "edge_cluster_id": "e1f8b769-280a-45fd-b821-a629534c30c0",
                            "high_availability_mode": "ACTIVE_ACTIVE",
                            "id": "b6078bea-fdc3-41f8-9201-d4124c85ecd0"
                        },
                        "meta": {},
                        "tainted": false
                    },
                    "deposed": [],
                    "provider": "provider.nsxt"
                },
                "data.nsxt_transport_zone.overlay_tz": {
                    "type": "nsxt_transport_zone",
                    "depends_on": [],
                    "primary": {
                        "id": "2cee654b-8a8c-4abe-a243-7baf4da9b6cb",
                        "attributes": {
                            "description": "",
                            "display_name": "overlay",
                            "host_switch_name": "nsx",
                            "id": "2cee654b-8a8c-4abe-a243-7baf4da9b6cb",
                            "transport_type": "OVERLAY"
                        },
                        "meta": {},
                        "tainted": false
                    },
                    "deposed": [],
                    "provider": "provider.nsxt"
                },
                "nsxt_logical_port.logical_port1.0": {
                    "type": "nsxt_logical_port",
                    "depends_on": [
                        "nsxt_logical_switch.switch1.*"
                    ],
                    "primary": {
                        "id": "5a6e2e9a-7265-40b9-8381-cccf271c06e8",
                        "attributes": {
                            "admin_state": "UP",
                            "description": "",
                            "display_name": "LP0 provision from terraform",
                            "id": "5a6e2e9a-7265-40b9-8381-cccf271c06e8",
                            "logical_switch_id": "e31025d6-842e-4c11-91d1-2026bc6d4a84",
                            "revision": "0",
                            "switching_profile_id.#": "0",
                            "tag.#": "0"
                        },
                        "meta": {},
                        "tainted": false
                    },
                    "deposed": [],
                    "provider": "provider.nsxt"
                },
                "nsxt_logical_port.logical_port1.1": {
                    "type": "nsxt_logical_port",
                    "depends_on": [
                        "nsxt_logical_switch.switch1.*"
                    ],
                    "primary": {
                        "id": "faf295e0-80ea-4b51-b3bd-87cfc226fb75",
                        "attributes": {
                            "admin_state": "UP",
                            "description": "",
                            "display_name": "LP1 provision from terraform",
                            "id": "faf295e0-80ea-4b51-b3bd-87cfc226fb75",
                            "logical_switch_id": "017ca8f1-23df-46fb-b08b-1a0d2b990dd8",
                            "revision": "0",
                            "switching_profile_id.#": "0",
                            "tag.#": "0"
                        },
                        "meta": {},
                        "tainted": false
                    },
                    "deposed": [],
                    "provider": "provider.nsxt"
                },
                "nsxt_logical_port.logical_port1.2": {
                    "type": "nsxt_logical_port",
                    "depends_on": [
                        "nsxt_logical_switch.switch1.*"
                    ],
                    "primary": {
                        "id": "7b428ca3-eed0-4759-b1d5-e6aa45b8110e",
                        "attributes": {
                            "admin_state": "UP",
                            "description": "",
                            "display_name": "LP2 provision from terraform",
                            "id": "7b428ca3-eed0-4759-b1d5-e6aa45b8110e",
                            "logical_switch_id": "59143a3a-7280-4775-9c6f-6805c3dd55f5",
                            "revision": "0",
                            "switching_profile_id.#": "0",
                            "tag.#": "0"
                        },
                        "meta": {},
                        "tainted": false
                    },
                    "deposed": [],
                    "provider": "provider.nsxt"
                },
                "nsxt_logical_router_downlink_port.downlink_port.0": {
                    "type": "nsxt_logical_router_downlink_port",
                    "depends_on": [
                        "nsxt_logical_port.logical_port1.*",
                        "nsxt_logical_tier1_router.t1.*"
                    ],
                    "primary": {
                        "id": "b80a4a00-0bd5-4fe8-9642-13a3ba005af3",
                        "attributes": {
                            "description": "",
                            "display_name": "link to logical switch 0",
                            "id": "b80a4a00-0bd5-4fe8-9642-13a3ba005af3",
                            "ip_address": "192.17.0.1/24",
                            "linked_logical_switch_port_id": "5a6e2e9a-7265-40b9-8381-cccf271c06e8",
                            "logical_router_id": "1bab03da-9138-4201-aaa2-7a0444731fbd",
                            "mac_address": "02:50:56:56:44:52",
                            "revision": "0",
                            "service_binding.#": "0",
                            "tag.#": "0",
                            "urpf_mode": "STRICT"
                        },
                        "meta": {},
                        "tainted": false
                    },
                    "deposed": [],
                    "provider": "provider.nsxt"
                },
                "nsxt_logical_router_downlink_port.downlink_port.1": {
                    "type": "nsxt_logical_router_downlink_port",
                    "depends_on": [
                        "nsxt_logical_port.logical_port1.*",
                        "nsxt_logical_tier1_router.t1.*"
                    ],
                    "primary": {
                        "id": "8d6c079c-cea9-4fdc-a6be-8c44cbca6b0e",
                        "attributes": {
                            "description": "",
                            "display_name": "link to logical switch 1",
                            "id": "8d6c079c-cea9-4fdc-a6be-8c44cbca6b0e",
                            "ip_address": "192.17.1.1/24",
                            "linked_logical_switch_port_id": "faf295e0-80ea-4b51-b3bd-87cfc226fb75",
                            "logical_router_id": "8463b003-b27e-45eb-9d5a-4107d036564d",
                            "mac_address": "02:50:56:56:44:52",
                            "revision": "0",
                            "service_binding.#": "0",
                            "tag.#": "0",
                            "urpf_mode": "STRICT"
                        },
                        "meta": {},
                        "tainted": false
                    },
                    "deposed": [],
                    "provider": "provider.nsxt"
                },
                "nsxt_logical_router_downlink_port.downlink_port.2": {
                    "type": "nsxt_logical_router_downlink_port",
                    "depends_on": [
                        "nsxt_logical_port.logical_port1.*",
                        "nsxt_logical_tier1_router.t1.*"
                    ],
                    "primary": {
                        "id": "5066b4dc-ec11-4041-85b0-99e843cf040c",
                        "attributes": {
                            "description": "",
                            "display_name": "link to logical switch 2",
                            "id": "5066b4dc-ec11-4041-85b0-99e843cf040c",
                            "ip_address": "192.17.2.1/24",
                            "linked_logical_switch_port_id": "7b428ca3-eed0-4759-b1d5-e6aa45b8110e",
                            "logical_router_id": "a89a1efa-8bf7-475c-8a2c-b2059be1715d",
                            "mac_address": "02:50:56:56:44:52",
                            "revision": "0",
                            "service_binding.#": "0",
                            "tag.#": "0",
                            "urpf_mode": "STRICT"
                        },
                        "meta": {},
                        "tainted": false
                    },
                    "deposed": [],
                    "provider": "provider.nsxt"
                },
                "nsxt_logical_router_link_port_on_tier0.link_port_tier0.0": {
                    "type": "nsxt_logical_router_link_port_on_tier0",
                    "depends_on": [
                        "data.nsxt_logical_tier0_router.t0"
                    ],
                    "primary": {
                        "id": "a3a59197-6cac-4794-9cf8-dd30243959d3",
                        "attributes": {
                            "description": "",
                            "display_name": "downlink_to_t1_0",
                            "id": "a3a59197-6cac-4794-9cf8-dd30243959d3",
                            "linked_logical_router_port_id": "",
                            "logical_router_id": "b6078bea-fdc3-41f8-9201-d4124c85ecd0",
                            "revision": "0",
                            "service_binding.#": "0",
                            "tag.#": "0"
                        },
                        "meta": {},
                        "tainted": false
                    },
                    "deposed": [],
                    "provider": "provider.nsxt"
                },
                "nsxt_logical_router_link_port_on_tier0.link_port_tier0.1": {
                    "type": "nsxt_logical_router_link_port_on_tier0",
                    "depends_on": [
                        "data.nsxt_logical_tier0_router.t0"
                    ],
                    "primary": {
                        "id": "1005e666-d173-45d1-8f6b-c11995074e35",
                        "attributes": {
                            "description": "",
                            "display_name": "downlink_to_t1_1",
                            "id": "1005e666-d173-45d1-8f6b-c11995074e35",
                            "linked_logical_router_port_id": "",
                            "logical_router_id": "b6078bea-fdc3-41f8-9201-d4124c85ecd0",
                            "revision": "0",
                            "service_binding.#": "0",
                            "tag.#": "0"
                        },
                        "meta": {},
                        "tainted": false
                    },
                    "deposed": [],
                    "provider": "provider.nsxt"
                },
                "nsxt_logical_router_link_port_on_tier0.link_port_tier0.2": {
                    "type": "nsxt_logical_router_link_port_on_tier0",
                    "depends_on": [
                        "data.nsxt_logical_tier0_router.t0"
                    ],
                    "primary": {
                        "id": "5f644aa7-449c-4ca7-8361-62dbf353ac23",
                        "attributes": {
                            "description": "",
                            "display_name": "downlink_to_t1_2",
                            "id": "5f644aa7-449c-4ca7-8361-62dbf353ac23",
                            "linked_logical_router_port_id": "",
                            "logical_router_id": "b6078bea-fdc3-41f8-9201-d4124c85ecd0",
                            "revision": "0",
                            "service_binding.#": "0",
                            "tag.#": "0"
                        },
                        "meta": {},
                        "tainted": false
                    },
                    "deposed": [],
                    "provider": "provider.nsxt"
                },
                "nsxt_logical_router_link_port_on_tier1.link_port_tier1.0": {
                    "type": "nsxt_logical_router_link_port_on_tier1",
                    "depends_on": [
                        "nsxt_logical_router_link_port_on_tier0.link_port_tier0.*",
                        "nsxt_logical_tier1_router.t1.*"
                    ],
                    "primary": {
                        "id": "a95febe4-3778-464d-a7e9-fbd2828668f9",
                        "attributes": {
                            "description": "",
                            "display_name": "downlink_to_t1_$(count.index)",
                            "id": "a95febe4-3778-464d-a7e9-fbd2828668f9",
                            "linked_logical_router_port_id": "a3a59197-6cac-4794-9cf8-dd30243959d3",
                            "logical_router_id": "1bab03da-9138-4201-aaa2-7a0444731fbd",
                            "revision": "0",
                            "service_binding.#": "0",
                            "tag.#": "0"
                        },
                        "meta": {},
                        "tainted": false
                    },
                    "deposed": [],
                    "provider": "provider.nsxt"
                },
                "nsxt_logical_router_link_port_on_tier1.link_port_tier1.1": {
                    "type": "nsxt_logical_router_link_port_on_tier1",
                    "depends_on": [
                        "nsxt_logical_router_link_port_on_tier0.link_port_tier0.*",
                        "nsxt_logical_tier1_router.t1.*"
                    ],
                    "primary": {
                        "id": "03e4164a-cbd5-46fd-9e17-d717d2f7b86a",
                        "attributes": {
                            "description": "",
                            "display_name": "downlink_to_t1_$(count.index)",
                            "id": "03e4164a-cbd5-46fd-9e17-d717d2f7b86a",
                            "linked_logical_router_port_id": "1005e666-d173-45d1-8f6b-c11995074e35",
                            "logical_router_id": "8463b003-b27e-45eb-9d5a-4107d036564d",
                            "revision": "0",
                            "service_binding.#": "0",
                            "tag.#": "0"
                        },
                        "meta": {},
                        "tainted": false
                    },
                    "deposed": [],
                    "provider": "provider.nsxt"
                },
                "nsxt_logical_router_link_port_on_tier1.link_port_tier1.2": {
                    "type": "nsxt_logical_router_link_port_on_tier1",
                    "depends_on": [
                        "nsxt_logical_router_link_port_on_tier0.link_port_tier0.*",
                        "nsxt_logical_tier1_router.t1.*"
                    ],
                    "primary": {
                        "id": "3ae71c54-6e62-41ef-9d9c-878d86666688",
                        "attributes": {
                            "description": "",
                            "display_name": "downlink_to_t1_$(count.index)",
                            "id": "3ae71c54-6e62-41ef-9d9c-878d86666688",
                            "linked_logical_router_port_id": "5f644aa7-449c-4ca7-8361-62dbf353ac23",
                            "logical_router_id": "a89a1efa-8bf7-475c-8a2c-b2059be1715d",
                            "revision": "0",
                            "service_binding.#": "0",
                            "tag.#": "0"
                        },
                        "meta": {},
                        "tainted": false
                    },
                    "deposed": [],
                    "provider": "provider.nsxt"
                },
                "nsxt_logical_switch.switch1.0": {
                    "type": "nsxt_logical_switch",
                    "depends_on": [
                        "data.nsxt_transport_zone.overlay_tz"
                    ],
                    "primary": {
                        "id": "e31025d6-842e-4c11-91d1-2026bc6d4a84",
                        "attributes": {
                            "address_binding.#": "0",
                            "admin_state": "UP",
                            "description": "",
                            "display_name": "terraform_ls_0",
                            "id": "e31025d6-842e-4c11-91d1-2026bc6d4a84",
                            "ip_pool_id": "",
                            "mac_pool_id": "",
                            "replication_mode": "MTEP",
                            "revision": "0",
                            "switching_profile_id.#": "0",
                            "tag.#": "0",
                            "transport_zone_id": "2cee654b-8a8c-4abe-a243-7baf4da9b6cb",
                            "vlan": "0",
                            "vni": "73729"
                        },
                        "meta": {},
                        "tainted": false
                    },
                    "deposed": [],
                    "provider": "provider.nsxt"
                },
                "nsxt_logical_switch.switch1.1": {
                    "type": "nsxt_logical_switch",
                    "depends_on": [
                        "data.nsxt_transport_zone.overlay_tz"
                    ],
                    "primary": {
                        "id": "017ca8f1-23df-46fb-b08b-1a0d2b990dd8",
                        "attributes": {
                            "address_binding.#": "0",
                            "admin_state": "UP",
                            "description": "",
                            "display_name": "terraform_ls_1",
                            "id": "017ca8f1-23df-46fb-b08b-1a0d2b990dd8",
                            "ip_pool_id": "",
                            "mac_pool_id": "",
                            "replication_mode": "MTEP",
                            "revision": "0",
                            "switching_profile_id.#": "0",
                            "tag.#": "0",
                            "transport_zone_id": "2cee654b-8a8c-4abe-a243-7baf4da9b6cb",
                            "vlan": "0",
                            "vni": "73731"
                        },
                        "meta": {},
                        "tainted": false
                    },
                    "deposed": [],
                    "provider": "provider.nsxt"
                },
                "nsxt_logical_switch.switch1.2": {
                    "type": "nsxt_logical_switch",
                    "depends_on": [
                        "data.nsxt_transport_zone.overlay_tz"
                    ],
                    "primary": {
                        "id": "59143a3a-7280-4775-9c6f-6805c3dd55f5",
                        "attributes": {
                            "address_binding.#": "0",
                            "admin_state": "UP",
                            "description": "",
                            "display_name": "terraform_ls_2",
                            "id": "59143a3a-7280-4775-9c6f-6805c3dd55f5",
                            "ip_pool_id": "",
                            "mac_pool_id": "",
                            "replication_mode": "MTEP",
                            "revision": "0",
                            "switching_profile_id.#": "0",
                            "tag.#": "0",
                            "transport_zone_id": "2cee654b-8a8c-4abe-a243-7baf4da9b6cb",
                            "vlan": "0",
                            "vni": "73730"
                        },
                        "meta": {},
                        "tainted": false
                    },
                    "deposed": [],
                    "provider": "provider.nsxt"
                },
                "nsxt_logical_tier1_router.t1.0": {
                    "type": "nsxt_logical_tier1_router",
                    "depends_on": [
                        "data.nsxt_edge_cluster.edgecluster"
                    ],
                    "primary": {
                        "id": "1bab03da-9138-4201-aaa2-7a0444731fbd",
                        "attributes": {
                            "advertise_config_revision": "1",
                            "advertise_connected_routes": "true",
                            "advertise_nat_routes": "false",
                            "advertise_static_routes": "false",
                            "description": "",
                            "display_name": "terraform_t1_0",
                            "edge_cluster_id": "e1f8b769-280a-45fd-b821-a629534c30c0",
                            "enable_router_advertisement": "true",
                            "failover_mode": "PREEMPTIVE",
                            "firewall_sections.#": "1",
                            "firewall_sections.0.is_valid": "true",
                            "firewall_sections.0.target_display_name": "",
                            "firewall_sections.0.target_id": "f9d790cc-ef4d-42bc-948f-4345da2280bf",
                            "firewall_sections.0.target_type": "FirewallSection",
                            "id": "1bab03da-9138-4201-aaa2-7a0444731fbd",
                            "revision": "0",
                            "tag.#": "0"
                        },
                        "meta": {},
                        "tainted": false
                    },
                    "deposed": [],
                    "provider": "provider.nsxt"
                },
                "nsxt_logical_tier1_router.t1.1": {
                    "type": "nsxt_logical_tier1_router",
                    "depends_on": [
                        "data.nsxt_edge_cluster.edgecluster"
                    ],
                    "primary": {
                        "id": "8463b003-b27e-45eb-9d5a-4107d036564d",
                        "attributes": {
                            "advertise_config_revision": "1",
                            "advertise_connected_routes": "true",
                            "advertise_nat_routes": "false",
                            "advertise_static_routes": "false",
                            "description": "",
                            "display_name": "terraform_t1_1",
                            "edge_cluster_id": "e1f8b769-280a-45fd-b821-a629534c30c0",
                            "enable_router_advertisement": "true",
                            "failover_mode": "PREEMPTIVE",
                            "firewall_sections.#": "1",
                            "firewall_sections.0.is_valid": "true",
                            "firewall_sections.0.target_display_name": "",
                            "firewall_sections.0.target_id": "1b7dfe44-5034-4107-afc7-c6e2d91967ad",
                            "firewall_sections.0.target_type": "FirewallSection",
                            "id": "8463b003-b27e-45eb-9d5a-4107d036564d",
                            "revision": "0",
                            "tag.#": "0"
                        },
                        "meta": {},
                        "tainted": false
                    },
                    "deposed": [],
                    "provider": "provider.nsxt"
                },
                "nsxt_logical_tier1_router.t1.2": {
                    "type": "nsxt_logical_tier1_router",
                    "depends_on": [
                        "data.nsxt_edge_cluster.edgecluster"
                    ],
                    "primary": {
                        "id": "a89a1efa-8bf7-475c-8a2c-b2059be1715d",
                        "attributes": {
                            "advertise_config_revision": "1",
                            "advertise_connected_routes": "true",
                            "advertise_nat_routes": "false",
                            "advertise_static_routes": "false",
                            "description": "",
                            "display_name": "terraform_t1_2",
                            "edge_cluster_id": "e1f8b769-280a-45fd-b821-a629534c30c0",
                            "enable_router_advertisement": "true",
                            "failover_mode": "PREEMPTIVE",
                            "firewall_sections.#": "1",
                            "firewall_sections.0.is_valid": "true",
                            "firewall_sections.0.target_display_name": "",
                            "firewall_sections.0.target_id": "0b0c1daf-e91e-4cfa-95a1-634060095eef",
                            "firewall_sections.0.target_type": "FirewallSection",
                            "id": "a89a1efa-8bf7-475c-8a2c-b2059be1715d",
                            "revision": "0",
                            "tag.#": "0"
                        },
                        "meta": {},
                        "tainted": false
                    },
                    "deposed": [],
                    "provider": "provider.nsxt"
                }
            },
            "depends_on": []
        }
    ]
}
