{
    "version": 3,
    "terraform_version": "0.11.10",
    "serial": 3,
    "lineage": "83b70f46-6269-bd2b-ffe2-ba8b2812617f",
    "modules": [
        {
            "path": [
                "root"
            ],
            "outputs": {},
            "resources": {
                "data.nsxt_edge_cluster.edgecluster": {
                    "type": "nsxt_edge_cluster",
                    "depends_on": [],
                    "primary": {
                        "id": "a4efb7e7-96e6-4bf4-aca3-a3ed317741e6",
                        "attributes": {
                            "deployment_type": "VIRTUAL_MACHINE",
                            "description": "",
                            "display_name": "AS-Edge-Cluster",
                            "id": "a4efb7e7-96e6-4bf4-aca3-a3ed317741e6",
                            "member_node_type": "EDGE_NODE"
                        },
                        "meta": {},
                        "tainted": false
                    },
                    "deposed": [],
                    "provider": "provider.nsxt"
                },
                "data.nsxt_logical_tier0_router.t0": {
                    "type": "nsxt_logical_tier0_router",
                    "depends_on": [],
                    "primary": {
                        "id": "4d8384ad-6e67-43dc-9b18-416e8e2a43ca",
                        "attributes": {
                            "description": "",
                            "display_name": "AS-T0",
                            "edge_cluster_id": "a4efb7e7-96e6-4bf4-aca3-a3ed317741e6",
                            "high_availability_mode": "ACTIVE_STANDBY",
                            "id": "4d8384ad-6e67-43dc-9b18-416e8e2a43ca"
                        },
                        "meta": {},
                        "tainted": false
                    },
                    "deposed": [],
                    "provider": "provider.nsxt"
                },
                "data.nsxt_transport_zone.overlay_tz": {
                    "type": "nsxt_transport_zone",
                    "depends_on": [],
                    "primary": {
                        "id": "9aa5261e-ae8c-4bef-81b3-6d440780720d",
                        "attributes": {
                            "description": "",
                            "display_name": "overlay",
                            "host_switch_name": "hv",
                            "id": "9aa5261e-ae8c-4bef-81b3-6d440780720d",
                            "transport_type": "OVERLAY"
                        },
                        "meta": {},
                        "tainted": false
                    },
                    "deposed": [],
                    "provider": "provider.nsxt"
                },
                "nsxt_dhcp_relay_profile.dr_profile": {
                    "type": "nsxt_dhcp_relay_profile",
                    "depends_on": [],
                    "primary": {
                        "id": "0d8f15db-9493-4042-a911-bd1b3f6fadc3",
                        "attributes": {
                            "description": "DRP provisioned by Terraform",
                            "display_name": "DRP",
                            "id": "0d8f15db-9493-4042-a911-bd1b3f6fadc3",
                            "revision": "1",
                            "server_addresses.#": "1",
                            "server_addresses.229061242": "192.17.0.2",
                            "tag.#": "1",
                            "tag.2538353430.scope": "color",
                            "tag.2538353430.tag": "red"
                        },
                        "meta": {},
                        "tainted": false
                    },
                    "deposed": [],
                    "provider": "provider.nsxt"
                },
                "nsxt_dhcp_relay_service.dr_service": {
                    "type": "nsxt_dhcp_relay_service",
                    "depends_on": [
                        "nsxt_dhcp_relay_profile.dr_profile"
                    ],
                    "primary": {
                        "id": "ebe90dbe-b7d4-4864-9b25-6f030550ecd8",
                        "attributes": {
                            "description": "",
                            "dhcp_relay_profile_id": "0d8f15db-9493-4042-a911-bd1b3f6fadc3",
                            "display_name": "DRS",
                            "id": "ebe90dbe-b7d4-4864-9b25-6f030550ecd8",
                            "revision": "0",
                            "tag.#": "0"
                        },
                        "meta": {},
                        "tainted": false
                    },
                    "deposed": [],
                    "provider": "provider.nsxt"
                },
                "nsxt_dhcp_server_ip_pool.dhcp_ip_pool-0": {
                    "type": "nsxt_dhcp_server_ip_pool",
                    "depends_on": [
                        "nsxt_logical_dhcp_server.logical_dhcp_server"
                    ],
                    "primary": {
                        "id": "5eb983d5-d4e9-46c6-84f5-66db2c4632ed",
                        "attributes": {
                            "description": "ip pool",
                            "dhcp_generic_option.#": "0",
                            "dhcp_option_121.#": "0",
                            "display_name": "ip pool",
                            "error_threshold": "98",
                            "gateway_ip": "192.17.0.1",
                            "id": "5eb983d5-d4e9-46c6-84f5-66db2c4632ed",
                            "ip_range.#": "1",
                            "ip_range.0.end": "192.17.0.254",
                            "ip_range.0.start": "192.17.0.100",
                            "lease_time": "1296000",
                            "logical_dhcp_server_id": "c26c38bc-283e-4b33-848e-669fa2dca899",
                            "revision": "1",
                            "tag.#": "0",
                            "warning_threshold": "70"
                        },
                        "meta": {},
                        "tainted": false
                    },
                    "deposed": [],
                    "provider": "provider.nsxt"
                },
                "nsxt_dhcp_server_ip_pool.dhcp_ip_pool-1": {
                    "type": "nsxt_dhcp_server_ip_pool",
                    "depends_on": [
                        "nsxt_logical_dhcp_server.logical_dhcp_server"
                    ],
                    "primary": {
                        "id": "9d0d502a-33db-4800-b702-3ec581e3dc90",
                        "attributes": {
                            "description": "ip pool",
                            "dhcp_generic_option.#": "0",
                            "dhcp_option_121.#": "0",
                            "display_name": "ip pool",
                            "error_threshold": "98",
                            "gateway_ip": "192.17.1.1",
                            "id": "9d0d502a-33db-4800-b702-3ec581e3dc90",
                            "ip_range.#": "1",
                            "ip_range.0.end": "192.17.1.254",
                            "ip_range.0.start": "192.17.1.100",
                            "lease_time": "1296000",
                            "logical_dhcp_server_id": "c26c38bc-283e-4b33-848e-669fa2dca899",
                            "revision": "0",
                            "tag.#": "0",
                            "warning_threshold": "70"
                        },
                        "meta": {},
                        "tainted": false
                    },
                    "deposed": [],
                    "provider": "provider.nsxt"
                },
                "nsxt_dhcp_server_ip_pool.dhcp_ip_pool-2": {
                    "type": "nsxt_dhcp_server_ip_pool",
                    "depends_on": [
                        "nsxt_logical_dhcp_server.logical_dhcp_server"
                    ],
                    "primary": {
                        "id": "43f0c6ec-7a29-4784-9a49-5abf02efb49e",
                        "attributes": {
                            "description": "ip pool",
                            "dhcp_generic_option.#": "0",
                            "dhcp_option_121.#": "0",
                            "display_name": "ip pool",
                            "error_threshold": "98",
                            "gateway_ip": "192.17.2.1",
                            "id": "43f0c6ec-7a29-4784-9a49-5abf02efb49e",
                            "ip_range.#": "1",
                            "ip_range.0.end": "192.17.2.254",
                            "ip_range.0.start": "192.17.2.100",
                            "lease_time": "1296000",
                            "logical_dhcp_server_id": "c26c38bc-283e-4b33-848e-669fa2dca899",
                            "revision": "0",
                            "tag.#": "0",
                            "warning_threshold": "70"
                        },
                        "meta": {},
                        "tainted": false
                    },
                    "deposed": [],
                    "provider": "provider.nsxt"
                },
                "nsxt_dhcp_server_ip_pool.dhcp_ip_pool-3": {
                    "type": "nsxt_dhcp_server_ip_pool",
                    "depends_on": [
                        "nsxt_logical_dhcp_server.logical_dhcp_server"
                    ],
                    "primary": {
                        "id": "348cf41e-e92b-4ebd-9a65-a22b000e2e0e",
                        "attributes": {
                            "description": "ip pool",
                            "dhcp_generic_option.#": "0",
                            "dhcp_option_121.#": "0",
                            "display_name": "ip pool",
                            "error_threshold": "98",
                            "gateway_ip": "192.17.3.1",
                            "id": "348cf41e-e92b-4ebd-9a65-a22b000e2e0e",
                            "ip_range.#": "1",
                            "ip_range.0.end": "192.17.3.254",
                            "ip_range.0.start": "192.17.3.100",
                            "lease_time": "1296000",
                            "logical_dhcp_server_id": "c26c38bc-283e-4b33-848e-669fa2dca899",
                            "revision": "0",
                            "tag.#": "0",
                            "warning_threshold": "70"
                        },
                        "meta": {},
                        "tainted": false
                    },
                    "deposed": [],
                    "provider": "provider.nsxt"
                },
                "nsxt_dhcp_server_ip_pool.dhcp_ip_pool-4": {
                    "type": "nsxt_dhcp_server_ip_pool",
                    "depends_on": [
                        "nsxt_logical_dhcp_server.logical_dhcp_server"
                    ],
                    "primary": {
                        "id": "1cd28987-482e-4358-a9fa-8cc78f662b8e",
                        "attributes": {
                            "description": "ip pool",
                            "dhcp_generic_option.#": "0",
                            "dhcp_option_121.#": "0",
                            "display_name": "ip pool",
                            "error_threshold": "98",
                            "gateway_ip": "192.17.4.1",
                            "id": "1cd28987-482e-4358-a9fa-8cc78f662b8e",
                            "ip_range.#": "1",
                            "ip_range.0.end": "192.17.4.254",
                            "ip_range.0.start": "192.17.4.100",
                            "lease_time": "1296000",
                            "logical_dhcp_server_id": "c26c38bc-283e-4b33-848e-669fa2dca899",
                            "revision": "0",
                            "tag.#": "0",
                            "warning_threshold": "70"
                        },
                        "meta": {},
                        "tainted": false
                    },
                    "deposed": [],
                    "provider": "provider.nsxt"
                },
                "nsxt_dhcp_server_profile.dhcp_profile": {
                    "type": "nsxt_dhcp_server_profile",
                    "depends_on": [
                        "data.nsxt_edge_cluster.edgecluster"
                    ],
                    "primary": {
                        "id": "9bd410ac-5c6e-452f-9f3c-9b77007e6beb",
                        "attributes": {
                            "description": "dhcp_profile provisioned by Terraform",
                            "display_name": "dhcp_profile",
                            "edge_cluster_id": "a4efb7e7-96e6-4bf4-aca3-a3ed317741e6",
                            "edge_cluster_member_indexes.#": "2",
                            "edge_cluster_member_indexes.0": "0",
                            "edge_cluster_member_indexes.1": "1",
                            "id": "9bd410ac-5c6e-452f-9f3c-9b77007e6beb",
                            "revision": "0",
                            "tag.#": "1",
                            "tag.2538353430.scope": "color",
                            "tag.2538353430.tag": "red"
                        },
                        "meta": {},
                        "tainted": false
                    },
                    "deposed": [],
                    "provider": "provider.nsxt"
                },
                "nsxt_logical_dhcp_server.logical_dhcp_server": {
                    "type": "nsxt_logical_dhcp_server",
                    "depends_on": [
                        "nsxt_dhcp_server_profile.dhcp_profile"
                    ],
                    "primary": {
                        "id": "c26c38bc-283e-4b33-848e-669fa2dca899",
                        "attributes": {
                            "attached_logical_port_id": "e0f9e1f5-6198-4b27-822a-8cdccc985db7",
                            "description": "logical_dhcp_server provisioned by Terraform",
                            "dhcp_generic_option.#": "0",
                            "dhcp_option_121.#": "0",
                            "dhcp_profile_id": "9bd410ac-5c6e-452f-9f3c-9b77007e6beb",
                            "dhcp_server_ip": "192.17.0.2/24",
                            "display_name": "logical_dhcp_server",
                            "dns_name_servers.#": "1",
                            "dns_name_servers.0": "192.168.0.96",
                            "domain_name": "rkc.local",
                            "gateway_ip": "192.17.0.1",
                            "id": "c26c38bc-283e-4b33-848e-669fa2dca899",
                            "revision": "1",
                            "tag.#": "0"
                        },
                        "meta": {},
                        "tainted": false
                    },
                    "deposed": [],
                    "provider": "provider.nsxt"
                },
                "nsxt_logical_port.logical_port1.0": {
                    "type": "nsxt_logical_port",
                    "depends_on": [
                        "nsxt_logical_switch.switch1.*"
                    ],
                    "primary": {
                        "id": "8b03b2fa-a042-4f8c-8855-d76c45544ce5",
                        "attributes": {
                            "admin_state": "UP",
                            "description": "",
                            "display_name": "LP0 provision from terraform",
                            "id": "8b03b2fa-a042-4f8c-8855-d76c45544ce5",
                            "logical_switch_id": "9b54571f-ff38-4ed6-9366-95441be21fed",
                            "revision": "1",
                            "switching_profile_id.#": "0",
                            "tag.#": "0"
                        },
                        "meta": {},
                        "tainted": false
                    },
                    "deposed": [],
                    "provider": "provider.nsxt"
                },
                "nsxt_logical_port.logical_port1.1": {
                    "type": "nsxt_logical_port",
                    "depends_on": [
                        "nsxt_logical_switch.switch1.*"
                    ],
                    "primary": {
                        "id": "87c3c14c-f982-4e01-85f1-82b0418c804c",
                        "attributes": {
                            "admin_state": "UP",
                            "description": "",
                            "display_name": "LP1 provision from terraform",
                            "id": "87c3c14c-f982-4e01-85f1-82b0418c804c",
                            "logical_switch_id": "f0abdf45-dc12-4910-ae4c-b497fa765080",
                            "revision": "1",
                            "switching_profile_id.#": "0",
                            "tag.#": "0"
                        },
                        "meta": {},
                        "tainted": false
                    },
                    "deposed": [],
                    "provider": "provider.nsxt"
                },
                "nsxt_logical_port.logical_port1.2": {
                    "type": "nsxt_logical_port",
                    "depends_on": [
                        "nsxt_logical_switch.switch1.*"
                    ],
                    "primary": {
                        "id": "c7a62fd4-b4ca-4344-96a4-1065ab7c6969",
                        "attributes": {
                            "admin_state": "UP",
                            "description": "",
                            "display_name": "LP2 provision from terraform",
                            "id": "c7a62fd4-b4ca-4344-96a4-1065ab7c6969",
                            "logical_switch_id": "3fafaa79-6012-4f27-9836-0002f32f31ec",
                            "revision": "1",
                            "switching_profile_id.#": "0",
                            "tag.#": "0"
                        },
                        "meta": {},
                        "tainted": false
                    },
                    "deposed": [],
                    "provider": "provider.nsxt"
                },
                "nsxt_logical_port.logical_port1.3": {
                    "type": "nsxt_logical_port",
                    "depends_on": [
                        "nsxt_logical_switch.switch1.*"
                    ],
                    "primary": {
                        "id": "ce8d1abf-ae14-44a5-aa36-4d7693b05284",
                        "attributes": {
                            "admin_state": "UP",
                            "description": "",
                            "display_name": "LP3 provision from terraform",
                            "id": "ce8d1abf-ae14-44a5-aa36-4d7693b05284",
                            "logical_switch_id": "6fff015f-7692-498c-bd49-5739547dca55",
                            "revision": "1",
                            "switching_profile_id.#": "0",
                            "tag.#": "0"
                        },
                        "meta": {},
                        "tainted": false
                    },
                    "deposed": [],
                    "provider": "provider.nsxt"
                },
                "nsxt_logical_port.logical_port1.4": {
                    "type": "nsxt_logical_port",
                    "depends_on": [
                        "nsxt_logical_switch.switch1.*"
                    ],
                    "primary": {
                        "id": "a8f8ebe4-994a-4733-8b5a-8dbdc1322437",
                        "attributes": {
                            "admin_state": "UP",
                            "description": "",
                            "display_name": "LP4 provision from terraform",
                            "id": "a8f8ebe4-994a-4733-8b5a-8dbdc1322437",
                            "logical_switch_id": "70dd96dd-54f2-4d3a-8a9b-de195bb7a844",
                            "revision": "1",
                            "switching_profile_id.#": "0",
                            "tag.#": "0"
                        },
                        "meta": {},
                        "tainted": false
                    },
                    "deposed": [],
                    "provider": "provider.nsxt"
                },
                "nsxt_logical_router_downlink_port.downlink_port.0": {
                    "type": "nsxt_logical_router_downlink_port",
                    "depends_on": [
                        "nsxt_dhcp_relay_service.dr_service",
                        "nsxt_logical_port.logical_port1.*",
                        "nsxt_logical_tier1_router.t1.*"
                    ],
                    "primary": {
                        "id": "b3778163-e4da-471d-986e-32a297602df1",
                        "attributes": {
                            "description": "",
                            "display_name": "link to logical switch 0",
                            "id": "b3778163-e4da-471d-986e-32a297602df1",
                            "ip_address": "192.17.0.1/24",
                            "linked_logical_switch_port_id": "8b03b2fa-a042-4f8c-8855-d76c45544ce5",
                            "logical_router_id": "98844a0c-d008-40f9-b44f-17de07b783a5",
                            "mac_address": "02:50:56:56:44:52",
                            "revision": "0",
                            "service_binding.#": "1",
                            "service_binding.0.is_valid": "true",
                            "service_binding.0.target_display_name": "DRS",
                            "service_binding.0.target_id": "ebe90dbe-b7d4-4864-9b25-6f030550ecd8",
                            "service_binding.0.target_type": "LogicalService",
                            "tag.#": "0",
                            "urpf_mode": "STRICT"
                        },
                        "meta": {},
                        "tainted": false
                    },
                    "deposed": [],
                    "provider": "provider.nsxt"
                },
                "nsxt_logical_router_downlink_port.downlink_port.1": {
                    "type": "nsxt_logical_router_downlink_port",
                    "depends_on": [
                        "nsxt_dhcp_relay_service.dr_service",
                        "nsxt_logical_port.logical_port1.*",
                        "nsxt_logical_tier1_router.t1.*"
                    ],
                    "primary": {
                        "id": "fcd6d2a6-1db5-4315-9ae4-ef9adbb81cc0",
                        "attributes": {
                            "description": "",
                            "display_name": "link to logical switch 1",
                            "id": "fcd6d2a6-1db5-4315-9ae4-ef9adbb81cc0",
                            "ip_address": "192.17.1.1/24",
                            "linked_logical_switch_port_id": "87c3c14c-f982-4e01-85f1-82b0418c804c",
                            "logical_router_id": "3e24f7ac-63f4-4981-83e9-8050995e9b8c",
                            "mac_address": "02:50:56:56:44:52",
                            "revision": "0",
                            "service_binding.#": "1",
                            "service_binding.0.is_valid": "true",
                            "service_binding.0.target_display_name": "DRS",
                            "service_binding.0.target_id": "ebe90dbe-b7d4-4864-9b25-6f030550ecd8",
                            "service_binding.0.target_type": "LogicalService",
                            "tag.#": "0",
                            "urpf_mode": "STRICT"
                        },
                        "meta": {},
                        "tainted": false
                    },
                    "deposed": [],
                    "provider": "provider.nsxt"
                },
                "nsxt_logical_router_downlink_port.downlink_port.2": {
                    "type": "nsxt_logical_router_downlink_port",
                    "depends_on": [
                        "nsxt_dhcp_relay_service.dr_service",
                        "nsxt_logical_port.logical_port1.*",
                        "nsxt_logical_tier1_router.t1.*"
                    ],
                    "primary": {
                        "id": "5967ca1d-2ffe-4fa9-afa2-ab28569554ae",
                        "attributes": {
                            "description": "",
                            "display_name": "link to logical switch 2",
                            "id": "5967ca1d-2ffe-4fa9-afa2-ab28569554ae",
                            "ip_address": "192.17.2.1/24",
                            "linked_logical_switch_port_id": "c7a62fd4-b4ca-4344-96a4-1065ab7c6969",
                            "logical_router_id": "cdda02c4-4e68-4a84-8aef-adf23a35accf",
                            "mac_address": "02:50:56:56:44:52",
                            "revision": "0",
                            "service_binding.#": "1",
                            "service_binding.0.is_valid": "true",
                            "service_binding.0.target_display_name": "DRS",
                            "service_binding.0.target_id": "ebe90dbe-b7d4-4864-9b25-6f030550ecd8",
                            "service_binding.0.target_type": "LogicalService",
                            "tag.#": "0",
                            "urpf_mode": "STRICT"
                        },
                        "meta": {},
                        "tainted": false
                    },
                    "deposed": [],
                    "provider": "provider.nsxt"
                },
                "nsxt_logical_router_downlink_port.downlink_port.3": {
                    "type": "nsxt_logical_router_downlink_port",
                    "depends_on": [
                        "nsxt_dhcp_relay_service.dr_service",
                        "nsxt_logical_port.logical_port1.*",
                        "nsxt_logical_tier1_router.t1.*"
                    ],
                    "primary": {
                        "id": "cde58eb5-a49c-4c1a-a53c-a836db1cf83e",
                        "attributes": {
                            "description": "",
                            "display_name": "link to logical switch 3",
                            "id": "cde58eb5-a49c-4c1a-a53c-a836db1cf83e",
                            "ip_address": "192.17.3.1/24",
                            "linked_logical_switch_port_id": "ce8d1abf-ae14-44a5-aa36-4d7693b05284",
                            "logical_router_id": "1d725e40-b157-4a7a-bfd2-fb35e5b64ba4",
                            "mac_address": "02:50:56:56:44:52",
                            "revision": "0",
                            "service_binding.#": "1",
                            "service_binding.0.is_valid": "true",
                            "service_binding.0.target_display_name": "DRS",
                            "service_binding.0.target_id": "ebe90dbe-b7d4-4864-9b25-6f030550ecd8",
                            "service_binding.0.target_type": "LogicalService",
                            "tag.#": "0",
                            "urpf_mode": "STRICT"
                        },
                        "meta": {},
                        "tainted": false
                    },
                    "deposed": [],
                    "provider": "provider.nsxt"
                },
                "nsxt_logical_router_downlink_port.downlink_port.4": {
                    "type": "nsxt_logical_router_downlink_port",
                    "depends_on": [
                        "nsxt_dhcp_relay_service.dr_service",
                        "nsxt_logical_port.logical_port1.*",
                        "nsxt_logical_tier1_router.t1.*"
                    ],
                    "primary": {
                        "id": "9efb9686-3f07-4a7b-a680-bd177a9dc648",
                        "attributes": {
                            "description": "",
                            "display_name": "link to logical switch 4",
                            "id": "9efb9686-3f07-4a7b-a680-bd177a9dc648",
                            "ip_address": "192.17.4.1/24",
                            "linked_logical_switch_port_id": "a8f8ebe4-994a-4733-8b5a-8dbdc1322437",
                            "logical_router_id": "c334be2f-6d69-415e-9b63-5738ad60c7c1",
                            "mac_address": "02:50:56:56:44:52",
                            "revision": "0",
                            "service_binding.#": "1",
                            "service_binding.0.is_valid": "true",
                            "service_binding.0.target_display_name": "DRS",
                            "service_binding.0.target_id": "ebe90dbe-b7d4-4864-9b25-6f030550ecd8",
                            "service_binding.0.target_type": "LogicalService",
                            "tag.#": "0",
                            "urpf_mode": "STRICT"
                        },
                        "meta": {},
                        "tainted": false
                    },
                    "deposed": [],
                    "provider": "provider.nsxt"
                },
                "nsxt_logical_router_link_port_on_tier0.link_port_tier0.0": {
                    "type": "nsxt_logical_router_link_port_on_tier0",
                    "depends_on": [
                        "data.nsxt_logical_tier0_router.t0"
                    ],
                    "primary": {
                        "id": "9becf9dd-1098-4514-b575-243ebb2a40b5",
                        "attributes": {
                            "description": "",
                            "display_name": "downlink_to_t1_0",
                            "id": "9becf9dd-1098-4514-b575-243ebb2a40b5",
                            "linked_logical_router_port_id": "27806b35-357a-4889-9b69-0d5efd8076d8",
                            "logical_router_id": "4d8384ad-6e67-43dc-9b18-416e8e2a43ca",
                            "revision": "0",
                            "tag.#": "0"
                        },
                        "meta": {},
                        "tainted": false
                    },
                    "deposed": [],
                    "provider": "provider.nsxt"
                },
                "nsxt_logical_router_link_port_on_tier0.link_port_tier0.1": {
                    "type": "nsxt_logical_router_link_port_on_tier0",
                    "depends_on": [
                        "data.nsxt_logical_tier0_router.t0"
                    ],
                    "primary": {
                        "id": "48667bb0-7bf1-4589-8f9f-26dc4ecc3ff3",
                        "attributes": {
                            "description": "",
                            "display_name": "downlink_to_t1_1",
                            "id": "48667bb0-7bf1-4589-8f9f-26dc4ecc3ff3",
                            "linked_logical_router_port_id": "13a3f95b-7750-4fda-b85d-b5dd04a8fd32",
                            "logical_router_id": "4d8384ad-6e67-43dc-9b18-416e8e2a43ca",
                            "revision": "0",
                            "tag.#": "0"
                        },
                        "meta": {},
                        "tainted": false
                    },
                    "deposed": [],
                    "provider": "provider.nsxt"
                },
                "nsxt_logical_router_link_port_on_tier0.link_port_tier0.2": {
                    "type": "nsxt_logical_router_link_port_on_tier0",
                    "depends_on": [
                        "data.nsxt_logical_tier0_router.t0"
                    ],
                    "primary": {
                        "id": "d16289e3-eddd-4d0d-8a69-da538eedbefd",
                        "attributes": {
                            "description": "",
                            "display_name": "downlink_to_t1_2",
                            "id": "d16289e3-eddd-4d0d-8a69-da538eedbefd",
                            "linked_logical_router_port_id": "38d2af8a-752a-4849-81aa-7c6849fbb9f1",
                            "logical_router_id": "4d8384ad-6e67-43dc-9b18-416e8e2a43ca",
                            "revision": "0",
                            "tag.#": "0"
                        },
                        "meta": {},
                        "tainted": false
                    },
                    "deposed": [],
                    "provider": "provider.nsxt"
                },
                "nsxt_logical_router_link_port_on_tier0.link_port_tier0.3": {
                    "type": "nsxt_logical_router_link_port_on_tier0",
                    "depends_on": [
                        "data.nsxt_logical_tier0_router.t0"
                    ],
                    "primary": {
                        "id": "0650f6ee-d573-4648-b3a4-63443f852194",
                        "attributes": {
                            "description": "",
                            "display_name": "downlink_to_t1_3",
                            "id": "0650f6ee-d573-4648-b3a4-63443f852194",
                            "linked_logical_router_port_id": "954ac071-9e87-479d-af86-3b1f51679c10",
                            "logical_router_id": "4d8384ad-6e67-43dc-9b18-416e8e2a43ca",
                            "revision": "0",
                            "tag.#": "0"
                        },
                        "meta": {},
                        "tainted": false
                    },
                    "deposed": [],
                    "provider": "provider.nsxt"
                },
                "nsxt_logical_router_link_port_on_tier0.link_port_tier0.4": {
                    "type": "nsxt_logical_router_link_port_on_tier0",
                    "depends_on": [
                        "data.nsxt_logical_tier0_router.t0"
                    ],
                    "primary": {
                        "id": "dad85854-06a6-4f9d-a394-5920827739ee",
                        "attributes": {
                            "description": "",
                            "display_name": "downlink_to_t1_4",
                            "id": "dad85854-06a6-4f9d-a394-5920827739ee",
                            "linked_logical_router_port_id": "a19255ca-aa85-4b22-9c8f-f5efd5f1d634",
                            "logical_router_id": "4d8384ad-6e67-43dc-9b18-416e8e2a43ca",
                            "revision": "0",
                            "tag.#": "0"
                        },
                        "meta": {},
                        "tainted": false
                    },
                    "deposed": [],
                    "provider": "provider.nsxt"
                },
                "nsxt_logical_router_link_port_on_tier1.link_port_tier1.0": {
                    "type": "nsxt_logical_router_link_port_on_tier1",
                    "depends_on": [
                        "nsxt_logical_router_link_port_on_tier0.link_port_tier0.*",
                        "nsxt_logical_tier1_router.t1.*"
                    ],
                    "primary": {
                        "id": "27806b35-357a-4889-9b69-0d5efd8076d8",
                        "attributes": {
                            "description": "",
                            "display_name": "downlink_to_t1_$(count.index)",
                            "id": "27806b35-357a-4889-9b69-0d5efd8076d8",
                            "linked_logical_router_port_id": "9becf9dd-1098-4514-b575-243ebb2a40b5",
                            "logical_router_id": "98844a0c-d008-40f9-b44f-17de07b783a5",
                            "revision": "0",
                            "tag.#": "0"
                        },
                        "meta": {},
                        "tainted": false
                    },
                    "deposed": [],
                    "provider": "provider.nsxt"
                },
                "nsxt_logical_router_link_port_on_tier1.link_port_tier1.1": {
                    "type": "nsxt_logical_router_link_port_on_tier1",
                    "depends_on": [
                        "nsxt_logical_router_link_port_on_tier0.link_port_tier0.*",
                        "nsxt_logical_tier1_router.t1.*"
                    ],
                    "primary": {
                        "id": "13a3f95b-7750-4fda-b85d-b5dd04a8fd32",
                        "attributes": {
                            "description": "",
                            "display_name": "downlink_to_t1_$(count.index)",
                            "id": "13a3f95b-7750-4fda-b85d-b5dd04a8fd32",
                            "linked_logical_router_port_id": "48667bb0-7bf1-4589-8f9f-26dc4ecc3ff3",
                            "logical_router_id": "3e24f7ac-63f4-4981-83e9-8050995e9b8c",
                            "revision": "0",
                            "tag.#": "0"
                        },
                        "meta": {},
                        "tainted": false
                    },
                    "deposed": [],
                    "provider": "provider.nsxt"
                },
                "nsxt_logical_router_link_port_on_tier1.link_port_tier1.2": {
                    "type": "nsxt_logical_router_link_port_on_tier1",
                    "depends_on": [
                        "nsxt_logical_router_link_port_on_tier0.link_port_tier0.*",
                        "nsxt_logical_tier1_router.t1.*"
                    ],
                    "primary": {
                        "id": "38d2af8a-752a-4849-81aa-7c6849fbb9f1",
                        "attributes": {
                            "description": "",
                            "display_name": "downlink_to_t1_$(count.index)",
                            "id": "38d2af8a-752a-4849-81aa-7c6849fbb9f1",
                            "linked_logical_router_port_id": "d16289e3-eddd-4d0d-8a69-da538eedbefd",
                            "logical_router_id": "cdda02c4-4e68-4a84-8aef-adf23a35accf",
                            "revision": "0",
                            "tag.#": "0"
                        },
                        "meta": {},
                        "tainted": false
                    },
                    "deposed": [],
                    "provider": "provider.nsxt"
                },
                "nsxt_logical_router_link_port_on_tier1.link_port_tier1.3": {
                    "type": "nsxt_logical_router_link_port_on_tier1",
                    "depends_on": [
                        "nsxt_logical_router_link_port_on_tier0.link_port_tier0.*",
                        "nsxt_logical_tier1_router.t1.*"
                    ],
                    "primary": {
                        "id": "954ac071-9e87-479d-af86-3b1f51679c10",
                        "attributes": {
                            "description": "",
                            "display_name": "downlink_to_t1_$(count.index)",
                            "id": "954ac071-9e87-479d-af86-3b1f51679c10",
                            "linked_logical_router_port_id": "0650f6ee-d573-4648-b3a4-63443f852194",
                            "logical_router_id": "1d725e40-b157-4a7a-bfd2-fb35e5b64ba4",
                            "revision": "0",
                            "tag.#": "0"
                        },
                        "meta": {},
                        "tainted": false
                    },
                    "deposed": [],
                    "provider": "provider.nsxt"
                },
                "nsxt_logical_router_link_port_on_tier1.link_port_tier1.4": {
                    "type": "nsxt_logical_router_link_port_on_tier1",
                    "depends_on": [
                        "nsxt_logical_router_link_port_on_tier0.link_port_tier0.*",
                        "nsxt_logical_tier1_router.t1.*"
                    ],
                    "primary": {
                        "id": "a19255ca-aa85-4b22-9c8f-f5efd5f1d634",
                        "attributes": {
                            "description": "",
                            "display_name": "downlink_to_t1_$(count.index)",
                            "id": "a19255ca-aa85-4b22-9c8f-f5efd5f1d634",
                            "linked_logical_router_port_id": "dad85854-06a6-4f9d-a394-5920827739ee",
                            "logical_router_id": "c334be2f-6d69-415e-9b63-5738ad60c7c1",
                            "revision": "0",
                            "tag.#": "0"
                        },
                        "meta": {},
                        "tainted": false
                    },
                    "deposed": [],
                    "provider": "provider.nsxt"
                },
                "nsxt_logical_switch.switch1.0": {
                    "type": "nsxt_logical_switch",
                    "depends_on": [
                        "data.nsxt_transport_zone.overlay_tz"
                    ],
                    "primary": {
                        "id": "9b54571f-ff38-4ed6-9366-95441be21fed",
                        "attributes": {
                            "address_binding.#": "0",
                            "admin_state": "UP",
                            "description": "",
                            "display_name": "terraform_ls_0",
                            "id": "9b54571f-ff38-4ed6-9366-95441be21fed",
                            "ip_pool_id": "",
                            "mac_pool_id": "",
                            "replication_mode": "MTEP",
                            "revision": "0",
                            "switching_profile_id.#": "0",
                            "tag.#": "0",
                            "transport_zone_id": "9aa5261e-ae8c-4bef-81b3-6d440780720d",
                            "vlan": "0",
                            "vni": "67629"
                        },
                        "meta": {},
                        "tainted": false
                    },
                    "deposed": [],
                    "provider": "provider.nsxt"
                },
                "nsxt_logical_switch.switch1.1": {
                    "type": "nsxt_logical_switch",
                    "depends_on": [
                        "data.nsxt_transport_zone.overlay_tz"
                    ],
                    "primary": {
                        "id": "f0abdf45-dc12-4910-ae4c-b497fa765080",
                        "attributes": {
                            "address_binding.#": "0",
                            "admin_state": "UP",
                            "description": "",
                            "display_name": "terraform_ls_1",
                            "id": "f0abdf45-dc12-4910-ae4c-b497fa765080",
                            "ip_pool_id": "",
                            "mac_pool_id": "",
                            "replication_mode": "MTEP",
                            "revision": "0",
                            "switching_profile_id.#": "0",
                            "tag.#": "0",
                            "transport_zone_id": "9aa5261e-ae8c-4bef-81b3-6d440780720d",
                            "vlan": "0",
                            "vni": "67631"
                        },
                        "meta": {},
                        "tainted": false
                    },
                    "deposed": [],
                    "provider": "provider.nsxt"
                },
                "nsxt_logical_switch.switch1.2": {
                    "type": "nsxt_logical_switch",
                    "depends_on": [
                        "data.nsxt_transport_zone.overlay_tz"
                    ],
                    "primary": {
                        "id": "3fafaa79-6012-4f27-9836-0002f32f31ec",
                        "attributes": {
                            "address_binding.#": "0",
                            "admin_state": "UP",
                            "description": "",
                            "display_name": "terraform_ls_2",
                            "id": "3fafaa79-6012-4f27-9836-0002f32f31ec",
                            "ip_pool_id": "",
                            "mac_pool_id": "",
                            "replication_mode": "MTEP",
                            "revision": "0",
                            "switching_profile_id.#": "0",
                            "tag.#": "0",
                            "transport_zone_id": "9aa5261e-ae8c-4bef-81b3-6d440780720d",
                            "vlan": "0",
                            "vni": "67630"
                        },
                        "meta": {},
                        "tainted": false
                    },
                    "deposed": [],
                    "provider": "provider.nsxt"
                },
                "nsxt_logical_switch.switch1.3": {
                    "type": "nsxt_logical_switch",
                    "depends_on": [
                        "data.nsxt_transport_zone.overlay_tz"
                    ],
                    "primary": {
                        "id": "6fff015f-7692-498c-bd49-5739547dca55",
                        "attributes": {
                            "address_binding.#": "0",
                            "admin_state": "UP",
                            "description": "",
                            "display_name": "terraform_ls_3",
                            "id": "6fff015f-7692-498c-bd49-5739547dca55",
                            "ip_pool_id": "",
                            "mac_pool_id": "",
                            "replication_mode": "MTEP",
                            "revision": "0",
                            "switching_profile_id.#": "0",
                            "tag.#": "0",
                            "transport_zone_id": "9aa5261e-ae8c-4bef-81b3-6d440780720d",
                            "vlan": "0",
                            "vni": "67627"
                        },
                        "meta": {},
                        "tainted": false
                    },
                    "deposed": [],
                    "provider": "provider.nsxt"
                },
                "nsxt_logical_switch.switch1.4": {
                    "type": "nsxt_logical_switch",
                    "depends_on": [
                        "data.nsxt_transport_zone.overlay_tz"
                    ],
                    "primary": {
                        "id": "70dd96dd-54f2-4d3a-8a9b-de195bb7a844",
                        "attributes": {
                            "address_binding.#": "0",
                            "admin_state": "UP",
                            "description": "",
                            "display_name": "terraform_ls_4",
                            "id": "70dd96dd-54f2-4d3a-8a9b-de195bb7a844",
                            "ip_pool_id": "",
                            "mac_pool_id": "",
                            "replication_mode": "MTEP",
                            "revision": "0",
                            "switching_profile_id.#": "0",
                            "tag.#": "0",
                            "transport_zone_id": "9aa5261e-ae8c-4bef-81b3-6d440780720d",
                            "vlan": "0",
                            "vni": "67628"
                        },
                        "meta": {},
                        "tainted": false
                    },
                    "deposed": [],
                    "provider": "provider.nsxt"
                },
                "nsxt_logical_tier1_router.t1.0": {
                    "type": "nsxt_logical_tier1_router",
                    "depends_on": [
                        "data.nsxt_edge_cluster.edgecluster"
                    ],
                    "primary": {
                        "id": "98844a0c-d008-40f9-b44f-17de07b783a5",
                        "attributes": {
                            "advertise_config_revision": "1",
                            "advertise_connected_routes": "true",
                            "advertise_lb_snat_ip_routes": "false",
                            "advertise_lb_vip_routes": "false",
                            "advertise_nat_routes": "false",
                            "advertise_static_routes": "false",
                            "description": "",
                            "display_name": "terraform_t1_0",
                            "edge_cluster_id": "a4efb7e7-96e6-4bf4-aca3-a3ed317741e6",
                            "enable_router_advertisement": "true",
                            "failover_mode": "PREEMPTIVE",
                            "firewall_sections.#": "1",
                            "firewall_sections.0.is_valid": "true",
                            "firewall_sections.0.target_display_name": "",
                            "firewall_sections.0.target_id": "5853e05a-0b01-4672-afb3-cac507285e0a",
                            "firewall_sections.0.target_type": "FirewallSection",
                            "id": "98844a0c-d008-40f9-b44f-17de07b783a5",
                            "revision": "0",
                            "tag.#": "0"
                        },
                        "meta": {},
                        "tainted": false
                    },
                    "deposed": [],
                    "provider": "provider.nsxt"
                },
                "nsxt_logical_tier1_router.t1.1": {
                    "type": "nsxt_logical_tier1_router",
                    "depends_on": [
                        "data.nsxt_edge_cluster.edgecluster"
                    ],
                    "primary": {
                        "id": "3e24f7ac-63f4-4981-83e9-8050995e9b8c",
                        "attributes": {
                            "advertise_config_revision": "1",
                            "advertise_connected_routes": "true",
                            "advertise_lb_snat_ip_routes": "false",
                            "advertise_lb_vip_routes": "false",
                            "advertise_nat_routes": "false",
                            "advertise_static_routes": "false",
                            "description": "",
                            "display_name": "terraform_t1_1",
                            "edge_cluster_id": "a4efb7e7-96e6-4bf4-aca3-a3ed317741e6",
                            "enable_router_advertisement": "true",
                            "failover_mode": "PREEMPTIVE",
                            "firewall_sections.#": "1",
                            "firewall_sections.0.is_valid": "true",
                            "firewall_sections.0.target_display_name": "",
                            "firewall_sections.0.target_id": "081fcc5d-ecb8-49b0-80f5-80d02345093f",
                            "firewall_sections.0.target_type": "FirewallSection",
                            "id": "3e24f7ac-63f4-4981-83e9-8050995e9b8c",
                            "revision": "0",
                            "tag.#": "0"
                        },
                        "meta": {},
                        "tainted": false
                    },
                    "deposed": [],
                    "provider": "provider.nsxt"
                },
                "nsxt_logical_tier1_router.t1.2": {
                    "type": "nsxt_logical_tier1_router",
                    "depends_on": [
                        "data.nsxt_edge_cluster.edgecluster"
                    ],
                    "primary": {
                        "id": "cdda02c4-4e68-4a84-8aef-adf23a35accf",
                        "attributes": {
                            "advertise_config_revision": "1",
                            "advertise_connected_routes": "true",
                            "advertise_lb_snat_ip_routes": "false",
                            "advertise_lb_vip_routes": "false",
                            "advertise_nat_routes": "false",
                            "advertise_static_routes": "false",
                            "description": "",
                            "display_name": "terraform_t1_2",
                            "edge_cluster_id": "a4efb7e7-96e6-4bf4-aca3-a3ed317741e6",
                            "enable_router_advertisement": "true",
                            "failover_mode": "PREEMPTIVE",
                            "firewall_sections.#": "1",
                            "firewall_sections.0.is_valid": "true",
                            "firewall_sections.0.target_display_name": "",
                            "firewall_sections.0.target_id": "350d465b-7ac6-4ece-8d77-683bcfc177b8",
                            "firewall_sections.0.target_type": "FirewallSection",
                            "id": "cdda02c4-4e68-4a84-8aef-adf23a35accf",
                            "revision": "0",
                            "tag.#": "0"
                        },
                        "meta": {},
                        "tainted": false
                    },
                    "deposed": [],
                    "provider": "provider.nsxt"
                },
                "nsxt_logical_tier1_router.t1.3": {
                    "type": "nsxt_logical_tier1_router",
                    "depends_on": [
                        "data.nsxt_edge_cluster.edgecluster"
                    ],
                    "primary": {
                        "id": "1d725e40-b157-4a7a-bfd2-fb35e5b64ba4",
                        "attributes": {
                            "advertise_config_revision": "1",
                            "advertise_connected_routes": "true",
                            "advertise_lb_snat_ip_routes": "false",
                            "advertise_lb_vip_routes": "false",
                            "advertise_nat_routes": "false",
                            "advertise_static_routes": "false",
                            "description": "",
                            "display_name": "terraform_t1_3",
                            "edge_cluster_id": "a4efb7e7-96e6-4bf4-aca3-a3ed317741e6",
                            "enable_router_advertisement": "true",
                            "failover_mode": "PREEMPTIVE",
                            "firewall_sections.#": "1",
                            "firewall_sections.0.is_valid": "true",
                            "firewall_sections.0.target_display_name": "",
                            "firewall_sections.0.target_id": "6b0f3266-c636-48c5-9ca1-a75c81678231",
                            "firewall_sections.0.target_type": "FirewallSection",
                            "id": "1d725e40-b157-4a7a-bfd2-fb35e5b64ba4",
                            "revision": "0",
                            "tag.#": "0"
                        },
                        "meta": {},
                        "tainted": false
                    },
                    "deposed": [],
                    "provider": "provider.nsxt"
                },
                "nsxt_logical_tier1_router.t1.4": {
                    "type": "nsxt_logical_tier1_router",
                    "depends_on": [
                        "data.nsxt_edge_cluster.edgecluster"
                    ],
                    "primary": {
                        "id": "c334be2f-6d69-415e-9b63-5738ad60c7c1",
                        "attributes": {
                            "advertise_config_revision": "1",
                            "advertise_connected_routes": "true",
                            "advertise_lb_snat_ip_routes": "false",
                            "advertise_lb_vip_routes": "false",
                            "advertise_nat_routes": "false",
                            "advertise_static_routes": "false",
                            "description": "",
                            "display_name": "terraform_t1_4",
                            "edge_cluster_id": "a4efb7e7-96e6-4bf4-aca3-a3ed317741e6",
                            "enable_router_advertisement": "true",
                            "failover_mode": "PREEMPTIVE",
                            "firewall_sections.#": "1",
                            "firewall_sections.0.is_valid": "true",
                            "firewall_sections.0.target_display_name": "",
                            "firewall_sections.0.target_id": "afa462f1-e964-4de8-a694-02309f49fa4f",
                            "firewall_sections.0.target_type": "FirewallSection",
                            "id": "c334be2f-6d69-415e-9b63-5738ad60c7c1",
                            "revision": "0",
                            "tag.#": "0"
                        },
                        "meta": {},
                        "tainted": false
                    },
                    "deposed": [],
                    "provider": "provider.nsxt"
                }
            },
            "depends_on": []
        }
    ]
}
